{
  "version": 4,
  "terraform_version": "1.8.4",
  "serial": 1183,
  "lineage": "567fe067-cb4a-cef9-b3dd-c464a1f790dc",
  "outputs": {
    "vpn_s2s_aws_azure_debug": {
      "value": [
        [
          {
            "accepted_route_count": 1,
            "certificate_arn": "",
            "last_status_change": "2024-06-13T05:18:58Z",
            "outside_ip_address": "54.211.250.49",
            "status": "DOWN",
            "status_message": ""
          },
          {
            "accepted_route_count": 1,
            "certificate_arn": "",
            "last_status_change": "2024-06-13T05:23:07Z",
            "outside_ip_address": "18.214.95.116",
            "status": "UP",
            "status_message": ""
          }
        ],
        [
          {
            "accepted_route_count": 1,
            "certificate_arn": "",
            "last_status_change": "2024-06-13T05:18:29Z",
            "outside_ip_address": "54.243.46.192",
            "status": "DOWN",
            "status_message": ""
          },
          {
            "accepted_route_count": 1,
            "certificate_arn": "",
            "last_status_change": "2024-06-13T05:25:37Z",
            "outside_ip_address": "34.203.93.188",
            "status": "UP",
            "status_message": ""
          }
        ]
      ],
      "type": [
        "tuple",
        [
          [
            "set",
            [
              "object",
              {
                "accepted_route_count": "number",
                "certificate_arn": "string",
                "last_status_change": "string",
                "outside_ip_address": "string",
                "status": "string",
                "status_message": "string"
              }
            ]
          ],
          [
            "set",
            [
              "object",
              {
                "accepted_route_count": "number",
                "certificate_arn": "string",
                "last_status_change": "string",
                "outside_ip_address": "string",
                "status": "string",
                "status_message": "string"
              }
            ]
          ]
        ]
      ],
      "sensitive": true
    }
  },
  "resources": [
    {
      "mode": "managed",
      "type": "azurerm_resource_group",
      "name": "vpn_resource_group",
      "provider": "provider[\"registry.terraform.io/hashicorp/azurerm\"]",
      "instances": [
        {
          "index_key": 0,
          "schema_version": 0,
          "attributes": {
            "id": "/subscriptions/ac90b42a-8ba9-48f5-9479-94dfd054e40d/resourceGroups/VPNSite2SiteDemo",
            "location": "eastasia",
            "managed_by": "",
            "name": "VPNSite2SiteDemo",
            "tags": {
              "author": "khangtictoc",
              "createdBy": "Terraform",
              "environment": "dev",
              "project": "lab_extra_03"
            },
            "timeouts": null
          },
          "sensitive_attributes": [],
          "private": "eyJlMmJmYjczMC1lY2FhLTExZTYtOGY4OC0zNDM2M2JjN2M0YzAiOnsiY3JlYXRlIjo1NDAwMDAwMDAwMDAwLCJkZWxldGUiOjU0MDAwMDAwMDAwMDAsInJlYWQiOjMwMDAwMDAwMDAwMCwidXBkYXRlIjo1NDAwMDAwMDAwMDAwfX0="
        },
        {
          "index_key": 1,
          "schema_version": 0,
          "attributes": {
            "id": "/subscriptions/ac90b42a-8ba9-48f5-9479-94dfd054e40d/resourceGroups/VPNSite2SiteDemo2",
            "location": "eastasia",
            "managed_by": "",
            "name": "VPNSite2SiteDemo2",
            "tags": {
              "author": "khangtictoc",
              "createdBy": "Terraform",
              "environment": "dev",
              "project": "lab_extra_03"
            },
            "timeouts": null
          },
          "sensitive_attributes": [],
          "private": "eyJlMmJmYjczMC1lY2FhLTExZTYtOGY4OC0zNDM2M2JjN2M0YzAiOnsiY3JlYXRlIjo1NDAwMDAwMDAwMDAwLCJkZWxldGUiOjU0MDAwMDAwMDAwMDAsInJlYWQiOjMwMDAwMDAwMDAwMCwidXBkYXRlIjo1NDAwMDAwMDAwMDAwfX0="
        }
      ]
    },
    {
      "module": "module.vpn_s2s_aws_azure.module.aws_network",
      "mode": "managed",
      "type": "aws_subnet",
      "name": "vpn_subnet",
      "provider": "provider[\"registry.terraform.io/hashicorp/aws\"]",
      "instances": [
        {
          "index_key": 0,
          "schema_version": 1,
          "attributes": {
            "arn": "arn:aws:ec2:us-east-1:008748484958:subnet/subnet-0033b1c133657ac5f",
            "assign_ipv6_address_on_creation": false,
            "availability_zone": "us-east-1c",
            "availability_zone_id": "use1-az2",
            "cidr_block": "192.168.1.0/24",
            "customer_owned_ipv4_pool": "",
            "enable_dns64": false,
            "enable_lni_at_device_index": 0,
            "enable_resource_name_dns_a_record_on_launch": false,
            "enable_resource_name_dns_aaaa_record_on_launch": false,
            "id": "subnet-0033b1c133657ac5f",
            "ipv6_cidr_block": "",
            "ipv6_cidr_block_association_id": "",
            "ipv6_native": false,
            "map_customer_owned_ip_on_launch": false,
            "map_public_ip_on_launch": false,
            "outpost_arn": "",
            "owner_id": "008748484958",
            "private_dns_hostname_type_on_launch": "ip-name",
            "tags": {
              "Name": "vpn-subnet",
              "author": "khangtictoc",
              "createdBy": "Terraform",
              "environment": "dev",
              "project": "lab_extra_03"
            },
            "tags_all": {
              "Name": "vpn-subnet",
              "author": "khangtictoc",
              "createdBy": "Terraform",
              "environment": "dev",
              "project": "lab_extra_03"
            },
            "timeouts": null,
            "vpc_id": "vpc-0a5833852c538b328"
          },
          "sensitive_attributes": [],
          "private": "eyJlMmJmYjczMC1lY2FhLTExZTYtOGY4OC0zNDM2M2JjN2M0YzAiOnsiY3JlYXRlIjo2MDAwMDAwMDAwMDAsImRlbGV0ZSI6MTIwMDAwMDAwMDAwMH0sInNjaGVtYV92ZXJzaW9uIjoiMSJ9",
          "dependencies": [
            "azurerm_resource_group.vpn_resource_group",
            "module.vpn_s2s_aws_azure.module.aws_network.aws_vpc.vpn_vpc"
          ]
        }
      ]
    },
    {
      "module": "module.vpn_s2s_aws_azure.module.aws_network",
      "mode": "managed",
      "type": "aws_vpc",
      "name": "vpn_vpc",
      "provider": "provider[\"registry.terraform.io/hashicorp/aws\"]",
      "instances": [
        {
          "schema_version": 1,
          "attributes": {
            "arn": "arn:aws:ec2:us-east-1:008748484958:vpc/vpc-0a5833852c538b328",
            "assign_generated_ipv6_cidr_block": false,
            "cidr_block": "192.168.0.0/16",
            "default_network_acl_id": "acl-0d0d9594aa9b94c2f",
            "default_route_table_id": "rtb-0d08d81b6ccfd98d1",
            "default_security_group_id": "sg-0535306b0729e9f4a",
            "dhcp_options_id": "dopt-074dfdadd578e5461",
            "enable_dns_hostnames": false,
            "enable_dns_support": true,
            "enable_network_address_usage_metrics": false,
            "id": "vpc-0a5833852c538b328",
            "instance_tenancy": "default",
            "ipv4_ipam_pool_id": null,
            "ipv4_netmask_length": null,
            "ipv6_association_id": "",
            "ipv6_cidr_block": "",
            "ipv6_cidr_block_network_border_group": "",
            "ipv6_ipam_pool_id": "",
            "ipv6_netmask_length": 0,
            "main_route_table_id": "rtb-0d08d81b6ccfd98d1",
            "owner_id": "008748484958",
            "tags": {
              "Name": "vpn-vpc",
              "author": "khangtictoc",
              "createdBy": "Terraform",
              "environment": "dev",
              "project": "lab_extra_03"
            },
            "tags_all": {
              "Name": "vpn-vpc",
              "author": "khangtictoc",
              "createdBy": "Terraform",
              "environment": "dev",
              "project": "lab_extra_03"
            }
          },
          "sensitive_attributes": [],
          "private": "eyJzY2hlbWFfdmVyc2lvbiI6IjEifQ==",
          "dependencies": [
            "azurerm_resource_group.vpn_resource_group"
          ]
        }
      ]
    },
    {
      "module": "module.vpn_s2s_aws_azure.module.aws_network",
      "mode": "managed",
      "type": "aws_vpn_gateway",
      "name": "virtual_private_gateway",
      "provider": "provider[\"registry.terraform.io/hashicorp/aws\"]",
      "instances": [
        {
          "schema_version": 0,
          "attributes": {
            "amazon_side_asn": "64512",
            "arn": "arn:aws:ec2:us-east-1:008748484958:vpn-gateway/vgw-07f2699dd65f42235",
            "availability_zone": null,
            "id": "vgw-07f2699dd65f42235",
            "tags": {
              "Name": "vpn-gateway",
              "author": "khangtictoc",
              "createdBy": "Terraform",
              "environment": "dev",
              "project": "lab_extra_03"
            },
            "tags_all": {
              "Name": "vpn-gateway",
              "author": "khangtictoc",
              "createdBy": "Terraform",
              "environment": "dev",
              "project": "lab_extra_03"
            },
            "vpc_id": "vpc-0a5833852c538b328"
          },
          "sensitive_attributes": [],
          "private": "bnVsbA==",
          "dependencies": [
            "azurerm_resource_group.vpn_resource_group",
            "module.vpn_s2s_aws_azure.module.aws_network.aws_vpc.vpn_vpc"
          ]
        }
      ]
    },
    {
      "module": "module.vpn_s2s_aws_azure.module.azure_network[0]",
      "mode": "managed",
      "type": "azurerm_public_ip",
      "name": "vpn_public_ip",
      "provider": "provider[\"registry.terraform.io/hashicorp/azurerm\"]",
      "instances": [
        {
          "schema_version": 0,
          "attributes": {
            "allocation_method": "Static",
            "ddos_protection_mode": "VirtualNetworkInherited",
            "ddos_protection_plan_id": null,
            "domain_name_label": null,
            "edge_zone": "",
            "fqdn": null,
            "id": "/subscriptions/ac90b42a-8ba9-48f5-9479-94dfd054e40d/resourceGroups/VPNSite2SiteDemo/providers/Microsoft.Network/publicIPAddresses/VNet-Gateway",
            "idle_timeout_in_minutes": 4,
            "ip_address": "20.255.250.29",
            "ip_tags": {},
            "ip_version": "IPv4",
            "location": "eastasia",
            "name": "VNet-Gateway",
            "public_ip_prefix_id": null,
            "resource_group_name": "VPNSite2SiteDemo",
            "reverse_fqdn": null,
            "sku": "Standard",
            "sku_tier": "Regional",
            "tags": {
              "author": "khangtictoc",
              "createdBy": "Terraform",
              "environment": "dev",
              "project": "lab_extra_03"
            },
            "timeouts": null,
            "zones": []
          },
          "sensitive_attributes": [],
          "private": "eyJlMmJmYjczMC1lY2FhLTExZTYtOGY4OC0zNDM2M2JjN2M0YzAiOnsiY3JlYXRlIjoxODAwMDAwMDAwMDAwLCJkZWxldGUiOjE4MDAwMDAwMDAwMDAsInJlYWQiOjMwMDAwMDAwMDAwMCwidXBkYXRlIjoxODAwMDAwMDAwMDAwfX0=",
          "dependencies": [
            "azurerm_resource_group.vpn_resource_group"
          ]
        }
      ]
    },
    {
      "module": "module.vpn_s2s_aws_azure.module.azure_network[0]",
      "mode": "managed",
      "type": "azurerm_subnet",
      "name": "vpn_subnet",
      "provider": "provider[\"registry.terraform.io/hashicorp/azurerm\"]",
      "instances": [
        {
          "index_key": 0,
          "schema_version": 0,
          "attributes": {
            "address_prefixes": [
              "172.16.0.0/27"
            ],
            "delegation": [],
            "enforce_private_link_endpoint_network_policies": false,
            "enforce_private_link_service_network_policies": false,
            "id": "/subscriptions/ac90b42a-8ba9-48f5-9479-94dfd054e40d/resourceGroups/VPNSite2SiteDemo/providers/Microsoft.Network/virtualNetworks/VpnVnet/subnets/GatewaySubnet",
            "name": "GatewaySubnet",
            "private_endpoint_network_policies_enabled": true,
            "private_link_service_network_policies_enabled": true,
            "resource_group_name": "VPNSite2SiteDemo",
            "service_endpoint_policy_ids": [],
            "service_endpoints": [],
            "timeouts": null,
            "virtual_network_name": "VpnVnet"
          },
          "sensitive_attributes": [],
          "private": "eyJlMmJmYjczMC1lY2FhLTExZTYtOGY4OC0zNDM2M2JjN2M0YzAiOnsiY3JlYXRlIjoxODAwMDAwMDAwMDAwLCJkZWxldGUiOjE4MDAwMDAwMDAwMDAsInJlYWQiOjMwMDAwMDAwMDAwMCwidXBkYXRlIjoxODAwMDAwMDAwMDAwfX0=",
          "dependencies": [
            "azurerm_resource_group.vpn_resource_group",
            "module.vpn_s2s_aws_azure.module.azure_network.azurerm_virtual_network.vpn_virtual_network"
          ]
        },
        {
          "index_key": 1,
          "schema_version": 0,
          "attributes": {
            "address_prefixes": [
              "172.16.1.0/24"
            ],
            "delegation": [],
            "enforce_private_link_endpoint_network_policies": false,
            "enforce_private_link_service_network_policies": false,
            "id": "/subscriptions/ac90b42a-8ba9-48f5-9479-94dfd054e40d/resourceGroups/VPNSite2SiteDemo/providers/Microsoft.Network/virtualNetworks/VpnVnet/subnets/AppSubnet",
            "name": "AppSubnet",
            "private_endpoint_network_policies_enabled": true,
            "private_link_service_network_policies_enabled": true,
            "resource_group_name": "VPNSite2SiteDemo",
            "service_endpoint_policy_ids": [],
            "service_endpoints": [],
            "timeouts": null,
            "virtual_network_name": "VpnVnet"
          },
          "sensitive_attributes": [],
          "private": "eyJlMmJmYjczMC1lY2FhLTExZTYtOGY4OC0zNDM2M2JjN2M0YzAiOnsiY3JlYXRlIjoxODAwMDAwMDAwMDAwLCJkZWxldGUiOjE4MDAwMDAwMDAwMDAsInJlYWQiOjMwMDAwMDAwMDAwMCwidXBkYXRlIjoxODAwMDAwMDAwMDAwfX0=",
          "dependencies": [
            "azurerm_resource_group.vpn_resource_group",
            "module.vpn_s2s_aws_azure.module.azure_network.azurerm_virtual_network.vpn_virtual_network"
          ]
        },
        {
          "index_key": 2,
          "schema_version": 0,
          "attributes": {
            "address_prefixes": [
              "172.16.2.0/24"
            ],
            "delegation": [],
            "enforce_private_link_endpoint_network_policies": false,
            "enforce_private_link_service_network_policies": false,
            "id": "/subscriptions/ac90b42a-8ba9-48f5-9479-94dfd054e40d/resourceGroups/VPNSite2SiteDemo/providers/Microsoft.Network/virtualNetworks/VpnVnet/subnets/AppGatewaySubnet",
            "name": "AppGatewaySubnet",
            "private_endpoint_network_policies_enabled": true,
            "private_link_service_network_policies_enabled": true,
            "resource_group_name": "VPNSite2SiteDemo",
            "service_endpoint_policy_ids": [],
            "service_endpoints": [],
            "timeouts": null,
            "virtual_network_name": "VpnVnet"
          },
          "sensitive_attributes": [],
          "private": "eyJlMmJmYjczMC1lY2FhLTExZTYtOGY4OC0zNDM2M2JjN2M0YzAiOnsiY3JlYXRlIjoxODAwMDAwMDAwMDAwLCJkZWxldGUiOjE4MDAwMDAwMDAwMDAsInJlYWQiOjMwMDAwMDAwMDAwMCwidXBkYXRlIjoxODAwMDAwMDAwMDAwfX0=",
          "dependencies": [
            "azurerm_resource_group.vpn_resource_group",
            "module.vpn_s2s_aws_azure.module.azure_network.azurerm_virtual_network.vpn_virtual_network"
          ]
        }
      ]
    },
    {
      "module": "module.vpn_s2s_aws_azure.module.azure_network[0]",
      "mode": "managed",
      "type": "azurerm_virtual_network",
      "name": "vpn_virtual_network",
      "provider": "provider[\"registry.terraform.io/hashicorp/azurerm\"]",
      "instances": [
        {
          "schema_version": 0,
          "attributes": {
            "address_space": [
              "172.16.0.0/16"
            ],
            "bgp_community": "",
            "ddos_protection_plan": [],
            "dns_servers": [],
            "edge_zone": "",
            "encryption": [],
            "flow_timeout_in_minutes": 0,
            "guid": "772010c5-8b1a-4502-ab4c-0a6ead4202f9",
            "id": "/subscriptions/ac90b42a-8ba9-48f5-9479-94dfd054e40d/resourceGroups/VPNSite2SiteDemo/providers/Microsoft.Network/virtualNetworks/VpnVnet",
            "location": "eastasia",
            "name": "VpnVnet",
            "resource_group_name": "VPNSite2SiteDemo",
            "subnet": [
              {
                "address_prefix": "172.16.0.0/27",
                "id": "/subscriptions/ac90b42a-8ba9-48f5-9479-94dfd054e40d/resourceGroups/VPNSite2SiteDemo/providers/Microsoft.Network/virtualNetworks/VpnVnet/subnets/GatewaySubnet",
                "name": "GatewaySubnet",
                "security_group": ""
              },
              {
                "address_prefix": "172.16.1.0/24",
                "id": "/subscriptions/ac90b42a-8ba9-48f5-9479-94dfd054e40d/resourceGroups/VPNSite2SiteDemo/providers/Microsoft.Network/virtualNetworks/VpnVnet/subnets/AppSubnet",
                "name": "AppSubnet",
                "security_group": ""
              },
              {
                "address_prefix": "172.16.2.0/24",
                "id": "/subscriptions/ac90b42a-8ba9-48f5-9479-94dfd054e40d/resourceGroups/VPNSite2SiteDemo/providers/Microsoft.Network/virtualNetworks/VpnVnet/subnets/AppGatewaySubnet",
                "name": "AppGatewaySubnet",
                "security_group": ""
              }
            ],
            "tags": {
              "author": "khangtictoc",
              "createdBy": "Terraform",
              "environment": "dev",
              "project": "lab_extra_03"
            },
            "timeouts": null
          },
          "sensitive_attributes": [],
          "private": "eyJlMmJmYjczMC1lY2FhLTExZTYtOGY4OC0zNDM2M2JjN2M0YzAiOnsiY3JlYXRlIjoxODAwMDAwMDAwMDAwLCJkZWxldGUiOjE4MDAwMDAwMDAwMDAsInJlYWQiOjMwMDAwMDAwMDAwMCwidXBkYXRlIjoxODAwMDAwMDAwMDAwfX0=",
          "dependencies": [
            "azurerm_resource_group.vpn_resource_group"
          ]
        }
      ]
    },
    {
      "module": "module.vpn_s2s_aws_azure.module.azure_network[0]",
      "mode": "managed",
      "type": "azurerm_virtual_network_gateway",
      "name": "virtual_network_gateway",
      "provider": "provider[\"registry.terraform.io/hashicorp/azurerm\"]",
      "instances": [
        {
          "schema_version": 0,
          "attributes": {
            "active_active": false,
            "bgp_route_translation_for_nat_enabled": false,
            "bgp_settings": [
              {
                "asn": 65515,
                "peer_weight": 0,
                "peering_addresses": [
                  {
                    "apipa_addresses": [],
                    "default_addresses": [
                      "172.16.0.30"
                    ],
                    "ip_configuration_name": "Vnet-Gateway-IP-Config",
                    "tunnel_ip_addresses": [
                      "20.255.250.29"
                    ]
                  }
                ]
              }
            ],
            "custom_route": [],
            "default_local_network_gateway_id": null,
            "dns_forwarding_enabled": false,
            "edge_zone": "",
            "enable_bgp": false,
            "generation": "Generation1",
            "id": "/subscriptions/ac90b42a-8ba9-48f5-9479-94dfd054e40d/resourceGroups/VPNSite2SiteDemo/providers/Microsoft.Network/virtualNetworkGateways/Vnet-Gateway-Demo",
            "ip_configuration": [
              {
                "name": "Vnet-Gateway-IP-Config",
                "private_ip_address_allocation": "Dynamic",
                "public_ip_address_id": "/subscriptions/ac90b42a-8ba9-48f5-9479-94dfd054e40d/resourceGroups/VPNSite2SiteDemo/providers/Microsoft.Network/publicIPAddresses/VNet-Gateway",
                "subnet_id": "/subscriptions/ac90b42a-8ba9-48f5-9479-94dfd054e40d/resourceGroups/VPNSite2SiteDemo/providers/Microsoft.Network/virtualNetworks/VpnVnet/subnets/GatewaySubnet"
              }
            ],
            "ip_sec_replay_protection_enabled": true,
            "location": "eastasia",
            "name": "Vnet-Gateway-Demo",
            "policy_group": [],
            "private_ip_address_enabled": false,
            "remote_vnet_traffic_enabled": false,
            "resource_group_name": "VPNSite2SiteDemo",
            "sku": "VpnGw1",
            "tags": {
              "author": "khangtictoc",
              "createdBy": "Terraform",
              "environment": "dev",
              "project": "lab_extra_03"
            },
            "timeouts": null,
            "type": "Vpn",
            "virtual_wan_traffic_enabled": false,
            "vpn_client_configuration": [],
            "vpn_type": "RouteBased"
          },
          "sensitive_attributes": [],
          "private": "eyJlMmJmYjczMC1lY2FhLTExZTYtOGY4OC0zNDM2M2JjN2M0YzAiOnsiY3JlYXRlIjo1NDAwMDAwMDAwMDAwLCJkZWxldGUiOjM2MDAwMDAwMDAwMDAsInJlYWQiOjMwMDAwMDAwMDAwMCwidXBkYXRlIjozNjAwMDAwMDAwMDAwfX0=",
          "dependencies": [
            "azurerm_resource_group.vpn_resource_group",
            "module.vpn_s2s_aws_azure.module.azure_network.azurerm_public_ip.vpn_public_ip",
            "module.vpn_s2s_aws_azure.module.azure_network.azurerm_subnet.vpn_subnet",
            "module.vpn_s2s_aws_azure.module.azure_network.azurerm_virtual_network.vpn_virtual_network"
          ]
        }
      ]
    },
    {
      "module": "module.vpn_s2s_aws_azure.module.azure_network[1]",
      "mode": "managed",
      "type": "azurerm_public_ip",
      "name": "vpn_public_ip",
      "provider": "provider[\"registry.terraform.io/hashicorp/azurerm\"]",
      "instances": [
        {
          "schema_version": 0,
          "attributes": {
            "allocation_method": "Static",
            "ddos_protection_mode": "VirtualNetworkInherited",
            "ddos_protection_plan_id": null,
            "domain_name_label": null,
            "edge_zone": "",
            "fqdn": null,
            "id": "/subscriptions/ac90b42a-8ba9-48f5-9479-94dfd054e40d/resourceGroups/VPNSite2SiteDemo2/providers/Microsoft.Network/publicIPAddresses/VNet-Gateway2",
            "idle_timeout_in_minutes": 4,
            "ip_address": "20.255.76.8",
            "ip_tags": {},
            "ip_version": "IPv4",
            "location": "eastasia",
            "name": "VNet-Gateway2",
            "public_ip_prefix_id": null,
            "resource_group_name": "VPNSite2SiteDemo2",
            "reverse_fqdn": null,
            "sku": "Standard",
            "sku_tier": "Regional",
            "tags": {
              "author": "khangtictoc",
              "createdBy": "Terraform",
              "environment": "dev",
              "project": "lab_extra_03"
            },
            "timeouts": null,
            "zones": []
          },
          "sensitive_attributes": [],
          "private": "eyJlMmJmYjczMC1lY2FhLTExZTYtOGY4OC0zNDM2M2JjN2M0YzAiOnsiY3JlYXRlIjoxODAwMDAwMDAwMDAwLCJkZWxldGUiOjE4MDAwMDAwMDAwMDAsInJlYWQiOjMwMDAwMDAwMDAwMCwidXBkYXRlIjoxODAwMDAwMDAwMDAwfX0=",
          "dependencies": [
            "azurerm_resource_group.vpn_resource_group"
          ]
        }
      ]
    },
    {
      "module": "module.vpn_s2s_aws_azure.module.azure_network[1]",
      "mode": "managed",
      "type": "azurerm_subnet",
      "name": "vpn_subnet",
      "provider": "provider[\"registry.terraform.io/hashicorp/azurerm\"]",
      "instances": [
        {
          "index_key": 0,
          "schema_version": 0,
          "attributes": {
            "address_prefixes": [
              "10.10.0.0/27"
            ],
            "delegation": [],
            "enforce_private_link_endpoint_network_policies": false,
            "enforce_private_link_service_network_policies": false,
            "id": "/subscriptions/ac90b42a-8ba9-48f5-9479-94dfd054e40d/resourceGroups/VPNSite2SiteDemo2/providers/Microsoft.Network/virtualNetworks/VpnVnet2/subnets/GatewaySubnet",
            "name": "GatewaySubnet",
            "private_endpoint_network_policies_enabled": true,
            "private_link_service_network_policies_enabled": true,
            "resource_group_name": "VPNSite2SiteDemo2",
            "service_endpoint_policy_ids": [],
            "service_endpoints": [],
            "timeouts": null,
            "virtual_network_name": "VpnVnet2"
          },
          "sensitive_attributes": [],
          "private": "eyJlMmJmYjczMC1lY2FhLTExZTYtOGY4OC0zNDM2M2JjN2M0YzAiOnsiY3JlYXRlIjoxODAwMDAwMDAwMDAwLCJkZWxldGUiOjE4MDAwMDAwMDAwMDAsInJlYWQiOjMwMDAwMDAwMDAwMCwidXBkYXRlIjoxODAwMDAwMDAwMDAwfX0=",
          "dependencies": [
            "azurerm_resource_group.vpn_resource_group",
            "module.vpn_s2s_aws_azure.module.azure_network.azurerm_virtual_network.vpn_virtual_network"
          ]
        },
        {
          "index_key": 1,
          "schema_version": 0,
          "attributes": {
            "address_prefixes": [
              "10.10.1.0/24"
            ],
            "delegation": [],
            "enforce_private_link_endpoint_network_policies": false,
            "enforce_private_link_service_network_policies": false,
            "id": "/subscriptions/ac90b42a-8ba9-48f5-9479-94dfd054e40d/resourceGroups/VPNSite2SiteDemo2/providers/Microsoft.Network/virtualNetworks/VpnVnet2/subnets/AppSubnet",
            "name": "AppSubnet",
            "private_endpoint_network_policies_enabled": true,
            "private_link_service_network_policies_enabled": true,
            "resource_group_name": "VPNSite2SiteDemo2",
            "service_endpoint_policy_ids": [],
            "service_endpoints": [],
            "timeouts": null,
            "virtual_network_name": "VpnVnet2"
          },
          "sensitive_attributes": [],
          "private": "eyJlMmJmYjczMC1lY2FhLTExZTYtOGY4OC0zNDM2M2JjN2M0YzAiOnsiY3JlYXRlIjoxODAwMDAwMDAwMDAwLCJkZWxldGUiOjE4MDAwMDAwMDAwMDAsInJlYWQiOjMwMDAwMDAwMDAwMCwidXBkYXRlIjoxODAwMDAwMDAwMDAwfX0=",
          "dependencies": [
            "azurerm_resource_group.vpn_resource_group",
            "module.vpn_s2s_aws_azure.module.azure_network.azurerm_virtual_network.vpn_virtual_network"
          ]
        },
        {
          "index_key": 2,
          "schema_version": 0,
          "attributes": {
            "address_prefixes": [
              "10.10.2.0/24"
            ],
            "delegation": [],
            "enforce_private_link_endpoint_network_policies": false,
            "enforce_private_link_service_network_policies": false,
            "id": "/subscriptions/ac90b42a-8ba9-48f5-9479-94dfd054e40d/resourceGroups/VPNSite2SiteDemo2/providers/Microsoft.Network/virtualNetworks/VpnVnet2/subnets/AppGatewaySubnet",
            "name": "AppGatewaySubnet",
            "private_endpoint_network_policies_enabled": true,
            "private_link_service_network_policies_enabled": true,
            "resource_group_name": "VPNSite2SiteDemo2",
            "service_endpoint_policy_ids": [],
            "service_endpoints": [],
            "timeouts": null,
            "virtual_network_name": "VpnVnet2"
          },
          "sensitive_attributes": [],
          "private": "eyJlMmJmYjczMC1lY2FhLTExZTYtOGY4OC0zNDM2M2JjN2M0YzAiOnsiY3JlYXRlIjoxODAwMDAwMDAwMDAwLCJkZWxldGUiOjE4MDAwMDAwMDAwMDAsInJlYWQiOjMwMDAwMDAwMDAwMCwidXBkYXRlIjoxODAwMDAwMDAwMDAwfX0=",
          "dependencies": [
            "azurerm_resource_group.vpn_resource_group",
            "module.vpn_s2s_aws_azure.module.azure_network.azurerm_virtual_network.vpn_virtual_network"
          ]
        }
      ]
    },
    {
      "module": "module.vpn_s2s_aws_azure.module.azure_network[1]",
      "mode": "managed",
      "type": "azurerm_virtual_network",
      "name": "vpn_virtual_network",
      "provider": "provider[\"registry.terraform.io/hashicorp/azurerm\"]",
      "instances": [
        {
          "schema_version": 0,
          "attributes": {
            "address_space": [
              "10.10.0.0/16"
            ],
            "bgp_community": "",
            "ddos_protection_plan": [],
            "dns_servers": [],
            "edge_zone": "",
            "encryption": [],
            "flow_timeout_in_minutes": 0,
            "guid": "27acd677-28c4-4b2e-afd3-c6b028376be8",
            "id": "/subscriptions/ac90b42a-8ba9-48f5-9479-94dfd054e40d/resourceGroups/VPNSite2SiteDemo2/providers/Microsoft.Network/virtualNetworks/VpnVnet2",
            "location": "eastasia",
            "name": "VpnVnet2",
            "resource_group_name": "VPNSite2SiteDemo2",
            "subnet": [
              {
                "address_prefix": "10.10.0.0/27",
                "id": "/subscriptions/ac90b42a-8ba9-48f5-9479-94dfd054e40d/resourceGroups/VPNSite2SiteDemo2/providers/Microsoft.Network/virtualNetworks/VpnVnet2/subnets/GatewaySubnet",
                "name": "GatewaySubnet",
                "security_group": ""
              },
              {
                "address_prefix": "10.10.1.0/24",
                "id": "/subscriptions/ac90b42a-8ba9-48f5-9479-94dfd054e40d/resourceGroups/VPNSite2SiteDemo2/providers/Microsoft.Network/virtualNetworks/VpnVnet2/subnets/AppSubnet",
                "name": "AppSubnet",
                "security_group": ""
              },
              {
                "address_prefix": "10.10.2.0/24",
                "id": "/subscriptions/ac90b42a-8ba9-48f5-9479-94dfd054e40d/resourceGroups/VPNSite2SiteDemo2/providers/Microsoft.Network/virtualNetworks/VpnVnet2/subnets/AppGatewaySubnet",
                "name": "AppGatewaySubnet",
                "security_group": ""
              }
            ],
            "tags": {
              "author": "khangtictoc",
              "createdBy": "Terraform",
              "environment": "dev",
              "project": "lab_extra_03"
            },
            "timeouts": null
          },
          "sensitive_attributes": [],
          "private": "eyJlMmJmYjczMC1lY2FhLTExZTYtOGY4OC0zNDM2M2JjN2M0YzAiOnsiY3JlYXRlIjoxODAwMDAwMDAwMDAwLCJkZWxldGUiOjE4MDAwMDAwMDAwMDAsInJlYWQiOjMwMDAwMDAwMDAwMCwidXBkYXRlIjoxODAwMDAwMDAwMDAwfX0=",
          "dependencies": [
            "azurerm_resource_group.vpn_resource_group"
          ]
        }
      ]
    },
    {
      "module": "module.vpn_s2s_aws_azure.module.azure_network[1]",
      "mode": "managed",
      "type": "azurerm_virtual_network_gateway",
      "name": "virtual_network_gateway",
      "provider": "provider[\"registry.terraform.io/hashicorp/azurerm\"]",
      "instances": [
        {
          "schema_version": 0,
          "attributes": {
            "active_active": false,
            "bgp_route_translation_for_nat_enabled": false,
            "bgp_settings": [
              {
                "asn": 65515,
                "peer_weight": 0,
                "peering_addresses": [
                  {
                    "apipa_addresses": [],
                    "default_addresses": [
                      "10.10.0.30"
                    ],
                    "ip_configuration_name": "Vnet-Gateway-IP-Config2",
                    "tunnel_ip_addresses": [
                      "20.255.76.8"
                    ]
                  }
                ]
              }
            ],
            "custom_route": [],
            "default_local_network_gateway_id": null,
            "dns_forwarding_enabled": false,
            "edge_zone": "",
            "enable_bgp": false,
            "generation": "Generation1",
            "id": "/subscriptions/ac90b42a-8ba9-48f5-9479-94dfd054e40d/resourceGroups/VPNSite2SiteDemo2/providers/Microsoft.Network/virtualNetworkGateways/Vnet-Gateway-Demo2",
            "ip_configuration": [
              {
                "name": "Vnet-Gateway-IP-Config2",
                "private_ip_address_allocation": "Dynamic",
                "public_ip_address_id": "/subscriptions/ac90b42a-8ba9-48f5-9479-94dfd054e40d/resourceGroups/VPNSite2SiteDemo2/providers/Microsoft.Network/publicIPAddresses/VNet-Gateway2",
                "subnet_id": "/subscriptions/ac90b42a-8ba9-48f5-9479-94dfd054e40d/resourceGroups/VPNSite2SiteDemo2/providers/Microsoft.Network/virtualNetworks/VpnVnet2/subnets/GatewaySubnet"
              }
            ],
            "ip_sec_replay_protection_enabled": true,
            "location": "eastasia",
            "name": "Vnet-Gateway-Demo2",
            "policy_group": [],
            "private_ip_address_enabled": false,
            "remote_vnet_traffic_enabled": false,
            "resource_group_name": "VPNSite2SiteDemo2",
            "sku": "VpnGw1",
            "tags": {
              "author": "khangtictoc",
              "createdBy": "Terraform",
              "environment": "dev",
              "project": "lab_extra_03"
            },
            "timeouts": null,
            "type": "Vpn",
            "virtual_wan_traffic_enabled": false,
            "vpn_client_configuration": [],
            "vpn_type": "RouteBased"
          },
          "sensitive_attributes": [],
          "private": "eyJlMmJmYjczMC1lY2FhLTExZTYtOGY4OC0zNDM2M2JjN2M0YzAiOnsiY3JlYXRlIjo1NDAwMDAwMDAwMDAwLCJkZWxldGUiOjM2MDAwMDAwMDAwMDAsInJlYWQiOjMwMDAwMDAwMDAwMCwidXBkYXRlIjozNjAwMDAwMDAwMDAwfX0=",
          "dependencies": [
            "azurerm_resource_group.vpn_resource_group",
            "module.vpn_s2s_aws_azure.module.azure_network.azurerm_public_ip.vpn_public_ip",
            "module.vpn_s2s_aws_azure.module.azure_network.azurerm_subnet.vpn_subnet",
            "module.vpn_s2s_aws_azure.module.azure_network.azurerm_virtual_network.vpn_virtual_network"
          ]
        }
      ]
    },
    {
      "module": "module.vpn_s2s_aws_azure.module.vpn_SiteToSite_connection[0]",
      "mode": "managed",
      "type": "aws_customer_gateway",
      "name": "customer_gateway",
      "provider": "provider[\"registry.terraform.io/hashicorp/aws\"]",
      "instances": [
        {
          "schema_version": 0,
          "attributes": {
            "arn": "arn:aws:ec2:us-east-1:008748484958:customer-gateway/cgw-07a8f72952224dfbe",
            "bgp_asn": "65000",
            "certificate_arn": "",
            "device_name": "",
            "id": "cgw-07a8f72952224dfbe",
            "ip_address": "20.255.250.29",
            "tags": {
              "Name": "my-customer-gateway",
              "author": "khangtictoc",
              "createdBy": "Terraform",
              "environment": "dev",
              "project": "lab_extra_03"
            },
            "tags_all": {
              "Name": "my-customer-gateway",
              "author": "khangtictoc",
              "createdBy": "Terraform",
              "environment": "dev",
              "project": "lab_extra_03"
            },
            "type": "ipsec.1"
          },
          "sensitive_attributes": [],
          "private": "bnVsbA==",
          "dependencies": [
            "azurerm_resource_group.vpn_resource_group",
            "module.vpn_s2s_aws_azure.module.azure_network.azurerm_public_ip.vpn_public_ip",
            "module.vpn_s2s_aws_azure.module.azure_network.azurerm_subnet.vpn_subnet",
            "module.vpn_s2s_aws_azure.module.azure_network.azurerm_virtual_network.vpn_virtual_network",
            "module.vpn_s2s_aws_azure.module.azure_network.azurerm_virtual_network_gateway.virtual_network_gateway"
          ]
        }
      ]
    },
    {
      "module": "module.vpn_s2s_aws_azure.module.vpn_SiteToSite_connection[0]",
      "mode": "managed",
      "type": "aws_route",
      "name": "vpn_gateway_route",
      "provider": "provider[\"registry.terraform.io/hashicorp/aws\"]",
      "instances": [
        {
          "schema_version": 0,
          "attributes": {
            "carrier_gateway_id": "",
            "core_network_arn": "",
            "destination_cidr_block": "172.16.0.0/16",
            "destination_ipv6_cidr_block": "",
            "destination_prefix_list_id": "",
            "egress_only_gateway_id": "",
            "gateway_id": "vgw-07f2699dd65f42235",
            "id": "r-rtb-0d08d81b6ccfd98d13246677288",
            "instance_id": "",
            "instance_owner_id": "",
            "local_gateway_id": "",
            "nat_gateway_id": "",
            "network_interface_id": "",
            "origin": "CreateRoute",
            "route_table_id": "rtb-0d08d81b6ccfd98d1",
            "state": "active",
            "timeouts": null,
            "transit_gateway_id": "",
            "vpc_endpoint_id": "",
            "vpc_peering_connection_id": ""
          },
          "sensitive_attributes": [],
          "private": "eyJlMmJmYjczMC1lY2FhLTExZTYtOGY4OC0zNDM2M2JjN2M0YzAiOnsiY3JlYXRlIjozMDAwMDAwMDAwMDAsImRlbGV0ZSI6MzAwMDAwMDAwMDAwLCJ1cGRhdGUiOjEyMDAwMDAwMDAwMH19",
          "dependencies": [
            "azurerm_resource_group.vpn_resource_group",
            "module.vpn_s2s_aws_azure.module.aws_network.aws_subnet.vpn_subnet",
            "module.vpn_s2s_aws_azure.module.aws_network.aws_vpc.vpn_vpc",
            "module.vpn_s2s_aws_azure.module.aws_network.aws_vpn_gateway.virtual_private_gateway",
            "module.vpn_s2s_aws_azure.module.azure_network.azurerm_public_ip.vpn_public_ip",
            "module.vpn_s2s_aws_azure.module.azure_network.azurerm_subnet.vpn_subnet",
            "module.vpn_s2s_aws_azure.module.azure_network.azurerm_virtual_network.vpn_virtual_network",
            "module.vpn_s2s_aws_azure.module.azure_network.azurerm_virtual_network_gateway.virtual_network_gateway"
          ]
        }
      ]
    },
    {
      "module": "module.vpn_s2s_aws_azure.module.vpn_SiteToSite_connection[0]",
      "mode": "managed",
      "type": "aws_vpn_connection",
      "name": "vpn_connection",
      "provider": "provider[\"registry.terraform.io/hashicorp/aws\"]",
      "instances": [
        {
          "schema_version": 0,
          "attributes": {
            "arn": "arn:aws:ec2:us-east-1:008748484958:vpn-connection/vpn-0a6407e337300b25a",
            "core_network_arn": "",
            "core_network_attachment_arn": "",
            "customer_gateway_configuration": "\u003c?xml version=\"1.0\" encoding=\"UTF-8\"?\u003e\n\u003cvpn_connection id=\"vpn-0a6407e337300b25a\"\u003e\n  \u003ccustomer_gateway_id\u003ecgw-07a8f72952224dfbe\u003c/customer_gateway_id\u003e\n  \u003cvpn_gateway_id\u003evgw-07f2699dd65f42235\u003c/vpn_gateway_id\u003e\n  \u003cvpn_connection_type\u003eipsec.1\u003c/vpn_connection_type\u003e\n  \u003cvpn_connection_attributes\u003eNoBGPVPNConnection\u003c/vpn_connection_attributes\u003e\n  \u003cipsec_tunnel\u003e\n    \u003ccustomer_gateway\u003e\n      \u003ctunnel_outside_address\u003e\n        \u003cip_address\u003e20.255.250.29\u003c/ip_address\u003e\n      \u003c/tunnel_outside_address\u003e\n      \u003ctunnel_inside_address\u003e\n        \u003cip_address\u003e169.254.148.166\u003c/ip_address\u003e\n        \u003cnetwork_mask\u003e255.255.255.252\u003c/network_mask\u003e\n        \u003cnetwork_cidr\u003e30\u003c/network_cidr\u003e\n      \u003c/tunnel_inside_address\u003e\n    \u003c/customer_gateway\u003e\n    \u003cvpn_gateway\u003e\n      \u003ctunnel_outside_address\u003e\n        \u003cip_address\u003e18.214.95.116\u003c/ip_address\u003e\n      \u003c/tunnel_outside_address\u003e\n      \u003ctunnel_inside_address\u003e\n        \u003cip_address\u003e169.254.148.165\u003c/ip_address\u003e\n        \u003cnetwork_mask\u003e255.255.255.252\u003c/network_mask\u003e\n        \u003cnetwork_cidr\u003e30\u003c/network_cidr\u003e\n      \u003c/tunnel_inside_address\u003e\n    \u003c/vpn_gateway\u003e\n    \u003cike\u003e\n      \u003cauthentication_protocol\u003esha1\u003c/authentication_protocol\u003e\n      \u003cencryption_protocol\u003eaes-128-cbc\u003c/encryption_protocol\u003e\n      \u003clifetime\u003e28800\u003c/lifetime\u003e\n      \u003cperfect_forward_secrecy\u003egroup2\u003c/perfect_forward_secrecy\u003e\n      \u003cmode\u003emain\u003c/mode\u003e\n      \u003cpre_shared_key\u003etEnVxxuLxijIcNXi96KOfkQGO4RUPXkG\u003c/pre_shared_key\u003e\n    \u003c/ike\u003e\n    \u003cipsec\u003e\n      \u003cprotocol\u003eesp\u003c/protocol\u003e\n      \u003cauthentication_protocol\u003ehmac-sha1-96\u003c/authentication_protocol\u003e\n      \u003cencryption_protocol\u003eaes-128-cbc\u003c/encryption_protocol\u003e\n      \u003clifetime\u003e3600\u003c/lifetime\u003e\n      \u003cperfect_forward_secrecy\u003egroup2\u003c/perfect_forward_secrecy\u003e\n      \u003cmode\u003etunnel\u003c/mode\u003e\n      \u003cclear_df_bit\u003etrue\u003c/clear_df_bit\u003e\n      \u003cfragmentation_before_encryption\u003etrue\u003c/fragmentation_before_encryption\u003e\n      \u003ctcp_mss_adjustment\u003e1379\u003c/tcp_mss_adjustment\u003e\n      \u003cdead_peer_detection\u003e\n        \u003cinterval\u003e10\u003c/interval\u003e\n        \u003cretries\u003e3\u003c/retries\u003e\n      \u003c/dead_peer_detection\u003e\n    \u003c/ipsec\u003e\n  \u003c/ipsec_tunnel\u003e\n  \u003cipsec_tunnel\u003e\n    \u003ccustomer_gateway\u003e\n      \u003ctunnel_outside_address\u003e\n        \u003cip_address\u003e20.255.250.29\u003c/ip_address\u003e\n      \u003c/tunnel_outside_address\u003e\n      \u003ctunnel_inside_address\u003e\n        \u003cip_address\u003e169.254.71.158\u003c/ip_address\u003e\n        \u003cnetwork_mask\u003e255.255.255.252\u003c/network_mask\u003e\n        \u003cnetwork_cidr\u003e30\u003c/network_cidr\u003e\n      \u003c/tunnel_inside_address\u003e\n    \u003c/customer_gateway\u003e\n    \u003cvpn_gateway\u003e\n      \u003ctunnel_outside_address\u003e\n        \u003cip_address\u003e54.211.250.49\u003c/ip_address\u003e\n      \u003c/tunnel_outside_address\u003e\n      \u003ctunnel_inside_address\u003e\n        \u003cip_address\u003e169.254.71.157\u003c/ip_address\u003e\n        \u003cnetwork_mask\u003e255.255.255.252\u003c/network_mask\u003e\n        \u003cnetwork_cidr\u003e30\u003c/network_cidr\u003e\n      \u003c/tunnel_inside_address\u003e\n    \u003c/vpn_gateway\u003e\n    \u003cike\u003e\n      \u003cauthentication_protocol\u003esha1\u003c/authentication_protocol\u003e\n      \u003cencryption_protocol\u003eaes-128-cbc\u003c/encryption_protocol\u003e\n      \u003clifetime\u003e28800\u003c/lifetime\u003e\n      \u003cperfect_forward_secrecy\u003egroup2\u003c/perfect_forward_secrecy\u003e\n      \u003cmode\u003emain\u003c/mode\u003e\n      \u003cpre_shared_key\u003e8HEEQ40zbJTJpRnKOjzRfp66ndYUi0pf\u003c/pre_shared_key\u003e\n    \u003c/ike\u003e\n    \u003cipsec\u003e\n      \u003cprotocol\u003eesp\u003c/protocol\u003e\n      \u003cauthentication_protocol\u003ehmac-sha1-96\u003c/authentication_protocol\u003e\n      \u003cencryption_protocol\u003eaes-128-cbc\u003c/encryption_protocol\u003e\n      \u003clifetime\u003e3600\u003c/lifetime\u003e\n      \u003cperfect_forward_secrecy\u003egroup2\u003c/perfect_forward_secrecy\u003e\n      \u003cmode\u003etunnel\u003c/mode\u003e\n      \u003cclear_df_bit\u003etrue\u003c/clear_df_bit\u003e\n      \u003cfragmentation_before_encryption\u003etrue\u003c/fragmentation_before_encryption\u003e\n      \u003ctcp_mss_adjustment\u003e1379\u003c/tcp_mss_adjustment\u003e\n      \u003cdead_peer_detection\u003e\n        \u003cinterval\u003e10\u003c/interval\u003e\n        \u003cretries\u003e3\u003c/retries\u003e\n      \u003c/dead_peer_detection\u003e\n    \u003c/ipsec\u003e\n  \u003c/ipsec_tunnel\u003e\n\u003c/vpn_connection\u003e\n",
            "customer_gateway_id": "cgw-07a8f72952224dfbe",
            "enable_acceleration": false,
            "id": "vpn-0a6407e337300b25a",
            "local_ipv4_network_cidr": "0.0.0.0/0",
            "local_ipv6_network_cidr": "",
            "outside_ip_address_type": "PublicIpv4",
            "remote_ipv4_network_cidr": "0.0.0.0/0",
            "remote_ipv6_network_cidr": "",
            "routes": [
              {
                "destination_cidr_block": "172.16.0.0/16",
                "source": "",
                "state": "available"
              }
            ],
            "static_routes_only": true,
            "tags": {
              "Name": "my-vpn-connection",
              "author": "khangtictoc",
              "createdBy": "Terraform",
              "environment": "dev",
              "project": "lab_extra_03"
            },
            "tags_all": {
              "Name": "my-vpn-connection",
              "author": "khangtictoc",
              "createdBy": "Terraform",
              "environment": "dev",
              "project": "lab_extra_03"
            },
            "transit_gateway_attachment_id": "",
            "transit_gateway_id": "",
            "transport_transit_gateway_attachment_id": "",
            "tunnel1_address": "18.214.95.116",
            "tunnel1_bgp_asn": "",
            "tunnel1_bgp_holdtime": 0,
            "tunnel1_cgw_inside_address": "169.254.148.166",
            "tunnel1_dpd_timeout_action": "",
            "tunnel1_dpd_timeout_seconds": 0,
            "tunnel1_enable_tunnel_lifecycle_control": false,
            "tunnel1_ike_versions": [],
            "tunnel1_inside_cidr": "169.254.148.164/30",
            "tunnel1_inside_ipv6_cidr": "",
            "tunnel1_log_options": [
              {
                "cloudwatch_log_options": [
                  {
                    "log_enabled": false,
                    "log_group_arn": "",
                    "log_output_format": ""
                  }
                ]
              }
            ],
            "tunnel1_phase1_dh_group_numbers": [],
            "tunnel1_phase1_encryption_algorithms": [],
            "tunnel1_phase1_integrity_algorithms": [],
            "tunnel1_phase1_lifetime_seconds": 0,
            "tunnel1_phase2_dh_group_numbers": [],
            "tunnel1_phase2_encryption_algorithms": [],
            "tunnel1_phase2_integrity_algorithms": [],
            "tunnel1_phase2_lifetime_seconds": 0,
            "tunnel1_preshared_key": "tEnVxxuLxijIcNXi96KOfkQGO4RUPXkG",
            "tunnel1_rekey_fuzz_percentage": 0,
            "tunnel1_rekey_margin_time_seconds": 0,
            "tunnel1_replay_window_size": 0,
            "tunnel1_startup_action": "",
            "tunnel1_vgw_inside_address": "169.254.148.165",
            "tunnel2_address": "54.211.250.49",
            "tunnel2_bgp_asn": "",
            "tunnel2_bgp_holdtime": 0,
            "tunnel2_cgw_inside_address": "169.254.71.158",
            "tunnel2_dpd_timeout_action": "",
            "tunnel2_dpd_timeout_seconds": 0,
            "tunnel2_enable_tunnel_lifecycle_control": false,
            "tunnel2_ike_versions": [],
            "tunnel2_inside_cidr": "169.254.71.156/30",
            "tunnel2_inside_ipv6_cidr": "",
            "tunnel2_log_options": [
              {
                "cloudwatch_log_options": [
                  {
                    "log_enabled": false,
                    "log_group_arn": "",
                    "log_output_format": ""
                  }
                ]
              }
            ],
            "tunnel2_phase1_dh_group_numbers": [],
            "tunnel2_phase1_encryption_algorithms": [],
            "tunnel2_phase1_integrity_algorithms": [],
            "tunnel2_phase1_lifetime_seconds": 0,
            "tunnel2_phase2_dh_group_numbers": [],
            "tunnel2_phase2_encryption_algorithms": [],
            "tunnel2_phase2_integrity_algorithms": [],
            "tunnel2_phase2_lifetime_seconds": 0,
            "tunnel2_preshared_key": "8HEEQ40zbJTJpRnKOjzRfp66ndYUi0pf",
            "tunnel2_rekey_fuzz_percentage": 0,
            "tunnel2_rekey_margin_time_seconds": 0,
            "tunnel2_replay_window_size": 0,
            "tunnel2_startup_action": "",
            "tunnel2_vgw_inside_address": "169.254.71.157",
            "tunnel_inside_ip_version": "ipv4",
            "type": "ipsec.1",
            "vgw_telemetry": [
              {
                "accepted_route_count": 1,
                "certificate_arn": "",
                "last_status_change": "2024-06-13T05:18:58Z",
                "outside_ip_address": "54.211.250.49",
                "status": "DOWN",
                "status_message": ""
              },
              {
                "accepted_route_count": 1,
                "certificate_arn": "",
                "last_status_change": "2024-06-13T05:23:07Z",
                "outside_ip_address": "18.214.95.116",
                "status": "UP",
                "status_message": ""
              }
            ],
            "vpn_gateway_id": "vgw-07f2699dd65f42235"
          },
          "sensitive_attributes": [
            [
              {
                "type": "get_attr",
                "value": "tunnel1_preshared_key"
              }
            ],
            [
              {
                "type": "get_attr",
                "value": "tunnel2_preshared_key"
              }
            ],
            [
              {
                "type": "get_attr",
                "value": "customer_gateway_configuration"
              }
            ]
          ],
          "private": "bnVsbA==",
          "dependencies": [
            "azurerm_resource_group.vpn_resource_group",
            "module.vpn_s2s_aws_azure.module.aws_network.aws_subnet.vpn_subnet",
            "module.vpn_s2s_aws_azure.module.aws_network.aws_vpc.vpn_vpc",
            "module.vpn_s2s_aws_azure.module.aws_network.aws_vpn_gateway.virtual_private_gateway",
            "module.vpn_s2s_aws_azure.module.azure_network.azurerm_public_ip.vpn_public_ip",
            "module.vpn_s2s_aws_azure.module.azure_network.azurerm_subnet.vpn_subnet",
            "module.vpn_s2s_aws_azure.module.azure_network.azurerm_virtual_network.vpn_virtual_network",
            "module.vpn_s2s_aws_azure.module.azure_network.azurerm_virtual_network_gateway.virtual_network_gateway",
            "module.vpn_s2s_aws_azure.module.vpn_SiteToSite_connection.aws_customer_gateway.customer_gateway"
          ]
        }
      ]
    },
    {
      "module": "module.vpn_s2s_aws_azure.module.vpn_SiteToSite_connection[0]",
      "mode": "managed",
      "type": "aws_vpn_connection_route",
      "name": "vpn_static_routes",
      "provider": "provider[\"registry.terraform.io/hashicorp/aws\"]",
      "instances": [
        {
          "schema_version": 0,
          "attributes": {
            "destination_cidr_block": "172.16.0.0/16",
            "id": "172.16.0.0/16:vpn-0a6407e337300b25a",
            "vpn_connection_id": "vpn-0a6407e337300b25a"
          },
          "sensitive_attributes": [],
          "private": "bnVsbA==",
          "dependencies": [
            "azurerm_resource_group.vpn_resource_group",
            "module.vpn_s2s_aws_azure.module.aws_network.aws_subnet.vpn_subnet",
            "module.vpn_s2s_aws_azure.module.aws_network.aws_vpc.vpn_vpc",
            "module.vpn_s2s_aws_azure.module.aws_network.aws_vpn_gateway.virtual_private_gateway",
            "module.vpn_s2s_aws_azure.module.azure_network.azurerm_public_ip.vpn_public_ip",
            "module.vpn_s2s_aws_azure.module.azure_network.azurerm_subnet.vpn_subnet",
            "module.vpn_s2s_aws_azure.module.azure_network.azurerm_virtual_network.vpn_virtual_network",
            "module.vpn_s2s_aws_azure.module.azure_network.azurerm_virtual_network_gateway.virtual_network_gateway",
            "module.vpn_s2s_aws_azure.module.vpn_SiteToSite_connection.aws_customer_gateway.customer_gateway",
            "module.vpn_s2s_aws_azure.module.vpn_SiteToSite_connection.aws_vpn_connection.vpn_connection"
          ]
        }
      ]
    },
    {
      "module": "module.vpn_s2s_aws_azure.module.vpn_SiteToSite_connection[0]",
      "mode": "managed",
      "type": "azurerm_local_network_gateway",
      "name": "local_network_gateway",
      "provider": "provider[\"registry.terraform.io/hashicorp/azurerm\"]",
      "instances": [
        {
          "schema_version": 0,
          "attributes": {
            "address_space": [
              "192.168.0.0/16"
            ],
            "bgp_settings": [],
            "gateway_address": "18.214.95.116",
            "gateway_fqdn": "",
            "id": "/subscriptions/ac90b42a-8ba9-48f5-9479-94dfd054e40d/resourceGroups/VPNSite2SiteDemo/providers/Microsoft.Network/localNetworkGateways/my-vpn-connection",
            "location": "eastasia",
            "name": "my-vpn-connection",
            "resource_group_name": "VPNSite2SiteDemo",
            "tags": {},
            "timeouts": null
          },
          "sensitive_attributes": [],
          "private": "eyJlMmJmYjczMC1lY2FhLTExZTYtOGY4OC0zNDM2M2JjN2M0YzAiOnsiY3JlYXRlIjoxODAwMDAwMDAwMDAwLCJkZWxldGUiOjE4MDAwMDAwMDAwMDAsInJlYWQiOjMwMDAwMDAwMDAwMCwidXBkYXRlIjoxODAwMDAwMDAwMDAwfX0=",
          "dependencies": [
            "azurerm_resource_group.vpn_resource_group",
            "module.vpn_s2s_aws_azure.module.aws_network.aws_subnet.vpn_subnet",
            "module.vpn_s2s_aws_azure.module.aws_network.aws_vpc.vpn_vpc",
            "module.vpn_s2s_aws_azure.module.aws_network.aws_vpn_gateway.virtual_private_gateway",
            "module.vpn_s2s_aws_azure.module.azure_network.azurerm_public_ip.vpn_public_ip",
            "module.vpn_s2s_aws_azure.module.azure_network.azurerm_subnet.vpn_subnet",
            "module.vpn_s2s_aws_azure.module.azure_network.azurerm_virtual_network.vpn_virtual_network",
            "module.vpn_s2s_aws_azure.module.azure_network.azurerm_virtual_network_gateway.virtual_network_gateway",
            "module.vpn_s2s_aws_azure.module.vpn_SiteToSite_connection.aws_customer_gateway.customer_gateway",
            "module.vpn_s2s_aws_azure.module.vpn_SiteToSite_connection.aws_vpn_connection.vpn_connection"
          ]
        }
      ]
    },
    {
      "module": "module.vpn_s2s_aws_azure.module.vpn_SiteToSite_connection[0]",
      "mode": "managed",
      "type": "azurerm_virtual_network_gateway_connection",
      "name": "vpn_connection",
      "provider": "provider[\"registry.terraform.io/hashicorp/azurerm\"]",
      "instances": [
        {
          "schema_version": 0,
          "attributes": {
            "authorization_key": "",
            "connection_mode": "Default",
            "connection_protocol": "IKEv2",
            "custom_bgp_addresses": [],
            "dpd_timeout_seconds": 0,
            "egress_nat_rule_ids": [],
            "enable_bgp": false,
            "express_route_circuit_id": null,
            "express_route_gateway_bypass": false,
            "id": "/subscriptions/ac90b42a-8ba9-48f5-9479-94dfd054e40d/resourceGroups/VPNSite2SiteDemo/providers/Microsoft.Network/connections/myVnetGWConn",
            "ingress_nat_rule_ids": [],
            "ipsec_policy": [],
            "local_azure_ip_address_enabled": false,
            "local_network_gateway_id": "/subscriptions/ac90b42a-8ba9-48f5-9479-94dfd054e40d/resourceGroups/VPNSite2SiteDemo/providers/Microsoft.Network/localNetworkGateways/my-vpn-connection",
            "location": "eastasia",
            "name": "myVnetGWConn",
            "peer_virtual_network_gateway_id": null,
            "resource_group_name": "VPNSite2SiteDemo",
            "routing_weight": 0,
            "shared_key": "tEnVxxuLxijIcNXi96KOfkQGO4RUPXkG",
            "tags": {},
            "timeouts": null,
            "traffic_selector_policy": [],
            "type": "IPsec",
            "use_policy_based_traffic_selectors": false,
            "virtual_network_gateway_id": "/subscriptions/ac90b42a-8ba9-48f5-9479-94dfd054e40d/resourceGroups/VPNSite2SiteDemo/providers/Microsoft.Network/virtualNetworkGateways/Vnet-Gateway-Demo"
          },
          "sensitive_attributes": [
            [
              {
                "type": "get_attr",
                "value": "authorization_key"
              }
            ],
            [
              {
                "type": "get_attr",
                "value": "shared_key"
              }
            ]
          ],
          "private": "eyJlMmJmYjczMC1lY2FhLTExZTYtOGY4OC0zNDM2M2JjN2M0YzAiOnsiY3JlYXRlIjoxODAwMDAwMDAwMDAwLCJkZWxldGUiOjE4MDAwMDAwMDAwMDAsInJlYWQiOjMwMDAwMDAwMDAwMCwidXBkYXRlIjoxODAwMDAwMDAwMDAwfX0=",
          "dependencies": [
            "azurerm_resource_group.vpn_resource_group",
            "module.vpn_s2s_aws_azure.module.aws_network.aws_subnet.vpn_subnet",
            "module.vpn_s2s_aws_azure.module.aws_network.aws_vpc.vpn_vpc",
            "module.vpn_s2s_aws_azure.module.aws_network.aws_vpn_gateway.virtual_private_gateway",
            "module.vpn_s2s_aws_azure.module.azure_network.azurerm_public_ip.vpn_public_ip",
            "module.vpn_s2s_aws_azure.module.azure_network.azurerm_subnet.vpn_subnet",
            "module.vpn_s2s_aws_azure.module.azure_network.azurerm_virtual_network.vpn_virtual_network",
            "module.vpn_s2s_aws_azure.module.azure_network.azurerm_virtual_network_gateway.virtual_network_gateway",
            "module.vpn_s2s_aws_azure.module.vpn_SiteToSite_connection.aws_customer_gateway.customer_gateway",
            "module.vpn_s2s_aws_azure.module.vpn_SiteToSite_connection.aws_vpn_connection.vpn_connection",
            "module.vpn_s2s_aws_azure.module.vpn_SiteToSite_connection.azurerm_local_network_gateway.local_network_gateway"
          ]
        }
      ]
    },
    {
      "module": "module.vpn_s2s_aws_azure.module.vpn_SiteToSite_connection[1]",
      "mode": "managed",
      "type": "aws_customer_gateway",
      "name": "customer_gateway",
      "provider": "provider[\"registry.terraform.io/hashicorp/aws\"]",
      "instances": [
        {
          "schema_version": 0,
          "attributes": {
            "arn": "arn:aws:ec2:us-east-1:008748484958:customer-gateway/cgw-007eaa3dc02a44b42",
            "bgp_asn": "65000",
            "certificate_arn": "",
            "device_name": "",
            "id": "cgw-007eaa3dc02a44b42",
            "ip_address": "20.255.76.8",
            "tags": {
              "Name": "my-customer-gateway2",
              "author": "khangtictoc",
              "createdBy": "Terraform",
              "environment": "dev",
              "project": "lab_extra_03"
            },
            "tags_all": {
              "Name": "my-customer-gateway2",
              "author": "khangtictoc",
              "createdBy": "Terraform",
              "environment": "dev",
              "project": "lab_extra_03"
            },
            "type": "ipsec.1"
          },
          "sensitive_attributes": [],
          "private": "bnVsbA==",
          "dependencies": [
            "azurerm_resource_group.vpn_resource_group",
            "module.vpn_s2s_aws_azure.module.azure_network.azurerm_public_ip.vpn_public_ip",
            "module.vpn_s2s_aws_azure.module.azure_network.azurerm_subnet.vpn_subnet",
            "module.vpn_s2s_aws_azure.module.azure_network.azurerm_virtual_network.vpn_virtual_network",
            "module.vpn_s2s_aws_azure.module.azure_network.azurerm_virtual_network_gateway.virtual_network_gateway"
          ]
        }
      ]
    },
    {
      "module": "module.vpn_s2s_aws_azure.module.vpn_SiteToSite_connection[1]",
      "mode": "managed",
      "type": "aws_route",
      "name": "vpn_gateway_route",
      "provider": "provider[\"registry.terraform.io/hashicorp/aws\"]",
      "instances": [
        {
          "schema_version": 0,
          "attributes": {
            "carrier_gateway_id": "",
            "core_network_arn": "",
            "destination_cidr_block": "10.10.0.0/16",
            "destination_ipv6_cidr_block": "",
            "destination_prefix_list_id": "",
            "egress_only_gateway_id": "",
            "gateway_id": "vgw-07f2699dd65f42235",
            "id": "r-rtb-0d08d81b6ccfd98d1519371977",
            "instance_id": "",
            "instance_owner_id": "",
            "local_gateway_id": "",
            "nat_gateway_id": "",
            "network_interface_id": "",
            "origin": "CreateRoute",
            "route_table_id": "rtb-0d08d81b6ccfd98d1",
            "state": "active",
            "timeouts": null,
            "transit_gateway_id": "",
            "vpc_endpoint_id": "",
            "vpc_peering_connection_id": ""
          },
          "sensitive_attributes": [],
          "private": "eyJlMmJmYjczMC1lY2FhLTExZTYtOGY4OC0zNDM2M2JjN2M0YzAiOnsiY3JlYXRlIjozMDAwMDAwMDAwMDAsImRlbGV0ZSI6MzAwMDAwMDAwMDAwLCJ1cGRhdGUiOjEyMDAwMDAwMDAwMH19",
          "dependencies": [
            "azurerm_resource_group.vpn_resource_group",
            "module.vpn_s2s_aws_azure.module.aws_network.aws_subnet.vpn_subnet",
            "module.vpn_s2s_aws_azure.module.aws_network.aws_vpc.vpn_vpc",
            "module.vpn_s2s_aws_azure.module.aws_network.aws_vpn_gateway.virtual_private_gateway",
            "module.vpn_s2s_aws_azure.module.azure_network.azurerm_public_ip.vpn_public_ip",
            "module.vpn_s2s_aws_azure.module.azure_network.azurerm_subnet.vpn_subnet",
            "module.vpn_s2s_aws_azure.module.azure_network.azurerm_virtual_network.vpn_virtual_network",
            "module.vpn_s2s_aws_azure.module.azure_network.azurerm_virtual_network_gateway.virtual_network_gateway"
          ]
        }
      ]
    },
    {
      "module": "module.vpn_s2s_aws_azure.module.vpn_SiteToSite_connection[1]",
      "mode": "managed",
      "type": "aws_vpn_connection",
      "name": "vpn_connection",
      "provider": "provider[\"registry.terraform.io/hashicorp/aws\"]",
      "instances": [
        {
          "schema_version": 0,
          "attributes": {
            "arn": "arn:aws:ec2:us-east-1:008748484958:vpn-connection/vpn-0929e65cae464abe2",
            "core_network_arn": "",
            "core_network_attachment_arn": "",
            "customer_gateway_configuration": "\u003c?xml version=\"1.0\" encoding=\"UTF-8\"?\u003e\n\u003cvpn_connection id=\"vpn-0929e65cae464abe2\"\u003e\n  \u003ccustomer_gateway_id\u003ecgw-007eaa3dc02a44b42\u003c/customer_gateway_id\u003e\n  \u003cvpn_gateway_id\u003evgw-07f2699dd65f42235\u003c/vpn_gateway_id\u003e\n  \u003cvpn_connection_type\u003eipsec.1\u003c/vpn_connection_type\u003e\n  \u003cvpn_connection_attributes\u003eNoBGPVPNConnection\u003c/vpn_connection_attributes\u003e\n  \u003cipsec_tunnel\u003e\n    \u003ccustomer_gateway\u003e\n      \u003ctunnel_outside_address\u003e\n        \u003cip_address\u003e20.255.76.8\u003c/ip_address\u003e\n      \u003c/tunnel_outside_address\u003e\n      \u003ctunnel_inside_address\u003e\n        \u003cip_address\u003e169.254.233.246\u003c/ip_address\u003e\n        \u003cnetwork_mask\u003e255.255.255.252\u003c/network_mask\u003e\n        \u003cnetwork_cidr\u003e30\u003c/network_cidr\u003e\n      \u003c/tunnel_inside_address\u003e\n    \u003c/customer_gateway\u003e\n    \u003cvpn_gateway\u003e\n      \u003ctunnel_outside_address\u003e\n        \u003cip_address\u003e34.203.93.188\u003c/ip_address\u003e\n      \u003c/tunnel_outside_address\u003e\n      \u003ctunnel_inside_address\u003e\n        \u003cip_address\u003e169.254.233.245\u003c/ip_address\u003e\n        \u003cnetwork_mask\u003e255.255.255.252\u003c/network_mask\u003e\n        \u003cnetwork_cidr\u003e30\u003c/network_cidr\u003e\n      \u003c/tunnel_inside_address\u003e\n    \u003c/vpn_gateway\u003e\n    \u003cike\u003e\n      \u003cauthentication_protocol\u003esha1\u003c/authentication_protocol\u003e\n      \u003cencryption_protocol\u003eaes-128-cbc\u003c/encryption_protocol\u003e\n      \u003clifetime\u003e28800\u003c/lifetime\u003e\n      \u003cperfect_forward_secrecy\u003egroup2\u003c/perfect_forward_secrecy\u003e\n      \u003cmode\u003emain\u003c/mode\u003e\n      \u003cpre_shared_key\u003eW0SKY84urC7a1zEoZzmYfiPrH6970mBP\u003c/pre_shared_key\u003e\n    \u003c/ike\u003e\n    \u003cipsec\u003e\n      \u003cprotocol\u003eesp\u003c/protocol\u003e\n      \u003cauthentication_protocol\u003ehmac-sha1-96\u003c/authentication_protocol\u003e\n      \u003cencryption_protocol\u003eaes-128-cbc\u003c/encryption_protocol\u003e\n      \u003clifetime\u003e3600\u003c/lifetime\u003e\n      \u003cperfect_forward_secrecy\u003egroup2\u003c/perfect_forward_secrecy\u003e\n      \u003cmode\u003etunnel\u003c/mode\u003e\n      \u003cclear_df_bit\u003etrue\u003c/clear_df_bit\u003e\n      \u003cfragmentation_before_encryption\u003etrue\u003c/fragmentation_before_encryption\u003e\n      \u003ctcp_mss_adjustment\u003e1379\u003c/tcp_mss_adjustment\u003e\n      \u003cdead_peer_detection\u003e\n        \u003cinterval\u003e10\u003c/interval\u003e\n        \u003cretries\u003e3\u003c/retries\u003e\n      \u003c/dead_peer_detection\u003e\n    \u003c/ipsec\u003e\n  \u003c/ipsec_tunnel\u003e\n  \u003cipsec_tunnel\u003e\n    \u003ccustomer_gateway\u003e\n      \u003ctunnel_outside_address\u003e\n        \u003cip_address\u003e20.255.76.8\u003c/ip_address\u003e\n      \u003c/tunnel_outside_address\u003e\n      \u003ctunnel_inside_address\u003e\n        \u003cip_address\u003e169.254.100.66\u003c/ip_address\u003e\n        \u003cnetwork_mask\u003e255.255.255.252\u003c/network_mask\u003e\n        \u003cnetwork_cidr\u003e30\u003c/network_cidr\u003e\n      \u003c/tunnel_inside_address\u003e\n    \u003c/customer_gateway\u003e\n    \u003cvpn_gateway\u003e\n      \u003ctunnel_outside_address\u003e\n        \u003cip_address\u003e54.243.46.192\u003c/ip_address\u003e\n      \u003c/tunnel_outside_address\u003e\n      \u003ctunnel_inside_address\u003e\n        \u003cip_address\u003e169.254.100.65\u003c/ip_address\u003e\n        \u003cnetwork_mask\u003e255.255.255.252\u003c/network_mask\u003e\n        \u003cnetwork_cidr\u003e30\u003c/network_cidr\u003e\n      \u003c/tunnel_inside_address\u003e\n    \u003c/vpn_gateway\u003e\n    \u003cike\u003e\n      \u003cauthentication_protocol\u003esha1\u003c/authentication_protocol\u003e\n      \u003cencryption_protocol\u003eaes-128-cbc\u003c/encryption_protocol\u003e\n      \u003clifetime\u003e28800\u003c/lifetime\u003e\n      \u003cperfect_forward_secrecy\u003egroup2\u003c/perfect_forward_secrecy\u003e\n      \u003cmode\u003emain\u003c/mode\u003e\n      \u003cpre_shared_key\u003eSMlSEIRefqZ6g_S103cmpHqKpHX_iL.Y\u003c/pre_shared_key\u003e\n    \u003c/ike\u003e\n    \u003cipsec\u003e\n      \u003cprotocol\u003eesp\u003c/protocol\u003e\n      \u003cauthentication_protocol\u003ehmac-sha1-96\u003c/authentication_protocol\u003e\n      \u003cencryption_protocol\u003eaes-128-cbc\u003c/encryption_protocol\u003e\n      \u003clifetime\u003e3600\u003c/lifetime\u003e\n      \u003cperfect_forward_secrecy\u003egroup2\u003c/perfect_forward_secrecy\u003e\n      \u003cmode\u003etunnel\u003c/mode\u003e\n      \u003cclear_df_bit\u003etrue\u003c/clear_df_bit\u003e\n      \u003cfragmentation_before_encryption\u003etrue\u003c/fragmentation_before_encryption\u003e\n      \u003ctcp_mss_adjustment\u003e1379\u003c/tcp_mss_adjustment\u003e\n      \u003cdead_peer_detection\u003e\n        \u003cinterval\u003e10\u003c/interval\u003e\n        \u003cretries\u003e3\u003c/retries\u003e\n      \u003c/dead_peer_detection\u003e\n    \u003c/ipsec\u003e\n  \u003c/ipsec_tunnel\u003e\n\u003c/vpn_connection\u003e\n",
            "customer_gateway_id": "cgw-007eaa3dc02a44b42",
            "enable_acceleration": false,
            "id": "vpn-0929e65cae464abe2",
            "local_ipv4_network_cidr": "0.0.0.0/0",
            "local_ipv6_network_cidr": "",
            "outside_ip_address_type": "PublicIpv4",
            "remote_ipv4_network_cidr": "0.0.0.0/0",
            "remote_ipv6_network_cidr": "",
            "routes": [
              {
                "destination_cidr_block": "10.10.0.0/16",
                "source": "",
                "state": "available"
              }
            ],
            "static_routes_only": true,
            "tags": {
              "Name": "my-vpn-connection2",
              "author": "khangtictoc",
              "createdBy": "Terraform",
              "environment": "dev",
              "project": "lab_extra_03"
            },
            "tags_all": {
              "Name": "my-vpn-connection2",
              "author": "khangtictoc",
              "createdBy": "Terraform",
              "environment": "dev",
              "project": "lab_extra_03"
            },
            "transit_gateway_attachment_id": "",
            "transit_gateway_id": "",
            "transport_transit_gateway_attachment_id": "",
            "tunnel1_address": "34.203.93.188",
            "tunnel1_bgp_asn": "",
            "tunnel1_bgp_holdtime": 0,
            "tunnel1_cgw_inside_address": "169.254.233.246",
            "tunnel1_dpd_timeout_action": "",
            "tunnel1_dpd_timeout_seconds": 0,
            "tunnel1_enable_tunnel_lifecycle_control": false,
            "tunnel1_ike_versions": [],
            "tunnel1_inside_cidr": "169.254.233.244/30",
            "tunnel1_inside_ipv6_cidr": "",
            "tunnel1_log_options": [
              {
                "cloudwatch_log_options": [
                  {
                    "log_enabled": false,
                    "log_group_arn": "",
                    "log_output_format": ""
                  }
                ]
              }
            ],
            "tunnel1_phase1_dh_group_numbers": [],
            "tunnel1_phase1_encryption_algorithms": [],
            "tunnel1_phase1_integrity_algorithms": [],
            "tunnel1_phase1_lifetime_seconds": 0,
            "tunnel1_phase2_dh_group_numbers": [],
            "tunnel1_phase2_encryption_algorithms": [],
            "tunnel1_phase2_integrity_algorithms": [],
            "tunnel1_phase2_lifetime_seconds": 0,
            "tunnel1_preshared_key": "W0SKY84urC7a1zEoZzmYfiPrH6970mBP",
            "tunnel1_rekey_fuzz_percentage": 0,
            "tunnel1_rekey_margin_time_seconds": 0,
            "tunnel1_replay_window_size": 0,
            "tunnel1_startup_action": "",
            "tunnel1_vgw_inside_address": "169.254.233.245",
            "tunnel2_address": "54.243.46.192",
            "tunnel2_bgp_asn": "",
            "tunnel2_bgp_holdtime": 0,
            "tunnel2_cgw_inside_address": "169.254.100.66",
            "tunnel2_dpd_timeout_action": "",
            "tunnel2_dpd_timeout_seconds": 0,
            "tunnel2_enable_tunnel_lifecycle_control": false,
            "tunnel2_ike_versions": [],
            "tunnel2_inside_cidr": "169.254.100.64/30",
            "tunnel2_inside_ipv6_cidr": "",
            "tunnel2_log_options": [
              {
                "cloudwatch_log_options": [
                  {
                    "log_enabled": false,
                    "log_group_arn": "",
                    "log_output_format": ""
                  }
                ]
              }
            ],
            "tunnel2_phase1_dh_group_numbers": [],
            "tunnel2_phase1_encryption_algorithms": [],
            "tunnel2_phase1_integrity_algorithms": [],
            "tunnel2_phase1_lifetime_seconds": 0,
            "tunnel2_phase2_dh_group_numbers": [],
            "tunnel2_phase2_encryption_algorithms": [],
            "tunnel2_phase2_integrity_algorithms": [],
            "tunnel2_phase2_lifetime_seconds": 0,
            "tunnel2_preshared_key": "SMlSEIRefqZ6g_S103cmpHqKpHX_iL.Y",
            "tunnel2_rekey_fuzz_percentage": 0,
            "tunnel2_rekey_margin_time_seconds": 0,
            "tunnel2_replay_window_size": 0,
            "tunnel2_startup_action": "",
            "tunnel2_vgw_inside_address": "169.254.100.65",
            "tunnel_inside_ip_version": "ipv4",
            "type": "ipsec.1",
            "vgw_telemetry": [
              {
                "accepted_route_count": 1,
                "certificate_arn": "",
                "last_status_change": "2024-06-13T05:18:29Z",
                "outside_ip_address": "54.243.46.192",
                "status": "DOWN",
                "status_message": ""
              },
              {
                "accepted_route_count": 1,
                "certificate_arn": "",
                "last_status_change": "2024-06-13T05:25:37Z",
                "outside_ip_address": "34.203.93.188",
                "status": "UP",
                "status_message": ""
              }
            ],
            "vpn_gateway_id": "vgw-07f2699dd65f42235"
          },
          "sensitive_attributes": [
            [
              {
                "type": "get_attr",
                "value": "customer_gateway_configuration"
              }
            ],
            [
              {
                "type": "get_attr",
                "value": "tunnel1_preshared_key"
              }
            ],
            [
              {
                "type": "get_attr",
                "value": "tunnel2_preshared_key"
              }
            ]
          ],
          "private": "bnVsbA==",
          "dependencies": [
            "azurerm_resource_group.vpn_resource_group",
            "module.vpn_s2s_aws_azure.module.aws_network.aws_subnet.vpn_subnet",
            "module.vpn_s2s_aws_azure.module.aws_network.aws_vpc.vpn_vpc",
            "module.vpn_s2s_aws_azure.module.aws_network.aws_vpn_gateway.virtual_private_gateway",
            "module.vpn_s2s_aws_azure.module.azure_network.azurerm_public_ip.vpn_public_ip",
            "module.vpn_s2s_aws_azure.module.azure_network.azurerm_subnet.vpn_subnet",
            "module.vpn_s2s_aws_azure.module.azure_network.azurerm_virtual_network.vpn_virtual_network",
            "module.vpn_s2s_aws_azure.module.azure_network.azurerm_virtual_network_gateway.virtual_network_gateway",
            "module.vpn_s2s_aws_azure.module.vpn_SiteToSite_connection.aws_customer_gateway.customer_gateway"
          ]
        }
      ]
    },
    {
      "module": "module.vpn_s2s_aws_azure.module.vpn_SiteToSite_connection[1]",
      "mode": "managed",
      "type": "aws_vpn_connection_route",
      "name": "vpn_static_routes",
      "provider": "provider[\"registry.terraform.io/hashicorp/aws\"]",
      "instances": [
        {
          "schema_version": 0,
          "attributes": {
            "destination_cidr_block": "10.10.0.0/16",
            "id": "10.10.0.0/16:vpn-0929e65cae464abe2",
            "vpn_connection_id": "vpn-0929e65cae464abe2"
          },
          "sensitive_attributes": [],
          "private": "bnVsbA==",
          "dependencies": [
            "azurerm_resource_group.vpn_resource_group",
            "module.vpn_s2s_aws_azure.module.aws_network.aws_subnet.vpn_subnet",
            "module.vpn_s2s_aws_azure.module.aws_network.aws_vpc.vpn_vpc",
            "module.vpn_s2s_aws_azure.module.aws_network.aws_vpn_gateway.virtual_private_gateway",
            "module.vpn_s2s_aws_azure.module.azure_network.azurerm_public_ip.vpn_public_ip",
            "module.vpn_s2s_aws_azure.module.azure_network.azurerm_subnet.vpn_subnet",
            "module.vpn_s2s_aws_azure.module.azure_network.azurerm_virtual_network.vpn_virtual_network",
            "module.vpn_s2s_aws_azure.module.azure_network.azurerm_virtual_network_gateway.virtual_network_gateway",
            "module.vpn_s2s_aws_azure.module.vpn_SiteToSite_connection.aws_customer_gateway.customer_gateway",
            "module.vpn_s2s_aws_azure.module.vpn_SiteToSite_connection.aws_vpn_connection.vpn_connection"
          ]
        }
      ]
    },
    {
      "module": "module.vpn_s2s_aws_azure.module.vpn_SiteToSite_connection[1]",
      "mode": "managed",
      "type": "azurerm_local_network_gateway",
      "name": "local_network_gateway",
      "provider": "provider[\"registry.terraform.io/hashicorp/azurerm\"]",
      "instances": [
        {
          "schema_version": 0,
          "attributes": {
            "address_space": [
              "192.168.0.0/16"
            ],
            "bgp_settings": [],
            "gateway_address": "34.203.93.188",
            "gateway_fqdn": "",
            "id": "/subscriptions/ac90b42a-8ba9-48f5-9479-94dfd054e40d/resourceGroups/VPNSite2SiteDemo2/providers/Microsoft.Network/localNetworkGateways/my-vpn-connection2",
            "location": "eastasia",
            "name": "my-vpn-connection2",
            "resource_group_name": "VPNSite2SiteDemo2",
            "tags": {},
            "timeouts": null
          },
          "sensitive_attributes": [],
          "private": "eyJlMmJmYjczMC1lY2FhLTExZTYtOGY4OC0zNDM2M2JjN2M0YzAiOnsiY3JlYXRlIjoxODAwMDAwMDAwMDAwLCJkZWxldGUiOjE4MDAwMDAwMDAwMDAsInJlYWQiOjMwMDAwMDAwMDAwMCwidXBkYXRlIjoxODAwMDAwMDAwMDAwfX0=",
          "dependencies": [
            "azurerm_resource_group.vpn_resource_group",
            "module.vpn_s2s_aws_azure.module.aws_network.aws_subnet.vpn_subnet",
            "module.vpn_s2s_aws_azure.module.aws_network.aws_vpc.vpn_vpc",
            "module.vpn_s2s_aws_azure.module.aws_network.aws_vpn_gateway.virtual_private_gateway",
            "module.vpn_s2s_aws_azure.module.azure_network.azurerm_public_ip.vpn_public_ip",
            "module.vpn_s2s_aws_azure.module.azure_network.azurerm_subnet.vpn_subnet",
            "module.vpn_s2s_aws_azure.module.azure_network.azurerm_virtual_network.vpn_virtual_network",
            "module.vpn_s2s_aws_azure.module.azure_network.azurerm_virtual_network_gateway.virtual_network_gateway",
            "module.vpn_s2s_aws_azure.module.vpn_SiteToSite_connection.aws_customer_gateway.customer_gateway",
            "module.vpn_s2s_aws_azure.module.vpn_SiteToSite_connection.aws_vpn_connection.vpn_connection"
          ]
        }
      ]
    },
    {
      "module": "module.vpn_s2s_aws_azure.module.vpn_SiteToSite_connection[1]",
      "mode": "managed",
      "type": "azurerm_virtual_network_gateway_connection",
      "name": "vpn_connection",
      "provider": "provider[\"registry.terraform.io/hashicorp/azurerm\"]",
      "instances": [
        {
          "schema_version": 0,
          "attributes": {
            "authorization_key": "",
            "connection_mode": "Default",
            "connection_protocol": "IKEv2",
            "custom_bgp_addresses": [],
            "dpd_timeout_seconds": 0,
            "egress_nat_rule_ids": [],
            "enable_bgp": false,
            "express_route_circuit_id": null,
            "express_route_gateway_bypass": false,
            "id": "/subscriptions/ac90b42a-8ba9-48f5-9479-94dfd054e40d/resourceGroups/VPNSite2SiteDemo2/providers/Microsoft.Network/connections/myVnetGWConn2",
            "ingress_nat_rule_ids": [],
            "ipsec_policy": [],
            "local_azure_ip_address_enabled": false,
            "local_network_gateway_id": "/subscriptions/ac90b42a-8ba9-48f5-9479-94dfd054e40d/resourceGroups/VPNSite2SiteDemo2/providers/Microsoft.Network/localNetworkGateways/my-vpn-connection2",
            "location": "eastasia",
            "name": "myVnetGWConn2",
            "peer_virtual_network_gateway_id": null,
            "resource_group_name": "VPNSite2SiteDemo2",
            "routing_weight": 0,
            "shared_key": "W0SKY84urC7a1zEoZzmYfiPrH6970mBP",
            "tags": {},
            "timeouts": null,
            "traffic_selector_policy": [],
            "type": "IPsec",
            "use_policy_based_traffic_selectors": false,
            "virtual_network_gateway_id": "/subscriptions/ac90b42a-8ba9-48f5-9479-94dfd054e40d/resourceGroups/VPNSite2SiteDemo2/providers/Microsoft.Network/virtualNetworkGateways/Vnet-Gateway-Demo2"
          },
          "sensitive_attributes": [
            [
              {
                "type": "get_attr",
                "value": "shared_key"
              }
            ],
            [
              {
                "type": "get_attr",
                "value": "authorization_key"
              }
            ]
          ],
          "private": "eyJlMmJmYjczMC1lY2FhLTExZTYtOGY4OC0zNDM2M2JjN2M0YzAiOnsiY3JlYXRlIjoxODAwMDAwMDAwMDAwLCJkZWxldGUiOjE4MDAwMDAwMDAwMDAsInJlYWQiOjMwMDAwMDAwMDAwMCwidXBkYXRlIjoxODAwMDAwMDAwMDAwfX0=",
          "dependencies": [
            "azurerm_resource_group.vpn_resource_group",
            "module.vpn_s2s_aws_azure.module.aws_network.aws_subnet.vpn_subnet",
            "module.vpn_s2s_aws_azure.module.aws_network.aws_vpc.vpn_vpc",
            "module.vpn_s2s_aws_azure.module.aws_network.aws_vpn_gateway.virtual_private_gateway",
            "module.vpn_s2s_aws_azure.module.azure_network.azurerm_public_ip.vpn_public_ip",
            "module.vpn_s2s_aws_azure.module.azure_network.azurerm_subnet.vpn_subnet",
            "module.vpn_s2s_aws_azure.module.azure_network.azurerm_virtual_network.vpn_virtual_network",
            "module.vpn_s2s_aws_azure.module.azure_network.azurerm_virtual_network_gateway.virtual_network_gateway",
            "module.vpn_s2s_aws_azure.module.vpn_SiteToSite_connection.aws_customer_gateway.customer_gateway",
            "module.vpn_s2s_aws_azure.module.vpn_SiteToSite_connection.aws_vpn_connection.vpn_connection",
            "module.vpn_s2s_aws_azure.module.vpn_SiteToSite_connection.azurerm_local_network_gateway.local_network_gateway"
          ]
        }
      ]
    }
  ],
  "check_results": null
}
