{
  "version": 4,
  "terraform_version": "1.8.4",
  "serial": 3206,
  "lineage": "567fe067-cb4a-cef9-b3dd-c464a1f790dc",
  "outputs": {
    "aws_instance_public_ip": {
      "value": [
        "54.196.141.254"
      ],
      "type": [
        "tuple",
        [
          "string"
        ]
      ]
    },
    "aws_vpn_connection_info": {
      "value": [
        {
          "arn": "arn:aws:ec2:us-east-1:008748484958:vpn-connection/vpn-023e4d9cda9712482",
          "core_network_arn": "",
          "core_network_attachment_arn": "",
          "customer_gateway_configuration": "\u003c?xml version=\"1.0\" encoding=\"UTF-8\"?\u003e\n\u003cvpn_connection id=\"vpn-023e4d9cda9712482\"\u003e\n  \u003ccustomer_gateway_id\u003ecgw-025fc90ab933c7bbe\u003c/customer_gateway_id\u003e\n  \u003cvpn_gateway_id\u003evgw-07ac8ad8064bbb155\u003c/vpn_gateway_id\u003e\n  \u003cvpn_connection_type\u003eipsec.1\u003c/vpn_connection_type\u003e\n  \u003cvpn_connection_attributes\u003eNoBGPVPNConnection\u003c/vpn_connection_attributes\u003e\n  \u003cipsec_tunnel\u003e\n    \u003ccustomer_gateway\u003e\n      \u003ctunnel_outside_address\u003e\n        \u003cip_address\u003e13.94.44.105\u003c/ip_address\u003e\n      \u003c/tunnel_outside_address\u003e\n      \u003ctunnel_inside_address\u003e\n        \u003cip_address\u003e169.254.206.226\u003c/ip_address\u003e\n        \u003cnetwork_mask\u003e255.255.255.252\u003c/network_mask\u003e\n        \u003cnetwork_cidr\u003e30\u003c/network_cidr\u003e\n      \u003c/tunnel_inside_address\u003e\n    \u003c/customer_gateway\u003e\n    \u003cvpn_gateway\u003e\n      \u003ctunnel_outside_address\u003e\n        \u003cip_address\u003e52.72.206.17\u003c/ip_address\u003e\n      \u003c/tunnel_outside_address\u003e\n      \u003ctunnel_inside_address\u003e\n        \u003cip_address\u003e169.254.206.225\u003c/ip_address\u003e\n        \u003cnetwork_mask\u003e255.255.255.252\u003c/network_mask\u003e\n        \u003cnetwork_cidr\u003e30\u003c/network_cidr\u003e\n      \u003c/tunnel_inside_address\u003e\n    \u003c/vpn_gateway\u003e\n    \u003cike\u003e\n      \u003cauthentication_protocol\u003esha1\u003c/authentication_protocol\u003e\n      \u003cencryption_protocol\u003eaes-128-cbc\u003c/encryption_protocol\u003e\n      \u003clifetime\u003e28800\u003c/lifetime\u003e\n      \u003cperfect_forward_secrecy\u003egroup2\u003c/perfect_forward_secrecy\u003e\n      \u003cmode\u003emain\u003c/mode\u003e\n      \u003cpre_shared_key\u003esGWaj1uAijMlcbQa1Nb7laHZIMaDVcv6\u003c/pre_shared_key\u003e\n    \u003c/ike\u003e\n    \u003cipsec\u003e\n      \u003cprotocol\u003eesp\u003c/protocol\u003e\n      \u003cauthentication_protocol\u003ehmac-sha1-96\u003c/authentication_protocol\u003e\n      \u003cencryption_protocol\u003eaes-128-cbc\u003c/encryption_protocol\u003e\n      \u003clifetime\u003e3600\u003c/lifetime\u003e\n      \u003cperfect_forward_secrecy\u003egroup2\u003c/perfect_forward_secrecy\u003e\n      \u003cmode\u003etunnel\u003c/mode\u003e\n      \u003cclear_df_bit\u003etrue\u003c/clear_df_bit\u003e\n      \u003cfragmentation_before_encryption\u003etrue\u003c/fragmentation_before_encryption\u003e\n      \u003ctcp_mss_adjustment\u003e1379\u003c/tcp_mss_adjustment\u003e\n      \u003cdead_peer_detection\u003e\n        \u003cinterval\u003e10\u003c/interval\u003e\n        \u003cretries\u003e3\u003c/retries\u003e\n      \u003c/dead_peer_detection\u003e\n    \u003c/ipsec\u003e\n  \u003c/ipsec_tunnel\u003e\n  \u003cipsec_tunnel\u003e\n    \u003ccustomer_gateway\u003e\n      \u003ctunnel_outside_address\u003e\n        \u003cip_address\u003e13.94.44.105\u003c/ip_address\u003e\n      \u003c/tunnel_outside_address\u003e\n      \u003ctunnel_inside_address\u003e\n        \u003cip_address\u003e169.254.105.74\u003c/ip_address\u003e\n        \u003cnetwork_mask\u003e255.255.255.252\u003c/network_mask\u003e\n        \u003cnetwork_cidr\u003e30\u003c/network_cidr\u003e\n      \u003c/tunnel_inside_address\u003e\n    \u003c/customer_gateway\u003e\n    \u003cvpn_gateway\u003e\n      \u003ctunnel_outside_address\u003e\n        \u003cip_address\u003e54.242.254.166\u003c/ip_address\u003e\n      \u003c/tunnel_outside_address\u003e\n      \u003ctunnel_inside_address\u003e\n        \u003cip_address\u003e169.254.105.73\u003c/ip_address\u003e\n        \u003cnetwork_mask\u003e255.255.255.252\u003c/network_mask\u003e\n        \u003cnetwork_cidr\u003e30\u003c/network_cidr\u003e\n      \u003c/tunnel_inside_address\u003e\n    \u003c/vpn_gateway\u003e\n    \u003cike\u003e\n      \u003cauthentication_protocol\u003esha1\u003c/authentication_protocol\u003e\n      \u003cencryption_protocol\u003eaes-128-cbc\u003c/encryption_protocol\u003e\n      \u003clifetime\u003e28800\u003c/lifetime\u003e\n      \u003cperfect_forward_secrecy\u003egroup2\u003c/perfect_forward_secrecy\u003e\n      \u003cmode\u003emain\u003c/mode\u003e\n      \u003cpre_shared_key\u003eJ2UjYb77i8nu695FGFCyBlurCL2A4kwb\u003c/pre_shared_key\u003e\n    \u003c/ike\u003e\n    \u003cipsec\u003e\n      \u003cprotocol\u003eesp\u003c/protocol\u003e\n      \u003cauthentication_protocol\u003ehmac-sha1-96\u003c/authentication_protocol\u003e\n      \u003cencryption_protocol\u003eaes-128-cbc\u003c/encryption_protocol\u003e\n      \u003clifetime\u003e3600\u003c/lifetime\u003e\n      \u003cperfect_forward_secrecy\u003egroup2\u003c/perfect_forward_secrecy\u003e\n      \u003cmode\u003etunnel\u003c/mode\u003e\n      \u003cclear_df_bit\u003etrue\u003c/clear_df_bit\u003e\n      \u003cfragmentation_before_encryption\u003etrue\u003c/fragmentation_before_encryption\u003e\n      \u003ctcp_mss_adjustment\u003e1379\u003c/tcp_mss_adjustment\u003e\n      \u003cdead_peer_detection\u003e\n        \u003cinterval\u003e10\u003c/interval\u003e\n        \u003cretries\u003e3\u003c/retries\u003e\n      \u003c/dead_peer_detection\u003e\n    \u003c/ipsec\u003e\n  \u003c/ipsec_tunnel\u003e\n\u003c/vpn_connection\u003e\n",
          "customer_gateway_id": "cgw-025fc90ab933c7bbe",
          "enable_acceleration": false,
          "id": "vpn-023e4d9cda9712482",
          "local_ipv4_network_cidr": "0.0.0.0/0",
          "local_ipv6_network_cidr": "",
          "outside_ip_address_type": "PublicIpv4",
          "remote_ipv4_network_cidr": "0.0.0.0/0",
          "remote_ipv6_network_cidr": "",
          "routes": [
            {
              "destination_cidr_block": "172.16.0.0/16",
              "source": "",
              "state": "available"
            }
          ],
          "static_routes_only": true,
          "tags": {
            "Name": "my-vpn-connection",
            "author": "khangtictoc",
            "createdBy": "Terraform",
            "environment": "dev",
            "project": "lab_extra_03"
          },
          "tags_all": {
            "Name": "my-vpn-connection",
            "author": "khangtictoc",
            "createdBy": "Terraform",
            "environment": "dev",
            "project": "lab_extra_03"
          },
          "transit_gateway_attachment_id": "",
          "transit_gateway_id": "",
          "transport_transit_gateway_attachment_id": "",
          "tunnel1_address": "52.72.206.17",
          "tunnel1_bgp_asn": "",
          "tunnel1_bgp_holdtime": 0,
          "tunnel1_cgw_inside_address": "169.254.206.226",
          "tunnel1_dpd_timeout_action": "",
          "tunnel1_dpd_timeout_seconds": 0,
          "tunnel1_enable_tunnel_lifecycle_control": false,
          "tunnel1_ike_versions": [],
          "tunnel1_inside_cidr": "169.254.206.224/30",
          "tunnel1_inside_ipv6_cidr": "",
          "tunnel1_log_options": [
            {
              "cloudwatch_log_options": [
                {
                  "log_enabled": false,
                  "log_group_arn": "",
                  "log_output_format": ""
                }
              ]
            }
          ],
          "tunnel1_phase1_dh_group_numbers": [],
          "tunnel1_phase1_encryption_algorithms": [],
          "tunnel1_phase1_integrity_algorithms": [],
          "tunnel1_phase1_lifetime_seconds": 0,
          "tunnel1_phase2_dh_group_numbers": [],
          "tunnel1_phase2_encryption_algorithms": [],
          "tunnel1_phase2_integrity_algorithms": [],
          "tunnel1_phase2_lifetime_seconds": 0,
          "tunnel1_preshared_key": "sGWaj1uAijMlcbQa1Nb7laHZIMaDVcv6",
          "tunnel1_rekey_fuzz_percentage": 0,
          "tunnel1_rekey_margin_time_seconds": 0,
          "tunnel1_replay_window_size": 0,
          "tunnel1_startup_action": "",
          "tunnel1_vgw_inside_address": "169.254.206.225",
          "tunnel2_address": "54.242.254.166",
          "tunnel2_bgp_asn": "",
          "tunnel2_bgp_holdtime": 0,
          "tunnel2_cgw_inside_address": "169.254.105.74",
          "tunnel2_dpd_timeout_action": "",
          "tunnel2_dpd_timeout_seconds": 0,
          "tunnel2_enable_tunnel_lifecycle_control": false,
          "tunnel2_ike_versions": [],
          "tunnel2_inside_cidr": "169.254.105.72/30",
          "tunnel2_inside_ipv6_cidr": "",
          "tunnel2_log_options": [
            {
              "cloudwatch_log_options": [
                {
                  "log_enabled": false,
                  "log_group_arn": "",
                  "log_output_format": ""
                }
              ]
            }
          ],
          "tunnel2_phase1_dh_group_numbers": [],
          "tunnel2_phase1_encryption_algorithms": [],
          "tunnel2_phase1_integrity_algorithms": [],
          "tunnel2_phase1_lifetime_seconds": 0,
          "tunnel2_phase2_dh_group_numbers": [],
          "tunnel2_phase2_encryption_algorithms": [],
          "tunnel2_phase2_integrity_algorithms": [],
          "tunnel2_phase2_lifetime_seconds": 0,
          "tunnel2_preshared_key": "J2UjYb77i8nu695FGFCyBlurCL2A4kwb",
          "tunnel2_rekey_fuzz_percentage": 0,
          "tunnel2_rekey_margin_time_seconds": 0,
          "tunnel2_replay_window_size": 0,
          "tunnel2_startup_action": "",
          "tunnel2_vgw_inside_address": "169.254.105.73",
          "tunnel_inside_ip_version": "ipv4",
          "type": "ipsec.1",
          "vgw_telemetry": [
            {
              "accepted_route_count": 1,
              "certificate_arn": "",
              "last_status_change": "2024-07-10T09:15:02Z",
              "outside_ip_address": "54.242.254.166",
              "status": "DOWN",
              "status_message": ""
            },
            {
              "accepted_route_count": 1,
              "certificate_arn": "",
              "last_status_change": "2024-07-10T09:21:14Z",
              "outside_ip_address": "52.72.206.17",
              "status": "UP",
              "status_message": ""
            }
          ],
          "vpn_gateway_id": "vgw-07ac8ad8064bbb155"
        },
        {
          "arn": "arn:aws:ec2:us-east-1:008748484958:vpn-connection/vpn-05bf31970105f8827",
          "core_network_arn": "",
          "core_network_attachment_arn": "",
          "customer_gateway_configuration": "\u003c?xml version=\"1.0\" encoding=\"UTF-8\"?\u003e\n\u003cvpn_connection id=\"vpn-05bf31970105f8827\"\u003e\n  \u003ccustomer_gateway_id\u003ecgw-0dc812eccbdcd2cc7\u003c/customer_gateway_id\u003e\n  \u003cvpn_gateway_id\u003evgw-07ac8ad8064bbb155\u003c/vpn_gateway_id\u003e\n  \u003cvpn_connection_type\u003eipsec.1\u003c/vpn_connection_type\u003e\n  \u003cvpn_connection_attributes\u003eNoBGPVPNConnection\u003c/vpn_connection_attributes\u003e\n  \u003cipsec_tunnel\u003e\n    \u003ccustomer_gateway\u003e\n      \u003ctunnel_outside_address\u003e\n        \u003cip_address\u003e20.2.160.47\u003c/ip_address\u003e\n      \u003c/tunnel_outside_address\u003e\n      \u003ctunnel_inside_address\u003e\n        \u003cip_address\u003e169.254.131.98\u003c/ip_address\u003e\n        \u003cnetwork_mask\u003e255.255.255.252\u003c/network_mask\u003e\n        \u003cnetwork_cidr\u003e30\u003c/network_cidr\u003e\n      \u003c/tunnel_inside_address\u003e\n    \u003c/customer_gateway\u003e\n    \u003cvpn_gateway\u003e\n      \u003ctunnel_outside_address\u003e\n        \u003cip_address\u003e52.44.106.218\u003c/ip_address\u003e\n      \u003c/tunnel_outside_address\u003e\n      \u003ctunnel_inside_address\u003e\n        \u003cip_address\u003e169.254.131.97\u003c/ip_address\u003e\n        \u003cnetwork_mask\u003e255.255.255.252\u003c/network_mask\u003e\n        \u003cnetwork_cidr\u003e30\u003c/network_cidr\u003e\n      \u003c/tunnel_inside_address\u003e\n    \u003c/vpn_gateway\u003e\n    \u003cike\u003e\n      \u003cauthentication_protocol\u003esha1\u003c/authentication_protocol\u003e\n      \u003cencryption_protocol\u003eaes-128-cbc\u003c/encryption_protocol\u003e\n      \u003clifetime\u003e28800\u003c/lifetime\u003e\n      \u003cperfect_forward_secrecy\u003egroup2\u003c/perfect_forward_secrecy\u003e\n      \u003cmode\u003emain\u003c/mode\u003e\n      \u003cpre_shared_key\u003eBhly8okIq9EMyWIvHdMIx3MgrTIbNBf0\u003c/pre_shared_key\u003e\n    \u003c/ike\u003e\n    \u003cipsec\u003e\n      \u003cprotocol\u003eesp\u003c/protocol\u003e\n      \u003cauthentication_protocol\u003ehmac-sha1-96\u003c/authentication_protocol\u003e\n      \u003cencryption_protocol\u003eaes-128-cbc\u003c/encryption_protocol\u003e\n      \u003clifetime\u003e3600\u003c/lifetime\u003e\n      \u003cperfect_forward_secrecy\u003egroup2\u003c/perfect_forward_secrecy\u003e\n      \u003cmode\u003etunnel\u003c/mode\u003e\n      \u003cclear_df_bit\u003etrue\u003c/clear_df_bit\u003e\n      \u003cfragmentation_before_encryption\u003etrue\u003c/fragmentation_before_encryption\u003e\n      \u003ctcp_mss_adjustment\u003e1379\u003c/tcp_mss_adjustment\u003e\n      \u003cdead_peer_detection\u003e\n        \u003cinterval\u003e10\u003c/interval\u003e\n        \u003cretries\u003e3\u003c/retries\u003e\n      \u003c/dead_peer_detection\u003e\n    \u003c/ipsec\u003e\n  \u003c/ipsec_tunnel\u003e\n  \u003cipsec_tunnel\u003e\n    \u003ccustomer_gateway\u003e\n      \u003ctunnel_outside_address\u003e\n        \u003cip_address\u003e20.2.160.47\u003c/ip_address\u003e\n      \u003c/tunnel_outside_address\u003e\n      \u003ctunnel_inside_address\u003e\n        \u003cip_address\u003e169.254.107.22\u003c/ip_address\u003e\n        \u003cnetwork_mask\u003e255.255.255.252\u003c/network_mask\u003e\n        \u003cnetwork_cidr\u003e30\u003c/network_cidr\u003e\n      \u003c/tunnel_inside_address\u003e\n    \u003c/customer_gateway\u003e\n    \u003cvpn_gateway\u003e\n      \u003ctunnel_outside_address\u003e\n        \u003cip_address\u003e54.198.81.238\u003c/ip_address\u003e\n      \u003c/tunnel_outside_address\u003e\n      \u003ctunnel_inside_address\u003e\n        \u003cip_address\u003e169.254.107.21\u003c/ip_address\u003e\n        \u003cnetwork_mask\u003e255.255.255.252\u003c/network_mask\u003e\n        \u003cnetwork_cidr\u003e30\u003c/network_cidr\u003e\n      \u003c/tunnel_inside_address\u003e\n    \u003c/vpn_gateway\u003e\n    \u003cike\u003e\n      \u003cauthentication_protocol\u003esha1\u003c/authentication_protocol\u003e\n      \u003cencryption_protocol\u003eaes-128-cbc\u003c/encryption_protocol\u003e\n      \u003clifetime\u003e28800\u003c/lifetime\u003e\n      \u003cperfect_forward_secrecy\u003egroup2\u003c/perfect_forward_secrecy\u003e\n      \u003cmode\u003emain\u003c/mode\u003e\n      \u003cpre_shared_key\u003e4kxhdCAHXoa5JAXRmWVD1m9u9kCGTA84\u003c/pre_shared_key\u003e\n    \u003c/ike\u003e\n    \u003cipsec\u003e\n      \u003cprotocol\u003eesp\u003c/protocol\u003e\n      \u003cauthentication_protocol\u003ehmac-sha1-96\u003c/authentication_protocol\u003e\n      \u003cencryption_protocol\u003eaes-128-cbc\u003c/encryption_protocol\u003e\n      \u003clifetime\u003e3600\u003c/lifetime\u003e\n      \u003cperfect_forward_secrecy\u003egroup2\u003c/perfect_forward_secrecy\u003e\n      \u003cmode\u003etunnel\u003c/mode\u003e\n      \u003cclear_df_bit\u003etrue\u003c/clear_df_bit\u003e\n      \u003cfragmentation_before_encryption\u003etrue\u003c/fragmentation_before_encryption\u003e\n      \u003ctcp_mss_adjustment\u003e1379\u003c/tcp_mss_adjustment\u003e\n      \u003cdead_peer_detection\u003e\n        \u003cinterval\u003e10\u003c/interval\u003e\n        \u003cretries\u003e3\u003c/retries\u003e\n      \u003c/dead_peer_detection\u003e\n    \u003c/ipsec\u003e\n  \u003c/ipsec_tunnel\u003e\n\u003c/vpn_connection\u003e\n",
          "customer_gateway_id": "cgw-0dc812eccbdcd2cc7",
          "enable_acceleration": false,
          "id": "vpn-05bf31970105f8827",
          "local_ipv4_network_cidr": "0.0.0.0/0",
          "local_ipv6_network_cidr": "",
          "outside_ip_address_type": "PublicIpv4",
          "remote_ipv4_network_cidr": "0.0.0.0/0",
          "remote_ipv6_network_cidr": "",
          "routes": [
            {
              "destination_cidr_block": "10.10.0.0/16",
              "source": "",
              "state": "available"
            }
          ],
          "static_routes_only": true,
          "tags": {
            "Name": "my-vpn-connection2",
            "author": "khangtictoc",
            "createdBy": "Terraform",
            "environment": "dev",
            "project": "lab_extra_03"
          },
          "tags_all": {
            "Name": "my-vpn-connection2",
            "author": "khangtictoc",
            "createdBy": "Terraform",
            "environment": "dev",
            "project": "lab_extra_03"
          },
          "transit_gateway_attachment_id": "",
          "transit_gateway_id": "",
          "transport_transit_gateway_attachment_id": "",
          "tunnel1_address": "52.44.106.218",
          "tunnel1_bgp_asn": "",
          "tunnel1_bgp_holdtime": 0,
          "tunnel1_cgw_inside_address": "169.254.131.98",
          "tunnel1_dpd_timeout_action": "",
          "tunnel1_dpd_timeout_seconds": 0,
          "tunnel1_enable_tunnel_lifecycle_control": false,
          "tunnel1_ike_versions": [],
          "tunnel1_inside_cidr": "169.254.131.96/30",
          "tunnel1_inside_ipv6_cidr": "",
          "tunnel1_log_options": [
            {
              "cloudwatch_log_options": [
                {
                  "log_enabled": false,
                  "log_group_arn": "",
                  "log_output_format": ""
                }
              ]
            }
          ],
          "tunnel1_phase1_dh_group_numbers": [],
          "tunnel1_phase1_encryption_algorithms": [],
          "tunnel1_phase1_integrity_algorithms": [],
          "tunnel1_phase1_lifetime_seconds": 0,
          "tunnel1_phase2_dh_group_numbers": [],
          "tunnel1_phase2_encryption_algorithms": [],
          "tunnel1_phase2_integrity_algorithms": [],
          "tunnel1_phase2_lifetime_seconds": 0,
          "tunnel1_preshared_key": "Bhly8okIq9EMyWIvHdMIx3MgrTIbNBf0",
          "tunnel1_rekey_fuzz_percentage": 0,
          "tunnel1_rekey_margin_time_seconds": 0,
          "tunnel1_replay_window_size": 0,
          "tunnel1_startup_action": "",
          "tunnel1_vgw_inside_address": "169.254.131.97",
          "tunnel2_address": "54.198.81.238",
          "tunnel2_bgp_asn": "",
          "tunnel2_bgp_holdtime": 0,
          "tunnel2_cgw_inside_address": "169.254.107.22",
          "tunnel2_dpd_timeout_action": "",
          "tunnel2_dpd_timeout_seconds": 0,
          "tunnel2_enable_tunnel_lifecycle_control": false,
          "tunnel2_ike_versions": [],
          "tunnel2_inside_cidr": "169.254.107.20/30",
          "tunnel2_inside_ipv6_cidr": "",
          "tunnel2_log_options": [
            {
              "cloudwatch_log_options": [
                {
                  "log_enabled": false,
                  "log_group_arn": "",
                  "log_output_format": ""
                }
              ]
            }
          ],
          "tunnel2_phase1_dh_group_numbers": [],
          "tunnel2_phase1_encryption_algorithms": [],
          "tunnel2_phase1_integrity_algorithms": [],
          "tunnel2_phase1_lifetime_seconds": 0,
          "tunnel2_phase2_dh_group_numbers": [],
          "tunnel2_phase2_encryption_algorithms": [],
          "tunnel2_phase2_integrity_algorithms": [],
          "tunnel2_phase2_lifetime_seconds": 0,
          "tunnel2_preshared_key": "4kxhdCAHXoa5JAXRmWVD1m9u9kCGTA84",
          "tunnel2_rekey_fuzz_percentage": 0,
          "tunnel2_rekey_margin_time_seconds": 0,
          "tunnel2_replay_window_size": 0,
          "tunnel2_startup_action": "",
          "tunnel2_vgw_inside_address": "169.254.107.21",
          "tunnel_inside_ip_version": "ipv4",
          "type": "ipsec.1",
          "vgw_telemetry": [
            {
              "accepted_route_count": 1,
              "certificate_arn": "",
              "last_status_change": "2024-07-10T09:14:58Z",
              "outside_ip_address": "54.198.81.238",
              "status": "DOWN",
              "status_message": ""
            },
            {
              "accepted_route_count": 1,
              "certificate_arn": "",
              "last_status_change": "2024-07-10T09:20:23Z",
              "outside_ip_address": "52.44.106.218",
              "status": "UP",
              "status_message": ""
            }
          ],
          "vpn_gateway_id": "vgw-07ac8ad8064bbb155"
        }
      ],
      "type": [
        "tuple",
        [
          [
            "object",
            {
              "arn": "string",
              "core_network_arn": "string",
              "core_network_attachment_arn": "string",
              "customer_gateway_configuration": "string",
              "customer_gateway_id": "string",
              "enable_acceleration": "bool",
              "id": "string",
              "local_ipv4_network_cidr": "string",
              "local_ipv6_network_cidr": "string",
              "outside_ip_address_type": "string",
              "remote_ipv4_network_cidr": "string",
              "remote_ipv6_network_cidr": "string",
              "routes": [
                "set",
                [
                  "object",
                  {
                    "destination_cidr_block": "string",
                    "source": "string",
                    "state": "string"
                  }
                ]
              ],
              "static_routes_only": "bool",
              "tags": [
                "map",
                "string"
              ],
              "tags_all": [
                "map",
                "string"
              ],
              "transit_gateway_attachment_id": "string",
              "transit_gateway_id": "string",
              "transport_transit_gateway_attachment_id": "string",
              "tunnel1_address": "string",
              "tunnel1_bgp_asn": "string",
              "tunnel1_bgp_holdtime": "number",
              "tunnel1_cgw_inside_address": "string",
              "tunnel1_dpd_timeout_action": "string",
              "tunnel1_dpd_timeout_seconds": "number",
              "tunnel1_enable_tunnel_lifecycle_control": "bool",
              "tunnel1_ike_versions": [
                "set",
                "string"
              ],
              "tunnel1_inside_cidr": "string",
              "tunnel1_inside_ipv6_cidr": "string",
              "tunnel1_log_options": [
                "list",
                [
                  "object",
                  {
                    "cloudwatch_log_options": [
                      "list",
                      [
                        "object",
                        {
                          "log_enabled": "bool",
                          "log_group_arn": "string",
                          "log_output_format": "string"
                        }
                      ]
                    ]
                  }
                ]
              ],
              "tunnel1_phase1_dh_group_numbers": [
                "set",
                "number"
              ],
              "tunnel1_phase1_encryption_algorithms": [
                "set",
                "string"
              ],
              "tunnel1_phase1_integrity_algorithms": [
                "set",
                "string"
              ],
              "tunnel1_phase1_lifetime_seconds": "number",
              "tunnel1_phase2_dh_group_numbers": [
                "set",
                "number"
              ],
              "tunnel1_phase2_encryption_algorithms": [
                "set",
                "string"
              ],
              "tunnel1_phase2_integrity_algorithms": [
                "set",
                "string"
              ],
              "tunnel1_phase2_lifetime_seconds": "number",
              "tunnel1_preshared_key": "string",
              "tunnel1_rekey_fuzz_percentage": "number",
              "tunnel1_rekey_margin_time_seconds": "number",
              "tunnel1_replay_window_size": "number",
              "tunnel1_startup_action": "string",
              "tunnel1_vgw_inside_address": "string",
              "tunnel2_address": "string",
              "tunnel2_bgp_asn": "string",
              "tunnel2_bgp_holdtime": "number",
              "tunnel2_cgw_inside_address": "string",
              "tunnel2_dpd_timeout_action": "string",
              "tunnel2_dpd_timeout_seconds": "number",
              "tunnel2_enable_tunnel_lifecycle_control": "bool",
              "tunnel2_ike_versions": [
                "set",
                "string"
              ],
              "tunnel2_inside_cidr": "string",
              "tunnel2_inside_ipv6_cidr": "string",
              "tunnel2_log_options": [
                "list",
                [
                  "object",
                  {
                    "cloudwatch_log_options": [
                      "list",
                      [
                        "object",
                        {
                          "log_enabled": "bool",
                          "log_group_arn": "string",
                          "log_output_format": "string"
                        }
                      ]
                    ]
                  }
                ]
              ],
              "tunnel2_phase1_dh_group_numbers": [
                "set",
                "number"
              ],
              "tunnel2_phase1_encryption_algorithms": [
                "set",
                "string"
              ],
              "tunnel2_phase1_integrity_algorithms": [
                "set",
                "string"
              ],
              "tunnel2_phase1_lifetime_seconds": "number",
              "tunnel2_phase2_dh_group_numbers": [
                "set",
                "number"
              ],
              "tunnel2_phase2_encryption_algorithms": [
                "set",
                "string"
              ],
              "tunnel2_phase2_integrity_algorithms": [
                "set",
                "string"
              ],
              "tunnel2_phase2_lifetime_seconds": "number",
              "tunnel2_preshared_key": "string",
              "tunnel2_rekey_fuzz_percentage": "number",
              "tunnel2_rekey_margin_time_seconds": "number",
              "tunnel2_replay_window_size": "number",
              "tunnel2_startup_action": "string",
              "tunnel2_vgw_inside_address": "string",
              "tunnel_inside_ip_version": "string",
              "type": "string",
              "vgw_telemetry": [
                "set",
                [
                  "object",
                  {
                    "accepted_route_count": "number",
                    "certificate_arn": "string",
                    "last_status_change": "string",
                    "outside_ip_address": "string",
                    "status": "string",
                    "status_message": "string"
                  }
                ]
              ],
              "vpn_gateway_id": "string"
            }
          ],
          [
            "object",
            {
              "arn": "string",
              "core_network_arn": "string",
              "core_network_attachment_arn": "string",
              "customer_gateway_configuration": "string",
              "customer_gateway_id": "string",
              "enable_acceleration": "bool",
              "id": "string",
              "local_ipv4_network_cidr": "string",
              "local_ipv6_network_cidr": "string",
              "outside_ip_address_type": "string",
              "remote_ipv4_network_cidr": "string",
              "remote_ipv6_network_cidr": "string",
              "routes": [
                "set",
                [
                  "object",
                  {
                    "destination_cidr_block": "string",
                    "source": "string",
                    "state": "string"
                  }
                ]
              ],
              "static_routes_only": "bool",
              "tags": [
                "map",
                "string"
              ],
              "tags_all": [
                "map",
                "string"
              ],
              "transit_gateway_attachment_id": "string",
              "transit_gateway_id": "string",
              "transport_transit_gateway_attachment_id": "string",
              "tunnel1_address": "string",
              "tunnel1_bgp_asn": "string",
              "tunnel1_bgp_holdtime": "number",
              "tunnel1_cgw_inside_address": "string",
              "tunnel1_dpd_timeout_action": "string",
              "tunnel1_dpd_timeout_seconds": "number",
              "tunnel1_enable_tunnel_lifecycle_control": "bool",
              "tunnel1_ike_versions": [
                "set",
                "string"
              ],
              "tunnel1_inside_cidr": "string",
              "tunnel1_inside_ipv6_cidr": "string",
              "tunnel1_log_options": [
                "list",
                [
                  "object",
                  {
                    "cloudwatch_log_options": [
                      "list",
                      [
                        "object",
                        {
                          "log_enabled": "bool",
                          "log_group_arn": "string",
                          "log_output_format": "string"
                        }
                      ]
                    ]
                  }
                ]
              ],
              "tunnel1_phase1_dh_group_numbers": [
                "set",
                "number"
              ],
              "tunnel1_phase1_encryption_algorithms": [
                "set",
                "string"
              ],
              "tunnel1_phase1_integrity_algorithms": [
                "set",
                "string"
              ],
              "tunnel1_phase1_lifetime_seconds": "number",
              "tunnel1_phase2_dh_group_numbers": [
                "set",
                "number"
              ],
              "tunnel1_phase2_encryption_algorithms": [
                "set",
                "string"
              ],
              "tunnel1_phase2_integrity_algorithms": [
                "set",
                "string"
              ],
              "tunnel1_phase2_lifetime_seconds": "number",
              "tunnel1_preshared_key": "string",
              "tunnel1_rekey_fuzz_percentage": "number",
              "tunnel1_rekey_margin_time_seconds": "number",
              "tunnel1_replay_window_size": "number",
              "tunnel1_startup_action": "string",
              "tunnel1_vgw_inside_address": "string",
              "tunnel2_address": "string",
              "tunnel2_bgp_asn": "string",
              "tunnel2_bgp_holdtime": "number",
              "tunnel2_cgw_inside_address": "string",
              "tunnel2_dpd_timeout_action": "string",
              "tunnel2_dpd_timeout_seconds": "number",
              "tunnel2_enable_tunnel_lifecycle_control": "bool",
              "tunnel2_ike_versions": [
                "set",
                "string"
              ],
              "tunnel2_inside_cidr": "string",
              "tunnel2_inside_ipv6_cidr": "string",
              "tunnel2_log_options": [
                "list",
                [
                  "object",
                  {
                    "cloudwatch_log_options": [
                      "list",
                      [
                        "object",
                        {
                          "log_enabled": "bool",
                          "log_group_arn": "string",
                          "log_output_format": "string"
                        }
                      ]
                    ]
                  }
                ]
              ],
              "tunnel2_phase1_dh_group_numbers": [
                "set",
                "number"
              ],
              "tunnel2_phase1_encryption_algorithms": [
                "set",
                "string"
              ],
              "tunnel2_phase1_integrity_algorithms": [
                "set",
                "string"
              ],
              "tunnel2_phase1_lifetime_seconds": "number",
              "tunnel2_phase2_dh_group_numbers": [
                "set",
                "number"
              ],
              "tunnel2_phase2_encryption_algorithms": [
                "set",
                "string"
              ],
              "tunnel2_phase2_integrity_algorithms": [
                "set",
                "string"
              ],
              "tunnel2_phase2_lifetime_seconds": "number",
              "tunnel2_preshared_key": "string",
              "tunnel2_rekey_fuzz_percentage": "number",
              "tunnel2_rekey_margin_time_seconds": "number",
              "tunnel2_replay_window_size": "number",
              "tunnel2_startup_action": "string",
              "tunnel2_vgw_inside_address": "string",
              "tunnel_inside_ip_version": "string",
              "type": "string",
              "vgw_telemetry": [
                "set",
                [
                  "object",
                  {
                    "accepted_route_count": "number",
                    "certificate_arn": "string",
                    "last_status_change": "string",
                    "outside_ip_address": "string",
                    "status": "string",
                    "status_message": "string"
                  }
                ]
              ],
              "vpn_gateway_id": "string"
            }
          ]
        ]
      ],
      "sensitive": true
    },
    "aws_vpn_connection_tunnel_status": {
      "value": [
        [
          {
            "accepted_route_count": 1,
            "certificate_arn": "",
            "last_status_change": "2024-07-10T09:15:02Z",
            "outside_ip_address": "54.242.254.166",
            "status": "DOWN",
            "status_message": ""
          },
          {
            "accepted_route_count": 1,
            "certificate_arn": "",
            "last_status_change": "2024-07-10T09:21:14Z",
            "outside_ip_address": "52.72.206.17",
            "status": "UP",
            "status_message": ""
          }
        ],
        [
          {
            "accepted_route_count": 1,
            "certificate_arn": "",
            "last_status_change": "2024-07-10T09:14:58Z",
            "outside_ip_address": "54.198.81.238",
            "status": "DOWN",
            "status_message": ""
          },
          {
            "accepted_route_count": 1,
            "certificate_arn": "",
            "last_status_change": "2024-07-10T09:20:23Z",
            "outside_ip_address": "52.44.106.218",
            "status": "UP",
            "status_message": ""
          }
        ]
      ],
      "type": [
        "tuple",
        [
          [
            "set",
            [
              "object",
              {
                "accepted_route_count": "number",
                "certificate_arn": "string",
                "last_status_change": "string",
                "outside_ip_address": "string",
                "status": "string",
                "status_message": "string"
              }
            ]
          ],
          [
            "set",
            [
              "object",
              {
                "accepted_route_count": "number",
                "certificate_arn": "string",
                "last_status_change": "string",
                "outside_ip_address": "string",
                "status": "string",
                "status_message": "string"
              }
            ]
          ]
        ]
      ],
      "sensitive": true
    },
    "azure_vm_private_ip_list": {
      "value": [
        "172.16.1.4",
        "10.10.1.4"
      ],
      "type": [
        "tuple",
        [
          "string",
          "string"
        ]
      ]
    },
    "azure_vnet_gateway_info": {
      "value": [
        {
          "id": "/subscriptions/ac90b42a-8ba9-48f5-9479-94dfd054e40d/resourceGroups/VPNSite2SiteDemo/providers/Microsoft.Network/virtualNetworkGateways/Vnet-Gateway-Demo",
          "public_ip_address": "13.94.44.105",
          "subnet_id": "/subscriptions/ac90b42a-8ba9-48f5-9479-94dfd054e40d/resourceGroups/VPNSite2SiteDemo/providers/Microsoft.Network/virtualNetworks/VpnVnet/subnets/GatewaySubnet"
        },
        {
          "id": "/subscriptions/ac90b42a-8ba9-48f5-9479-94dfd054e40d/resourceGroups/VPNSite2SiteDemo2/providers/Microsoft.Network/virtualNetworkGateways/Vnet-Gateway-Demo2",
          "public_ip_address": "20.2.160.47",
          "subnet_id": "/subscriptions/ac90b42a-8ba9-48f5-9479-94dfd054e40d/resourceGroups/VPNSite2SiteDemo2/providers/Microsoft.Network/virtualNetworks/VpnVnet2/subnets/GatewaySubnet"
        }
      ],
      "type": [
        "tuple",
        [
          [
            "object",
            {
              "id": "string",
              "public_ip_address": "string",
              "subnet_id": "string"
            }
          ],
          [
            "object",
            {
              "id": "string",
              "public_ip_address": "string",
              "subnet_id": "string"
            }
          ]
        ]
      ],
      "sensitive": true
    },
    "azure_vnet_info": {
      "value": [
        {
          "address_space": [
            "172.16.0.0/16"
          ],
          "id": "/subscriptions/ac90b42a-8ba9-48f5-9479-94dfd054e40d/resourceGroups/VPNSite2SiteDemo/providers/Microsoft.Network/virtualNetworks/VpnVnet",
          "subnets": [
            {
              "address_prefix": "172.16.0.0/27",
              "id": "/subscriptions/ac90b42a-8ba9-48f5-9479-94dfd054e40d/resourceGroups/VPNSite2SiteDemo/providers/Microsoft.Network/virtualNetworks/VpnVnet/subnets/GatewaySubnet",
              "name": "GatewaySubnet",
              "security_group": ""
            },
            {
              "address_prefix": "172.16.1.0/24",
              "id": "/subscriptions/ac90b42a-8ba9-48f5-9479-94dfd054e40d/resourceGroups/VPNSite2SiteDemo/providers/Microsoft.Network/virtualNetworks/VpnVnet/subnets/AppSubnet",
              "name": "AppSubnet",
              "security_group": ""
            },
            {
              "address_prefix": "172.16.2.0/24",
              "id": "/subscriptions/ac90b42a-8ba9-48f5-9479-94dfd054e40d/resourceGroups/VPNSite2SiteDemo/providers/Microsoft.Network/virtualNetworks/VpnVnet/subnets/AppGatewaySubnet",
              "name": "AppGatewaySubnet",
              "security_group": ""
            }
          ]
        },
        {
          "address_space": [
            "10.10.0.0/16"
          ],
          "id": "/subscriptions/ac90b42a-8ba9-48f5-9479-94dfd054e40d/resourceGroups/VPNSite2SiteDemo2/providers/Microsoft.Network/virtualNetworks/VpnVnet2",
          "subnets": [
            {
              "address_prefix": "10.10.0.0/27",
              "id": "/subscriptions/ac90b42a-8ba9-48f5-9479-94dfd054e40d/resourceGroups/VPNSite2SiteDemo2/providers/Microsoft.Network/virtualNetworks/VpnVnet2/subnets/GatewaySubnet",
              "name": "GatewaySubnet",
              "security_group": ""
            },
            {
              "address_prefix": "10.10.1.0/24",
              "id": "/subscriptions/ac90b42a-8ba9-48f5-9479-94dfd054e40d/resourceGroups/VPNSite2SiteDemo2/providers/Microsoft.Network/virtualNetworks/VpnVnet2/subnets/AppSubnet",
              "name": "AppSubnet",
              "security_group": ""
            },
            {
              "address_prefix": "10.10.2.0/24",
              "id": "/subscriptions/ac90b42a-8ba9-48f5-9479-94dfd054e40d/resourceGroups/VPNSite2SiteDemo2/providers/Microsoft.Network/virtualNetworks/VpnVnet2/subnets/AppGatewaySubnet",
              "name": "AppGatewaySubnet",
              "security_group": ""
            }
          ]
        }
      ],
      "type": [
        "tuple",
        [
          [
            "object",
            {
              "address_space": [
                "list",
                "string"
              ],
              "id": "string",
              "subnets": [
                "set",
                [
                  "object",
                  {
                    "address_prefix": "string",
                    "id": "string",
                    "name": "string",
                    "security_group": "string"
                  }
                ]
              ]
            }
          ],
          [
            "object",
            {
              "address_space": [
                "list",
                "string"
              ],
              "id": "string",
              "subnets": [
                "set",
                [
                  "object",
                  {
                    "address_prefix": "string",
                    "id": "string",
                    "name": "string",
                    "security_group": "string"
                  }
                ]
              ]
            }
          ]
        ]
      ],
      "sensitive": true
    },
    "azure_vpn_connection_info": {
      "value": [
        {
          "authorization_key": "",
          "connection_mode": "Default",
          "connection_protocol": "IKEv2",
          "custom_bgp_addresses": [],
          "dpd_timeout_seconds": 0,
          "egress_nat_rule_ids": [],
          "enable_bgp": false,
          "express_route_circuit_id": null,
          "express_route_gateway_bypass": false,
          "id": "/subscriptions/ac90b42a-8ba9-48f5-9479-94dfd054e40d/resourceGroups/VPNSite2SiteDemo/providers/Microsoft.Network/connections/myVnetGWConn",
          "ingress_nat_rule_ids": [],
          "ipsec_policy": [],
          "local_azure_ip_address_enabled": false,
          "local_network_gateway_id": "/subscriptions/ac90b42a-8ba9-48f5-9479-94dfd054e40d/resourceGroups/VPNSite2SiteDemo/providers/Microsoft.Network/localNetworkGateways/my-vpn-connection",
          "location": "eastasia",
          "name": "myVnetGWConn",
          "peer_virtual_network_gateway_id": null,
          "resource_group_name": "VPNSite2SiteDemo",
          "routing_weight": 0,
          "shared_key": "sGWaj1uAijMlcbQa1Nb7laHZIMaDVcv6",
          "tags": {},
          "timeouts": null,
          "traffic_selector_policy": [],
          "type": "IPsec",
          "use_policy_based_traffic_selectors": false,
          "virtual_network_gateway_id": "/subscriptions/ac90b42a-8ba9-48f5-9479-94dfd054e40d/resourceGroups/VPNSite2SiteDemo/providers/Microsoft.Network/virtualNetworkGateways/Vnet-Gateway-Demo"
        },
        {
          "authorization_key": "",
          "connection_mode": "Default",
          "connection_protocol": "IKEv2",
          "custom_bgp_addresses": [],
          "dpd_timeout_seconds": 0,
          "egress_nat_rule_ids": [],
          "enable_bgp": false,
          "express_route_circuit_id": null,
          "express_route_gateway_bypass": false,
          "id": "/subscriptions/ac90b42a-8ba9-48f5-9479-94dfd054e40d/resourceGroups/VPNSite2SiteDemo2/providers/Microsoft.Network/connections/myVnetGWConn2",
          "ingress_nat_rule_ids": [],
          "ipsec_policy": [],
          "local_azure_ip_address_enabled": false,
          "local_network_gateway_id": "/subscriptions/ac90b42a-8ba9-48f5-9479-94dfd054e40d/resourceGroups/VPNSite2SiteDemo2/providers/Microsoft.Network/localNetworkGateways/my-vpn-connection2",
          "location": "eastasia",
          "name": "myVnetGWConn2",
          "peer_virtual_network_gateway_id": null,
          "resource_group_name": "VPNSite2SiteDemo2",
          "routing_weight": 0,
          "shared_key": "Bhly8okIq9EMyWIvHdMIx3MgrTIbNBf0",
          "tags": {},
          "timeouts": null,
          "traffic_selector_policy": [],
          "type": "IPsec",
          "use_policy_based_traffic_selectors": false,
          "virtual_network_gateway_id": "/subscriptions/ac90b42a-8ba9-48f5-9479-94dfd054e40d/resourceGroups/VPNSite2SiteDemo2/providers/Microsoft.Network/virtualNetworkGateways/Vnet-Gateway-Demo2"
        }
      ],
      "type": [
        "tuple",
        [
          [
            "object",
            {
              "authorization_key": "string",
              "connection_mode": "string",
              "connection_protocol": "string",
              "custom_bgp_addresses": [
                "list",
                [
                  "object",
                  {
                    "primary": "string",
                    "secondary": "string"
                  }
                ]
              ],
              "dpd_timeout_seconds": "number",
              "egress_nat_rule_ids": [
                "set",
                "string"
              ],
              "enable_bgp": "bool",
              "express_route_circuit_id": "string",
              "express_route_gateway_bypass": "bool",
              "id": "string",
              "ingress_nat_rule_ids": [
                "set",
                "string"
              ],
              "ipsec_policy": [
                "list",
                [
                  "object",
                  {
                    "dh_group": "string",
                    "ike_encryption": "string",
                    "ike_integrity": "string",
                    "ipsec_encryption": "string",
                    "ipsec_integrity": "string",
                    "pfs_group": "string",
                    "sa_datasize": "number",
                    "sa_lifetime": "number"
                  }
                ]
              ],
              "local_azure_ip_address_enabled": "bool",
              "local_network_gateway_id": "string",
              "location": "string",
              "name": "string",
              "peer_virtual_network_gateway_id": "string",
              "resource_group_name": "string",
              "routing_weight": "number",
              "shared_key": "string",
              "tags": [
                "map",
                "string"
              ],
              "timeouts": [
                "object",
                {
                  "create": "string",
                  "delete": "string",
                  "read": "string",
                  "update": "string"
                }
              ],
              "traffic_selector_policy": [
                "list",
                [
                  "object",
                  {
                    "local_address_cidrs": [
                      "list",
                      "string"
                    ],
                    "remote_address_cidrs": [
                      "list",
                      "string"
                    ]
                  }
                ]
              ],
              "type": "string",
              "use_policy_based_traffic_selectors": "bool",
              "virtual_network_gateway_id": "string"
            }
          ],
          [
            "object",
            {
              "authorization_key": "string",
              "connection_mode": "string",
              "connection_protocol": "string",
              "custom_bgp_addresses": [
                "list",
                [
                  "object",
                  {
                    "primary": "string",
                    "secondary": "string"
                  }
                ]
              ],
              "dpd_timeout_seconds": "number",
              "egress_nat_rule_ids": [
                "set",
                "string"
              ],
              "enable_bgp": "bool",
              "express_route_circuit_id": "string",
              "express_route_gateway_bypass": "bool",
              "id": "string",
              "ingress_nat_rule_ids": [
                "set",
                "string"
              ],
              "ipsec_policy": [
                "list",
                [
                  "object",
                  {
                    "dh_group": "string",
                    "ike_encryption": "string",
                    "ike_integrity": "string",
                    "ipsec_encryption": "string",
                    "ipsec_integrity": "string",
                    "pfs_group": "string",
                    "sa_datasize": "number",
                    "sa_lifetime": "number"
                  }
                ]
              ],
              "local_azure_ip_address_enabled": "bool",
              "local_network_gateway_id": "string",
              "location": "string",
              "name": "string",
              "peer_virtual_network_gateway_id": "string",
              "resource_group_name": "string",
              "routing_weight": "number",
              "shared_key": "string",
              "tags": [
                "map",
                "string"
              ],
              "timeouts": [
                "object",
                {
                  "create": "string",
                  "delete": "string",
                  "read": "string",
                  "update": "string"
                }
              ],
              "traffic_selector_policy": [
                "list",
                [
                  "object",
                  {
                    "local_address_cidrs": [
                      "list",
                      "string"
                    ],
                    "remote_address_cidrs": [
                      "list",
                      "string"
                    ]
                  }
                ]
              ],
              "type": "string",
              "use_policy_based_traffic_selectors": "bool",
              "virtual_network_gateway_id": "string"
            }
          ]
        ]
      ],
      "sensitive": true
    }
  },
  "resources": [
    {
      "mode": "managed",
      "type": "azurerm_resource_group",
      "name": "vpn_resource_group",
      "provider": "provider[\"registry.terraform.io/hashicorp/azurerm\"]",
      "instances": [
        {
          "index_key": 0,
          "schema_version": 0,
          "attributes": {
            "id": "/subscriptions/ac90b42a-8ba9-48f5-9479-94dfd054e40d/resourceGroups/VPNSite2SiteDemo",
            "location": "eastasia",
            "managed_by": "",
            "name": "VPNSite2SiteDemo",
            "tags": {
              "author": "khangtictoc",
              "createdBy": "Terraform",
              "environment": "dev",
              "project": "lab_extra_03"
            },
            "timeouts": null
          },
          "sensitive_attributes": [],
          "private": "eyJlMmJmYjczMC1lY2FhLTExZTYtOGY4OC0zNDM2M2JjN2M0YzAiOnsiY3JlYXRlIjo1NDAwMDAwMDAwMDAwLCJkZWxldGUiOjU0MDAwMDAwMDAwMDAsInJlYWQiOjMwMDAwMDAwMDAwMCwidXBkYXRlIjo1NDAwMDAwMDAwMDAwfX0="
        },
        {
          "index_key": 1,
          "schema_version": 0,
          "attributes": {
            "id": "/subscriptions/ac90b42a-8ba9-48f5-9479-94dfd054e40d/resourceGroups/VPNSite2SiteDemo2",
            "location": "eastasia",
            "managed_by": "",
            "name": "VPNSite2SiteDemo2",
            "tags": {
              "author": "khangtictoc",
              "createdBy": "Terraform",
              "environment": "dev",
              "project": "lab_extra_03"
            },
            "timeouts": null
          },
          "sensitive_attributes": [],
          "private": "eyJlMmJmYjczMC1lY2FhLTExZTYtOGY4OC0zNDM2M2JjN2M0YzAiOnsiY3JlYXRlIjo1NDAwMDAwMDAwMDAwLCJkZWxldGUiOjU0MDAwMDAwMDAwMDAsInJlYWQiOjMwMDAwMDAwMDAwMCwidXBkYXRlIjo1NDAwMDAwMDAwMDAwfX0="
        }
      ]
    },
    {
      "module": "module.aws_virtual_machine_demo[0]",
      "mode": "managed",
      "type": "local_file",
      "name": "aws_private_ssh_key",
      "provider": "provider[\"registry.terraform.io/hashicorp/local\"]",
      "instances": [
        {
          "schema_version": 0,
          "attributes": {
            "content": "-----BEGIN RSA PRIVATE KEY-----\nMIIJKAIBAAKCAgEAnwM8UvBcK1ntqjkus0BrDnybUyXN3KdYXshDXmd4egBJa1y0\nSL9yj4X4CNon5Hs/INLPxB+ZOjV98azu5Jm0JD0pI75gPYw3zBFGHQe6EbO1rf/k\nYQLV2AFY9HdJKEbcZhYk3yROuB2DQBxpCVc4W0DxRHqhusVDpfo+SMEsDk6XQElk\n8g7/QW0CSzXkFX55S5wOYFkP7OMqLLy9csiWvMIoRwk0W267OkC6XA+rdyDP8jlJ\nwOD7xUXOC/EN5B0kl12Hlf36KAdeTOk5PvIepQkiHGHOKwmUS6r2ORjQQ5FsdmhN\nEYpz0bjmTJyLOjxuO1Lni9mX60xZBW1VU2Lavx7r0F6ShKdZUlRSRZpD0ibuTu2T\nG60/+N/4A7EExmelnHPv1TXAHE4HtIBxDk95piPu2Duyk4PXUiDDZPehLPMezFlG\nyHFvpWQiLqY1M7L3dGQuVqM2yK53r+ibt/TuYMTfbNAsYidkt434+vtJV1/bBUCd\n5q3yYsEbu2C9IRxxazQh/aMra8eFEfBE4yBhx5vfnqb0vBxSKiO17rp/fIobCvwe\nkO1ZlQ1/Qz7ByW51E6Xk1s7dZ8NW6vzFtH0bg90VuBIBPQIwPBcLcpe8hHnnkGtJ\ntq5CQ3FAhvKjpj0MihQGjShIvJUSaBofKqe8UI+9tZg4xhgs5HWkULIxSvsCAwEA\nAQKCAgAQO2JTDRo7iqiKMeAkiDTle67XZAqJtcN9mW/XGTThL1pPTV1R98kYAZL6\nRFrCJhqhnSN8X8VifcdnfkG8sDwFXwDuFyb34XJosHK5z+ocmH25T1/ez01JCYot\nGmgrZmBlQ2lsJearQMf/KWdHftHP7ucyGFqeGDj5nnvxLVbz9u3VsChP1VwVL62G\nQ/AOiaSUJVAKYc0QX3gUrQehyfwpNKCr77Kaiskt/yGG+EqGlKDllxeCSvUohCGu\ncmL6oEb19KQ8mXqJz4a+zyf61vht3GrQ/uLu3cF3n/IWjgPkgdnSlH8ZhUqhZACO\nXYSQ405VW/cq/YFWkaqctTZ6lqLBqoeIINKnz0CIK+VK17lI95W0N93DhcgAwLvP\n2aDuOG4UDjcTAOTCWHhDZgHtkNQh6zXvOxpCpIBbQDY1ZyRtfIPo5js/xQ1yRwXr\ns1zIN2T1ZoOSq9wnWQDUAE1qVZ1f6npqIPWu+BEn+MHpBnmNs3AuC8ka4MrGG4vy\nUFkhH2JK5tyGueT1ykUmDgLrNWxV5J0apPUOPIXknoRSqetkzrxwAIW98wk3nrmf\nj3d83BgdTTUeUOeaMgo56TNl75KoyFgsZNF+hcC25D1G8KFBUBY81jvJycpVbZMO\nXTNBxkzfjmC02uO2sVb8FSN5SKjqQ7SbJmDSlSBZxYW9ZDpOkQKCAQEA04DMv/L7\nB1LUHUJt6i7UKHSD75J1MtSgjkzlM+TwqWHVEJ3OpU7Kargd2ve4PUsimt0Eu0vs\nXyx79Hc59zomkSMEtQsTKlwLJc39WucB66VRAdD7XOEuvs2izjUWFi3rNLmL2YPy\nUBeduIUHkwKMd9JxlFTohU/9fphqGSBKCfVMBEhsTc2JUGQAuKjA+I6t7dWdzl9a\n0klarDFQROhpgMdW4BT/uvoRjYl///3sDF4Vbsklade3QJoM9sgBQ3UeWP/mXosg\ngUjcDMnkywYe1oeKWknrKVaJRJznEZWd4Gf+bXn1mYdf/cFjZBsY7Drtsacah8Vs\nxMXqkAJKDci6jQKCAQEAwHdjHj+x9gjPoQC8yUGVfpCbZ9jggcjYyc1iFoqaYPXt\nVjCwAfLq+1GVVcDVZDxWaBcDcpFxsdS1jHFNAbXAoDotCo0PzboCTyiKonUDKe0C\nRBjkNmJWAgZ2rJmAdnMaaz8wC470U+QFU5UY+EmxsHnJoSTYIE5AlrI8rmqnwXWu\no/iUOcAp+c9lIOtMKJt81ERZZDCKofcC4Xqf53e+sWuhPvIhWoIBKvY2AG2GJwvX\nq0SUT7/Zn0SjHZbfutA++1y8drL6yBufOBelTG/pwgFRbromYQXHMDe3cPMh8MjA\nLidyJh03WyywD84ZEwzyCRDo3BqI7kSAmTItcfw9pwKCAQBTFCHZOEmQy+FUCPcB\n6RkfNv1oSqBMsibLHrtdkg1Si4JU/5ffaT6rgtz/WRT+xpe2OyETrTQRAnlCQt77\nFNV3Z0j/EHWbywH5/JsLbPhdJtfWHc/O4Qkqm73awBGH7suYL1YWv/Sbr1sd0utx\nvKuOmZRRzrRzQUNyyc3LRtquZLNSb1xTh2vrrwx1fJwoRmtdo+5T1TLorTW3s7sz\nBhQDKMogRT9ao8XnUd58oLJq/T3wAYT3uWtbLefvvAp7A/NCxGoqMv42qnb9cwSz\nFxlf7WfUJXsBBuPulq9RQfL85fyT5jcp8norRB6VgOteR5t8kAYk1NDvzkpf/PY3\nyeQ1AoIBAGSjyOt/SPIrB07cENt39NDakriJmlOjD2DuiVTaIwGCdxkzmkVanW7O\n6TSPAcZJGrGRHxdgYEApxsjqUecL/+6InRbATjw4AI8d1ug+IWph6WZsUaDyaKDk\nelekaJ0HcRAVWW0h0javq+1ZsFXcSxLJjBo8Jts1r+Zcywg08wVhIPHSwMc16X0b\n6nh9MTSmoW5pUwjlrQgmHpaCxWyGm+swKX+9op0uD6hEWFZ+7sAqHBsNYDQXUJdM\nj7KgOtr3m4dapZ231xSeBPKSwremaWgtwkQRCJKBL/fRmpVwPRYoEv3PWIv/iPue\n8W1CSrBAe6sr8WduZJ2aqlfw+fx5dk8CggEBAMj3OTUvxEVGFG6rJa2ITjMXD430\n8S69RFPvYhmx6DqFHx6vlXFaxS+QRhuwS9wZQ6OU759kAFzuIIeg+awansRedQMq\n2bEqlXJ6FKJhgps3a/7CiG5I2xfpUGfQV8w8W+93lNQ9xBGdyX7G/mzUrQqkAepc\ntykU6+leAGPJHMq48q2SW48UF8ctBix7i3iY4/GiX6frKgKLTqx94jNr71oWRzUA\n2byMa5RPPDWP2gNtRCBMKhysEtZHDdJO8h+3WM7xFmz+ypzKdctcPFx4tkIZa49f\nFSzoQ+s1hFHjFoSBC5of4CAmNFU/YcJtXcCkc8dpRaN51sOGMzPtlCsDO0g=\n-----END RSA PRIVATE KEY-----\n",
            "content_base64": null,
            "content_base64sha256": "3rNgmqtB1lpeETIAOh0F7roPIpnpBF9FmkJ+jrD1EeI=",
            "content_base64sha512": "BhrXF3FwkDxhF2L6+7kHPkp/pynCrk3K9nHRs/ZQKQDyM+SHJdDjA2hb3PH9op5TlrvFXvIHqmnBa6nIdZC8Ig==",
            "content_md5": "9018320b14c02f2b73ae1857d121ed9e",
            "content_sha1": "7a258751fdfde933395e5502cb4c35e2d1863da5",
            "content_sha256": "deb3609aab41d65a5e1132003a1d05eeba0f2299e9045f459a427e8eb0f511e2",
            "content_sha512": "061ad7177170903c611762fafbb9073e4a7fa729c2ae4dcaf671d1b3f6502900f233e48725d0e303685bdcf1fda29e5396bbc55ef207aa69c16ba9c87590bc22",
            "directory_permission": "0777",
            "file_permission": "0777",
            "filename": "credentials/aws/private_key",
            "id": "7a258751fdfde933395e5502cb4c35e2d1863da5",
            "sensitive_content": null,
            "source": null
          },
          "sensitive_attributes": [
            [
              {
                "type": "get_attr",
                "value": "sensitive_content"
              }
            ],
            [
              {
                "type": "get_attr",
                "value": "content"
              }
            ]
          ],
          "dependencies": [
            "module.aws_virtual_machine_demo.module.keypair.tls_private_key.pk"
          ]
        }
      ]
    },
    {
      "module": "module.aws_virtual_machine_demo[0]",
      "mode": "managed",
      "type": "null_resource",
      "name": "add_host_key",
      "provider": "provider[\"registry.terraform.io/hashicorp/null\"]",
      "instances": [
        {
          "schema_version": 0,
          "attributes": {
            "id": "18308117624992745",
            "triggers": {
              "always_run": "7a258751fdfde933395e5502cb4c35e2d1863da5"
            }
          },
          "sensitive_attributes": [],
          "dependencies": [
            "module.aws_virtual_machine_demo.local_file.aws_private_ssh_key",
            "module.aws_virtual_machine_demo.module.keypair.tls_private_key.pk"
          ]
        }
      ]
    },
    {
      "module": "module.aws_virtual_machine_demo[0].module.ec2_instance",
      "mode": "managed",
      "type": "aws_instance",
      "name": "instance",
      "provider": "provider[\"registry.terraform.io/hashicorp/aws\"]",
      "instances": [
        {
          "schema_version": 1,
          "attributes": {
            "ami": "ami-06aa3f7caf3a30282",
            "arn": "arn:aws:ec2:us-east-1:008748484958:instance/i-09eaba3c9a0363257",
            "associate_public_ip_address": true,
            "availability_zone": "us-east-1c",
            "capacity_reservation_specification": [
              {
                "capacity_reservation_preference": "open",
                "capacity_reservation_target": []
              }
            ],
            "cpu_core_count": 2,
            "cpu_options": [
              {
                "amd_sev_snp": "",
                "core_count": 2,
                "threads_per_core": 1
              }
            ],
            "cpu_threads_per_core": 1,
            "credit_specification": [
              {
                "cpu_credits": "standard"
              }
            ],
            "disable_api_stop": false,
            "disable_api_termination": false,
            "ebs_block_device": [
              {
                "delete_on_termination": true,
                "device_name": "/dev/sda1",
                "encrypted": false,
                "iops": 100,
                "kms_key_id": "",
                "snapshot_id": "",
                "tags": {},
                "throughput": 0,
                "volume_id": "vol-04974e0f9b2fc6d17",
                "volume_size": 30,
                "volume_type": "gp2"
              }
            ],
            "ebs_optimized": false,
            "enclave_options": [
              {
                "enabled": false
              }
            ],
            "ephemeral_block_device": [],
            "get_password_data": false,
            "hibernation": false,
            "host_id": "",
            "host_resource_group_arn": null,
            "iam_instance_profile": "",
            "id": "i-09eaba3c9a0363257",
            "instance_initiated_shutdown_behavior": "terminate",
            "instance_lifecycle": "spot",
            "instance_market_options": [
              {
                "market_type": "spot",
                "spot_options": [
                  {
                    "instance_interruption_behavior": "terminate",
                    "max_price": "0.046400",
                    "spot_instance_type": "one-time",
                    "valid_until": ""
                  }
                ]
              }
            ],
            "instance_state": "running",
            "instance_type": "t2.medium",
            "ipv6_address_count": 0,
            "ipv6_addresses": [],
            "key_name": "mykey",
            "launch_template": [],
            "maintenance_options": [
              {
                "auto_recovery": "default"
              }
            ],
            "metadata_options": [
              {
                "http_endpoint": "enabled",
                "http_protocol_ipv6": "disabled",
                "http_put_response_hop_limit": 1,
                "http_tokens": "optional",
                "instance_metadata_tags": "disabled"
              }
            ],
            "monitoring": false,
            "network_interface": [],
            "outpost_arn": "",
            "password_data": "",
            "placement_group": "",
            "placement_partition_number": 0,
            "primary_network_interface_id": "eni-0df7b51d1def0fcad",
            "private_dns": "ip-192-168-1-200.ec2.internal",
            "private_dns_name_options": [
              {
                "enable_resource_name_dns_a_record": false,
                "enable_resource_name_dns_aaaa_record": false,
                "hostname_type": "ip-name"
              }
            ],
            "private_ip": "192.168.1.200",
            "public_dns": "",
            "public_ip": "54.196.141.254",
            "root_block_device": [
              {
                "delete_on_termination": true,
                "device_name": "/dev/sda1",
                "encrypted": false,
                "iops": 100,
                "kms_key_id": "",
                "tags": {},
                "throughput": 0,
                "volume_id": "vol-04974e0f9b2fc6d17",
                "volume_size": 30,
                "volume_type": "gp2"
              }
            ],
            "secondary_private_ips": [],
            "security_groups": [],
            "source_dest_check": true,
            "spot_instance_request_id": "sir-rv9ezkkg",
            "subnet_id": "subnet-04511487e5abacb1b",
            "tags": {
              "Name": "target01",
              "author": "khangtictoc",
              "createdBy": "Terraform",
              "environment": "dev",
              "project": "lab_extra_03"
            },
            "tags_all": {
              "Name": "target01",
              "author": "khangtictoc",
              "createdBy": "Terraform",
              "environment": "dev",
              "project": "lab_extra_03"
            },
            "tenancy": "default",
            "timeouts": null,
            "user_data": null,
            "user_data_base64": null,
            "user_data_replace_on_change": false,
            "volume_tags": null,
            "vpc_security_group_ids": [
              "sg-0669610ef97cd0d11"
            ]
          },
          "sensitive_attributes": [],
          "private": "eyJlMmJmYjczMC1lY2FhLTExZTYtOGY4OC0zNDM2M2JjN2M0YzAiOnsiY3JlYXRlIjo2MDAwMDAwMDAwMDAsImRlbGV0ZSI6MTIwMDAwMDAwMDAwMCwidXBkYXRlIjo2MDAwMDAwMDAwMDB9LCJzY2hlbWFfdmVyc2lvbiI6IjEifQ==",
          "dependencies": [
            "azurerm_resource_group.vpn_resource_group",
            "module.aws_virtual_machine_demo.module.keypair.aws_key_pair.my_keypair",
            "module.aws_virtual_machine_demo.module.keypair.tls_private_key.pk",
            "module.aws_virtual_machine_demo.module.security_group.aws_security_group.security_group",
            "module.vpn_s2s_aws_azure.module.aws_network.aws_internet_gateway.internet_gateway",
            "module.vpn_s2s_aws_azure.module.aws_network.aws_subnet.vpn_subnet",
            "module.vpn_s2s_aws_azure.module.aws_network.aws_vpc.vpn_vpc",
            "module.vpn_s2s_aws_azure.module.aws_network.aws_vpn_gateway.virtual_private_gateway",
            "module.vpn_s2s_aws_azure.module.azure_network.azurerm_public_ip.vpn_public_ip",
            "module.vpn_s2s_aws_azure.module.azure_network.azurerm_subnet.vpn_subnet",
            "module.vpn_s2s_aws_azure.module.azure_network.azurerm_virtual_network.vpn_virtual_network",
            "module.vpn_s2s_aws_azure.module.azure_network.azurerm_virtual_network_gateway.virtual_network_gateway",
            "module.vpn_s2s_aws_azure.module.vpn_SiteToSite_connection.aws_customer_gateway.customer_gateway",
            "module.vpn_s2s_aws_azure.module.vpn_SiteToSite_connection.aws_route.internet_gateway_route",
            "module.vpn_s2s_aws_azure.module.vpn_SiteToSite_connection.aws_route.vpn_gateway_route",
            "module.vpn_s2s_aws_azure.module.vpn_SiteToSite_connection.aws_vpn_connection.vpn_connection",
            "module.vpn_s2s_aws_azure.module.vpn_SiteToSite_connection.aws_vpn_connection_route.vpn_static_routes",
            "module.vpn_s2s_aws_azure.module.vpn_SiteToSite_connection.azurerm_local_network_gateway.local_network_gateway",
            "module.vpn_s2s_aws_azure.module.vpn_SiteToSite_connection.azurerm_virtual_network_gateway_connection.vpn_connection"
          ]
        }
      ]
    },
    {
      "module": "module.aws_virtual_machine_demo[0].module.keypair",
      "mode": "managed",
      "type": "aws_key_pair",
      "name": "my_keypair",
      "provider": "provider[\"registry.terraform.io/hashicorp/aws\"]",
      "instances": [
        {
          "schema_version": 1,
          "attributes": {
            "arn": "arn:aws:ec2:us-east-1:008748484958:key-pair/mykey",
            "fingerprint": "e8:ea:bb:6a:71:de:66:a7:8a:49:88:84:f3:df:d5:7c",
            "id": "mykey",
            "key_name": "mykey",
            "key_name_prefix": "",
            "key_pair_id": "key-0dcdfe4965cdd0759",
            "key_type": "rsa",
            "public_key": "ssh-rsa AAAAB3NzaC1yc2EAAAADAQABAAACAQCfAzxS8FwrWe2qOS6zQGsOfJtTJc3cp1heyENeZ3h6AElrXLRIv3KPhfgI2ifkez8g0s/EH5k6NX3xrO7kmbQkPSkjvmA9jDfMEUYdB7oRs7Wt/+RhAtXYAVj0d0koRtxmFiTfJE64HYNAHGkJVzhbQPFEeqG6xUOl+j5IwSwOTpdASWTyDv9BbQJLNeQVfnlLnA5gWQ/s4yosvL1yyJa8wihHCTRbbrs6QLpcD6t3IM/yOUnA4PvFRc4L8Q3kHSSXXYeV/fooB15M6Tk+8h6lCSIcYc4rCZRLqvY5GNBDkWx2aE0RinPRuOZMnIs6PG47UueL2ZfrTFkFbVVTYtq/HuvQXpKEp1lSVFJFmkPSJu5O7ZMbrT/43/gDsQTGZ6Wcc+/VNcAcTge0gHEOT3mmI+7YO7KTg9dSIMNk96Es8x7MWUbIcW+lZCIupjUzsvd0ZC5WozbIrnev6Ju39O5gxN9s0CxiJ2S3jfj6+0lXX9sFQJ3mrfJiwRu7YL0hHHFrNCH9oytrx4UR8ETjIGHHm9+epvS8HFIqI7Xuun98ihsK/B6Q7VmVDX9DPsHJbnUTpeTWzt1nw1bq/MW0fRuD3RW4EgE9AjA8Fwtyl7yEeeeQa0m2rkJDcUCG8qOmPQyKFAaNKEi8lRJoGh8qp7xQj721mDjGGCzkdaRQsjFK+w==",
            "tags": {},
            "tags_all": {}
          },
          "sensitive_attributes": [],
          "private": "eyJzY2hlbWFfdmVyc2lvbiI6IjEifQ==",
          "dependencies": [
            "module.aws_virtual_machine_demo.module.keypair.tls_private_key.pk"
          ]
        }
      ]
    },
    {
      "module": "module.aws_virtual_machine_demo[0].module.keypair",
      "mode": "managed",
      "type": "tls_private_key",
      "name": "pk",
      "provider": "provider[\"registry.terraform.io/hashicorp/tls\"]",
      "instances": [
        {
          "schema_version": 1,
          "attributes": {
            "algorithm": "RSA",
            "ecdsa_curve": "P224",
            "id": "2da164ef2a7aa81de734aa97b19badf8148f0ad8",
            "private_key_openssh": "-----BEGIN OPENSSH PRIVATE KEY-----\nb3BlbnNzaC1rZXktdjEAAAAABG5vbmUAAAAEbm9uZQAAAAAAAAABAAACFwAAAAdz\nc2gtcnNhAAAAAwEAAQAAAgEAnwM8UvBcK1ntqjkus0BrDnybUyXN3KdYXshDXmd4\negBJa1y0SL9yj4X4CNon5Hs/INLPxB+ZOjV98azu5Jm0JD0pI75gPYw3zBFGHQe6\nEbO1rf/kYQLV2AFY9HdJKEbcZhYk3yROuB2DQBxpCVc4W0DxRHqhusVDpfo+SMEs\nDk6XQElk8g7/QW0CSzXkFX55S5wOYFkP7OMqLLy9csiWvMIoRwk0W267OkC6XA+r\ndyDP8jlJwOD7xUXOC/EN5B0kl12Hlf36KAdeTOk5PvIepQkiHGHOKwmUS6r2ORjQ\nQ5FsdmhNEYpz0bjmTJyLOjxuO1Lni9mX60xZBW1VU2Lavx7r0F6ShKdZUlRSRZpD\n0ibuTu2TG60/+N/4A7EExmelnHPv1TXAHE4HtIBxDk95piPu2Duyk4PXUiDDZPeh\nLPMezFlGyHFvpWQiLqY1M7L3dGQuVqM2yK53r+ibt/TuYMTfbNAsYidkt434+vtJ\nV1/bBUCd5q3yYsEbu2C9IRxxazQh/aMra8eFEfBE4yBhx5vfnqb0vBxSKiO17rp/\nfIobCvwekO1ZlQ1/Qz7ByW51E6Xk1s7dZ8NW6vzFtH0bg90VuBIBPQIwPBcLcpe8\nhHnnkGtJtq5CQ3FAhvKjpj0MihQGjShIvJUSaBofKqe8UI+9tZg4xhgs5HWkULIx\nSvsAAAc4E4YVRROGFUUAAAAHc3NoLXJzYQAAAgEAnwM8UvBcK1ntqjkus0BrDnyb\nUyXN3KdYXshDXmd4egBJa1y0SL9yj4X4CNon5Hs/INLPxB+ZOjV98azu5Jm0JD0p\nI75gPYw3zBFGHQe6EbO1rf/kYQLV2AFY9HdJKEbcZhYk3yROuB2DQBxpCVc4W0Dx\nRHqhusVDpfo+SMEsDk6XQElk8g7/QW0CSzXkFX55S5wOYFkP7OMqLLy9csiWvMIo\nRwk0W267OkC6XA+rdyDP8jlJwOD7xUXOC/EN5B0kl12Hlf36KAdeTOk5PvIepQki\nHGHOKwmUS6r2ORjQQ5FsdmhNEYpz0bjmTJyLOjxuO1Lni9mX60xZBW1VU2Lavx7r\n0F6ShKdZUlRSRZpD0ibuTu2TG60/+N/4A7EExmelnHPv1TXAHE4HtIBxDk95piPu\n2Duyk4PXUiDDZPehLPMezFlGyHFvpWQiLqY1M7L3dGQuVqM2yK53r+ibt/TuYMTf\nbNAsYidkt434+vtJV1/bBUCd5q3yYsEbu2C9IRxxazQh/aMra8eFEfBE4yBhx5vf\nnqb0vBxSKiO17rp/fIobCvwekO1ZlQ1/Qz7ByW51E6Xk1s7dZ8NW6vzFtH0bg90V\nuBIBPQIwPBcLcpe8hHnnkGtJtq5CQ3FAhvKjpj0MihQGjShIvJUSaBofKqe8UI+9\ntZg4xhgs5HWkULIxSvsAAAADAQABAAACABA7YlMNGjuKqIox4CSINOV7rtdkCom1\nw32Zb9cZNOEvWk9NXVH3yRgBkvpEWsImGqGdI3xfxWJ9x2d+QbywPAVfAO4XJvfh\ncmiwcrnP6hyYfblPX97PTUkJii0aaCtmYGVDaWwl5qtAx/8pZ0d+0c/u5zIYWp4Y\nOPmee/EtVvP27dWwKE/VXBUvrYZD8A6JpJQlUAphzRBfeBStB6HJ/Ck0oKvvspqK\nyS3/IYb4SoaUoOWXF4JK9SiEIa5yYvqgRvX0pDyZeonPhr7PJ/rW+G3catD+4u7d\nwXef8haOA+SB2dKUfxmFSqFkAI5dhJDjTlVb9yr9gVaRqpy1NnqWosGqh4gg0qfP\nQIgr5UrXuUj3lbQ33cOFyADAu8/ZoO44bhQONxMA5MJYeENmAe2Q1CHrNe87GkKk\ngFtANjVnJG18g+jmOz/FDXJHBeuzXMg3ZPVmg5Kr3CdZANQATWpVnV/qemog9a74\nESf4wekGeY2zcC4LyRrgysYbi/JQWSEfYkrm3Ia55PXKRSYOAus1bFXknRqk9Q48\nheSehFKp62TOvHAAhb3zCTeeuZ+Pd3zcGB1NNR5Q55oyCjnpM2XvkqjIWCxk0X6F\nwLbkPUbwoUFQFjzWO8nJylVtkw5dM0HGTN+OYLTa47axVvwVI3lIqOpDtJsmYNKV\nIFnFhb1kOk6RAAABAQDI9zk1L8RFRhRuqyWtiE4zFw+N9PEuvURT72IZseg6hR8e\nr5VxWsUvkEYbsEvcGUOjlO+fZABc7iCHoPmsGp7EXnUDKtmxKpVyehSiYYKbN2v+\nwohuSNsX6VBn0FfMPFvvd5TUPcQRncl+xv5s1K0KpAHqXLcpFOvpXgBjyRzKuPKt\nkluPFBfHLQYse4t4mOPxol+n6yoCi06sfeIza+9aFkc1ANm8jGuUTzw1j9oDbUQg\nTCocrBLWRw3STvIft1jO8RZs/sqcynXLXDxceLZCGWuPXxUs6EPrNYRR4xaEgQua\nH+AgJjRVP2HCbV3ApHPHaUWjedbDhjMz7ZQrAztIAAABAQDTgMy/8vsHUtQdQm3q\nLtQodIPvknUy1KCOTOUz5PCpYdUQnc6lTspquB3a97g9SyKa3QS7S+xfLHv0dzn3\nOiaRIwS1CxMqXAslzf1a5wHrpVEB0Ptc4S6+zaLONRYWLes0uYvZg/JQF524hQeT\nAox30nGUVOiFT/1+mGoZIEoJ9UwESGxNzYlQZAC4qMD4jq3t1Z3OX1rSSVqsMVBE\n6GmAx1bgFP+6+hGNiX///ewMXhVuySVp17dAmgz2yAFDdR5Y/+ZeiyCBSNwMyeTL\nBh7Wh4paSespVolEnOcRlZ3gZ/5tefWZh1/9wWNkGxjsOu2xpxqHxWzExeqQAkoN\nyLqNAAABAQDAd2MeP7H2CM+hALzJQZV+kJtn2OCByNjJzWIWippg9e1WMLAB8ur7\nUZVVwNVkPFZoFwNykXGx1LWMcU0BtcCgOi0KjQ/NugJPKIqidQMp7QJEGOQ2YlYC\nBnasmYB2cxprPzALjvRT5AVTlRj4SbGwecmhJNggTkCWsjyuaqfBda6j+JQ5wCn5\nz2Ug60wom3zURFlkMIqh9wLhep/nd76xa6E+8iFaggEq9jYAbYYnC9erRJRPv9mf\nRKMdlt+60D77XLx2svrIG584F6VMb+nCAVFuuiZhBccwN7dw8yHwyMAuJ3ImHTdb\nLLAPzhkTDPIJEOjcGojuRICZMi1x/D2nAAAAAAEC\n-----END OPENSSH PRIVATE KEY-----\n",
            "private_key_pem": "-----BEGIN RSA PRIVATE KEY-----\nMIIJKAIBAAKCAgEAnwM8UvBcK1ntqjkus0BrDnybUyXN3KdYXshDXmd4egBJa1y0\nSL9yj4X4CNon5Hs/INLPxB+ZOjV98azu5Jm0JD0pI75gPYw3zBFGHQe6EbO1rf/k\nYQLV2AFY9HdJKEbcZhYk3yROuB2DQBxpCVc4W0DxRHqhusVDpfo+SMEsDk6XQElk\n8g7/QW0CSzXkFX55S5wOYFkP7OMqLLy9csiWvMIoRwk0W267OkC6XA+rdyDP8jlJ\nwOD7xUXOC/EN5B0kl12Hlf36KAdeTOk5PvIepQkiHGHOKwmUS6r2ORjQQ5FsdmhN\nEYpz0bjmTJyLOjxuO1Lni9mX60xZBW1VU2Lavx7r0F6ShKdZUlRSRZpD0ibuTu2T\nG60/+N/4A7EExmelnHPv1TXAHE4HtIBxDk95piPu2Duyk4PXUiDDZPehLPMezFlG\nyHFvpWQiLqY1M7L3dGQuVqM2yK53r+ibt/TuYMTfbNAsYidkt434+vtJV1/bBUCd\n5q3yYsEbu2C9IRxxazQh/aMra8eFEfBE4yBhx5vfnqb0vBxSKiO17rp/fIobCvwe\nkO1ZlQ1/Qz7ByW51E6Xk1s7dZ8NW6vzFtH0bg90VuBIBPQIwPBcLcpe8hHnnkGtJ\ntq5CQ3FAhvKjpj0MihQGjShIvJUSaBofKqe8UI+9tZg4xhgs5HWkULIxSvsCAwEA\nAQKCAgAQO2JTDRo7iqiKMeAkiDTle67XZAqJtcN9mW/XGTThL1pPTV1R98kYAZL6\nRFrCJhqhnSN8X8VifcdnfkG8sDwFXwDuFyb34XJosHK5z+ocmH25T1/ez01JCYot\nGmgrZmBlQ2lsJearQMf/KWdHftHP7ucyGFqeGDj5nnvxLVbz9u3VsChP1VwVL62G\nQ/AOiaSUJVAKYc0QX3gUrQehyfwpNKCr77Kaiskt/yGG+EqGlKDllxeCSvUohCGu\ncmL6oEb19KQ8mXqJz4a+zyf61vht3GrQ/uLu3cF3n/IWjgPkgdnSlH8ZhUqhZACO\nXYSQ405VW/cq/YFWkaqctTZ6lqLBqoeIINKnz0CIK+VK17lI95W0N93DhcgAwLvP\n2aDuOG4UDjcTAOTCWHhDZgHtkNQh6zXvOxpCpIBbQDY1ZyRtfIPo5js/xQ1yRwXr\ns1zIN2T1ZoOSq9wnWQDUAE1qVZ1f6npqIPWu+BEn+MHpBnmNs3AuC8ka4MrGG4vy\nUFkhH2JK5tyGueT1ykUmDgLrNWxV5J0apPUOPIXknoRSqetkzrxwAIW98wk3nrmf\nj3d83BgdTTUeUOeaMgo56TNl75KoyFgsZNF+hcC25D1G8KFBUBY81jvJycpVbZMO\nXTNBxkzfjmC02uO2sVb8FSN5SKjqQ7SbJmDSlSBZxYW9ZDpOkQKCAQEA04DMv/L7\nB1LUHUJt6i7UKHSD75J1MtSgjkzlM+TwqWHVEJ3OpU7Kargd2ve4PUsimt0Eu0vs\nXyx79Hc59zomkSMEtQsTKlwLJc39WucB66VRAdD7XOEuvs2izjUWFi3rNLmL2YPy\nUBeduIUHkwKMd9JxlFTohU/9fphqGSBKCfVMBEhsTc2JUGQAuKjA+I6t7dWdzl9a\n0klarDFQROhpgMdW4BT/uvoRjYl///3sDF4Vbsklade3QJoM9sgBQ3UeWP/mXosg\ngUjcDMnkywYe1oeKWknrKVaJRJznEZWd4Gf+bXn1mYdf/cFjZBsY7Drtsacah8Vs\nxMXqkAJKDci6jQKCAQEAwHdjHj+x9gjPoQC8yUGVfpCbZ9jggcjYyc1iFoqaYPXt\nVjCwAfLq+1GVVcDVZDxWaBcDcpFxsdS1jHFNAbXAoDotCo0PzboCTyiKonUDKe0C\nRBjkNmJWAgZ2rJmAdnMaaz8wC470U+QFU5UY+EmxsHnJoSTYIE5AlrI8rmqnwXWu\no/iUOcAp+c9lIOtMKJt81ERZZDCKofcC4Xqf53e+sWuhPvIhWoIBKvY2AG2GJwvX\nq0SUT7/Zn0SjHZbfutA++1y8drL6yBufOBelTG/pwgFRbromYQXHMDe3cPMh8MjA\nLidyJh03WyywD84ZEwzyCRDo3BqI7kSAmTItcfw9pwKCAQBTFCHZOEmQy+FUCPcB\n6RkfNv1oSqBMsibLHrtdkg1Si4JU/5ffaT6rgtz/WRT+xpe2OyETrTQRAnlCQt77\nFNV3Z0j/EHWbywH5/JsLbPhdJtfWHc/O4Qkqm73awBGH7suYL1YWv/Sbr1sd0utx\nvKuOmZRRzrRzQUNyyc3LRtquZLNSb1xTh2vrrwx1fJwoRmtdo+5T1TLorTW3s7sz\nBhQDKMogRT9ao8XnUd58oLJq/T3wAYT3uWtbLefvvAp7A/NCxGoqMv42qnb9cwSz\nFxlf7WfUJXsBBuPulq9RQfL85fyT5jcp8norRB6VgOteR5t8kAYk1NDvzkpf/PY3\nyeQ1AoIBAGSjyOt/SPIrB07cENt39NDakriJmlOjD2DuiVTaIwGCdxkzmkVanW7O\n6TSPAcZJGrGRHxdgYEApxsjqUecL/+6InRbATjw4AI8d1ug+IWph6WZsUaDyaKDk\nelekaJ0HcRAVWW0h0javq+1ZsFXcSxLJjBo8Jts1r+Zcywg08wVhIPHSwMc16X0b\n6nh9MTSmoW5pUwjlrQgmHpaCxWyGm+swKX+9op0uD6hEWFZ+7sAqHBsNYDQXUJdM\nj7KgOtr3m4dapZ231xSeBPKSwremaWgtwkQRCJKBL/fRmpVwPRYoEv3PWIv/iPue\n8W1CSrBAe6sr8WduZJ2aqlfw+fx5dk8CggEBAMj3OTUvxEVGFG6rJa2ITjMXD430\n8S69RFPvYhmx6DqFHx6vlXFaxS+QRhuwS9wZQ6OU759kAFzuIIeg+awansRedQMq\n2bEqlXJ6FKJhgps3a/7CiG5I2xfpUGfQV8w8W+93lNQ9xBGdyX7G/mzUrQqkAepc\ntykU6+leAGPJHMq48q2SW48UF8ctBix7i3iY4/GiX6frKgKLTqx94jNr71oWRzUA\n2byMa5RPPDWP2gNtRCBMKhysEtZHDdJO8h+3WM7xFmz+ypzKdctcPFx4tkIZa49f\nFSzoQ+s1hFHjFoSBC5of4CAmNFU/YcJtXcCkc8dpRaN51sOGMzPtlCsDO0g=\n-----END RSA PRIVATE KEY-----\n",
            "private_key_pem_pkcs8": "-----BEGIN PRIVATE KEY-----\nMIIJQgIBADANBgkqhkiG9w0BAQEFAASCCSwwggkoAgEAAoICAQCfAzxS8FwrWe2q\nOS6zQGsOfJtTJc3cp1heyENeZ3h6AElrXLRIv3KPhfgI2ifkez8g0s/EH5k6NX3x\nrO7kmbQkPSkjvmA9jDfMEUYdB7oRs7Wt/+RhAtXYAVj0d0koRtxmFiTfJE64HYNA\nHGkJVzhbQPFEeqG6xUOl+j5IwSwOTpdASWTyDv9BbQJLNeQVfnlLnA5gWQ/s4yos\nvL1yyJa8wihHCTRbbrs6QLpcD6t3IM/yOUnA4PvFRc4L8Q3kHSSXXYeV/fooB15M\n6Tk+8h6lCSIcYc4rCZRLqvY5GNBDkWx2aE0RinPRuOZMnIs6PG47UueL2ZfrTFkF\nbVVTYtq/HuvQXpKEp1lSVFJFmkPSJu5O7ZMbrT/43/gDsQTGZ6Wcc+/VNcAcTge0\ngHEOT3mmI+7YO7KTg9dSIMNk96Es8x7MWUbIcW+lZCIupjUzsvd0ZC5WozbIrnev\n6Ju39O5gxN9s0CxiJ2S3jfj6+0lXX9sFQJ3mrfJiwRu7YL0hHHFrNCH9oytrx4UR\n8ETjIGHHm9+epvS8HFIqI7Xuun98ihsK/B6Q7VmVDX9DPsHJbnUTpeTWzt1nw1bq\n/MW0fRuD3RW4EgE9AjA8Fwtyl7yEeeeQa0m2rkJDcUCG8qOmPQyKFAaNKEi8lRJo\nGh8qp7xQj721mDjGGCzkdaRQsjFK+wIDAQABAoICABA7YlMNGjuKqIox4CSINOV7\nrtdkCom1w32Zb9cZNOEvWk9NXVH3yRgBkvpEWsImGqGdI3xfxWJ9x2d+QbywPAVf\nAO4XJvfhcmiwcrnP6hyYfblPX97PTUkJii0aaCtmYGVDaWwl5qtAx/8pZ0d+0c/u\n5zIYWp4YOPmee/EtVvP27dWwKE/VXBUvrYZD8A6JpJQlUAphzRBfeBStB6HJ/Ck0\noKvvspqKyS3/IYb4SoaUoOWXF4JK9SiEIa5yYvqgRvX0pDyZeonPhr7PJ/rW+G3c\natD+4u7dwXef8haOA+SB2dKUfxmFSqFkAI5dhJDjTlVb9yr9gVaRqpy1NnqWosGq\nh4gg0qfPQIgr5UrXuUj3lbQ33cOFyADAu8/ZoO44bhQONxMA5MJYeENmAe2Q1CHr\nNe87GkKkgFtANjVnJG18g+jmOz/FDXJHBeuzXMg3ZPVmg5Kr3CdZANQATWpVnV/q\nemog9a74ESf4wekGeY2zcC4LyRrgysYbi/JQWSEfYkrm3Ia55PXKRSYOAus1bFXk\nnRqk9Q48heSehFKp62TOvHAAhb3zCTeeuZ+Pd3zcGB1NNR5Q55oyCjnpM2XvkqjI\nWCxk0X6FwLbkPUbwoUFQFjzWO8nJylVtkw5dM0HGTN+OYLTa47axVvwVI3lIqOpD\ntJsmYNKVIFnFhb1kOk6RAoIBAQDTgMy/8vsHUtQdQm3qLtQodIPvknUy1KCOTOUz\n5PCpYdUQnc6lTspquB3a97g9SyKa3QS7S+xfLHv0dzn3OiaRIwS1CxMqXAslzf1a\n5wHrpVEB0Ptc4S6+zaLONRYWLes0uYvZg/JQF524hQeTAox30nGUVOiFT/1+mGoZ\nIEoJ9UwESGxNzYlQZAC4qMD4jq3t1Z3OX1rSSVqsMVBE6GmAx1bgFP+6+hGNiX//\n/ewMXhVuySVp17dAmgz2yAFDdR5Y/+ZeiyCBSNwMyeTLBh7Wh4paSespVolEnOcR\nlZ3gZ/5tefWZh1/9wWNkGxjsOu2xpxqHxWzExeqQAkoNyLqNAoIBAQDAd2MeP7H2\nCM+hALzJQZV+kJtn2OCByNjJzWIWippg9e1WMLAB8ur7UZVVwNVkPFZoFwNykXGx\n1LWMcU0BtcCgOi0KjQ/NugJPKIqidQMp7QJEGOQ2YlYCBnasmYB2cxprPzALjvRT\n5AVTlRj4SbGwecmhJNggTkCWsjyuaqfBda6j+JQ5wCn5z2Ug60wom3zURFlkMIqh\n9wLhep/nd76xa6E+8iFaggEq9jYAbYYnC9erRJRPv9mfRKMdlt+60D77XLx2svrI\nG584F6VMb+nCAVFuuiZhBccwN7dw8yHwyMAuJ3ImHTdbLLAPzhkTDPIJEOjcGoju\nRICZMi1x/D2nAoIBAFMUIdk4SZDL4VQI9wHpGR82/WhKoEyyJsseu12SDVKLglT/\nl99pPquC3P9ZFP7Gl7Y7IROtNBECeUJC3vsU1XdnSP8QdZvLAfn8mwts+F0m19Yd\nz87hCSqbvdrAEYfuy5gvVha/9JuvWx3S63G8q46ZlFHOtHNBQ3LJzctG2q5ks1Jv\nXFOHa+uvDHV8nChGa12j7lPVMuitNbezuzMGFAMoyiBFP1qjxedR3nygsmr9PfAB\nhPe5a1st5++8CnsD80LEaioy/jaqdv1zBLMXGV/tZ9QlewEG4+6Wr1FB8vzl/JPm\nNynyeitEHpWA615Hm3yQBiTU0O/OSl/89jfJ5DUCggEAZKPI639I8isHTtwQ23f0\n0NqSuImaU6MPYO6JVNojAYJ3GTOaRVqdbs7pNI8BxkkasZEfF2BgQCnGyOpR5wv/\n7oidFsBOPDgAjx3W6D4hamHpZmxRoPJooOR6V6RonQdxEBVZbSHSNq+r7VmwVdxL\nEsmMGjwm2zWv5lzLCDTzBWEg8dLAxzXpfRvqeH0xNKahbmlTCOWtCCYeloLFbIab\n6zApf72inS4PqERYVn7uwCocGw1gNBdQl0yPsqA62vebh1qlnbfXFJ4E8pLCt6Zp\naC3CRBEIkoEv99GalXA9FigS/c9Yi/+I+57xbUJKsEB7qyvxZ25knZqqV/D5/Hl2\nTwKCAQEAyPc5NS/ERUYUbqslrYhOMxcPjfTxLr1EU+9iGbHoOoUfHq+VcVrFL5BG\nG7BL3BlDo5Tvn2QAXO4gh6D5rBqexF51AyrZsSqVcnoUomGCmzdr/sKIbkjbF+lQ\nZ9BXzDxb73eU1D3EEZ3Jfsb+bNStCqQB6ly3KRTr6V4AY8kcyrjyrZJbjxQXxy0G\nLHuLeJjj8aJfp+sqAotOrH3iM2vvWhZHNQDZvIxrlE88NY/aA21EIEwqHKwS1kcN\n0k7yH7dYzvEWbP7KnMp1y1w8XHi2Qhlrj18VLOhD6zWEUeMWhIELmh/gICY0VT9h\nwm1dwKRzx2lFo3nWw4YzM+2UKwM7SA==\n-----END PRIVATE KEY-----\n",
            "public_key_fingerprint_md5": "ab:c7:62:68:21:a2:3f:65:9c:81:1d:13:b0:a0:98:96",
            "public_key_fingerprint_sha256": "SHA256:f1kpPMCq23w9JFkhfXiHKx8hFsGxwBJAj2B4SP1hT+0",
            "public_key_openssh": "ssh-rsa AAAAB3NzaC1yc2EAAAADAQABAAACAQCfAzxS8FwrWe2qOS6zQGsOfJtTJc3cp1heyENeZ3h6AElrXLRIv3KPhfgI2ifkez8g0s/EH5k6NX3xrO7kmbQkPSkjvmA9jDfMEUYdB7oRs7Wt/+RhAtXYAVj0d0koRtxmFiTfJE64HYNAHGkJVzhbQPFEeqG6xUOl+j5IwSwOTpdASWTyDv9BbQJLNeQVfnlLnA5gWQ/s4yosvL1yyJa8wihHCTRbbrs6QLpcD6t3IM/yOUnA4PvFRc4L8Q3kHSSXXYeV/fooB15M6Tk+8h6lCSIcYc4rCZRLqvY5GNBDkWx2aE0RinPRuOZMnIs6PG47UueL2ZfrTFkFbVVTYtq/HuvQXpKEp1lSVFJFmkPSJu5O7ZMbrT/43/gDsQTGZ6Wcc+/VNcAcTge0gHEOT3mmI+7YO7KTg9dSIMNk96Es8x7MWUbIcW+lZCIupjUzsvd0ZC5WozbIrnev6Ju39O5gxN9s0CxiJ2S3jfj6+0lXX9sFQJ3mrfJiwRu7YL0hHHFrNCH9oytrx4UR8ETjIGHHm9+epvS8HFIqI7Xuun98ihsK/B6Q7VmVDX9DPsHJbnUTpeTWzt1nw1bq/MW0fRuD3RW4EgE9AjA8Fwtyl7yEeeeQa0m2rkJDcUCG8qOmPQyKFAaNKEi8lRJoGh8qp7xQj721mDjGGCzkdaRQsjFK+w==\n",
            "public_key_pem": "-----BEGIN PUBLIC KEY-----\nMIICIjANBgkqhkiG9w0BAQEFAAOCAg8AMIICCgKCAgEAnwM8UvBcK1ntqjkus0Br\nDnybUyXN3KdYXshDXmd4egBJa1y0SL9yj4X4CNon5Hs/INLPxB+ZOjV98azu5Jm0\nJD0pI75gPYw3zBFGHQe6EbO1rf/kYQLV2AFY9HdJKEbcZhYk3yROuB2DQBxpCVc4\nW0DxRHqhusVDpfo+SMEsDk6XQElk8g7/QW0CSzXkFX55S5wOYFkP7OMqLLy9csiW\nvMIoRwk0W267OkC6XA+rdyDP8jlJwOD7xUXOC/EN5B0kl12Hlf36KAdeTOk5PvIe\npQkiHGHOKwmUS6r2ORjQQ5FsdmhNEYpz0bjmTJyLOjxuO1Lni9mX60xZBW1VU2La\nvx7r0F6ShKdZUlRSRZpD0ibuTu2TG60/+N/4A7EExmelnHPv1TXAHE4HtIBxDk95\npiPu2Duyk4PXUiDDZPehLPMezFlGyHFvpWQiLqY1M7L3dGQuVqM2yK53r+ibt/Tu\nYMTfbNAsYidkt434+vtJV1/bBUCd5q3yYsEbu2C9IRxxazQh/aMra8eFEfBE4yBh\nx5vfnqb0vBxSKiO17rp/fIobCvwekO1ZlQ1/Qz7ByW51E6Xk1s7dZ8NW6vzFtH0b\ng90VuBIBPQIwPBcLcpe8hHnnkGtJtq5CQ3FAhvKjpj0MihQGjShIvJUSaBofKqe8\nUI+9tZg4xhgs5HWkULIxSvsCAwEAAQ==\n-----END PUBLIC KEY-----\n",
            "rsa_bits": 4096
          },
          "sensitive_attributes": [
            [
              {
                "type": "get_attr",
                "value": "private_key_openssh"
              }
            ],
            [
              {
                "type": "get_attr",
                "value": "private_key_pem"
              }
            ],
            [
              {
                "type": "get_attr",
                "value": "private_key_pem_pkcs8"
              }
            ]
          ]
        }
      ]
    },
    {
      "module": "module.aws_virtual_machine_demo[0].module.security_group",
      "mode": "managed",
      "type": "aws_security_group",
      "name": "security_group",
      "provider": "provider[\"registry.terraform.io/hashicorp/aws\"]",
      "instances": [
        {
          "schema_version": 1,
          "attributes": {
            "arn": "arn:aws:ec2:us-east-1:008748484958:security-group/sg-0669610ef97cd0d11",
            "description": "Allow all traffic",
            "egress": [
              {
                "cidr_blocks": [
                  "0.0.0.0/0"
                ],
                "description": "",
                "from_port": 0,
                "ipv6_cidr_blocks": [],
                "prefix_list_ids": [],
                "protocol": "-1",
                "security_groups": [],
                "self": false,
                "to_port": 0
              }
            ],
            "id": "sg-0669610ef97cd0d11",
            "ingress": [
              {
                "cidr_blocks": [
                  "0.0.0.0/0"
                ],
                "description": "",
                "from_port": 0,
                "ipv6_cidr_blocks": [],
                "prefix_list_ids": [],
                "protocol": "-1",
                "security_groups": [],
                "self": false,
                "to_port": 0
              }
            ],
            "name": "AllowAll",
            "name_prefix": "",
            "owner_id": "008748484958",
            "revoke_rules_on_delete": false,
            "tags": {
              "Name": "AllowAll",
              "author": "khangtictoc",
              "createdBy": "Terraform",
              "environment": "dev",
              "project": "lab_extra_03"
            },
            "tags_all": {
              "Name": "AllowAll",
              "author": "khangtictoc",
              "createdBy": "Terraform",
              "environment": "dev",
              "project": "lab_extra_03"
            },
            "timeouts": null,
            "vpc_id": "vpc-0659f3b6f82ad872c"
          },
          "sensitive_attributes": [],
          "private": "eyJlMmJmYjczMC1lY2FhLTExZTYtOGY4OC0zNDM2M2JjN2M0YzAiOnsiY3JlYXRlIjo2MDAwMDAwMDAwMDAsImRlbGV0ZSI6OTAwMDAwMDAwMDAwfSwic2NoZW1hX3ZlcnNpb24iOiIxIn0=",
          "dependencies": [
            "azurerm_resource_group.vpn_resource_group",
            "module.vpn_s2s_aws_azure.module.aws_network.aws_internet_gateway.internet_gateway",
            "module.vpn_s2s_aws_azure.module.aws_network.aws_subnet.vpn_subnet",
            "module.vpn_s2s_aws_azure.module.aws_network.aws_vpc.vpn_vpc",
            "module.vpn_s2s_aws_azure.module.aws_network.aws_vpn_gateway.virtual_private_gateway",
            "module.vpn_s2s_aws_azure.module.azure_network.azurerm_public_ip.vpn_public_ip",
            "module.vpn_s2s_aws_azure.module.azure_network.azurerm_subnet.vpn_subnet",
            "module.vpn_s2s_aws_azure.module.azure_network.azurerm_virtual_network.vpn_virtual_network",
            "module.vpn_s2s_aws_azure.module.azure_network.azurerm_virtual_network_gateway.virtual_network_gateway",
            "module.vpn_s2s_aws_azure.module.vpn_SiteToSite_connection.aws_customer_gateway.customer_gateway",
            "module.vpn_s2s_aws_azure.module.vpn_SiteToSite_connection.aws_route.internet_gateway_route",
            "module.vpn_s2s_aws_azure.module.vpn_SiteToSite_connection.aws_route.vpn_gateway_route",
            "module.vpn_s2s_aws_azure.module.vpn_SiteToSite_connection.aws_vpn_connection.vpn_connection",
            "module.vpn_s2s_aws_azure.module.vpn_SiteToSite_connection.aws_vpn_connection_route.vpn_static_routes",
            "module.vpn_s2s_aws_azure.module.vpn_SiteToSite_connection.azurerm_local_network_gateway.local_network_gateway",
            "module.vpn_s2s_aws_azure.module.vpn_SiteToSite_connection.azurerm_virtual_network_gateway_connection.vpn_connection"
          ]
        }
      ]
    },
    {
      "module": "module.aws_virtual_machine_demo[0].module.security_group",
      "mode": "managed",
      "type": "aws_security_group_rule",
      "name": "security_group_rule",
      "provider": "provider[\"registry.terraform.io/hashicorp/aws\"]",
      "instances": [
        {
          "index_key": 0,
          "schema_version": 2,
          "attributes": {
            "cidr_blocks": [
              "0.0.0.0/0"
            ],
            "description": "",
            "from_port": 0,
            "id": "sgrule-2064218981",
            "ipv6_cidr_blocks": null,
            "prefix_list_ids": null,
            "protocol": "-1",
            "security_group_id": "sg-0669610ef97cd0d11",
            "security_group_rule_id": "sgr-0f5dee6608cd63653",
            "self": false,
            "source_security_group_id": null,
            "timeouts": null,
            "to_port": 0,
            "type": "ingress"
          },
          "sensitive_attributes": [],
          "private": "eyJlMmJmYjczMC1lY2FhLTExZTYtOGY4OC0zNDM2M2JjN2M0YzAiOnsiY3JlYXRlIjozMDAwMDAwMDAwMDB9LCJzY2hlbWFfdmVyc2lvbiI6IjIifQ==",
          "dependencies": [
            "azurerm_resource_group.vpn_resource_group",
            "module.aws_virtual_machine_demo.module.security_group.aws_security_group.security_group",
            "module.vpn_s2s_aws_azure.module.aws_network.aws_internet_gateway.internet_gateway",
            "module.vpn_s2s_aws_azure.module.aws_network.aws_subnet.vpn_subnet",
            "module.vpn_s2s_aws_azure.module.aws_network.aws_vpc.vpn_vpc",
            "module.vpn_s2s_aws_azure.module.aws_network.aws_vpn_gateway.virtual_private_gateway",
            "module.vpn_s2s_aws_azure.module.azure_network.azurerm_public_ip.vpn_public_ip",
            "module.vpn_s2s_aws_azure.module.azure_network.azurerm_subnet.vpn_subnet",
            "module.vpn_s2s_aws_azure.module.azure_network.azurerm_virtual_network.vpn_virtual_network",
            "module.vpn_s2s_aws_azure.module.azure_network.azurerm_virtual_network_gateway.virtual_network_gateway",
            "module.vpn_s2s_aws_azure.module.vpn_SiteToSite_connection.aws_customer_gateway.customer_gateway",
            "module.vpn_s2s_aws_azure.module.vpn_SiteToSite_connection.aws_route.internet_gateway_route",
            "module.vpn_s2s_aws_azure.module.vpn_SiteToSite_connection.aws_route.vpn_gateway_route",
            "module.vpn_s2s_aws_azure.module.vpn_SiteToSite_connection.aws_vpn_connection.vpn_connection",
            "module.vpn_s2s_aws_azure.module.vpn_SiteToSite_connection.aws_vpn_connection_route.vpn_static_routes",
            "module.vpn_s2s_aws_azure.module.vpn_SiteToSite_connection.azurerm_local_network_gateway.local_network_gateway",
            "module.vpn_s2s_aws_azure.module.vpn_SiteToSite_connection.azurerm_virtual_network_gateway_connection.vpn_connection"
          ]
        },
        {
          "index_key": 1,
          "schema_version": 2,
          "attributes": {
            "cidr_blocks": [
              "0.0.0.0/0"
            ],
            "description": "",
            "from_port": 0,
            "id": "sgrule-2995216028",
            "ipv6_cidr_blocks": null,
            "prefix_list_ids": null,
            "protocol": "-1",
            "security_group_id": "sg-0669610ef97cd0d11",
            "security_group_rule_id": "sgr-0f5dee6608cd63653",
            "self": false,
            "source_security_group_id": null,
            "timeouts": null,
            "to_port": 0,
            "type": "egress"
          },
          "sensitive_attributes": [],
          "private": "eyJlMmJmYjczMC1lY2FhLTExZTYtOGY4OC0zNDM2M2JjN2M0YzAiOnsiY3JlYXRlIjozMDAwMDAwMDAwMDB9LCJzY2hlbWFfdmVyc2lvbiI6IjIifQ==",
          "dependencies": [
            "azurerm_resource_group.vpn_resource_group",
            "module.aws_virtual_machine_demo.module.security_group.aws_security_group.security_group",
            "module.vpn_s2s_aws_azure.module.aws_network.aws_internet_gateway.internet_gateway",
            "module.vpn_s2s_aws_azure.module.aws_network.aws_subnet.vpn_subnet",
            "module.vpn_s2s_aws_azure.module.aws_network.aws_vpc.vpn_vpc",
            "module.vpn_s2s_aws_azure.module.aws_network.aws_vpn_gateway.virtual_private_gateway",
            "module.vpn_s2s_aws_azure.module.azure_network.azurerm_public_ip.vpn_public_ip",
            "module.vpn_s2s_aws_azure.module.azure_network.azurerm_subnet.vpn_subnet",
            "module.vpn_s2s_aws_azure.module.azure_network.azurerm_virtual_network.vpn_virtual_network",
            "module.vpn_s2s_aws_azure.module.azure_network.azurerm_virtual_network_gateway.virtual_network_gateway",
            "module.vpn_s2s_aws_azure.module.vpn_SiteToSite_connection.aws_customer_gateway.customer_gateway",
            "module.vpn_s2s_aws_azure.module.vpn_SiteToSite_connection.aws_route.internet_gateway_route",
            "module.vpn_s2s_aws_azure.module.vpn_SiteToSite_connection.aws_route.vpn_gateway_route",
            "module.vpn_s2s_aws_azure.module.vpn_SiteToSite_connection.aws_vpn_connection.vpn_connection",
            "module.vpn_s2s_aws_azure.module.vpn_SiteToSite_connection.aws_vpn_connection_route.vpn_static_routes",
            "module.vpn_s2s_aws_azure.module.vpn_SiteToSite_connection.azurerm_local_network_gateway.local_network_gateway",
            "module.vpn_s2s_aws_azure.module.vpn_SiteToSite_connection.azurerm_virtual_network_gateway_connection.vpn_connection"
          ]
        }
      ]
    },
    {
      "module": "module.azure_virtual_machine_demo[0].module.network_interface",
      "mode": "managed",
      "type": "azurerm_network_interface",
      "name": "network_interface",
      "provider": "provider[\"registry.terraform.io/hashicorp/azurerm\"]",
      "instances": [
        {
          "schema_version": 0,
          "attributes": {
            "applied_dns_servers": [],
            "auxiliary_mode": "",
            "auxiliary_sku": "",
            "dns_servers": [],
            "edge_zone": "",
            "enable_accelerated_networking": false,
            "enable_ip_forwarding": false,
            "id": "/subscriptions/ac90b42a-8ba9-48f5-9479-94dfd054e40d/resourceGroups/VPNSite2SiteDemo/providers/Microsoft.Network/networkInterfaces/myNIC01",
            "internal_dns_name_label": "",
            "internal_domain_name_suffix": "oks30qze0v3uno510jkjygzewh.hx.internal.cloudapp.net",
            "ip_configuration": [
              {
                "gateway_load_balancer_frontend_ip_configuration_id": "",
                "name": "internal",
                "primary": true,
                "private_ip_address": "172.16.1.4",
                "private_ip_address_allocation": "Dynamic",
                "private_ip_address_version": "IPv4",
                "public_ip_address_id": "/subscriptions/ac90b42a-8ba9-48f5-9479-94dfd054e40d/resourceGroups/VPNSite2SiteDemo/providers/Microsoft.Network/publicIPAddresses/myPublicIP01",
                "subnet_id": "/subscriptions/ac90b42a-8ba9-48f5-9479-94dfd054e40d/resourceGroups/VPNSite2SiteDemo/providers/Microsoft.Network/virtualNetworks/VpnVnet/subnets/AppSubnet"
              }
            ],
            "location": "eastasia",
            "mac_address": "00-22-48-17-C2-5E",
            "name": "myNIC01",
            "private_ip_address": "172.16.1.4",
            "private_ip_addresses": [
              "172.16.1.4"
            ],
            "resource_group_name": "VPNSite2SiteDemo",
            "tags": {},
            "timeouts": null,
            "virtual_machine_id": "/subscriptions/ac90b42a-8ba9-48f5-9479-94dfd054e40d/resourceGroups/VPNSite2SiteDemo/providers/Microsoft.Compute/virtualMachines/source01"
          },
          "sensitive_attributes": [],
          "private": "eyJlMmJmYjczMC1lY2FhLTExZTYtOGY4OC0zNDM2M2JjN2M0YzAiOnsiY3JlYXRlIjoxODAwMDAwMDAwMDAwLCJkZWxldGUiOjE4MDAwMDAwMDAwMDAsInJlYWQiOjMwMDAwMDAwMDAwMCwidXBkYXRlIjoxODAwMDAwMDAwMDAwfX0=",
          "dependencies": [
            "azurerm_resource_group.vpn_resource_group",
            "module.azure_virtual_machine_demo.module.network_interface.azurerm_public_ip.public_ip",
            "module.vpn_s2s_aws_azure.module.aws_network.aws_internet_gateway.internet_gateway",
            "module.vpn_s2s_aws_azure.module.aws_network.aws_subnet.vpn_subnet",
            "module.vpn_s2s_aws_azure.module.aws_network.aws_vpc.vpn_vpc",
            "module.vpn_s2s_aws_azure.module.aws_network.aws_vpn_gateway.virtual_private_gateway",
            "module.vpn_s2s_aws_azure.module.azure_network.azurerm_public_ip.vpn_public_ip",
            "module.vpn_s2s_aws_azure.module.azure_network.azurerm_subnet.vpn_subnet",
            "module.vpn_s2s_aws_azure.module.azure_network.azurerm_virtual_network.vpn_virtual_network",
            "module.vpn_s2s_aws_azure.module.azure_network.azurerm_virtual_network_gateway.virtual_network_gateway",
            "module.vpn_s2s_aws_azure.module.vpn_SiteToSite_connection.aws_customer_gateway.customer_gateway",
            "module.vpn_s2s_aws_azure.module.vpn_SiteToSite_connection.aws_route.internet_gateway_route",
            "module.vpn_s2s_aws_azure.module.vpn_SiteToSite_connection.aws_route.vpn_gateway_route",
            "module.vpn_s2s_aws_azure.module.vpn_SiteToSite_connection.aws_vpn_connection.vpn_connection",
            "module.vpn_s2s_aws_azure.module.vpn_SiteToSite_connection.aws_vpn_connection_route.vpn_static_routes",
            "module.vpn_s2s_aws_azure.module.vpn_SiteToSite_connection.azurerm_local_network_gateway.local_network_gateway",
            "module.vpn_s2s_aws_azure.module.vpn_SiteToSite_connection.azurerm_virtual_network_gateway_connection.vpn_connection"
          ]
        }
      ]
    },
    {
      "module": "module.azure_virtual_machine_demo[0].module.network_interface",
      "mode": "managed",
      "type": "azurerm_network_interface_security_group_association",
      "name": "nsg_interface_attachment",
      "provider": "provider[\"registry.terraform.io/hashicorp/azurerm\"]",
      "instances": [
        {
          "schema_version": 0,
          "attributes": {
            "id": "/subscriptions/ac90b42a-8ba9-48f5-9479-94dfd054e40d/resourceGroups/VPNSite2SiteDemo/providers/Microsoft.Network/networkInterfaces/myNIC01|/subscriptions/ac90b42a-8ba9-48f5-9479-94dfd054e40d/resourceGroups/VPNSite2SiteDemo/providers/Microsoft.Network/networkSecurityGroups/myNSG01",
            "network_interface_id": "/subscriptions/ac90b42a-8ba9-48f5-9479-94dfd054e40d/resourceGroups/VPNSite2SiteDemo/providers/Microsoft.Network/networkInterfaces/myNIC01",
            "network_security_group_id": "/subscriptions/ac90b42a-8ba9-48f5-9479-94dfd054e40d/resourceGroups/VPNSite2SiteDemo/providers/Microsoft.Network/networkSecurityGroups/myNSG01",
            "timeouts": null
          },
          "sensitive_attributes": [],
          "private": "eyJlMmJmYjczMC1lY2FhLTExZTYtOGY4OC0zNDM2M2JjN2M0YzAiOnsiY3JlYXRlIjoxODAwMDAwMDAwMDAwLCJkZWxldGUiOjE4MDAwMDAwMDAwMDAsInJlYWQiOjMwMDAwMDAwMDAwMH19",
          "dependencies": [
            "azurerm_resource_group.vpn_resource_group",
            "module.azure_virtual_machine_demo.module.network_interface.azurerm_network_interface.network_interface",
            "module.azure_virtual_machine_demo.module.network_interface.azurerm_public_ip.public_ip",
            "module.azure_virtual_machine_demo.module.network_security_group.azurerm_network_security_group.network_security_group",
            "module.vpn_s2s_aws_azure.module.aws_network.aws_internet_gateway.internet_gateway",
            "module.vpn_s2s_aws_azure.module.aws_network.aws_subnet.vpn_subnet",
            "module.vpn_s2s_aws_azure.module.aws_network.aws_vpc.vpn_vpc",
            "module.vpn_s2s_aws_azure.module.aws_network.aws_vpn_gateway.virtual_private_gateway",
            "module.vpn_s2s_aws_azure.module.azure_network.azurerm_public_ip.vpn_public_ip",
            "module.vpn_s2s_aws_azure.module.azure_network.azurerm_subnet.vpn_subnet",
            "module.vpn_s2s_aws_azure.module.azure_network.azurerm_virtual_network.vpn_virtual_network",
            "module.vpn_s2s_aws_azure.module.azure_network.azurerm_virtual_network_gateway.virtual_network_gateway",
            "module.vpn_s2s_aws_azure.module.vpn_SiteToSite_connection.aws_customer_gateway.customer_gateway",
            "module.vpn_s2s_aws_azure.module.vpn_SiteToSite_connection.aws_route.internet_gateway_route",
            "module.vpn_s2s_aws_azure.module.vpn_SiteToSite_connection.aws_route.vpn_gateway_route",
            "module.vpn_s2s_aws_azure.module.vpn_SiteToSite_connection.aws_vpn_connection.vpn_connection",
            "module.vpn_s2s_aws_azure.module.vpn_SiteToSite_connection.aws_vpn_connection_route.vpn_static_routes",
            "module.vpn_s2s_aws_azure.module.vpn_SiteToSite_connection.azurerm_local_network_gateway.local_network_gateway",
            "module.vpn_s2s_aws_azure.module.vpn_SiteToSite_connection.azurerm_virtual_network_gateway_connection.vpn_connection"
          ]
        }
      ]
    },
    {
      "module": "module.azure_virtual_machine_demo[0].module.network_interface",
      "mode": "managed",
      "type": "azurerm_public_ip",
      "name": "public_ip",
      "provider": "provider[\"registry.terraform.io/hashicorp/azurerm\"]",
      "instances": [
        {
          "index_key": 0,
          "schema_version": 0,
          "attributes": {
            "allocation_method": "Dynamic",
            "ddos_protection_mode": "VirtualNetworkInherited",
            "ddos_protection_plan_id": null,
            "domain_name_label": null,
            "edge_zone": "",
            "fqdn": null,
            "id": "/subscriptions/ac90b42a-8ba9-48f5-9479-94dfd054e40d/resourceGroups/VPNSite2SiteDemo/providers/Microsoft.Network/publicIPAddresses/myPublicIP01",
            "idle_timeout_in_minutes": 4,
            "ip_address": "20.2.156.33",
            "ip_tags": {},
            "ip_version": "IPv4",
            "location": "eastasia",
            "name": "myPublicIP01",
            "public_ip_prefix_id": null,
            "resource_group_name": "VPNSite2SiteDemo",
            "reverse_fqdn": null,
            "sku": "Basic",
            "sku_tier": "Regional",
            "tags": {},
            "timeouts": null,
            "zones": []
          },
          "sensitive_attributes": [],
          "private": "eyJlMmJmYjczMC1lY2FhLTExZTYtOGY4OC0zNDM2M2JjN2M0YzAiOnsiY3JlYXRlIjoxODAwMDAwMDAwMDAwLCJkZWxldGUiOjE4MDAwMDAwMDAwMDAsInJlYWQiOjMwMDAwMDAwMDAwMCwidXBkYXRlIjoxODAwMDAwMDAwMDAwfX0=",
          "dependencies": [
            "azurerm_resource_group.vpn_resource_group"
          ]
        }
      ]
    },
    {
      "module": "module.azure_virtual_machine_demo[0].module.network_security_group",
      "mode": "managed",
      "type": "azurerm_network_security_group",
      "name": "network_security_group",
      "provider": "provider[\"registry.terraform.io/hashicorp/azurerm\"]",
      "instances": [
        {
          "schema_version": 0,
          "attributes": {
            "id": "/subscriptions/ac90b42a-8ba9-48f5-9479-94dfd054e40d/resourceGroups/VPNSite2SiteDemo/providers/Microsoft.Network/networkSecurityGroups/myNSG01",
            "location": "eastasia",
            "name": "myNSG01",
            "resource_group_name": "VPNSite2SiteDemo",
            "security_rule": [
              {
                "access": "Allow",
                "description": "",
                "destination_address_prefix": "*",
                "destination_address_prefixes": [],
                "destination_application_security_group_ids": [],
                "destination_port_range": "*",
                "destination_port_ranges": [],
                "direction": "Inbound",
                "name": "AllowAllInbound",
                "priority": 100,
                "protocol": "Tcp",
                "source_address_prefix": "*",
                "source_address_prefixes": [],
                "source_application_security_group_ids": [],
                "source_port_range": "*",
                "source_port_ranges": []
              },
              {
                "access": "Allow",
                "description": "",
                "destination_address_prefix": "*",
                "destination_address_prefixes": [],
                "destination_application_security_group_ids": [],
                "destination_port_range": "*",
                "destination_port_ranges": [],
                "direction": "Outbound",
                "name": "AllowAllOutbound",
                "priority": 100,
                "protocol": "Tcp",
                "source_address_prefix": "*",
                "source_address_prefixes": [],
                "source_application_security_group_ids": [],
                "source_port_range": "*",
                "source_port_ranges": []
              }
            ],
            "tags": {},
            "timeouts": null
          },
          "sensitive_attributes": [],
          "private": "eyJlMmJmYjczMC1lY2FhLTExZTYtOGY4OC0zNDM2M2JjN2M0YzAiOnsiY3JlYXRlIjoxODAwMDAwMDAwMDAwLCJkZWxldGUiOjE4MDAwMDAwMDAwMDAsInJlYWQiOjMwMDAwMDAwMDAwMCwidXBkYXRlIjoxODAwMDAwMDAwMDAwfX0=",
          "dependencies": [
            "azurerm_resource_group.vpn_resource_group"
          ]
        }
      ]
    },
    {
      "module": "module.azure_virtual_machine_demo[0].module.network_security_group",
      "mode": "managed",
      "type": "azurerm_network_security_rule",
      "name": "security_rule",
      "provider": "provider[\"registry.terraform.io/hashicorp/azurerm\"]",
      "instances": [
        {
          "index_key": 0,
          "schema_version": 0,
          "attributes": {
            "access": "Allow",
            "description": "",
            "destination_address_prefix": "*",
            "destination_address_prefixes": [],
            "destination_application_security_group_ids": [],
            "destination_port_range": "*",
            "destination_port_ranges": [],
            "direction": "Inbound",
            "id": "/subscriptions/ac90b42a-8ba9-48f5-9479-94dfd054e40d/resourceGroups/VPNSite2SiteDemo/providers/Microsoft.Network/networkSecurityGroups/myNSG01/securityRules/AllowAllInbound",
            "name": "AllowAllInbound",
            "network_security_group_name": "myNSG01",
            "priority": 100,
            "protocol": "Tcp",
            "resource_group_name": "VPNSite2SiteDemo",
            "source_address_prefix": "*",
            "source_address_prefixes": [],
            "source_application_security_group_ids": [],
            "source_port_range": "*",
            "source_port_ranges": [],
            "timeouts": null
          },
          "sensitive_attributes": [],
          "private": "eyJlMmJmYjczMC1lY2FhLTExZTYtOGY4OC0zNDM2M2JjN2M0YzAiOnsiY3JlYXRlIjoxODAwMDAwMDAwMDAwLCJkZWxldGUiOjE4MDAwMDAwMDAwMDAsInJlYWQiOjMwMDAwMDAwMDAwMCwidXBkYXRlIjoxODAwMDAwMDAwMDAwfX0=",
          "dependencies": [
            "azurerm_resource_group.vpn_resource_group",
            "module.azure_virtual_machine_demo.module.network_security_group.azurerm_network_security_group.network_security_group"
          ]
        },
        {
          "index_key": 1,
          "schema_version": 0,
          "attributes": {
            "access": "Allow",
            "description": "",
            "destination_address_prefix": "*",
            "destination_address_prefixes": [],
            "destination_application_security_group_ids": [],
            "destination_port_range": "*",
            "destination_port_ranges": [],
            "direction": "Outbound",
            "id": "/subscriptions/ac90b42a-8ba9-48f5-9479-94dfd054e40d/resourceGroups/VPNSite2SiteDemo/providers/Microsoft.Network/networkSecurityGroups/myNSG01/securityRules/AllowAllOutbound",
            "name": "AllowAllOutbound",
            "network_security_group_name": "myNSG01",
            "priority": 100,
            "protocol": "Tcp",
            "resource_group_name": "VPNSite2SiteDemo",
            "source_address_prefix": "*",
            "source_address_prefixes": [],
            "source_application_security_group_ids": [],
            "source_port_range": "*",
            "source_port_ranges": [],
            "timeouts": null
          },
          "sensitive_attributes": [],
          "private": "eyJlMmJmYjczMC1lY2FhLTExZTYtOGY4OC0zNDM2M2JjN2M0YzAiOnsiY3JlYXRlIjoxODAwMDAwMDAwMDAwLCJkZWxldGUiOjE4MDAwMDAwMDAwMDAsInJlYWQiOjMwMDAwMDAwMDAwMCwidXBkYXRlIjoxODAwMDAwMDAwMDAwfX0=",
          "dependencies": [
            "azurerm_resource_group.vpn_resource_group",
            "module.azure_virtual_machine_demo.module.network_security_group.azurerm_network_security_group.network_security_group"
          ]
        }
      ]
    },
    {
      "module": "module.azure_virtual_machine_demo[0].module.virtual_machine",
      "mode": "managed",
      "type": "azurerm_linux_virtual_machine",
      "name": "virtual_machine",
      "provider": "provider[\"registry.terraform.io/hashicorp/azurerm\"]",
      "instances": [
        {
          "schema_version": 0,
          "attributes": {
            "additional_capabilities": [],
            "admin_password": null,
            "admin_ssh_key": [
              {
                "public_key": "ssh-rsa AAAAB3NzaC1yc2EAAAADAQABAAACAQC1r9cy6iMk6ZOfVHpXRFX/97Vc49AEdJYzcp2NV03aSig18cVfG+oJCLp1NEQccpZeoRsn1cYl6yCkfSio8AgrnRxofmMMJ8fG7J/P4rwuXAoRCi8Q1/z+cRf1gN6oUSkBSWmbu4FzJ5nCoucj75ndNvqE4NwJyXWw8QGrRFjHRBR6Z8BNuNny5u81SI7afEFvVZOx+pnyW70hKJKyT8YNQ8FYTcj6iq0XJ3C5FIrr79jNy/MX1E0e55TTxaDXTRe5kJdAGhcfDps5JFmLmU5pNMmQbZcXbpqFiW6KzCArUvwBVh4W0INgBdiOZQva1P96yTSTu/3CsQEdjNOzU3V5uNDMDGb4xIlnJYlGUz3TzBn+dbvtme/QF2s4KMLwqHOsX40VWnZo3xkt/W1QX3k8e0PO5Z7z+Rx8zm6ipbvKtufb1RVfcfm0QP0mT6e2NmUScmvTn8RrLMoOtZdT89gnVPNBcbxdeOQz/eIoNGGVWmkeDN1wocMLT8UqvSiRxbI2Dye14kAIPREeTjxyPsdhh/ocojK+DdAdHJW8vBW69vLIxID74sB6Xo0WgZvg3D6UVWSw/6WIPGKyJzy9KW0FD57yS5sVJQl1FOlw/w2cXZMZr05ImAWddxotJY5E5vdGfn5m1Qw76Erso3vyrs7hEDgkaYBW+6sp+dt4QVXiEw== admin@DESKTOP-4ED8NGH\r\n",
                "username": "azureadmin"
              }
            ],
            "admin_username": "azureadmin",
            "allow_extension_operations": true,
            "availability_set_id": "",
            "boot_diagnostics": [],
            "bypass_platform_safety_checks_on_user_schedule_enabled": false,
            "capacity_reservation_group_id": "",
            "computer_name": "myLinuxAgent01",
            "custom_data": null,
            "dedicated_host_group_id": "",
            "dedicated_host_id": "",
            "disable_password_authentication": true,
            "edge_zone": "",
            "encryption_at_host_enabled": false,
            "eviction_policy": "Delete",
            "extensions_time_budget": "PT1H30M",
            "gallery_application": [],
            "id": "/subscriptions/ac90b42a-8ba9-48f5-9479-94dfd054e40d/resourceGroups/VPNSite2SiteDemo/providers/Microsoft.Compute/virtualMachines/source01",
            "identity": [],
            "license_type": "",
            "location": "eastasia",
            "max_bid_price": -1,
            "name": "source01",
            "network_interface_ids": [
              "/subscriptions/ac90b42a-8ba9-48f5-9479-94dfd054e40d/resourceGroups/VPNSite2SiteDemo/providers/Microsoft.Network/networkInterfaces/myNIC01"
            ],
            "os_disk": [
              {
                "caching": "ReadWrite",
                "diff_disk_settings": [],
                "disk_encryption_set_id": "",
                "disk_size_gb": 30,
                "name": "myOsDisk01",
                "secure_vm_disk_encryption_set_id": "",
                "security_encryption_type": "",
                "storage_account_type": "Standard_LRS",
                "write_accelerator_enabled": false
              }
            ],
            "patch_assessment_mode": "ImageDefault",
            "patch_mode": "ImageDefault",
            "plan": [],
            "platform_fault_domain": -1,
            "priority": "Spot",
            "private_ip_address": "172.16.1.4",
            "private_ip_addresses": [
              "172.16.1.4"
            ],
            "provision_vm_agent": true,
            "proximity_placement_group_id": "",
            "public_ip_address": "20.2.156.33",
            "public_ip_addresses": [
              "20.2.156.33"
            ],
            "reboot_setting": "",
            "resource_group_name": "VPNSite2SiteDemo",
            "secret": [],
            "secure_boot_enabled": false,
            "size": "Standard_F1s",
            "source_image_id": "",
            "source_image_reference": [
              {
                "offer": "0001-com-ubuntu-server-focal",
                "publisher": "Canonical",
                "sku": "20_04-lts",
                "version": "latest"
              }
            ],
            "tags": {},
            "termination_notification": [],
            "timeouts": null,
            "user_data": "",
            "virtual_machine_id": "e316ae92-a9a3-4f24-89bc-e0abb697b240",
            "virtual_machine_scale_set_id": "",
            "vtpm_enabled": false,
            "zone": ""
          },
          "sensitive_attributes": [
            [
              {
                "type": "get_attr",
                "value": "admin_password"
              }
            ],
            [
              {
                "type": "get_attr",
                "value": "custom_data"
              }
            ]
          ],
          "private": "eyJlMmJmYjczMC1lY2FhLTExZTYtOGY4OC0zNDM2M2JjN2M0YzAiOnsiY3JlYXRlIjoyNzAwMDAwMDAwMDAwLCJkZWxldGUiOjI3MDAwMDAwMDAwMDAsInJlYWQiOjMwMDAwMDAwMDAwMCwidXBkYXRlIjoyNzAwMDAwMDAwMDAwfX0=",
          "dependencies": [
            "azurerm_resource_group.vpn_resource_group",
            "module.azure_virtual_machine_demo.module.network_interface.azurerm_network_interface.network_interface",
            "module.azure_virtual_machine_demo.module.network_interface.azurerm_public_ip.public_ip",
            "module.vpn_s2s_aws_azure.module.aws_network.aws_internet_gateway.internet_gateway",
            "module.vpn_s2s_aws_azure.module.aws_network.aws_subnet.vpn_subnet",
            "module.vpn_s2s_aws_azure.module.aws_network.aws_vpc.vpn_vpc",
            "module.vpn_s2s_aws_azure.module.aws_network.aws_vpn_gateway.virtual_private_gateway",
            "module.vpn_s2s_aws_azure.module.azure_network.azurerm_public_ip.vpn_public_ip",
            "module.vpn_s2s_aws_azure.module.azure_network.azurerm_subnet.vpn_subnet",
            "module.vpn_s2s_aws_azure.module.azure_network.azurerm_virtual_network.vpn_virtual_network",
            "module.vpn_s2s_aws_azure.module.azure_network.azurerm_virtual_network_gateway.virtual_network_gateway",
            "module.vpn_s2s_aws_azure.module.vpn_SiteToSite_connection.aws_customer_gateway.customer_gateway",
            "module.vpn_s2s_aws_azure.module.vpn_SiteToSite_connection.aws_route.internet_gateway_route",
            "module.vpn_s2s_aws_azure.module.vpn_SiteToSite_connection.aws_route.vpn_gateway_route",
            "module.vpn_s2s_aws_azure.module.vpn_SiteToSite_connection.aws_vpn_connection.vpn_connection",
            "module.vpn_s2s_aws_azure.module.vpn_SiteToSite_connection.aws_vpn_connection_route.vpn_static_routes",
            "module.vpn_s2s_aws_azure.module.vpn_SiteToSite_connection.azurerm_local_network_gateway.local_network_gateway",
            "module.vpn_s2s_aws_azure.module.vpn_SiteToSite_connection.azurerm_virtual_network_gateway_connection.vpn_connection"
          ]
        }
      ]
    },
    {
      "module": "module.azure_virtual_machine_demo[1].module.network_interface",
      "mode": "managed",
      "type": "azurerm_network_interface",
      "name": "network_interface",
      "provider": "provider[\"registry.terraform.io/hashicorp/azurerm\"]",
      "instances": [
        {
          "schema_version": 0,
          "attributes": {
            "applied_dns_servers": [],
            "auxiliary_mode": "",
            "auxiliary_sku": "",
            "dns_servers": [],
            "edge_zone": "",
            "enable_accelerated_networking": false,
            "enable_ip_forwarding": false,
            "id": "/subscriptions/ac90b42a-8ba9-48f5-9479-94dfd054e40d/resourceGroups/VPNSite2SiteDemo/providers/Microsoft.Network/networkInterfaces/myNIC02",
            "internal_dns_name_label": "",
            "internal_domain_name_suffix": "ls3jmmsc5ljepb4z2uwiglrl4c.hx.internal.cloudapp.net",
            "ip_configuration": [
              {
                "gateway_load_balancer_frontend_ip_configuration_id": "",
                "name": "internal",
                "primary": true,
                "private_ip_address": "10.10.1.4",
                "private_ip_address_allocation": "Dynamic",
                "private_ip_address_version": "IPv4",
                "public_ip_address_id": "/subscriptions/ac90b42a-8ba9-48f5-9479-94dfd054e40d/resourceGroups/VPNSite2SiteDemo/providers/Microsoft.Network/publicIPAddresses/myPublicIP02",
                "subnet_id": "/subscriptions/ac90b42a-8ba9-48f5-9479-94dfd054e40d/resourceGroups/VPNSite2SiteDemo2/providers/Microsoft.Network/virtualNetworks/VpnVnet2/subnets/AppSubnet"
              }
            ],
            "location": "eastasia",
            "mac_address": "00-22-48-ED-BA-4A",
            "name": "myNIC02",
            "private_ip_address": "10.10.1.4",
            "private_ip_addresses": [
              "10.10.1.4"
            ],
            "resource_group_name": "VPNSite2SiteDemo",
            "tags": {},
            "timeouts": null,
            "virtual_machine_id": "/subscriptions/ac90b42a-8ba9-48f5-9479-94dfd054e40d/resourceGroups/VPNSite2SiteDemo/providers/Microsoft.Compute/virtualMachines/source02"
          },
          "sensitive_attributes": [],
          "private": "eyJlMmJmYjczMC1lY2FhLTExZTYtOGY4OC0zNDM2M2JjN2M0YzAiOnsiY3JlYXRlIjoxODAwMDAwMDAwMDAwLCJkZWxldGUiOjE4MDAwMDAwMDAwMDAsInJlYWQiOjMwMDAwMDAwMDAwMCwidXBkYXRlIjoxODAwMDAwMDAwMDAwfX0=",
          "dependencies": [
            "azurerm_resource_group.vpn_resource_group",
            "module.azure_virtual_machine_demo.module.network_interface.azurerm_public_ip.public_ip",
            "module.vpn_s2s_aws_azure.module.aws_network.aws_internet_gateway.internet_gateway",
            "module.vpn_s2s_aws_azure.module.aws_network.aws_subnet.vpn_subnet",
            "module.vpn_s2s_aws_azure.module.aws_network.aws_vpc.vpn_vpc",
            "module.vpn_s2s_aws_azure.module.aws_network.aws_vpn_gateway.virtual_private_gateway",
            "module.vpn_s2s_aws_azure.module.azure_network.azurerm_public_ip.vpn_public_ip",
            "module.vpn_s2s_aws_azure.module.azure_network.azurerm_subnet.vpn_subnet",
            "module.vpn_s2s_aws_azure.module.azure_network.azurerm_virtual_network.vpn_virtual_network",
            "module.vpn_s2s_aws_azure.module.azure_network.azurerm_virtual_network_gateway.virtual_network_gateway",
            "module.vpn_s2s_aws_azure.module.vpn_SiteToSite_connection.aws_customer_gateway.customer_gateway",
            "module.vpn_s2s_aws_azure.module.vpn_SiteToSite_connection.aws_route.internet_gateway_route",
            "module.vpn_s2s_aws_azure.module.vpn_SiteToSite_connection.aws_route.vpn_gateway_route",
            "module.vpn_s2s_aws_azure.module.vpn_SiteToSite_connection.aws_vpn_connection.vpn_connection",
            "module.vpn_s2s_aws_azure.module.vpn_SiteToSite_connection.aws_vpn_connection_route.vpn_static_routes",
            "module.vpn_s2s_aws_azure.module.vpn_SiteToSite_connection.azurerm_local_network_gateway.local_network_gateway",
            "module.vpn_s2s_aws_azure.module.vpn_SiteToSite_connection.azurerm_virtual_network_gateway_connection.vpn_connection"
          ]
        }
      ]
    },
    {
      "module": "module.azure_virtual_machine_demo[1].module.network_interface",
      "mode": "managed",
      "type": "azurerm_network_interface_security_group_association",
      "name": "nsg_interface_attachment",
      "provider": "provider[\"registry.terraform.io/hashicorp/azurerm\"]",
      "instances": [
        {
          "schema_version": 0,
          "attributes": {
            "id": "/subscriptions/ac90b42a-8ba9-48f5-9479-94dfd054e40d/resourceGroups/VPNSite2SiteDemo/providers/Microsoft.Network/networkInterfaces/myNIC02|/subscriptions/ac90b42a-8ba9-48f5-9479-94dfd054e40d/resourceGroups/VPNSite2SiteDemo/providers/Microsoft.Network/networkSecurityGroups/myNSG02",
            "network_interface_id": "/subscriptions/ac90b42a-8ba9-48f5-9479-94dfd054e40d/resourceGroups/VPNSite2SiteDemo/providers/Microsoft.Network/networkInterfaces/myNIC02",
            "network_security_group_id": "/subscriptions/ac90b42a-8ba9-48f5-9479-94dfd054e40d/resourceGroups/VPNSite2SiteDemo/providers/Microsoft.Network/networkSecurityGroups/myNSG02",
            "timeouts": null
          },
          "sensitive_attributes": [],
          "private": "eyJlMmJmYjczMC1lY2FhLTExZTYtOGY4OC0zNDM2M2JjN2M0YzAiOnsiY3JlYXRlIjoxODAwMDAwMDAwMDAwLCJkZWxldGUiOjE4MDAwMDAwMDAwMDAsInJlYWQiOjMwMDAwMDAwMDAwMH19",
          "dependencies": [
            "azurerm_resource_group.vpn_resource_group",
            "module.azure_virtual_machine_demo.module.network_interface.azurerm_network_interface.network_interface",
            "module.azure_virtual_machine_demo.module.network_interface.azurerm_public_ip.public_ip",
            "module.azure_virtual_machine_demo.module.network_security_group.azurerm_network_security_group.network_security_group",
            "module.vpn_s2s_aws_azure.module.aws_network.aws_internet_gateway.internet_gateway",
            "module.vpn_s2s_aws_azure.module.aws_network.aws_subnet.vpn_subnet",
            "module.vpn_s2s_aws_azure.module.aws_network.aws_vpc.vpn_vpc",
            "module.vpn_s2s_aws_azure.module.aws_network.aws_vpn_gateway.virtual_private_gateway",
            "module.vpn_s2s_aws_azure.module.azure_network.azurerm_public_ip.vpn_public_ip",
            "module.vpn_s2s_aws_azure.module.azure_network.azurerm_subnet.vpn_subnet",
            "module.vpn_s2s_aws_azure.module.azure_network.azurerm_virtual_network.vpn_virtual_network",
            "module.vpn_s2s_aws_azure.module.azure_network.azurerm_virtual_network_gateway.virtual_network_gateway",
            "module.vpn_s2s_aws_azure.module.vpn_SiteToSite_connection.aws_customer_gateway.customer_gateway",
            "module.vpn_s2s_aws_azure.module.vpn_SiteToSite_connection.aws_route.internet_gateway_route",
            "module.vpn_s2s_aws_azure.module.vpn_SiteToSite_connection.aws_route.vpn_gateway_route",
            "module.vpn_s2s_aws_azure.module.vpn_SiteToSite_connection.aws_vpn_connection.vpn_connection",
            "module.vpn_s2s_aws_azure.module.vpn_SiteToSite_connection.aws_vpn_connection_route.vpn_static_routes",
            "module.vpn_s2s_aws_azure.module.vpn_SiteToSite_connection.azurerm_local_network_gateway.local_network_gateway",
            "module.vpn_s2s_aws_azure.module.vpn_SiteToSite_connection.azurerm_virtual_network_gateway_connection.vpn_connection"
          ]
        }
      ]
    },
    {
      "module": "module.azure_virtual_machine_demo[1].module.network_interface",
      "mode": "managed",
      "type": "azurerm_public_ip",
      "name": "public_ip",
      "provider": "provider[\"registry.terraform.io/hashicorp/azurerm\"]",
      "instances": [
        {
          "index_key": 0,
          "schema_version": 0,
          "attributes": {
            "allocation_method": "Dynamic",
            "ddos_protection_mode": "VirtualNetworkInherited",
            "ddos_protection_plan_id": null,
            "domain_name_label": null,
            "edge_zone": "",
            "fqdn": null,
            "id": "/subscriptions/ac90b42a-8ba9-48f5-9479-94dfd054e40d/resourceGroups/VPNSite2SiteDemo/providers/Microsoft.Network/publicIPAddresses/myPublicIP02",
            "idle_timeout_in_minutes": 4,
            "ip_address": "20.255.249.198",
            "ip_tags": {},
            "ip_version": "IPv4",
            "location": "eastasia",
            "name": "myPublicIP02",
            "public_ip_prefix_id": null,
            "resource_group_name": "VPNSite2SiteDemo",
            "reverse_fqdn": null,
            "sku": "Basic",
            "sku_tier": "Regional",
            "tags": {},
            "timeouts": null,
            "zones": []
          },
          "sensitive_attributes": [],
          "private": "eyJlMmJmYjczMC1lY2FhLTExZTYtOGY4OC0zNDM2M2JjN2M0YzAiOnsiY3JlYXRlIjoxODAwMDAwMDAwMDAwLCJkZWxldGUiOjE4MDAwMDAwMDAwMDAsInJlYWQiOjMwMDAwMDAwMDAwMCwidXBkYXRlIjoxODAwMDAwMDAwMDAwfX0=",
          "dependencies": [
            "azurerm_resource_group.vpn_resource_group"
          ]
        }
      ]
    },
    {
      "module": "module.azure_virtual_machine_demo[1].module.network_security_group",
      "mode": "managed",
      "type": "azurerm_network_security_group",
      "name": "network_security_group",
      "provider": "provider[\"registry.terraform.io/hashicorp/azurerm\"]",
      "instances": [
        {
          "schema_version": 0,
          "attributes": {
            "id": "/subscriptions/ac90b42a-8ba9-48f5-9479-94dfd054e40d/resourceGroups/VPNSite2SiteDemo/providers/Microsoft.Network/networkSecurityGroups/myNSG02",
            "location": "eastasia",
            "name": "myNSG02",
            "resource_group_name": "VPNSite2SiteDemo",
            "security_rule": [
              {
                "access": "Allow",
                "description": "",
                "destination_address_prefix": "*",
                "destination_address_prefixes": [],
                "destination_application_security_group_ids": [],
                "destination_port_range": "*",
                "destination_port_ranges": [],
                "direction": "Inbound",
                "name": "AllowAllInbound",
                "priority": 100,
                "protocol": "Tcp",
                "source_address_prefix": "*",
                "source_address_prefixes": [],
                "source_application_security_group_ids": [],
                "source_port_range": "*",
                "source_port_ranges": []
              },
              {
                "access": "Allow",
                "description": "",
                "destination_address_prefix": "*",
                "destination_address_prefixes": [],
                "destination_application_security_group_ids": [],
                "destination_port_range": "*",
                "destination_port_ranges": [],
                "direction": "Outbound",
                "name": "AllowAllOutbound",
                "priority": 100,
                "protocol": "Tcp",
                "source_address_prefix": "*",
                "source_address_prefixes": [],
                "source_application_security_group_ids": [],
                "source_port_range": "*",
                "source_port_ranges": []
              }
            ],
            "tags": {},
            "timeouts": null
          },
          "sensitive_attributes": [],
          "private": "eyJlMmJmYjczMC1lY2FhLTExZTYtOGY4OC0zNDM2M2JjN2M0YzAiOnsiY3JlYXRlIjoxODAwMDAwMDAwMDAwLCJkZWxldGUiOjE4MDAwMDAwMDAwMDAsInJlYWQiOjMwMDAwMDAwMDAwMCwidXBkYXRlIjoxODAwMDAwMDAwMDAwfX0=",
          "dependencies": [
            "azurerm_resource_group.vpn_resource_group"
          ]
        }
      ]
    },
    {
      "module": "module.azure_virtual_machine_demo[1].module.network_security_group",
      "mode": "managed",
      "type": "azurerm_network_security_rule",
      "name": "security_rule",
      "provider": "provider[\"registry.terraform.io/hashicorp/azurerm\"]",
      "instances": [
        {
          "index_key": 0,
          "schema_version": 0,
          "attributes": {
            "access": "Allow",
            "description": "",
            "destination_address_prefix": "*",
            "destination_address_prefixes": [],
            "destination_application_security_group_ids": [],
            "destination_port_range": "*",
            "destination_port_ranges": [],
            "direction": "Inbound",
            "id": "/subscriptions/ac90b42a-8ba9-48f5-9479-94dfd054e40d/resourceGroups/VPNSite2SiteDemo/providers/Microsoft.Network/networkSecurityGroups/myNSG02/securityRules/AllowAllInbound",
            "name": "AllowAllInbound",
            "network_security_group_name": "myNSG02",
            "priority": 100,
            "protocol": "Tcp",
            "resource_group_name": "VPNSite2SiteDemo",
            "source_address_prefix": "*",
            "source_address_prefixes": [],
            "source_application_security_group_ids": [],
            "source_port_range": "*",
            "source_port_ranges": [],
            "timeouts": null
          },
          "sensitive_attributes": [],
          "private": "eyJlMmJmYjczMC1lY2FhLTExZTYtOGY4OC0zNDM2M2JjN2M0YzAiOnsiY3JlYXRlIjoxODAwMDAwMDAwMDAwLCJkZWxldGUiOjE4MDAwMDAwMDAwMDAsInJlYWQiOjMwMDAwMDAwMDAwMCwidXBkYXRlIjoxODAwMDAwMDAwMDAwfX0=",
          "dependencies": [
            "azurerm_resource_group.vpn_resource_group",
            "module.azure_virtual_machine_demo.module.network_security_group.azurerm_network_security_group.network_security_group"
          ]
        },
        {
          "index_key": 1,
          "schema_version": 0,
          "attributes": {
            "access": "Allow",
            "description": "",
            "destination_address_prefix": "*",
            "destination_address_prefixes": [],
            "destination_application_security_group_ids": [],
            "destination_port_range": "*",
            "destination_port_ranges": [],
            "direction": "Outbound",
            "id": "/subscriptions/ac90b42a-8ba9-48f5-9479-94dfd054e40d/resourceGroups/VPNSite2SiteDemo/providers/Microsoft.Network/networkSecurityGroups/myNSG02/securityRules/AllowAllOutbound",
            "name": "AllowAllOutbound",
            "network_security_group_name": "myNSG02",
            "priority": 100,
            "protocol": "Tcp",
            "resource_group_name": "VPNSite2SiteDemo",
            "source_address_prefix": "*",
            "source_address_prefixes": [],
            "source_application_security_group_ids": [],
            "source_port_range": "*",
            "source_port_ranges": [],
            "timeouts": null
          },
          "sensitive_attributes": [],
          "private": "eyJlMmJmYjczMC1lY2FhLTExZTYtOGY4OC0zNDM2M2JjN2M0YzAiOnsiY3JlYXRlIjoxODAwMDAwMDAwMDAwLCJkZWxldGUiOjE4MDAwMDAwMDAwMDAsInJlYWQiOjMwMDAwMDAwMDAwMCwidXBkYXRlIjoxODAwMDAwMDAwMDAwfX0=",
          "dependencies": [
            "azurerm_resource_group.vpn_resource_group",
            "module.azure_virtual_machine_demo.module.network_security_group.azurerm_network_security_group.network_security_group"
          ]
        }
      ]
    },
    {
      "module": "module.azure_virtual_machine_demo[1].module.virtual_machine",
      "mode": "managed",
      "type": "azurerm_linux_virtual_machine",
      "name": "virtual_machine",
      "provider": "provider[\"registry.terraform.io/hashicorp/azurerm\"]",
      "instances": [
        {
          "schema_version": 0,
          "attributes": {
            "additional_capabilities": [],
            "admin_password": null,
            "admin_ssh_key": [
              {
                "public_key": "ssh-rsa AAAAB3NzaC1yc2EAAAADAQABAAACAQC1r9cy6iMk6ZOfVHpXRFX/97Vc49AEdJYzcp2NV03aSig18cVfG+oJCLp1NEQccpZeoRsn1cYl6yCkfSio8AgrnRxofmMMJ8fG7J/P4rwuXAoRCi8Q1/z+cRf1gN6oUSkBSWmbu4FzJ5nCoucj75ndNvqE4NwJyXWw8QGrRFjHRBR6Z8BNuNny5u81SI7afEFvVZOx+pnyW70hKJKyT8YNQ8FYTcj6iq0XJ3C5FIrr79jNy/MX1E0e55TTxaDXTRe5kJdAGhcfDps5JFmLmU5pNMmQbZcXbpqFiW6KzCArUvwBVh4W0INgBdiOZQva1P96yTSTu/3CsQEdjNOzU3V5uNDMDGb4xIlnJYlGUz3TzBn+dbvtme/QF2s4KMLwqHOsX40VWnZo3xkt/W1QX3k8e0PO5Z7z+Rx8zm6ipbvKtufb1RVfcfm0QP0mT6e2NmUScmvTn8RrLMoOtZdT89gnVPNBcbxdeOQz/eIoNGGVWmkeDN1wocMLT8UqvSiRxbI2Dye14kAIPREeTjxyPsdhh/ocojK+DdAdHJW8vBW69vLIxID74sB6Xo0WgZvg3D6UVWSw/6WIPGKyJzy9KW0FD57yS5sVJQl1FOlw/w2cXZMZr05ImAWddxotJY5E5vdGfn5m1Qw76Erso3vyrs7hEDgkaYBW+6sp+dt4QVXiEw== admin@DESKTOP-4ED8NGH\r\n",
                "username": "azureadmin"
              }
            ],
            "admin_username": "azureadmin",
            "allow_extension_operations": true,
            "availability_set_id": "",
            "boot_diagnostics": [],
            "bypass_platform_safety_checks_on_user_schedule_enabled": false,
            "capacity_reservation_group_id": "",
            "computer_name": "myLinuxAgent02",
            "custom_data": null,
            "dedicated_host_group_id": "",
            "dedicated_host_id": "",
            "disable_password_authentication": true,
            "edge_zone": "",
            "encryption_at_host_enabled": false,
            "eviction_policy": "Delete",
            "extensions_time_budget": "PT1H30M",
            "gallery_application": [],
            "id": "/subscriptions/ac90b42a-8ba9-48f5-9479-94dfd054e40d/resourceGroups/VPNSite2SiteDemo/providers/Microsoft.Compute/virtualMachines/source02",
            "identity": [],
            "license_type": "",
            "location": "eastasia",
            "max_bid_price": -1,
            "name": "source02",
            "network_interface_ids": [
              "/subscriptions/ac90b42a-8ba9-48f5-9479-94dfd054e40d/resourceGroups/VPNSite2SiteDemo/providers/Microsoft.Network/networkInterfaces/myNIC02"
            ],
            "os_disk": [
              {
                "caching": "ReadWrite",
                "diff_disk_settings": [],
                "disk_encryption_set_id": "",
                "disk_size_gb": 30,
                "name": "myOsDisk02",
                "secure_vm_disk_encryption_set_id": "",
                "security_encryption_type": "",
                "storage_account_type": "Standard_LRS",
                "write_accelerator_enabled": false
              }
            ],
            "patch_assessment_mode": "ImageDefault",
            "patch_mode": "ImageDefault",
            "plan": [],
            "platform_fault_domain": -1,
            "priority": "Spot",
            "private_ip_address": "10.10.1.4",
            "private_ip_addresses": [
              "10.10.1.4"
            ],
            "provision_vm_agent": true,
            "proximity_placement_group_id": "",
            "public_ip_address": "20.255.249.198",
            "public_ip_addresses": [
              "20.255.249.198"
            ],
            "reboot_setting": "",
            "resource_group_name": "VPNSite2SiteDemo",
            "secret": [],
            "secure_boot_enabled": false,
            "size": "Standard_F1s",
            "source_image_id": "",
            "source_image_reference": [
              {
                "offer": "0001-com-ubuntu-server-focal",
                "publisher": "Canonical",
                "sku": "20_04-lts",
                "version": "latest"
              }
            ],
            "tags": {},
            "termination_notification": [],
            "timeouts": null,
            "user_data": "",
            "virtual_machine_id": "92debb22-d609-42e2-8d01-77d3e208f9c1",
            "virtual_machine_scale_set_id": "",
            "vtpm_enabled": false,
            "zone": ""
          },
          "sensitive_attributes": [
            [
              {
                "type": "get_attr",
                "value": "admin_password"
              }
            ],
            [
              {
                "type": "get_attr",
                "value": "custom_data"
              }
            ]
          ],
          "private": "eyJlMmJmYjczMC1lY2FhLTExZTYtOGY4OC0zNDM2M2JjN2M0YzAiOnsiY3JlYXRlIjoyNzAwMDAwMDAwMDAwLCJkZWxldGUiOjI3MDAwMDAwMDAwMDAsInJlYWQiOjMwMDAwMDAwMDAwMCwidXBkYXRlIjoyNzAwMDAwMDAwMDAwfX0=",
          "dependencies": [
            "azurerm_resource_group.vpn_resource_group",
            "module.azure_virtual_machine_demo.module.network_interface.azurerm_network_interface.network_interface",
            "module.azure_virtual_machine_demo.module.network_interface.azurerm_public_ip.public_ip",
            "module.vpn_s2s_aws_azure.module.aws_network.aws_internet_gateway.internet_gateway",
            "module.vpn_s2s_aws_azure.module.aws_network.aws_subnet.vpn_subnet",
            "module.vpn_s2s_aws_azure.module.aws_network.aws_vpc.vpn_vpc",
            "module.vpn_s2s_aws_azure.module.aws_network.aws_vpn_gateway.virtual_private_gateway",
            "module.vpn_s2s_aws_azure.module.azure_network.azurerm_public_ip.vpn_public_ip",
            "module.vpn_s2s_aws_azure.module.azure_network.azurerm_subnet.vpn_subnet",
            "module.vpn_s2s_aws_azure.module.azure_network.azurerm_virtual_network.vpn_virtual_network",
            "module.vpn_s2s_aws_azure.module.azure_network.azurerm_virtual_network_gateway.virtual_network_gateway",
            "module.vpn_s2s_aws_azure.module.vpn_SiteToSite_connection.aws_customer_gateway.customer_gateway",
            "module.vpn_s2s_aws_azure.module.vpn_SiteToSite_connection.aws_route.internet_gateway_route",
            "module.vpn_s2s_aws_azure.module.vpn_SiteToSite_connection.aws_route.vpn_gateway_route",
            "module.vpn_s2s_aws_azure.module.vpn_SiteToSite_connection.aws_vpn_connection.vpn_connection",
            "module.vpn_s2s_aws_azure.module.vpn_SiteToSite_connection.aws_vpn_connection_route.vpn_static_routes",
            "module.vpn_s2s_aws_azure.module.vpn_SiteToSite_connection.azurerm_local_network_gateway.local_network_gateway",
            "module.vpn_s2s_aws_azure.module.vpn_SiteToSite_connection.azurerm_virtual_network_gateway_connection.vpn_connection"
          ]
        }
      ]
    },
    {
      "module": "module.vpn_s2s_aws_azure.module.aws_network",
      "mode": "managed",
      "type": "aws_internet_gateway",
      "name": "internet_gateway",
      "provider": "provider[\"registry.terraform.io/hashicorp/aws\"]",
      "instances": [
        {
          "schema_version": 0,
          "attributes": {
            "arn": "arn:aws:ec2:us-east-1:008748484958:internet-gateway/igw-0ea90cede8df264b9",
            "id": "igw-0ea90cede8df264b9",
            "owner_id": "008748484958",
            "tags": {
              "Name": "internet-gateway-vpn-test",
              "author": "khangtictoc",
              "createdBy": "Terraform",
              "environment": "dev",
              "project": "lab_extra_03"
            },
            "tags_all": {
              "Name": "internet-gateway-vpn-test",
              "author": "khangtictoc",
              "createdBy": "Terraform",
              "environment": "dev",
              "project": "lab_extra_03"
            },
            "timeouts": null,
            "vpc_id": "vpc-0659f3b6f82ad872c"
          },
          "sensitive_attributes": [],
          "private": "eyJlMmJmYjczMC1lY2FhLTExZTYtOGY4OC0zNDM2M2JjN2M0YzAiOnsiY3JlYXRlIjoxMjAwMDAwMDAwMDAwLCJkZWxldGUiOjEyMDAwMDAwMDAwMDAsInVwZGF0ZSI6MTIwMDAwMDAwMDAwMH19",
          "dependencies": [
            "azurerm_resource_group.vpn_resource_group",
            "module.vpn_s2s_aws_azure.module.aws_network.aws_vpc.vpn_vpc"
          ]
        }
      ]
    },
    {
      "module": "module.vpn_s2s_aws_azure.module.aws_network",
      "mode": "managed",
      "type": "aws_subnet",
      "name": "vpn_subnet",
      "provider": "provider[\"registry.terraform.io/hashicorp/aws\"]",
      "instances": [
        {
          "index_key": 0,
          "schema_version": 1,
          "attributes": {
            "arn": "arn:aws:ec2:us-east-1:008748484958:subnet/subnet-04511487e5abacb1b",
            "assign_ipv6_address_on_creation": false,
            "availability_zone": "us-east-1c",
            "availability_zone_id": "use1-az2",
            "cidr_block": "192.168.1.0/24",
            "customer_owned_ipv4_pool": "",
            "enable_dns64": false,
            "enable_lni_at_device_index": 0,
            "enable_resource_name_dns_a_record_on_launch": false,
            "enable_resource_name_dns_aaaa_record_on_launch": false,
            "id": "subnet-04511487e5abacb1b",
            "ipv6_cidr_block": "",
            "ipv6_cidr_block_association_id": "",
            "ipv6_native": false,
            "map_customer_owned_ip_on_launch": false,
            "map_public_ip_on_launch": false,
            "outpost_arn": "",
            "owner_id": "008748484958",
            "private_dns_hostname_type_on_launch": "ip-name",
            "tags": {
              "Name": "vpn-subnet",
              "author": "khangtictoc",
              "createdBy": "Terraform",
              "environment": "dev",
              "project": "lab_extra_03"
            },
            "tags_all": {
              "Name": "vpn-subnet",
              "author": "khangtictoc",
              "createdBy": "Terraform",
              "environment": "dev",
              "project": "lab_extra_03"
            },
            "timeouts": null,
            "vpc_id": "vpc-0659f3b6f82ad872c"
          },
          "sensitive_attributes": [],
          "private": "eyJlMmJmYjczMC1lY2FhLTExZTYtOGY4OC0zNDM2M2JjN2M0YzAiOnsiY3JlYXRlIjo2MDAwMDAwMDAwMDAsImRlbGV0ZSI6MTIwMDAwMDAwMDAwMH0sInNjaGVtYV92ZXJzaW9uIjoiMSJ9",
          "dependencies": [
            "azurerm_resource_group.vpn_resource_group",
            "module.vpn_s2s_aws_azure.module.aws_network.aws_vpc.vpn_vpc"
          ]
        }
      ]
    },
    {
      "module": "module.vpn_s2s_aws_azure.module.aws_network",
      "mode": "managed",
      "type": "aws_vpc",
      "name": "vpn_vpc",
      "provider": "provider[\"registry.terraform.io/hashicorp/aws\"]",
      "instances": [
        {
          "schema_version": 1,
          "attributes": {
            "arn": "arn:aws:ec2:us-east-1:008748484958:vpc/vpc-0659f3b6f82ad872c",
            "assign_generated_ipv6_cidr_block": false,
            "cidr_block": "192.168.0.0/16",
            "default_network_acl_id": "acl-0d561bdc15746faa1",
            "default_route_table_id": "rtb-0c1b9c9cd86906d56",
            "default_security_group_id": "sg-0f134ea0795392390",
            "dhcp_options_id": "dopt-074dfdadd578e5461",
            "enable_dns_hostnames": false,
            "enable_dns_support": true,
            "enable_network_address_usage_metrics": false,
            "id": "vpc-0659f3b6f82ad872c",
            "instance_tenancy": "default",
            "ipv4_ipam_pool_id": null,
            "ipv4_netmask_length": null,
            "ipv6_association_id": "",
            "ipv6_cidr_block": "",
            "ipv6_cidr_block_network_border_group": "",
            "ipv6_ipam_pool_id": "",
            "ipv6_netmask_length": 0,
            "main_route_table_id": "rtb-0c1b9c9cd86906d56",
            "owner_id": "008748484958",
            "tags": {
              "Name": "vpn-vpc",
              "author": "khangtictoc",
              "createdBy": "Terraform",
              "environment": "dev",
              "project": "lab_extra_03"
            },
            "tags_all": {
              "Name": "vpn-vpc",
              "author": "khangtictoc",
              "createdBy": "Terraform",
              "environment": "dev",
              "project": "lab_extra_03"
            }
          },
          "sensitive_attributes": [],
          "private": "eyJzY2hlbWFfdmVyc2lvbiI6IjEifQ==",
          "dependencies": [
            "azurerm_resource_group.vpn_resource_group"
          ]
        }
      ]
    },
    {
      "module": "module.vpn_s2s_aws_azure.module.aws_network",
      "mode": "managed",
      "type": "aws_vpn_gateway",
      "name": "virtual_private_gateway",
      "provider": "provider[\"registry.terraform.io/hashicorp/aws\"]",
      "instances": [
        {
          "schema_version": 0,
          "attributes": {
            "amazon_side_asn": "64512",
            "arn": "arn:aws:ec2:us-east-1:008748484958:vpn-gateway/vgw-07ac8ad8064bbb155",
            "availability_zone": null,
            "id": "vgw-07ac8ad8064bbb155",
            "tags": {
              "Name": "vpn-gateway",
              "author": "khangtictoc",
              "createdBy": "Terraform",
              "environment": "dev",
              "project": "lab_extra_03"
            },
            "tags_all": {
              "Name": "vpn-gateway",
              "author": "khangtictoc",
              "createdBy": "Terraform",
              "environment": "dev",
              "project": "lab_extra_03"
            },
            "vpc_id": "vpc-0659f3b6f82ad872c"
          },
          "sensitive_attributes": [],
          "private": "bnVsbA==",
          "dependencies": [
            "azurerm_resource_group.vpn_resource_group",
            "module.vpn_s2s_aws_azure.module.aws_network.aws_vpc.vpn_vpc"
          ]
        }
      ]
    },
    {
      "module": "module.vpn_s2s_aws_azure.module.azure_network[0]",
      "mode": "managed",
      "type": "azurerm_public_ip",
      "name": "vpn_public_ip",
      "provider": "provider[\"registry.terraform.io/hashicorp/azurerm\"]",
      "instances": [
        {
          "schema_version": 0,
          "attributes": {
            "allocation_method": "Static",
            "ddos_protection_mode": "VirtualNetworkInherited",
            "ddos_protection_plan_id": null,
            "domain_name_label": null,
            "edge_zone": "",
            "fqdn": null,
            "id": "/subscriptions/ac90b42a-8ba9-48f5-9479-94dfd054e40d/resourceGroups/VPNSite2SiteDemo/providers/Microsoft.Network/publicIPAddresses/VNet-Gateway",
            "idle_timeout_in_minutes": 4,
            "ip_address": "13.94.44.105",
            "ip_tags": {},
            "ip_version": "IPv4",
            "location": "eastasia",
            "name": "VNet-Gateway",
            "public_ip_prefix_id": null,
            "resource_group_name": "VPNSite2SiteDemo",
            "reverse_fqdn": null,
            "sku": "Standard",
            "sku_tier": "Regional",
            "tags": {
              "author": "khangtictoc",
              "createdBy": "Terraform",
              "environment": "dev",
              "project": "lab_extra_03"
            },
            "timeouts": null,
            "zones": []
          },
          "sensitive_attributes": [],
          "private": "eyJlMmJmYjczMC1lY2FhLTExZTYtOGY4OC0zNDM2M2JjN2M0YzAiOnsiY3JlYXRlIjoxODAwMDAwMDAwMDAwLCJkZWxldGUiOjE4MDAwMDAwMDAwMDAsInJlYWQiOjMwMDAwMDAwMDAwMCwidXBkYXRlIjoxODAwMDAwMDAwMDAwfX0=",
          "dependencies": [
            "azurerm_resource_group.vpn_resource_group"
          ]
        }
      ]
    },
    {
      "module": "module.vpn_s2s_aws_azure.module.azure_network[0]",
      "mode": "managed",
      "type": "azurerm_subnet",
      "name": "vpn_subnet",
      "provider": "provider[\"registry.terraform.io/hashicorp/azurerm\"]",
      "instances": [
        {
          "index_key": 0,
          "schema_version": 0,
          "attributes": {
            "address_prefixes": [
              "172.16.0.0/27"
            ],
            "delegation": [],
            "enforce_private_link_endpoint_network_policies": false,
            "enforce_private_link_service_network_policies": false,
            "id": "/subscriptions/ac90b42a-8ba9-48f5-9479-94dfd054e40d/resourceGroups/VPNSite2SiteDemo/providers/Microsoft.Network/virtualNetworks/VpnVnet/subnets/GatewaySubnet",
            "name": "GatewaySubnet",
            "private_endpoint_network_policies_enabled": true,
            "private_link_service_network_policies_enabled": true,
            "resource_group_name": "VPNSite2SiteDemo",
            "service_endpoint_policy_ids": [],
            "service_endpoints": [],
            "timeouts": null,
            "virtual_network_name": "VpnVnet"
          },
          "sensitive_attributes": [],
          "private": "eyJlMmJmYjczMC1lY2FhLTExZTYtOGY4OC0zNDM2M2JjN2M0YzAiOnsiY3JlYXRlIjoxODAwMDAwMDAwMDAwLCJkZWxldGUiOjE4MDAwMDAwMDAwMDAsInJlYWQiOjMwMDAwMDAwMDAwMCwidXBkYXRlIjoxODAwMDAwMDAwMDAwfX0=",
          "dependencies": [
            "azurerm_resource_group.vpn_resource_group",
            "module.vpn_s2s_aws_azure.module.azure_network.azurerm_virtual_network.vpn_virtual_network"
          ]
        },
        {
          "index_key": 1,
          "schema_version": 0,
          "attributes": {
            "address_prefixes": [
              "172.16.1.0/24"
            ],
            "delegation": [],
            "enforce_private_link_endpoint_network_policies": false,
            "enforce_private_link_service_network_policies": false,
            "id": "/subscriptions/ac90b42a-8ba9-48f5-9479-94dfd054e40d/resourceGroups/VPNSite2SiteDemo/providers/Microsoft.Network/virtualNetworks/VpnVnet/subnets/AppSubnet",
            "name": "AppSubnet",
            "private_endpoint_network_policies_enabled": true,
            "private_link_service_network_policies_enabled": true,
            "resource_group_name": "VPNSite2SiteDemo",
            "service_endpoint_policy_ids": [],
            "service_endpoints": [],
            "timeouts": null,
            "virtual_network_name": "VpnVnet"
          },
          "sensitive_attributes": [],
          "private": "eyJlMmJmYjczMC1lY2FhLTExZTYtOGY4OC0zNDM2M2JjN2M0YzAiOnsiY3JlYXRlIjoxODAwMDAwMDAwMDAwLCJkZWxldGUiOjE4MDAwMDAwMDAwMDAsInJlYWQiOjMwMDAwMDAwMDAwMCwidXBkYXRlIjoxODAwMDAwMDAwMDAwfX0=",
          "dependencies": [
            "azurerm_resource_group.vpn_resource_group",
            "module.vpn_s2s_aws_azure.module.azure_network.azurerm_virtual_network.vpn_virtual_network"
          ]
        },
        {
          "index_key": 2,
          "schema_version": 0,
          "attributes": {
            "address_prefixes": [
              "172.16.2.0/24"
            ],
            "delegation": [],
            "enforce_private_link_endpoint_network_policies": false,
            "enforce_private_link_service_network_policies": false,
            "id": "/subscriptions/ac90b42a-8ba9-48f5-9479-94dfd054e40d/resourceGroups/VPNSite2SiteDemo/providers/Microsoft.Network/virtualNetworks/VpnVnet/subnets/AppGatewaySubnet",
            "name": "AppGatewaySubnet",
            "private_endpoint_network_policies_enabled": true,
            "private_link_service_network_policies_enabled": true,
            "resource_group_name": "VPNSite2SiteDemo",
            "service_endpoint_policy_ids": [],
            "service_endpoints": [],
            "timeouts": null,
            "virtual_network_name": "VpnVnet"
          },
          "sensitive_attributes": [],
          "private": "eyJlMmJmYjczMC1lY2FhLTExZTYtOGY4OC0zNDM2M2JjN2M0YzAiOnsiY3JlYXRlIjoxODAwMDAwMDAwMDAwLCJkZWxldGUiOjE4MDAwMDAwMDAwMDAsInJlYWQiOjMwMDAwMDAwMDAwMCwidXBkYXRlIjoxODAwMDAwMDAwMDAwfX0=",
          "dependencies": [
            "azurerm_resource_group.vpn_resource_group",
            "module.vpn_s2s_aws_azure.module.azure_network.azurerm_virtual_network.vpn_virtual_network"
          ]
        }
      ]
    },
    {
      "module": "module.vpn_s2s_aws_azure.module.azure_network[0]",
      "mode": "managed",
      "type": "azurerm_virtual_network",
      "name": "vpn_virtual_network",
      "provider": "provider[\"registry.terraform.io/hashicorp/azurerm\"]",
      "instances": [
        {
          "schema_version": 0,
          "attributes": {
            "address_space": [
              "172.16.0.0/16"
            ],
            "bgp_community": "",
            "ddos_protection_plan": [],
            "dns_servers": [],
            "edge_zone": "",
            "encryption": [],
            "flow_timeout_in_minutes": 0,
            "guid": "43dda572-d524-467b-bbfb-d2549c1b24b7",
            "id": "/subscriptions/ac90b42a-8ba9-48f5-9479-94dfd054e40d/resourceGroups/VPNSite2SiteDemo/providers/Microsoft.Network/virtualNetworks/VpnVnet",
            "location": "eastasia",
            "name": "VpnVnet",
            "resource_group_name": "VPNSite2SiteDemo",
            "subnet": [
              {
                "address_prefix": "172.16.0.0/27",
                "id": "/subscriptions/ac90b42a-8ba9-48f5-9479-94dfd054e40d/resourceGroups/VPNSite2SiteDemo/providers/Microsoft.Network/virtualNetworks/VpnVnet/subnets/GatewaySubnet",
                "name": "GatewaySubnet",
                "security_group": ""
              },
              {
                "address_prefix": "172.16.1.0/24",
                "id": "/subscriptions/ac90b42a-8ba9-48f5-9479-94dfd054e40d/resourceGroups/VPNSite2SiteDemo/providers/Microsoft.Network/virtualNetworks/VpnVnet/subnets/AppSubnet",
                "name": "AppSubnet",
                "security_group": ""
              },
              {
                "address_prefix": "172.16.2.0/24",
                "id": "/subscriptions/ac90b42a-8ba9-48f5-9479-94dfd054e40d/resourceGroups/VPNSite2SiteDemo/providers/Microsoft.Network/virtualNetworks/VpnVnet/subnets/AppGatewaySubnet",
                "name": "AppGatewaySubnet",
                "security_group": ""
              }
            ],
            "tags": {
              "author": "khangtictoc",
              "createdBy": "Terraform",
              "environment": "dev",
              "project": "lab_extra_03"
            },
            "timeouts": null
          },
          "sensitive_attributes": [],
          "private": "eyJlMmJmYjczMC1lY2FhLTExZTYtOGY4OC0zNDM2M2JjN2M0YzAiOnsiY3JlYXRlIjoxODAwMDAwMDAwMDAwLCJkZWxldGUiOjE4MDAwMDAwMDAwMDAsInJlYWQiOjMwMDAwMDAwMDAwMCwidXBkYXRlIjoxODAwMDAwMDAwMDAwfX0=",
          "dependencies": [
            "azurerm_resource_group.vpn_resource_group"
          ]
        }
      ]
    },
    {
      "module": "module.vpn_s2s_aws_azure.module.azure_network[0]",
      "mode": "managed",
      "type": "azurerm_virtual_network_gateway",
      "name": "virtual_network_gateway",
      "provider": "provider[\"registry.terraform.io/hashicorp/azurerm\"]",
      "instances": [
        {
          "schema_version": 0,
          "attributes": {
            "active_active": false,
            "bgp_route_translation_for_nat_enabled": false,
            "bgp_settings": [
              {
                "asn": 65515,
                "peer_weight": 0,
                "peering_addresses": [
                  {
                    "apipa_addresses": [],
                    "default_addresses": [
                      "172.16.0.30"
                    ],
                    "ip_configuration_name": "Vnet-Gateway-IP-Config",
                    "tunnel_ip_addresses": [
                      "13.94.44.105"
                    ]
                  }
                ]
              }
            ],
            "custom_route": [],
            "default_local_network_gateway_id": null,
            "dns_forwarding_enabled": false,
            "edge_zone": "",
            "enable_bgp": false,
            "generation": "Generation1",
            "id": "/subscriptions/ac90b42a-8ba9-48f5-9479-94dfd054e40d/resourceGroups/VPNSite2SiteDemo/providers/Microsoft.Network/virtualNetworkGateways/Vnet-Gateway-Demo",
            "ip_configuration": [
              {
                "name": "Vnet-Gateway-IP-Config",
                "private_ip_address_allocation": "Dynamic",
                "public_ip_address_id": "/subscriptions/ac90b42a-8ba9-48f5-9479-94dfd054e40d/resourceGroups/VPNSite2SiteDemo/providers/Microsoft.Network/publicIPAddresses/VNet-Gateway",
                "subnet_id": "/subscriptions/ac90b42a-8ba9-48f5-9479-94dfd054e40d/resourceGroups/VPNSite2SiteDemo/providers/Microsoft.Network/virtualNetworks/VpnVnet/subnets/GatewaySubnet"
              }
            ],
            "ip_sec_replay_protection_enabled": true,
            "location": "eastasia",
            "name": "Vnet-Gateway-Demo",
            "policy_group": [],
            "private_ip_address_enabled": false,
            "remote_vnet_traffic_enabled": false,
            "resource_group_name": "VPNSite2SiteDemo",
            "sku": "VpnGw1",
            "tags": {
              "author": "khangtictoc",
              "createdBy": "Terraform",
              "environment": "dev",
              "project": "lab_extra_03"
            },
            "timeouts": null,
            "type": "Vpn",
            "virtual_wan_traffic_enabled": false,
            "vpn_client_configuration": [],
            "vpn_type": "RouteBased"
          },
          "sensitive_attributes": [],
          "private": "eyJlMmJmYjczMC1lY2FhLTExZTYtOGY4OC0zNDM2M2JjN2M0YzAiOnsiY3JlYXRlIjo1NDAwMDAwMDAwMDAwLCJkZWxldGUiOjM2MDAwMDAwMDAwMDAsInJlYWQiOjMwMDAwMDAwMDAwMCwidXBkYXRlIjozNjAwMDAwMDAwMDAwfX0=",
          "dependencies": [
            "azurerm_resource_group.vpn_resource_group",
            "module.vpn_s2s_aws_azure.module.azure_network.azurerm_public_ip.vpn_public_ip",
            "module.vpn_s2s_aws_azure.module.azure_network.azurerm_subnet.vpn_subnet",
            "module.vpn_s2s_aws_azure.module.azure_network.azurerm_virtual_network.vpn_virtual_network"
          ]
        }
      ]
    },
    {
      "module": "module.vpn_s2s_aws_azure.module.azure_network[1]",
      "mode": "managed",
      "type": "azurerm_public_ip",
      "name": "vpn_public_ip",
      "provider": "provider[\"registry.terraform.io/hashicorp/azurerm\"]",
      "instances": [
        {
          "schema_version": 0,
          "attributes": {
            "allocation_method": "Static",
            "ddos_protection_mode": "VirtualNetworkInherited",
            "ddos_protection_plan_id": null,
            "domain_name_label": null,
            "edge_zone": "",
            "fqdn": null,
            "id": "/subscriptions/ac90b42a-8ba9-48f5-9479-94dfd054e40d/resourceGroups/VPNSite2SiteDemo2/providers/Microsoft.Network/publicIPAddresses/VNet-Gateway2",
            "idle_timeout_in_minutes": 4,
            "ip_address": "20.2.160.47",
            "ip_tags": {},
            "ip_version": "IPv4",
            "location": "eastasia",
            "name": "VNet-Gateway2",
            "public_ip_prefix_id": null,
            "resource_group_name": "VPNSite2SiteDemo2",
            "reverse_fqdn": null,
            "sku": "Standard",
            "sku_tier": "Regional",
            "tags": {
              "author": "khangtictoc",
              "createdBy": "Terraform",
              "environment": "dev",
              "project": "lab_extra_03"
            },
            "timeouts": null,
            "zones": []
          },
          "sensitive_attributes": [],
          "private": "eyJlMmJmYjczMC1lY2FhLTExZTYtOGY4OC0zNDM2M2JjN2M0YzAiOnsiY3JlYXRlIjoxODAwMDAwMDAwMDAwLCJkZWxldGUiOjE4MDAwMDAwMDAwMDAsInJlYWQiOjMwMDAwMDAwMDAwMCwidXBkYXRlIjoxODAwMDAwMDAwMDAwfX0=",
          "dependencies": [
            "azurerm_resource_group.vpn_resource_group"
          ]
        }
      ]
    },
    {
      "module": "module.vpn_s2s_aws_azure.module.azure_network[1]",
      "mode": "managed",
      "type": "azurerm_subnet",
      "name": "vpn_subnet",
      "provider": "provider[\"registry.terraform.io/hashicorp/azurerm\"]",
      "instances": [
        {
          "index_key": 0,
          "schema_version": 0,
          "attributes": {
            "address_prefixes": [
              "10.10.0.0/27"
            ],
            "delegation": [],
            "enforce_private_link_endpoint_network_policies": false,
            "enforce_private_link_service_network_policies": false,
            "id": "/subscriptions/ac90b42a-8ba9-48f5-9479-94dfd054e40d/resourceGroups/VPNSite2SiteDemo2/providers/Microsoft.Network/virtualNetworks/VpnVnet2/subnets/GatewaySubnet",
            "name": "GatewaySubnet",
            "private_endpoint_network_policies_enabled": true,
            "private_link_service_network_policies_enabled": true,
            "resource_group_name": "VPNSite2SiteDemo2",
            "service_endpoint_policy_ids": [],
            "service_endpoints": [],
            "timeouts": null,
            "virtual_network_name": "VpnVnet2"
          },
          "sensitive_attributes": [],
          "private": "eyJlMmJmYjczMC1lY2FhLTExZTYtOGY4OC0zNDM2M2JjN2M0YzAiOnsiY3JlYXRlIjoxODAwMDAwMDAwMDAwLCJkZWxldGUiOjE4MDAwMDAwMDAwMDAsInJlYWQiOjMwMDAwMDAwMDAwMCwidXBkYXRlIjoxODAwMDAwMDAwMDAwfX0=",
          "dependencies": [
            "azurerm_resource_group.vpn_resource_group",
            "module.vpn_s2s_aws_azure.module.azure_network.azurerm_virtual_network.vpn_virtual_network"
          ]
        },
        {
          "index_key": 1,
          "schema_version": 0,
          "attributes": {
            "address_prefixes": [
              "10.10.1.0/24"
            ],
            "delegation": [],
            "enforce_private_link_endpoint_network_policies": false,
            "enforce_private_link_service_network_policies": false,
            "id": "/subscriptions/ac90b42a-8ba9-48f5-9479-94dfd054e40d/resourceGroups/VPNSite2SiteDemo2/providers/Microsoft.Network/virtualNetworks/VpnVnet2/subnets/AppSubnet",
            "name": "AppSubnet",
            "private_endpoint_network_policies_enabled": true,
            "private_link_service_network_policies_enabled": true,
            "resource_group_name": "VPNSite2SiteDemo2",
            "service_endpoint_policy_ids": [],
            "service_endpoints": [],
            "timeouts": null,
            "virtual_network_name": "VpnVnet2"
          },
          "sensitive_attributes": [],
          "private": "eyJlMmJmYjczMC1lY2FhLTExZTYtOGY4OC0zNDM2M2JjN2M0YzAiOnsiY3JlYXRlIjoxODAwMDAwMDAwMDAwLCJkZWxldGUiOjE4MDAwMDAwMDAwMDAsInJlYWQiOjMwMDAwMDAwMDAwMCwidXBkYXRlIjoxODAwMDAwMDAwMDAwfX0=",
          "dependencies": [
            "azurerm_resource_group.vpn_resource_group",
            "module.vpn_s2s_aws_azure.module.azure_network.azurerm_virtual_network.vpn_virtual_network"
          ]
        },
        {
          "index_key": 2,
          "schema_version": 0,
          "attributes": {
            "address_prefixes": [
              "10.10.2.0/24"
            ],
            "delegation": [],
            "enforce_private_link_endpoint_network_policies": false,
            "enforce_private_link_service_network_policies": false,
            "id": "/subscriptions/ac90b42a-8ba9-48f5-9479-94dfd054e40d/resourceGroups/VPNSite2SiteDemo2/providers/Microsoft.Network/virtualNetworks/VpnVnet2/subnets/AppGatewaySubnet",
            "name": "AppGatewaySubnet",
            "private_endpoint_network_policies_enabled": true,
            "private_link_service_network_policies_enabled": true,
            "resource_group_name": "VPNSite2SiteDemo2",
            "service_endpoint_policy_ids": [],
            "service_endpoints": [],
            "timeouts": null,
            "virtual_network_name": "VpnVnet2"
          },
          "sensitive_attributes": [],
          "private": "eyJlMmJmYjczMC1lY2FhLTExZTYtOGY4OC0zNDM2M2JjN2M0YzAiOnsiY3JlYXRlIjoxODAwMDAwMDAwMDAwLCJkZWxldGUiOjE4MDAwMDAwMDAwMDAsInJlYWQiOjMwMDAwMDAwMDAwMCwidXBkYXRlIjoxODAwMDAwMDAwMDAwfX0=",
          "dependencies": [
            "azurerm_resource_group.vpn_resource_group",
            "module.vpn_s2s_aws_azure.module.azure_network.azurerm_virtual_network.vpn_virtual_network"
          ]
        }
      ]
    },
    {
      "module": "module.vpn_s2s_aws_azure.module.azure_network[1]",
      "mode": "managed",
      "type": "azurerm_virtual_network",
      "name": "vpn_virtual_network",
      "provider": "provider[\"registry.terraform.io/hashicorp/azurerm\"]",
      "instances": [
        {
          "schema_version": 0,
          "attributes": {
            "address_space": [
              "10.10.0.0/16"
            ],
            "bgp_community": "",
            "ddos_protection_plan": [],
            "dns_servers": [],
            "edge_zone": "",
            "encryption": [],
            "flow_timeout_in_minutes": 0,
            "guid": "3296ba5c-fa42-47d2-87d9-e52c832e2bf2",
            "id": "/subscriptions/ac90b42a-8ba9-48f5-9479-94dfd054e40d/resourceGroups/VPNSite2SiteDemo2/providers/Microsoft.Network/virtualNetworks/VpnVnet2",
            "location": "eastasia",
            "name": "VpnVnet2",
            "resource_group_name": "VPNSite2SiteDemo2",
            "subnet": [
              {
                "address_prefix": "10.10.0.0/27",
                "id": "/subscriptions/ac90b42a-8ba9-48f5-9479-94dfd054e40d/resourceGroups/VPNSite2SiteDemo2/providers/Microsoft.Network/virtualNetworks/VpnVnet2/subnets/GatewaySubnet",
                "name": "GatewaySubnet",
                "security_group": ""
              },
              {
                "address_prefix": "10.10.1.0/24",
                "id": "/subscriptions/ac90b42a-8ba9-48f5-9479-94dfd054e40d/resourceGroups/VPNSite2SiteDemo2/providers/Microsoft.Network/virtualNetworks/VpnVnet2/subnets/AppSubnet",
                "name": "AppSubnet",
                "security_group": ""
              },
              {
                "address_prefix": "10.10.2.0/24",
                "id": "/subscriptions/ac90b42a-8ba9-48f5-9479-94dfd054e40d/resourceGroups/VPNSite2SiteDemo2/providers/Microsoft.Network/virtualNetworks/VpnVnet2/subnets/AppGatewaySubnet",
                "name": "AppGatewaySubnet",
                "security_group": ""
              }
            ],
            "tags": {
              "author": "khangtictoc",
              "createdBy": "Terraform",
              "environment": "dev",
              "project": "lab_extra_03"
            },
            "timeouts": null
          },
          "sensitive_attributes": [],
          "private": "eyJlMmJmYjczMC1lY2FhLTExZTYtOGY4OC0zNDM2M2JjN2M0YzAiOnsiY3JlYXRlIjoxODAwMDAwMDAwMDAwLCJkZWxldGUiOjE4MDAwMDAwMDAwMDAsInJlYWQiOjMwMDAwMDAwMDAwMCwidXBkYXRlIjoxODAwMDAwMDAwMDAwfX0=",
          "dependencies": [
            "azurerm_resource_group.vpn_resource_group"
          ]
        }
      ]
    },
    {
      "module": "module.vpn_s2s_aws_azure.module.azure_network[1]",
      "mode": "managed",
      "type": "azurerm_virtual_network_gateway",
      "name": "virtual_network_gateway",
      "provider": "provider[\"registry.terraform.io/hashicorp/azurerm\"]",
      "instances": [
        {
          "schema_version": 0,
          "attributes": {
            "active_active": false,
            "bgp_route_translation_for_nat_enabled": false,
            "bgp_settings": [
              {
                "asn": 65515,
                "peer_weight": 0,
                "peering_addresses": [
                  {
                    "apipa_addresses": [],
                    "default_addresses": [
                      "10.10.0.30"
                    ],
                    "ip_configuration_name": "Vnet-Gateway-IP-Config2",
                    "tunnel_ip_addresses": [
                      "20.2.160.47"
                    ]
                  }
                ]
              }
            ],
            "custom_route": [],
            "default_local_network_gateway_id": null,
            "dns_forwarding_enabled": false,
            "edge_zone": "",
            "enable_bgp": false,
            "generation": "Generation1",
            "id": "/subscriptions/ac90b42a-8ba9-48f5-9479-94dfd054e40d/resourceGroups/VPNSite2SiteDemo2/providers/Microsoft.Network/virtualNetworkGateways/Vnet-Gateway-Demo2",
            "ip_configuration": [
              {
                "name": "Vnet-Gateway-IP-Config2",
                "private_ip_address_allocation": "Dynamic",
                "public_ip_address_id": "/subscriptions/ac90b42a-8ba9-48f5-9479-94dfd054e40d/resourceGroups/VPNSite2SiteDemo2/providers/Microsoft.Network/publicIPAddresses/VNet-Gateway2",
                "subnet_id": "/subscriptions/ac90b42a-8ba9-48f5-9479-94dfd054e40d/resourceGroups/VPNSite2SiteDemo2/providers/Microsoft.Network/virtualNetworks/VpnVnet2/subnets/GatewaySubnet"
              }
            ],
            "ip_sec_replay_protection_enabled": true,
            "location": "eastasia",
            "name": "Vnet-Gateway-Demo2",
            "policy_group": [],
            "private_ip_address_enabled": false,
            "remote_vnet_traffic_enabled": false,
            "resource_group_name": "VPNSite2SiteDemo2",
            "sku": "VpnGw1",
            "tags": {
              "author": "khangtictoc",
              "createdBy": "Terraform",
              "environment": "dev",
              "project": "lab_extra_03"
            },
            "timeouts": null,
            "type": "Vpn",
            "virtual_wan_traffic_enabled": false,
            "vpn_client_configuration": [],
            "vpn_type": "RouteBased"
          },
          "sensitive_attributes": [],
          "private": "eyJlMmJmYjczMC1lY2FhLTExZTYtOGY4OC0zNDM2M2JjN2M0YzAiOnsiY3JlYXRlIjo1NDAwMDAwMDAwMDAwLCJkZWxldGUiOjM2MDAwMDAwMDAwMDAsInJlYWQiOjMwMDAwMDAwMDAwMCwidXBkYXRlIjozNjAwMDAwMDAwMDAwfX0=",
          "dependencies": [
            "azurerm_resource_group.vpn_resource_group",
            "module.vpn_s2s_aws_azure.module.azure_network.azurerm_public_ip.vpn_public_ip",
            "module.vpn_s2s_aws_azure.module.azure_network.azurerm_subnet.vpn_subnet",
            "module.vpn_s2s_aws_azure.module.azure_network.azurerm_virtual_network.vpn_virtual_network"
          ]
        }
      ]
    },
    {
      "module": "module.vpn_s2s_aws_azure.module.vpn_SiteToSite_connection[0]",
      "mode": "managed",
      "type": "aws_customer_gateway",
      "name": "customer_gateway",
      "provider": "provider[\"registry.terraform.io/hashicorp/aws\"]",
      "instances": [
        {
          "schema_version": 0,
          "attributes": {
            "arn": "arn:aws:ec2:us-east-1:008748484958:customer-gateway/cgw-025fc90ab933c7bbe",
            "bgp_asn": "65000",
            "certificate_arn": "",
            "device_name": "",
            "id": "cgw-025fc90ab933c7bbe",
            "ip_address": "13.94.44.105",
            "tags": {
              "Name": "my-customer-gateway",
              "author": "khangtictoc",
              "createdBy": "Terraform",
              "environment": "dev",
              "project": "lab_extra_03"
            },
            "tags_all": {
              "Name": "my-customer-gateway",
              "author": "khangtictoc",
              "createdBy": "Terraform",
              "environment": "dev",
              "project": "lab_extra_03"
            },
            "type": "ipsec.1"
          },
          "sensitive_attributes": [],
          "private": "bnVsbA==",
          "dependencies": [
            "azurerm_resource_group.vpn_resource_group",
            "module.vpn_s2s_aws_azure.module.azure_network.azurerm_public_ip.vpn_public_ip",
            "module.vpn_s2s_aws_azure.module.azure_network.azurerm_subnet.vpn_subnet",
            "module.vpn_s2s_aws_azure.module.azure_network.azurerm_virtual_network.vpn_virtual_network",
            "module.vpn_s2s_aws_azure.module.azure_network.azurerm_virtual_network_gateway.virtual_network_gateway"
          ]
        }
      ]
    },
    {
      "module": "module.vpn_s2s_aws_azure.module.vpn_SiteToSite_connection[0]",
      "mode": "managed",
      "type": "aws_route",
      "name": "internet_gateway_route",
      "provider": "provider[\"registry.terraform.io/hashicorp/aws\"]",
      "instances": [
        {
          "schema_version": 0,
          "attributes": {
            "carrier_gateway_id": "",
            "core_network_arn": "",
            "destination_cidr_block": "0.0.0.0/0",
            "destination_ipv6_cidr_block": "",
            "destination_prefix_list_id": "",
            "egress_only_gateway_id": "",
            "gateway_id": "igw-0ea90cede8df264b9",
            "id": "r-rtb-0c1b9c9cd86906d561080289494",
            "instance_id": "",
            "instance_owner_id": "",
            "local_gateway_id": "",
            "nat_gateway_id": "",
            "network_interface_id": "",
            "origin": "CreateRoute",
            "route_table_id": "rtb-0c1b9c9cd86906d56",
            "state": "active",
            "timeouts": null,
            "transit_gateway_id": "",
            "vpc_endpoint_id": "",
            "vpc_peering_connection_id": ""
          },
          "sensitive_attributes": [],
          "private": "eyJlMmJmYjczMC1lY2FhLTExZTYtOGY4OC0zNDM2M2JjN2M0YzAiOnsiY3JlYXRlIjozMDAwMDAwMDAwMDAsImRlbGV0ZSI6MzAwMDAwMDAwMDAwLCJ1cGRhdGUiOjEyMDAwMDAwMDAwMH19",
          "dependencies": [
            "azurerm_resource_group.vpn_resource_group",
            "module.vpn_s2s_aws_azure.module.aws_network.aws_internet_gateway.internet_gateway",
            "module.vpn_s2s_aws_azure.module.aws_network.aws_subnet.vpn_subnet",
            "module.vpn_s2s_aws_azure.module.aws_network.aws_vpc.vpn_vpc",
            "module.vpn_s2s_aws_azure.module.aws_network.aws_vpn_gateway.virtual_private_gateway"
          ]
        }
      ]
    },
    {
      "module": "module.vpn_s2s_aws_azure.module.vpn_SiteToSite_connection[0]",
      "mode": "managed",
      "type": "aws_route",
      "name": "vpn_gateway_route",
      "provider": "provider[\"registry.terraform.io/hashicorp/aws\"]",
      "instances": [
        {
          "schema_version": 0,
          "attributes": {
            "carrier_gateway_id": "",
            "core_network_arn": "",
            "destination_cidr_block": "172.16.0.0/16",
            "destination_ipv6_cidr_block": "",
            "destination_prefix_list_id": "",
            "egress_only_gateway_id": "",
            "gateway_id": "vgw-07ac8ad8064bbb155",
            "id": "r-rtb-0c1b9c9cd86906d563246677288",
            "instance_id": "",
            "instance_owner_id": "",
            "local_gateway_id": "",
            "nat_gateway_id": "",
            "network_interface_id": "",
            "origin": "CreateRoute",
            "route_table_id": "rtb-0c1b9c9cd86906d56",
            "state": "active",
            "timeouts": null,
            "transit_gateway_id": "",
            "vpc_endpoint_id": "",
            "vpc_peering_connection_id": ""
          },
          "sensitive_attributes": [],
          "private": "eyJlMmJmYjczMC1lY2FhLTExZTYtOGY4OC0zNDM2M2JjN2M0YzAiOnsiY3JlYXRlIjozMDAwMDAwMDAwMDAsImRlbGV0ZSI6MzAwMDAwMDAwMDAwLCJ1cGRhdGUiOjEyMDAwMDAwMDAwMH19",
          "dependencies": [
            "azurerm_resource_group.vpn_resource_group",
            "module.vpn_s2s_aws_azure.module.aws_network.aws_internet_gateway.internet_gateway",
            "module.vpn_s2s_aws_azure.module.aws_network.aws_subnet.vpn_subnet",
            "module.vpn_s2s_aws_azure.module.aws_network.aws_vpc.vpn_vpc",
            "module.vpn_s2s_aws_azure.module.aws_network.aws_vpn_gateway.virtual_private_gateway",
            "module.vpn_s2s_aws_azure.module.azure_network.azurerm_public_ip.vpn_public_ip",
            "module.vpn_s2s_aws_azure.module.azure_network.azurerm_subnet.vpn_subnet",
            "module.vpn_s2s_aws_azure.module.azure_network.azurerm_virtual_network.vpn_virtual_network",
            "module.vpn_s2s_aws_azure.module.azure_network.azurerm_virtual_network_gateway.virtual_network_gateway"
          ]
        }
      ]
    },
    {
      "module": "module.vpn_s2s_aws_azure.module.vpn_SiteToSite_connection[0]",
      "mode": "managed",
      "type": "aws_vpn_connection",
      "name": "vpn_connection",
      "provider": "provider[\"registry.terraform.io/hashicorp/aws\"]",
      "instances": [
        {
          "schema_version": 0,
          "attributes": {
            "arn": "arn:aws:ec2:us-east-1:008748484958:vpn-connection/vpn-023e4d9cda9712482",
            "core_network_arn": "",
            "core_network_attachment_arn": "",
            "customer_gateway_configuration": "\u003c?xml version=\"1.0\" encoding=\"UTF-8\"?\u003e\n\u003cvpn_connection id=\"vpn-023e4d9cda9712482\"\u003e\n  \u003ccustomer_gateway_id\u003ecgw-025fc90ab933c7bbe\u003c/customer_gateway_id\u003e\n  \u003cvpn_gateway_id\u003evgw-07ac8ad8064bbb155\u003c/vpn_gateway_id\u003e\n  \u003cvpn_connection_type\u003eipsec.1\u003c/vpn_connection_type\u003e\n  \u003cvpn_connection_attributes\u003eNoBGPVPNConnection\u003c/vpn_connection_attributes\u003e\n  \u003cipsec_tunnel\u003e\n    \u003ccustomer_gateway\u003e\n      \u003ctunnel_outside_address\u003e\n        \u003cip_address\u003e13.94.44.105\u003c/ip_address\u003e\n      \u003c/tunnel_outside_address\u003e\n      \u003ctunnel_inside_address\u003e\n        \u003cip_address\u003e169.254.206.226\u003c/ip_address\u003e\n        \u003cnetwork_mask\u003e255.255.255.252\u003c/network_mask\u003e\n        \u003cnetwork_cidr\u003e30\u003c/network_cidr\u003e\n      \u003c/tunnel_inside_address\u003e\n    \u003c/customer_gateway\u003e\n    \u003cvpn_gateway\u003e\n      \u003ctunnel_outside_address\u003e\n        \u003cip_address\u003e52.72.206.17\u003c/ip_address\u003e\n      \u003c/tunnel_outside_address\u003e\n      \u003ctunnel_inside_address\u003e\n        \u003cip_address\u003e169.254.206.225\u003c/ip_address\u003e\n        \u003cnetwork_mask\u003e255.255.255.252\u003c/network_mask\u003e\n        \u003cnetwork_cidr\u003e30\u003c/network_cidr\u003e\n      \u003c/tunnel_inside_address\u003e\n    \u003c/vpn_gateway\u003e\n    \u003cike\u003e\n      \u003cauthentication_protocol\u003esha1\u003c/authentication_protocol\u003e\n      \u003cencryption_protocol\u003eaes-128-cbc\u003c/encryption_protocol\u003e\n      \u003clifetime\u003e28800\u003c/lifetime\u003e\n      \u003cperfect_forward_secrecy\u003egroup2\u003c/perfect_forward_secrecy\u003e\n      \u003cmode\u003emain\u003c/mode\u003e\n      \u003cpre_shared_key\u003esGWaj1uAijMlcbQa1Nb7laHZIMaDVcv6\u003c/pre_shared_key\u003e\n    \u003c/ike\u003e\n    \u003cipsec\u003e\n      \u003cprotocol\u003eesp\u003c/protocol\u003e\n      \u003cauthentication_protocol\u003ehmac-sha1-96\u003c/authentication_protocol\u003e\n      \u003cencryption_protocol\u003eaes-128-cbc\u003c/encryption_protocol\u003e\n      \u003clifetime\u003e3600\u003c/lifetime\u003e\n      \u003cperfect_forward_secrecy\u003egroup2\u003c/perfect_forward_secrecy\u003e\n      \u003cmode\u003etunnel\u003c/mode\u003e\n      \u003cclear_df_bit\u003etrue\u003c/clear_df_bit\u003e\n      \u003cfragmentation_before_encryption\u003etrue\u003c/fragmentation_before_encryption\u003e\n      \u003ctcp_mss_adjustment\u003e1379\u003c/tcp_mss_adjustment\u003e\n      \u003cdead_peer_detection\u003e\n        \u003cinterval\u003e10\u003c/interval\u003e\n        \u003cretries\u003e3\u003c/retries\u003e\n      \u003c/dead_peer_detection\u003e\n    \u003c/ipsec\u003e\n  \u003c/ipsec_tunnel\u003e\n  \u003cipsec_tunnel\u003e\n    \u003ccustomer_gateway\u003e\n      \u003ctunnel_outside_address\u003e\n        \u003cip_address\u003e13.94.44.105\u003c/ip_address\u003e\n      \u003c/tunnel_outside_address\u003e\n      \u003ctunnel_inside_address\u003e\n        \u003cip_address\u003e169.254.105.74\u003c/ip_address\u003e\n        \u003cnetwork_mask\u003e255.255.255.252\u003c/network_mask\u003e\n        \u003cnetwork_cidr\u003e30\u003c/network_cidr\u003e\n      \u003c/tunnel_inside_address\u003e\n    \u003c/customer_gateway\u003e\n    \u003cvpn_gateway\u003e\n      \u003ctunnel_outside_address\u003e\n        \u003cip_address\u003e54.242.254.166\u003c/ip_address\u003e\n      \u003c/tunnel_outside_address\u003e\n      \u003ctunnel_inside_address\u003e\n        \u003cip_address\u003e169.254.105.73\u003c/ip_address\u003e\n        \u003cnetwork_mask\u003e255.255.255.252\u003c/network_mask\u003e\n        \u003cnetwork_cidr\u003e30\u003c/network_cidr\u003e\n      \u003c/tunnel_inside_address\u003e\n    \u003c/vpn_gateway\u003e\n    \u003cike\u003e\n      \u003cauthentication_protocol\u003esha1\u003c/authentication_protocol\u003e\n      \u003cencryption_protocol\u003eaes-128-cbc\u003c/encryption_protocol\u003e\n      \u003clifetime\u003e28800\u003c/lifetime\u003e\n      \u003cperfect_forward_secrecy\u003egroup2\u003c/perfect_forward_secrecy\u003e\n      \u003cmode\u003emain\u003c/mode\u003e\n      \u003cpre_shared_key\u003eJ2UjYb77i8nu695FGFCyBlurCL2A4kwb\u003c/pre_shared_key\u003e\n    \u003c/ike\u003e\n    \u003cipsec\u003e\n      \u003cprotocol\u003eesp\u003c/protocol\u003e\n      \u003cauthentication_protocol\u003ehmac-sha1-96\u003c/authentication_protocol\u003e\n      \u003cencryption_protocol\u003eaes-128-cbc\u003c/encryption_protocol\u003e\n      \u003clifetime\u003e3600\u003c/lifetime\u003e\n      \u003cperfect_forward_secrecy\u003egroup2\u003c/perfect_forward_secrecy\u003e\n      \u003cmode\u003etunnel\u003c/mode\u003e\n      \u003cclear_df_bit\u003etrue\u003c/clear_df_bit\u003e\n      \u003cfragmentation_before_encryption\u003etrue\u003c/fragmentation_before_encryption\u003e\n      \u003ctcp_mss_adjustment\u003e1379\u003c/tcp_mss_adjustment\u003e\n      \u003cdead_peer_detection\u003e\n        \u003cinterval\u003e10\u003c/interval\u003e\n        \u003cretries\u003e3\u003c/retries\u003e\n      \u003c/dead_peer_detection\u003e\n    \u003c/ipsec\u003e\n  \u003c/ipsec_tunnel\u003e\n\u003c/vpn_connection\u003e\n",
            "customer_gateway_id": "cgw-025fc90ab933c7bbe",
            "enable_acceleration": false,
            "id": "vpn-023e4d9cda9712482",
            "local_ipv4_network_cidr": "0.0.0.0/0",
            "local_ipv6_network_cidr": "",
            "outside_ip_address_type": "PublicIpv4",
            "remote_ipv4_network_cidr": "0.0.0.0/0",
            "remote_ipv6_network_cidr": "",
            "routes": [
              {
                "destination_cidr_block": "172.16.0.0/16",
                "source": "",
                "state": "available"
              }
            ],
            "static_routes_only": true,
            "tags": {
              "Name": "my-vpn-connection",
              "author": "khangtictoc",
              "createdBy": "Terraform",
              "environment": "dev",
              "project": "lab_extra_03"
            },
            "tags_all": {
              "Name": "my-vpn-connection",
              "author": "khangtictoc",
              "createdBy": "Terraform",
              "environment": "dev",
              "project": "lab_extra_03"
            },
            "transit_gateway_attachment_id": "",
            "transit_gateway_id": "",
            "transport_transit_gateway_attachment_id": "",
            "tunnel1_address": "52.72.206.17",
            "tunnel1_bgp_asn": "",
            "tunnel1_bgp_holdtime": 0,
            "tunnel1_cgw_inside_address": "169.254.206.226",
            "tunnel1_dpd_timeout_action": "",
            "tunnel1_dpd_timeout_seconds": 0,
            "tunnel1_enable_tunnel_lifecycle_control": false,
            "tunnel1_ike_versions": [],
            "tunnel1_inside_cidr": "169.254.206.224/30",
            "tunnel1_inside_ipv6_cidr": "",
            "tunnel1_log_options": [
              {
                "cloudwatch_log_options": [
                  {
                    "log_enabled": false,
                    "log_group_arn": "",
                    "log_output_format": ""
                  }
                ]
              }
            ],
            "tunnel1_phase1_dh_group_numbers": [],
            "tunnel1_phase1_encryption_algorithms": [],
            "tunnel1_phase1_integrity_algorithms": [],
            "tunnel1_phase1_lifetime_seconds": 0,
            "tunnel1_phase2_dh_group_numbers": [],
            "tunnel1_phase2_encryption_algorithms": [],
            "tunnel1_phase2_integrity_algorithms": [],
            "tunnel1_phase2_lifetime_seconds": 0,
            "tunnel1_preshared_key": "sGWaj1uAijMlcbQa1Nb7laHZIMaDVcv6",
            "tunnel1_rekey_fuzz_percentage": 0,
            "tunnel1_rekey_margin_time_seconds": 0,
            "tunnel1_replay_window_size": 0,
            "tunnel1_startup_action": "",
            "tunnel1_vgw_inside_address": "169.254.206.225",
            "tunnel2_address": "54.242.254.166",
            "tunnel2_bgp_asn": "",
            "tunnel2_bgp_holdtime": 0,
            "tunnel2_cgw_inside_address": "169.254.105.74",
            "tunnel2_dpd_timeout_action": "",
            "tunnel2_dpd_timeout_seconds": 0,
            "tunnel2_enable_tunnel_lifecycle_control": false,
            "tunnel2_ike_versions": [],
            "tunnel2_inside_cidr": "169.254.105.72/30",
            "tunnel2_inside_ipv6_cidr": "",
            "tunnel2_log_options": [
              {
                "cloudwatch_log_options": [
                  {
                    "log_enabled": false,
                    "log_group_arn": "",
                    "log_output_format": ""
                  }
                ]
              }
            ],
            "tunnel2_phase1_dh_group_numbers": [],
            "tunnel2_phase1_encryption_algorithms": [],
            "tunnel2_phase1_integrity_algorithms": [],
            "tunnel2_phase1_lifetime_seconds": 0,
            "tunnel2_phase2_dh_group_numbers": [],
            "tunnel2_phase2_encryption_algorithms": [],
            "tunnel2_phase2_integrity_algorithms": [],
            "tunnel2_phase2_lifetime_seconds": 0,
            "tunnel2_preshared_key": "J2UjYb77i8nu695FGFCyBlurCL2A4kwb",
            "tunnel2_rekey_fuzz_percentage": 0,
            "tunnel2_rekey_margin_time_seconds": 0,
            "tunnel2_replay_window_size": 0,
            "tunnel2_startup_action": "",
            "tunnel2_vgw_inside_address": "169.254.105.73",
            "tunnel_inside_ip_version": "ipv4",
            "type": "ipsec.1",
            "vgw_telemetry": [
              {
                "accepted_route_count": 1,
                "certificate_arn": "",
                "last_status_change": "2024-07-10T09:15:02Z",
                "outside_ip_address": "54.242.254.166",
                "status": "DOWN",
                "status_message": ""
              },
              {
                "accepted_route_count": 1,
                "certificate_arn": "",
                "last_status_change": "2024-07-10T09:21:14Z",
                "outside_ip_address": "52.72.206.17",
                "status": "UP",
                "status_message": ""
              }
            ],
            "vpn_gateway_id": "vgw-07ac8ad8064bbb155"
          },
          "sensitive_attributes": [
            [
              {
                "type": "get_attr",
                "value": "tunnel2_preshared_key"
              }
            ],
            [
              {
                "type": "get_attr",
                "value": "customer_gateway_configuration"
              }
            ],
            [
              {
                "type": "get_attr",
                "value": "tunnel1_preshared_key"
              }
            ]
          ],
          "private": "bnVsbA==",
          "dependencies": [
            "azurerm_resource_group.vpn_resource_group",
            "module.vpn_s2s_aws_azure.module.aws_network.aws_internet_gateway.internet_gateway",
            "module.vpn_s2s_aws_azure.module.aws_network.aws_subnet.vpn_subnet",
            "module.vpn_s2s_aws_azure.module.aws_network.aws_vpc.vpn_vpc",
            "module.vpn_s2s_aws_azure.module.aws_network.aws_vpn_gateway.virtual_private_gateway",
            "module.vpn_s2s_aws_azure.module.azure_network.azurerm_public_ip.vpn_public_ip",
            "module.vpn_s2s_aws_azure.module.azure_network.azurerm_subnet.vpn_subnet",
            "module.vpn_s2s_aws_azure.module.azure_network.azurerm_virtual_network.vpn_virtual_network",
            "module.vpn_s2s_aws_azure.module.azure_network.azurerm_virtual_network_gateway.virtual_network_gateway",
            "module.vpn_s2s_aws_azure.module.vpn_SiteToSite_connection.aws_customer_gateway.customer_gateway"
          ]
        }
      ]
    },
    {
      "module": "module.vpn_s2s_aws_azure.module.vpn_SiteToSite_connection[0]",
      "mode": "managed",
      "type": "aws_vpn_connection_route",
      "name": "vpn_static_routes",
      "provider": "provider[\"registry.terraform.io/hashicorp/aws\"]",
      "instances": [
        {
          "schema_version": 0,
          "attributes": {
            "destination_cidr_block": "172.16.0.0/16",
            "id": "172.16.0.0/16:vpn-023e4d9cda9712482",
            "vpn_connection_id": "vpn-023e4d9cda9712482"
          },
          "sensitive_attributes": [],
          "private": "bnVsbA==",
          "dependencies": [
            "azurerm_resource_group.vpn_resource_group",
            "module.vpn_s2s_aws_azure.module.aws_network.aws_internet_gateway.internet_gateway",
            "module.vpn_s2s_aws_azure.module.aws_network.aws_subnet.vpn_subnet",
            "module.vpn_s2s_aws_azure.module.aws_network.aws_vpc.vpn_vpc",
            "module.vpn_s2s_aws_azure.module.aws_network.aws_vpn_gateway.virtual_private_gateway",
            "module.vpn_s2s_aws_azure.module.azure_network.azurerm_public_ip.vpn_public_ip",
            "module.vpn_s2s_aws_azure.module.azure_network.azurerm_subnet.vpn_subnet",
            "module.vpn_s2s_aws_azure.module.azure_network.azurerm_virtual_network.vpn_virtual_network",
            "module.vpn_s2s_aws_azure.module.azure_network.azurerm_virtual_network_gateway.virtual_network_gateway",
            "module.vpn_s2s_aws_azure.module.vpn_SiteToSite_connection.aws_customer_gateway.customer_gateway",
            "module.vpn_s2s_aws_azure.module.vpn_SiteToSite_connection.aws_vpn_connection.vpn_connection"
          ]
        }
      ]
    },
    {
      "module": "module.vpn_s2s_aws_azure.module.vpn_SiteToSite_connection[0]",
      "mode": "managed",
      "type": "azurerm_local_network_gateway",
      "name": "local_network_gateway",
      "provider": "provider[\"registry.terraform.io/hashicorp/azurerm\"]",
      "instances": [
        {
          "schema_version": 0,
          "attributes": {
            "address_space": [
              "192.168.0.0/16"
            ],
            "bgp_settings": [],
            "gateway_address": "52.72.206.17",
            "gateway_fqdn": "",
            "id": "/subscriptions/ac90b42a-8ba9-48f5-9479-94dfd054e40d/resourceGroups/VPNSite2SiteDemo/providers/Microsoft.Network/localNetworkGateways/my-vpn-connection",
            "location": "eastasia",
            "name": "my-vpn-connection",
            "resource_group_name": "VPNSite2SiteDemo",
            "tags": {},
            "timeouts": null
          },
          "sensitive_attributes": [],
          "private": "eyJlMmJmYjczMC1lY2FhLTExZTYtOGY4OC0zNDM2M2JjN2M0YzAiOnsiY3JlYXRlIjoxODAwMDAwMDAwMDAwLCJkZWxldGUiOjE4MDAwMDAwMDAwMDAsInJlYWQiOjMwMDAwMDAwMDAwMCwidXBkYXRlIjoxODAwMDAwMDAwMDAwfX0=",
          "dependencies": [
            "azurerm_resource_group.vpn_resource_group",
            "module.vpn_s2s_aws_azure.module.aws_network.aws_internet_gateway.internet_gateway",
            "module.vpn_s2s_aws_azure.module.aws_network.aws_subnet.vpn_subnet",
            "module.vpn_s2s_aws_azure.module.aws_network.aws_vpc.vpn_vpc",
            "module.vpn_s2s_aws_azure.module.aws_network.aws_vpn_gateway.virtual_private_gateway",
            "module.vpn_s2s_aws_azure.module.azure_network.azurerm_public_ip.vpn_public_ip",
            "module.vpn_s2s_aws_azure.module.azure_network.azurerm_subnet.vpn_subnet",
            "module.vpn_s2s_aws_azure.module.azure_network.azurerm_virtual_network.vpn_virtual_network",
            "module.vpn_s2s_aws_azure.module.azure_network.azurerm_virtual_network_gateway.virtual_network_gateway",
            "module.vpn_s2s_aws_azure.module.vpn_SiteToSite_connection.aws_customer_gateway.customer_gateway",
            "module.vpn_s2s_aws_azure.module.vpn_SiteToSite_connection.aws_vpn_connection.vpn_connection"
          ]
        }
      ]
    },
    {
      "module": "module.vpn_s2s_aws_azure.module.vpn_SiteToSite_connection[0]",
      "mode": "managed",
      "type": "azurerm_virtual_network_gateway_connection",
      "name": "vpn_connection",
      "provider": "provider[\"registry.terraform.io/hashicorp/azurerm\"]",
      "instances": [
        {
          "schema_version": 0,
          "attributes": {
            "authorization_key": "",
            "connection_mode": "Default",
            "connection_protocol": "IKEv2",
            "custom_bgp_addresses": [],
            "dpd_timeout_seconds": 0,
            "egress_nat_rule_ids": [],
            "enable_bgp": false,
            "express_route_circuit_id": null,
            "express_route_gateway_bypass": false,
            "id": "/subscriptions/ac90b42a-8ba9-48f5-9479-94dfd054e40d/resourceGroups/VPNSite2SiteDemo/providers/Microsoft.Network/connections/myVnetGWConn",
            "ingress_nat_rule_ids": [],
            "ipsec_policy": [],
            "local_azure_ip_address_enabled": false,
            "local_network_gateway_id": "/subscriptions/ac90b42a-8ba9-48f5-9479-94dfd054e40d/resourceGroups/VPNSite2SiteDemo/providers/Microsoft.Network/localNetworkGateways/my-vpn-connection",
            "location": "eastasia",
            "name": "myVnetGWConn",
            "peer_virtual_network_gateway_id": null,
            "resource_group_name": "VPNSite2SiteDemo",
            "routing_weight": 0,
            "shared_key": "sGWaj1uAijMlcbQa1Nb7laHZIMaDVcv6",
            "tags": {},
            "timeouts": null,
            "traffic_selector_policy": [],
            "type": "IPsec",
            "use_policy_based_traffic_selectors": false,
            "virtual_network_gateway_id": "/subscriptions/ac90b42a-8ba9-48f5-9479-94dfd054e40d/resourceGroups/VPNSite2SiteDemo/providers/Microsoft.Network/virtualNetworkGateways/Vnet-Gateway-Demo"
          },
          "sensitive_attributes": [
            [
              {
                "type": "get_attr",
                "value": "authorization_key"
              }
            ],
            [
              {
                "type": "get_attr",
                "value": "shared_key"
              }
            ]
          ],
          "private": "eyJlMmJmYjczMC1lY2FhLTExZTYtOGY4OC0zNDM2M2JjN2M0YzAiOnsiY3JlYXRlIjoxODAwMDAwMDAwMDAwLCJkZWxldGUiOjE4MDAwMDAwMDAwMDAsInJlYWQiOjMwMDAwMDAwMDAwMCwidXBkYXRlIjoxODAwMDAwMDAwMDAwfX0=",
          "dependencies": [
            "azurerm_resource_group.vpn_resource_group",
            "module.vpn_s2s_aws_azure.module.aws_network.aws_internet_gateway.internet_gateway",
            "module.vpn_s2s_aws_azure.module.aws_network.aws_subnet.vpn_subnet",
            "module.vpn_s2s_aws_azure.module.aws_network.aws_vpc.vpn_vpc",
            "module.vpn_s2s_aws_azure.module.aws_network.aws_vpn_gateway.virtual_private_gateway",
            "module.vpn_s2s_aws_azure.module.azure_network.azurerm_public_ip.vpn_public_ip",
            "module.vpn_s2s_aws_azure.module.azure_network.azurerm_subnet.vpn_subnet",
            "module.vpn_s2s_aws_azure.module.azure_network.azurerm_virtual_network.vpn_virtual_network",
            "module.vpn_s2s_aws_azure.module.azure_network.azurerm_virtual_network_gateway.virtual_network_gateway",
            "module.vpn_s2s_aws_azure.module.vpn_SiteToSite_connection.aws_customer_gateway.customer_gateway",
            "module.vpn_s2s_aws_azure.module.vpn_SiteToSite_connection.aws_vpn_connection.vpn_connection",
            "module.vpn_s2s_aws_azure.module.vpn_SiteToSite_connection.azurerm_local_network_gateway.local_network_gateway"
          ]
        }
      ]
    },
    {
      "module": "module.vpn_s2s_aws_azure.module.vpn_SiteToSite_connection[1]",
      "mode": "managed",
      "type": "aws_customer_gateway",
      "name": "customer_gateway",
      "provider": "provider[\"registry.terraform.io/hashicorp/aws\"]",
      "instances": [
        {
          "schema_version": 0,
          "attributes": {
            "arn": "arn:aws:ec2:us-east-1:008748484958:customer-gateway/cgw-0dc812eccbdcd2cc7",
            "bgp_asn": "65000",
            "certificate_arn": "",
            "device_name": "",
            "id": "cgw-0dc812eccbdcd2cc7",
            "ip_address": "20.2.160.47",
            "tags": {
              "Name": "my-customer-gateway2",
              "author": "khangtictoc",
              "createdBy": "Terraform",
              "environment": "dev",
              "project": "lab_extra_03"
            },
            "tags_all": {
              "Name": "my-customer-gateway2",
              "author": "khangtictoc",
              "createdBy": "Terraform",
              "environment": "dev",
              "project": "lab_extra_03"
            },
            "type": "ipsec.1"
          },
          "sensitive_attributes": [],
          "private": "bnVsbA==",
          "dependencies": [
            "azurerm_resource_group.vpn_resource_group",
            "module.vpn_s2s_aws_azure.module.azure_network.azurerm_public_ip.vpn_public_ip",
            "module.vpn_s2s_aws_azure.module.azure_network.azurerm_subnet.vpn_subnet",
            "module.vpn_s2s_aws_azure.module.azure_network.azurerm_virtual_network.vpn_virtual_network",
            "module.vpn_s2s_aws_azure.module.azure_network.azurerm_virtual_network_gateway.virtual_network_gateway"
          ]
        }
      ]
    },
    {
      "module": "module.vpn_s2s_aws_azure.module.vpn_SiteToSite_connection[1]",
      "mode": "managed",
      "type": "aws_route",
      "name": "internet_gateway_route",
      "provider": "provider[\"registry.terraform.io/hashicorp/aws\"]",
      "instances": [
        {
          "schema_version": 0,
          "attributes": {
            "carrier_gateway_id": "",
            "core_network_arn": "",
            "destination_cidr_block": "0.0.0.0/0",
            "destination_ipv6_cidr_block": "",
            "destination_prefix_list_id": "",
            "egress_only_gateway_id": "",
            "gateway_id": "igw-0ea90cede8df264b9",
            "id": "r-rtb-0c1b9c9cd86906d561080289494",
            "instance_id": "",
            "instance_owner_id": "",
            "local_gateway_id": "",
            "nat_gateway_id": "",
            "network_interface_id": "",
            "origin": "CreateRoute",
            "route_table_id": "rtb-0c1b9c9cd86906d56",
            "state": "active",
            "timeouts": null,
            "transit_gateway_id": "",
            "vpc_endpoint_id": "",
            "vpc_peering_connection_id": ""
          },
          "sensitive_attributes": [],
          "private": "eyJlMmJmYjczMC1lY2FhLTExZTYtOGY4OC0zNDM2M2JjN2M0YzAiOnsiY3JlYXRlIjozMDAwMDAwMDAwMDAsImRlbGV0ZSI6MzAwMDAwMDAwMDAwLCJ1cGRhdGUiOjEyMDAwMDAwMDAwMH19",
          "dependencies": [
            "azurerm_resource_group.vpn_resource_group",
            "module.vpn_s2s_aws_azure.module.aws_network.aws_internet_gateway.internet_gateway",
            "module.vpn_s2s_aws_azure.module.aws_network.aws_subnet.vpn_subnet",
            "module.vpn_s2s_aws_azure.module.aws_network.aws_vpc.vpn_vpc",
            "module.vpn_s2s_aws_azure.module.aws_network.aws_vpn_gateway.virtual_private_gateway"
          ]
        }
      ]
    },
    {
      "module": "module.vpn_s2s_aws_azure.module.vpn_SiteToSite_connection[1]",
      "mode": "managed",
      "type": "aws_route",
      "name": "vpn_gateway_route",
      "provider": "provider[\"registry.terraform.io/hashicorp/aws\"]",
      "instances": [
        {
          "schema_version": 0,
          "attributes": {
            "carrier_gateway_id": "",
            "core_network_arn": "",
            "destination_cidr_block": "10.10.0.0/16",
            "destination_ipv6_cidr_block": "",
            "destination_prefix_list_id": "",
            "egress_only_gateway_id": "",
            "gateway_id": "vgw-07ac8ad8064bbb155",
            "id": "r-rtb-0c1b9c9cd86906d56519371977",
            "instance_id": "",
            "instance_owner_id": "",
            "local_gateway_id": "",
            "nat_gateway_id": "",
            "network_interface_id": "",
            "origin": "CreateRoute",
            "route_table_id": "rtb-0c1b9c9cd86906d56",
            "state": "active",
            "timeouts": null,
            "transit_gateway_id": "",
            "vpc_endpoint_id": "",
            "vpc_peering_connection_id": ""
          },
          "sensitive_attributes": [],
          "private": "eyJlMmJmYjczMC1lY2FhLTExZTYtOGY4OC0zNDM2M2JjN2M0YzAiOnsiY3JlYXRlIjozMDAwMDAwMDAwMDAsImRlbGV0ZSI6MzAwMDAwMDAwMDAwLCJ1cGRhdGUiOjEyMDAwMDAwMDAwMH19",
          "dependencies": [
            "azurerm_resource_group.vpn_resource_group",
            "module.vpn_s2s_aws_azure.module.aws_network.aws_internet_gateway.internet_gateway",
            "module.vpn_s2s_aws_azure.module.aws_network.aws_subnet.vpn_subnet",
            "module.vpn_s2s_aws_azure.module.aws_network.aws_vpc.vpn_vpc",
            "module.vpn_s2s_aws_azure.module.aws_network.aws_vpn_gateway.virtual_private_gateway",
            "module.vpn_s2s_aws_azure.module.azure_network.azurerm_public_ip.vpn_public_ip",
            "module.vpn_s2s_aws_azure.module.azure_network.azurerm_subnet.vpn_subnet",
            "module.vpn_s2s_aws_azure.module.azure_network.azurerm_virtual_network.vpn_virtual_network",
            "module.vpn_s2s_aws_azure.module.azure_network.azurerm_virtual_network_gateway.virtual_network_gateway"
          ]
        }
      ]
    },
    {
      "module": "module.vpn_s2s_aws_azure.module.vpn_SiteToSite_connection[1]",
      "mode": "managed",
      "type": "aws_vpn_connection",
      "name": "vpn_connection",
      "provider": "provider[\"registry.terraform.io/hashicorp/aws\"]",
      "instances": [
        {
          "schema_version": 0,
          "attributes": {
            "arn": "arn:aws:ec2:us-east-1:008748484958:vpn-connection/vpn-05bf31970105f8827",
            "core_network_arn": "",
            "core_network_attachment_arn": "",
            "customer_gateway_configuration": "\u003c?xml version=\"1.0\" encoding=\"UTF-8\"?\u003e\n\u003cvpn_connection id=\"vpn-05bf31970105f8827\"\u003e\n  \u003ccustomer_gateway_id\u003ecgw-0dc812eccbdcd2cc7\u003c/customer_gateway_id\u003e\n  \u003cvpn_gateway_id\u003evgw-07ac8ad8064bbb155\u003c/vpn_gateway_id\u003e\n  \u003cvpn_connection_type\u003eipsec.1\u003c/vpn_connection_type\u003e\n  \u003cvpn_connection_attributes\u003eNoBGPVPNConnection\u003c/vpn_connection_attributes\u003e\n  \u003cipsec_tunnel\u003e\n    \u003ccustomer_gateway\u003e\n      \u003ctunnel_outside_address\u003e\n        \u003cip_address\u003e20.2.160.47\u003c/ip_address\u003e\n      \u003c/tunnel_outside_address\u003e\n      \u003ctunnel_inside_address\u003e\n        \u003cip_address\u003e169.254.131.98\u003c/ip_address\u003e\n        \u003cnetwork_mask\u003e255.255.255.252\u003c/network_mask\u003e\n        \u003cnetwork_cidr\u003e30\u003c/network_cidr\u003e\n      \u003c/tunnel_inside_address\u003e\n    \u003c/customer_gateway\u003e\n    \u003cvpn_gateway\u003e\n      \u003ctunnel_outside_address\u003e\n        \u003cip_address\u003e52.44.106.218\u003c/ip_address\u003e\n      \u003c/tunnel_outside_address\u003e\n      \u003ctunnel_inside_address\u003e\n        \u003cip_address\u003e169.254.131.97\u003c/ip_address\u003e\n        \u003cnetwork_mask\u003e255.255.255.252\u003c/network_mask\u003e\n        \u003cnetwork_cidr\u003e30\u003c/network_cidr\u003e\n      \u003c/tunnel_inside_address\u003e\n    \u003c/vpn_gateway\u003e\n    \u003cike\u003e\n      \u003cauthentication_protocol\u003esha1\u003c/authentication_protocol\u003e\n      \u003cencryption_protocol\u003eaes-128-cbc\u003c/encryption_protocol\u003e\n      \u003clifetime\u003e28800\u003c/lifetime\u003e\n      \u003cperfect_forward_secrecy\u003egroup2\u003c/perfect_forward_secrecy\u003e\n      \u003cmode\u003emain\u003c/mode\u003e\n      \u003cpre_shared_key\u003eBhly8okIq9EMyWIvHdMIx3MgrTIbNBf0\u003c/pre_shared_key\u003e\n    \u003c/ike\u003e\n    \u003cipsec\u003e\n      \u003cprotocol\u003eesp\u003c/protocol\u003e\n      \u003cauthentication_protocol\u003ehmac-sha1-96\u003c/authentication_protocol\u003e\n      \u003cencryption_protocol\u003eaes-128-cbc\u003c/encryption_protocol\u003e\n      \u003clifetime\u003e3600\u003c/lifetime\u003e\n      \u003cperfect_forward_secrecy\u003egroup2\u003c/perfect_forward_secrecy\u003e\n      \u003cmode\u003etunnel\u003c/mode\u003e\n      \u003cclear_df_bit\u003etrue\u003c/clear_df_bit\u003e\n      \u003cfragmentation_before_encryption\u003etrue\u003c/fragmentation_before_encryption\u003e\n      \u003ctcp_mss_adjustment\u003e1379\u003c/tcp_mss_adjustment\u003e\n      \u003cdead_peer_detection\u003e\n        \u003cinterval\u003e10\u003c/interval\u003e\n        \u003cretries\u003e3\u003c/retries\u003e\n      \u003c/dead_peer_detection\u003e\n    \u003c/ipsec\u003e\n  \u003c/ipsec_tunnel\u003e\n  \u003cipsec_tunnel\u003e\n    \u003ccustomer_gateway\u003e\n      \u003ctunnel_outside_address\u003e\n        \u003cip_address\u003e20.2.160.47\u003c/ip_address\u003e\n      \u003c/tunnel_outside_address\u003e\n      \u003ctunnel_inside_address\u003e\n        \u003cip_address\u003e169.254.107.22\u003c/ip_address\u003e\n        \u003cnetwork_mask\u003e255.255.255.252\u003c/network_mask\u003e\n        \u003cnetwork_cidr\u003e30\u003c/network_cidr\u003e\n      \u003c/tunnel_inside_address\u003e\n    \u003c/customer_gateway\u003e\n    \u003cvpn_gateway\u003e\n      \u003ctunnel_outside_address\u003e\n        \u003cip_address\u003e54.198.81.238\u003c/ip_address\u003e\n      \u003c/tunnel_outside_address\u003e\n      \u003ctunnel_inside_address\u003e\n        \u003cip_address\u003e169.254.107.21\u003c/ip_address\u003e\n        \u003cnetwork_mask\u003e255.255.255.252\u003c/network_mask\u003e\n        \u003cnetwork_cidr\u003e30\u003c/network_cidr\u003e\n      \u003c/tunnel_inside_address\u003e\n    \u003c/vpn_gateway\u003e\n    \u003cike\u003e\n      \u003cauthentication_protocol\u003esha1\u003c/authentication_protocol\u003e\n      \u003cencryption_protocol\u003eaes-128-cbc\u003c/encryption_protocol\u003e\n      \u003clifetime\u003e28800\u003c/lifetime\u003e\n      \u003cperfect_forward_secrecy\u003egroup2\u003c/perfect_forward_secrecy\u003e\n      \u003cmode\u003emain\u003c/mode\u003e\n      \u003cpre_shared_key\u003e4kxhdCAHXoa5JAXRmWVD1m9u9kCGTA84\u003c/pre_shared_key\u003e\n    \u003c/ike\u003e\n    \u003cipsec\u003e\n      \u003cprotocol\u003eesp\u003c/protocol\u003e\n      \u003cauthentication_protocol\u003ehmac-sha1-96\u003c/authentication_protocol\u003e\n      \u003cencryption_protocol\u003eaes-128-cbc\u003c/encryption_protocol\u003e\n      \u003clifetime\u003e3600\u003c/lifetime\u003e\n      \u003cperfect_forward_secrecy\u003egroup2\u003c/perfect_forward_secrecy\u003e\n      \u003cmode\u003etunnel\u003c/mode\u003e\n      \u003cclear_df_bit\u003etrue\u003c/clear_df_bit\u003e\n      \u003cfragmentation_before_encryption\u003etrue\u003c/fragmentation_before_encryption\u003e\n      \u003ctcp_mss_adjustment\u003e1379\u003c/tcp_mss_adjustment\u003e\n      \u003cdead_peer_detection\u003e\n        \u003cinterval\u003e10\u003c/interval\u003e\n        \u003cretries\u003e3\u003c/retries\u003e\n      \u003c/dead_peer_detection\u003e\n    \u003c/ipsec\u003e\n  \u003c/ipsec_tunnel\u003e\n\u003c/vpn_connection\u003e\n",
            "customer_gateway_id": "cgw-0dc812eccbdcd2cc7",
            "enable_acceleration": false,
            "id": "vpn-05bf31970105f8827",
            "local_ipv4_network_cidr": "0.0.0.0/0",
            "local_ipv6_network_cidr": "",
            "outside_ip_address_type": "PublicIpv4",
            "remote_ipv4_network_cidr": "0.0.0.0/0",
            "remote_ipv6_network_cidr": "",
            "routes": [
              {
                "destination_cidr_block": "10.10.0.0/16",
                "source": "",
                "state": "available"
              }
            ],
            "static_routes_only": true,
            "tags": {
              "Name": "my-vpn-connection2",
              "author": "khangtictoc",
              "createdBy": "Terraform",
              "environment": "dev",
              "project": "lab_extra_03"
            },
            "tags_all": {
              "Name": "my-vpn-connection2",
              "author": "khangtictoc",
              "createdBy": "Terraform",
              "environment": "dev",
              "project": "lab_extra_03"
            },
            "transit_gateway_attachment_id": "",
            "transit_gateway_id": "",
            "transport_transit_gateway_attachment_id": "",
            "tunnel1_address": "52.44.106.218",
            "tunnel1_bgp_asn": "",
            "tunnel1_bgp_holdtime": 0,
            "tunnel1_cgw_inside_address": "169.254.131.98",
            "tunnel1_dpd_timeout_action": "",
            "tunnel1_dpd_timeout_seconds": 0,
            "tunnel1_enable_tunnel_lifecycle_control": false,
            "tunnel1_ike_versions": [],
            "tunnel1_inside_cidr": "169.254.131.96/30",
            "tunnel1_inside_ipv6_cidr": "",
            "tunnel1_log_options": [
              {
                "cloudwatch_log_options": [
                  {
                    "log_enabled": false,
                    "log_group_arn": "",
                    "log_output_format": ""
                  }
                ]
              }
            ],
            "tunnel1_phase1_dh_group_numbers": [],
            "tunnel1_phase1_encryption_algorithms": [],
            "tunnel1_phase1_integrity_algorithms": [],
            "tunnel1_phase1_lifetime_seconds": 0,
            "tunnel1_phase2_dh_group_numbers": [],
            "tunnel1_phase2_encryption_algorithms": [],
            "tunnel1_phase2_integrity_algorithms": [],
            "tunnel1_phase2_lifetime_seconds": 0,
            "tunnel1_preshared_key": "Bhly8okIq9EMyWIvHdMIx3MgrTIbNBf0",
            "tunnel1_rekey_fuzz_percentage": 0,
            "tunnel1_rekey_margin_time_seconds": 0,
            "tunnel1_replay_window_size": 0,
            "tunnel1_startup_action": "",
            "tunnel1_vgw_inside_address": "169.254.131.97",
            "tunnel2_address": "54.198.81.238",
            "tunnel2_bgp_asn": "",
            "tunnel2_bgp_holdtime": 0,
            "tunnel2_cgw_inside_address": "169.254.107.22",
            "tunnel2_dpd_timeout_action": "",
            "tunnel2_dpd_timeout_seconds": 0,
            "tunnel2_enable_tunnel_lifecycle_control": false,
            "tunnel2_ike_versions": [],
            "tunnel2_inside_cidr": "169.254.107.20/30",
            "tunnel2_inside_ipv6_cidr": "",
            "tunnel2_log_options": [
              {
                "cloudwatch_log_options": [
                  {
                    "log_enabled": false,
                    "log_group_arn": "",
                    "log_output_format": ""
                  }
                ]
              }
            ],
            "tunnel2_phase1_dh_group_numbers": [],
            "tunnel2_phase1_encryption_algorithms": [],
            "tunnel2_phase1_integrity_algorithms": [],
            "tunnel2_phase1_lifetime_seconds": 0,
            "tunnel2_phase2_dh_group_numbers": [],
            "tunnel2_phase2_encryption_algorithms": [],
            "tunnel2_phase2_integrity_algorithms": [],
            "tunnel2_phase2_lifetime_seconds": 0,
            "tunnel2_preshared_key": "4kxhdCAHXoa5JAXRmWVD1m9u9kCGTA84",
            "tunnel2_rekey_fuzz_percentage": 0,
            "tunnel2_rekey_margin_time_seconds": 0,
            "tunnel2_replay_window_size": 0,
            "tunnel2_startup_action": "",
            "tunnel2_vgw_inside_address": "169.254.107.21",
            "tunnel_inside_ip_version": "ipv4",
            "type": "ipsec.1",
            "vgw_telemetry": [
              {
                "accepted_route_count": 1,
                "certificate_arn": "",
                "last_status_change": "2024-07-10T09:14:58Z",
                "outside_ip_address": "54.198.81.238",
                "status": "DOWN",
                "status_message": ""
              },
              {
                "accepted_route_count": 1,
                "certificate_arn": "",
                "last_status_change": "2024-07-10T09:20:23Z",
                "outside_ip_address": "52.44.106.218",
                "status": "UP",
                "status_message": ""
              }
            ],
            "vpn_gateway_id": "vgw-07ac8ad8064bbb155"
          },
          "sensitive_attributes": [
            [
              {
                "type": "get_attr",
                "value": "customer_gateway_configuration"
              }
            ],
            [
              {
                "type": "get_attr",
                "value": "tunnel1_preshared_key"
              }
            ],
            [
              {
                "type": "get_attr",
                "value": "tunnel2_preshared_key"
              }
            ]
          ],
          "private": "bnVsbA==",
          "dependencies": [
            "azurerm_resource_group.vpn_resource_group",
            "module.vpn_s2s_aws_azure.module.aws_network.aws_internet_gateway.internet_gateway",
            "module.vpn_s2s_aws_azure.module.aws_network.aws_subnet.vpn_subnet",
            "module.vpn_s2s_aws_azure.module.aws_network.aws_vpc.vpn_vpc",
            "module.vpn_s2s_aws_azure.module.aws_network.aws_vpn_gateway.virtual_private_gateway",
            "module.vpn_s2s_aws_azure.module.azure_network.azurerm_public_ip.vpn_public_ip",
            "module.vpn_s2s_aws_azure.module.azure_network.azurerm_subnet.vpn_subnet",
            "module.vpn_s2s_aws_azure.module.azure_network.azurerm_virtual_network.vpn_virtual_network",
            "module.vpn_s2s_aws_azure.module.azure_network.azurerm_virtual_network_gateway.virtual_network_gateway",
            "module.vpn_s2s_aws_azure.module.vpn_SiteToSite_connection.aws_customer_gateway.customer_gateway"
          ]
        }
      ]
    },
    {
      "module": "module.vpn_s2s_aws_azure.module.vpn_SiteToSite_connection[1]",
      "mode": "managed",
      "type": "aws_vpn_connection_route",
      "name": "vpn_static_routes",
      "provider": "provider[\"registry.terraform.io/hashicorp/aws\"]",
      "instances": [
        {
          "schema_version": 0,
          "attributes": {
            "destination_cidr_block": "10.10.0.0/16",
            "id": "10.10.0.0/16:vpn-05bf31970105f8827",
            "vpn_connection_id": "vpn-05bf31970105f8827"
          },
          "sensitive_attributes": [],
          "private": "bnVsbA==",
          "dependencies": [
            "azurerm_resource_group.vpn_resource_group",
            "module.vpn_s2s_aws_azure.module.aws_network.aws_internet_gateway.internet_gateway",
            "module.vpn_s2s_aws_azure.module.aws_network.aws_subnet.vpn_subnet",
            "module.vpn_s2s_aws_azure.module.aws_network.aws_vpc.vpn_vpc",
            "module.vpn_s2s_aws_azure.module.aws_network.aws_vpn_gateway.virtual_private_gateway",
            "module.vpn_s2s_aws_azure.module.azure_network.azurerm_public_ip.vpn_public_ip",
            "module.vpn_s2s_aws_azure.module.azure_network.azurerm_subnet.vpn_subnet",
            "module.vpn_s2s_aws_azure.module.azure_network.azurerm_virtual_network.vpn_virtual_network",
            "module.vpn_s2s_aws_azure.module.azure_network.azurerm_virtual_network_gateway.virtual_network_gateway",
            "module.vpn_s2s_aws_azure.module.vpn_SiteToSite_connection.aws_customer_gateway.customer_gateway",
            "module.vpn_s2s_aws_azure.module.vpn_SiteToSite_connection.aws_vpn_connection.vpn_connection"
          ]
        }
      ]
    },
    {
      "module": "module.vpn_s2s_aws_azure.module.vpn_SiteToSite_connection[1]",
      "mode": "managed",
      "type": "azurerm_local_network_gateway",
      "name": "local_network_gateway",
      "provider": "provider[\"registry.terraform.io/hashicorp/azurerm\"]",
      "instances": [
        {
          "schema_version": 0,
          "attributes": {
            "address_space": [
              "192.168.0.0/16"
            ],
            "bgp_settings": [],
            "gateway_address": "52.44.106.218",
            "gateway_fqdn": "",
            "id": "/subscriptions/ac90b42a-8ba9-48f5-9479-94dfd054e40d/resourceGroups/VPNSite2SiteDemo2/providers/Microsoft.Network/localNetworkGateways/my-vpn-connection2",
            "location": "eastasia",
            "name": "my-vpn-connection2",
            "resource_group_name": "VPNSite2SiteDemo2",
            "tags": {},
            "timeouts": null
          },
          "sensitive_attributes": [],
          "private": "eyJlMmJmYjczMC1lY2FhLTExZTYtOGY4OC0zNDM2M2JjN2M0YzAiOnsiY3JlYXRlIjoxODAwMDAwMDAwMDAwLCJkZWxldGUiOjE4MDAwMDAwMDAwMDAsInJlYWQiOjMwMDAwMDAwMDAwMCwidXBkYXRlIjoxODAwMDAwMDAwMDAwfX0=",
          "dependencies": [
            "azurerm_resource_group.vpn_resource_group",
            "module.vpn_s2s_aws_azure.module.aws_network.aws_internet_gateway.internet_gateway",
            "module.vpn_s2s_aws_azure.module.aws_network.aws_subnet.vpn_subnet",
            "module.vpn_s2s_aws_azure.module.aws_network.aws_vpc.vpn_vpc",
            "module.vpn_s2s_aws_azure.module.aws_network.aws_vpn_gateway.virtual_private_gateway",
            "module.vpn_s2s_aws_azure.module.azure_network.azurerm_public_ip.vpn_public_ip",
            "module.vpn_s2s_aws_azure.module.azure_network.azurerm_subnet.vpn_subnet",
            "module.vpn_s2s_aws_azure.module.azure_network.azurerm_virtual_network.vpn_virtual_network",
            "module.vpn_s2s_aws_azure.module.azure_network.azurerm_virtual_network_gateway.virtual_network_gateway",
            "module.vpn_s2s_aws_azure.module.vpn_SiteToSite_connection.aws_customer_gateway.customer_gateway",
            "module.vpn_s2s_aws_azure.module.vpn_SiteToSite_connection.aws_vpn_connection.vpn_connection"
          ]
        }
      ]
    },
    {
      "module": "module.vpn_s2s_aws_azure.module.vpn_SiteToSite_connection[1]",
      "mode": "managed",
      "type": "azurerm_virtual_network_gateway_connection",
      "name": "vpn_connection",
      "provider": "provider[\"registry.terraform.io/hashicorp/azurerm\"]",
      "instances": [
        {
          "schema_version": 0,
          "attributes": {
            "authorization_key": "",
            "connection_mode": "Default",
            "connection_protocol": "IKEv2",
            "custom_bgp_addresses": [],
            "dpd_timeout_seconds": 0,
            "egress_nat_rule_ids": [],
            "enable_bgp": false,
            "express_route_circuit_id": null,
            "express_route_gateway_bypass": false,
            "id": "/subscriptions/ac90b42a-8ba9-48f5-9479-94dfd054e40d/resourceGroups/VPNSite2SiteDemo2/providers/Microsoft.Network/connections/myVnetGWConn2",
            "ingress_nat_rule_ids": [],
            "ipsec_policy": [],
            "local_azure_ip_address_enabled": false,
            "local_network_gateway_id": "/subscriptions/ac90b42a-8ba9-48f5-9479-94dfd054e40d/resourceGroups/VPNSite2SiteDemo2/providers/Microsoft.Network/localNetworkGateways/my-vpn-connection2",
            "location": "eastasia",
            "name": "myVnetGWConn2",
            "peer_virtual_network_gateway_id": null,
            "resource_group_name": "VPNSite2SiteDemo2",
            "routing_weight": 0,
            "shared_key": "Bhly8okIq9EMyWIvHdMIx3MgrTIbNBf0",
            "tags": {},
            "timeouts": null,
            "traffic_selector_policy": [],
            "type": "IPsec",
            "use_policy_based_traffic_selectors": false,
            "virtual_network_gateway_id": "/subscriptions/ac90b42a-8ba9-48f5-9479-94dfd054e40d/resourceGroups/VPNSite2SiteDemo2/providers/Microsoft.Network/virtualNetworkGateways/Vnet-Gateway-Demo2"
          },
          "sensitive_attributes": [
            [
              {
                "type": "get_attr",
                "value": "authorization_key"
              }
            ],
            [
              {
                "type": "get_attr",
                "value": "shared_key"
              }
            ]
          ],
          "private": "eyJlMmJmYjczMC1lY2FhLTExZTYtOGY4OC0zNDM2M2JjN2M0YzAiOnsiY3JlYXRlIjoxODAwMDAwMDAwMDAwLCJkZWxldGUiOjE4MDAwMDAwMDAwMDAsInJlYWQiOjMwMDAwMDAwMDAwMCwidXBkYXRlIjoxODAwMDAwMDAwMDAwfX0=",
          "dependencies": [
            "azurerm_resource_group.vpn_resource_group",
            "module.vpn_s2s_aws_azure.module.aws_network.aws_internet_gateway.internet_gateway",
            "module.vpn_s2s_aws_azure.module.aws_network.aws_subnet.vpn_subnet",
            "module.vpn_s2s_aws_azure.module.aws_network.aws_vpc.vpn_vpc",
            "module.vpn_s2s_aws_azure.module.aws_network.aws_vpn_gateway.virtual_private_gateway",
            "module.vpn_s2s_aws_azure.module.azure_network.azurerm_public_ip.vpn_public_ip",
            "module.vpn_s2s_aws_azure.module.azure_network.azurerm_subnet.vpn_subnet",
            "module.vpn_s2s_aws_azure.module.azure_network.azurerm_virtual_network.vpn_virtual_network",
            "module.vpn_s2s_aws_azure.module.azure_network.azurerm_virtual_network_gateway.virtual_network_gateway",
            "module.vpn_s2s_aws_azure.module.vpn_SiteToSite_connection.aws_customer_gateway.customer_gateway",
            "module.vpn_s2s_aws_azure.module.vpn_SiteToSite_connection.aws_vpn_connection.vpn_connection",
            "module.vpn_s2s_aws_azure.module.vpn_SiteToSite_connection.azurerm_local_network_gateway.local_network_gateway"
          ]
        }
      ]
    }
  ],
  "check_results": null
}
