{
  "version": 4,
  "terraform_version": "1.8.4",
  "serial": 4161,
  "lineage": "567fe067-cb4a-cef9-b3dd-c464a1f790dc",
  "outputs": {
    "aws_instance_public_ip_list": {
      "value": [
        "3.234.239.101"
      ],
      "type": [
        "tuple",
        [
          "string"
        ]
      ]
    },
    "aws_vpn_connection_info": {
      "value": [
        {
          "arn": "arn:aws:ec2:us-east-1:008748484958:vpn-connection/vpn-03a319752dbb92143",
          "core_network_arn": "",
          "core_network_attachment_arn": "",
          "customer_gateway_configuration": "\u003c?xml version=\"1.0\" encoding=\"UTF-8\"?\u003e\n\u003cvpn_connection id=\"vpn-03a319752dbb92143\"\u003e\n  \u003ccustomer_gateway_id\u003ecgw-03693fdfd66ff452b\u003c/customer_gateway_id\u003e\n  \u003cvpn_gateway_id\u003evgw-05babd32de48f02a4\u003c/vpn_gateway_id\u003e\n  \u003cvpn_connection_type\u003eipsec.1\u003c/vpn_connection_type\u003e\n  \u003cvpn_connection_attributes\u003eNoBGPVPNConnection\u003c/vpn_connection_attributes\u003e\n  \u003cipsec_tunnel\u003e\n    \u003ccustomer_gateway\u003e\n      \u003ctunnel_outside_address\u003e\n        \u003cip_address\u003e20.255.248.174\u003c/ip_address\u003e\n      \u003c/tunnel_outside_address\u003e\n      \u003ctunnel_inside_address\u003e\n        \u003cip_address\u003e169.254.193.230\u003c/ip_address\u003e\n        \u003cnetwork_mask\u003e255.255.255.252\u003c/network_mask\u003e\n        \u003cnetwork_cidr\u003e30\u003c/network_cidr\u003e\n      \u003c/tunnel_inside_address\u003e\n    \u003c/customer_gateway\u003e\n    \u003cvpn_gateway\u003e\n      \u003ctunnel_outside_address\u003e\n        \u003cip_address\u003e44.193.224.202\u003c/ip_address\u003e\n      \u003c/tunnel_outside_address\u003e\n      \u003ctunnel_inside_address\u003e\n        \u003cip_address\u003e169.254.193.229\u003c/ip_address\u003e\n        \u003cnetwork_mask\u003e255.255.255.252\u003c/network_mask\u003e\n        \u003cnetwork_cidr\u003e30\u003c/network_cidr\u003e\n      \u003c/tunnel_inside_address\u003e\n    \u003c/vpn_gateway\u003e\n    \u003cike\u003e\n      \u003cauthentication_protocol\u003esha1\u003c/authentication_protocol\u003e\n      \u003cencryption_protocol\u003eaes-128-cbc\u003c/encryption_protocol\u003e\n      \u003clifetime\u003e28800\u003c/lifetime\u003e\n      \u003cperfect_forward_secrecy\u003egroup2\u003c/perfect_forward_secrecy\u003e\n      \u003cmode\u003emain\u003c/mode\u003e\n      \u003cpre_shared_key\u003egANi1UJXgSwth4UwXLdH8o0CksNQ6lwc\u003c/pre_shared_key\u003e\n    \u003c/ike\u003e\n    \u003cipsec\u003e\n      \u003cprotocol\u003eesp\u003c/protocol\u003e\n      \u003cauthentication_protocol\u003ehmac-sha1-96\u003c/authentication_protocol\u003e\n      \u003cencryption_protocol\u003eaes-128-cbc\u003c/encryption_protocol\u003e\n      \u003clifetime\u003e3600\u003c/lifetime\u003e\n      \u003cperfect_forward_secrecy\u003egroup2\u003c/perfect_forward_secrecy\u003e\n      \u003cmode\u003etunnel\u003c/mode\u003e\n      \u003cclear_df_bit\u003etrue\u003c/clear_df_bit\u003e\n      \u003cfragmentation_before_encryption\u003etrue\u003c/fragmentation_before_encryption\u003e\n      \u003ctcp_mss_adjustment\u003e1379\u003c/tcp_mss_adjustment\u003e\n      \u003cdead_peer_detection\u003e\n        \u003cinterval\u003e10\u003c/interval\u003e\n        \u003cretries\u003e3\u003c/retries\u003e\n      \u003c/dead_peer_detection\u003e\n    \u003c/ipsec\u003e\n  \u003c/ipsec_tunnel\u003e\n  \u003cipsec_tunnel\u003e\n    \u003ccustomer_gateway\u003e\n      \u003ctunnel_outside_address\u003e\n        \u003cip_address\u003e20.255.248.174\u003c/ip_address\u003e\n      \u003c/tunnel_outside_address\u003e\n      \u003ctunnel_inside_address\u003e\n        \u003cip_address\u003e169.254.34.242\u003c/ip_address\u003e\n        \u003cnetwork_mask\u003e255.255.255.252\u003c/network_mask\u003e\n        \u003cnetwork_cidr\u003e30\u003c/network_cidr\u003e\n      \u003c/tunnel_inside_address\u003e\n    \u003c/customer_gateway\u003e\n    \u003cvpn_gateway\u003e\n      \u003ctunnel_outside_address\u003e\n        \u003cip_address\u003e54.209.53.148\u003c/ip_address\u003e\n      \u003c/tunnel_outside_address\u003e\n      \u003ctunnel_inside_address\u003e\n        \u003cip_address\u003e169.254.34.241\u003c/ip_address\u003e\n        \u003cnetwork_mask\u003e255.255.255.252\u003c/network_mask\u003e\n        \u003cnetwork_cidr\u003e30\u003c/network_cidr\u003e\n      \u003c/tunnel_inside_address\u003e\n    \u003c/vpn_gateway\u003e\n    \u003cike\u003e\n      \u003cauthentication_protocol\u003esha1\u003c/authentication_protocol\u003e\n      \u003cencryption_protocol\u003eaes-128-cbc\u003c/encryption_protocol\u003e\n      \u003clifetime\u003e28800\u003c/lifetime\u003e\n      \u003cperfect_forward_secrecy\u003egroup2\u003c/perfect_forward_secrecy\u003e\n      \u003cmode\u003emain\u003c/mode\u003e\n      \u003cpre_shared_key\u003eILrFtxenxzST8s056Qy2AJiOt8g5ziiD\u003c/pre_shared_key\u003e\n    \u003c/ike\u003e\n    \u003cipsec\u003e\n      \u003cprotocol\u003eesp\u003c/protocol\u003e\n      \u003cauthentication_protocol\u003ehmac-sha1-96\u003c/authentication_protocol\u003e\n      \u003cencryption_protocol\u003eaes-128-cbc\u003c/encryption_protocol\u003e\n      \u003clifetime\u003e3600\u003c/lifetime\u003e\n      \u003cperfect_forward_secrecy\u003egroup2\u003c/perfect_forward_secrecy\u003e\n      \u003cmode\u003etunnel\u003c/mode\u003e\n      \u003cclear_df_bit\u003etrue\u003c/clear_df_bit\u003e\n      \u003cfragmentation_before_encryption\u003etrue\u003c/fragmentation_before_encryption\u003e\n      \u003ctcp_mss_adjustment\u003e1379\u003c/tcp_mss_adjustment\u003e\n      \u003cdead_peer_detection\u003e\n        \u003cinterval\u003e10\u003c/interval\u003e\n        \u003cretries\u003e3\u003c/retries\u003e\n      \u003c/dead_peer_detection\u003e\n    \u003c/ipsec\u003e\n  \u003c/ipsec_tunnel\u003e\n\u003c/vpn_connection\u003e\n",
          "customer_gateway_id": "cgw-03693fdfd66ff452b",
          "enable_acceleration": false,
          "id": "vpn-03a319752dbb92143",
          "local_ipv4_network_cidr": "0.0.0.0/0",
          "local_ipv6_network_cidr": "",
          "outside_ip_address_type": "PublicIpv4",
          "remote_ipv4_network_cidr": "0.0.0.0/0",
          "remote_ipv6_network_cidr": "",
          "routes": [
            {
              "destination_cidr_block": "172.16.0.0/16",
              "source": "",
              "state": "available"
            }
          ],
          "static_routes_only": true,
          "tags": {
            "Name": "my-vpn-connection",
            "author": "khangtictoc",
            "createdBy": "Terraform",
            "environment": "dev",
            "project": "lab_extra_03"
          },
          "tags_all": {
            "Name": "my-vpn-connection",
            "author": "khangtictoc",
            "createdBy": "Terraform",
            "environment": "dev",
            "project": "lab_extra_03"
          },
          "transit_gateway_attachment_id": "",
          "transit_gateway_id": "",
          "transport_transit_gateway_attachment_id": "",
          "tunnel1_address": "44.193.224.202",
          "tunnel1_bgp_asn": "",
          "tunnel1_bgp_holdtime": 0,
          "tunnel1_cgw_inside_address": "169.254.193.230",
          "tunnel1_dpd_timeout_action": "",
          "tunnel1_dpd_timeout_seconds": 0,
          "tunnel1_enable_tunnel_lifecycle_control": false,
          "tunnel1_ike_versions": [],
          "tunnel1_inside_cidr": "169.254.193.228/30",
          "tunnel1_inside_ipv6_cidr": "",
          "tunnel1_log_options": [
            {
              "cloudwatch_log_options": [
                {
                  "log_enabled": false,
                  "log_group_arn": "",
                  "log_output_format": ""
                }
              ]
            }
          ],
          "tunnel1_phase1_dh_group_numbers": [],
          "tunnel1_phase1_encryption_algorithms": [],
          "tunnel1_phase1_integrity_algorithms": [],
          "tunnel1_phase1_lifetime_seconds": 0,
          "tunnel1_phase2_dh_group_numbers": [],
          "tunnel1_phase2_encryption_algorithms": [],
          "tunnel1_phase2_integrity_algorithms": [],
          "tunnel1_phase2_lifetime_seconds": 0,
          "tunnel1_preshared_key": "gANi1UJXgSwth4UwXLdH8o0CksNQ6lwc",
          "tunnel1_rekey_fuzz_percentage": 0,
          "tunnel1_rekey_margin_time_seconds": 0,
          "tunnel1_replay_window_size": 0,
          "tunnel1_startup_action": "",
          "tunnel1_vgw_inside_address": "169.254.193.229",
          "tunnel2_address": "54.209.53.148",
          "tunnel2_bgp_asn": "",
          "tunnel2_bgp_holdtime": 0,
          "tunnel2_cgw_inside_address": "169.254.34.242",
          "tunnel2_dpd_timeout_action": "",
          "tunnel2_dpd_timeout_seconds": 0,
          "tunnel2_enable_tunnel_lifecycle_control": false,
          "tunnel2_ike_versions": [],
          "tunnel2_inside_cidr": "169.254.34.240/30",
          "tunnel2_inside_ipv6_cidr": "",
          "tunnel2_log_options": [
            {
              "cloudwatch_log_options": [
                {
                  "log_enabled": false,
                  "log_group_arn": "",
                  "log_output_format": ""
                }
              ]
            }
          ],
          "tunnel2_phase1_dh_group_numbers": [],
          "tunnel2_phase1_encryption_algorithms": [],
          "tunnel2_phase1_integrity_algorithms": [],
          "tunnel2_phase1_lifetime_seconds": 0,
          "tunnel2_phase2_dh_group_numbers": [],
          "tunnel2_phase2_encryption_algorithms": [],
          "tunnel2_phase2_integrity_algorithms": [],
          "tunnel2_phase2_lifetime_seconds": 0,
          "tunnel2_preshared_key": "ILrFtxenxzST8s056Qy2AJiOt8g5ziiD",
          "tunnel2_rekey_fuzz_percentage": 0,
          "tunnel2_rekey_margin_time_seconds": 0,
          "tunnel2_replay_window_size": 0,
          "tunnel2_startup_action": "",
          "tunnel2_vgw_inside_address": "169.254.34.241",
          "tunnel_inside_ip_version": "ipv4",
          "type": "ipsec.1",
          "vgw_telemetry": [
            {
              "accepted_route_count": 1,
              "certificate_arn": "",
              "last_status_change": "2024-07-11T14:04:00Z",
              "outside_ip_address": "54.209.53.148",
              "status": "DOWN",
              "status_message": ""
            },
            {
              "accepted_route_count": 1,
              "certificate_arn": "",
              "last_status_change": "2024-07-11T14:09:29Z",
              "outside_ip_address": "44.193.224.202",
              "status": "UP",
              "status_message": ""
            }
          ],
          "vpn_gateway_id": "vgw-05babd32de48f02a4"
        },
        {
          "arn": "arn:aws:ec2:us-east-1:008748484958:vpn-connection/vpn-0a9766ddc4bcf3079",
          "core_network_arn": "",
          "core_network_attachment_arn": "",
          "customer_gateway_configuration": "\u003c?xml version=\"1.0\" encoding=\"UTF-8\"?\u003e\n\u003cvpn_connection id=\"vpn-0a9766ddc4bcf3079\"\u003e\n  \u003ccustomer_gateway_id\u003ecgw-087dbaef601784ed7\u003c/customer_gateway_id\u003e\n  \u003cvpn_gateway_id\u003evgw-05babd32de48f02a4\u003c/vpn_gateway_id\u003e\n  \u003cvpn_connection_type\u003eipsec.1\u003c/vpn_connection_type\u003e\n  \u003cvpn_connection_attributes\u003eNoBGPVPNConnection\u003c/vpn_connection_attributes\u003e\n  \u003cipsec_tunnel\u003e\n    \u003ccustomer_gateway\u003e\n      \u003ctunnel_outside_address\u003e\n        \u003cip_address\u003e52.229.164.29\u003c/ip_address\u003e\n      \u003c/tunnel_outside_address\u003e\n      \u003ctunnel_inside_address\u003e\n        \u003cip_address\u003e169.254.242.54\u003c/ip_address\u003e\n        \u003cnetwork_mask\u003e255.255.255.252\u003c/network_mask\u003e\n        \u003cnetwork_cidr\u003e30\u003c/network_cidr\u003e\n      \u003c/tunnel_inside_address\u003e\n    \u003c/customer_gateway\u003e\n    \u003cvpn_gateway\u003e\n      \u003ctunnel_outside_address\u003e\n        \u003cip_address\u003e3.231.179.48\u003c/ip_address\u003e\n      \u003c/tunnel_outside_address\u003e\n      \u003ctunnel_inside_address\u003e\n        \u003cip_address\u003e169.254.242.53\u003c/ip_address\u003e\n        \u003cnetwork_mask\u003e255.255.255.252\u003c/network_mask\u003e\n        \u003cnetwork_cidr\u003e30\u003c/network_cidr\u003e\n      \u003c/tunnel_inside_address\u003e\n    \u003c/vpn_gateway\u003e\n    \u003cike\u003e\n      \u003cauthentication_protocol\u003esha1\u003c/authentication_protocol\u003e\n      \u003cencryption_protocol\u003eaes-128-cbc\u003c/encryption_protocol\u003e\n      \u003clifetime\u003e28800\u003c/lifetime\u003e\n      \u003cperfect_forward_secrecy\u003egroup2\u003c/perfect_forward_secrecy\u003e\n      \u003cmode\u003emain\u003c/mode\u003e\n      \u003cpre_shared_key\u003etuOKlWttxPNUqoffsbBtao_KaToqmQeO\u003c/pre_shared_key\u003e\n    \u003c/ike\u003e\n    \u003cipsec\u003e\n      \u003cprotocol\u003eesp\u003c/protocol\u003e\n      \u003cauthentication_protocol\u003ehmac-sha1-96\u003c/authentication_protocol\u003e\n      \u003cencryption_protocol\u003eaes-128-cbc\u003c/encryption_protocol\u003e\n      \u003clifetime\u003e3600\u003c/lifetime\u003e\n      \u003cperfect_forward_secrecy\u003egroup2\u003c/perfect_forward_secrecy\u003e\n      \u003cmode\u003etunnel\u003c/mode\u003e\n      \u003cclear_df_bit\u003etrue\u003c/clear_df_bit\u003e\n      \u003cfragmentation_before_encryption\u003etrue\u003c/fragmentation_before_encryption\u003e\n      \u003ctcp_mss_adjustment\u003e1379\u003c/tcp_mss_adjustment\u003e\n      \u003cdead_peer_detection\u003e\n        \u003cinterval\u003e10\u003c/interval\u003e\n        \u003cretries\u003e3\u003c/retries\u003e\n      \u003c/dead_peer_detection\u003e\n    \u003c/ipsec\u003e\n  \u003c/ipsec_tunnel\u003e\n  \u003cipsec_tunnel\u003e\n    \u003ccustomer_gateway\u003e\n      \u003ctunnel_outside_address\u003e\n        \u003cip_address\u003e52.229.164.29\u003c/ip_address\u003e\n      \u003c/tunnel_outside_address\u003e\n      \u003ctunnel_inside_address\u003e\n        \u003cip_address\u003e169.254.136.34\u003c/ip_address\u003e\n        \u003cnetwork_mask\u003e255.255.255.252\u003c/network_mask\u003e\n        \u003cnetwork_cidr\u003e30\u003c/network_cidr\u003e\n      \u003c/tunnel_inside_address\u003e\n    \u003c/customer_gateway\u003e\n    \u003cvpn_gateway\u003e\n      \u003ctunnel_outside_address\u003e\n        \u003cip_address\u003e52.55.252.184\u003c/ip_address\u003e\n      \u003c/tunnel_outside_address\u003e\n      \u003ctunnel_inside_address\u003e\n        \u003cip_address\u003e169.254.136.33\u003c/ip_address\u003e\n        \u003cnetwork_mask\u003e255.255.255.252\u003c/network_mask\u003e\n        \u003cnetwork_cidr\u003e30\u003c/network_cidr\u003e\n      \u003c/tunnel_inside_address\u003e\n    \u003c/vpn_gateway\u003e\n    \u003cike\u003e\n      \u003cauthentication_protocol\u003esha1\u003c/authentication_protocol\u003e\n      \u003cencryption_protocol\u003eaes-128-cbc\u003c/encryption_protocol\u003e\n      \u003clifetime\u003e28800\u003c/lifetime\u003e\n      \u003cperfect_forward_secrecy\u003egroup2\u003c/perfect_forward_secrecy\u003e\n      \u003cmode\u003emain\u003c/mode\u003e\n      \u003cpre_shared_key\u003eGFhW7L6Ffh3urlt1o7pRHPkCKZ0bXcTk\u003c/pre_shared_key\u003e\n    \u003c/ike\u003e\n    \u003cipsec\u003e\n      \u003cprotocol\u003eesp\u003c/protocol\u003e\n      \u003cauthentication_protocol\u003ehmac-sha1-96\u003c/authentication_protocol\u003e\n      \u003cencryption_protocol\u003eaes-128-cbc\u003c/encryption_protocol\u003e\n      \u003clifetime\u003e3600\u003c/lifetime\u003e\n      \u003cperfect_forward_secrecy\u003egroup2\u003c/perfect_forward_secrecy\u003e\n      \u003cmode\u003etunnel\u003c/mode\u003e\n      \u003cclear_df_bit\u003etrue\u003c/clear_df_bit\u003e\n      \u003cfragmentation_before_encryption\u003etrue\u003c/fragmentation_before_encryption\u003e\n      \u003ctcp_mss_adjustment\u003e1379\u003c/tcp_mss_adjustment\u003e\n      \u003cdead_peer_detection\u003e\n        \u003cinterval\u003e10\u003c/interval\u003e\n        \u003cretries\u003e3\u003c/retries\u003e\n      \u003c/dead_peer_detection\u003e\n    \u003c/ipsec\u003e\n  \u003c/ipsec_tunnel\u003e\n\u003c/vpn_connection\u003e\n",
          "customer_gateway_id": "cgw-087dbaef601784ed7",
          "enable_acceleration": false,
          "id": "vpn-0a9766ddc4bcf3079",
          "local_ipv4_network_cidr": "0.0.0.0/0",
          "local_ipv6_network_cidr": "",
          "outside_ip_address_type": "PublicIpv4",
          "remote_ipv4_network_cidr": "0.0.0.0/0",
          "remote_ipv6_network_cidr": "",
          "routes": [
            {
              "destination_cidr_block": "10.10.0.0/16",
              "source": "",
              "state": "available"
            }
          ],
          "static_routes_only": true,
          "tags": {
            "Name": "my-vpn-connection2",
            "author": "khangtictoc",
            "createdBy": "Terraform",
            "environment": "dev",
            "project": "lab_extra_03"
          },
          "tags_all": {
            "Name": "my-vpn-connection2",
            "author": "khangtictoc",
            "createdBy": "Terraform",
            "environment": "dev",
            "project": "lab_extra_03"
          },
          "transit_gateway_attachment_id": "",
          "transit_gateway_id": "",
          "transport_transit_gateway_attachment_id": "",
          "tunnel1_address": "3.231.179.48",
          "tunnel1_bgp_asn": "",
          "tunnel1_bgp_holdtime": 0,
          "tunnel1_cgw_inside_address": "169.254.242.54",
          "tunnel1_dpd_timeout_action": "",
          "tunnel1_dpd_timeout_seconds": 0,
          "tunnel1_enable_tunnel_lifecycle_control": false,
          "tunnel1_ike_versions": [],
          "tunnel1_inside_cidr": "169.254.242.52/30",
          "tunnel1_inside_ipv6_cidr": "",
          "tunnel1_log_options": [
            {
              "cloudwatch_log_options": [
                {
                  "log_enabled": false,
                  "log_group_arn": "",
                  "log_output_format": ""
                }
              ]
            }
          ],
          "tunnel1_phase1_dh_group_numbers": [],
          "tunnel1_phase1_encryption_algorithms": [],
          "tunnel1_phase1_integrity_algorithms": [],
          "tunnel1_phase1_lifetime_seconds": 0,
          "tunnel1_phase2_dh_group_numbers": [],
          "tunnel1_phase2_encryption_algorithms": [],
          "tunnel1_phase2_integrity_algorithms": [],
          "tunnel1_phase2_lifetime_seconds": 0,
          "tunnel1_preshared_key": "tuOKlWttxPNUqoffsbBtao_KaToqmQeO",
          "tunnel1_rekey_fuzz_percentage": 0,
          "tunnel1_rekey_margin_time_seconds": 0,
          "tunnel1_replay_window_size": 0,
          "tunnel1_startup_action": "",
          "tunnel1_vgw_inside_address": "169.254.242.53",
          "tunnel2_address": "52.55.252.184",
          "tunnel2_bgp_asn": "",
          "tunnel2_bgp_holdtime": 0,
          "tunnel2_cgw_inside_address": "169.254.136.34",
          "tunnel2_dpd_timeout_action": "",
          "tunnel2_dpd_timeout_seconds": 0,
          "tunnel2_enable_tunnel_lifecycle_control": false,
          "tunnel2_ike_versions": [],
          "tunnel2_inside_cidr": "169.254.136.32/30",
          "tunnel2_inside_ipv6_cidr": "",
          "tunnel2_log_options": [
            {
              "cloudwatch_log_options": [
                {
                  "log_enabled": false,
                  "log_group_arn": "",
                  "log_output_format": ""
                }
              ]
            }
          ],
          "tunnel2_phase1_dh_group_numbers": [],
          "tunnel2_phase1_encryption_algorithms": [],
          "tunnel2_phase1_integrity_algorithms": [],
          "tunnel2_phase1_lifetime_seconds": 0,
          "tunnel2_phase2_dh_group_numbers": [],
          "tunnel2_phase2_encryption_algorithms": [],
          "tunnel2_phase2_integrity_algorithms": [],
          "tunnel2_phase2_lifetime_seconds": 0,
          "tunnel2_preshared_key": "GFhW7L6Ffh3urlt1o7pRHPkCKZ0bXcTk",
          "tunnel2_rekey_fuzz_percentage": 0,
          "tunnel2_rekey_margin_time_seconds": 0,
          "tunnel2_replay_window_size": 0,
          "tunnel2_startup_action": "",
          "tunnel2_vgw_inside_address": "169.254.136.33",
          "tunnel_inside_ip_version": "ipv4",
          "type": "ipsec.1",
          "vgw_telemetry": [
            {
              "accepted_route_count": 1,
              "certificate_arn": "",
              "last_status_change": "2024-07-11T14:03:59Z",
              "outside_ip_address": "52.55.252.184",
              "status": "DOWN",
              "status_message": ""
            },
            {
              "accepted_route_count": 1,
              "certificate_arn": "",
              "last_status_change": "2024-07-11T14:06:03Z",
              "outside_ip_address": "3.231.179.48",
              "status": "UP",
              "status_message": ""
            }
          ],
          "vpn_gateway_id": "vgw-05babd32de48f02a4"
        }
      ],
      "type": [
        "tuple",
        [
          [
            "object",
            {
              "arn": "string",
              "core_network_arn": "string",
              "core_network_attachment_arn": "string",
              "customer_gateway_configuration": "string",
              "customer_gateway_id": "string",
              "enable_acceleration": "bool",
              "id": "string",
              "local_ipv4_network_cidr": "string",
              "local_ipv6_network_cidr": "string",
              "outside_ip_address_type": "string",
              "remote_ipv4_network_cidr": "string",
              "remote_ipv6_network_cidr": "string",
              "routes": [
                "set",
                [
                  "object",
                  {
                    "destination_cidr_block": "string",
                    "source": "string",
                    "state": "string"
                  }
                ]
              ],
              "static_routes_only": "bool",
              "tags": [
                "map",
                "string"
              ],
              "tags_all": [
                "map",
                "string"
              ],
              "transit_gateway_attachment_id": "string",
              "transit_gateway_id": "string",
              "transport_transit_gateway_attachment_id": "string",
              "tunnel1_address": "string",
              "tunnel1_bgp_asn": "string",
              "tunnel1_bgp_holdtime": "number",
              "tunnel1_cgw_inside_address": "string",
              "tunnel1_dpd_timeout_action": "string",
              "tunnel1_dpd_timeout_seconds": "number",
              "tunnel1_enable_tunnel_lifecycle_control": "bool",
              "tunnel1_ike_versions": [
                "set",
                "string"
              ],
              "tunnel1_inside_cidr": "string",
              "tunnel1_inside_ipv6_cidr": "string",
              "tunnel1_log_options": [
                "list",
                [
                  "object",
                  {
                    "cloudwatch_log_options": [
                      "list",
                      [
                        "object",
                        {
                          "log_enabled": "bool",
                          "log_group_arn": "string",
                          "log_output_format": "string"
                        }
                      ]
                    ]
                  }
                ]
              ],
              "tunnel1_phase1_dh_group_numbers": [
                "set",
                "number"
              ],
              "tunnel1_phase1_encryption_algorithms": [
                "set",
                "string"
              ],
              "tunnel1_phase1_integrity_algorithms": [
                "set",
                "string"
              ],
              "tunnel1_phase1_lifetime_seconds": "number",
              "tunnel1_phase2_dh_group_numbers": [
                "set",
                "number"
              ],
              "tunnel1_phase2_encryption_algorithms": [
                "set",
                "string"
              ],
              "tunnel1_phase2_integrity_algorithms": [
                "set",
                "string"
              ],
              "tunnel1_phase2_lifetime_seconds": "number",
              "tunnel1_preshared_key": "string",
              "tunnel1_rekey_fuzz_percentage": "number",
              "tunnel1_rekey_margin_time_seconds": "number",
              "tunnel1_replay_window_size": "number",
              "tunnel1_startup_action": "string",
              "tunnel1_vgw_inside_address": "string",
              "tunnel2_address": "string",
              "tunnel2_bgp_asn": "string",
              "tunnel2_bgp_holdtime": "number",
              "tunnel2_cgw_inside_address": "string",
              "tunnel2_dpd_timeout_action": "string",
              "tunnel2_dpd_timeout_seconds": "number",
              "tunnel2_enable_tunnel_lifecycle_control": "bool",
              "tunnel2_ike_versions": [
                "set",
                "string"
              ],
              "tunnel2_inside_cidr": "string",
              "tunnel2_inside_ipv6_cidr": "string",
              "tunnel2_log_options": [
                "list",
                [
                  "object",
                  {
                    "cloudwatch_log_options": [
                      "list",
                      [
                        "object",
                        {
                          "log_enabled": "bool",
                          "log_group_arn": "string",
                          "log_output_format": "string"
                        }
                      ]
                    ]
                  }
                ]
              ],
              "tunnel2_phase1_dh_group_numbers": [
                "set",
                "number"
              ],
              "tunnel2_phase1_encryption_algorithms": [
                "set",
                "string"
              ],
              "tunnel2_phase1_integrity_algorithms": [
                "set",
                "string"
              ],
              "tunnel2_phase1_lifetime_seconds": "number",
              "tunnel2_phase2_dh_group_numbers": [
                "set",
                "number"
              ],
              "tunnel2_phase2_encryption_algorithms": [
                "set",
                "string"
              ],
              "tunnel2_phase2_integrity_algorithms": [
                "set",
                "string"
              ],
              "tunnel2_phase2_lifetime_seconds": "number",
              "tunnel2_preshared_key": "string",
              "tunnel2_rekey_fuzz_percentage": "number",
              "tunnel2_rekey_margin_time_seconds": "number",
              "tunnel2_replay_window_size": "number",
              "tunnel2_startup_action": "string",
              "tunnel2_vgw_inside_address": "string",
              "tunnel_inside_ip_version": "string",
              "type": "string",
              "vgw_telemetry": [
                "set",
                [
                  "object",
                  {
                    "accepted_route_count": "number",
                    "certificate_arn": "string",
                    "last_status_change": "string",
                    "outside_ip_address": "string",
                    "status": "string",
                    "status_message": "string"
                  }
                ]
              ],
              "vpn_gateway_id": "string"
            }
          ],
          [
            "object",
            {
              "arn": "string",
              "core_network_arn": "string",
              "core_network_attachment_arn": "string",
              "customer_gateway_configuration": "string",
              "customer_gateway_id": "string",
              "enable_acceleration": "bool",
              "id": "string",
              "local_ipv4_network_cidr": "string",
              "local_ipv6_network_cidr": "string",
              "outside_ip_address_type": "string",
              "remote_ipv4_network_cidr": "string",
              "remote_ipv6_network_cidr": "string",
              "routes": [
                "set",
                [
                  "object",
                  {
                    "destination_cidr_block": "string",
                    "source": "string",
                    "state": "string"
                  }
                ]
              ],
              "static_routes_only": "bool",
              "tags": [
                "map",
                "string"
              ],
              "tags_all": [
                "map",
                "string"
              ],
              "transit_gateway_attachment_id": "string",
              "transit_gateway_id": "string",
              "transport_transit_gateway_attachment_id": "string",
              "tunnel1_address": "string",
              "tunnel1_bgp_asn": "string",
              "tunnel1_bgp_holdtime": "number",
              "tunnel1_cgw_inside_address": "string",
              "tunnel1_dpd_timeout_action": "string",
              "tunnel1_dpd_timeout_seconds": "number",
              "tunnel1_enable_tunnel_lifecycle_control": "bool",
              "tunnel1_ike_versions": [
                "set",
                "string"
              ],
              "tunnel1_inside_cidr": "string",
              "tunnel1_inside_ipv6_cidr": "string",
              "tunnel1_log_options": [
                "list",
                [
                  "object",
                  {
                    "cloudwatch_log_options": [
                      "list",
                      [
                        "object",
                        {
                          "log_enabled": "bool",
                          "log_group_arn": "string",
                          "log_output_format": "string"
                        }
                      ]
                    ]
                  }
                ]
              ],
              "tunnel1_phase1_dh_group_numbers": [
                "set",
                "number"
              ],
              "tunnel1_phase1_encryption_algorithms": [
                "set",
                "string"
              ],
              "tunnel1_phase1_integrity_algorithms": [
                "set",
                "string"
              ],
              "tunnel1_phase1_lifetime_seconds": "number",
              "tunnel1_phase2_dh_group_numbers": [
                "set",
                "number"
              ],
              "tunnel1_phase2_encryption_algorithms": [
                "set",
                "string"
              ],
              "tunnel1_phase2_integrity_algorithms": [
                "set",
                "string"
              ],
              "tunnel1_phase2_lifetime_seconds": "number",
              "tunnel1_preshared_key": "string",
              "tunnel1_rekey_fuzz_percentage": "number",
              "tunnel1_rekey_margin_time_seconds": "number",
              "tunnel1_replay_window_size": "number",
              "tunnel1_startup_action": "string",
              "tunnel1_vgw_inside_address": "string",
              "tunnel2_address": "string",
              "tunnel2_bgp_asn": "string",
              "tunnel2_bgp_holdtime": "number",
              "tunnel2_cgw_inside_address": "string",
              "tunnel2_dpd_timeout_action": "string",
              "tunnel2_dpd_timeout_seconds": "number",
              "tunnel2_enable_tunnel_lifecycle_control": "bool",
              "tunnel2_ike_versions": [
                "set",
                "string"
              ],
              "tunnel2_inside_cidr": "string",
              "tunnel2_inside_ipv6_cidr": "string",
              "tunnel2_log_options": [
                "list",
                [
                  "object",
                  {
                    "cloudwatch_log_options": [
                      "list",
                      [
                        "object",
                        {
                          "log_enabled": "bool",
                          "log_group_arn": "string",
                          "log_output_format": "string"
                        }
                      ]
                    ]
                  }
                ]
              ],
              "tunnel2_phase1_dh_group_numbers": [
                "set",
                "number"
              ],
              "tunnel2_phase1_encryption_algorithms": [
                "set",
                "string"
              ],
              "tunnel2_phase1_integrity_algorithms": [
                "set",
                "string"
              ],
              "tunnel2_phase1_lifetime_seconds": "number",
              "tunnel2_phase2_dh_group_numbers": [
                "set",
                "number"
              ],
              "tunnel2_phase2_encryption_algorithms": [
                "set",
                "string"
              ],
              "tunnel2_phase2_integrity_algorithms": [
                "set",
                "string"
              ],
              "tunnel2_phase2_lifetime_seconds": "number",
              "tunnel2_preshared_key": "string",
              "tunnel2_rekey_fuzz_percentage": "number",
              "tunnel2_rekey_margin_time_seconds": "number",
              "tunnel2_replay_window_size": "number",
              "tunnel2_startup_action": "string",
              "tunnel2_vgw_inside_address": "string",
              "tunnel_inside_ip_version": "string",
              "type": "string",
              "vgw_telemetry": [
                "set",
                [
                  "object",
                  {
                    "accepted_route_count": "number",
                    "certificate_arn": "string",
                    "last_status_change": "string",
                    "outside_ip_address": "string",
                    "status": "string",
                    "status_message": "string"
                  }
                ]
              ],
              "vpn_gateway_id": "string"
            }
          ]
        ]
      ],
      "sensitive": true
    },
    "aws_vpn_connection_tunnel_status": {
      "value": [
        [
          {
            "accepted_route_count": 1,
            "certificate_arn": "",
            "last_status_change": "2024-07-11T14:04:00Z",
            "outside_ip_address": "54.209.53.148",
            "status": "DOWN",
            "status_message": ""
          },
          {
            "accepted_route_count": 1,
            "certificate_arn": "",
            "last_status_change": "2024-07-11T14:09:29Z",
            "outside_ip_address": "44.193.224.202",
            "status": "UP",
            "status_message": ""
          }
        ],
        [
          {
            "accepted_route_count": 1,
            "certificate_arn": "",
            "last_status_change": "2024-07-11T14:03:59Z",
            "outside_ip_address": "52.55.252.184",
            "status": "DOWN",
            "status_message": ""
          },
          {
            "accepted_route_count": 1,
            "certificate_arn": "",
            "last_status_change": "2024-07-11T14:06:03Z",
            "outside_ip_address": "3.231.179.48",
            "status": "UP",
            "status_message": ""
          }
        ]
      ],
      "type": [
        "tuple",
        [
          [
            "set",
            [
              "object",
              {
                "accepted_route_count": "number",
                "certificate_arn": "string",
                "last_status_change": "string",
                "outside_ip_address": "string",
                "status": "string",
                "status_message": "string"
              }
            ]
          ],
          [
            "set",
            [
              "object",
              {
                "accepted_route_count": "number",
                "certificate_arn": "string",
                "last_status_change": "string",
                "outside_ip_address": "string",
                "status": "string",
                "status_message": "string"
              }
            ]
          ]
        ]
      ],
      "sensitive": true
    },
    "azure_vm_private_ip_list": {
      "value": [
        "172.16.1.4",
        "10.10.1.4"
      ],
      "type": [
        "tuple",
        [
          "string",
          "string"
        ]
      ]
    },
    "azure_vnet_gateway_info": {
      "value": [
        {
          "id": "/subscriptions/ac90b42a-8ba9-48f5-9479-94dfd054e40d/resourceGroups/VPNSite2SiteDemo/providers/Microsoft.Network/virtualNetworkGateways/Vnet-Gateway-Demo",
          "public_ip_address": "20.255.248.174",
          "subnet_id": "/subscriptions/ac90b42a-8ba9-48f5-9479-94dfd054e40d/resourceGroups/VPNSite2SiteDemo/providers/Microsoft.Network/virtualNetworks/VpnVnet/subnets/GatewaySubnet"
        },
        {
          "id": "/subscriptions/ac90b42a-8ba9-48f5-9479-94dfd054e40d/resourceGroups/VPNSite2SiteDemo2/providers/Microsoft.Network/virtualNetworkGateways/Vnet-Gateway-Demo2",
          "public_ip_address": "52.229.164.29",
          "subnet_id": "/subscriptions/ac90b42a-8ba9-48f5-9479-94dfd054e40d/resourceGroups/VPNSite2SiteDemo2/providers/Microsoft.Network/virtualNetworks/VpnVnet2/subnets/GatewaySubnet"
        }
      ],
      "type": [
        "tuple",
        [
          [
            "object",
            {
              "id": "string",
              "public_ip_address": "string",
              "subnet_id": "string"
            }
          ],
          [
            "object",
            {
              "id": "string",
              "public_ip_address": "string",
              "subnet_id": "string"
            }
          ]
        ]
      ],
      "sensitive": true
    },
    "azure_vnet_info": {
      "value": [
        {
          "address_space": [
            "172.16.0.0/16"
          ],
          "id": "/subscriptions/ac90b42a-8ba9-48f5-9479-94dfd054e40d/resourceGroups/VPNSite2SiteDemo/providers/Microsoft.Network/virtualNetworks/VpnVnet",
          "subnets": [
            {
              "address_prefix": "172.16.0.0/27",
              "id": "/subscriptions/ac90b42a-8ba9-48f5-9479-94dfd054e40d/resourceGroups/VPNSite2SiteDemo/providers/Microsoft.Network/virtualNetworks/VpnVnet/subnets/GatewaySubnet",
              "name": "GatewaySubnet",
              "security_group": ""
            },
            {
              "address_prefix": "172.16.1.0/24",
              "id": "/subscriptions/ac90b42a-8ba9-48f5-9479-94dfd054e40d/resourceGroups/VPNSite2SiteDemo/providers/Microsoft.Network/virtualNetworks/VpnVnet/subnets/AppSubnet",
              "name": "AppSubnet",
              "security_group": ""
            },
            {
              "address_prefix": "172.16.2.0/24",
              "id": "/subscriptions/ac90b42a-8ba9-48f5-9479-94dfd054e40d/resourceGroups/VPNSite2SiteDemo/providers/Microsoft.Network/virtualNetworks/VpnVnet/subnets/AppGatewaySubnet",
              "name": "AppGatewaySubnet",
              "security_group": ""
            }
          ]
        },
        {
          "address_space": [
            "10.10.0.0/16"
          ],
          "id": "/subscriptions/ac90b42a-8ba9-48f5-9479-94dfd054e40d/resourceGroups/VPNSite2SiteDemo2/providers/Microsoft.Network/virtualNetworks/VpnVnet2",
          "subnets": [
            {
              "address_prefix": "10.10.0.0/27",
              "id": "/subscriptions/ac90b42a-8ba9-48f5-9479-94dfd054e40d/resourceGroups/VPNSite2SiteDemo2/providers/Microsoft.Network/virtualNetworks/VpnVnet2/subnets/GatewaySubnet",
              "name": "GatewaySubnet",
              "security_group": ""
            },
            {
              "address_prefix": "10.10.1.0/24",
              "id": "/subscriptions/ac90b42a-8ba9-48f5-9479-94dfd054e40d/resourceGroups/VPNSite2SiteDemo2/providers/Microsoft.Network/virtualNetworks/VpnVnet2/subnets/AppSubnet",
              "name": "AppSubnet",
              "security_group": ""
            },
            {
              "address_prefix": "10.10.2.0/24",
              "id": "/subscriptions/ac90b42a-8ba9-48f5-9479-94dfd054e40d/resourceGroups/VPNSite2SiteDemo2/providers/Microsoft.Network/virtualNetworks/VpnVnet2/subnets/AppGatewaySubnet",
              "name": "AppGatewaySubnet",
              "security_group": ""
            }
          ]
        }
      ],
      "type": [
        "tuple",
        [
          [
            "object",
            {
              "address_space": [
                "list",
                "string"
              ],
              "id": "string",
              "subnets": [
                "set",
                [
                  "object",
                  {
                    "address_prefix": "string",
                    "id": "string",
                    "name": "string",
                    "security_group": "string"
                  }
                ]
              ]
            }
          ],
          [
            "object",
            {
              "address_space": [
                "list",
                "string"
              ],
              "id": "string",
              "subnets": [
                "set",
                [
                  "object",
                  {
                    "address_prefix": "string",
                    "id": "string",
                    "name": "string",
                    "security_group": "string"
                  }
                ]
              ]
            }
          ]
        ]
      ],
      "sensitive": true
    },
    "azure_vpn_connection_info": {
      "value": [
        {
          "authorization_key": "",
          "connection_mode": "Default",
          "connection_protocol": "IKEv2",
          "custom_bgp_addresses": [],
          "dpd_timeout_seconds": 0,
          "egress_nat_rule_ids": [],
          "enable_bgp": false,
          "express_route_circuit_id": null,
          "express_route_gateway_bypass": false,
          "id": "/subscriptions/ac90b42a-8ba9-48f5-9479-94dfd054e40d/resourceGroups/VPNSite2SiteDemo/providers/Microsoft.Network/connections/myVnetGWConn",
          "ingress_nat_rule_ids": [],
          "ipsec_policy": [],
          "local_azure_ip_address_enabled": false,
          "local_network_gateway_id": "/subscriptions/ac90b42a-8ba9-48f5-9479-94dfd054e40d/resourceGroups/VPNSite2SiteDemo/providers/Microsoft.Network/localNetworkGateways/my-vpn-connection",
          "location": "eastasia",
          "name": "myVnetGWConn",
          "peer_virtual_network_gateway_id": null,
          "resource_group_name": "VPNSite2SiteDemo",
          "routing_weight": 0,
          "shared_key": "gANi1UJXgSwth4UwXLdH8o0CksNQ6lwc",
          "tags": {},
          "timeouts": null,
          "traffic_selector_policy": [],
          "type": "IPsec",
          "use_policy_based_traffic_selectors": false,
          "virtual_network_gateway_id": "/subscriptions/ac90b42a-8ba9-48f5-9479-94dfd054e40d/resourceGroups/VPNSite2SiteDemo/providers/Microsoft.Network/virtualNetworkGateways/Vnet-Gateway-Demo"
        },
        {
          "authorization_key": "",
          "connection_mode": "Default",
          "connection_protocol": "IKEv2",
          "custom_bgp_addresses": [],
          "dpd_timeout_seconds": 0,
          "egress_nat_rule_ids": [],
          "enable_bgp": false,
          "express_route_circuit_id": null,
          "express_route_gateway_bypass": false,
          "id": "/subscriptions/ac90b42a-8ba9-48f5-9479-94dfd054e40d/resourceGroups/VPNSite2SiteDemo2/providers/Microsoft.Network/connections/myVnetGWConn2",
          "ingress_nat_rule_ids": [],
          "ipsec_policy": [],
          "local_azure_ip_address_enabled": false,
          "local_network_gateway_id": "/subscriptions/ac90b42a-8ba9-48f5-9479-94dfd054e40d/resourceGroups/VPNSite2SiteDemo2/providers/Microsoft.Network/localNetworkGateways/my-vpn-connection2",
          "location": "eastasia",
          "name": "myVnetGWConn2",
          "peer_virtual_network_gateway_id": null,
          "resource_group_name": "VPNSite2SiteDemo2",
          "routing_weight": 0,
          "shared_key": "tuOKlWttxPNUqoffsbBtao_KaToqmQeO",
          "tags": {},
          "timeouts": null,
          "traffic_selector_policy": [],
          "type": "IPsec",
          "use_policy_based_traffic_selectors": false,
          "virtual_network_gateway_id": "/subscriptions/ac90b42a-8ba9-48f5-9479-94dfd054e40d/resourceGroups/VPNSite2SiteDemo2/providers/Microsoft.Network/virtualNetworkGateways/Vnet-Gateway-Demo2"
        }
      ],
      "type": [
        "tuple",
        [
          [
            "object",
            {
              "authorization_key": "string",
              "connection_mode": "string",
              "connection_protocol": "string",
              "custom_bgp_addresses": [
                "list",
                [
                  "object",
                  {
                    "primary": "string",
                    "secondary": "string"
                  }
                ]
              ],
              "dpd_timeout_seconds": "number",
              "egress_nat_rule_ids": [
                "set",
                "string"
              ],
              "enable_bgp": "bool",
              "express_route_circuit_id": "string",
              "express_route_gateway_bypass": "bool",
              "id": "string",
              "ingress_nat_rule_ids": [
                "set",
                "string"
              ],
              "ipsec_policy": [
                "list",
                [
                  "object",
                  {
                    "dh_group": "string",
                    "ike_encryption": "string",
                    "ike_integrity": "string",
                    "ipsec_encryption": "string",
                    "ipsec_integrity": "string",
                    "pfs_group": "string",
                    "sa_datasize": "number",
                    "sa_lifetime": "number"
                  }
                ]
              ],
              "local_azure_ip_address_enabled": "bool",
              "local_network_gateway_id": "string",
              "location": "string",
              "name": "string",
              "peer_virtual_network_gateway_id": "string",
              "resource_group_name": "string",
              "routing_weight": "number",
              "shared_key": "string",
              "tags": [
                "map",
                "string"
              ],
              "timeouts": [
                "object",
                {
                  "create": "string",
                  "delete": "string",
                  "read": "string",
                  "update": "string"
                }
              ],
              "traffic_selector_policy": [
                "list",
                [
                  "object",
                  {
                    "local_address_cidrs": [
                      "list",
                      "string"
                    ],
                    "remote_address_cidrs": [
                      "list",
                      "string"
                    ]
                  }
                ]
              ],
              "type": "string",
              "use_policy_based_traffic_selectors": "bool",
              "virtual_network_gateway_id": "string"
            }
          ],
          [
            "object",
            {
              "authorization_key": "string",
              "connection_mode": "string",
              "connection_protocol": "string",
              "custom_bgp_addresses": [
                "list",
                [
                  "object",
                  {
                    "primary": "string",
                    "secondary": "string"
                  }
                ]
              ],
              "dpd_timeout_seconds": "number",
              "egress_nat_rule_ids": [
                "set",
                "string"
              ],
              "enable_bgp": "bool",
              "express_route_circuit_id": "string",
              "express_route_gateway_bypass": "bool",
              "id": "string",
              "ingress_nat_rule_ids": [
                "set",
                "string"
              ],
              "ipsec_policy": [
                "list",
                [
                  "object",
                  {
                    "dh_group": "string",
                    "ike_encryption": "string",
                    "ike_integrity": "string",
                    "ipsec_encryption": "string",
                    "ipsec_integrity": "string",
                    "pfs_group": "string",
                    "sa_datasize": "number",
                    "sa_lifetime": "number"
                  }
                ]
              ],
              "local_azure_ip_address_enabled": "bool",
              "local_network_gateway_id": "string",
              "location": "string",
              "name": "string",
              "peer_virtual_network_gateway_id": "string",
              "resource_group_name": "string",
              "routing_weight": "number",
              "shared_key": "string",
              "tags": [
                "map",
                "string"
              ],
              "timeouts": [
                "object",
                {
                  "create": "string",
                  "delete": "string",
                  "read": "string",
                  "update": "string"
                }
              ],
              "traffic_selector_policy": [
                "list",
                [
                  "object",
                  {
                    "local_address_cidrs": [
                      "list",
                      "string"
                    ],
                    "remote_address_cidrs": [
                      "list",
                      "string"
                    ]
                  }
                ]
              ],
              "type": "string",
              "use_policy_based_traffic_selectors": "bool",
              "virtual_network_gateway_id": "string"
            }
          ]
        ]
      ],
      "sensitive": true
    }
  },
  "resources": [
    {
      "mode": "managed",
      "type": "azurerm_resource_group",
      "name": "vpn_resource_group",
      "provider": "provider[\"registry.terraform.io/hashicorp/azurerm\"]",
      "instances": [
        {
          "index_key": 0,
          "schema_version": 0,
          "attributes": {
            "id": "/subscriptions/ac90b42a-8ba9-48f5-9479-94dfd054e40d/resourceGroups/VPNSite2SiteDemo",
            "location": "eastasia",
            "managed_by": "",
            "name": "VPNSite2SiteDemo",
            "tags": {
              "author": "khangtictoc",
              "createdBy": "Terraform",
              "environment": "dev",
              "project": "lab_extra_03"
            },
            "timeouts": null
          },
          "sensitive_attributes": [],
          "private": "eyJlMmJmYjczMC1lY2FhLTExZTYtOGY4OC0zNDM2M2JjN2M0YzAiOnsiY3JlYXRlIjo1NDAwMDAwMDAwMDAwLCJkZWxldGUiOjU0MDAwMDAwMDAwMDAsInJlYWQiOjMwMDAwMDAwMDAwMCwidXBkYXRlIjo1NDAwMDAwMDAwMDAwfX0="
        },
        {
          "index_key": 1,
          "schema_version": 0,
          "attributes": {
            "id": "/subscriptions/ac90b42a-8ba9-48f5-9479-94dfd054e40d/resourceGroups/VPNSite2SiteDemo2",
            "location": "eastasia",
            "managed_by": "",
            "name": "VPNSite2SiteDemo2",
            "tags": {
              "author": "khangtictoc",
              "createdBy": "Terraform",
              "environment": "dev",
              "project": "lab_extra_03"
            },
            "timeouts": null
          },
          "sensitive_attributes": [],
          "private": "eyJlMmJmYjczMC1lY2FhLTExZTYtOGY4OC0zNDM2M2JjN2M0YzAiOnsiY3JlYXRlIjo1NDAwMDAwMDAwMDAwLCJkZWxldGUiOjU0MDAwMDAwMDAwMDAsInJlYWQiOjMwMDAwMDAwMDAwMCwidXBkYXRlIjo1NDAwMDAwMDAwMDAwfX0="
        }
      ]
    },
    {
      "module": "module.aws_virtual_machine_demo[0]",
      "mode": "managed",
      "type": "local_file",
      "name": "aws_private_ssh_key",
      "provider": "provider[\"registry.terraform.io/hashicorp/local\"]",
      "instances": [
        {
          "schema_version": 0,
          "attributes": {
            "content": "-----BEGIN RSA PRIVATE KEY-----\nMIIJJwIBAAKCAgEAnRjvHjc6FD7q2onJ8yfVa6uZ8otXoKefhTb1beMLzsuiKnMX\nVtKD3dWuoEtrSWE6RMHex//jRHm3Mqvd43mtCy9MUohgly7hST5gGcqBjpA43orv\nHtlbIWRTJikfULTSt1NqOYFhpQN9rCTPl9SucW33QT3IkY0rqdpNfeVoycXSywtq\nRw+qIlXazJd1i1TselBZ6tcqSl1kH7vQ4B1gR1C/QvY/BTsoe9J8zTZGAvRdCjpF\nVLFyqh0uSEulZG+ChAwySoTVv8/JI8+nmSvVZyBqs4RgyG2etZWUyGdu7ngdebeM\ng6d5G+YtyShSEso0WzLv+Z3LcikiOQ0X+pWzSobD4xFIh8bkiz7Nol3nMJECiXWS\ny+3FWnhWKBlYI/aEpFpTaVy/DsXFDDS2mhxm2rwjwcM7ddadJb28FHG1CT4FbtA6\nlfR/O4niNTYISA2GTzlHbt7yIZnwGc7wN5Sk8wOYcIv8KLPQo5FM24r4+ltJ+Jxb\nbICixh2BNVV2ZyYPnosNWKW354EmsBLpvPzRDkJASuoy1sQH75MBem1phNkz/7j7\neDY2/fnH5awRAsiZCidKUhxtd1GVoS5G/Iz21A6XcCgymdmadbRjLXGPAKSfPp7K\ntKpeuV61VuRuYvIZC3TcfY4PnIMg7lVH1ryXEdyiFMYrFs2aERJIJFM73OUCAwEA\nAQKCAgAxSyWcwY+D0so2kI3BsnoRMuM3a+mvC2nOjxQrytZlqRfVYg+supmN/gKx\nYXjkqZFzCbIx52UUk2ychbk2K3PU0p6MNya3yYn/RYc6EITeivqNOeMWNvWVYLmG\ne9jLpjGIPLBUIvjUomfIoDRTW/TwuqSe4BgTM8zDmzA9lMJwrZYbCBXs/klQRMhG\n8i977MXXC2drfOBUPUGxg2ljKVSQjBG3nTThG1L0p3NpoOIPA0Y+c1JV5Ogp4MYp\nATOAdEzryjftkgjQCw7+IaZhNZPcrBtPAPatbVgjejAZQftY8G+vRZzdoqspyewL\n9o7qPnB3PWB3Xr/7rlSCuk0P3/FFr262Ec6j0i05ejGbcIhJh6x979b+87+Ugd3k\nTBsXoVoypg6oBG99vBM517wiBKFnxubz/QUUszdG/VORHBoH98+BlxT+zMwvWH4I\nKBuav4/v7V+cl+r1x4sQgXCNc0PD7c01U4BvFgmXajXbYBN7P7Ppx9gTAwjy4/Au\n1vf36aXRTl4fmZWyr3RW4E/haLP5HtcnCUxa7Qq14gFHKk3LldUSrTm908aXsnvh\nBgxhCISGBP6bY3mfQ1+0HGhcbgDG6eah7vHiG0TR9Ea4lBNUbuJN+yn7bwSe7yO4\nS/iioZF6HanHRoWiO6I/dEgcYZ6/TvHWUfSNdUSGeXIm3PXccQKCAQEAxe0WfGav\n5xWslTSGhqJznh/K43y2yDylAsJa5I0YkTFqF/2tcff7Eqa2YGu9VblGpIgPgDGb\nnniDAojW/ZRdxJ3GNCCuCBN4BcZ3GYDhSSv+whhdSZt0O8vK2j2rRKohJCjKHxy5\njmhDRQUMlSLKUwaInw3Mwg3kPII/RKABiOBgYhnvvzCbrM22hvZsyvtDIVlWsk69\n4u8VV4II19nY8g36TQk1BxvwXT23hI9W9ZJzbxoPHcIEMwHGG0Gx9BDG2oE58R0r\n+JhSKsitxN/9eQbBMvOiKDKeGhKHkP4ElcG3GmT3nr+qMcxWytbK1Eu0rRjDSQVB\nitFXhBinSYau5wKCAQEAyzEPZqm0AtntwgJoDTNiK+0udSSwE6z0+wzHQXLoyD8c\nLecDIudRTWxw4Zz0K6vH4EBI/nTXk5GC9Dv5SZAcoxcr1tP4InZE08OyFYK8IJdF\nS4TK4RVftHon3CKNdcJ2B6gt3GS0h9hyxlBnQu9LCB/dZM41/UZhWFFwLO/oAkxW\nKMI8or2FOsohrIhH3xtvXqVAAHnUisfZIMSYbhxrq8il1cHSrS7toROSqv/qNQ3g\njDYIgjewtFOGq0pMQsloWJ4bQYsIoTu8vtOnU7MjnAzaEqgIYzLavFya2FUMUdU3\nlQcsGXpc9uU1z11E86iesiLsKDXTJZQ+SU9nVoiYUwKCAQAe6Q748KSKB1WDm8di\noV5DFJ3/9wsorGfszWOai/qJOlliU8jRorPATu7ukgTorV299k3NbHHsRs/XBn3k\n7lXSjf1VSMFFG51D8aHKBtmoLsnDkECJbVCywfn1KWpk99jjJ8ehIkBMYDYZQleb\ntuo4Gy4dAO+4YqkBVioBUqfKs5f52ikaB8JYM2xNGZEWBjWOsMAcarW3CjWgC/vL\nkgcSjmJHw6dXa+KW/Tt65VPkWDHU6RHxSMqVGLLSsOjUwAX+O+5LnI2wbkFu0xZo\nR77zNr3Xcjsh4f3U/o3TdAhNRwqMgbY2QaKX0ly/otncW9JkshhVgA+jWVw8kgkW\nL4WDAoIBAFd7+w6PuJKVtBmZIaW1Xupcx2jmb+04xY2l1dCnIfS9v2tAEIihoc69\nBukMw9BduMQjyYnNUtgViZWQkOeMZdgObPCk+SwVUdL/ahh63ncFym8WcKdypW82\nPR05v0BZhqoLThubPGNU3S3nhl46W0rXNWJmqrYu7FCzV6HxdSowJdSMtMC46rkC\nOHdpgdBcppnQenr5+Xn7S9Ag9SRLlkwzKrubJRMtpmB45eg8IWHQZMLZrNYsFie9\n4rizV5xVzViCUmfo7cFF0CE1TdDqy0Uv/2CS+nGDfswk7wJ/s7s0GydOHD2oAojG\n7WEn3j0ud41pHda+PffrGNpFls+aJkMCggEAQfSolu1bBzdo5lkaPZhf2z0xYjD7\neYPp5QZE4RwVf/cW+fa1X3e8AFUezkujmIl0gJ18rPn3FAcI4dCyKOCmqEytcX8g\nOWF0DiuSm88WuajgwyrGbjyGIIyZvP6pCedgKvA2lRiIZvWU2RE9MhnDFW+A4Jqj\nCyqmo55fBRst4TK4F8jVfZl5j59wM2hfrdUdRazO9eGdljtb2e34kT1gvPO59fD2\nMzFlx9Mbv/rL6VqfeldcP2l3ggU8jbAaJlWSfOFoe3xVZk4d3Jqz3J/Vf0w+YD25\nNxJdkPEAAbADHyScVxJLfBJuOowIWUyOTFWOfZH2AzfsP070Zdr8KvxadQ==\n-----END RSA PRIVATE KEY-----\n",
            "content_base64": null,
            "content_base64sha256": "vaO3kpKWeehxaQMWx+qsU6KWtHwxs1ge+qnYDcMbyg4=",
            "content_base64sha512": "p/qV7pp1BMp4ghnUy6Zm2Pir9Dygh9O1Sy39bbQdZiOPLQpUzIK2vh8cdKx35fj09cPA8QmUqH3qcAsogmWv6w==",
            "content_md5": "aa12efbb45ffcd2bd7e2d0a81d5a4fd3",
            "content_sha1": "7b30d15dd2d8bacaa2f17700883dc90e41bffccc",
            "content_sha256": "bda3b792929679e871690316c7eaac53a296b47c31b3581efaa9d80dc31bca0e",
            "content_sha512": "a7fa95ee9a7504ca788219d4cba666d8f8abf43ca087d3b54b2dfd6db41d66238f2d0a54cc82b6be1f1c74ac77e5f8f4f5c3c0f10994a87dea700b288265afeb",
            "directory_permission": "0777",
            "file_permission": "0777",
            "filename": "credentials/aws/private_key",
            "id": "7b30d15dd2d8bacaa2f17700883dc90e41bffccc",
            "sensitive_content": null,
            "source": null
          },
          "sensitive_attributes": [
            [
              {
                "type": "get_attr",
                "value": "sensitive_content"
              }
            ],
            [
              {
                "type": "get_attr",
                "value": "content"
              }
            ]
          ],
          "dependencies": [
            "module.aws_virtual_machine_demo.module.keypair.tls_private_key.pk"
          ]
        }
      ]
    },
    {
      "module": "module.aws_virtual_machine_demo[0]",
      "mode": "managed",
      "type": "null_resource",
      "name": "add_host_key",
      "provider": "provider[\"registry.terraform.io/hashicorp/null\"]",
      "instances": [
        {
          "schema_version": 0,
          "attributes": {
            "id": "1834668628478348885",
            "triggers": {
              "always_run": "7b30d15dd2d8bacaa2f17700883dc90e41bffccc"
            }
          },
          "sensitive_attributes": [],
          "dependencies": [
            "module.aws_virtual_machine_demo.local_file.aws_private_ssh_key",
            "module.aws_virtual_machine_demo.module.keypair.tls_private_key.pk"
          ]
        }
      ]
    },
    {
      "module": "module.aws_virtual_machine_demo[0].module.ec2_instance",
      "mode": "managed",
      "type": "aws_instance",
      "name": "instance",
      "provider": "provider[\"registry.terraform.io/hashicorp/aws\"]",
      "instances": [
        {
          "schema_version": 1,
          "attributes": {
            "ami": "ami-06aa3f7caf3a30282",
            "arn": "arn:aws:ec2:us-east-1:008748484958:instance/i-0f65e09ba96f41a5d",
            "associate_public_ip_address": true,
            "availability_zone": "us-east-1f",
            "capacity_reservation_specification": [
              {
                "capacity_reservation_preference": "open",
                "capacity_reservation_target": []
              }
            ],
            "cpu_core_count": 2,
            "cpu_options": [
              {
                "amd_sev_snp": "",
                "core_count": 2,
                "threads_per_core": 1
              }
            ],
            "cpu_threads_per_core": 1,
            "credit_specification": [
              {
                "cpu_credits": "standard"
              }
            ],
            "disable_api_stop": false,
            "disable_api_termination": false,
            "ebs_block_device": [
              {
                "delete_on_termination": true,
                "device_name": "/dev/sda1",
                "encrypted": false,
                "iops": 100,
                "kms_key_id": "",
                "snapshot_id": "",
                "tags": {},
                "throughput": 0,
                "volume_id": "vol-0a3bcec31961d6087",
                "volume_size": 30,
                "volume_type": "gp2"
              }
            ],
            "ebs_optimized": false,
            "enclave_options": [
              {
                "enabled": false
              }
            ],
            "ephemeral_block_device": [],
            "get_password_data": false,
            "hibernation": false,
            "host_id": "",
            "host_resource_group_arn": null,
            "iam_instance_profile": "",
            "id": "i-0f65e09ba96f41a5d",
            "instance_initiated_shutdown_behavior": "terminate",
            "instance_lifecycle": "spot",
            "instance_market_options": [
              {
                "market_type": "spot",
                "spot_options": [
                  {
                    "instance_interruption_behavior": "terminate",
                    "max_price": "0.046400",
                    "spot_instance_type": "one-time",
                    "valid_until": ""
                  }
                ]
              }
            ],
            "instance_state": "running",
            "instance_type": "t2.medium",
            "ipv6_address_count": 0,
            "ipv6_addresses": [],
            "key_name": "mykey",
            "launch_template": [],
            "maintenance_options": [
              {
                "auto_recovery": "default"
              }
            ],
            "metadata_options": [
              {
                "http_endpoint": "enabled",
                "http_protocol_ipv6": "disabled",
                "http_put_response_hop_limit": 1,
                "http_tokens": "optional",
                "instance_metadata_tags": "disabled"
              }
            ],
            "monitoring": false,
            "network_interface": [],
            "outpost_arn": "",
            "password_data": "",
            "placement_group": "",
            "placement_partition_number": 0,
            "primary_network_interface_id": "eni-0f7f824be7c9fb8b1",
            "private_dns": "ip-192-168-1-32.ec2.internal",
            "private_dns_name_options": [
              {
                "enable_resource_name_dns_a_record": false,
                "enable_resource_name_dns_aaaa_record": false,
                "hostname_type": "ip-name"
              }
            ],
            "private_ip": "192.168.1.32",
            "public_dns": "",
            "public_ip": "3.234.239.101",
            "root_block_device": [
              {
                "delete_on_termination": true,
                "device_name": "/dev/sda1",
                "encrypted": false,
                "iops": 100,
                "kms_key_id": "",
                "tags": {},
                "throughput": 0,
                "volume_id": "vol-0a3bcec31961d6087",
                "volume_size": 30,
                "volume_type": "gp2"
              }
            ],
            "secondary_private_ips": [],
            "security_groups": [],
            "source_dest_check": true,
            "spot_instance_request_id": "sir-3t2ywh9k",
            "subnet_id": "subnet-037c91699b9ab47e8",
            "tags": {
              "Name": "target01",
              "author": "khangtictoc",
              "createdBy": "Terraform",
              "environment": "dev",
              "project": "lab_extra_03"
            },
            "tags_all": {
              "Name": "target01",
              "author": "khangtictoc",
              "createdBy": "Terraform",
              "environment": "dev",
              "project": "lab_extra_03"
            },
            "tenancy": "default",
            "timeouts": null,
            "user_data": null,
            "user_data_base64": null,
            "user_data_replace_on_change": false,
            "volume_tags": null,
            "vpc_security_group_ids": [
              "sg-068e06e905ad05674"
            ]
          },
          "sensitive_attributes": [],
          "private": "eyJlMmJmYjczMC1lY2FhLTExZTYtOGY4OC0zNDM2M2JjN2M0YzAiOnsiY3JlYXRlIjo2MDAwMDAwMDAwMDAsImRlbGV0ZSI6MTIwMDAwMDAwMDAwMCwidXBkYXRlIjo2MDAwMDAwMDAwMDB9LCJzY2hlbWFfdmVyc2lvbiI6IjEifQ==",
          "dependencies": [
            "azurerm_resource_group.vpn_resource_group",
            "module.aws_virtual_machine_demo.module.keypair.aws_key_pair.my_keypair",
            "module.aws_virtual_machine_demo.module.keypair.tls_private_key.pk",
            "module.aws_virtual_machine_demo.module.security_group.aws_security_group.security_group",
            "module.vpn_s2s_aws_azure.module.aws_network.aws_internet_gateway.internet_gateway",
            "module.vpn_s2s_aws_azure.module.aws_network.aws_subnet.vpn_subnet",
            "module.vpn_s2s_aws_azure.module.aws_network.aws_vpc.vpn_vpc",
            "module.vpn_s2s_aws_azure.module.aws_network.aws_vpn_gateway.virtual_private_gateway",
            "module.vpn_s2s_aws_azure.module.azure_network.azurerm_public_ip.vpn_public_ip",
            "module.vpn_s2s_aws_azure.module.azure_network.azurerm_subnet.vpn_subnet",
            "module.vpn_s2s_aws_azure.module.azure_network.azurerm_virtual_network.vpn_virtual_network",
            "module.vpn_s2s_aws_azure.module.azure_network.azurerm_virtual_network_gateway.virtual_network_gateway",
            "module.vpn_s2s_aws_azure.module.vpn_SiteToSite_connection.aws_customer_gateway.customer_gateway",
            "module.vpn_s2s_aws_azure.module.vpn_SiteToSite_connection.aws_route.internet_gateway_route",
            "module.vpn_s2s_aws_azure.module.vpn_SiteToSite_connection.aws_route.vpn_gateway_route",
            "module.vpn_s2s_aws_azure.module.vpn_SiteToSite_connection.aws_vpn_connection.vpn_connection",
            "module.vpn_s2s_aws_azure.module.vpn_SiteToSite_connection.aws_vpn_connection_route.vpn_static_routes",
            "module.vpn_s2s_aws_azure.module.vpn_SiteToSite_connection.azurerm_local_network_gateway.local_network_gateway",
            "module.vpn_s2s_aws_azure.module.vpn_SiteToSite_connection.azurerm_virtual_network_gateway_connection.vpn_connection"
          ]
        }
      ]
    },
    {
      "module": "module.aws_virtual_machine_demo[0].module.keypair",
      "mode": "managed",
      "type": "aws_key_pair",
      "name": "my_keypair",
      "provider": "provider[\"registry.terraform.io/hashicorp/aws\"]",
      "instances": [
        {
          "schema_version": 1,
          "attributes": {
            "arn": "arn:aws:ec2:us-east-1:008748484958:key-pair/mykey",
            "fingerprint": "d5:67:d6:a8:8d:a6:dd:4a:12:56:c4:39:18:4e:65:5a",
            "id": "mykey",
            "key_name": "mykey",
            "key_name_prefix": "",
            "key_pair_id": "key-0287e6eb564f52806",
            "key_type": "rsa",
            "public_key": "ssh-rsa AAAAB3NzaC1yc2EAAAADAQABAAACAQCdGO8eNzoUPuraicnzJ9Vrq5nyi1egp5+FNvVt4wvOy6IqcxdW0oPd1a6gS2tJYTpEwd7H/+NEebcyq93jea0LL0xSiGCXLuFJPmAZyoGOkDjeiu8e2VshZFMmKR9QtNK3U2o5gWGlA32sJM+X1K5xbfdBPciRjSup2k195WjJxdLLC2pHD6oiVdrMl3WLVOx6UFnq1ypKXWQfu9DgHWBHUL9C9j8FOyh70nzNNkYC9F0KOkVUsXKqHS5IS6Vkb4KEDDJKhNW/z8kjz6eZK9VnIGqzhGDIbZ61lZTIZ27ueB15t4yDp3kb5i3JKFISyjRbMu/5nctyKSI5DRf6lbNKhsPjEUiHxuSLPs2iXecwkQKJdZLL7cVaeFYoGVgj9oSkWlNpXL8OxcUMNLaaHGbavCPBwzt11p0lvbwUcbUJPgVu0DqV9H87ieI1NghIDYZPOUdu3vIhmfAZzvA3lKTzA5hwi/wos9CjkUzbivj6W0n4nFtsgKLGHYE1VXZnJg+eiw1YpbfngSawEum8/NEOQkBK6jLWxAfvkwF6bWmE2TP/uPt4Njb9+cflrBECyJkKJ0pSHG13UZWhLkb8jPbUDpdwKDKZ2Zp1tGMtcY8ApJ8+nsq0ql65XrVW5G5i8hkLdNx9jg+cgyDuVUfWvJcR3KIUxisWzZoREkgkUzvc5Q==",
            "tags": {},
            "tags_all": {}
          },
          "sensitive_attributes": [],
          "private": "eyJzY2hlbWFfdmVyc2lvbiI6IjEifQ==",
          "dependencies": [
            "module.aws_virtual_machine_demo.module.keypair.tls_private_key.pk"
          ]
        }
      ]
    },
    {
      "module": "module.aws_virtual_machine_demo[0].module.keypair",
      "mode": "managed",
      "type": "tls_private_key",
      "name": "pk",
      "provider": "provider[\"registry.terraform.io/hashicorp/tls\"]",
      "instances": [
        {
          "schema_version": 1,
          "attributes": {
            "algorithm": "RSA",
            "ecdsa_curve": "P224",
            "id": "07abf25e2d22e7cd757085d2228214c6398fc6c6",
            "private_key_openssh": "-----BEGIN OPENSSH PRIVATE KEY-----\nb3BlbnNzaC1rZXktdjEAAAAABG5vbmUAAAAEbm9uZQAAAAAAAAABAAACFwAAAAdz\nc2gtcnNhAAAAAwEAAQAAAgEAnRjvHjc6FD7q2onJ8yfVa6uZ8otXoKefhTb1beML\nzsuiKnMXVtKD3dWuoEtrSWE6RMHex//jRHm3Mqvd43mtCy9MUohgly7hST5gGcqB\njpA43orvHtlbIWRTJikfULTSt1NqOYFhpQN9rCTPl9SucW33QT3IkY0rqdpNfeVo\nycXSywtqRw+qIlXazJd1i1TselBZ6tcqSl1kH7vQ4B1gR1C/QvY/BTsoe9J8zTZG\nAvRdCjpFVLFyqh0uSEulZG+ChAwySoTVv8/JI8+nmSvVZyBqs4RgyG2etZWUyGdu\n7ngdebeMg6d5G+YtyShSEso0WzLv+Z3LcikiOQ0X+pWzSobD4xFIh8bkiz7Nol3n\nMJECiXWSy+3FWnhWKBlYI/aEpFpTaVy/DsXFDDS2mhxm2rwjwcM7ddadJb28FHG1\nCT4FbtA6lfR/O4niNTYISA2GTzlHbt7yIZnwGc7wN5Sk8wOYcIv8KLPQo5FM24r4\n+ltJ+JxbbICixh2BNVV2ZyYPnosNWKW354EmsBLpvPzRDkJASuoy1sQH75MBem1p\nhNkz/7j7eDY2/fnH5awRAsiZCidKUhxtd1GVoS5G/Iz21A6XcCgymdmadbRjLXGP\nAKSfPp7KtKpeuV61VuRuYvIZC3TcfY4PnIMg7lVH1ryXEdyiFMYrFs2aERJIJFM7\n3OUAAAc4iRKTSIkSk0gAAAAHc3NoLXJzYQAAAgEAnRjvHjc6FD7q2onJ8yfVa6uZ\n8otXoKefhTb1beMLzsuiKnMXVtKD3dWuoEtrSWE6RMHex//jRHm3Mqvd43mtCy9M\nUohgly7hST5gGcqBjpA43orvHtlbIWRTJikfULTSt1NqOYFhpQN9rCTPl9SucW33\nQT3IkY0rqdpNfeVoycXSywtqRw+qIlXazJd1i1TselBZ6tcqSl1kH7vQ4B1gR1C/\nQvY/BTsoe9J8zTZGAvRdCjpFVLFyqh0uSEulZG+ChAwySoTVv8/JI8+nmSvVZyBq\ns4RgyG2etZWUyGdu7ngdebeMg6d5G+YtyShSEso0WzLv+Z3LcikiOQ0X+pWzSobD\n4xFIh8bkiz7Nol3nMJECiXWSy+3FWnhWKBlYI/aEpFpTaVy/DsXFDDS2mhxm2rwj\nwcM7ddadJb28FHG1CT4FbtA6lfR/O4niNTYISA2GTzlHbt7yIZnwGc7wN5Sk8wOY\ncIv8KLPQo5FM24r4+ltJ+JxbbICixh2BNVV2ZyYPnosNWKW354EmsBLpvPzRDkJA\nSuoy1sQH75MBem1phNkz/7j7eDY2/fnH5awRAsiZCidKUhxtd1GVoS5G/Iz21A6X\ncCgymdmadbRjLXGPAKSfPp7KtKpeuV61VuRuYvIZC3TcfY4PnIMg7lVH1ryXEdyi\nFMYrFs2aERJIJFM73OUAAAADAQABAAACADFLJZzBj4PSyjaQjcGyehEy4zdr6a8L\nac6PFCvK1mWpF9ViD6y6mY3+ArFheOSpkXMJsjHnZRSTbJyFuTYrc9TSnow3JrfJ\nif9FhzoQhN6K+o054xY29ZVguYZ72MumMYg8sFQi+NSiZ8igNFNb9PC6pJ7gGBMz\nzMObMD2UwnCtlhsIFez+SVBEyEbyL3vsxdcLZ2t84FQ9QbGDaWMpVJCMEbedNOEb\nUvSnc2mg4g8DRj5zUlXk6CngxikBM4B0TOvKN+2SCNALDv4hpmE1k9ysG08A9q1t\nWCN6MBlB+1jwb69FnN2iqynJ7Av2juo+cHc9YHdev/uuVIK6TQ/f8UWvbrYRzqPS\nLTl6MZtwiEmHrH3v1v7zv5SB3eRMGxehWjKmDqgEb328EznXvCIEoWfG5vP9BRSz\nN0b9U5EcGgf3z4GXFP7MzC9YfggoG5q/j+/tX5yX6vXHixCBcI1zQ8PtzTVTgG8W\nCZdqNdtgE3s/s+nH2BMDCPLj8C7W9/fppdFOXh+ZlbKvdFbgT+Fos/ke1ycJTFrt\nCrXiAUcqTcuV1RKtOb3Txpeye+EGDGEIhIYE/ptjeZ9DX7QcaFxuAMbp5qHu8eIb\nRNH0RriUE1Ru4k37KftvBJ7vI7hL+KKhkXodqcdGhaI7oj90SBxhnr9O8dZR9I11\nRIZ5cibc9dxxAAABAEH0qJbtWwc3aOZZGj2YX9s9MWIw+3mD6eUGROEcFX/3Fvn2\ntV93vABVHs5Lo5iJdICdfKz59xQHCOHQsijgpqhMrXF/IDlhdA4rkpvPFrmo4MMq\nxm48hiCMmbz+qQnnYCrwNpUYiGb1lNkRPTIZwxVvgOCaowsqpqOeXwUbLeEyuBfI\n1X2ZeY+fcDNoX63VHUWszvXhnZY7W9nt+JE9YLzzufXw9jMxZcfTG7/6y+lan3pX\nXD9pd4IFPI2wGiZVknzhaHt8VWZOHdyas9yf1X9MPmA9uTcSXZDxAAGwAx8knFcS\nS3wSbjqMCFlMjkxVjn2R9gM37D9O9GXa/Cr8WnUAAAEBAMXtFnxmr+cVrJU0hoai\nc54fyuN8tsg8pQLCWuSNGJExahf9rXH3+xKmtmBrvVW5RqSID4Axm554gwKI1v2U\nXcSdxjQgrggTeAXGdxmA4Ukr/sIYXUmbdDvLyto9q0SqISQoyh8cuY5oQ0UFDJUi\nylMGiJ8NzMIN5DyCP0SgAYjgYGIZ778wm6zNtob2bMr7QyFZVrJOveLvFVeCCNfZ\n2PIN+k0JNQcb8F09t4SPVvWSc28aDx3CBDMBxhtBsfQQxtqBOfEdK/iYUirIrcTf\n/XkGwTLzoigynhoSh5D+BJXBtxpk956/qjHMVsrWytRLtK0Yw0kFQYrRV4QYp0mG\nrucAAAEBAMsxD2aptALZ7cICaA0zYivtLnUksBOs9PsMx0Fy6Mg/HC3nAyLnUU1s\ncOGc9Curx+BASP5015ORgvQ7+UmQHKMXK9bT+CJ2RNPDshWCvCCXRUuEyuEVX7R6\nJ9wijXXCdgeoLdxktIfYcsZQZ0LvSwgf3WTONf1GYVhRcCzv6AJMVijCPKK9hTrK\nIayIR98bb16lQAB51IrH2SDEmG4ca6vIpdXB0q0u7aETkqr/6jUN4Iw2CII3sLRT\nhqtKTELJaFieG0GLCKE7vL7Tp1OzI5wM2hKoCGMy2rxcmthVDFHVN5UHLBl6XPbl\nNc9dRPOonrIi7Cg10yWUPklPZ1aImFMAAAAAAQID\n-----END OPENSSH PRIVATE KEY-----\n",
            "private_key_pem": "-----BEGIN RSA PRIVATE KEY-----\nMIIJJwIBAAKCAgEAnRjvHjc6FD7q2onJ8yfVa6uZ8otXoKefhTb1beMLzsuiKnMX\nVtKD3dWuoEtrSWE6RMHex//jRHm3Mqvd43mtCy9MUohgly7hST5gGcqBjpA43orv\nHtlbIWRTJikfULTSt1NqOYFhpQN9rCTPl9SucW33QT3IkY0rqdpNfeVoycXSywtq\nRw+qIlXazJd1i1TselBZ6tcqSl1kH7vQ4B1gR1C/QvY/BTsoe9J8zTZGAvRdCjpF\nVLFyqh0uSEulZG+ChAwySoTVv8/JI8+nmSvVZyBqs4RgyG2etZWUyGdu7ngdebeM\ng6d5G+YtyShSEso0WzLv+Z3LcikiOQ0X+pWzSobD4xFIh8bkiz7Nol3nMJECiXWS\ny+3FWnhWKBlYI/aEpFpTaVy/DsXFDDS2mhxm2rwjwcM7ddadJb28FHG1CT4FbtA6\nlfR/O4niNTYISA2GTzlHbt7yIZnwGc7wN5Sk8wOYcIv8KLPQo5FM24r4+ltJ+Jxb\nbICixh2BNVV2ZyYPnosNWKW354EmsBLpvPzRDkJASuoy1sQH75MBem1phNkz/7j7\neDY2/fnH5awRAsiZCidKUhxtd1GVoS5G/Iz21A6XcCgymdmadbRjLXGPAKSfPp7K\ntKpeuV61VuRuYvIZC3TcfY4PnIMg7lVH1ryXEdyiFMYrFs2aERJIJFM73OUCAwEA\nAQKCAgAxSyWcwY+D0so2kI3BsnoRMuM3a+mvC2nOjxQrytZlqRfVYg+supmN/gKx\nYXjkqZFzCbIx52UUk2ychbk2K3PU0p6MNya3yYn/RYc6EITeivqNOeMWNvWVYLmG\ne9jLpjGIPLBUIvjUomfIoDRTW/TwuqSe4BgTM8zDmzA9lMJwrZYbCBXs/klQRMhG\n8i977MXXC2drfOBUPUGxg2ljKVSQjBG3nTThG1L0p3NpoOIPA0Y+c1JV5Ogp4MYp\nATOAdEzryjftkgjQCw7+IaZhNZPcrBtPAPatbVgjejAZQftY8G+vRZzdoqspyewL\n9o7qPnB3PWB3Xr/7rlSCuk0P3/FFr262Ec6j0i05ejGbcIhJh6x979b+87+Ugd3k\nTBsXoVoypg6oBG99vBM517wiBKFnxubz/QUUszdG/VORHBoH98+BlxT+zMwvWH4I\nKBuav4/v7V+cl+r1x4sQgXCNc0PD7c01U4BvFgmXajXbYBN7P7Ppx9gTAwjy4/Au\n1vf36aXRTl4fmZWyr3RW4E/haLP5HtcnCUxa7Qq14gFHKk3LldUSrTm908aXsnvh\nBgxhCISGBP6bY3mfQ1+0HGhcbgDG6eah7vHiG0TR9Ea4lBNUbuJN+yn7bwSe7yO4\nS/iioZF6HanHRoWiO6I/dEgcYZ6/TvHWUfSNdUSGeXIm3PXccQKCAQEAxe0WfGav\n5xWslTSGhqJznh/K43y2yDylAsJa5I0YkTFqF/2tcff7Eqa2YGu9VblGpIgPgDGb\nnniDAojW/ZRdxJ3GNCCuCBN4BcZ3GYDhSSv+whhdSZt0O8vK2j2rRKohJCjKHxy5\njmhDRQUMlSLKUwaInw3Mwg3kPII/RKABiOBgYhnvvzCbrM22hvZsyvtDIVlWsk69\n4u8VV4II19nY8g36TQk1BxvwXT23hI9W9ZJzbxoPHcIEMwHGG0Gx9BDG2oE58R0r\n+JhSKsitxN/9eQbBMvOiKDKeGhKHkP4ElcG3GmT3nr+qMcxWytbK1Eu0rRjDSQVB\nitFXhBinSYau5wKCAQEAyzEPZqm0AtntwgJoDTNiK+0udSSwE6z0+wzHQXLoyD8c\nLecDIudRTWxw4Zz0K6vH4EBI/nTXk5GC9Dv5SZAcoxcr1tP4InZE08OyFYK8IJdF\nS4TK4RVftHon3CKNdcJ2B6gt3GS0h9hyxlBnQu9LCB/dZM41/UZhWFFwLO/oAkxW\nKMI8or2FOsohrIhH3xtvXqVAAHnUisfZIMSYbhxrq8il1cHSrS7toROSqv/qNQ3g\njDYIgjewtFOGq0pMQsloWJ4bQYsIoTu8vtOnU7MjnAzaEqgIYzLavFya2FUMUdU3\nlQcsGXpc9uU1z11E86iesiLsKDXTJZQ+SU9nVoiYUwKCAQAe6Q748KSKB1WDm8di\noV5DFJ3/9wsorGfszWOai/qJOlliU8jRorPATu7ukgTorV299k3NbHHsRs/XBn3k\n7lXSjf1VSMFFG51D8aHKBtmoLsnDkECJbVCywfn1KWpk99jjJ8ehIkBMYDYZQleb\ntuo4Gy4dAO+4YqkBVioBUqfKs5f52ikaB8JYM2xNGZEWBjWOsMAcarW3CjWgC/vL\nkgcSjmJHw6dXa+KW/Tt65VPkWDHU6RHxSMqVGLLSsOjUwAX+O+5LnI2wbkFu0xZo\nR77zNr3Xcjsh4f3U/o3TdAhNRwqMgbY2QaKX0ly/otncW9JkshhVgA+jWVw8kgkW\nL4WDAoIBAFd7+w6PuJKVtBmZIaW1Xupcx2jmb+04xY2l1dCnIfS9v2tAEIihoc69\nBukMw9BduMQjyYnNUtgViZWQkOeMZdgObPCk+SwVUdL/ahh63ncFym8WcKdypW82\nPR05v0BZhqoLThubPGNU3S3nhl46W0rXNWJmqrYu7FCzV6HxdSowJdSMtMC46rkC\nOHdpgdBcppnQenr5+Xn7S9Ag9SRLlkwzKrubJRMtpmB45eg8IWHQZMLZrNYsFie9\n4rizV5xVzViCUmfo7cFF0CE1TdDqy0Uv/2CS+nGDfswk7wJ/s7s0GydOHD2oAojG\n7WEn3j0ud41pHda+PffrGNpFls+aJkMCggEAQfSolu1bBzdo5lkaPZhf2z0xYjD7\neYPp5QZE4RwVf/cW+fa1X3e8AFUezkujmIl0gJ18rPn3FAcI4dCyKOCmqEytcX8g\nOWF0DiuSm88WuajgwyrGbjyGIIyZvP6pCedgKvA2lRiIZvWU2RE9MhnDFW+A4Jqj\nCyqmo55fBRst4TK4F8jVfZl5j59wM2hfrdUdRazO9eGdljtb2e34kT1gvPO59fD2\nMzFlx9Mbv/rL6VqfeldcP2l3ggU8jbAaJlWSfOFoe3xVZk4d3Jqz3J/Vf0w+YD25\nNxJdkPEAAbADHyScVxJLfBJuOowIWUyOTFWOfZH2AzfsP070Zdr8KvxadQ==\n-----END RSA PRIVATE KEY-----\n",
            "private_key_pem_pkcs8": "-----BEGIN PRIVATE KEY-----\nMIIJQQIBADANBgkqhkiG9w0BAQEFAASCCSswggknAgEAAoICAQCdGO8eNzoUPura\nicnzJ9Vrq5nyi1egp5+FNvVt4wvOy6IqcxdW0oPd1a6gS2tJYTpEwd7H/+NEebcy\nq93jea0LL0xSiGCXLuFJPmAZyoGOkDjeiu8e2VshZFMmKR9QtNK3U2o5gWGlA32s\nJM+X1K5xbfdBPciRjSup2k195WjJxdLLC2pHD6oiVdrMl3WLVOx6UFnq1ypKXWQf\nu9DgHWBHUL9C9j8FOyh70nzNNkYC9F0KOkVUsXKqHS5IS6Vkb4KEDDJKhNW/z8kj\nz6eZK9VnIGqzhGDIbZ61lZTIZ27ueB15t4yDp3kb5i3JKFISyjRbMu/5nctyKSI5\nDRf6lbNKhsPjEUiHxuSLPs2iXecwkQKJdZLL7cVaeFYoGVgj9oSkWlNpXL8OxcUM\nNLaaHGbavCPBwzt11p0lvbwUcbUJPgVu0DqV9H87ieI1NghIDYZPOUdu3vIhmfAZ\nzvA3lKTzA5hwi/wos9CjkUzbivj6W0n4nFtsgKLGHYE1VXZnJg+eiw1YpbfngSaw\nEum8/NEOQkBK6jLWxAfvkwF6bWmE2TP/uPt4Njb9+cflrBECyJkKJ0pSHG13UZWh\nLkb8jPbUDpdwKDKZ2Zp1tGMtcY8ApJ8+nsq0ql65XrVW5G5i8hkLdNx9jg+cgyDu\nVUfWvJcR3KIUxisWzZoREkgkUzvc5QIDAQABAoICADFLJZzBj4PSyjaQjcGyehEy\n4zdr6a8Lac6PFCvK1mWpF9ViD6y6mY3+ArFheOSpkXMJsjHnZRSTbJyFuTYrc9TS\nnow3JrfJif9FhzoQhN6K+o054xY29ZVguYZ72MumMYg8sFQi+NSiZ8igNFNb9PC6\npJ7gGBMzzMObMD2UwnCtlhsIFez+SVBEyEbyL3vsxdcLZ2t84FQ9QbGDaWMpVJCM\nEbedNOEbUvSnc2mg4g8DRj5zUlXk6CngxikBM4B0TOvKN+2SCNALDv4hpmE1k9ys\nG08A9q1tWCN6MBlB+1jwb69FnN2iqynJ7Av2juo+cHc9YHdev/uuVIK6TQ/f8UWv\nbrYRzqPSLTl6MZtwiEmHrH3v1v7zv5SB3eRMGxehWjKmDqgEb328EznXvCIEoWfG\n5vP9BRSzN0b9U5EcGgf3z4GXFP7MzC9YfggoG5q/j+/tX5yX6vXHixCBcI1zQ8Pt\nzTVTgG8WCZdqNdtgE3s/s+nH2BMDCPLj8C7W9/fppdFOXh+ZlbKvdFbgT+Fos/ke\n1ycJTFrtCrXiAUcqTcuV1RKtOb3Txpeye+EGDGEIhIYE/ptjeZ9DX7QcaFxuAMbp\n5qHu8eIbRNH0RriUE1Ru4k37KftvBJ7vI7hL+KKhkXodqcdGhaI7oj90SBxhnr9O\n8dZR9I11RIZ5cibc9dxxAoIBAQDF7RZ8Zq/nFayVNIaGonOeH8rjfLbIPKUCwlrk\njRiRMWoX/a1x9/sSprZga71VuUakiA+AMZueeIMCiNb9lF3EncY0IK4IE3gFxncZ\ngOFJK/7CGF1Jm3Q7y8raPatEqiEkKMofHLmOaENFBQyVIspTBoifDczCDeQ8gj9E\noAGI4GBiGe+/MJuszbaG9mzK+0MhWVayTr3i7xVXggjX2djyDfpNCTUHG/BdPbeE\nj1b1knNvGg8dwgQzAcYbQbH0EMbagTnxHSv4mFIqyK3E3/15BsEy86IoMp4aEoeQ\n/gSVwbcaZPeev6oxzFbK1srUS7StGMNJBUGK0VeEGKdJhq7nAoIBAQDLMQ9mqbQC\n2e3CAmgNM2Ir7S51JLATrPT7DMdBcujIPxwt5wMi51FNbHDhnPQrq8fgQEj+dNeT\nkYL0O/lJkByjFyvW0/gidkTTw7IVgrwgl0VLhMrhFV+0eifcIo11wnYHqC3cZLSH\n2HLGUGdC70sIH91kzjX9RmFYUXAs7+gCTFYowjyivYU6yiGsiEffG29epUAAedSK\nx9kgxJhuHGuryKXVwdKtLu2hE5Kq/+o1DeCMNgiCN7C0U4arSkxCyWhYnhtBiwih\nO7y+06dTsyOcDNoSqAhjMtq8XJrYVQxR1TeVBywZelz25TXPXUTzqJ6yIuwoNdMl\nlD5JT2dWiJhTAoIBAB7pDvjwpIoHVYObx2KhXkMUnf/3CyisZ+zNY5qL+ok6WWJT\nyNGis8BO7u6SBOitXb32Tc1scexGz9cGfeTuVdKN/VVIwUUbnUPxocoG2aguycOQ\nQIltULLB+fUpamT32OMnx6EiQExgNhlCV5u26jgbLh0A77hiqQFWKgFSp8qzl/na\nKRoHwlgzbE0ZkRYGNY6wwBxqtbcKNaAL+8uSBxKOYkfDp1dr4pb9O3rlU+RYMdTp\nEfFIypUYstKw6NTABf477kucjbBuQW7TFmhHvvM2vddyOyHh/dT+jdN0CE1HCoyB\ntjZBopfSXL+i2dxb0mSyGFWAD6NZXDySCRYvhYMCggEAV3v7Do+4kpW0GZkhpbVe\n6lzHaOZv7TjFjaXV0Kch9L2/a0AQiKGhzr0G6QzD0F24xCPJic1S2BWJlZCQ54xl\n2A5s8KT5LBVR0v9qGHredwXKbxZwp3KlbzY9HTm/QFmGqgtOG5s8Y1TdLeeGXjpb\nStc1Ymaqti7sULNXofF1KjAl1Iy0wLjquQI4d2mB0FymmdB6evn5eftL0CD1JEuW\nTDMqu5slEy2mYHjl6DwhYdBkwtms1iwWJ73iuLNXnFXNWIJSZ+jtwUXQITVN0OrL\nRS//YJL6cYN+zCTvAn+zuzQbJ04cPagCiMbtYSfePS53jWkd1r499+sY2kWWz5om\nQwKCAQBB9KiW7VsHN2jmWRo9mF/bPTFiMPt5g+nlBkThHBV/9xb59rVfd7wAVR7O\nS6OYiXSAnXys+fcUBwjh0LIo4KaoTK1xfyA5YXQOK5Kbzxa5qODDKsZuPIYgjJm8\n/qkJ52Aq8DaVGIhm9ZTZET0yGcMVb4DgmqMLKqajnl8FGy3hMrgXyNV9mXmPn3Az\naF+t1R1FrM714Z2WO1vZ7fiRPWC887n18PYzMWXH0xu/+svpWp96V1w/aXeCBTyN\nsBomVZJ84Wh7fFVmTh3cmrPcn9V/TD5gPbk3El2Q8QABsAMfJJxXEkt8Em46jAhZ\nTI5MVY59kfYDN+w/TvRl2vwq/Fp1\n-----END PRIVATE KEY-----\n",
            "public_key_fingerprint_md5": "9e:d5:ee:3f:74:9a:e4:2b:e5:69:9f:5e:80:9a:4b:07",
            "public_key_fingerprint_sha256": "SHA256:zo1VLNTwat7lwnzw5KN3GC/zASZpjsHpO0Ca2JRWdyY",
            "public_key_openssh": "ssh-rsa AAAAB3NzaC1yc2EAAAADAQABAAACAQCdGO8eNzoUPuraicnzJ9Vrq5nyi1egp5+FNvVt4wvOy6IqcxdW0oPd1a6gS2tJYTpEwd7H/+NEebcyq93jea0LL0xSiGCXLuFJPmAZyoGOkDjeiu8e2VshZFMmKR9QtNK3U2o5gWGlA32sJM+X1K5xbfdBPciRjSup2k195WjJxdLLC2pHD6oiVdrMl3WLVOx6UFnq1ypKXWQfu9DgHWBHUL9C9j8FOyh70nzNNkYC9F0KOkVUsXKqHS5IS6Vkb4KEDDJKhNW/z8kjz6eZK9VnIGqzhGDIbZ61lZTIZ27ueB15t4yDp3kb5i3JKFISyjRbMu/5nctyKSI5DRf6lbNKhsPjEUiHxuSLPs2iXecwkQKJdZLL7cVaeFYoGVgj9oSkWlNpXL8OxcUMNLaaHGbavCPBwzt11p0lvbwUcbUJPgVu0DqV9H87ieI1NghIDYZPOUdu3vIhmfAZzvA3lKTzA5hwi/wos9CjkUzbivj6W0n4nFtsgKLGHYE1VXZnJg+eiw1YpbfngSawEum8/NEOQkBK6jLWxAfvkwF6bWmE2TP/uPt4Njb9+cflrBECyJkKJ0pSHG13UZWhLkb8jPbUDpdwKDKZ2Zp1tGMtcY8ApJ8+nsq0ql65XrVW5G5i8hkLdNx9jg+cgyDuVUfWvJcR3KIUxisWzZoREkgkUzvc5Q==\n",
            "public_key_pem": "-----BEGIN PUBLIC KEY-----\nMIICIjANBgkqhkiG9w0BAQEFAAOCAg8AMIICCgKCAgEAnRjvHjc6FD7q2onJ8yfV\na6uZ8otXoKefhTb1beMLzsuiKnMXVtKD3dWuoEtrSWE6RMHex//jRHm3Mqvd43mt\nCy9MUohgly7hST5gGcqBjpA43orvHtlbIWRTJikfULTSt1NqOYFhpQN9rCTPl9Su\ncW33QT3IkY0rqdpNfeVoycXSywtqRw+qIlXazJd1i1TselBZ6tcqSl1kH7vQ4B1g\nR1C/QvY/BTsoe9J8zTZGAvRdCjpFVLFyqh0uSEulZG+ChAwySoTVv8/JI8+nmSvV\nZyBqs4RgyG2etZWUyGdu7ngdebeMg6d5G+YtyShSEso0WzLv+Z3LcikiOQ0X+pWz\nSobD4xFIh8bkiz7Nol3nMJECiXWSy+3FWnhWKBlYI/aEpFpTaVy/DsXFDDS2mhxm\n2rwjwcM7ddadJb28FHG1CT4FbtA6lfR/O4niNTYISA2GTzlHbt7yIZnwGc7wN5Sk\n8wOYcIv8KLPQo5FM24r4+ltJ+JxbbICixh2BNVV2ZyYPnosNWKW354EmsBLpvPzR\nDkJASuoy1sQH75MBem1phNkz/7j7eDY2/fnH5awRAsiZCidKUhxtd1GVoS5G/Iz2\n1A6XcCgymdmadbRjLXGPAKSfPp7KtKpeuV61VuRuYvIZC3TcfY4PnIMg7lVH1ryX\nEdyiFMYrFs2aERJIJFM73OUCAwEAAQ==\n-----END PUBLIC KEY-----\n",
            "rsa_bits": 4096
          },
          "sensitive_attributes": [
            [
              {
                "type": "get_attr",
                "value": "private_key_pem"
              }
            ],
            [
              {
                "type": "get_attr",
                "value": "private_key_openssh"
              }
            ],
            [
              {
                "type": "get_attr",
                "value": "private_key_pem_pkcs8"
              }
            ]
          ]
        }
      ]
    },
    {
      "module": "module.aws_virtual_machine_demo[0].module.security_group",
      "mode": "managed",
      "type": "aws_security_group",
      "name": "security_group",
      "provider": "provider[\"registry.terraform.io/hashicorp/aws\"]",
      "instances": [
        {
          "schema_version": 1,
          "attributes": {
            "arn": "arn:aws:ec2:us-east-1:008748484958:security-group/sg-068e06e905ad05674",
            "description": "Allow all traffic",
            "egress": [
              {
                "cidr_blocks": [
                  "0.0.0.0/0"
                ],
                "description": "",
                "from_port": 0,
                "ipv6_cidr_blocks": [],
                "prefix_list_ids": [],
                "protocol": "-1",
                "security_groups": [],
                "self": false,
                "to_port": 0
              }
            ],
            "id": "sg-068e06e905ad05674",
            "ingress": [
              {
                "cidr_blocks": [
                  "0.0.0.0/0"
                ],
                "description": "",
                "from_port": 0,
                "ipv6_cidr_blocks": [],
                "prefix_list_ids": [],
                "protocol": "-1",
                "security_groups": [],
                "self": false,
                "to_port": 0
              }
            ],
            "name": "AllowAll",
            "name_prefix": "",
            "owner_id": "008748484958",
            "revoke_rules_on_delete": false,
            "tags": {
              "Name": "AllowAll",
              "author": "khangtictoc",
              "createdBy": "Terraform",
              "environment": "dev",
              "project": "lab_extra_03"
            },
            "tags_all": {
              "Name": "AllowAll",
              "author": "khangtictoc",
              "createdBy": "Terraform",
              "environment": "dev",
              "project": "lab_extra_03"
            },
            "timeouts": null,
            "vpc_id": "vpc-00d7d0fbe35307c6a"
          },
          "sensitive_attributes": [],
          "private": "eyJlMmJmYjczMC1lY2FhLTExZTYtOGY4OC0zNDM2M2JjN2M0YzAiOnsiY3JlYXRlIjo2MDAwMDAwMDAwMDAsImRlbGV0ZSI6OTAwMDAwMDAwMDAwfSwic2NoZW1hX3ZlcnNpb24iOiIxIn0=",
          "dependencies": [
            "azurerm_resource_group.vpn_resource_group",
            "module.vpn_s2s_aws_azure.module.aws_network.aws_internet_gateway.internet_gateway",
            "module.vpn_s2s_aws_azure.module.aws_network.aws_subnet.vpn_subnet",
            "module.vpn_s2s_aws_azure.module.aws_network.aws_vpc.vpn_vpc",
            "module.vpn_s2s_aws_azure.module.aws_network.aws_vpn_gateway.virtual_private_gateway",
            "module.vpn_s2s_aws_azure.module.azure_network.azurerm_public_ip.vpn_public_ip",
            "module.vpn_s2s_aws_azure.module.azure_network.azurerm_subnet.vpn_subnet",
            "module.vpn_s2s_aws_azure.module.azure_network.azurerm_virtual_network.vpn_virtual_network",
            "module.vpn_s2s_aws_azure.module.azure_network.azurerm_virtual_network_gateway.virtual_network_gateway",
            "module.vpn_s2s_aws_azure.module.vpn_SiteToSite_connection.aws_customer_gateway.customer_gateway",
            "module.vpn_s2s_aws_azure.module.vpn_SiteToSite_connection.aws_route.internet_gateway_route",
            "module.vpn_s2s_aws_azure.module.vpn_SiteToSite_connection.aws_route.vpn_gateway_route",
            "module.vpn_s2s_aws_azure.module.vpn_SiteToSite_connection.aws_vpn_connection.vpn_connection",
            "module.vpn_s2s_aws_azure.module.vpn_SiteToSite_connection.aws_vpn_connection_route.vpn_static_routes",
            "module.vpn_s2s_aws_azure.module.vpn_SiteToSite_connection.azurerm_local_network_gateway.local_network_gateway",
            "module.vpn_s2s_aws_azure.module.vpn_SiteToSite_connection.azurerm_virtual_network_gateway_connection.vpn_connection"
          ]
        }
      ]
    },
    {
      "module": "module.aws_virtual_machine_demo[0].module.security_group",
      "mode": "managed",
      "type": "aws_security_group_rule",
      "name": "security_group_rule",
      "provider": "provider[\"registry.terraform.io/hashicorp/aws\"]",
      "instances": [
        {
          "index_key": 0,
          "schema_version": 2,
          "attributes": {
            "cidr_blocks": [
              "0.0.0.0/0"
            ],
            "description": "",
            "from_port": 0,
            "id": "sgrule-3330236245",
            "ipv6_cidr_blocks": null,
            "prefix_list_ids": null,
            "protocol": "-1",
            "security_group_id": "sg-068e06e905ad05674",
            "security_group_rule_id": "sgr-0cf31ab6f73e82ca2",
            "self": false,
            "source_security_group_id": null,
            "timeouts": null,
            "to_port": 0,
            "type": "ingress"
          },
          "sensitive_attributes": [],
          "private": "eyJlMmJmYjczMC1lY2FhLTExZTYtOGY4OC0zNDM2M2JjN2M0YzAiOnsiY3JlYXRlIjozMDAwMDAwMDAwMDB9LCJzY2hlbWFfdmVyc2lvbiI6IjIifQ==",
          "dependencies": [
            "azurerm_resource_group.vpn_resource_group",
            "module.aws_virtual_machine_demo.module.security_group.aws_security_group.security_group",
            "module.vpn_s2s_aws_azure.module.aws_network.aws_internet_gateway.internet_gateway",
            "module.vpn_s2s_aws_azure.module.aws_network.aws_subnet.vpn_subnet",
            "module.vpn_s2s_aws_azure.module.aws_network.aws_vpc.vpn_vpc",
            "module.vpn_s2s_aws_azure.module.aws_network.aws_vpn_gateway.virtual_private_gateway",
            "module.vpn_s2s_aws_azure.module.azure_network.azurerm_public_ip.vpn_public_ip",
            "module.vpn_s2s_aws_azure.module.azure_network.azurerm_subnet.vpn_subnet",
            "module.vpn_s2s_aws_azure.module.azure_network.azurerm_virtual_network.vpn_virtual_network",
            "module.vpn_s2s_aws_azure.module.azure_network.azurerm_virtual_network_gateway.virtual_network_gateway",
            "module.vpn_s2s_aws_azure.module.vpn_SiteToSite_connection.aws_customer_gateway.customer_gateway",
            "module.vpn_s2s_aws_azure.module.vpn_SiteToSite_connection.aws_route.internet_gateway_route",
            "module.vpn_s2s_aws_azure.module.vpn_SiteToSite_connection.aws_route.vpn_gateway_route",
            "module.vpn_s2s_aws_azure.module.vpn_SiteToSite_connection.aws_vpn_connection.vpn_connection",
            "module.vpn_s2s_aws_azure.module.vpn_SiteToSite_connection.aws_vpn_connection_route.vpn_static_routes",
            "module.vpn_s2s_aws_azure.module.vpn_SiteToSite_connection.azurerm_local_network_gateway.local_network_gateway",
            "module.vpn_s2s_aws_azure.module.vpn_SiteToSite_connection.azurerm_virtual_network_gateway_connection.vpn_connection"
          ]
        },
        {
          "index_key": 1,
          "schema_version": 2,
          "attributes": {
            "cidr_blocks": [
              "0.0.0.0/0"
            ],
            "description": "",
            "from_port": 0,
            "id": "sgrule-2035380844",
            "ipv6_cidr_blocks": null,
            "prefix_list_ids": null,
            "protocol": "-1",
            "security_group_id": "sg-068e06e905ad05674",
            "security_group_rule_id": "sgr-0cf31ab6f73e82ca2",
            "self": false,
            "source_security_group_id": null,
            "timeouts": null,
            "to_port": 0,
            "type": "egress"
          },
          "sensitive_attributes": [],
          "private": "eyJlMmJmYjczMC1lY2FhLTExZTYtOGY4OC0zNDM2M2JjN2M0YzAiOnsiY3JlYXRlIjozMDAwMDAwMDAwMDB9LCJzY2hlbWFfdmVyc2lvbiI6IjIifQ==",
          "dependencies": [
            "azurerm_resource_group.vpn_resource_group",
            "module.aws_virtual_machine_demo.module.security_group.aws_security_group.security_group",
            "module.vpn_s2s_aws_azure.module.aws_network.aws_internet_gateway.internet_gateway",
            "module.vpn_s2s_aws_azure.module.aws_network.aws_subnet.vpn_subnet",
            "module.vpn_s2s_aws_azure.module.aws_network.aws_vpc.vpn_vpc",
            "module.vpn_s2s_aws_azure.module.aws_network.aws_vpn_gateway.virtual_private_gateway",
            "module.vpn_s2s_aws_azure.module.azure_network.azurerm_public_ip.vpn_public_ip",
            "module.vpn_s2s_aws_azure.module.azure_network.azurerm_subnet.vpn_subnet",
            "module.vpn_s2s_aws_azure.module.azure_network.azurerm_virtual_network.vpn_virtual_network",
            "module.vpn_s2s_aws_azure.module.azure_network.azurerm_virtual_network_gateway.virtual_network_gateway",
            "module.vpn_s2s_aws_azure.module.vpn_SiteToSite_connection.aws_customer_gateway.customer_gateway",
            "module.vpn_s2s_aws_azure.module.vpn_SiteToSite_connection.aws_route.internet_gateway_route",
            "module.vpn_s2s_aws_azure.module.vpn_SiteToSite_connection.aws_route.vpn_gateway_route",
            "module.vpn_s2s_aws_azure.module.vpn_SiteToSite_connection.aws_vpn_connection.vpn_connection",
            "module.vpn_s2s_aws_azure.module.vpn_SiteToSite_connection.aws_vpn_connection_route.vpn_static_routes",
            "module.vpn_s2s_aws_azure.module.vpn_SiteToSite_connection.azurerm_local_network_gateway.local_network_gateway",
            "module.vpn_s2s_aws_azure.module.vpn_SiteToSite_connection.azurerm_virtual_network_gateway_connection.vpn_connection"
          ]
        }
      ]
    },
    {
      "module": "module.azure_virtual_machine_demo[0].module.network_interface",
      "mode": "managed",
      "type": "azurerm_network_interface",
      "name": "network_interface",
      "provider": "provider[\"registry.terraform.io/hashicorp/azurerm\"]",
      "instances": [
        {
          "schema_version": 0,
          "attributes": {
            "applied_dns_servers": [],
            "auxiliary_mode": "",
            "auxiliary_sku": "",
            "dns_servers": [],
            "edge_zone": "",
            "enable_accelerated_networking": false,
            "enable_ip_forwarding": false,
            "id": "/subscriptions/ac90b42a-8ba9-48f5-9479-94dfd054e40d/resourceGroups/VPNSite2SiteDemo/providers/Microsoft.Network/networkInterfaces/myNIC01",
            "internal_dns_name_label": "",
            "internal_domain_name_suffix": "q1sruzeopvjexf5ldihnug4zwa.hx.internal.cloudapp.net",
            "ip_configuration": [
              {
                "gateway_load_balancer_frontend_ip_configuration_id": "",
                "name": "internal",
                "primary": true,
                "private_ip_address": "172.16.1.4",
                "private_ip_address_allocation": "Dynamic",
                "private_ip_address_version": "IPv4",
                "public_ip_address_id": "/subscriptions/ac90b42a-8ba9-48f5-9479-94dfd054e40d/resourceGroups/VPNSite2SiteDemo/providers/Microsoft.Network/publicIPAddresses/myPublicIP01",
                "subnet_id": "/subscriptions/ac90b42a-8ba9-48f5-9479-94dfd054e40d/resourceGroups/VPNSite2SiteDemo/providers/Microsoft.Network/virtualNetworks/VpnVnet/subnets/AppSubnet"
              }
            ],
            "location": "eastasia",
            "mac_address": "60-45-BD-55-61-71",
            "name": "myNIC01",
            "private_ip_address": "172.16.1.4",
            "private_ip_addresses": [
              "172.16.1.4"
            ],
            "resource_group_name": "VPNSite2SiteDemo",
            "tags": {},
            "timeouts": null,
            "virtual_machine_id": "/subscriptions/ac90b42a-8ba9-48f5-9479-94dfd054e40d/resourceGroups/VPNSite2SiteDemo/providers/Microsoft.Compute/virtualMachines/source01"
          },
          "sensitive_attributes": [],
          "private": "eyJlMmJmYjczMC1lY2FhLTExZTYtOGY4OC0zNDM2M2JjN2M0YzAiOnsiY3JlYXRlIjoxODAwMDAwMDAwMDAwLCJkZWxldGUiOjE4MDAwMDAwMDAwMDAsInJlYWQiOjMwMDAwMDAwMDAwMCwidXBkYXRlIjoxODAwMDAwMDAwMDAwfX0=",
          "dependencies": [
            "azurerm_resource_group.vpn_resource_group",
            "module.azure_virtual_machine_demo.module.network_interface.azurerm_public_ip.public_ip",
            "module.vpn_s2s_aws_azure.module.aws_network.aws_internet_gateway.internet_gateway",
            "module.vpn_s2s_aws_azure.module.aws_network.aws_subnet.vpn_subnet",
            "module.vpn_s2s_aws_azure.module.aws_network.aws_vpc.vpn_vpc",
            "module.vpn_s2s_aws_azure.module.aws_network.aws_vpn_gateway.virtual_private_gateway",
            "module.vpn_s2s_aws_azure.module.azure_network.azurerm_public_ip.vpn_public_ip",
            "module.vpn_s2s_aws_azure.module.azure_network.azurerm_subnet.vpn_subnet",
            "module.vpn_s2s_aws_azure.module.azure_network.azurerm_virtual_network.vpn_virtual_network",
            "module.vpn_s2s_aws_azure.module.azure_network.azurerm_virtual_network_gateway.virtual_network_gateway",
            "module.vpn_s2s_aws_azure.module.vpn_SiteToSite_connection.aws_customer_gateway.customer_gateway",
            "module.vpn_s2s_aws_azure.module.vpn_SiteToSite_connection.aws_route.internet_gateway_route",
            "module.vpn_s2s_aws_azure.module.vpn_SiteToSite_connection.aws_route.vpn_gateway_route",
            "module.vpn_s2s_aws_azure.module.vpn_SiteToSite_connection.aws_vpn_connection.vpn_connection",
            "module.vpn_s2s_aws_azure.module.vpn_SiteToSite_connection.aws_vpn_connection_route.vpn_static_routes",
            "module.vpn_s2s_aws_azure.module.vpn_SiteToSite_connection.azurerm_local_network_gateway.local_network_gateway",
            "module.vpn_s2s_aws_azure.module.vpn_SiteToSite_connection.azurerm_virtual_network_gateway_connection.vpn_connection"
          ]
        }
      ]
    },
    {
      "module": "module.azure_virtual_machine_demo[0].module.network_interface",
      "mode": "managed",
      "type": "azurerm_network_interface_security_group_association",
      "name": "nsg_interface_attachment",
      "provider": "provider[\"registry.terraform.io/hashicorp/azurerm\"]",
      "instances": [
        {
          "schema_version": 0,
          "attributes": {
            "id": "/subscriptions/ac90b42a-8ba9-48f5-9479-94dfd054e40d/resourceGroups/VPNSite2SiteDemo/providers/Microsoft.Network/networkInterfaces/myNIC01|/subscriptions/ac90b42a-8ba9-48f5-9479-94dfd054e40d/resourceGroups/VPNSite2SiteDemo/providers/Microsoft.Network/networkSecurityGroups/myNSG01",
            "network_interface_id": "/subscriptions/ac90b42a-8ba9-48f5-9479-94dfd054e40d/resourceGroups/VPNSite2SiteDemo/providers/Microsoft.Network/networkInterfaces/myNIC01",
            "network_security_group_id": "/subscriptions/ac90b42a-8ba9-48f5-9479-94dfd054e40d/resourceGroups/VPNSite2SiteDemo/providers/Microsoft.Network/networkSecurityGroups/myNSG01",
            "timeouts": null
          },
          "sensitive_attributes": [],
          "private": "eyJlMmJmYjczMC1lY2FhLTExZTYtOGY4OC0zNDM2M2JjN2M0YzAiOnsiY3JlYXRlIjoxODAwMDAwMDAwMDAwLCJkZWxldGUiOjE4MDAwMDAwMDAwMDAsInJlYWQiOjMwMDAwMDAwMDAwMH19",
          "dependencies": [
            "azurerm_resource_group.vpn_resource_group",
            "module.azure_virtual_machine_demo.module.network_interface.azurerm_network_interface.network_interface",
            "module.azure_virtual_machine_demo.module.network_interface.azurerm_public_ip.public_ip",
            "module.azure_virtual_machine_demo.module.network_security_group.azurerm_network_security_group.network_security_group",
            "module.vpn_s2s_aws_azure.module.aws_network.aws_internet_gateway.internet_gateway",
            "module.vpn_s2s_aws_azure.module.aws_network.aws_subnet.vpn_subnet",
            "module.vpn_s2s_aws_azure.module.aws_network.aws_vpc.vpn_vpc",
            "module.vpn_s2s_aws_azure.module.aws_network.aws_vpn_gateway.virtual_private_gateway",
            "module.vpn_s2s_aws_azure.module.azure_network.azurerm_public_ip.vpn_public_ip",
            "module.vpn_s2s_aws_azure.module.azure_network.azurerm_subnet.vpn_subnet",
            "module.vpn_s2s_aws_azure.module.azure_network.azurerm_virtual_network.vpn_virtual_network",
            "module.vpn_s2s_aws_azure.module.azure_network.azurerm_virtual_network_gateway.virtual_network_gateway",
            "module.vpn_s2s_aws_azure.module.vpn_SiteToSite_connection.aws_customer_gateway.customer_gateway",
            "module.vpn_s2s_aws_azure.module.vpn_SiteToSite_connection.aws_route.internet_gateway_route",
            "module.vpn_s2s_aws_azure.module.vpn_SiteToSite_connection.aws_route.vpn_gateway_route",
            "module.vpn_s2s_aws_azure.module.vpn_SiteToSite_connection.aws_vpn_connection.vpn_connection",
            "module.vpn_s2s_aws_azure.module.vpn_SiteToSite_connection.aws_vpn_connection_route.vpn_static_routes",
            "module.vpn_s2s_aws_azure.module.vpn_SiteToSite_connection.azurerm_local_network_gateway.local_network_gateway",
            "module.vpn_s2s_aws_azure.module.vpn_SiteToSite_connection.azurerm_virtual_network_gateway_connection.vpn_connection"
          ]
        }
      ]
    },
    {
      "module": "module.azure_virtual_machine_demo[0].module.network_interface",
      "mode": "managed",
      "type": "azurerm_public_ip",
      "name": "public_ip",
      "provider": "provider[\"registry.terraform.io/hashicorp/azurerm\"]",
      "instances": [
        {
          "index_key": 0,
          "schema_version": 0,
          "attributes": {
            "allocation_method": "Dynamic",
            "ddos_protection_mode": "VirtualNetworkInherited",
            "ddos_protection_plan_id": null,
            "domain_name_label": null,
            "edge_zone": "",
            "fqdn": null,
            "id": "/subscriptions/ac90b42a-8ba9-48f5-9479-94dfd054e40d/resourceGroups/VPNSite2SiteDemo/providers/Microsoft.Network/publicIPAddresses/myPublicIP01",
            "idle_timeout_in_minutes": 4,
            "ip_address": "20.189.96.114",
            "ip_tags": {},
            "ip_version": "IPv4",
            "location": "eastasia",
            "name": "myPublicIP01",
            "public_ip_prefix_id": null,
            "resource_group_name": "VPNSite2SiteDemo",
            "reverse_fqdn": null,
            "sku": "Basic",
            "sku_tier": "Regional",
            "tags": {},
            "timeouts": null,
            "zones": []
          },
          "sensitive_attributes": [],
          "private": "eyJlMmJmYjczMC1lY2FhLTExZTYtOGY4OC0zNDM2M2JjN2M0YzAiOnsiY3JlYXRlIjoxODAwMDAwMDAwMDAwLCJkZWxldGUiOjE4MDAwMDAwMDAwMDAsInJlYWQiOjMwMDAwMDAwMDAwMCwidXBkYXRlIjoxODAwMDAwMDAwMDAwfX0=",
          "dependencies": [
            "azurerm_resource_group.vpn_resource_group"
          ]
        }
      ]
    },
    {
      "module": "module.azure_virtual_machine_demo[0].module.network_security_group",
      "mode": "managed",
      "type": "azurerm_network_security_group",
      "name": "network_security_group",
      "provider": "provider[\"registry.terraform.io/hashicorp/azurerm\"]",
      "instances": [
        {
          "schema_version": 0,
          "attributes": {
            "id": "/subscriptions/ac90b42a-8ba9-48f5-9479-94dfd054e40d/resourceGroups/VPNSite2SiteDemo/providers/Microsoft.Network/networkSecurityGroups/myNSG01",
            "location": "eastasia",
            "name": "myNSG01",
            "resource_group_name": "VPNSite2SiteDemo",
            "security_rule": [
              {
                "access": "Allow",
                "description": "",
                "destination_address_prefix": "*",
                "destination_address_prefixes": [],
                "destination_application_security_group_ids": [],
                "destination_port_range": "*",
                "destination_port_ranges": [],
                "direction": "Inbound",
                "name": "AllowAllInbound",
                "priority": 100,
                "protocol": "Tcp",
                "source_address_prefix": "*",
                "source_address_prefixes": [],
                "source_application_security_group_ids": [],
                "source_port_range": "*",
                "source_port_ranges": []
              },
              {
                "access": "Allow",
                "description": "",
                "destination_address_prefix": "*",
                "destination_address_prefixes": [],
                "destination_application_security_group_ids": [],
                "destination_port_range": "*",
                "destination_port_ranges": [],
                "direction": "Outbound",
                "name": "AllowAllOutbound",
                "priority": 100,
                "protocol": "Tcp",
                "source_address_prefix": "*",
                "source_address_prefixes": [],
                "source_application_security_group_ids": [],
                "source_port_range": "*",
                "source_port_ranges": []
              }
            ],
            "tags": {},
            "timeouts": null
          },
          "sensitive_attributes": [],
          "private": "eyJlMmJmYjczMC1lY2FhLTExZTYtOGY4OC0zNDM2M2JjN2M0YzAiOnsiY3JlYXRlIjoxODAwMDAwMDAwMDAwLCJkZWxldGUiOjE4MDAwMDAwMDAwMDAsInJlYWQiOjMwMDAwMDAwMDAwMCwidXBkYXRlIjoxODAwMDAwMDAwMDAwfX0=",
          "dependencies": [
            "azurerm_resource_group.vpn_resource_group"
          ]
        }
      ]
    },
    {
      "module": "module.azure_virtual_machine_demo[0].module.network_security_group",
      "mode": "managed",
      "type": "azurerm_network_security_rule",
      "name": "security_rule",
      "provider": "provider[\"registry.terraform.io/hashicorp/azurerm\"]",
      "instances": [
        {
          "index_key": 0,
          "schema_version": 0,
          "attributes": {
            "access": "Allow",
            "description": "",
            "destination_address_prefix": "*",
            "destination_address_prefixes": [],
            "destination_application_security_group_ids": [],
            "destination_port_range": "*",
            "destination_port_ranges": [],
            "direction": "Inbound",
            "id": "/subscriptions/ac90b42a-8ba9-48f5-9479-94dfd054e40d/resourceGroups/VPNSite2SiteDemo/providers/Microsoft.Network/networkSecurityGroups/myNSG01/securityRules/AllowAllInbound",
            "name": "AllowAllInbound",
            "network_security_group_name": "myNSG01",
            "priority": 100,
            "protocol": "Tcp",
            "resource_group_name": "VPNSite2SiteDemo",
            "source_address_prefix": "*",
            "source_address_prefixes": [],
            "source_application_security_group_ids": [],
            "source_port_range": "*",
            "source_port_ranges": [],
            "timeouts": null
          },
          "sensitive_attributes": [],
          "private": "eyJlMmJmYjczMC1lY2FhLTExZTYtOGY4OC0zNDM2M2JjN2M0YzAiOnsiY3JlYXRlIjoxODAwMDAwMDAwMDAwLCJkZWxldGUiOjE4MDAwMDAwMDAwMDAsInJlYWQiOjMwMDAwMDAwMDAwMCwidXBkYXRlIjoxODAwMDAwMDAwMDAwfX0=",
          "dependencies": [
            "azurerm_resource_group.vpn_resource_group",
            "module.azure_virtual_machine_demo.module.network_security_group.azurerm_network_security_group.network_security_group"
          ]
        },
        {
          "index_key": 1,
          "schema_version": 0,
          "attributes": {
            "access": "Allow",
            "description": "",
            "destination_address_prefix": "*",
            "destination_address_prefixes": [],
            "destination_application_security_group_ids": [],
            "destination_port_range": "*",
            "destination_port_ranges": [],
            "direction": "Outbound",
            "id": "/subscriptions/ac90b42a-8ba9-48f5-9479-94dfd054e40d/resourceGroups/VPNSite2SiteDemo/providers/Microsoft.Network/networkSecurityGroups/myNSG01/securityRules/AllowAllOutbound",
            "name": "AllowAllOutbound",
            "network_security_group_name": "myNSG01",
            "priority": 100,
            "protocol": "Tcp",
            "resource_group_name": "VPNSite2SiteDemo",
            "source_address_prefix": "*",
            "source_address_prefixes": [],
            "source_application_security_group_ids": [],
            "source_port_range": "*",
            "source_port_ranges": [],
            "timeouts": null
          },
          "sensitive_attributes": [],
          "private": "eyJlMmJmYjczMC1lY2FhLTExZTYtOGY4OC0zNDM2M2JjN2M0YzAiOnsiY3JlYXRlIjoxODAwMDAwMDAwMDAwLCJkZWxldGUiOjE4MDAwMDAwMDAwMDAsInJlYWQiOjMwMDAwMDAwMDAwMCwidXBkYXRlIjoxODAwMDAwMDAwMDAwfX0=",
          "dependencies": [
            "azurerm_resource_group.vpn_resource_group",
            "module.azure_virtual_machine_demo.module.network_security_group.azurerm_network_security_group.network_security_group"
          ]
        }
      ]
    },
    {
      "module": "module.azure_virtual_machine_demo[0].module.virtual_machine",
      "mode": "managed",
      "type": "azurerm_linux_virtual_machine",
      "name": "virtual_machine",
      "provider": "provider[\"registry.terraform.io/hashicorp/azurerm\"]",
      "instances": [
        {
          "schema_version": 0,
          "attributes": {
            "additional_capabilities": [],
            "admin_password": null,
            "admin_ssh_key": [
              {
                "public_key": "ssh-rsa AAAAB3NzaC1yc2EAAAADAQABAAACAQC1r9cy6iMk6ZOfVHpXRFX/97Vc49AEdJYzcp2NV03aSig18cVfG+oJCLp1NEQccpZeoRsn1cYl6yCkfSio8AgrnRxofmMMJ8fG7J/P4rwuXAoRCi8Q1/z+cRf1gN6oUSkBSWmbu4FzJ5nCoucj75ndNvqE4NwJyXWw8QGrRFjHRBR6Z8BNuNny5u81SI7afEFvVZOx+pnyW70hKJKyT8YNQ8FYTcj6iq0XJ3C5FIrr79jNy/MX1E0e55TTxaDXTRe5kJdAGhcfDps5JFmLmU5pNMmQbZcXbpqFiW6KzCArUvwBVh4W0INgBdiOZQva1P96yTSTu/3CsQEdjNOzU3V5uNDMDGb4xIlnJYlGUz3TzBn+dbvtme/QF2s4KMLwqHOsX40VWnZo3xkt/W1QX3k8e0PO5Z7z+Rx8zm6ipbvKtufb1RVfcfm0QP0mT6e2NmUScmvTn8RrLMoOtZdT89gnVPNBcbxdeOQz/eIoNGGVWmkeDN1wocMLT8UqvSiRxbI2Dye14kAIPREeTjxyPsdhh/ocojK+DdAdHJW8vBW69vLIxID74sB6Xo0WgZvg3D6UVWSw/6WIPGKyJzy9KW0FD57yS5sVJQl1FOlw/w2cXZMZr05ImAWddxotJY5E5vdGfn5m1Qw76Erso3vyrs7hEDgkaYBW+6sp+dt4QVXiEw== admin@DESKTOP-4ED8NGH\r\n",
                "username": "azureadmin"
              }
            ],
            "admin_username": "azureadmin",
            "allow_extension_operations": true,
            "availability_set_id": "",
            "boot_diagnostics": [],
            "bypass_platform_safety_checks_on_user_schedule_enabled": false,
            "capacity_reservation_group_id": "",
            "computer_name": "myLinuxAgent01",
            "custom_data": null,
            "dedicated_host_group_id": "",
            "dedicated_host_id": "",
            "disable_password_authentication": true,
            "edge_zone": "",
            "encryption_at_host_enabled": false,
            "eviction_policy": "Delete",
            "extensions_time_budget": "PT1H30M",
            "gallery_application": [],
            "id": "/subscriptions/ac90b42a-8ba9-48f5-9479-94dfd054e40d/resourceGroups/VPNSite2SiteDemo/providers/Microsoft.Compute/virtualMachines/source01",
            "identity": [],
            "license_type": "",
            "location": "eastasia",
            "max_bid_price": -1,
            "name": "source01",
            "network_interface_ids": [
              "/subscriptions/ac90b42a-8ba9-48f5-9479-94dfd054e40d/resourceGroups/VPNSite2SiteDemo/providers/Microsoft.Network/networkInterfaces/myNIC01"
            ],
            "os_disk": [
              {
                "caching": "ReadWrite",
                "diff_disk_settings": [],
                "disk_encryption_set_id": "",
                "disk_size_gb": 30,
                "name": "myOsDisk01",
                "secure_vm_disk_encryption_set_id": "",
                "security_encryption_type": "",
                "storage_account_type": "Standard_LRS",
                "write_accelerator_enabled": false
              }
            ],
            "patch_assessment_mode": "ImageDefault",
            "patch_mode": "ImageDefault",
            "plan": [],
            "platform_fault_domain": -1,
            "priority": "Spot",
            "private_ip_address": "172.16.1.4",
            "private_ip_addresses": [
              "172.16.1.4"
            ],
            "provision_vm_agent": true,
            "proximity_placement_group_id": "",
            "public_ip_address": "20.189.96.114",
            "public_ip_addresses": [
              "20.189.96.114"
            ],
            "reboot_setting": "",
            "resource_group_name": "VPNSite2SiteDemo",
            "secret": [],
            "secure_boot_enabled": false,
            "size": "Standard_F1s",
            "source_image_id": "",
            "source_image_reference": [
              {
                "offer": "0001-com-ubuntu-server-focal",
                "publisher": "Canonical",
                "sku": "20_04-lts",
                "version": "latest"
              }
            ],
            "tags": {},
            "termination_notification": [],
            "timeouts": null,
            "user_data": "",
            "virtual_machine_id": "8b75f855-2f43-46c9-9db4-d2919210e34e",
            "virtual_machine_scale_set_id": "",
            "vtpm_enabled": false,
            "zone": ""
          },
          "sensitive_attributes": [
            [
              {
                "type": "get_attr",
                "value": "admin_password"
              }
            ],
            [
              {
                "type": "get_attr",
                "value": "custom_data"
              }
            ]
          ],
          "private": "eyJlMmJmYjczMC1lY2FhLTExZTYtOGY4OC0zNDM2M2JjN2M0YzAiOnsiY3JlYXRlIjoyNzAwMDAwMDAwMDAwLCJkZWxldGUiOjI3MDAwMDAwMDAwMDAsInJlYWQiOjMwMDAwMDAwMDAwMCwidXBkYXRlIjoyNzAwMDAwMDAwMDAwfX0=",
          "dependencies": [
            "azurerm_resource_group.vpn_resource_group",
            "module.azure_virtual_machine_demo.module.network_interface.azurerm_network_interface.network_interface",
            "module.azure_virtual_machine_demo.module.network_interface.azurerm_public_ip.public_ip",
            "module.vpn_s2s_aws_azure.module.aws_network.aws_internet_gateway.internet_gateway",
            "module.vpn_s2s_aws_azure.module.aws_network.aws_subnet.vpn_subnet",
            "module.vpn_s2s_aws_azure.module.aws_network.aws_vpc.vpn_vpc",
            "module.vpn_s2s_aws_azure.module.aws_network.aws_vpn_gateway.virtual_private_gateway",
            "module.vpn_s2s_aws_azure.module.azure_network.azurerm_public_ip.vpn_public_ip",
            "module.vpn_s2s_aws_azure.module.azure_network.azurerm_subnet.vpn_subnet",
            "module.vpn_s2s_aws_azure.module.azure_network.azurerm_virtual_network.vpn_virtual_network",
            "module.vpn_s2s_aws_azure.module.azure_network.azurerm_virtual_network_gateway.virtual_network_gateway",
            "module.vpn_s2s_aws_azure.module.vpn_SiteToSite_connection.aws_customer_gateway.customer_gateway",
            "module.vpn_s2s_aws_azure.module.vpn_SiteToSite_connection.aws_route.internet_gateway_route",
            "module.vpn_s2s_aws_azure.module.vpn_SiteToSite_connection.aws_route.vpn_gateway_route",
            "module.vpn_s2s_aws_azure.module.vpn_SiteToSite_connection.aws_vpn_connection.vpn_connection",
            "module.vpn_s2s_aws_azure.module.vpn_SiteToSite_connection.aws_vpn_connection_route.vpn_static_routes",
            "module.vpn_s2s_aws_azure.module.vpn_SiteToSite_connection.azurerm_local_network_gateway.local_network_gateway",
            "module.vpn_s2s_aws_azure.module.vpn_SiteToSite_connection.azurerm_virtual_network_gateway_connection.vpn_connection"
          ]
        }
      ]
    },
    {
      "module": "module.azure_virtual_machine_demo[1].module.network_interface",
      "mode": "managed",
      "type": "azurerm_network_interface",
      "name": "network_interface",
      "provider": "provider[\"registry.terraform.io/hashicorp/azurerm\"]",
      "instances": [
        {
          "schema_version": 0,
          "attributes": {
            "applied_dns_servers": [],
            "auxiliary_mode": "",
            "auxiliary_sku": "",
            "dns_servers": [],
            "edge_zone": "",
            "enable_accelerated_networking": false,
            "enable_ip_forwarding": false,
            "id": "/subscriptions/ac90b42a-8ba9-48f5-9479-94dfd054e40d/resourceGroups/VPNSite2SiteDemo/providers/Microsoft.Network/networkInterfaces/myNIC02",
            "internal_dns_name_label": "",
            "internal_domain_name_suffix": "soucx10qzuuebahiztqqe1ztod.hx.internal.cloudapp.net",
            "ip_configuration": [
              {
                "gateway_load_balancer_frontend_ip_configuration_id": "",
                "name": "internal",
                "primary": true,
                "private_ip_address": "10.10.1.4",
                "private_ip_address_allocation": "Dynamic",
                "private_ip_address_version": "IPv4",
                "public_ip_address_id": "/subscriptions/ac90b42a-8ba9-48f5-9479-94dfd054e40d/resourceGroups/VPNSite2SiteDemo/providers/Microsoft.Network/publicIPAddresses/myPublicIP02",
                "subnet_id": "/subscriptions/ac90b42a-8ba9-48f5-9479-94dfd054e40d/resourceGroups/VPNSite2SiteDemo2/providers/Microsoft.Network/virtualNetworks/VpnVnet2/subnets/AppSubnet"
              }
            ],
            "location": "eastasia",
            "mac_address": "00-0D-3A-80-C3-F3",
            "name": "myNIC02",
            "private_ip_address": "10.10.1.4",
            "private_ip_addresses": [
              "10.10.1.4"
            ],
            "resource_group_name": "VPNSite2SiteDemo",
            "tags": {},
            "timeouts": null,
            "virtual_machine_id": "/subscriptions/ac90b42a-8ba9-48f5-9479-94dfd054e40d/resourceGroups/VPNSite2SiteDemo/providers/Microsoft.Compute/virtualMachines/source02"
          },
          "sensitive_attributes": [],
          "private": "eyJlMmJmYjczMC1lY2FhLTExZTYtOGY4OC0zNDM2M2JjN2M0YzAiOnsiY3JlYXRlIjoxODAwMDAwMDAwMDAwLCJkZWxldGUiOjE4MDAwMDAwMDAwMDAsInJlYWQiOjMwMDAwMDAwMDAwMCwidXBkYXRlIjoxODAwMDAwMDAwMDAwfX0=",
          "dependencies": [
            "azurerm_resource_group.vpn_resource_group",
            "module.azure_virtual_machine_demo.module.network_interface.azurerm_public_ip.public_ip",
            "module.vpn_s2s_aws_azure.module.aws_network.aws_internet_gateway.internet_gateway",
            "module.vpn_s2s_aws_azure.module.aws_network.aws_subnet.vpn_subnet",
            "module.vpn_s2s_aws_azure.module.aws_network.aws_vpc.vpn_vpc",
            "module.vpn_s2s_aws_azure.module.aws_network.aws_vpn_gateway.virtual_private_gateway",
            "module.vpn_s2s_aws_azure.module.azure_network.azurerm_public_ip.vpn_public_ip",
            "module.vpn_s2s_aws_azure.module.azure_network.azurerm_subnet.vpn_subnet",
            "module.vpn_s2s_aws_azure.module.azure_network.azurerm_virtual_network.vpn_virtual_network",
            "module.vpn_s2s_aws_azure.module.azure_network.azurerm_virtual_network_gateway.virtual_network_gateway",
            "module.vpn_s2s_aws_azure.module.vpn_SiteToSite_connection.aws_customer_gateway.customer_gateway",
            "module.vpn_s2s_aws_azure.module.vpn_SiteToSite_connection.aws_route.internet_gateway_route",
            "module.vpn_s2s_aws_azure.module.vpn_SiteToSite_connection.aws_route.vpn_gateway_route",
            "module.vpn_s2s_aws_azure.module.vpn_SiteToSite_connection.aws_vpn_connection.vpn_connection",
            "module.vpn_s2s_aws_azure.module.vpn_SiteToSite_connection.aws_vpn_connection_route.vpn_static_routes",
            "module.vpn_s2s_aws_azure.module.vpn_SiteToSite_connection.azurerm_local_network_gateway.local_network_gateway",
            "module.vpn_s2s_aws_azure.module.vpn_SiteToSite_connection.azurerm_virtual_network_gateway_connection.vpn_connection"
          ]
        }
      ]
    },
    {
      "module": "module.azure_virtual_machine_demo[1].module.network_interface",
      "mode": "managed",
      "type": "azurerm_network_interface_security_group_association",
      "name": "nsg_interface_attachment",
      "provider": "provider[\"registry.terraform.io/hashicorp/azurerm\"]",
      "instances": [
        {
          "schema_version": 0,
          "attributes": {
            "id": "/subscriptions/ac90b42a-8ba9-48f5-9479-94dfd054e40d/resourceGroups/VPNSite2SiteDemo/providers/Microsoft.Network/networkInterfaces/myNIC02|/subscriptions/ac90b42a-8ba9-48f5-9479-94dfd054e40d/resourceGroups/VPNSite2SiteDemo/providers/Microsoft.Network/networkSecurityGroups/myNSG02",
            "network_interface_id": "/subscriptions/ac90b42a-8ba9-48f5-9479-94dfd054e40d/resourceGroups/VPNSite2SiteDemo/providers/Microsoft.Network/networkInterfaces/myNIC02",
            "network_security_group_id": "/subscriptions/ac90b42a-8ba9-48f5-9479-94dfd054e40d/resourceGroups/VPNSite2SiteDemo/providers/Microsoft.Network/networkSecurityGroups/myNSG02",
            "timeouts": null
          },
          "sensitive_attributes": [],
          "private": "eyJlMmJmYjczMC1lY2FhLTExZTYtOGY4OC0zNDM2M2JjN2M0YzAiOnsiY3JlYXRlIjoxODAwMDAwMDAwMDAwLCJkZWxldGUiOjE4MDAwMDAwMDAwMDAsInJlYWQiOjMwMDAwMDAwMDAwMH19",
          "dependencies": [
            "azurerm_resource_group.vpn_resource_group",
            "module.azure_virtual_machine_demo.module.network_interface.azurerm_network_interface.network_interface",
            "module.azure_virtual_machine_demo.module.network_interface.azurerm_public_ip.public_ip",
            "module.azure_virtual_machine_demo.module.network_security_group.azurerm_network_security_group.network_security_group",
            "module.vpn_s2s_aws_azure.module.aws_network.aws_internet_gateway.internet_gateway",
            "module.vpn_s2s_aws_azure.module.aws_network.aws_subnet.vpn_subnet",
            "module.vpn_s2s_aws_azure.module.aws_network.aws_vpc.vpn_vpc",
            "module.vpn_s2s_aws_azure.module.aws_network.aws_vpn_gateway.virtual_private_gateway",
            "module.vpn_s2s_aws_azure.module.azure_network.azurerm_public_ip.vpn_public_ip",
            "module.vpn_s2s_aws_azure.module.azure_network.azurerm_subnet.vpn_subnet",
            "module.vpn_s2s_aws_azure.module.azure_network.azurerm_virtual_network.vpn_virtual_network",
            "module.vpn_s2s_aws_azure.module.azure_network.azurerm_virtual_network_gateway.virtual_network_gateway",
            "module.vpn_s2s_aws_azure.module.vpn_SiteToSite_connection.aws_customer_gateway.customer_gateway",
            "module.vpn_s2s_aws_azure.module.vpn_SiteToSite_connection.aws_route.internet_gateway_route",
            "module.vpn_s2s_aws_azure.module.vpn_SiteToSite_connection.aws_route.vpn_gateway_route",
            "module.vpn_s2s_aws_azure.module.vpn_SiteToSite_connection.aws_vpn_connection.vpn_connection",
            "module.vpn_s2s_aws_azure.module.vpn_SiteToSite_connection.aws_vpn_connection_route.vpn_static_routes",
            "module.vpn_s2s_aws_azure.module.vpn_SiteToSite_connection.azurerm_local_network_gateway.local_network_gateway",
            "module.vpn_s2s_aws_azure.module.vpn_SiteToSite_connection.azurerm_virtual_network_gateway_connection.vpn_connection"
          ]
        }
      ]
    },
    {
      "module": "module.azure_virtual_machine_demo[1].module.network_interface",
      "mode": "managed",
      "type": "azurerm_public_ip",
      "name": "public_ip",
      "provider": "provider[\"registry.terraform.io/hashicorp/azurerm\"]",
      "instances": [
        {
          "index_key": 0,
          "schema_version": 0,
          "attributes": {
            "allocation_method": "Dynamic",
            "ddos_protection_mode": "VirtualNetworkInherited",
            "ddos_protection_plan_id": null,
            "domain_name_label": null,
            "edge_zone": "",
            "fqdn": null,
            "id": "/subscriptions/ac90b42a-8ba9-48f5-9479-94dfd054e40d/resourceGroups/VPNSite2SiteDemo/providers/Microsoft.Network/publicIPAddresses/myPublicIP02",
            "idle_timeout_in_minutes": 4,
            "ip_address": "20.2.196.69",
            "ip_tags": {},
            "ip_version": "IPv4",
            "location": "eastasia",
            "name": "myPublicIP02",
            "public_ip_prefix_id": null,
            "resource_group_name": "VPNSite2SiteDemo",
            "reverse_fqdn": null,
            "sku": "Basic",
            "sku_tier": "Regional",
            "tags": {},
            "timeouts": null,
            "zones": []
          },
          "sensitive_attributes": [],
          "private": "eyJlMmJmYjczMC1lY2FhLTExZTYtOGY4OC0zNDM2M2JjN2M0YzAiOnsiY3JlYXRlIjoxODAwMDAwMDAwMDAwLCJkZWxldGUiOjE4MDAwMDAwMDAwMDAsInJlYWQiOjMwMDAwMDAwMDAwMCwidXBkYXRlIjoxODAwMDAwMDAwMDAwfX0=",
          "dependencies": [
            "azurerm_resource_group.vpn_resource_group"
          ]
        }
      ]
    },
    {
      "module": "module.azure_virtual_machine_demo[1].module.network_security_group",
      "mode": "managed",
      "type": "azurerm_network_security_group",
      "name": "network_security_group",
      "provider": "provider[\"registry.terraform.io/hashicorp/azurerm\"]",
      "instances": [
        {
          "schema_version": 0,
          "attributes": {
            "id": "/subscriptions/ac90b42a-8ba9-48f5-9479-94dfd054e40d/resourceGroups/VPNSite2SiteDemo/providers/Microsoft.Network/networkSecurityGroups/myNSG02",
            "location": "eastasia",
            "name": "myNSG02",
            "resource_group_name": "VPNSite2SiteDemo",
            "security_rule": [
              {
                "access": "Allow",
                "description": "",
                "destination_address_prefix": "*",
                "destination_address_prefixes": [],
                "destination_application_security_group_ids": [],
                "destination_port_range": "*",
                "destination_port_ranges": [],
                "direction": "Inbound",
                "name": "AllowAllInbound",
                "priority": 100,
                "protocol": "Tcp",
                "source_address_prefix": "*",
                "source_address_prefixes": [],
                "source_application_security_group_ids": [],
                "source_port_range": "*",
                "source_port_ranges": []
              },
              {
                "access": "Allow",
                "description": "",
                "destination_address_prefix": "*",
                "destination_address_prefixes": [],
                "destination_application_security_group_ids": [],
                "destination_port_range": "*",
                "destination_port_ranges": [],
                "direction": "Outbound",
                "name": "AllowAllOutbound",
                "priority": 100,
                "protocol": "Tcp",
                "source_address_prefix": "*",
                "source_address_prefixes": [],
                "source_application_security_group_ids": [],
                "source_port_range": "*",
                "source_port_ranges": []
              }
            ],
            "tags": {},
            "timeouts": null
          },
          "sensitive_attributes": [],
          "private": "eyJlMmJmYjczMC1lY2FhLTExZTYtOGY4OC0zNDM2M2JjN2M0YzAiOnsiY3JlYXRlIjoxODAwMDAwMDAwMDAwLCJkZWxldGUiOjE4MDAwMDAwMDAwMDAsInJlYWQiOjMwMDAwMDAwMDAwMCwidXBkYXRlIjoxODAwMDAwMDAwMDAwfX0=",
          "dependencies": [
            "azurerm_resource_group.vpn_resource_group"
          ]
        }
      ]
    },
    {
      "module": "module.azure_virtual_machine_demo[1].module.network_security_group",
      "mode": "managed",
      "type": "azurerm_network_security_rule",
      "name": "security_rule",
      "provider": "provider[\"registry.terraform.io/hashicorp/azurerm\"]",
      "instances": [
        {
          "index_key": 0,
          "schema_version": 0,
          "attributes": {
            "access": "Allow",
            "description": "",
            "destination_address_prefix": "*",
            "destination_address_prefixes": [],
            "destination_application_security_group_ids": [],
            "destination_port_range": "*",
            "destination_port_ranges": [],
            "direction": "Inbound",
            "id": "/subscriptions/ac90b42a-8ba9-48f5-9479-94dfd054e40d/resourceGroups/VPNSite2SiteDemo/providers/Microsoft.Network/networkSecurityGroups/myNSG02/securityRules/AllowAllInbound",
            "name": "AllowAllInbound",
            "network_security_group_name": "myNSG02",
            "priority": 100,
            "protocol": "Tcp",
            "resource_group_name": "VPNSite2SiteDemo",
            "source_address_prefix": "*",
            "source_address_prefixes": [],
            "source_application_security_group_ids": [],
            "source_port_range": "*",
            "source_port_ranges": [],
            "timeouts": null
          },
          "sensitive_attributes": [],
          "private": "eyJlMmJmYjczMC1lY2FhLTExZTYtOGY4OC0zNDM2M2JjN2M0YzAiOnsiY3JlYXRlIjoxODAwMDAwMDAwMDAwLCJkZWxldGUiOjE4MDAwMDAwMDAwMDAsInJlYWQiOjMwMDAwMDAwMDAwMCwidXBkYXRlIjoxODAwMDAwMDAwMDAwfX0=",
          "dependencies": [
            "azurerm_resource_group.vpn_resource_group",
            "module.azure_virtual_machine_demo.module.network_security_group.azurerm_network_security_group.network_security_group"
          ]
        },
        {
          "index_key": 1,
          "schema_version": 0,
          "attributes": {
            "access": "Allow",
            "description": "",
            "destination_address_prefix": "*",
            "destination_address_prefixes": [],
            "destination_application_security_group_ids": [],
            "destination_port_range": "*",
            "destination_port_ranges": [],
            "direction": "Outbound",
            "id": "/subscriptions/ac90b42a-8ba9-48f5-9479-94dfd054e40d/resourceGroups/VPNSite2SiteDemo/providers/Microsoft.Network/networkSecurityGroups/myNSG02/securityRules/AllowAllOutbound",
            "name": "AllowAllOutbound",
            "network_security_group_name": "myNSG02",
            "priority": 100,
            "protocol": "Tcp",
            "resource_group_name": "VPNSite2SiteDemo",
            "source_address_prefix": "*",
            "source_address_prefixes": [],
            "source_application_security_group_ids": [],
            "source_port_range": "*",
            "source_port_ranges": [],
            "timeouts": null
          },
          "sensitive_attributes": [],
          "private": "eyJlMmJmYjczMC1lY2FhLTExZTYtOGY4OC0zNDM2M2JjN2M0YzAiOnsiY3JlYXRlIjoxODAwMDAwMDAwMDAwLCJkZWxldGUiOjE4MDAwMDAwMDAwMDAsInJlYWQiOjMwMDAwMDAwMDAwMCwidXBkYXRlIjoxODAwMDAwMDAwMDAwfX0=",
          "dependencies": [
            "azurerm_resource_group.vpn_resource_group",
            "module.azure_virtual_machine_demo.module.network_security_group.azurerm_network_security_group.network_security_group"
          ]
        }
      ]
    },
    {
      "module": "module.azure_virtual_machine_demo[1].module.virtual_machine",
      "mode": "managed",
      "type": "azurerm_linux_virtual_machine",
      "name": "virtual_machine",
      "provider": "provider[\"registry.terraform.io/hashicorp/azurerm\"]",
      "instances": [
        {
          "schema_version": 0,
          "attributes": {
            "additional_capabilities": [],
            "admin_password": null,
            "admin_ssh_key": [
              {
                "public_key": "ssh-rsa AAAAB3NzaC1yc2EAAAADAQABAAACAQC1r9cy6iMk6ZOfVHpXRFX/97Vc49AEdJYzcp2NV03aSig18cVfG+oJCLp1NEQccpZeoRsn1cYl6yCkfSio8AgrnRxofmMMJ8fG7J/P4rwuXAoRCi8Q1/z+cRf1gN6oUSkBSWmbu4FzJ5nCoucj75ndNvqE4NwJyXWw8QGrRFjHRBR6Z8BNuNny5u81SI7afEFvVZOx+pnyW70hKJKyT8YNQ8FYTcj6iq0XJ3C5FIrr79jNy/MX1E0e55TTxaDXTRe5kJdAGhcfDps5JFmLmU5pNMmQbZcXbpqFiW6KzCArUvwBVh4W0INgBdiOZQva1P96yTSTu/3CsQEdjNOzU3V5uNDMDGb4xIlnJYlGUz3TzBn+dbvtme/QF2s4KMLwqHOsX40VWnZo3xkt/W1QX3k8e0PO5Z7z+Rx8zm6ipbvKtufb1RVfcfm0QP0mT6e2NmUScmvTn8RrLMoOtZdT89gnVPNBcbxdeOQz/eIoNGGVWmkeDN1wocMLT8UqvSiRxbI2Dye14kAIPREeTjxyPsdhh/ocojK+DdAdHJW8vBW69vLIxID74sB6Xo0WgZvg3D6UVWSw/6WIPGKyJzy9KW0FD57yS5sVJQl1FOlw/w2cXZMZr05ImAWddxotJY5E5vdGfn5m1Qw76Erso3vyrs7hEDgkaYBW+6sp+dt4QVXiEw== admin@DESKTOP-4ED8NGH\r\n",
                "username": "azureadmin"
              }
            ],
            "admin_username": "azureadmin",
            "allow_extension_operations": true,
            "availability_set_id": "",
            "boot_diagnostics": [],
            "bypass_platform_safety_checks_on_user_schedule_enabled": false,
            "capacity_reservation_group_id": "",
            "computer_name": "myLinuxAgent02",
            "custom_data": null,
            "dedicated_host_group_id": "",
            "dedicated_host_id": "",
            "disable_password_authentication": true,
            "edge_zone": "",
            "encryption_at_host_enabled": false,
            "eviction_policy": "Delete",
            "extensions_time_budget": "PT1H30M",
            "gallery_application": [],
            "id": "/subscriptions/ac90b42a-8ba9-48f5-9479-94dfd054e40d/resourceGroups/VPNSite2SiteDemo/providers/Microsoft.Compute/virtualMachines/source02",
            "identity": [],
            "license_type": "",
            "location": "eastasia",
            "max_bid_price": -1,
            "name": "source02",
            "network_interface_ids": [
              "/subscriptions/ac90b42a-8ba9-48f5-9479-94dfd054e40d/resourceGroups/VPNSite2SiteDemo/providers/Microsoft.Network/networkInterfaces/myNIC02"
            ],
            "os_disk": [
              {
                "caching": "ReadWrite",
                "diff_disk_settings": [],
                "disk_encryption_set_id": "",
                "disk_size_gb": 30,
                "name": "myOsDisk02",
                "secure_vm_disk_encryption_set_id": "",
                "security_encryption_type": "",
                "storage_account_type": "Standard_LRS",
                "write_accelerator_enabled": false
              }
            ],
            "patch_assessment_mode": "ImageDefault",
            "patch_mode": "ImageDefault",
            "plan": [],
            "platform_fault_domain": -1,
            "priority": "Spot",
            "private_ip_address": "10.10.1.4",
            "private_ip_addresses": [
              "10.10.1.4"
            ],
            "provision_vm_agent": true,
            "proximity_placement_group_id": "",
            "public_ip_address": "20.2.196.69",
            "public_ip_addresses": [
              "20.2.196.69"
            ],
            "reboot_setting": "",
            "resource_group_name": "VPNSite2SiteDemo",
            "secret": [],
            "secure_boot_enabled": false,
            "size": "Standard_F1s",
            "source_image_id": "",
            "source_image_reference": [
              {
                "offer": "0001-com-ubuntu-server-focal",
                "publisher": "Canonical",
                "sku": "20_04-lts",
                "version": "latest"
              }
            ],
            "tags": {},
            "termination_notification": [],
            "timeouts": null,
            "user_data": "",
            "virtual_machine_id": "cdc7ff4e-3ad8-4ca8-9f3a-971d8b20e72b",
            "virtual_machine_scale_set_id": "",
            "vtpm_enabled": false,
            "zone": ""
          },
          "sensitive_attributes": [
            [
              {
                "type": "get_attr",
                "value": "admin_password"
              }
            ],
            [
              {
                "type": "get_attr",
                "value": "custom_data"
              }
            ]
          ],
          "private": "eyJlMmJmYjczMC1lY2FhLTExZTYtOGY4OC0zNDM2M2JjN2M0YzAiOnsiY3JlYXRlIjoyNzAwMDAwMDAwMDAwLCJkZWxldGUiOjI3MDAwMDAwMDAwMDAsInJlYWQiOjMwMDAwMDAwMDAwMCwidXBkYXRlIjoyNzAwMDAwMDAwMDAwfX0=",
          "dependencies": [
            "azurerm_resource_group.vpn_resource_group",
            "module.azure_virtual_machine_demo.module.network_interface.azurerm_network_interface.network_interface",
            "module.azure_virtual_machine_demo.module.network_interface.azurerm_public_ip.public_ip",
            "module.vpn_s2s_aws_azure.module.aws_network.aws_internet_gateway.internet_gateway",
            "module.vpn_s2s_aws_azure.module.aws_network.aws_subnet.vpn_subnet",
            "module.vpn_s2s_aws_azure.module.aws_network.aws_vpc.vpn_vpc",
            "module.vpn_s2s_aws_azure.module.aws_network.aws_vpn_gateway.virtual_private_gateway",
            "module.vpn_s2s_aws_azure.module.azure_network.azurerm_public_ip.vpn_public_ip",
            "module.vpn_s2s_aws_azure.module.azure_network.azurerm_subnet.vpn_subnet",
            "module.vpn_s2s_aws_azure.module.azure_network.azurerm_virtual_network.vpn_virtual_network",
            "module.vpn_s2s_aws_azure.module.azure_network.azurerm_virtual_network_gateway.virtual_network_gateway",
            "module.vpn_s2s_aws_azure.module.vpn_SiteToSite_connection.aws_customer_gateway.customer_gateway",
            "module.vpn_s2s_aws_azure.module.vpn_SiteToSite_connection.aws_route.internet_gateway_route",
            "module.vpn_s2s_aws_azure.module.vpn_SiteToSite_connection.aws_route.vpn_gateway_route",
            "module.vpn_s2s_aws_azure.module.vpn_SiteToSite_connection.aws_vpn_connection.vpn_connection",
            "module.vpn_s2s_aws_azure.module.vpn_SiteToSite_connection.aws_vpn_connection_route.vpn_static_routes",
            "module.vpn_s2s_aws_azure.module.vpn_SiteToSite_connection.azurerm_local_network_gateway.local_network_gateway",
            "module.vpn_s2s_aws_azure.module.vpn_SiteToSite_connection.azurerm_virtual_network_gateway_connection.vpn_connection"
          ]
        }
      ]
    },
    {
      "module": "module.vpn_s2s_aws_azure.module.aws_network",
      "mode": "managed",
      "type": "aws_internet_gateway",
      "name": "internet_gateway",
      "provider": "provider[\"registry.terraform.io/hashicorp/aws\"]",
      "instances": [
        {
          "schema_version": 0,
          "attributes": {
            "arn": "arn:aws:ec2:us-east-1:008748484958:internet-gateway/igw-090d57a68478b9e5b",
            "id": "igw-090d57a68478b9e5b",
            "owner_id": "008748484958",
            "tags": {
              "Name": "internet-gateway-vpn-test",
              "author": "khangtictoc",
              "createdBy": "Terraform",
              "environment": "dev",
              "project": "lab_extra_03"
            },
            "tags_all": {
              "Name": "internet-gateway-vpn-test",
              "author": "khangtictoc",
              "createdBy": "Terraform",
              "environment": "dev",
              "project": "lab_extra_03"
            },
            "timeouts": null,
            "vpc_id": "vpc-00d7d0fbe35307c6a"
          },
          "sensitive_attributes": [],
          "private": "eyJlMmJmYjczMC1lY2FhLTExZTYtOGY4OC0zNDM2M2JjN2M0YzAiOnsiY3JlYXRlIjoxMjAwMDAwMDAwMDAwLCJkZWxldGUiOjEyMDAwMDAwMDAwMDAsInVwZGF0ZSI6MTIwMDAwMDAwMDAwMH19",
          "dependencies": [
            "azurerm_resource_group.vpn_resource_group",
            "module.vpn_s2s_aws_azure.module.aws_network.aws_vpc.vpn_vpc"
          ]
        }
      ]
    },
    {
      "module": "module.vpn_s2s_aws_azure.module.aws_network",
      "mode": "managed",
      "type": "aws_subnet",
      "name": "vpn_subnet",
      "provider": "provider[\"registry.terraform.io/hashicorp/aws\"]",
      "instances": [
        {
          "index_key": 0,
          "schema_version": 1,
          "attributes": {
            "arn": "arn:aws:ec2:us-east-1:008748484958:subnet/subnet-037c91699b9ab47e8",
            "assign_ipv6_address_on_creation": false,
            "availability_zone": "us-east-1f",
            "availability_zone_id": "use1-az5",
            "cidr_block": "192.168.1.0/24",
            "customer_owned_ipv4_pool": "",
            "enable_dns64": false,
            "enable_lni_at_device_index": 0,
            "enable_resource_name_dns_a_record_on_launch": false,
            "enable_resource_name_dns_aaaa_record_on_launch": false,
            "id": "subnet-037c91699b9ab47e8",
            "ipv6_cidr_block": "",
            "ipv6_cidr_block_association_id": "",
            "ipv6_native": false,
            "map_customer_owned_ip_on_launch": false,
            "map_public_ip_on_launch": false,
            "outpost_arn": "",
            "owner_id": "008748484958",
            "private_dns_hostname_type_on_launch": "ip-name",
            "tags": {
              "Name": "vpn-subnet",
              "author": "khangtictoc",
              "createdBy": "Terraform",
              "environment": "dev",
              "project": "lab_extra_03"
            },
            "tags_all": {
              "Name": "vpn-subnet",
              "author": "khangtictoc",
              "createdBy": "Terraform",
              "environment": "dev",
              "project": "lab_extra_03"
            },
            "timeouts": null,
            "vpc_id": "vpc-00d7d0fbe35307c6a"
          },
          "sensitive_attributes": [],
          "private": "eyJlMmJmYjczMC1lY2FhLTExZTYtOGY4OC0zNDM2M2JjN2M0YzAiOnsiY3JlYXRlIjo2MDAwMDAwMDAwMDAsImRlbGV0ZSI6MTIwMDAwMDAwMDAwMH0sInNjaGVtYV92ZXJzaW9uIjoiMSJ9",
          "dependencies": [
            "azurerm_resource_group.vpn_resource_group",
            "module.vpn_s2s_aws_azure.module.aws_network.aws_vpc.vpn_vpc"
          ]
        }
      ]
    },
    {
      "module": "module.vpn_s2s_aws_azure.module.aws_network",
      "mode": "managed",
      "type": "aws_vpc",
      "name": "vpn_vpc",
      "provider": "provider[\"registry.terraform.io/hashicorp/aws\"]",
      "instances": [
        {
          "schema_version": 1,
          "attributes": {
            "arn": "arn:aws:ec2:us-east-1:008748484958:vpc/vpc-00d7d0fbe35307c6a",
            "assign_generated_ipv6_cidr_block": false,
            "cidr_block": "192.168.0.0/16",
            "default_network_acl_id": "acl-023ae91d761528ff9",
            "default_route_table_id": "rtb-0cf509ea12c39adcd",
            "default_security_group_id": "sg-0a6fdbb4580e50844",
            "dhcp_options_id": "dopt-074dfdadd578e5461",
            "enable_dns_hostnames": false,
            "enable_dns_support": true,
            "enable_network_address_usage_metrics": false,
            "id": "vpc-00d7d0fbe35307c6a",
            "instance_tenancy": "default",
            "ipv4_ipam_pool_id": null,
            "ipv4_netmask_length": null,
            "ipv6_association_id": "",
            "ipv6_cidr_block": "",
            "ipv6_cidr_block_network_border_group": "",
            "ipv6_ipam_pool_id": "",
            "ipv6_netmask_length": 0,
            "main_route_table_id": "rtb-0cf509ea12c39adcd",
            "owner_id": "008748484958",
            "tags": {
              "Name": "vpn-vpc",
              "author": "khangtictoc",
              "createdBy": "Terraform",
              "environment": "dev",
              "project": "lab_extra_03"
            },
            "tags_all": {
              "Name": "vpn-vpc",
              "author": "khangtictoc",
              "createdBy": "Terraform",
              "environment": "dev",
              "project": "lab_extra_03"
            }
          },
          "sensitive_attributes": [],
          "private": "eyJzY2hlbWFfdmVyc2lvbiI6IjEifQ==",
          "dependencies": [
            "azurerm_resource_group.vpn_resource_group"
          ]
        }
      ]
    },
    {
      "module": "module.vpn_s2s_aws_azure.module.aws_network",
      "mode": "managed",
      "type": "aws_vpn_gateway",
      "name": "virtual_private_gateway",
      "provider": "provider[\"registry.terraform.io/hashicorp/aws\"]",
      "instances": [
        {
          "schema_version": 0,
          "attributes": {
            "amazon_side_asn": "64512",
            "arn": "arn:aws:ec2:us-east-1:008748484958:vpn-gateway/vgw-05babd32de48f02a4",
            "availability_zone": null,
            "id": "vgw-05babd32de48f02a4",
            "tags": {
              "Name": "vpn-gateway",
              "author": "khangtictoc",
              "createdBy": "Terraform",
              "environment": "dev",
              "project": "lab_extra_03"
            },
            "tags_all": {
              "Name": "vpn-gateway",
              "author": "khangtictoc",
              "createdBy": "Terraform",
              "environment": "dev",
              "project": "lab_extra_03"
            },
            "vpc_id": "vpc-00d7d0fbe35307c6a"
          },
          "sensitive_attributes": [],
          "private": "bnVsbA==",
          "dependencies": [
            "azurerm_resource_group.vpn_resource_group",
            "module.vpn_s2s_aws_azure.module.aws_network.aws_vpc.vpn_vpc"
          ]
        }
      ]
    },
    {
      "module": "module.vpn_s2s_aws_azure.module.azure_network[0]",
      "mode": "managed",
      "type": "azurerm_public_ip",
      "name": "vpn_public_ip",
      "provider": "provider[\"registry.terraform.io/hashicorp/azurerm\"]",
      "instances": [
        {
          "schema_version": 0,
          "attributes": {
            "allocation_method": "Static",
            "ddos_protection_mode": "VirtualNetworkInherited",
            "ddos_protection_plan_id": null,
            "domain_name_label": null,
            "edge_zone": "",
            "fqdn": null,
            "id": "/subscriptions/ac90b42a-8ba9-48f5-9479-94dfd054e40d/resourceGroups/VPNSite2SiteDemo/providers/Microsoft.Network/publicIPAddresses/VNet-Gateway",
            "idle_timeout_in_minutes": 4,
            "ip_address": "20.255.248.174",
            "ip_tags": {},
            "ip_version": "IPv4",
            "location": "eastasia",
            "name": "VNet-Gateway",
            "public_ip_prefix_id": null,
            "resource_group_name": "VPNSite2SiteDemo",
            "reverse_fqdn": null,
            "sku": "Standard",
            "sku_tier": "Regional",
            "tags": {
              "author": "khangtictoc",
              "createdBy": "Terraform",
              "environment": "dev",
              "project": "lab_extra_03"
            },
            "timeouts": null,
            "zones": []
          },
          "sensitive_attributes": [],
          "private": "eyJlMmJmYjczMC1lY2FhLTExZTYtOGY4OC0zNDM2M2JjN2M0YzAiOnsiY3JlYXRlIjoxODAwMDAwMDAwMDAwLCJkZWxldGUiOjE4MDAwMDAwMDAwMDAsInJlYWQiOjMwMDAwMDAwMDAwMCwidXBkYXRlIjoxODAwMDAwMDAwMDAwfX0=",
          "dependencies": [
            "azurerm_resource_group.vpn_resource_group"
          ]
        }
      ]
    },
    {
      "module": "module.vpn_s2s_aws_azure.module.azure_network[0]",
      "mode": "managed",
      "type": "azurerm_subnet",
      "name": "vpn_subnet",
      "provider": "provider[\"registry.terraform.io/hashicorp/azurerm\"]",
      "instances": [
        {
          "index_key": 0,
          "schema_version": 0,
          "attributes": {
            "address_prefixes": [
              "172.16.0.0/27"
            ],
            "delegation": [],
            "enforce_private_link_endpoint_network_policies": false,
            "enforce_private_link_service_network_policies": false,
            "id": "/subscriptions/ac90b42a-8ba9-48f5-9479-94dfd054e40d/resourceGroups/VPNSite2SiteDemo/providers/Microsoft.Network/virtualNetworks/VpnVnet/subnets/GatewaySubnet",
            "name": "GatewaySubnet",
            "private_endpoint_network_policies_enabled": true,
            "private_link_service_network_policies_enabled": true,
            "resource_group_name": "VPNSite2SiteDemo",
            "service_endpoint_policy_ids": [],
            "service_endpoints": [],
            "timeouts": null,
            "virtual_network_name": "VpnVnet"
          },
          "sensitive_attributes": [],
          "private": "eyJlMmJmYjczMC1lY2FhLTExZTYtOGY4OC0zNDM2M2JjN2M0YzAiOnsiY3JlYXRlIjoxODAwMDAwMDAwMDAwLCJkZWxldGUiOjE4MDAwMDAwMDAwMDAsInJlYWQiOjMwMDAwMDAwMDAwMCwidXBkYXRlIjoxODAwMDAwMDAwMDAwfX0=",
          "dependencies": [
            "azurerm_resource_group.vpn_resource_group",
            "module.vpn_s2s_aws_azure.module.azure_network.azurerm_virtual_network.vpn_virtual_network"
          ]
        },
        {
          "index_key": 1,
          "schema_version": 0,
          "attributes": {
            "address_prefixes": [
              "172.16.1.0/24"
            ],
            "delegation": [],
            "enforce_private_link_endpoint_network_policies": false,
            "enforce_private_link_service_network_policies": false,
            "id": "/subscriptions/ac90b42a-8ba9-48f5-9479-94dfd054e40d/resourceGroups/VPNSite2SiteDemo/providers/Microsoft.Network/virtualNetworks/VpnVnet/subnets/AppSubnet",
            "name": "AppSubnet",
            "private_endpoint_network_policies_enabled": true,
            "private_link_service_network_policies_enabled": true,
            "resource_group_name": "VPNSite2SiteDemo",
            "service_endpoint_policy_ids": [],
            "service_endpoints": [],
            "timeouts": null,
            "virtual_network_name": "VpnVnet"
          },
          "sensitive_attributes": [],
          "private": "eyJlMmJmYjczMC1lY2FhLTExZTYtOGY4OC0zNDM2M2JjN2M0YzAiOnsiY3JlYXRlIjoxODAwMDAwMDAwMDAwLCJkZWxldGUiOjE4MDAwMDAwMDAwMDAsInJlYWQiOjMwMDAwMDAwMDAwMCwidXBkYXRlIjoxODAwMDAwMDAwMDAwfX0=",
          "dependencies": [
            "azurerm_resource_group.vpn_resource_group",
            "module.vpn_s2s_aws_azure.module.azure_network.azurerm_virtual_network.vpn_virtual_network"
          ]
        },
        {
          "index_key": 2,
          "schema_version": 0,
          "attributes": {
            "address_prefixes": [
              "172.16.2.0/24"
            ],
            "delegation": [],
            "enforce_private_link_endpoint_network_policies": false,
            "enforce_private_link_service_network_policies": false,
            "id": "/subscriptions/ac90b42a-8ba9-48f5-9479-94dfd054e40d/resourceGroups/VPNSite2SiteDemo/providers/Microsoft.Network/virtualNetworks/VpnVnet/subnets/AppGatewaySubnet",
            "name": "AppGatewaySubnet",
            "private_endpoint_network_policies_enabled": true,
            "private_link_service_network_policies_enabled": true,
            "resource_group_name": "VPNSite2SiteDemo",
            "service_endpoint_policy_ids": [],
            "service_endpoints": [],
            "timeouts": null,
            "virtual_network_name": "VpnVnet"
          },
          "sensitive_attributes": [],
          "private": "eyJlMmJmYjczMC1lY2FhLTExZTYtOGY4OC0zNDM2M2JjN2M0YzAiOnsiY3JlYXRlIjoxODAwMDAwMDAwMDAwLCJkZWxldGUiOjE4MDAwMDAwMDAwMDAsInJlYWQiOjMwMDAwMDAwMDAwMCwidXBkYXRlIjoxODAwMDAwMDAwMDAwfX0=",
          "dependencies": [
            "azurerm_resource_group.vpn_resource_group",
            "module.vpn_s2s_aws_azure.module.azure_network.azurerm_virtual_network.vpn_virtual_network"
          ]
        }
      ]
    },
    {
      "module": "module.vpn_s2s_aws_azure.module.azure_network[0]",
      "mode": "managed",
      "type": "azurerm_virtual_network",
      "name": "vpn_virtual_network",
      "provider": "provider[\"registry.terraform.io/hashicorp/azurerm\"]",
      "instances": [
        {
          "schema_version": 0,
          "attributes": {
            "address_space": [
              "172.16.0.0/16"
            ],
            "bgp_community": "",
            "ddos_protection_plan": [],
            "dns_servers": [],
            "edge_zone": "",
            "encryption": [],
            "flow_timeout_in_minutes": 0,
            "guid": "641ae586-7d8e-4b52-97eb-1a0eda1bd9b0",
            "id": "/subscriptions/ac90b42a-8ba9-48f5-9479-94dfd054e40d/resourceGroups/VPNSite2SiteDemo/providers/Microsoft.Network/virtualNetworks/VpnVnet",
            "location": "eastasia",
            "name": "VpnVnet",
            "resource_group_name": "VPNSite2SiteDemo",
            "subnet": [
              {
                "address_prefix": "172.16.0.0/27",
                "id": "/subscriptions/ac90b42a-8ba9-48f5-9479-94dfd054e40d/resourceGroups/VPNSite2SiteDemo/providers/Microsoft.Network/virtualNetworks/VpnVnet/subnets/GatewaySubnet",
                "name": "GatewaySubnet",
                "security_group": ""
              },
              {
                "address_prefix": "172.16.1.0/24",
                "id": "/subscriptions/ac90b42a-8ba9-48f5-9479-94dfd054e40d/resourceGroups/VPNSite2SiteDemo/providers/Microsoft.Network/virtualNetworks/VpnVnet/subnets/AppSubnet",
                "name": "AppSubnet",
                "security_group": ""
              },
              {
                "address_prefix": "172.16.2.0/24",
                "id": "/subscriptions/ac90b42a-8ba9-48f5-9479-94dfd054e40d/resourceGroups/VPNSite2SiteDemo/providers/Microsoft.Network/virtualNetworks/VpnVnet/subnets/AppGatewaySubnet",
                "name": "AppGatewaySubnet",
                "security_group": ""
              }
            ],
            "tags": {
              "author": "khangtictoc",
              "createdBy": "Terraform",
              "environment": "dev",
              "project": "lab_extra_03"
            },
            "timeouts": null
          },
          "sensitive_attributes": [],
          "private": "eyJlMmJmYjczMC1lY2FhLTExZTYtOGY4OC0zNDM2M2JjN2M0YzAiOnsiY3JlYXRlIjoxODAwMDAwMDAwMDAwLCJkZWxldGUiOjE4MDAwMDAwMDAwMDAsInJlYWQiOjMwMDAwMDAwMDAwMCwidXBkYXRlIjoxODAwMDAwMDAwMDAwfX0=",
          "dependencies": [
            "azurerm_resource_group.vpn_resource_group"
          ]
        }
      ]
    },
    {
      "module": "module.vpn_s2s_aws_azure.module.azure_network[0]",
      "mode": "managed",
      "type": "azurerm_virtual_network_gateway",
      "name": "virtual_network_gateway",
      "provider": "provider[\"registry.terraform.io/hashicorp/azurerm\"]",
      "instances": [
        {
          "schema_version": 0,
          "attributes": {
            "active_active": false,
            "bgp_route_translation_for_nat_enabled": false,
            "bgp_settings": [
              {
                "asn": 65515,
                "peer_weight": 0,
                "peering_addresses": [
                  {
                    "apipa_addresses": [],
                    "default_addresses": [
                      "172.16.0.30"
                    ],
                    "ip_configuration_name": "Vnet-Gateway-IP-Config",
                    "tunnel_ip_addresses": [
                      "20.255.248.174"
                    ]
                  }
                ]
              }
            ],
            "custom_route": [],
            "default_local_network_gateway_id": null,
            "dns_forwarding_enabled": false,
            "edge_zone": "",
            "enable_bgp": false,
            "generation": "Generation1",
            "id": "/subscriptions/ac90b42a-8ba9-48f5-9479-94dfd054e40d/resourceGroups/VPNSite2SiteDemo/providers/Microsoft.Network/virtualNetworkGateways/Vnet-Gateway-Demo",
            "ip_configuration": [
              {
                "name": "Vnet-Gateway-IP-Config",
                "private_ip_address_allocation": "Dynamic",
                "public_ip_address_id": "/subscriptions/ac90b42a-8ba9-48f5-9479-94dfd054e40d/resourceGroups/VPNSite2SiteDemo/providers/Microsoft.Network/publicIPAddresses/VNet-Gateway",
                "subnet_id": "/subscriptions/ac90b42a-8ba9-48f5-9479-94dfd054e40d/resourceGroups/VPNSite2SiteDemo/providers/Microsoft.Network/virtualNetworks/VpnVnet/subnets/GatewaySubnet"
              }
            ],
            "ip_sec_replay_protection_enabled": true,
            "location": "eastasia",
            "name": "Vnet-Gateway-Demo",
            "policy_group": [],
            "private_ip_address_enabled": false,
            "remote_vnet_traffic_enabled": false,
            "resource_group_name": "VPNSite2SiteDemo",
            "sku": "VpnGw1",
            "tags": {
              "author": "khangtictoc",
              "createdBy": "Terraform",
              "environment": "dev",
              "project": "lab_extra_03"
            },
            "timeouts": null,
            "type": "Vpn",
            "virtual_wan_traffic_enabled": false,
            "vpn_client_configuration": [],
            "vpn_type": "RouteBased"
          },
          "sensitive_attributes": [],
          "private": "eyJlMmJmYjczMC1lY2FhLTExZTYtOGY4OC0zNDM2M2JjN2M0YzAiOnsiY3JlYXRlIjo1NDAwMDAwMDAwMDAwLCJkZWxldGUiOjM2MDAwMDAwMDAwMDAsInJlYWQiOjMwMDAwMDAwMDAwMCwidXBkYXRlIjozNjAwMDAwMDAwMDAwfX0=",
          "dependencies": [
            "azurerm_resource_group.vpn_resource_group",
            "module.vpn_s2s_aws_azure.module.azure_network.azurerm_public_ip.vpn_public_ip",
            "module.vpn_s2s_aws_azure.module.azure_network.azurerm_subnet.vpn_subnet",
            "module.vpn_s2s_aws_azure.module.azure_network.azurerm_virtual_network.vpn_virtual_network"
          ]
        }
      ]
    },
    {
      "module": "module.vpn_s2s_aws_azure.module.azure_network[1]",
      "mode": "managed",
      "type": "azurerm_public_ip",
      "name": "vpn_public_ip",
      "provider": "provider[\"registry.terraform.io/hashicorp/azurerm\"]",
      "instances": [
        {
          "schema_version": 0,
          "attributes": {
            "allocation_method": "Static",
            "ddos_protection_mode": "VirtualNetworkInherited",
            "ddos_protection_plan_id": null,
            "domain_name_label": null,
            "edge_zone": "",
            "fqdn": null,
            "id": "/subscriptions/ac90b42a-8ba9-48f5-9479-94dfd054e40d/resourceGroups/VPNSite2SiteDemo2/providers/Microsoft.Network/publicIPAddresses/VNet-Gateway2",
            "idle_timeout_in_minutes": 4,
            "ip_address": "52.229.164.29",
            "ip_tags": {},
            "ip_version": "IPv4",
            "location": "eastasia",
            "name": "VNet-Gateway2",
            "public_ip_prefix_id": null,
            "resource_group_name": "VPNSite2SiteDemo2",
            "reverse_fqdn": null,
            "sku": "Standard",
            "sku_tier": "Regional",
            "tags": {
              "author": "khangtictoc",
              "createdBy": "Terraform",
              "environment": "dev",
              "project": "lab_extra_03"
            },
            "timeouts": null,
            "zones": []
          },
          "sensitive_attributes": [],
          "private": "eyJlMmJmYjczMC1lY2FhLTExZTYtOGY4OC0zNDM2M2JjN2M0YzAiOnsiY3JlYXRlIjoxODAwMDAwMDAwMDAwLCJkZWxldGUiOjE4MDAwMDAwMDAwMDAsInJlYWQiOjMwMDAwMDAwMDAwMCwidXBkYXRlIjoxODAwMDAwMDAwMDAwfX0=",
          "dependencies": [
            "azurerm_resource_group.vpn_resource_group"
          ]
        }
      ]
    },
    {
      "module": "module.vpn_s2s_aws_azure.module.azure_network[1]",
      "mode": "managed",
      "type": "azurerm_subnet",
      "name": "vpn_subnet",
      "provider": "provider[\"registry.terraform.io/hashicorp/azurerm\"]",
      "instances": [
        {
          "index_key": 0,
          "schema_version": 0,
          "attributes": {
            "address_prefixes": [
              "10.10.0.0/27"
            ],
            "delegation": [],
            "enforce_private_link_endpoint_network_policies": false,
            "enforce_private_link_service_network_policies": false,
            "id": "/subscriptions/ac90b42a-8ba9-48f5-9479-94dfd054e40d/resourceGroups/VPNSite2SiteDemo2/providers/Microsoft.Network/virtualNetworks/VpnVnet2/subnets/GatewaySubnet",
            "name": "GatewaySubnet",
            "private_endpoint_network_policies_enabled": true,
            "private_link_service_network_policies_enabled": true,
            "resource_group_name": "VPNSite2SiteDemo2",
            "service_endpoint_policy_ids": [],
            "service_endpoints": [],
            "timeouts": null,
            "virtual_network_name": "VpnVnet2"
          },
          "sensitive_attributes": [],
          "private": "eyJlMmJmYjczMC1lY2FhLTExZTYtOGY4OC0zNDM2M2JjN2M0YzAiOnsiY3JlYXRlIjoxODAwMDAwMDAwMDAwLCJkZWxldGUiOjE4MDAwMDAwMDAwMDAsInJlYWQiOjMwMDAwMDAwMDAwMCwidXBkYXRlIjoxODAwMDAwMDAwMDAwfX0=",
          "dependencies": [
            "azurerm_resource_group.vpn_resource_group",
            "module.vpn_s2s_aws_azure.module.azure_network.azurerm_virtual_network.vpn_virtual_network"
          ]
        },
        {
          "index_key": 1,
          "schema_version": 0,
          "attributes": {
            "address_prefixes": [
              "10.10.1.0/24"
            ],
            "delegation": [],
            "enforce_private_link_endpoint_network_policies": false,
            "enforce_private_link_service_network_policies": false,
            "id": "/subscriptions/ac90b42a-8ba9-48f5-9479-94dfd054e40d/resourceGroups/VPNSite2SiteDemo2/providers/Microsoft.Network/virtualNetworks/VpnVnet2/subnets/AppSubnet",
            "name": "AppSubnet",
            "private_endpoint_network_policies_enabled": true,
            "private_link_service_network_policies_enabled": true,
            "resource_group_name": "VPNSite2SiteDemo2",
            "service_endpoint_policy_ids": [],
            "service_endpoints": [],
            "timeouts": null,
            "virtual_network_name": "VpnVnet2"
          },
          "sensitive_attributes": [],
          "private": "eyJlMmJmYjczMC1lY2FhLTExZTYtOGY4OC0zNDM2M2JjN2M0YzAiOnsiY3JlYXRlIjoxODAwMDAwMDAwMDAwLCJkZWxldGUiOjE4MDAwMDAwMDAwMDAsInJlYWQiOjMwMDAwMDAwMDAwMCwidXBkYXRlIjoxODAwMDAwMDAwMDAwfX0=",
          "dependencies": [
            "azurerm_resource_group.vpn_resource_group",
            "module.vpn_s2s_aws_azure.module.azure_network.azurerm_virtual_network.vpn_virtual_network"
          ]
        },
        {
          "index_key": 2,
          "schema_version": 0,
          "attributes": {
            "address_prefixes": [
              "10.10.2.0/24"
            ],
            "delegation": [],
            "enforce_private_link_endpoint_network_policies": false,
            "enforce_private_link_service_network_policies": false,
            "id": "/subscriptions/ac90b42a-8ba9-48f5-9479-94dfd054e40d/resourceGroups/VPNSite2SiteDemo2/providers/Microsoft.Network/virtualNetworks/VpnVnet2/subnets/AppGatewaySubnet",
            "name": "AppGatewaySubnet",
            "private_endpoint_network_policies_enabled": true,
            "private_link_service_network_policies_enabled": true,
            "resource_group_name": "VPNSite2SiteDemo2",
            "service_endpoint_policy_ids": [],
            "service_endpoints": [],
            "timeouts": null,
            "virtual_network_name": "VpnVnet2"
          },
          "sensitive_attributes": [],
          "private": "eyJlMmJmYjczMC1lY2FhLTExZTYtOGY4OC0zNDM2M2JjN2M0YzAiOnsiY3JlYXRlIjoxODAwMDAwMDAwMDAwLCJkZWxldGUiOjE4MDAwMDAwMDAwMDAsInJlYWQiOjMwMDAwMDAwMDAwMCwidXBkYXRlIjoxODAwMDAwMDAwMDAwfX0=",
          "dependencies": [
            "azurerm_resource_group.vpn_resource_group",
            "module.vpn_s2s_aws_azure.module.azure_network.azurerm_virtual_network.vpn_virtual_network"
          ]
        }
      ]
    },
    {
      "module": "module.vpn_s2s_aws_azure.module.azure_network[1]",
      "mode": "managed",
      "type": "azurerm_virtual_network",
      "name": "vpn_virtual_network",
      "provider": "provider[\"registry.terraform.io/hashicorp/azurerm\"]",
      "instances": [
        {
          "schema_version": 0,
          "attributes": {
            "address_space": [
              "10.10.0.0/16"
            ],
            "bgp_community": "",
            "ddos_protection_plan": [],
            "dns_servers": [],
            "edge_zone": "",
            "encryption": [],
            "flow_timeout_in_minutes": 0,
            "guid": "ef2ba893-cd50-4028-80e8-cce1026f3373",
            "id": "/subscriptions/ac90b42a-8ba9-48f5-9479-94dfd054e40d/resourceGroups/VPNSite2SiteDemo2/providers/Microsoft.Network/virtualNetworks/VpnVnet2",
            "location": "eastasia",
            "name": "VpnVnet2",
            "resource_group_name": "VPNSite2SiteDemo2",
            "subnet": [
              {
                "address_prefix": "10.10.0.0/27",
                "id": "/subscriptions/ac90b42a-8ba9-48f5-9479-94dfd054e40d/resourceGroups/VPNSite2SiteDemo2/providers/Microsoft.Network/virtualNetworks/VpnVnet2/subnets/GatewaySubnet",
                "name": "GatewaySubnet",
                "security_group": ""
              },
              {
                "address_prefix": "10.10.1.0/24",
                "id": "/subscriptions/ac90b42a-8ba9-48f5-9479-94dfd054e40d/resourceGroups/VPNSite2SiteDemo2/providers/Microsoft.Network/virtualNetworks/VpnVnet2/subnets/AppSubnet",
                "name": "AppSubnet",
                "security_group": ""
              },
              {
                "address_prefix": "10.10.2.0/24",
                "id": "/subscriptions/ac90b42a-8ba9-48f5-9479-94dfd054e40d/resourceGroups/VPNSite2SiteDemo2/providers/Microsoft.Network/virtualNetworks/VpnVnet2/subnets/AppGatewaySubnet",
                "name": "AppGatewaySubnet",
                "security_group": ""
              }
            ],
            "tags": {
              "author": "khangtictoc",
              "createdBy": "Terraform",
              "environment": "dev",
              "project": "lab_extra_03"
            },
            "timeouts": null
          },
          "sensitive_attributes": [],
          "private": "eyJlMmJmYjczMC1lY2FhLTExZTYtOGY4OC0zNDM2M2JjN2M0YzAiOnsiY3JlYXRlIjoxODAwMDAwMDAwMDAwLCJkZWxldGUiOjE4MDAwMDAwMDAwMDAsInJlYWQiOjMwMDAwMDAwMDAwMCwidXBkYXRlIjoxODAwMDAwMDAwMDAwfX0=",
          "dependencies": [
            "azurerm_resource_group.vpn_resource_group"
          ]
        }
      ]
    },
    {
      "module": "module.vpn_s2s_aws_azure.module.azure_network[1]",
      "mode": "managed",
      "type": "azurerm_virtual_network_gateway",
      "name": "virtual_network_gateway",
      "provider": "provider[\"registry.terraform.io/hashicorp/azurerm\"]",
      "instances": [
        {
          "schema_version": 0,
          "attributes": {
            "active_active": false,
            "bgp_route_translation_for_nat_enabled": false,
            "bgp_settings": [
              {
                "asn": 65515,
                "peer_weight": 0,
                "peering_addresses": [
                  {
                    "apipa_addresses": [],
                    "default_addresses": [
                      "10.10.0.30"
                    ],
                    "ip_configuration_name": "Vnet-Gateway-IP-Config2",
                    "tunnel_ip_addresses": [
                      "52.229.164.29"
                    ]
                  }
                ]
              }
            ],
            "custom_route": [],
            "default_local_network_gateway_id": null,
            "dns_forwarding_enabled": false,
            "edge_zone": "",
            "enable_bgp": false,
            "generation": "Generation1",
            "id": "/subscriptions/ac90b42a-8ba9-48f5-9479-94dfd054e40d/resourceGroups/VPNSite2SiteDemo2/providers/Microsoft.Network/virtualNetworkGateways/Vnet-Gateway-Demo2",
            "ip_configuration": [
              {
                "name": "Vnet-Gateway-IP-Config2",
                "private_ip_address_allocation": "Dynamic",
                "public_ip_address_id": "/subscriptions/ac90b42a-8ba9-48f5-9479-94dfd054e40d/resourceGroups/VPNSite2SiteDemo2/providers/Microsoft.Network/publicIPAddresses/VNet-Gateway2",
                "subnet_id": "/subscriptions/ac90b42a-8ba9-48f5-9479-94dfd054e40d/resourceGroups/VPNSite2SiteDemo2/providers/Microsoft.Network/virtualNetworks/VpnVnet2/subnets/GatewaySubnet"
              }
            ],
            "ip_sec_replay_protection_enabled": true,
            "location": "eastasia",
            "name": "Vnet-Gateway-Demo2",
            "policy_group": [],
            "private_ip_address_enabled": false,
            "remote_vnet_traffic_enabled": false,
            "resource_group_name": "VPNSite2SiteDemo2",
            "sku": "VpnGw1",
            "tags": {
              "author": "khangtictoc",
              "createdBy": "Terraform",
              "environment": "dev",
              "project": "lab_extra_03"
            },
            "timeouts": null,
            "type": "Vpn",
            "virtual_wan_traffic_enabled": false,
            "vpn_client_configuration": [],
            "vpn_type": "RouteBased"
          },
          "sensitive_attributes": [],
          "private": "eyJlMmJmYjczMC1lY2FhLTExZTYtOGY4OC0zNDM2M2JjN2M0YzAiOnsiY3JlYXRlIjo1NDAwMDAwMDAwMDAwLCJkZWxldGUiOjM2MDAwMDAwMDAwMDAsInJlYWQiOjMwMDAwMDAwMDAwMCwidXBkYXRlIjozNjAwMDAwMDAwMDAwfX0=",
          "dependencies": [
            "azurerm_resource_group.vpn_resource_group",
            "module.vpn_s2s_aws_azure.module.azure_network.azurerm_public_ip.vpn_public_ip",
            "module.vpn_s2s_aws_azure.module.azure_network.azurerm_subnet.vpn_subnet",
            "module.vpn_s2s_aws_azure.module.azure_network.azurerm_virtual_network.vpn_virtual_network"
          ]
        }
      ]
    },
    {
      "module": "module.vpn_s2s_aws_azure.module.vpn_SiteToSite_connection[0]",
      "mode": "managed",
      "type": "aws_customer_gateway",
      "name": "customer_gateway",
      "provider": "provider[\"registry.terraform.io/hashicorp/aws\"]",
      "instances": [
        {
          "schema_version": 0,
          "attributes": {
            "arn": "arn:aws:ec2:us-east-1:008748484958:customer-gateway/cgw-03693fdfd66ff452b",
            "bgp_asn": "65000",
            "certificate_arn": "",
            "device_name": "",
            "id": "cgw-03693fdfd66ff452b",
            "ip_address": "20.255.248.174",
            "tags": {
              "Name": "my-customer-gateway",
              "author": "khangtictoc",
              "createdBy": "Terraform",
              "environment": "dev",
              "project": "lab_extra_03"
            },
            "tags_all": {
              "Name": "my-customer-gateway",
              "author": "khangtictoc",
              "createdBy": "Terraform",
              "environment": "dev",
              "project": "lab_extra_03"
            },
            "type": "ipsec.1"
          },
          "sensitive_attributes": [],
          "private": "bnVsbA==",
          "dependencies": [
            "azurerm_resource_group.vpn_resource_group",
            "module.vpn_s2s_aws_azure.module.azure_network.azurerm_public_ip.vpn_public_ip",
            "module.vpn_s2s_aws_azure.module.azure_network.azurerm_subnet.vpn_subnet",
            "module.vpn_s2s_aws_azure.module.azure_network.azurerm_virtual_network.vpn_virtual_network",
            "module.vpn_s2s_aws_azure.module.azure_network.azurerm_virtual_network_gateway.virtual_network_gateway"
          ]
        }
      ]
    },
    {
      "module": "module.vpn_s2s_aws_azure.module.vpn_SiteToSite_connection[0]",
      "mode": "managed",
      "type": "aws_route",
      "name": "internet_gateway_route",
      "provider": "provider[\"registry.terraform.io/hashicorp/aws\"]",
      "instances": [
        {
          "schema_version": 0,
          "attributes": {
            "carrier_gateway_id": "",
            "core_network_arn": "",
            "destination_cidr_block": "0.0.0.0/0",
            "destination_ipv6_cidr_block": "",
            "destination_prefix_list_id": "",
            "egress_only_gateway_id": "",
            "gateway_id": "igw-090d57a68478b9e5b",
            "id": "r-rtb-0cf509ea12c39adcd1080289494",
            "instance_id": "",
            "instance_owner_id": "",
            "local_gateway_id": "",
            "nat_gateway_id": "",
            "network_interface_id": "",
            "origin": "CreateRoute",
            "route_table_id": "rtb-0cf509ea12c39adcd",
            "state": "active",
            "timeouts": null,
            "transit_gateway_id": "",
            "vpc_endpoint_id": "",
            "vpc_peering_connection_id": ""
          },
          "sensitive_attributes": [],
          "private": "eyJlMmJmYjczMC1lY2FhLTExZTYtOGY4OC0zNDM2M2JjN2M0YzAiOnsiY3JlYXRlIjozMDAwMDAwMDAwMDAsImRlbGV0ZSI6MzAwMDAwMDAwMDAwLCJ1cGRhdGUiOjEyMDAwMDAwMDAwMH19",
          "dependencies": [
            "azurerm_resource_group.vpn_resource_group",
            "module.vpn_s2s_aws_azure.module.aws_network.aws_internet_gateway.internet_gateway",
            "module.vpn_s2s_aws_azure.module.aws_network.aws_subnet.vpn_subnet",
            "module.vpn_s2s_aws_azure.module.aws_network.aws_vpc.vpn_vpc",
            "module.vpn_s2s_aws_azure.module.aws_network.aws_vpn_gateway.virtual_private_gateway"
          ]
        }
      ]
    },
    {
      "module": "module.vpn_s2s_aws_azure.module.vpn_SiteToSite_connection[0]",
      "mode": "managed",
      "type": "aws_route",
      "name": "vpn_gateway_route",
      "provider": "provider[\"registry.terraform.io/hashicorp/aws\"]",
      "instances": [
        {
          "schema_version": 0,
          "attributes": {
            "carrier_gateway_id": "",
            "core_network_arn": "",
            "destination_cidr_block": "172.16.0.0/16",
            "destination_ipv6_cidr_block": "",
            "destination_prefix_list_id": "",
            "egress_only_gateway_id": "",
            "gateway_id": "vgw-05babd32de48f02a4",
            "id": "r-rtb-0cf509ea12c39adcd3246677288",
            "instance_id": "",
            "instance_owner_id": "",
            "local_gateway_id": "",
            "nat_gateway_id": "",
            "network_interface_id": "",
            "origin": "CreateRoute",
            "route_table_id": "rtb-0cf509ea12c39adcd",
            "state": "active",
            "timeouts": null,
            "transit_gateway_id": "",
            "vpc_endpoint_id": "",
            "vpc_peering_connection_id": ""
          },
          "sensitive_attributes": [],
          "private": "eyJlMmJmYjczMC1lY2FhLTExZTYtOGY4OC0zNDM2M2JjN2M0YzAiOnsiY3JlYXRlIjozMDAwMDAwMDAwMDAsImRlbGV0ZSI6MzAwMDAwMDAwMDAwLCJ1cGRhdGUiOjEyMDAwMDAwMDAwMH19",
          "dependencies": [
            "azurerm_resource_group.vpn_resource_group",
            "module.vpn_s2s_aws_azure.module.aws_network.aws_internet_gateway.internet_gateway",
            "module.vpn_s2s_aws_azure.module.aws_network.aws_subnet.vpn_subnet",
            "module.vpn_s2s_aws_azure.module.aws_network.aws_vpc.vpn_vpc",
            "module.vpn_s2s_aws_azure.module.aws_network.aws_vpn_gateway.virtual_private_gateway",
            "module.vpn_s2s_aws_azure.module.azure_network.azurerm_public_ip.vpn_public_ip",
            "module.vpn_s2s_aws_azure.module.azure_network.azurerm_subnet.vpn_subnet",
            "module.vpn_s2s_aws_azure.module.azure_network.azurerm_virtual_network.vpn_virtual_network",
            "module.vpn_s2s_aws_azure.module.azure_network.azurerm_virtual_network_gateway.virtual_network_gateway"
          ]
        }
      ]
    },
    {
      "module": "module.vpn_s2s_aws_azure.module.vpn_SiteToSite_connection[0]",
      "mode": "managed",
      "type": "aws_vpn_connection",
      "name": "vpn_connection",
      "provider": "provider[\"registry.terraform.io/hashicorp/aws\"]",
      "instances": [
        {
          "schema_version": 0,
          "attributes": {
            "arn": "arn:aws:ec2:us-east-1:008748484958:vpn-connection/vpn-03a319752dbb92143",
            "core_network_arn": "",
            "core_network_attachment_arn": "",
            "customer_gateway_configuration": "\u003c?xml version=\"1.0\" encoding=\"UTF-8\"?\u003e\n\u003cvpn_connection id=\"vpn-03a319752dbb92143\"\u003e\n  \u003ccustomer_gateway_id\u003ecgw-03693fdfd66ff452b\u003c/customer_gateway_id\u003e\n  \u003cvpn_gateway_id\u003evgw-05babd32de48f02a4\u003c/vpn_gateway_id\u003e\n  \u003cvpn_connection_type\u003eipsec.1\u003c/vpn_connection_type\u003e\n  \u003cvpn_connection_attributes\u003eNoBGPVPNConnection\u003c/vpn_connection_attributes\u003e\n  \u003cipsec_tunnel\u003e\n    \u003ccustomer_gateway\u003e\n      \u003ctunnel_outside_address\u003e\n        \u003cip_address\u003e20.255.248.174\u003c/ip_address\u003e\n      \u003c/tunnel_outside_address\u003e\n      \u003ctunnel_inside_address\u003e\n        \u003cip_address\u003e169.254.193.230\u003c/ip_address\u003e\n        \u003cnetwork_mask\u003e255.255.255.252\u003c/network_mask\u003e\n        \u003cnetwork_cidr\u003e30\u003c/network_cidr\u003e\n      \u003c/tunnel_inside_address\u003e\n    \u003c/customer_gateway\u003e\n    \u003cvpn_gateway\u003e\n      \u003ctunnel_outside_address\u003e\n        \u003cip_address\u003e44.193.224.202\u003c/ip_address\u003e\n      \u003c/tunnel_outside_address\u003e\n      \u003ctunnel_inside_address\u003e\n        \u003cip_address\u003e169.254.193.229\u003c/ip_address\u003e\n        \u003cnetwork_mask\u003e255.255.255.252\u003c/network_mask\u003e\n        \u003cnetwork_cidr\u003e30\u003c/network_cidr\u003e\n      \u003c/tunnel_inside_address\u003e\n    \u003c/vpn_gateway\u003e\n    \u003cike\u003e\n      \u003cauthentication_protocol\u003esha1\u003c/authentication_protocol\u003e\n      \u003cencryption_protocol\u003eaes-128-cbc\u003c/encryption_protocol\u003e\n      \u003clifetime\u003e28800\u003c/lifetime\u003e\n      \u003cperfect_forward_secrecy\u003egroup2\u003c/perfect_forward_secrecy\u003e\n      \u003cmode\u003emain\u003c/mode\u003e\n      \u003cpre_shared_key\u003egANi1UJXgSwth4UwXLdH8o0CksNQ6lwc\u003c/pre_shared_key\u003e\n    \u003c/ike\u003e\n    \u003cipsec\u003e\n      \u003cprotocol\u003eesp\u003c/protocol\u003e\n      \u003cauthentication_protocol\u003ehmac-sha1-96\u003c/authentication_protocol\u003e\n      \u003cencryption_protocol\u003eaes-128-cbc\u003c/encryption_protocol\u003e\n      \u003clifetime\u003e3600\u003c/lifetime\u003e\n      \u003cperfect_forward_secrecy\u003egroup2\u003c/perfect_forward_secrecy\u003e\n      \u003cmode\u003etunnel\u003c/mode\u003e\n      \u003cclear_df_bit\u003etrue\u003c/clear_df_bit\u003e\n      \u003cfragmentation_before_encryption\u003etrue\u003c/fragmentation_before_encryption\u003e\n      \u003ctcp_mss_adjustment\u003e1379\u003c/tcp_mss_adjustment\u003e\n      \u003cdead_peer_detection\u003e\n        \u003cinterval\u003e10\u003c/interval\u003e\n        \u003cretries\u003e3\u003c/retries\u003e\n      \u003c/dead_peer_detection\u003e\n    \u003c/ipsec\u003e\n  \u003c/ipsec_tunnel\u003e\n  \u003cipsec_tunnel\u003e\n    \u003ccustomer_gateway\u003e\n      \u003ctunnel_outside_address\u003e\n        \u003cip_address\u003e20.255.248.174\u003c/ip_address\u003e\n      \u003c/tunnel_outside_address\u003e\n      \u003ctunnel_inside_address\u003e\n        \u003cip_address\u003e169.254.34.242\u003c/ip_address\u003e\n        \u003cnetwork_mask\u003e255.255.255.252\u003c/network_mask\u003e\n        \u003cnetwork_cidr\u003e30\u003c/network_cidr\u003e\n      \u003c/tunnel_inside_address\u003e\n    \u003c/customer_gateway\u003e\n    \u003cvpn_gateway\u003e\n      \u003ctunnel_outside_address\u003e\n        \u003cip_address\u003e54.209.53.148\u003c/ip_address\u003e\n      \u003c/tunnel_outside_address\u003e\n      \u003ctunnel_inside_address\u003e\n        \u003cip_address\u003e169.254.34.241\u003c/ip_address\u003e\n        \u003cnetwork_mask\u003e255.255.255.252\u003c/network_mask\u003e\n        \u003cnetwork_cidr\u003e30\u003c/network_cidr\u003e\n      \u003c/tunnel_inside_address\u003e\n    \u003c/vpn_gateway\u003e\n    \u003cike\u003e\n      \u003cauthentication_protocol\u003esha1\u003c/authentication_protocol\u003e\n      \u003cencryption_protocol\u003eaes-128-cbc\u003c/encryption_protocol\u003e\n      \u003clifetime\u003e28800\u003c/lifetime\u003e\n      \u003cperfect_forward_secrecy\u003egroup2\u003c/perfect_forward_secrecy\u003e\n      \u003cmode\u003emain\u003c/mode\u003e\n      \u003cpre_shared_key\u003eILrFtxenxzST8s056Qy2AJiOt8g5ziiD\u003c/pre_shared_key\u003e\n    \u003c/ike\u003e\n    \u003cipsec\u003e\n      \u003cprotocol\u003eesp\u003c/protocol\u003e\n      \u003cauthentication_protocol\u003ehmac-sha1-96\u003c/authentication_protocol\u003e\n      \u003cencryption_protocol\u003eaes-128-cbc\u003c/encryption_protocol\u003e\n      \u003clifetime\u003e3600\u003c/lifetime\u003e\n      \u003cperfect_forward_secrecy\u003egroup2\u003c/perfect_forward_secrecy\u003e\n      \u003cmode\u003etunnel\u003c/mode\u003e\n      \u003cclear_df_bit\u003etrue\u003c/clear_df_bit\u003e\n      \u003cfragmentation_before_encryption\u003etrue\u003c/fragmentation_before_encryption\u003e\n      \u003ctcp_mss_adjustment\u003e1379\u003c/tcp_mss_adjustment\u003e\n      \u003cdead_peer_detection\u003e\n        \u003cinterval\u003e10\u003c/interval\u003e\n        \u003cretries\u003e3\u003c/retries\u003e\n      \u003c/dead_peer_detection\u003e\n    \u003c/ipsec\u003e\n  \u003c/ipsec_tunnel\u003e\n\u003c/vpn_connection\u003e\n",
            "customer_gateway_id": "cgw-03693fdfd66ff452b",
            "enable_acceleration": false,
            "id": "vpn-03a319752dbb92143",
            "local_ipv4_network_cidr": "0.0.0.0/0",
            "local_ipv6_network_cidr": "",
            "outside_ip_address_type": "PublicIpv4",
            "remote_ipv4_network_cidr": "0.0.0.0/0",
            "remote_ipv6_network_cidr": "",
            "routes": [
              {
                "destination_cidr_block": "172.16.0.0/16",
                "source": "",
                "state": "available"
              }
            ],
            "static_routes_only": true,
            "tags": {
              "Name": "my-vpn-connection",
              "author": "khangtictoc",
              "createdBy": "Terraform",
              "environment": "dev",
              "project": "lab_extra_03"
            },
            "tags_all": {
              "Name": "my-vpn-connection",
              "author": "khangtictoc",
              "createdBy": "Terraform",
              "environment": "dev",
              "project": "lab_extra_03"
            },
            "transit_gateway_attachment_id": "",
            "transit_gateway_id": "",
            "transport_transit_gateway_attachment_id": "",
            "tunnel1_address": "44.193.224.202",
            "tunnel1_bgp_asn": "",
            "tunnel1_bgp_holdtime": 0,
            "tunnel1_cgw_inside_address": "169.254.193.230",
            "tunnel1_dpd_timeout_action": "",
            "tunnel1_dpd_timeout_seconds": 0,
            "tunnel1_enable_tunnel_lifecycle_control": false,
            "tunnel1_ike_versions": [],
            "tunnel1_inside_cidr": "169.254.193.228/30",
            "tunnel1_inside_ipv6_cidr": "",
            "tunnel1_log_options": [
              {
                "cloudwatch_log_options": [
                  {
                    "log_enabled": false,
                    "log_group_arn": "",
                    "log_output_format": ""
                  }
                ]
              }
            ],
            "tunnel1_phase1_dh_group_numbers": [],
            "tunnel1_phase1_encryption_algorithms": [],
            "tunnel1_phase1_integrity_algorithms": [],
            "tunnel1_phase1_lifetime_seconds": 0,
            "tunnel1_phase2_dh_group_numbers": [],
            "tunnel1_phase2_encryption_algorithms": [],
            "tunnel1_phase2_integrity_algorithms": [],
            "tunnel1_phase2_lifetime_seconds": 0,
            "tunnel1_preshared_key": "gANi1UJXgSwth4UwXLdH8o0CksNQ6lwc",
            "tunnel1_rekey_fuzz_percentage": 0,
            "tunnel1_rekey_margin_time_seconds": 0,
            "tunnel1_replay_window_size": 0,
            "tunnel1_startup_action": "",
            "tunnel1_vgw_inside_address": "169.254.193.229",
            "tunnel2_address": "54.209.53.148",
            "tunnel2_bgp_asn": "",
            "tunnel2_bgp_holdtime": 0,
            "tunnel2_cgw_inside_address": "169.254.34.242",
            "tunnel2_dpd_timeout_action": "",
            "tunnel2_dpd_timeout_seconds": 0,
            "tunnel2_enable_tunnel_lifecycle_control": false,
            "tunnel2_ike_versions": [],
            "tunnel2_inside_cidr": "169.254.34.240/30",
            "tunnel2_inside_ipv6_cidr": "",
            "tunnel2_log_options": [
              {
                "cloudwatch_log_options": [
                  {
                    "log_enabled": false,
                    "log_group_arn": "",
                    "log_output_format": ""
                  }
                ]
              }
            ],
            "tunnel2_phase1_dh_group_numbers": [],
            "tunnel2_phase1_encryption_algorithms": [],
            "tunnel2_phase1_integrity_algorithms": [],
            "tunnel2_phase1_lifetime_seconds": 0,
            "tunnel2_phase2_dh_group_numbers": [],
            "tunnel2_phase2_encryption_algorithms": [],
            "tunnel2_phase2_integrity_algorithms": [],
            "tunnel2_phase2_lifetime_seconds": 0,
            "tunnel2_preshared_key": "ILrFtxenxzST8s056Qy2AJiOt8g5ziiD",
            "tunnel2_rekey_fuzz_percentage": 0,
            "tunnel2_rekey_margin_time_seconds": 0,
            "tunnel2_replay_window_size": 0,
            "tunnel2_startup_action": "",
            "tunnel2_vgw_inside_address": "169.254.34.241",
            "tunnel_inside_ip_version": "ipv4",
            "type": "ipsec.1",
            "vgw_telemetry": [
              {
                "accepted_route_count": 1,
                "certificate_arn": "",
                "last_status_change": "2024-07-11T14:04:00Z",
                "outside_ip_address": "54.209.53.148",
                "status": "DOWN",
                "status_message": ""
              },
              {
                "accepted_route_count": 1,
                "certificate_arn": "",
                "last_status_change": "2024-07-11T14:09:29Z",
                "outside_ip_address": "44.193.224.202",
                "status": "UP",
                "status_message": ""
              }
            ],
            "vpn_gateway_id": "vgw-05babd32de48f02a4"
          },
          "sensitive_attributes": [
            [
              {
                "type": "get_attr",
                "value": "customer_gateway_configuration"
              }
            ],
            [
              {
                "type": "get_attr",
                "value": "tunnel1_preshared_key"
              }
            ],
            [
              {
                "type": "get_attr",
                "value": "tunnel2_preshared_key"
              }
            ]
          ],
          "private": "bnVsbA==",
          "dependencies": [
            "azurerm_resource_group.vpn_resource_group",
            "module.vpn_s2s_aws_azure.module.aws_network.aws_internet_gateway.internet_gateway",
            "module.vpn_s2s_aws_azure.module.aws_network.aws_subnet.vpn_subnet",
            "module.vpn_s2s_aws_azure.module.aws_network.aws_vpc.vpn_vpc",
            "module.vpn_s2s_aws_azure.module.aws_network.aws_vpn_gateway.virtual_private_gateway",
            "module.vpn_s2s_aws_azure.module.azure_network.azurerm_public_ip.vpn_public_ip",
            "module.vpn_s2s_aws_azure.module.azure_network.azurerm_subnet.vpn_subnet",
            "module.vpn_s2s_aws_azure.module.azure_network.azurerm_virtual_network.vpn_virtual_network",
            "module.vpn_s2s_aws_azure.module.azure_network.azurerm_virtual_network_gateway.virtual_network_gateway",
            "module.vpn_s2s_aws_azure.module.vpn_SiteToSite_connection.aws_customer_gateway.customer_gateway"
          ]
        }
      ]
    },
    {
      "module": "module.vpn_s2s_aws_azure.module.vpn_SiteToSite_connection[0]",
      "mode": "managed",
      "type": "aws_vpn_connection_route",
      "name": "vpn_static_routes",
      "provider": "provider[\"registry.terraform.io/hashicorp/aws\"]",
      "instances": [
        {
          "schema_version": 0,
          "attributes": {
            "destination_cidr_block": "172.16.0.0/16",
            "id": "172.16.0.0/16:vpn-03a319752dbb92143",
            "vpn_connection_id": "vpn-03a319752dbb92143"
          },
          "sensitive_attributes": [],
          "private": "bnVsbA==",
          "dependencies": [
            "azurerm_resource_group.vpn_resource_group",
            "module.vpn_s2s_aws_azure.module.aws_network.aws_internet_gateway.internet_gateway",
            "module.vpn_s2s_aws_azure.module.aws_network.aws_subnet.vpn_subnet",
            "module.vpn_s2s_aws_azure.module.aws_network.aws_vpc.vpn_vpc",
            "module.vpn_s2s_aws_azure.module.aws_network.aws_vpn_gateway.virtual_private_gateway",
            "module.vpn_s2s_aws_azure.module.azure_network.azurerm_public_ip.vpn_public_ip",
            "module.vpn_s2s_aws_azure.module.azure_network.azurerm_subnet.vpn_subnet",
            "module.vpn_s2s_aws_azure.module.azure_network.azurerm_virtual_network.vpn_virtual_network",
            "module.vpn_s2s_aws_azure.module.azure_network.azurerm_virtual_network_gateway.virtual_network_gateway",
            "module.vpn_s2s_aws_azure.module.vpn_SiteToSite_connection.aws_customer_gateway.customer_gateway",
            "module.vpn_s2s_aws_azure.module.vpn_SiteToSite_connection.aws_vpn_connection.vpn_connection"
          ]
        }
      ]
    },
    {
      "module": "module.vpn_s2s_aws_azure.module.vpn_SiteToSite_connection[0]",
      "mode": "managed",
      "type": "azurerm_local_network_gateway",
      "name": "local_network_gateway",
      "provider": "provider[\"registry.terraform.io/hashicorp/azurerm\"]",
      "instances": [
        {
          "schema_version": 0,
          "attributes": {
            "address_space": [
              "192.168.0.0/16"
            ],
            "bgp_settings": [],
            "gateway_address": "44.193.224.202",
            "gateway_fqdn": "",
            "id": "/subscriptions/ac90b42a-8ba9-48f5-9479-94dfd054e40d/resourceGroups/VPNSite2SiteDemo/providers/Microsoft.Network/localNetworkGateways/my-vpn-connection",
            "location": "eastasia",
            "name": "my-vpn-connection",
            "resource_group_name": "VPNSite2SiteDemo",
            "tags": {},
            "timeouts": null
          },
          "sensitive_attributes": [],
          "private": "eyJlMmJmYjczMC1lY2FhLTExZTYtOGY4OC0zNDM2M2JjN2M0YzAiOnsiY3JlYXRlIjoxODAwMDAwMDAwMDAwLCJkZWxldGUiOjE4MDAwMDAwMDAwMDAsInJlYWQiOjMwMDAwMDAwMDAwMCwidXBkYXRlIjoxODAwMDAwMDAwMDAwfX0=",
          "dependencies": [
            "azurerm_resource_group.vpn_resource_group",
            "module.vpn_s2s_aws_azure.module.aws_network.aws_internet_gateway.internet_gateway",
            "module.vpn_s2s_aws_azure.module.aws_network.aws_subnet.vpn_subnet",
            "module.vpn_s2s_aws_azure.module.aws_network.aws_vpc.vpn_vpc",
            "module.vpn_s2s_aws_azure.module.aws_network.aws_vpn_gateway.virtual_private_gateway",
            "module.vpn_s2s_aws_azure.module.azure_network.azurerm_public_ip.vpn_public_ip",
            "module.vpn_s2s_aws_azure.module.azure_network.azurerm_subnet.vpn_subnet",
            "module.vpn_s2s_aws_azure.module.azure_network.azurerm_virtual_network.vpn_virtual_network",
            "module.vpn_s2s_aws_azure.module.azure_network.azurerm_virtual_network_gateway.virtual_network_gateway",
            "module.vpn_s2s_aws_azure.module.vpn_SiteToSite_connection.aws_customer_gateway.customer_gateway",
            "module.vpn_s2s_aws_azure.module.vpn_SiteToSite_connection.aws_vpn_connection.vpn_connection"
          ]
        }
      ]
    },
    {
      "module": "module.vpn_s2s_aws_azure.module.vpn_SiteToSite_connection[0]",
      "mode": "managed",
      "type": "azurerm_virtual_network_gateway_connection",
      "name": "vpn_connection",
      "provider": "provider[\"registry.terraform.io/hashicorp/azurerm\"]",
      "instances": [
        {
          "schema_version": 0,
          "attributes": {
            "authorization_key": "",
            "connection_mode": "Default",
            "connection_protocol": "IKEv2",
            "custom_bgp_addresses": [],
            "dpd_timeout_seconds": 0,
            "egress_nat_rule_ids": [],
            "enable_bgp": false,
            "express_route_circuit_id": null,
            "express_route_gateway_bypass": false,
            "id": "/subscriptions/ac90b42a-8ba9-48f5-9479-94dfd054e40d/resourceGroups/VPNSite2SiteDemo/providers/Microsoft.Network/connections/myVnetGWConn",
            "ingress_nat_rule_ids": [],
            "ipsec_policy": [],
            "local_azure_ip_address_enabled": false,
            "local_network_gateway_id": "/subscriptions/ac90b42a-8ba9-48f5-9479-94dfd054e40d/resourceGroups/VPNSite2SiteDemo/providers/Microsoft.Network/localNetworkGateways/my-vpn-connection",
            "location": "eastasia",
            "name": "myVnetGWConn",
            "peer_virtual_network_gateway_id": null,
            "resource_group_name": "VPNSite2SiteDemo",
            "routing_weight": 0,
            "shared_key": "gANi1UJXgSwth4UwXLdH8o0CksNQ6lwc",
            "tags": {},
            "timeouts": null,
            "traffic_selector_policy": [],
            "type": "IPsec",
            "use_policy_based_traffic_selectors": false,
            "virtual_network_gateway_id": "/subscriptions/ac90b42a-8ba9-48f5-9479-94dfd054e40d/resourceGroups/VPNSite2SiteDemo/providers/Microsoft.Network/virtualNetworkGateways/Vnet-Gateway-Demo"
          },
          "sensitive_attributes": [
            [
              {
                "type": "get_attr",
                "value": "authorization_key"
              }
            ],
            [
              {
                "type": "get_attr",
                "value": "shared_key"
              }
            ]
          ],
          "private": "eyJlMmJmYjczMC1lY2FhLTExZTYtOGY4OC0zNDM2M2JjN2M0YzAiOnsiY3JlYXRlIjoxODAwMDAwMDAwMDAwLCJkZWxldGUiOjE4MDAwMDAwMDAwMDAsInJlYWQiOjMwMDAwMDAwMDAwMCwidXBkYXRlIjoxODAwMDAwMDAwMDAwfX0=",
          "dependencies": [
            "azurerm_resource_group.vpn_resource_group",
            "module.vpn_s2s_aws_azure.module.aws_network.aws_internet_gateway.internet_gateway",
            "module.vpn_s2s_aws_azure.module.aws_network.aws_subnet.vpn_subnet",
            "module.vpn_s2s_aws_azure.module.aws_network.aws_vpc.vpn_vpc",
            "module.vpn_s2s_aws_azure.module.aws_network.aws_vpn_gateway.virtual_private_gateway",
            "module.vpn_s2s_aws_azure.module.azure_network.azurerm_public_ip.vpn_public_ip",
            "module.vpn_s2s_aws_azure.module.azure_network.azurerm_subnet.vpn_subnet",
            "module.vpn_s2s_aws_azure.module.azure_network.azurerm_virtual_network.vpn_virtual_network",
            "module.vpn_s2s_aws_azure.module.azure_network.azurerm_virtual_network_gateway.virtual_network_gateway",
            "module.vpn_s2s_aws_azure.module.vpn_SiteToSite_connection.aws_customer_gateway.customer_gateway",
            "module.vpn_s2s_aws_azure.module.vpn_SiteToSite_connection.aws_vpn_connection.vpn_connection",
            "module.vpn_s2s_aws_azure.module.vpn_SiteToSite_connection.azurerm_local_network_gateway.local_network_gateway"
          ]
        }
      ]
    },
    {
      "module": "module.vpn_s2s_aws_azure.module.vpn_SiteToSite_connection[1]",
      "mode": "managed",
      "type": "aws_customer_gateway",
      "name": "customer_gateway",
      "provider": "provider[\"registry.terraform.io/hashicorp/aws\"]",
      "instances": [
        {
          "schema_version": 0,
          "attributes": {
            "arn": "arn:aws:ec2:us-east-1:008748484958:customer-gateway/cgw-087dbaef601784ed7",
            "bgp_asn": "65000",
            "certificate_arn": "",
            "device_name": "",
            "id": "cgw-087dbaef601784ed7",
            "ip_address": "52.229.164.29",
            "tags": {
              "Name": "my-customer-gateway2",
              "author": "khangtictoc",
              "createdBy": "Terraform",
              "environment": "dev",
              "project": "lab_extra_03"
            },
            "tags_all": {
              "Name": "my-customer-gateway2",
              "author": "khangtictoc",
              "createdBy": "Terraform",
              "environment": "dev",
              "project": "lab_extra_03"
            },
            "type": "ipsec.1"
          },
          "sensitive_attributes": [],
          "private": "bnVsbA==",
          "dependencies": [
            "azurerm_resource_group.vpn_resource_group",
            "module.vpn_s2s_aws_azure.module.azure_network.azurerm_public_ip.vpn_public_ip",
            "module.vpn_s2s_aws_azure.module.azure_network.azurerm_subnet.vpn_subnet",
            "module.vpn_s2s_aws_azure.module.azure_network.azurerm_virtual_network.vpn_virtual_network",
            "module.vpn_s2s_aws_azure.module.azure_network.azurerm_virtual_network_gateway.virtual_network_gateway"
          ]
        }
      ]
    },
    {
      "module": "module.vpn_s2s_aws_azure.module.vpn_SiteToSite_connection[1]",
      "mode": "managed",
      "type": "aws_route",
      "name": "internet_gateway_route",
      "provider": "provider[\"registry.terraform.io/hashicorp/aws\"]",
      "instances": [
        {
          "schema_version": 0,
          "attributes": {
            "carrier_gateway_id": "",
            "core_network_arn": "",
            "destination_cidr_block": "0.0.0.0/0",
            "destination_ipv6_cidr_block": "",
            "destination_prefix_list_id": "",
            "egress_only_gateway_id": "",
            "gateway_id": "igw-090d57a68478b9e5b",
            "id": "r-rtb-0cf509ea12c39adcd1080289494",
            "instance_id": "",
            "instance_owner_id": "",
            "local_gateway_id": "",
            "nat_gateway_id": "",
            "network_interface_id": "",
            "origin": "CreateRoute",
            "route_table_id": "rtb-0cf509ea12c39adcd",
            "state": "active",
            "timeouts": null,
            "transit_gateway_id": "",
            "vpc_endpoint_id": "",
            "vpc_peering_connection_id": ""
          },
          "sensitive_attributes": [],
          "private": "eyJlMmJmYjczMC1lY2FhLTExZTYtOGY4OC0zNDM2M2JjN2M0YzAiOnsiY3JlYXRlIjozMDAwMDAwMDAwMDAsImRlbGV0ZSI6MzAwMDAwMDAwMDAwLCJ1cGRhdGUiOjEyMDAwMDAwMDAwMH19",
          "dependencies": [
            "azurerm_resource_group.vpn_resource_group",
            "module.vpn_s2s_aws_azure.module.aws_network.aws_internet_gateway.internet_gateway",
            "module.vpn_s2s_aws_azure.module.aws_network.aws_subnet.vpn_subnet",
            "module.vpn_s2s_aws_azure.module.aws_network.aws_vpc.vpn_vpc",
            "module.vpn_s2s_aws_azure.module.aws_network.aws_vpn_gateway.virtual_private_gateway"
          ]
        }
      ]
    },
    {
      "module": "module.vpn_s2s_aws_azure.module.vpn_SiteToSite_connection[1]",
      "mode": "managed",
      "type": "aws_route",
      "name": "vpn_gateway_route",
      "provider": "provider[\"registry.terraform.io/hashicorp/aws\"]",
      "instances": [
        {
          "schema_version": 0,
          "attributes": {
            "carrier_gateway_id": "",
            "core_network_arn": "",
            "destination_cidr_block": "10.10.0.0/16",
            "destination_ipv6_cidr_block": "",
            "destination_prefix_list_id": "",
            "egress_only_gateway_id": "",
            "gateway_id": "vgw-05babd32de48f02a4",
            "id": "r-rtb-0cf509ea12c39adcd519371977",
            "instance_id": "",
            "instance_owner_id": "",
            "local_gateway_id": "",
            "nat_gateway_id": "",
            "network_interface_id": "",
            "origin": "CreateRoute",
            "route_table_id": "rtb-0cf509ea12c39adcd",
            "state": "active",
            "timeouts": null,
            "transit_gateway_id": "",
            "vpc_endpoint_id": "",
            "vpc_peering_connection_id": ""
          },
          "sensitive_attributes": [],
          "private": "eyJlMmJmYjczMC1lY2FhLTExZTYtOGY4OC0zNDM2M2JjN2M0YzAiOnsiY3JlYXRlIjozMDAwMDAwMDAwMDAsImRlbGV0ZSI6MzAwMDAwMDAwMDAwLCJ1cGRhdGUiOjEyMDAwMDAwMDAwMH19",
          "dependencies": [
            "azurerm_resource_group.vpn_resource_group",
            "module.vpn_s2s_aws_azure.module.aws_network.aws_internet_gateway.internet_gateway",
            "module.vpn_s2s_aws_azure.module.aws_network.aws_subnet.vpn_subnet",
            "module.vpn_s2s_aws_azure.module.aws_network.aws_vpc.vpn_vpc",
            "module.vpn_s2s_aws_azure.module.aws_network.aws_vpn_gateway.virtual_private_gateway",
            "module.vpn_s2s_aws_azure.module.azure_network.azurerm_public_ip.vpn_public_ip",
            "module.vpn_s2s_aws_azure.module.azure_network.azurerm_subnet.vpn_subnet",
            "module.vpn_s2s_aws_azure.module.azure_network.azurerm_virtual_network.vpn_virtual_network",
            "module.vpn_s2s_aws_azure.module.azure_network.azurerm_virtual_network_gateway.virtual_network_gateway"
          ]
        }
      ]
    },
    {
      "module": "module.vpn_s2s_aws_azure.module.vpn_SiteToSite_connection[1]",
      "mode": "managed",
      "type": "aws_vpn_connection",
      "name": "vpn_connection",
      "provider": "provider[\"registry.terraform.io/hashicorp/aws\"]",
      "instances": [
        {
          "schema_version": 0,
          "attributes": {
            "arn": "arn:aws:ec2:us-east-1:008748484958:vpn-connection/vpn-0a9766ddc4bcf3079",
            "core_network_arn": "",
            "core_network_attachment_arn": "",
            "customer_gateway_configuration": "\u003c?xml version=\"1.0\" encoding=\"UTF-8\"?\u003e\n\u003cvpn_connection id=\"vpn-0a9766ddc4bcf3079\"\u003e\n  \u003ccustomer_gateway_id\u003ecgw-087dbaef601784ed7\u003c/customer_gateway_id\u003e\n  \u003cvpn_gateway_id\u003evgw-05babd32de48f02a4\u003c/vpn_gateway_id\u003e\n  \u003cvpn_connection_type\u003eipsec.1\u003c/vpn_connection_type\u003e\n  \u003cvpn_connection_attributes\u003eNoBGPVPNConnection\u003c/vpn_connection_attributes\u003e\n  \u003cipsec_tunnel\u003e\n    \u003ccustomer_gateway\u003e\n      \u003ctunnel_outside_address\u003e\n        \u003cip_address\u003e52.229.164.29\u003c/ip_address\u003e\n      \u003c/tunnel_outside_address\u003e\n      \u003ctunnel_inside_address\u003e\n        \u003cip_address\u003e169.254.242.54\u003c/ip_address\u003e\n        \u003cnetwork_mask\u003e255.255.255.252\u003c/network_mask\u003e\n        \u003cnetwork_cidr\u003e30\u003c/network_cidr\u003e\n      \u003c/tunnel_inside_address\u003e\n    \u003c/customer_gateway\u003e\n    \u003cvpn_gateway\u003e\n      \u003ctunnel_outside_address\u003e\n        \u003cip_address\u003e3.231.179.48\u003c/ip_address\u003e\n      \u003c/tunnel_outside_address\u003e\n      \u003ctunnel_inside_address\u003e\n        \u003cip_address\u003e169.254.242.53\u003c/ip_address\u003e\n        \u003cnetwork_mask\u003e255.255.255.252\u003c/network_mask\u003e\n        \u003cnetwork_cidr\u003e30\u003c/network_cidr\u003e\n      \u003c/tunnel_inside_address\u003e\n    \u003c/vpn_gateway\u003e\n    \u003cike\u003e\n      \u003cauthentication_protocol\u003esha1\u003c/authentication_protocol\u003e\n      \u003cencryption_protocol\u003eaes-128-cbc\u003c/encryption_protocol\u003e\n      \u003clifetime\u003e28800\u003c/lifetime\u003e\n      \u003cperfect_forward_secrecy\u003egroup2\u003c/perfect_forward_secrecy\u003e\n      \u003cmode\u003emain\u003c/mode\u003e\n      \u003cpre_shared_key\u003etuOKlWttxPNUqoffsbBtao_KaToqmQeO\u003c/pre_shared_key\u003e\n    \u003c/ike\u003e\n    \u003cipsec\u003e\n      \u003cprotocol\u003eesp\u003c/protocol\u003e\n      \u003cauthentication_protocol\u003ehmac-sha1-96\u003c/authentication_protocol\u003e\n      \u003cencryption_protocol\u003eaes-128-cbc\u003c/encryption_protocol\u003e\n      \u003clifetime\u003e3600\u003c/lifetime\u003e\n      \u003cperfect_forward_secrecy\u003egroup2\u003c/perfect_forward_secrecy\u003e\n      \u003cmode\u003etunnel\u003c/mode\u003e\n      \u003cclear_df_bit\u003etrue\u003c/clear_df_bit\u003e\n      \u003cfragmentation_before_encryption\u003etrue\u003c/fragmentation_before_encryption\u003e\n      \u003ctcp_mss_adjustment\u003e1379\u003c/tcp_mss_adjustment\u003e\n      \u003cdead_peer_detection\u003e\n        \u003cinterval\u003e10\u003c/interval\u003e\n        \u003cretries\u003e3\u003c/retries\u003e\n      \u003c/dead_peer_detection\u003e\n    \u003c/ipsec\u003e\n  \u003c/ipsec_tunnel\u003e\n  \u003cipsec_tunnel\u003e\n    \u003ccustomer_gateway\u003e\n      \u003ctunnel_outside_address\u003e\n        \u003cip_address\u003e52.229.164.29\u003c/ip_address\u003e\n      \u003c/tunnel_outside_address\u003e\n      \u003ctunnel_inside_address\u003e\n        \u003cip_address\u003e169.254.136.34\u003c/ip_address\u003e\n        \u003cnetwork_mask\u003e255.255.255.252\u003c/network_mask\u003e\n        \u003cnetwork_cidr\u003e30\u003c/network_cidr\u003e\n      \u003c/tunnel_inside_address\u003e\n    \u003c/customer_gateway\u003e\n    \u003cvpn_gateway\u003e\n      \u003ctunnel_outside_address\u003e\n        \u003cip_address\u003e52.55.252.184\u003c/ip_address\u003e\n      \u003c/tunnel_outside_address\u003e\n      \u003ctunnel_inside_address\u003e\n        \u003cip_address\u003e169.254.136.33\u003c/ip_address\u003e\n        \u003cnetwork_mask\u003e255.255.255.252\u003c/network_mask\u003e\n        \u003cnetwork_cidr\u003e30\u003c/network_cidr\u003e\n      \u003c/tunnel_inside_address\u003e\n    \u003c/vpn_gateway\u003e\n    \u003cike\u003e\n      \u003cauthentication_protocol\u003esha1\u003c/authentication_protocol\u003e\n      \u003cencryption_protocol\u003eaes-128-cbc\u003c/encryption_protocol\u003e\n      \u003clifetime\u003e28800\u003c/lifetime\u003e\n      \u003cperfect_forward_secrecy\u003egroup2\u003c/perfect_forward_secrecy\u003e\n      \u003cmode\u003emain\u003c/mode\u003e\n      \u003cpre_shared_key\u003eGFhW7L6Ffh3urlt1o7pRHPkCKZ0bXcTk\u003c/pre_shared_key\u003e\n    \u003c/ike\u003e\n    \u003cipsec\u003e\n      \u003cprotocol\u003eesp\u003c/protocol\u003e\n      \u003cauthentication_protocol\u003ehmac-sha1-96\u003c/authentication_protocol\u003e\n      \u003cencryption_protocol\u003eaes-128-cbc\u003c/encryption_protocol\u003e\n      \u003clifetime\u003e3600\u003c/lifetime\u003e\n      \u003cperfect_forward_secrecy\u003egroup2\u003c/perfect_forward_secrecy\u003e\n      \u003cmode\u003etunnel\u003c/mode\u003e\n      \u003cclear_df_bit\u003etrue\u003c/clear_df_bit\u003e\n      \u003cfragmentation_before_encryption\u003etrue\u003c/fragmentation_before_encryption\u003e\n      \u003ctcp_mss_adjustment\u003e1379\u003c/tcp_mss_adjustment\u003e\n      \u003cdead_peer_detection\u003e\n        \u003cinterval\u003e10\u003c/interval\u003e\n        \u003cretries\u003e3\u003c/retries\u003e\n      \u003c/dead_peer_detection\u003e\n    \u003c/ipsec\u003e\n  \u003c/ipsec_tunnel\u003e\n\u003c/vpn_connection\u003e\n",
            "customer_gateway_id": "cgw-087dbaef601784ed7",
            "enable_acceleration": false,
            "id": "vpn-0a9766ddc4bcf3079",
            "local_ipv4_network_cidr": "0.0.0.0/0",
            "local_ipv6_network_cidr": "",
            "outside_ip_address_type": "PublicIpv4",
            "remote_ipv4_network_cidr": "0.0.0.0/0",
            "remote_ipv6_network_cidr": "",
            "routes": [
              {
                "destination_cidr_block": "10.10.0.0/16",
                "source": "",
                "state": "available"
              }
            ],
            "static_routes_only": true,
            "tags": {
              "Name": "my-vpn-connection2",
              "author": "khangtictoc",
              "createdBy": "Terraform",
              "environment": "dev",
              "project": "lab_extra_03"
            },
            "tags_all": {
              "Name": "my-vpn-connection2",
              "author": "khangtictoc",
              "createdBy": "Terraform",
              "environment": "dev",
              "project": "lab_extra_03"
            },
            "transit_gateway_attachment_id": "",
            "transit_gateway_id": "",
            "transport_transit_gateway_attachment_id": "",
            "tunnel1_address": "3.231.179.48",
            "tunnel1_bgp_asn": "",
            "tunnel1_bgp_holdtime": 0,
            "tunnel1_cgw_inside_address": "169.254.242.54",
            "tunnel1_dpd_timeout_action": "",
            "tunnel1_dpd_timeout_seconds": 0,
            "tunnel1_enable_tunnel_lifecycle_control": false,
            "tunnel1_ike_versions": [],
            "tunnel1_inside_cidr": "169.254.242.52/30",
            "tunnel1_inside_ipv6_cidr": "",
            "tunnel1_log_options": [
              {
                "cloudwatch_log_options": [
                  {
                    "log_enabled": false,
                    "log_group_arn": "",
                    "log_output_format": ""
                  }
                ]
              }
            ],
            "tunnel1_phase1_dh_group_numbers": [],
            "tunnel1_phase1_encryption_algorithms": [],
            "tunnel1_phase1_integrity_algorithms": [],
            "tunnel1_phase1_lifetime_seconds": 0,
            "tunnel1_phase2_dh_group_numbers": [],
            "tunnel1_phase2_encryption_algorithms": [],
            "tunnel1_phase2_integrity_algorithms": [],
            "tunnel1_phase2_lifetime_seconds": 0,
            "tunnel1_preshared_key": "tuOKlWttxPNUqoffsbBtao_KaToqmQeO",
            "tunnel1_rekey_fuzz_percentage": 0,
            "tunnel1_rekey_margin_time_seconds": 0,
            "tunnel1_replay_window_size": 0,
            "tunnel1_startup_action": "",
            "tunnel1_vgw_inside_address": "169.254.242.53",
            "tunnel2_address": "52.55.252.184",
            "tunnel2_bgp_asn": "",
            "tunnel2_bgp_holdtime": 0,
            "tunnel2_cgw_inside_address": "169.254.136.34",
            "tunnel2_dpd_timeout_action": "",
            "tunnel2_dpd_timeout_seconds": 0,
            "tunnel2_enable_tunnel_lifecycle_control": false,
            "tunnel2_ike_versions": [],
            "tunnel2_inside_cidr": "169.254.136.32/30",
            "tunnel2_inside_ipv6_cidr": "",
            "tunnel2_log_options": [
              {
                "cloudwatch_log_options": [
                  {
                    "log_enabled": false,
                    "log_group_arn": "",
                    "log_output_format": ""
                  }
                ]
              }
            ],
            "tunnel2_phase1_dh_group_numbers": [],
            "tunnel2_phase1_encryption_algorithms": [],
            "tunnel2_phase1_integrity_algorithms": [],
            "tunnel2_phase1_lifetime_seconds": 0,
            "tunnel2_phase2_dh_group_numbers": [],
            "tunnel2_phase2_encryption_algorithms": [],
            "tunnel2_phase2_integrity_algorithms": [],
            "tunnel2_phase2_lifetime_seconds": 0,
            "tunnel2_preshared_key": "GFhW7L6Ffh3urlt1o7pRHPkCKZ0bXcTk",
            "tunnel2_rekey_fuzz_percentage": 0,
            "tunnel2_rekey_margin_time_seconds": 0,
            "tunnel2_replay_window_size": 0,
            "tunnel2_startup_action": "",
            "tunnel2_vgw_inside_address": "169.254.136.33",
            "tunnel_inside_ip_version": "ipv4",
            "type": "ipsec.1",
            "vgw_telemetry": [
              {
                "accepted_route_count": 1,
                "certificate_arn": "",
                "last_status_change": "2024-07-11T14:03:59Z",
                "outside_ip_address": "52.55.252.184",
                "status": "DOWN",
                "status_message": ""
              },
              {
                "accepted_route_count": 1,
                "certificate_arn": "",
                "last_status_change": "2024-07-11T14:06:03Z",
                "outside_ip_address": "3.231.179.48",
                "status": "UP",
                "status_message": ""
              }
            ],
            "vpn_gateway_id": "vgw-05babd32de48f02a4"
          },
          "sensitive_attributes": [
            [
              {
                "type": "get_attr",
                "value": "tunnel1_preshared_key"
              }
            ],
            [
              {
                "type": "get_attr",
                "value": "customer_gateway_configuration"
              }
            ],
            [
              {
                "type": "get_attr",
                "value": "tunnel2_preshared_key"
              }
            ]
          ],
          "private": "bnVsbA==",
          "dependencies": [
            "azurerm_resource_group.vpn_resource_group",
            "module.vpn_s2s_aws_azure.module.aws_network.aws_internet_gateway.internet_gateway",
            "module.vpn_s2s_aws_azure.module.aws_network.aws_subnet.vpn_subnet",
            "module.vpn_s2s_aws_azure.module.aws_network.aws_vpc.vpn_vpc",
            "module.vpn_s2s_aws_azure.module.aws_network.aws_vpn_gateway.virtual_private_gateway",
            "module.vpn_s2s_aws_azure.module.azure_network.azurerm_public_ip.vpn_public_ip",
            "module.vpn_s2s_aws_azure.module.azure_network.azurerm_subnet.vpn_subnet",
            "module.vpn_s2s_aws_azure.module.azure_network.azurerm_virtual_network.vpn_virtual_network",
            "module.vpn_s2s_aws_azure.module.azure_network.azurerm_virtual_network_gateway.virtual_network_gateway",
            "module.vpn_s2s_aws_azure.module.vpn_SiteToSite_connection.aws_customer_gateway.customer_gateway"
          ]
        }
      ]
    },
    {
      "module": "module.vpn_s2s_aws_azure.module.vpn_SiteToSite_connection[1]",
      "mode": "managed",
      "type": "aws_vpn_connection_route",
      "name": "vpn_static_routes",
      "provider": "provider[\"registry.terraform.io/hashicorp/aws\"]",
      "instances": [
        {
          "schema_version": 0,
          "attributes": {
            "destination_cidr_block": "10.10.0.0/16",
            "id": "10.10.0.0/16:vpn-0a9766ddc4bcf3079",
            "vpn_connection_id": "vpn-0a9766ddc4bcf3079"
          },
          "sensitive_attributes": [],
          "private": "bnVsbA==",
          "dependencies": [
            "azurerm_resource_group.vpn_resource_group",
            "module.vpn_s2s_aws_azure.module.aws_network.aws_internet_gateway.internet_gateway",
            "module.vpn_s2s_aws_azure.module.aws_network.aws_subnet.vpn_subnet",
            "module.vpn_s2s_aws_azure.module.aws_network.aws_vpc.vpn_vpc",
            "module.vpn_s2s_aws_azure.module.aws_network.aws_vpn_gateway.virtual_private_gateway",
            "module.vpn_s2s_aws_azure.module.azure_network.azurerm_public_ip.vpn_public_ip",
            "module.vpn_s2s_aws_azure.module.azure_network.azurerm_subnet.vpn_subnet",
            "module.vpn_s2s_aws_azure.module.azure_network.azurerm_virtual_network.vpn_virtual_network",
            "module.vpn_s2s_aws_azure.module.azure_network.azurerm_virtual_network_gateway.virtual_network_gateway",
            "module.vpn_s2s_aws_azure.module.vpn_SiteToSite_connection.aws_customer_gateway.customer_gateway",
            "module.vpn_s2s_aws_azure.module.vpn_SiteToSite_connection.aws_vpn_connection.vpn_connection"
          ]
        }
      ]
    },
    {
      "module": "module.vpn_s2s_aws_azure.module.vpn_SiteToSite_connection[1]",
      "mode": "managed",
      "type": "azurerm_local_network_gateway",
      "name": "local_network_gateway",
      "provider": "provider[\"registry.terraform.io/hashicorp/azurerm\"]",
      "instances": [
        {
          "schema_version": 0,
          "attributes": {
            "address_space": [
              "192.168.0.0/16"
            ],
            "bgp_settings": [],
            "gateway_address": "3.231.179.48",
            "gateway_fqdn": "",
            "id": "/subscriptions/ac90b42a-8ba9-48f5-9479-94dfd054e40d/resourceGroups/VPNSite2SiteDemo2/providers/Microsoft.Network/localNetworkGateways/my-vpn-connection2",
            "location": "eastasia",
            "name": "my-vpn-connection2",
            "resource_group_name": "VPNSite2SiteDemo2",
            "tags": {},
            "timeouts": null
          },
          "sensitive_attributes": [],
          "private": "eyJlMmJmYjczMC1lY2FhLTExZTYtOGY4OC0zNDM2M2JjN2M0YzAiOnsiY3JlYXRlIjoxODAwMDAwMDAwMDAwLCJkZWxldGUiOjE4MDAwMDAwMDAwMDAsInJlYWQiOjMwMDAwMDAwMDAwMCwidXBkYXRlIjoxODAwMDAwMDAwMDAwfX0=",
          "dependencies": [
            "azurerm_resource_group.vpn_resource_group",
            "module.vpn_s2s_aws_azure.module.aws_network.aws_internet_gateway.internet_gateway",
            "module.vpn_s2s_aws_azure.module.aws_network.aws_subnet.vpn_subnet",
            "module.vpn_s2s_aws_azure.module.aws_network.aws_vpc.vpn_vpc",
            "module.vpn_s2s_aws_azure.module.aws_network.aws_vpn_gateway.virtual_private_gateway",
            "module.vpn_s2s_aws_azure.module.azure_network.azurerm_public_ip.vpn_public_ip",
            "module.vpn_s2s_aws_azure.module.azure_network.azurerm_subnet.vpn_subnet",
            "module.vpn_s2s_aws_azure.module.azure_network.azurerm_virtual_network.vpn_virtual_network",
            "module.vpn_s2s_aws_azure.module.azure_network.azurerm_virtual_network_gateway.virtual_network_gateway",
            "module.vpn_s2s_aws_azure.module.vpn_SiteToSite_connection.aws_customer_gateway.customer_gateway",
            "module.vpn_s2s_aws_azure.module.vpn_SiteToSite_connection.aws_vpn_connection.vpn_connection"
          ]
        }
      ]
    },
    {
      "module": "module.vpn_s2s_aws_azure.module.vpn_SiteToSite_connection[1]",
      "mode": "managed",
      "type": "azurerm_virtual_network_gateway_connection",
      "name": "vpn_connection",
      "provider": "provider[\"registry.terraform.io/hashicorp/azurerm\"]",
      "instances": [
        {
          "schema_version": 0,
          "attributes": {
            "authorization_key": "",
            "connection_mode": "Default",
            "connection_protocol": "IKEv2",
            "custom_bgp_addresses": [],
            "dpd_timeout_seconds": 0,
            "egress_nat_rule_ids": [],
            "enable_bgp": false,
            "express_route_circuit_id": null,
            "express_route_gateway_bypass": false,
            "id": "/subscriptions/ac90b42a-8ba9-48f5-9479-94dfd054e40d/resourceGroups/VPNSite2SiteDemo2/providers/Microsoft.Network/connections/myVnetGWConn2",
            "ingress_nat_rule_ids": [],
            "ipsec_policy": [],
            "local_azure_ip_address_enabled": false,
            "local_network_gateway_id": "/subscriptions/ac90b42a-8ba9-48f5-9479-94dfd054e40d/resourceGroups/VPNSite2SiteDemo2/providers/Microsoft.Network/localNetworkGateways/my-vpn-connection2",
            "location": "eastasia",
            "name": "myVnetGWConn2",
            "peer_virtual_network_gateway_id": null,
            "resource_group_name": "VPNSite2SiteDemo2",
            "routing_weight": 0,
            "shared_key": "tuOKlWttxPNUqoffsbBtao_KaToqmQeO",
            "tags": {},
            "timeouts": null,
            "traffic_selector_policy": [],
            "type": "IPsec",
            "use_policy_based_traffic_selectors": false,
            "virtual_network_gateway_id": "/subscriptions/ac90b42a-8ba9-48f5-9479-94dfd054e40d/resourceGroups/VPNSite2SiteDemo2/providers/Microsoft.Network/virtualNetworkGateways/Vnet-Gateway-Demo2"
          },
          "sensitive_attributes": [
            [
              {
                "type": "get_attr",
                "value": "authorization_key"
              }
            ],
            [
              {
                "type": "get_attr",
                "value": "shared_key"
              }
            ]
          ],
          "private": "eyJlMmJmYjczMC1lY2FhLTExZTYtOGY4OC0zNDM2M2JjN2M0YzAiOnsiY3JlYXRlIjoxODAwMDAwMDAwMDAwLCJkZWxldGUiOjE4MDAwMDAwMDAwMDAsInJlYWQiOjMwMDAwMDAwMDAwMCwidXBkYXRlIjoxODAwMDAwMDAwMDAwfX0=",
          "dependencies": [
            "azurerm_resource_group.vpn_resource_group",
            "module.vpn_s2s_aws_azure.module.aws_network.aws_internet_gateway.internet_gateway",
            "module.vpn_s2s_aws_azure.module.aws_network.aws_subnet.vpn_subnet",
            "module.vpn_s2s_aws_azure.module.aws_network.aws_vpc.vpn_vpc",
            "module.vpn_s2s_aws_azure.module.aws_network.aws_vpn_gateway.virtual_private_gateway",
            "module.vpn_s2s_aws_azure.module.azure_network.azurerm_public_ip.vpn_public_ip",
            "module.vpn_s2s_aws_azure.module.azure_network.azurerm_subnet.vpn_subnet",
            "module.vpn_s2s_aws_azure.module.azure_network.azurerm_virtual_network.vpn_virtual_network",
            "module.vpn_s2s_aws_azure.module.azure_network.azurerm_virtual_network_gateway.virtual_network_gateway",
            "module.vpn_s2s_aws_azure.module.vpn_SiteToSite_connection.aws_customer_gateway.customer_gateway",
            "module.vpn_s2s_aws_azure.module.vpn_SiteToSite_connection.aws_vpn_connection.vpn_connection",
            "module.vpn_s2s_aws_azure.module.vpn_SiteToSite_connection.azurerm_local_network_gateway.local_network_gateway"
          ]
        }
      ]
    }
  ],
  "check_results": null
}
