{
  "version": 4,
  "terraform_version": "1.8.4",
  "serial": 1917,
  "lineage": "567fe067-cb4a-cef9-b3dd-c464a1f790dc",
  "outputs": {
    "aws_vpn_connection_info": {
      "value": [
        {
          "arn": "arn:aws:ec2:us-east-1:008748484958:vpn-connection/vpn-0bc0cc2872a0674dd",
          "core_network_arn": "",
          "core_network_attachment_arn": "",
          "customer_gateway_configuration": "\u003c?xml version=\"1.0\" encoding=\"UTF-8\"?\u003e\n\u003cvpn_connection id=\"vpn-0bc0cc2872a0674dd\"\u003e\n  \u003ccustomer_gateway_id\u003ecgw-079d2155ba3ed71bf\u003c/customer_gateway_id\u003e\n  \u003cvpn_gateway_id\u003evgw-0f22ec57e26d09add\u003c/vpn_gateway_id\u003e\n  \u003cvpn_connection_type\u003eipsec.1\u003c/vpn_connection_type\u003e\n  \u003cvpn_connection_attributes\u003eNoBGPVPNConnection\u003c/vpn_connection_attributes\u003e\n  \u003cipsec_tunnel\u003e\n    \u003ccustomer_gateway\u003e\n      \u003ctunnel_outside_address\u003e\n        \u003cip_address\u003e40.83.122.179\u003c/ip_address\u003e\n      \u003c/tunnel_outside_address\u003e\n      \u003ctunnel_inside_address\u003e\n        \u003cip_address\u003e169.254.128.58\u003c/ip_address\u003e\n        \u003cnetwork_mask\u003e255.255.255.252\u003c/network_mask\u003e\n        \u003cnetwork_cidr\u003e30\u003c/network_cidr\u003e\n      \u003c/tunnel_inside_address\u003e\n    \u003c/customer_gateway\u003e\n    \u003cvpn_gateway\u003e\n      \u003ctunnel_outside_address\u003e\n        \u003cip_address\u003e34.226.85.168\u003c/ip_address\u003e\n      \u003c/tunnel_outside_address\u003e\n      \u003ctunnel_inside_address\u003e\n        \u003cip_address\u003e169.254.128.57\u003c/ip_address\u003e\n        \u003cnetwork_mask\u003e255.255.255.252\u003c/network_mask\u003e\n        \u003cnetwork_cidr\u003e30\u003c/network_cidr\u003e\n      \u003c/tunnel_inside_address\u003e\n    \u003c/vpn_gateway\u003e\n    \u003cike\u003e\n      \u003cauthentication_protocol\u003esha1\u003c/authentication_protocol\u003e\n      \u003cencryption_protocol\u003eaes-128-cbc\u003c/encryption_protocol\u003e\n      \u003clifetime\u003e28800\u003c/lifetime\u003e\n      \u003cperfect_forward_secrecy\u003egroup2\u003c/perfect_forward_secrecy\u003e\n      \u003cmode\u003emain\u003c/mode\u003e\n      \u003cpre_shared_key\u003e94qjtrwZnO7aNl10j_z7fHr0w5cWO5Wx\u003c/pre_shared_key\u003e\n    \u003c/ike\u003e\n    \u003cipsec\u003e\n      \u003cprotocol\u003eesp\u003c/protocol\u003e\n      \u003cauthentication_protocol\u003ehmac-sha1-96\u003c/authentication_protocol\u003e\n      \u003cencryption_protocol\u003eaes-128-cbc\u003c/encryption_protocol\u003e\n      \u003clifetime\u003e3600\u003c/lifetime\u003e\n      \u003cperfect_forward_secrecy\u003egroup2\u003c/perfect_forward_secrecy\u003e\n      \u003cmode\u003etunnel\u003c/mode\u003e\n      \u003cclear_df_bit\u003etrue\u003c/clear_df_bit\u003e\n      \u003cfragmentation_before_encryption\u003etrue\u003c/fragmentation_before_encryption\u003e\n      \u003ctcp_mss_adjustment\u003e1379\u003c/tcp_mss_adjustment\u003e\n      \u003cdead_peer_detection\u003e\n        \u003cinterval\u003e10\u003c/interval\u003e\n        \u003cretries\u003e3\u003c/retries\u003e\n      \u003c/dead_peer_detection\u003e\n    \u003c/ipsec\u003e\n  \u003c/ipsec_tunnel\u003e\n  \u003cipsec_tunnel\u003e\n    \u003ccustomer_gateway\u003e\n      \u003ctunnel_outside_address\u003e\n        \u003cip_address\u003e40.83.122.179\u003c/ip_address\u003e\n      \u003c/tunnel_outside_address\u003e\n      \u003ctunnel_inside_address\u003e\n        \u003cip_address\u003e169.254.152.170\u003c/ip_address\u003e\n        \u003cnetwork_mask\u003e255.255.255.252\u003c/network_mask\u003e\n        \u003cnetwork_cidr\u003e30\u003c/network_cidr\u003e\n      \u003c/tunnel_inside_address\u003e\n    \u003c/customer_gateway\u003e\n    \u003cvpn_gateway\u003e\n      \u003ctunnel_outside_address\u003e\n        \u003cip_address\u003e100.28.195.246\u003c/ip_address\u003e\n      \u003c/tunnel_outside_address\u003e\n      \u003ctunnel_inside_address\u003e\n        \u003cip_address\u003e169.254.152.169\u003c/ip_address\u003e\n        \u003cnetwork_mask\u003e255.255.255.252\u003c/network_mask\u003e\n        \u003cnetwork_cidr\u003e30\u003c/network_cidr\u003e\n      \u003c/tunnel_inside_address\u003e\n    \u003c/vpn_gateway\u003e\n    \u003cike\u003e\n      \u003cauthentication_protocol\u003esha1\u003c/authentication_protocol\u003e\n      \u003cencryption_protocol\u003eaes-128-cbc\u003c/encryption_protocol\u003e\n      \u003clifetime\u003e28800\u003c/lifetime\u003e\n      \u003cperfect_forward_secrecy\u003egroup2\u003c/perfect_forward_secrecy\u003e\n      \u003cmode\u003emain\u003c/mode\u003e\n      \u003cpre_shared_key\u003e41dgcJKghUjEdEUf3AnY4d8ovCoakHSl\u003c/pre_shared_key\u003e\n    \u003c/ike\u003e\n    \u003cipsec\u003e\n      \u003cprotocol\u003eesp\u003c/protocol\u003e\n      \u003cauthentication_protocol\u003ehmac-sha1-96\u003c/authentication_protocol\u003e\n      \u003cencryption_protocol\u003eaes-128-cbc\u003c/encryption_protocol\u003e\n      \u003clifetime\u003e3600\u003c/lifetime\u003e\n      \u003cperfect_forward_secrecy\u003egroup2\u003c/perfect_forward_secrecy\u003e\n      \u003cmode\u003etunnel\u003c/mode\u003e\n      \u003cclear_df_bit\u003etrue\u003c/clear_df_bit\u003e\n      \u003cfragmentation_before_encryption\u003etrue\u003c/fragmentation_before_encryption\u003e\n      \u003ctcp_mss_adjustment\u003e1379\u003c/tcp_mss_adjustment\u003e\n      \u003cdead_peer_detection\u003e\n        \u003cinterval\u003e10\u003c/interval\u003e\n        \u003cretries\u003e3\u003c/retries\u003e\n      \u003c/dead_peer_detection\u003e\n    \u003c/ipsec\u003e\n  \u003c/ipsec_tunnel\u003e\n\u003c/vpn_connection\u003e\n",
          "customer_gateway_id": "cgw-079d2155ba3ed71bf",
          "enable_acceleration": false,
          "id": "vpn-0bc0cc2872a0674dd",
          "local_ipv4_network_cidr": "0.0.0.0/0",
          "local_ipv6_network_cidr": "",
          "outside_ip_address_type": "PublicIpv4",
          "remote_ipv4_network_cidr": "0.0.0.0/0",
          "remote_ipv6_network_cidr": "",
          "routes": [
            {
              "destination_cidr_block": "172.16.0.0/16",
              "source": "",
              "state": "available"
            }
          ],
          "static_routes_only": true,
          "tags": {
            "Name": "my-vpn-connection",
            "author": "khangtictoc",
            "createdBy": "Terraform",
            "environment": "dev",
            "project": "lab_extra_03"
          },
          "tags_all": {
            "Name": "my-vpn-connection",
            "author": "khangtictoc",
            "createdBy": "Terraform",
            "environment": "dev",
            "project": "lab_extra_03"
          },
          "transit_gateway_attachment_id": "",
          "transit_gateway_id": "",
          "transport_transit_gateway_attachment_id": "",
          "tunnel1_address": "34.226.85.168",
          "tunnel1_bgp_asn": "",
          "tunnel1_bgp_holdtime": 0,
          "tunnel1_cgw_inside_address": "169.254.128.58",
          "tunnel1_dpd_timeout_action": "",
          "tunnel1_dpd_timeout_seconds": 0,
          "tunnel1_enable_tunnel_lifecycle_control": false,
          "tunnel1_ike_versions": [],
          "tunnel1_inside_cidr": "169.254.128.56/30",
          "tunnel1_inside_ipv6_cidr": "",
          "tunnel1_log_options": [
            {
              "cloudwatch_log_options": [
                {
                  "log_enabled": false,
                  "log_group_arn": "",
                  "log_output_format": ""
                }
              ]
            }
          ],
          "tunnel1_phase1_dh_group_numbers": [],
          "tunnel1_phase1_encryption_algorithms": [],
          "tunnel1_phase1_integrity_algorithms": [],
          "tunnel1_phase1_lifetime_seconds": 0,
          "tunnel1_phase2_dh_group_numbers": [],
          "tunnel1_phase2_encryption_algorithms": [],
          "tunnel1_phase2_integrity_algorithms": [],
          "tunnel1_phase2_lifetime_seconds": 0,
          "tunnel1_preshared_key": "94qjtrwZnO7aNl10j_z7fHr0w5cWO5Wx",
          "tunnel1_rekey_fuzz_percentage": 0,
          "tunnel1_rekey_margin_time_seconds": 0,
          "tunnel1_replay_window_size": 0,
          "tunnel1_startup_action": "",
          "tunnel1_vgw_inside_address": "169.254.128.57",
          "tunnel2_address": "100.28.195.246",
          "tunnel2_bgp_asn": "",
          "tunnel2_bgp_holdtime": 0,
          "tunnel2_cgw_inside_address": "169.254.152.170",
          "tunnel2_dpd_timeout_action": "",
          "tunnel2_dpd_timeout_seconds": 0,
          "tunnel2_enable_tunnel_lifecycle_control": false,
          "tunnel2_ike_versions": [],
          "tunnel2_inside_cidr": "169.254.152.168/30",
          "tunnel2_inside_ipv6_cidr": "",
          "tunnel2_log_options": [
            {
              "cloudwatch_log_options": [
                {
                  "log_enabled": false,
                  "log_group_arn": "",
                  "log_output_format": ""
                }
              ]
            }
          ],
          "tunnel2_phase1_dh_group_numbers": [],
          "tunnel2_phase1_encryption_algorithms": [],
          "tunnel2_phase1_integrity_algorithms": [],
          "tunnel2_phase1_lifetime_seconds": 0,
          "tunnel2_phase2_dh_group_numbers": [],
          "tunnel2_phase2_encryption_algorithms": [],
          "tunnel2_phase2_integrity_algorithms": [],
          "tunnel2_phase2_lifetime_seconds": 0,
          "tunnel2_preshared_key": "41dgcJKghUjEdEUf3AnY4d8ovCoakHSl",
          "tunnel2_rekey_fuzz_percentage": 0,
          "tunnel2_rekey_margin_time_seconds": 0,
          "tunnel2_replay_window_size": 0,
          "tunnel2_startup_action": "",
          "tunnel2_vgw_inside_address": "169.254.152.169",
          "tunnel_inside_ip_version": "ipv4",
          "type": "ipsec.1",
          "vgw_telemetry": [
            {
              "accepted_route_count": 1,
              "certificate_arn": "",
              "last_status_change": "2024-07-05T02:25:36Z",
              "outside_ip_address": "100.28.195.246",
              "status": "DOWN",
              "status_message": ""
            },
            {
              "accepted_route_count": 1,
              "certificate_arn": "",
              "last_status_change": "2024-07-05T14:04:56Z",
              "outside_ip_address": "34.226.85.168",
              "status": "UP",
              "status_message": ""
            }
          ],
          "vpn_gateway_id": "vgw-0f22ec57e26d09add"
        },
        {
          "arn": "arn:aws:ec2:us-east-1:008748484958:vpn-connection/vpn-05d723a601b5877e4",
          "core_network_arn": "",
          "core_network_attachment_arn": "",
          "customer_gateway_configuration": "\u003c?xml version=\"1.0\" encoding=\"UTF-8\"?\u003e\n\u003cvpn_connection id=\"vpn-05d723a601b5877e4\"\u003e\n  \u003ccustomer_gateway_id\u003ecgw-0884a310a292388df\u003c/customer_gateway_id\u003e\n  \u003cvpn_gateway_id\u003evgw-0f22ec57e26d09add\u003c/vpn_gateway_id\u003e\n  \u003cvpn_connection_type\u003eipsec.1\u003c/vpn_connection_type\u003e\n  \u003cvpn_connection_attributes\u003eNoBGPVPNConnection\u003c/vpn_connection_attributes\u003e\n  \u003cipsec_tunnel\u003e\n    \u003ccustomer_gateway\u003e\n      \u003ctunnel_outside_address\u003e\n        \u003cip_address\u003e168.63.143.66\u003c/ip_address\u003e\n      \u003c/tunnel_outside_address\u003e\n      \u003ctunnel_inside_address\u003e\n        \u003cip_address\u003e169.254.239.50\u003c/ip_address\u003e\n        \u003cnetwork_mask\u003e255.255.255.252\u003c/network_mask\u003e\n        \u003cnetwork_cidr\u003e30\u003c/network_cidr\u003e\n      \u003c/tunnel_inside_address\u003e\n    \u003c/customer_gateway\u003e\n    \u003cvpn_gateway\u003e\n      \u003ctunnel_outside_address\u003e\n        \u003cip_address\u003e44.199.40.201\u003c/ip_address\u003e\n      \u003c/tunnel_outside_address\u003e\n      \u003ctunnel_inside_address\u003e\n        \u003cip_address\u003e169.254.239.49\u003c/ip_address\u003e\n        \u003cnetwork_mask\u003e255.255.255.252\u003c/network_mask\u003e\n        \u003cnetwork_cidr\u003e30\u003c/network_cidr\u003e\n      \u003c/tunnel_inside_address\u003e\n    \u003c/vpn_gateway\u003e\n    \u003cike\u003e\n      \u003cauthentication_protocol\u003esha1\u003c/authentication_protocol\u003e\n      \u003cencryption_protocol\u003eaes-128-cbc\u003c/encryption_protocol\u003e\n      \u003clifetime\u003e28800\u003c/lifetime\u003e\n      \u003cperfect_forward_secrecy\u003egroup2\u003c/perfect_forward_secrecy\u003e\n      \u003cmode\u003emain\u003c/mode\u003e\n      \u003cpre_shared_key\u003eRgKOr10ECbPt_evB.MJWOYPk0v30wIk4\u003c/pre_shared_key\u003e\n    \u003c/ike\u003e\n    \u003cipsec\u003e\n      \u003cprotocol\u003eesp\u003c/protocol\u003e\n      \u003cauthentication_protocol\u003ehmac-sha1-96\u003c/authentication_protocol\u003e\n      \u003cencryption_protocol\u003eaes-128-cbc\u003c/encryption_protocol\u003e\n      \u003clifetime\u003e3600\u003c/lifetime\u003e\n      \u003cperfect_forward_secrecy\u003egroup2\u003c/perfect_forward_secrecy\u003e\n      \u003cmode\u003etunnel\u003c/mode\u003e\n      \u003cclear_df_bit\u003etrue\u003c/clear_df_bit\u003e\n      \u003cfragmentation_before_encryption\u003etrue\u003c/fragmentation_before_encryption\u003e\n      \u003ctcp_mss_adjustment\u003e1379\u003c/tcp_mss_adjustment\u003e\n      \u003cdead_peer_detection\u003e\n        \u003cinterval\u003e10\u003c/interval\u003e\n        \u003cretries\u003e3\u003c/retries\u003e\n      \u003c/dead_peer_detection\u003e\n    \u003c/ipsec\u003e\n  \u003c/ipsec_tunnel\u003e\n  \u003cipsec_tunnel\u003e\n    \u003ccustomer_gateway\u003e\n      \u003ctunnel_outside_address\u003e\n        \u003cip_address\u003e168.63.143.66\u003c/ip_address\u003e\n      \u003c/tunnel_outside_address\u003e\n      \u003ctunnel_inside_address\u003e\n        \u003cip_address\u003e169.254.104.134\u003c/ip_address\u003e\n        \u003cnetwork_mask\u003e255.255.255.252\u003c/network_mask\u003e\n        \u003cnetwork_cidr\u003e30\u003c/network_cidr\u003e\n      \u003c/tunnel_inside_address\u003e\n    \u003c/customer_gateway\u003e\n    \u003cvpn_gateway\u003e\n      \u003ctunnel_outside_address\u003e\n        \u003cip_address\u003e44.209.225.123\u003c/ip_address\u003e\n      \u003c/tunnel_outside_address\u003e\n      \u003ctunnel_inside_address\u003e\n        \u003cip_address\u003e169.254.104.133\u003c/ip_address\u003e\n        \u003cnetwork_mask\u003e255.255.255.252\u003c/network_mask\u003e\n        \u003cnetwork_cidr\u003e30\u003c/network_cidr\u003e\n      \u003c/tunnel_inside_address\u003e\n    \u003c/vpn_gateway\u003e\n    \u003cike\u003e\n      \u003cauthentication_protocol\u003esha1\u003c/authentication_protocol\u003e\n      \u003cencryption_protocol\u003eaes-128-cbc\u003c/encryption_protocol\u003e\n      \u003clifetime\u003e28800\u003c/lifetime\u003e\n      \u003cperfect_forward_secrecy\u003egroup2\u003c/perfect_forward_secrecy\u003e\n      \u003cmode\u003emain\u003c/mode\u003e\n      \u003cpre_shared_key\u003eVy1flHm0G1TpDuyuUCXYLsUp0WCMW36U\u003c/pre_shared_key\u003e\n    \u003c/ike\u003e\n    \u003cipsec\u003e\n      \u003cprotocol\u003eesp\u003c/protocol\u003e\n      \u003cauthentication_protocol\u003ehmac-sha1-96\u003c/authentication_protocol\u003e\n      \u003cencryption_protocol\u003eaes-128-cbc\u003c/encryption_protocol\u003e\n      \u003clifetime\u003e3600\u003c/lifetime\u003e\n      \u003cperfect_forward_secrecy\u003egroup2\u003c/perfect_forward_secrecy\u003e\n      \u003cmode\u003etunnel\u003c/mode\u003e\n      \u003cclear_df_bit\u003etrue\u003c/clear_df_bit\u003e\n      \u003cfragmentation_before_encryption\u003etrue\u003c/fragmentation_before_encryption\u003e\n      \u003ctcp_mss_adjustment\u003e1379\u003c/tcp_mss_adjustment\u003e\n      \u003cdead_peer_detection\u003e\n        \u003cinterval\u003e10\u003c/interval\u003e\n        \u003cretries\u003e3\u003c/retries\u003e\n      \u003c/dead_peer_detection\u003e\n    \u003c/ipsec\u003e\n  \u003c/ipsec_tunnel\u003e\n\u003c/vpn_connection\u003e\n",
          "customer_gateway_id": "cgw-0884a310a292388df",
          "enable_acceleration": false,
          "id": "vpn-05d723a601b5877e4",
          "local_ipv4_network_cidr": "0.0.0.0/0",
          "local_ipv6_network_cidr": "",
          "outside_ip_address_type": "PublicIpv4",
          "remote_ipv4_network_cidr": "0.0.0.0/0",
          "remote_ipv6_network_cidr": "",
          "routes": [
            {
              "destination_cidr_block": "10.10.0.0/16",
              "source": "",
              "state": "available"
            }
          ],
          "static_routes_only": true,
          "tags": {
            "Name": "my-vpn-connection2",
            "author": "khangtictoc",
            "createdBy": "Terraform",
            "environment": "dev",
            "project": "lab_extra_03"
          },
          "tags_all": {
            "Name": "my-vpn-connection2",
            "author": "khangtictoc",
            "createdBy": "Terraform",
            "environment": "dev",
            "project": "lab_extra_03"
          },
          "transit_gateway_attachment_id": "",
          "transit_gateway_id": "",
          "transport_transit_gateway_attachment_id": "",
          "tunnel1_address": "44.199.40.201",
          "tunnel1_bgp_asn": "",
          "tunnel1_bgp_holdtime": 0,
          "tunnel1_cgw_inside_address": "169.254.239.50",
          "tunnel1_dpd_timeout_action": "",
          "tunnel1_dpd_timeout_seconds": 0,
          "tunnel1_enable_tunnel_lifecycle_control": false,
          "tunnel1_ike_versions": [],
          "tunnel1_inside_cidr": "169.254.239.48/30",
          "tunnel1_inside_ipv6_cidr": "",
          "tunnel1_log_options": [
            {
              "cloudwatch_log_options": [
                {
                  "log_enabled": false,
                  "log_group_arn": "",
                  "log_output_format": ""
                }
              ]
            }
          ],
          "tunnel1_phase1_dh_group_numbers": [],
          "tunnel1_phase1_encryption_algorithms": [],
          "tunnel1_phase1_integrity_algorithms": [],
          "tunnel1_phase1_lifetime_seconds": 0,
          "tunnel1_phase2_dh_group_numbers": [],
          "tunnel1_phase2_encryption_algorithms": [],
          "tunnel1_phase2_integrity_algorithms": [],
          "tunnel1_phase2_lifetime_seconds": 0,
          "tunnel1_preshared_key": "RgKOr10ECbPt_evB.MJWOYPk0v30wIk4",
          "tunnel1_rekey_fuzz_percentage": 0,
          "tunnel1_rekey_margin_time_seconds": 0,
          "tunnel1_replay_window_size": 0,
          "tunnel1_startup_action": "",
          "tunnel1_vgw_inside_address": "169.254.239.49",
          "tunnel2_address": "44.209.225.123",
          "tunnel2_bgp_asn": "",
          "tunnel2_bgp_holdtime": 0,
          "tunnel2_cgw_inside_address": "169.254.104.134",
          "tunnel2_dpd_timeout_action": "",
          "tunnel2_dpd_timeout_seconds": 0,
          "tunnel2_enable_tunnel_lifecycle_control": false,
          "tunnel2_ike_versions": [],
          "tunnel2_inside_cidr": "169.254.104.132/30",
          "tunnel2_inside_ipv6_cidr": "",
          "tunnel2_log_options": [
            {
              "cloudwatch_log_options": [
                {
                  "log_enabled": false,
                  "log_group_arn": "",
                  "log_output_format": ""
                }
              ]
            }
          ],
          "tunnel2_phase1_dh_group_numbers": [],
          "tunnel2_phase1_encryption_algorithms": [],
          "tunnel2_phase1_integrity_algorithms": [],
          "tunnel2_phase1_lifetime_seconds": 0,
          "tunnel2_phase2_dh_group_numbers": [],
          "tunnel2_phase2_encryption_algorithms": [],
          "tunnel2_phase2_integrity_algorithms": [],
          "tunnel2_phase2_lifetime_seconds": 0,
          "tunnel2_preshared_key": "Vy1flHm0G1TpDuyuUCXYLsUp0WCMW36U",
          "tunnel2_rekey_fuzz_percentage": 0,
          "tunnel2_rekey_margin_time_seconds": 0,
          "tunnel2_replay_window_size": 0,
          "tunnel2_startup_action": "",
          "tunnel2_vgw_inside_address": "169.254.104.133",
          "tunnel_inside_ip_version": "ipv4",
          "type": "ipsec.1",
          "vgw_telemetry": [
            {
              "accepted_route_count": 1,
              "certificate_arn": "",
              "last_status_change": "2024-07-05T02:26:06Z",
              "outside_ip_address": "44.209.225.123",
              "status": "DOWN",
              "status_message": ""
            },
            {
              "accepted_route_count": 1,
              "certificate_arn": "",
              "last_status_change": "2024-07-05T02:31:00Z",
              "outside_ip_address": "44.199.40.201",
              "status": "UP",
              "status_message": ""
            }
          ],
          "vpn_gateway_id": "vgw-0f22ec57e26d09add"
        }
      ],
      "type": [
        "tuple",
        [
          [
            "object",
            {
              "arn": "string",
              "core_network_arn": "string",
              "core_network_attachment_arn": "string",
              "customer_gateway_configuration": "string",
              "customer_gateway_id": "string",
              "enable_acceleration": "bool",
              "id": "string",
              "local_ipv4_network_cidr": "string",
              "local_ipv6_network_cidr": "string",
              "outside_ip_address_type": "string",
              "remote_ipv4_network_cidr": "string",
              "remote_ipv6_network_cidr": "string",
              "routes": [
                "set",
                [
                  "object",
                  {
                    "destination_cidr_block": "string",
                    "source": "string",
                    "state": "string"
                  }
                ]
              ],
              "static_routes_only": "bool",
              "tags": [
                "map",
                "string"
              ],
              "tags_all": [
                "map",
                "string"
              ],
              "transit_gateway_attachment_id": "string",
              "transit_gateway_id": "string",
              "transport_transit_gateway_attachment_id": "string",
              "tunnel1_address": "string",
              "tunnel1_bgp_asn": "string",
              "tunnel1_bgp_holdtime": "number",
              "tunnel1_cgw_inside_address": "string",
              "tunnel1_dpd_timeout_action": "string",
              "tunnel1_dpd_timeout_seconds": "number",
              "tunnel1_enable_tunnel_lifecycle_control": "bool",
              "tunnel1_ike_versions": [
                "set",
                "string"
              ],
              "tunnel1_inside_cidr": "string",
              "tunnel1_inside_ipv6_cidr": "string",
              "tunnel1_log_options": [
                "list",
                [
                  "object",
                  {
                    "cloudwatch_log_options": [
                      "list",
                      [
                        "object",
                        {
                          "log_enabled": "bool",
                          "log_group_arn": "string",
                          "log_output_format": "string"
                        }
                      ]
                    ]
                  }
                ]
              ],
              "tunnel1_phase1_dh_group_numbers": [
                "set",
                "number"
              ],
              "tunnel1_phase1_encryption_algorithms": [
                "set",
                "string"
              ],
              "tunnel1_phase1_integrity_algorithms": [
                "set",
                "string"
              ],
              "tunnel1_phase1_lifetime_seconds": "number",
              "tunnel1_phase2_dh_group_numbers": [
                "set",
                "number"
              ],
              "tunnel1_phase2_encryption_algorithms": [
                "set",
                "string"
              ],
              "tunnel1_phase2_integrity_algorithms": [
                "set",
                "string"
              ],
              "tunnel1_phase2_lifetime_seconds": "number",
              "tunnel1_preshared_key": "string",
              "tunnel1_rekey_fuzz_percentage": "number",
              "tunnel1_rekey_margin_time_seconds": "number",
              "tunnel1_replay_window_size": "number",
              "tunnel1_startup_action": "string",
              "tunnel1_vgw_inside_address": "string",
              "tunnel2_address": "string",
              "tunnel2_bgp_asn": "string",
              "tunnel2_bgp_holdtime": "number",
              "tunnel2_cgw_inside_address": "string",
              "tunnel2_dpd_timeout_action": "string",
              "tunnel2_dpd_timeout_seconds": "number",
              "tunnel2_enable_tunnel_lifecycle_control": "bool",
              "tunnel2_ike_versions": [
                "set",
                "string"
              ],
              "tunnel2_inside_cidr": "string",
              "tunnel2_inside_ipv6_cidr": "string",
              "tunnel2_log_options": [
                "list",
                [
                  "object",
                  {
                    "cloudwatch_log_options": [
                      "list",
                      [
                        "object",
                        {
                          "log_enabled": "bool",
                          "log_group_arn": "string",
                          "log_output_format": "string"
                        }
                      ]
                    ]
                  }
                ]
              ],
              "tunnel2_phase1_dh_group_numbers": [
                "set",
                "number"
              ],
              "tunnel2_phase1_encryption_algorithms": [
                "set",
                "string"
              ],
              "tunnel2_phase1_integrity_algorithms": [
                "set",
                "string"
              ],
              "tunnel2_phase1_lifetime_seconds": "number",
              "tunnel2_phase2_dh_group_numbers": [
                "set",
                "number"
              ],
              "tunnel2_phase2_encryption_algorithms": [
                "set",
                "string"
              ],
              "tunnel2_phase2_integrity_algorithms": [
                "set",
                "string"
              ],
              "tunnel2_phase2_lifetime_seconds": "number",
              "tunnel2_preshared_key": "string",
              "tunnel2_rekey_fuzz_percentage": "number",
              "tunnel2_rekey_margin_time_seconds": "number",
              "tunnel2_replay_window_size": "number",
              "tunnel2_startup_action": "string",
              "tunnel2_vgw_inside_address": "string",
              "tunnel_inside_ip_version": "string",
              "type": "string",
              "vgw_telemetry": [
                "set",
                [
                  "object",
                  {
                    "accepted_route_count": "number",
                    "certificate_arn": "string",
                    "last_status_change": "string",
                    "outside_ip_address": "string",
                    "status": "string",
                    "status_message": "string"
                  }
                ]
              ],
              "vpn_gateway_id": "string"
            }
          ],
          [
            "object",
            {
              "arn": "string",
              "core_network_arn": "string",
              "core_network_attachment_arn": "string",
              "customer_gateway_configuration": "string",
              "customer_gateway_id": "string",
              "enable_acceleration": "bool",
              "id": "string",
              "local_ipv4_network_cidr": "string",
              "local_ipv6_network_cidr": "string",
              "outside_ip_address_type": "string",
              "remote_ipv4_network_cidr": "string",
              "remote_ipv6_network_cidr": "string",
              "routes": [
                "set",
                [
                  "object",
                  {
                    "destination_cidr_block": "string",
                    "source": "string",
                    "state": "string"
                  }
                ]
              ],
              "static_routes_only": "bool",
              "tags": [
                "map",
                "string"
              ],
              "tags_all": [
                "map",
                "string"
              ],
              "transit_gateway_attachment_id": "string",
              "transit_gateway_id": "string",
              "transport_transit_gateway_attachment_id": "string",
              "tunnel1_address": "string",
              "tunnel1_bgp_asn": "string",
              "tunnel1_bgp_holdtime": "number",
              "tunnel1_cgw_inside_address": "string",
              "tunnel1_dpd_timeout_action": "string",
              "tunnel1_dpd_timeout_seconds": "number",
              "tunnel1_enable_tunnel_lifecycle_control": "bool",
              "tunnel1_ike_versions": [
                "set",
                "string"
              ],
              "tunnel1_inside_cidr": "string",
              "tunnel1_inside_ipv6_cidr": "string",
              "tunnel1_log_options": [
                "list",
                [
                  "object",
                  {
                    "cloudwatch_log_options": [
                      "list",
                      [
                        "object",
                        {
                          "log_enabled": "bool",
                          "log_group_arn": "string",
                          "log_output_format": "string"
                        }
                      ]
                    ]
                  }
                ]
              ],
              "tunnel1_phase1_dh_group_numbers": [
                "set",
                "number"
              ],
              "tunnel1_phase1_encryption_algorithms": [
                "set",
                "string"
              ],
              "tunnel1_phase1_integrity_algorithms": [
                "set",
                "string"
              ],
              "tunnel1_phase1_lifetime_seconds": "number",
              "tunnel1_phase2_dh_group_numbers": [
                "set",
                "number"
              ],
              "tunnel1_phase2_encryption_algorithms": [
                "set",
                "string"
              ],
              "tunnel1_phase2_integrity_algorithms": [
                "set",
                "string"
              ],
              "tunnel1_phase2_lifetime_seconds": "number",
              "tunnel1_preshared_key": "string",
              "tunnel1_rekey_fuzz_percentage": "number",
              "tunnel1_rekey_margin_time_seconds": "number",
              "tunnel1_replay_window_size": "number",
              "tunnel1_startup_action": "string",
              "tunnel1_vgw_inside_address": "string",
              "tunnel2_address": "string",
              "tunnel2_bgp_asn": "string",
              "tunnel2_bgp_holdtime": "number",
              "tunnel2_cgw_inside_address": "string",
              "tunnel2_dpd_timeout_action": "string",
              "tunnel2_dpd_timeout_seconds": "number",
              "tunnel2_enable_tunnel_lifecycle_control": "bool",
              "tunnel2_ike_versions": [
                "set",
                "string"
              ],
              "tunnel2_inside_cidr": "string",
              "tunnel2_inside_ipv6_cidr": "string",
              "tunnel2_log_options": [
                "list",
                [
                  "object",
                  {
                    "cloudwatch_log_options": [
                      "list",
                      [
                        "object",
                        {
                          "log_enabled": "bool",
                          "log_group_arn": "string",
                          "log_output_format": "string"
                        }
                      ]
                    ]
                  }
                ]
              ],
              "tunnel2_phase1_dh_group_numbers": [
                "set",
                "number"
              ],
              "tunnel2_phase1_encryption_algorithms": [
                "set",
                "string"
              ],
              "tunnel2_phase1_integrity_algorithms": [
                "set",
                "string"
              ],
              "tunnel2_phase1_lifetime_seconds": "number",
              "tunnel2_phase2_dh_group_numbers": [
                "set",
                "number"
              ],
              "tunnel2_phase2_encryption_algorithms": [
                "set",
                "string"
              ],
              "tunnel2_phase2_integrity_algorithms": [
                "set",
                "string"
              ],
              "tunnel2_phase2_lifetime_seconds": "number",
              "tunnel2_preshared_key": "string",
              "tunnel2_rekey_fuzz_percentage": "number",
              "tunnel2_rekey_margin_time_seconds": "number",
              "tunnel2_replay_window_size": "number",
              "tunnel2_startup_action": "string",
              "tunnel2_vgw_inside_address": "string",
              "tunnel_inside_ip_version": "string",
              "type": "string",
              "vgw_telemetry": [
                "set",
                [
                  "object",
                  {
                    "accepted_route_count": "number",
                    "certificate_arn": "string",
                    "last_status_change": "string",
                    "outside_ip_address": "string",
                    "status": "string",
                    "status_message": "string"
                  }
                ]
              ],
              "vpn_gateway_id": "string"
            }
          ]
        ]
      ],
      "sensitive": true
    },
    "aws_vpn_connection_tunnel_status": {
      "value": [
        [
          {
            "accepted_route_count": 1,
            "certificate_arn": "",
            "last_status_change": "2024-07-05T02:25:36Z",
            "outside_ip_address": "100.28.195.246",
            "status": "DOWN",
            "status_message": ""
          },
          {
            "accepted_route_count": 1,
            "certificate_arn": "",
            "last_status_change": "2024-07-05T14:04:56Z",
            "outside_ip_address": "34.226.85.168",
            "status": "UP",
            "status_message": ""
          }
        ],
        [
          {
            "accepted_route_count": 1,
            "certificate_arn": "",
            "last_status_change": "2024-07-05T02:26:06Z",
            "outside_ip_address": "44.209.225.123",
            "status": "DOWN",
            "status_message": ""
          },
          {
            "accepted_route_count": 1,
            "certificate_arn": "",
            "last_status_change": "2024-07-05T02:31:00Z",
            "outside_ip_address": "44.199.40.201",
            "status": "UP",
            "status_message": ""
          }
        ]
      ],
      "type": [
        "tuple",
        [
          [
            "set",
            [
              "object",
              {
                "accepted_route_count": "number",
                "certificate_arn": "string",
                "last_status_change": "string",
                "outside_ip_address": "string",
                "status": "string",
                "status_message": "string"
              }
            ]
          ],
          [
            "set",
            [
              "object",
              {
                "accepted_route_count": "number",
                "certificate_arn": "string",
                "last_status_change": "string",
                "outside_ip_address": "string",
                "status": "string",
                "status_message": "string"
              }
            ]
          ]
        ]
      ],
      "sensitive": true
    },
    "azure_vnet_gateway_info": {
      "value": [
        {
          "id": "/subscriptions/ac90b42a-8ba9-48f5-9479-94dfd054e40d/resourceGroups/VPNSite2SiteDemo/providers/Microsoft.Network/virtualNetworkGateways/Vnet-Gateway-Demo",
          "public_ip_address": "40.83.122.179",
          "subnet_id": "/subscriptions/ac90b42a-8ba9-48f5-9479-94dfd054e40d/resourceGroups/VPNSite2SiteDemo/providers/Microsoft.Network/virtualNetworks/VpnVnet/subnets/GatewaySubnet"
        },
        {
          "id": "/subscriptions/ac90b42a-8ba9-48f5-9479-94dfd054e40d/resourceGroups/VPNSite2SiteDemo2/providers/Microsoft.Network/virtualNetworkGateways/Vnet-Gateway-Demo2",
          "public_ip_address": "168.63.143.66",
          "subnet_id": "/subscriptions/ac90b42a-8ba9-48f5-9479-94dfd054e40d/resourceGroups/VPNSite2SiteDemo2/providers/Microsoft.Network/virtualNetworks/VpnVnet2/subnets/GatewaySubnet"
        }
      ],
      "type": [
        "tuple",
        [
          [
            "object",
            {
              "id": "string",
              "public_ip_address": "string",
              "subnet_id": "string"
            }
          ],
          [
            "object",
            {
              "id": "string",
              "public_ip_address": "string",
              "subnet_id": "string"
            }
          ]
        ]
      ],
      "sensitive": true
    },
    "azure_vnet_info": {
      "value": [
        {
          "address_space": [
            "172.16.0.0/16"
          ],
          "id": "/subscriptions/ac90b42a-8ba9-48f5-9479-94dfd054e40d/resourceGroups/VPNSite2SiteDemo/providers/Microsoft.Network/virtualNetworks/VpnVnet",
          "subnets": [
            {
              "address_prefix": "172.16.0.0/27",
              "id": "/subscriptions/ac90b42a-8ba9-48f5-9479-94dfd054e40d/resourceGroups/VPNSite2SiteDemo/providers/Microsoft.Network/virtualNetworks/VpnVnet/subnets/GatewaySubnet",
              "name": "GatewaySubnet",
              "security_group": ""
            },
            {
              "address_prefix": "172.16.1.0/24",
              "id": "/subscriptions/ac90b42a-8ba9-48f5-9479-94dfd054e40d/resourceGroups/VPNSite2SiteDemo/providers/Microsoft.Network/virtualNetworks/VpnVnet/subnets/AppSubnet",
              "name": "AppSubnet",
              "security_group": ""
            },
            {
              "address_prefix": "172.16.2.0/24",
              "id": "/subscriptions/ac90b42a-8ba9-48f5-9479-94dfd054e40d/resourceGroups/VPNSite2SiteDemo/providers/Microsoft.Network/virtualNetworks/VpnVnet/subnets/AppGatewaySubnet",
              "name": "AppGatewaySubnet",
              "security_group": ""
            }
          ]
        },
        {
          "address_space": [
            "10.10.0.0/16"
          ],
          "id": "/subscriptions/ac90b42a-8ba9-48f5-9479-94dfd054e40d/resourceGroups/VPNSite2SiteDemo2/providers/Microsoft.Network/virtualNetworks/VpnVnet2",
          "subnets": [
            {
              "address_prefix": "10.10.0.0/27",
              "id": "/subscriptions/ac90b42a-8ba9-48f5-9479-94dfd054e40d/resourceGroups/VPNSite2SiteDemo2/providers/Microsoft.Network/virtualNetworks/VpnVnet2/subnets/GatewaySubnet",
              "name": "GatewaySubnet",
              "security_group": ""
            },
            {
              "address_prefix": "10.10.1.0/24",
              "id": "/subscriptions/ac90b42a-8ba9-48f5-9479-94dfd054e40d/resourceGroups/VPNSite2SiteDemo2/providers/Microsoft.Network/virtualNetworks/VpnVnet2/subnets/AppSubnet",
              "name": "AppSubnet",
              "security_group": ""
            },
            {
              "address_prefix": "10.10.2.0/24",
              "id": "/subscriptions/ac90b42a-8ba9-48f5-9479-94dfd054e40d/resourceGroups/VPNSite2SiteDemo2/providers/Microsoft.Network/virtualNetworks/VpnVnet2/subnets/AppGatewaySubnet",
              "name": "AppGatewaySubnet",
              "security_group": ""
            }
          ]
        }
      ],
      "type": [
        "tuple",
        [
          [
            "object",
            {
              "address_space": [
                "list",
                "string"
              ],
              "id": "string",
              "subnets": [
                "set",
                [
                  "object",
                  {
                    "address_prefix": "string",
                    "id": "string",
                    "name": "string",
                    "security_group": "string"
                  }
                ]
              ]
            }
          ],
          [
            "object",
            {
              "address_space": [
                "list",
                "string"
              ],
              "id": "string",
              "subnets": [
                "set",
                [
                  "object",
                  {
                    "address_prefix": "string",
                    "id": "string",
                    "name": "string",
                    "security_group": "string"
                  }
                ]
              ]
            }
          ]
        ]
      ],
      "sensitive": true
    },
    "azure_vpn_connection_info": {
      "value": [
        {
          "authorization_key": "",
          "connection_mode": "Default",
          "connection_protocol": "IKEv2",
          "custom_bgp_addresses": [],
          "dpd_timeout_seconds": 0,
          "egress_nat_rule_ids": [],
          "enable_bgp": false,
          "express_route_circuit_id": null,
          "express_route_gateway_bypass": false,
          "id": "/subscriptions/ac90b42a-8ba9-48f5-9479-94dfd054e40d/resourceGroups/VPNSite2SiteDemo/providers/Microsoft.Network/connections/myVnetGWConn",
          "ingress_nat_rule_ids": [],
          "ipsec_policy": [],
          "local_azure_ip_address_enabled": false,
          "local_network_gateway_id": "/subscriptions/ac90b42a-8ba9-48f5-9479-94dfd054e40d/resourceGroups/VPNSite2SiteDemo/providers/Microsoft.Network/localNetworkGateways/my-vpn-connection",
          "location": "eastasia",
          "name": "myVnetGWConn",
          "peer_virtual_network_gateway_id": null,
          "resource_group_name": "VPNSite2SiteDemo",
          "routing_weight": 0,
          "shared_key": "94qjtrwZnO7aNl10j_z7fHr0w5cWO5Wx",
          "tags": {},
          "timeouts": null,
          "traffic_selector_policy": [],
          "type": "IPsec",
          "use_policy_based_traffic_selectors": false,
          "virtual_network_gateway_id": "/subscriptions/ac90b42a-8ba9-48f5-9479-94dfd054e40d/resourceGroups/VPNSite2SiteDemo/providers/Microsoft.Network/virtualNetworkGateways/Vnet-Gateway-Demo"
        },
        {
          "authorization_key": "",
          "connection_mode": "Default",
          "connection_protocol": "IKEv2",
          "custom_bgp_addresses": [],
          "dpd_timeout_seconds": 0,
          "egress_nat_rule_ids": [],
          "enable_bgp": false,
          "express_route_circuit_id": null,
          "express_route_gateway_bypass": false,
          "id": "/subscriptions/ac90b42a-8ba9-48f5-9479-94dfd054e40d/resourceGroups/VPNSite2SiteDemo2/providers/Microsoft.Network/connections/myVnetGWConn2",
          "ingress_nat_rule_ids": [],
          "ipsec_policy": [],
          "local_azure_ip_address_enabled": false,
          "local_network_gateway_id": "/subscriptions/ac90b42a-8ba9-48f5-9479-94dfd054e40d/resourceGroups/VPNSite2SiteDemo2/providers/Microsoft.Network/localNetworkGateways/my-vpn-connection2",
          "location": "eastasia",
          "name": "myVnetGWConn2",
          "peer_virtual_network_gateway_id": null,
          "resource_group_name": "VPNSite2SiteDemo2",
          "routing_weight": 0,
          "shared_key": "RgKOr10ECbPt_evB.MJWOYPk0v30wIk4",
          "tags": {},
          "timeouts": null,
          "traffic_selector_policy": [],
          "type": "IPsec",
          "use_policy_based_traffic_selectors": false,
          "virtual_network_gateway_id": "/subscriptions/ac90b42a-8ba9-48f5-9479-94dfd054e40d/resourceGroups/VPNSite2SiteDemo2/providers/Microsoft.Network/virtualNetworkGateways/Vnet-Gateway-Demo2"
        }
      ],
      "type": [
        "tuple",
        [
          [
            "object",
            {
              "authorization_key": "string",
              "connection_mode": "string",
              "connection_protocol": "string",
              "custom_bgp_addresses": [
                "list",
                [
                  "object",
                  {
                    "primary": "string",
                    "secondary": "string"
                  }
                ]
              ],
              "dpd_timeout_seconds": "number",
              "egress_nat_rule_ids": [
                "set",
                "string"
              ],
              "enable_bgp": "bool",
              "express_route_circuit_id": "string",
              "express_route_gateway_bypass": "bool",
              "id": "string",
              "ingress_nat_rule_ids": [
                "set",
                "string"
              ],
              "ipsec_policy": [
                "list",
                [
                  "object",
                  {
                    "dh_group": "string",
                    "ike_encryption": "string",
                    "ike_integrity": "string",
                    "ipsec_encryption": "string",
                    "ipsec_integrity": "string",
                    "pfs_group": "string",
                    "sa_datasize": "number",
                    "sa_lifetime": "number"
                  }
                ]
              ],
              "local_azure_ip_address_enabled": "bool",
              "local_network_gateway_id": "string",
              "location": "string",
              "name": "string",
              "peer_virtual_network_gateway_id": "string",
              "resource_group_name": "string",
              "routing_weight": "number",
              "shared_key": "string",
              "tags": [
                "map",
                "string"
              ],
              "timeouts": [
                "object",
                {
                  "create": "string",
                  "delete": "string",
                  "read": "string",
                  "update": "string"
                }
              ],
              "traffic_selector_policy": [
                "list",
                [
                  "object",
                  {
                    "local_address_cidrs": [
                      "list",
                      "string"
                    ],
                    "remote_address_cidrs": [
                      "list",
                      "string"
                    ]
                  }
                ]
              ],
              "type": "string",
              "use_policy_based_traffic_selectors": "bool",
              "virtual_network_gateway_id": "string"
            }
          ],
          [
            "object",
            {
              "authorization_key": "string",
              "connection_mode": "string",
              "connection_protocol": "string",
              "custom_bgp_addresses": [
                "list",
                [
                  "object",
                  {
                    "primary": "string",
                    "secondary": "string"
                  }
                ]
              ],
              "dpd_timeout_seconds": "number",
              "egress_nat_rule_ids": [
                "set",
                "string"
              ],
              "enable_bgp": "bool",
              "express_route_circuit_id": "string",
              "express_route_gateway_bypass": "bool",
              "id": "string",
              "ingress_nat_rule_ids": [
                "set",
                "string"
              ],
              "ipsec_policy": [
                "list",
                [
                  "object",
                  {
                    "dh_group": "string",
                    "ike_encryption": "string",
                    "ike_integrity": "string",
                    "ipsec_encryption": "string",
                    "ipsec_integrity": "string",
                    "pfs_group": "string",
                    "sa_datasize": "number",
                    "sa_lifetime": "number"
                  }
                ]
              ],
              "local_azure_ip_address_enabled": "bool",
              "local_network_gateway_id": "string",
              "location": "string",
              "name": "string",
              "peer_virtual_network_gateway_id": "string",
              "resource_group_name": "string",
              "routing_weight": "number",
              "shared_key": "string",
              "tags": [
                "map",
                "string"
              ],
              "timeouts": [
                "object",
                {
                  "create": "string",
                  "delete": "string",
                  "read": "string",
                  "update": "string"
                }
              ],
              "traffic_selector_policy": [
                "list",
                [
                  "object",
                  {
                    "local_address_cidrs": [
                      "list",
                      "string"
                    ],
                    "remote_address_cidrs": [
                      "list",
                      "string"
                    ]
                  }
                ]
              ],
              "type": "string",
              "use_policy_based_traffic_selectors": "bool",
              "virtual_network_gateway_id": "string"
            }
          ]
        ]
      ],
      "sensitive": true
    }
  },
  "resources": [
    {
      "mode": "managed",
      "type": "azurerm_resource_group",
      "name": "vpn_resource_group",
      "provider": "provider[\"registry.terraform.io/hashicorp/azurerm\"]",
      "instances": [
        {
          "index_key": 0,
          "schema_version": 0,
          "attributes": {
            "id": "/subscriptions/ac90b42a-8ba9-48f5-9479-94dfd054e40d/resourceGroups/VPNSite2SiteDemo",
            "location": "eastasia",
            "managed_by": "",
            "name": "VPNSite2SiteDemo",
            "tags": {
              "author": "khangtictoc",
              "createdBy": "Terraform",
              "environment": "dev",
              "project": "lab_extra_03"
            },
            "timeouts": null
          },
          "sensitive_attributes": [],
          "private": "eyJlMmJmYjczMC1lY2FhLTExZTYtOGY4OC0zNDM2M2JjN2M0YzAiOnsiY3JlYXRlIjo1NDAwMDAwMDAwMDAwLCJkZWxldGUiOjU0MDAwMDAwMDAwMDAsInJlYWQiOjMwMDAwMDAwMDAwMCwidXBkYXRlIjo1NDAwMDAwMDAwMDAwfX0="
        },
        {
          "index_key": 1,
          "schema_version": 0,
          "attributes": {
            "id": "/subscriptions/ac90b42a-8ba9-48f5-9479-94dfd054e40d/resourceGroups/VPNSite2SiteDemo2",
            "location": "eastasia",
            "managed_by": "",
            "name": "VPNSite2SiteDemo2",
            "tags": {
              "author": "khangtictoc",
              "createdBy": "Terraform",
              "environment": "dev",
              "project": "lab_extra_03"
            },
            "timeouts": null
          },
          "sensitive_attributes": [],
          "private": "eyJlMmJmYjczMC1lY2FhLTExZTYtOGY4OC0zNDM2M2JjN2M0YzAiOnsiY3JlYXRlIjo1NDAwMDAwMDAwMDAwLCJkZWxldGUiOjU0MDAwMDAwMDAwMDAsInJlYWQiOjMwMDAwMDAwMDAwMCwidXBkYXRlIjo1NDAwMDAwMDAwMDAwfX0="
        }
      ]
    },
    {
      "module": "module.aws_virtual_machine_demo[0]",
      "mode": "managed",
      "type": "local_file",
      "name": "aws_private_ssh_key",
      "provider": "provider[\"registry.terraform.io/hashicorp/local\"]",
      "instances": [
        {
          "schema_version": 0,
          "attributes": {
            "content": "-----BEGIN RSA PRIVATE KEY-----\nMIIJKAIBAAKCAgEAtMbtI8ZnBcnj2rLYrbvGVOiT0n7vD2GLIomzlsAJ6LxZe0eE\nS3Owh/noA1gsYj2t8hyu7vWiBcUkQpeQKm0R0vT1yNfuoJWWsgQgsse3y3hdH4Wo\nlM0Gzgh46iSLLSFDukxKQXiyRnqh+XhCz4cr4MP9nFF3Itaf1Am/Oowgr3+ODCJN\nLkMaoxOFxuuus0vh5z9dUOA3wpaqS2ldYtncx+IT3vNwapSRTAe+5uhee3R9ve5u\nnUg/xOuHUy/B3Si+Jf+VLqx9vHDYhxdm+ARIJGtLbBkW1yzaBVcnV8wT+6Qdq0sW\nbAKrJfZd9b4qmnjkJQJSGnxKQBNe2SqAAZCf8fm/2xmsi5135C1x/3uq6eKEZqAV\np6Jjyasb8lfAfsfowgUkWsqJSaGhIEGA9cz9mpE0INuiQiS60bNYDKjMQ7zqeHBu\nwkt10xiK2fFb2L2GELWyLCieym36C+Kq+QOr6IlvZgPXbH68Z2WOgWR/CpNv9k57\npNKmjvbuv9mx5UXdgnQOco2PxWaV2SttvWuFoZU/1QL2F+pzj/B/eNxBJcOLo86/\nGPEdCvsVD/ctej/uEFnYsDl351cZ7acIRuP8uvgaLuEJ12RABNZrd6+fjSDfmw/w\nILFmyVFoKWGg5CAtPrWIRqMiJ+LRoBohd3N2c1JzXtH+VHPzCB04aHe0OCECAwEA\nAQKCAgArEoaoEnqzf2IB1sEXy/i6fFvUOJg/Iu+iwAqBLapuwInVfLnBvIPgMiQc\nv+J7WdTbLghkOTRsiYdVMoWQBkLL77+sJf7eViX8rk0YK8vX+ArAGvmK0rr/Vjdx\nGlnq29UmS00aAmb/sfJr3UKV7c//ktMXbrWjIF4eiF/+1CpphkvTCk03a5eqKVmj\nhr4uTDM8BPX38iR3Aaz7oNQ2XFBlc7FmWrx7OIDSC7ppjA4O/jeDjI7gfLls8u1g\nXa2kQzPjG91wrHqc7oo4zdOj3mlN/B6RV/0AMdiUkyp1mdNdDsJe8NobzBr5RZUn\nmzLNcWZyhvYHB3wtfjAIMD8loE7rUr445ir3XOfgun5nIMLVnNIzTKI6mO+V/5h8\nS04RReNKTG5RFX74WO5v+GJ+lbs7xJaPBVrhDVub57Ozi+jofXtQ0GHilXtGZzMS\nvdt5tOMY6S8UcNwCMvBxK69ThsN28s5G/bNxrGP1GP3QPxSZeaqzW8ZeslnnmzPb\n0u0f6FkZQP06iPHsska2Wy8XLAjmqQyzLvtTnu3D1SADHUcEI78LJ/WcLK/HdYQe\nfVrE+gvIsxdSGOd+uVEYni5au30XnZMZVE4AXhTwbwdZmzL2e1Mw452Jjt/rS/0/\npznGMtppSsh7N/XHs/AymRLirY+uQmPYEf87dW1ivtJE85nfAQKCAQEA6rMrTpTi\n3v/EFJfeDdbAWzpmO56nJphJcQNZ0bFNdxj1oGmxYElvDBMFL8aI2z4cL2Fyyc9S\nb028YZPEJWRP/mxYo0cxZ7H9jhJWyjxW0z7unCUBL+WitDkhc/jI1Bh7Ud4RWCa/\nQPrkRHtIjfLcMCrm7QLQg11gkn1PqeVcbHK84V3z8BO0ltglGYC8/v2kjMbniotO\nCjY8peYg+8SMhgHX1Mk4oO4HcboK0CmukFqhHX+LY+TO1303kGQIia1k/G0MjBJ/\neeSzDWSO42Czt0IKnKWo16iky8Xr2S0Xz6IxbVrxuAL7XsUrVM9/j7O3FRkugk0e\nzx/2x61BDJdg0QKCAQEAxS71ASWzVkMLxzjECxXZTKpZmPvw5/Z40EtjQusAIgdr\n/5kLbKRjL0ovWibG+qtrK7MLhQea7cvB1WNfD+Y/rVB+VkRBw41XOt4gWCfLObIt\nGI0wvlGXGCBMDz05+M1R/23joYjp+BoNBixVoOhGvuEaOeI8+gqBelaqZAQp7w7F\nvEpuJvpK8WzNd3+tZnKZPZncPrdwePsQDzRM0oAEqTbb0D2EmPnYFhfA4MKbEBPs\nHViM87bf5DIAJ3qrJjHXKSjIbyzxQHSfxj5UKAdoiCGJUmm2leT+qysO6ms3ggc0\nel1E6QHEh7j/1z9yVTRmuY4m1n/KANEILsEDe9q2UQKCAQAxS4KMFb91ARlpDeDI\n3VM3lhOE8DTBaXj7cK272laf7jEhCTIFPEdDrPcI6tUx32DCHuCiPJZe5F/tysCG\n7gPTN2SCnuBknEDaR0XNYlEGO5CYYTlXmw7KdbluB1H/Ikk8j7zq2/CNsGSjcZVy\noxDWWRx5qX6sKL+w5PsHfzIjYRIE79vdj/X9PNbF/YE0uYeHPfvB4LJ6eJvSaHyD\nBOxS9S4k9kKbooMTwvSkdizBCxgN/w0C5TsAjb9O54PXjwDH+AuLnBMEQiHNbVKJ\ntXTpx8g80Jqe+T/rwN1hlxQKO1HQWyqr8IxlglowjQiI4UFSACEBozsWW+tUUzJ3\nd5ARAoIBAQCeblE6/8CtUad4Bbs2sPJsr/7Xda6lohqGOdxiWxE7Rj1XG+/a9eYf\ni/qp87gylmLAtNZPp8GqyOlP+8zYqIaHScKIq8UvSzRIP0s7qZWXIPss29zLPiEp\nqGGUaPxYVRhKJFAebTSYPM40JJEUfSzCl3kMAyQ9Pw2zb0junY3X30WvORpyRO7M\nNkCMgFChnPhVT3dwCNHc0tSfcsU66NNV5pcNJTCR/UTK04EM1i/i5i7zkT+HXmtc\nHXSUQ/KZ+LfJAVSyRyj8QfhSP6g8lV8+6bs9NWUX4OtiOnF8lnL+Da3zl1cT5HC1\nIEan+vlxTm4vLvEzrW9v4oQxlLGo5R1RAoIBAFuZocJdq+xi3cpE6kvoE7Jj32oR\nYzrUxvGhnoHJVdhw8Hbk/PXNG5L7SKyBzjDLMWt6FmRMjtMdvj7CnIBlrydeQr+S\nAikX3VtQ/C7v6HeFov3vG8TSBBlK/tYSRd9+NwzFtW10FbGdo500G4ri9x+Ib1cE\nb3qWzAzaocIjsB2M5FwjZNyOARCgZebq+IwCTkI1PiGL2ljh+cVWoniYRWZqfXVT\n/lmoioCBNHt7z0w1L2C3meK4+PnTvBzVmoekSHoDQxuw13RMShrC6awyntO9ljNm\nxFG3y99GFO1HehKUPnhdEwpQjwm5nPXggL375Ecejb/dGqSalxyTMrWLAy0=\n-----END RSA PRIVATE KEY-----\n",
            "content_base64": null,
            "content_base64sha256": "inojBnhlnIFS/PSS4ATnkIFmZuUiV4I+6E3UJukqRKQ=",
            "content_base64sha512": "6OE28fY6YfdXVWSJAFOv5tH+hAYmYo0aw/d1nPcpnFofrvcGKIoVWQeT7V5S7pThFDbttDXzx61lZdl5r1OWZQ==",
            "content_md5": "cc7bca07675f15fbf4701e85b479e7a9",
            "content_sha1": "c04638ec98f2679d1f435de55435d3f948d4fa5c",
            "content_sha256": "8a7a230678659c8152fcf492e004e790816666e52257823ee84dd426e92a44a4",
            "content_sha512": "e8e136f1f63a61f7575564890053afe6d1fe840626628d1ac3f7759cf7299c5a1faef706288a15590793ed5e52ee94e11436edb435f3c7ad6565d979af539665",
            "directory_permission": "0777",
            "file_permission": "0400",
            "filename": "credentials/aws/private_key",
            "id": "c04638ec98f2679d1f435de55435d3f948d4fa5c",
            "sensitive_content": null,
            "source": null
          },
          "sensitive_attributes": [
            [
              {
                "type": "get_attr",
                "value": "content"
              }
            ],
            [
              {
                "type": "get_attr",
                "value": "sensitive_content"
              }
            ]
          ],
          "dependencies": [
            "module.aws_virtual_machine_demo.module.keypair.tls_private_key.pk"
          ]
        }
      ]
    },
    {
      "module": "module.aws_virtual_machine_demo[0]",
      "mode": "managed",
      "type": "null_resource",
      "name": "add_host_key",
      "provider": "provider[\"registry.terraform.io/hashicorp/null\"]",
      "instances": [
        {
          "schema_version": 0,
          "attributes": {
            "id": "266279139996582080",
            "triggers": {
              "always_run": "i-08163170b0b9a4a35"
            }
          },
          "sensitive_attributes": [],
          "dependencies": [
            "azurerm_resource_group.vpn_resource_group",
            "module.aws_virtual_machine_demo.module.ec2_instance.aws_instance.instance",
            "module.aws_virtual_machine_demo.module.keypair.aws_key_pair.my_keypair",
            "module.aws_virtual_machine_demo.module.keypair.tls_private_key.pk",
            "module.aws_virtual_machine_demo.module.security_group.aws_security_group.security_group",
            "module.vpn_s2s_aws_azure.module.aws_network.aws_internet_gateway.internet_gateway",
            "module.vpn_s2s_aws_azure.module.aws_network.aws_subnet.vpn_subnet",
            "module.vpn_s2s_aws_azure.module.aws_network.aws_vpc.vpn_vpc",
            "module.vpn_s2s_aws_azure.module.aws_network.aws_vpn_gateway.virtual_private_gateway",
            "module.vpn_s2s_aws_azure.module.azure_network.azurerm_public_ip.vpn_public_ip",
            "module.vpn_s2s_aws_azure.module.azure_network.azurerm_subnet.vpn_subnet",
            "module.vpn_s2s_aws_azure.module.azure_network.azurerm_virtual_network.vpn_virtual_network",
            "module.vpn_s2s_aws_azure.module.azure_network.azurerm_virtual_network_gateway.virtual_network_gateway",
            "module.vpn_s2s_aws_azure.module.vpn_SiteToSite_connection.aws_customer_gateway.customer_gateway",
            "module.vpn_s2s_aws_azure.module.vpn_SiteToSite_connection.aws_route.internet_gateway_route",
            "module.vpn_s2s_aws_azure.module.vpn_SiteToSite_connection.aws_route.vpn_gateway_route",
            "module.vpn_s2s_aws_azure.module.vpn_SiteToSite_connection.aws_vpn_connection.vpn_connection",
            "module.vpn_s2s_aws_azure.module.vpn_SiteToSite_connection.aws_vpn_connection_route.vpn_static_routes",
            "module.vpn_s2s_aws_azure.module.vpn_SiteToSite_connection.azurerm_local_network_gateway.local_network_gateway",
            "module.vpn_s2s_aws_azure.module.vpn_SiteToSite_connection.azurerm_virtual_network_gateway_connection.vpn_connection"
          ]
        }
      ]
    },
    {
      "module": "module.aws_virtual_machine_demo[0].module.ec2_instance",
      "mode": "managed",
      "type": "aws_instance",
      "name": "instance",
      "provider": "provider[\"registry.terraform.io/hashicorp/aws\"]",
      "instances": [
        {
          "schema_version": 1,
          "attributes": {
            "ami": "ami-06aa3f7caf3a30282",
            "arn": "arn:aws:ec2:us-east-1:008748484958:instance/i-08163170b0b9a4a35",
            "associate_public_ip_address": true,
            "availability_zone": "us-east-1f",
            "capacity_reservation_specification": [
              {
                "capacity_reservation_preference": "open",
                "capacity_reservation_target": []
              }
            ],
            "cpu_core_count": 2,
            "cpu_options": [
              {
                "amd_sev_snp": "",
                "core_count": 2,
                "threads_per_core": 1
              }
            ],
            "cpu_threads_per_core": 1,
            "credit_specification": [
              {
                "cpu_credits": "standard"
              }
            ],
            "disable_api_stop": false,
            "disable_api_termination": false,
            "ebs_block_device": [
              {
                "delete_on_termination": true,
                "device_name": "/dev/sda1",
                "encrypted": false,
                "iops": 100,
                "kms_key_id": "",
                "snapshot_id": "",
                "tags": {},
                "throughput": 0,
                "volume_id": "vol-05762102e11035c1c",
                "volume_size": 30,
                "volume_type": "gp2"
              }
            ],
            "ebs_optimized": false,
            "enclave_options": [
              {
                "enabled": false
              }
            ],
            "ephemeral_block_device": [],
            "get_password_data": false,
            "hibernation": false,
            "host_id": "",
            "host_resource_group_arn": null,
            "iam_instance_profile": "",
            "id": "i-08163170b0b9a4a35",
            "instance_initiated_shutdown_behavior": "terminate",
            "instance_lifecycle": "spot",
            "instance_market_options": [
              {
                "market_type": "spot",
                "spot_options": [
                  {
                    "instance_interruption_behavior": "terminate",
                    "max_price": "0.046400",
                    "spot_instance_type": "one-time",
                    "valid_until": ""
                  }
                ]
              }
            ],
            "instance_state": "running",
            "instance_type": "t2.medium",
            "ipv6_address_count": 0,
            "ipv6_addresses": [],
            "key_name": "mykey",
            "launch_template": [],
            "maintenance_options": [
              {
                "auto_recovery": "default"
              }
            ],
            "metadata_options": [
              {
                "http_endpoint": "enabled",
                "http_protocol_ipv6": "disabled",
                "http_put_response_hop_limit": 1,
                "http_tokens": "optional",
                "instance_metadata_tags": "disabled"
              }
            ],
            "monitoring": false,
            "network_interface": [],
            "outpost_arn": "",
            "password_data": "",
            "placement_group": "",
            "placement_partition_number": 0,
            "primary_network_interface_id": "eni-0e984f4e2ae67aeca",
            "private_dns": "ip-192-168-1-138.ec2.internal",
            "private_dns_name_options": [
              {
                "enable_resource_name_dns_a_record": false,
                "enable_resource_name_dns_aaaa_record": false,
                "hostname_type": "ip-name"
              }
            ],
            "private_ip": "192.168.1.138",
            "public_dns": "",
            "public_ip": "34.204.203.101",
            "root_block_device": [
              {
                "delete_on_termination": true,
                "device_name": "/dev/sda1",
                "encrypted": false,
                "iops": 100,
                "kms_key_id": "",
                "tags": {},
                "throughput": 0,
                "volume_id": "vol-05762102e11035c1c",
                "volume_size": 30,
                "volume_type": "gp2"
              }
            ],
            "secondary_private_ips": [],
            "security_groups": [],
            "source_dest_check": true,
            "spot_instance_request_id": "sir-yn96y2aj",
            "subnet_id": "subnet-06c266d22128944be",
            "tags": {
              "Name": "target01",
              "author": "khangtictoc",
              "createdBy": "Terraform",
              "environment": "dev",
              "project": "lab_extra_03"
            },
            "tags_all": {
              "Name": "target01",
              "author": "khangtictoc",
              "createdBy": "Terraform",
              "environment": "dev",
              "project": "lab_extra_03"
            },
            "tenancy": "default",
            "timeouts": null,
            "user_data": null,
            "user_data_base64": null,
            "user_data_replace_on_change": false,
            "volume_tags": null,
            "vpc_security_group_ids": [
              "sg-00bc17ccfa28131a4"
            ]
          },
          "sensitive_attributes": [],
          "private": "eyJlMmJmYjczMC1lY2FhLTExZTYtOGY4OC0zNDM2M2JjN2M0YzAiOnsiY3JlYXRlIjo2MDAwMDAwMDAwMDAsImRlbGV0ZSI6MTIwMDAwMDAwMDAwMCwidXBkYXRlIjo2MDAwMDAwMDAwMDB9LCJzY2hlbWFfdmVyc2lvbiI6IjEifQ==",
          "dependencies": [
            "azurerm_resource_group.vpn_resource_group",
            "module.aws_virtual_machine_demo.module.keypair.aws_key_pair.my_keypair",
            "module.aws_virtual_machine_demo.module.keypair.tls_private_key.pk",
            "module.aws_virtual_machine_demo.module.security_group.aws_security_group.security_group",
            "module.vpn_s2s_aws_azure.module.aws_network.aws_internet_gateway.internet_gateway",
            "module.vpn_s2s_aws_azure.module.aws_network.aws_subnet.vpn_subnet",
            "module.vpn_s2s_aws_azure.module.aws_network.aws_vpc.vpn_vpc",
            "module.vpn_s2s_aws_azure.module.aws_network.aws_vpn_gateway.virtual_private_gateway",
            "module.vpn_s2s_aws_azure.module.azure_network.azurerm_public_ip.vpn_public_ip",
            "module.vpn_s2s_aws_azure.module.azure_network.azurerm_subnet.vpn_subnet",
            "module.vpn_s2s_aws_azure.module.azure_network.azurerm_virtual_network.vpn_virtual_network",
            "module.vpn_s2s_aws_azure.module.azure_network.azurerm_virtual_network_gateway.virtual_network_gateway",
            "module.vpn_s2s_aws_azure.module.vpn_SiteToSite_connection.aws_customer_gateway.customer_gateway",
            "module.vpn_s2s_aws_azure.module.vpn_SiteToSite_connection.aws_route.internet_gateway_route",
            "module.vpn_s2s_aws_azure.module.vpn_SiteToSite_connection.aws_route.vpn_gateway_route",
            "module.vpn_s2s_aws_azure.module.vpn_SiteToSite_connection.aws_vpn_connection.vpn_connection",
            "module.vpn_s2s_aws_azure.module.vpn_SiteToSite_connection.aws_vpn_connection_route.vpn_static_routes",
            "module.vpn_s2s_aws_azure.module.vpn_SiteToSite_connection.azurerm_local_network_gateway.local_network_gateway",
            "module.vpn_s2s_aws_azure.module.vpn_SiteToSite_connection.azurerm_virtual_network_gateway_connection.vpn_connection"
          ]
        }
      ]
    },
    {
      "module": "module.aws_virtual_machine_demo[0].module.keypair",
      "mode": "managed",
      "type": "aws_key_pair",
      "name": "my_keypair",
      "provider": "provider[\"registry.terraform.io/hashicorp/aws\"]",
      "instances": [
        {
          "schema_version": 1,
          "attributes": {
            "arn": "arn:aws:ec2:us-east-1:008748484958:key-pair/mykey",
            "fingerprint": "c3:48:e6:de:2b:51:a4:f2:d0:e5:5c:a0:85:3b:81:c9",
            "id": "mykey",
            "key_name": "mykey",
            "key_name_prefix": "",
            "key_pair_id": "key-06ea121ecbe29205b",
            "key_type": "rsa",
            "public_key": "ssh-rsa AAAAB3NzaC1yc2EAAAADAQABAAACAQC0xu0jxmcFyePastitu8ZU6JPSfu8PYYsiibOWwAnovFl7R4RLc7CH+egDWCxiPa3yHK7u9aIFxSRCl5AqbRHS9PXI1+6glZayBCCyx7fLeF0fhaiUzQbOCHjqJIstIUO6TEpBeLJGeqH5eELPhyvgw/2cUXci1p/UCb86jCCvf44MIk0uQxqjE4XG666zS+HnP11Q4DfClqpLaV1i2dzH4hPe83BqlJFMB77m6F57dH297m6dSD/E64dTL8HdKL4l/5UurH28cNiHF2b4BEgka0tsGRbXLNoFVydXzBP7pB2rSxZsAqsl9l31viqaeOQlAlIafEpAE17ZKoABkJ/x+b/bGayLnXfkLXH/e6rp4oRmoBWnomPJqxvyV8B+x+jCBSRayolJoaEgQYD1zP2akTQg26JCJLrRs1gMqMxDvOp4cG7CS3XTGIrZ8VvYvYYQtbIsKJ7KbfoL4qr5A6voiW9mA9dsfrxnZY6BZH8Kk2/2Tnuk0qaO9u6/2bHlRd2CdA5yjY/FZpXZK229a4WhlT/VAvYX6nOP8H943EElw4ujzr8Y8R0K+xUP9y16P+4QWdiwOXfnVxntpwhG4/y6+Bou4QnXZEAE1mt3r5+NIN+bD/AgsWbJUWgpYaDkIC0+tYhGoyIn4tGgGiF3c3ZzUnNe0f5Uc/MIHThod7Q4IQ==",
            "tags": {},
            "tags_all": {}
          },
          "sensitive_attributes": [],
          "private": "eyJzY2hlbWFfdmVyc2lvbiI6IjEifQ==",
          "dependencies": [
            "module.aws_virtual_machine_demo.module.keypair.tls_private_key.pk"
          ]
        }
      ]
    },
    {
      "module": "module.aws_virtual_machine_demo[0].module.keypair",
      "mode": "managed",
      "type": "tls_private_key",
      "name": "pk",
      "provider": "provider[\"registry.terraform.io/hashicorp/tls\"]",
      "instances": [
        {
          "schema_version": 1,
          "attributes": {
            "algorithm": "RSA",
            "ecdsa_curve": "P224",
            "id": "e6f14677465c029e22f14be2ef3201ced3cc5aa8",
            "private_key_openssh": "-----BEGIN OPENSSH PRIVATE KEY-----\nb3BlbnNzaC1rZXktdjEAAAAABG5vbmUAAAAEbm9uZQAAAAAAAAABAAACFwAAAAdz\nc2gtcnNhAAAAAwEAAQAAAgEAtMbtI8ZnBcnj2rLYrbvGVOiT0n7vD2GLIomzlsAJ\n6LxZe0eES3Owh/noA1gsYj2t8hyu7vWiBcUkQpeQKm0R0vT1yNfuoJWWsgQgsse3\ny3hdH4WolM0Gzgh46iSLLSFDukxKQXiyRnqh+XhCz4cr4MP9nFF3Itaf1Am/Oowg\nr3+ODCJNLkMaoxOFxuuus0vh5z9dUOA3wpaqS2ldYtncx+IT3vNwapSRTAe+5uhe\ne3R9ve5unUg/xOuHUy/B3Si+Jf+VLqx9vHDYhxdm+ARIJGtLbBkW1yzaBVcnV8wT\n+6Qdq0sWbAKrJfZd9b4qmnjkJQJSGnxKQBNe2SqAAZCf8fm/2xmsi5135C1x/3uq\n6eKEZqAVp6Jjyasb8lfAfsfowgUkWsqJSaGhIEGA9cz9mpE0INuiQiS60bNYDKjM\nQ7zqeHBuwkt10xiK2fFb2L2GELWyLCieym36C+Kq+QOr6IlvZgPXbH68Z2WOgWR/\nCpNv9k57pNKmjvbuv9mx5UXdgnQOco2PxWaV2SttvWuFoZU/1QL2F+pzj/B/eNxB\nJcOLo86/GPEdCvsVD/ctej/uEFnYsDl351cZ7acIRuP8uvgaLuEJ12RABNZrd6+f\njSDfmw/wILFmyVFoKWGg5CAtPrWIRqMiJ+LRoBohd3N2c1JzXtH+VHPzCB04aHe0\nOCEAAAc4NFe1OTRXtTkAAAAHc3NoLXJzYQAAAgEAtMbtI8ZnBcnj2rLYrbvGVOiT\n0n7vD2GLIomzlsAJ6LxZe0eES3Owh/noA1gsYj2t8hyu7vWiBcUkQpeQKm0R0vT1\nyNfuoJWWsgQgsse3y3hdH4WolM0Gzgh46iSLLSFDukxKQXiyRnqh+XhCz4cr4MP9\nnFF3Itaf1Am/Oowgr3+ODCJNLkMaoxOFxuuus0vh5z9dUOA3wpaqS2ldYtncx+IT\n3vNwapSRTAe+5uhee3R9ve5unUg/xOuHUy/B3Si+Jf+VLqx9vHDYhxdm+ARIJGtL\nbBkW1yzaBVcnV8wT+6Qdq0sWbAKrJfZd9b4qmnjkJQJSGnxKQBNe2SqAAZCf8fm/\n2xmsi5135C1x/3uq6eKEZqAVp6Jjyasb8lfAfsfowgUkWsqJSaGhIEGA9cz9mpE0\nINuiQiS60bNYDKjMQ7zqeHBuwkt10xiK2fFb2L2GELWyLCieym36C+Kq+QOr6Ilv\nZgPXbH68Z2WOgWR/CpNv9k57pNKmjvbuv9mx5UXdgnQOco2PxWaV2SttvWuFoZU/\n1QL2F+pzj/B/eNxBJcOLo86/GPEdCvsVD/ctej/uEFnYsDl351cZ7acIRuP8uvga\nLuEJ12RABNZrd6+fjSDfmw/wILFmyVFoKWGg5CAtPrWIRqMiJ+LRoBohd3N2c1Jz\nXtH+VHPzCB04aHe0OCEAAAADAQABAAACACsShqgSerN/YgHWwRfL+Lp8W9Q4mD8i\n76LACoEtqm7AidV8ucG8g+AyJBy/4ntZ1NsuCGQ5NGyJh1UyhZAGQsvvv6wl/t5W\nJfyuTRgry9f4CsAa+YrSuv9WN3EaWerb1SZLTRoCZv+x8mvdQpXtz/+S0xdutaMg\nXh6IX/7UKmmGS9MKTTdrl6opWaOGvi5MMzwE9ffyJHcBrPug1DZcUGVzsWZavHs4\ngNILummMDg7+N4OMjuB8uWzy7WBdraRDM+Mb3XCsepzuijjN06PeaU38HpFX/QAx\n2JSTKnWZ010Owl7w2hvMGvlFlSebMs1xZnKG9gcHfC1+MAgwPyWgTutSvjjmKvdc\n5+C6fmcgwtWc0jNMojqY75X/mHxLThFF40pMblEVfvhY7m/4Yn6VuzvElo8FWuEN\nW5vns7OL6Oh9e1DQYeKVe0ZnMxK923m04xjpLxRw3AIy8HErr1OGw3byzkb9s3Gs\nY/UY/dA/FJl5qrNbxl6yWeebM9vS7R/oWRlA/TqI8eyyRrZbLxcsCOapDLMu+1Oe\n7cPVIAMdRwQjvwsn9Zwsr8d1hB59WsT6C8izF1IY5365URieLlq7fRedkxlUTgBe\nFPBvB1mbMvZ7UzDjnYmO3+tL/T+nOcYy2mlKyHs39cez8DKZEuKtj65CY9gR/zt1\nbWK+0kTzmd8BAAABAFuZocJdq+xi3cpE6kvoE7Jj32oRYzrUxvGhnoHJVdhw8Hbk\n/PXNG5L7SKyBzjDLMWt6FmRMjtMdvj7CnIBlrydeQr+SAikX3VtQ/C7v6HeFov3v\nG8TSBBlK/tYSRd9+NwzFtW10FbGdo500G4ri9x+Ib1cEb3qWzAzaocIjsB2M5Fwj\nZNyOARCgZebq+IwCTkI1PiGL2ljh+cVWoniYRWZqfXVT/lmoioCBNHt7z0w1L2C3\nmeK4+PnTvBzVmoekSHoDQxuw13RMShrC6awyntO9ljNmxFG3y99GFO1HehKUPnhd\nEwpQjwm5nPXggL375Ecejb/dGqSalxyTMrWLAy0AAAEBAOqzK06U4t7/xBSX3g3W\nwFs6ZjuepyaYSXEDWdGxTXcY9aBpsWBJbwwTBS/GiNs+HC9hcsnPUm9NvGGTxCVk\nT/5sWKNHMWex/Y4SVso8VtM+7pwlAS/lorQ5IXP4yNQYe1HeEVgmv0D65ER7SI3y\n3DAq5u0C0INdYJJ9T6nlXGxyvOFd8/ATtJbYJRmAvP79pIzG54qLTgo2PKXmIPvE\njIYB19TJOKDuB3G6CtAprpBaoR1/i2Pkztd9N5BkCImtZPxtDIwSf3nksw1kjuNg\ns7dCCpylqNeopMvF69ktF8+iMW1a8bgC+17FK1TPf4+ztxUZLoJNHs8f9setQQyX\nYNEAAAEBAMUu9QEls1ZDC8c4xAsV2UyqWZj78Of2eNBLY0LrACIHa/+ZC2ykYy9K\nL1omxvqrayuzC4UHmu3LwdVjXw/mP61QflZEQcONVzreIFgnyzmyLRiNML5Rlxgg\nTA89OfjNUf9t46GI6fgaDQYsVaDoRr7hGjniPPoKgXpWqmQEKe8OxbxKbib6SvFs\nzXd/rWZymT2Z3D63cHj7EA80TNKABKk229A9hJj52BYXwODCmxAT7B1YjPO23+Qy\nACd6qyYx1ykoyG8s8UB0n8Y+VCgHaIghiVJptpXk/qsrDuprN4IHNHpdROkBxIe4\n/9c/clU0ZrmOJtZ/ygDRCC7BA3vatlEAAAAAAQID\n-----END OPENSSH PRIVATE KEY-----\n",
            "private_key_pem": "-----BEGIN RSA PRIVATE KEY-----\nMIIJKAIBAAKCAgEAtMbtI8ZnBcnj2rLYrbvGVOiT0n7vD2GLIomzlsAJ6LxZe0eE\nS3Owh/noA1gsYj2t8hyu7vWiBcUkQpeQKm0R0vT1yNfuoJWWsgQgsse3y3hdH4Wo\nlM0Gzgh46iSLLSFDukxKQXiyRnqh+XhCz4cr4MP9nFF3Itaf1Am/Oowgr3+ODCJN\nLkMaoxOFxuuus0vh5z9dUOA3wpaqS2ldYtncx+IT3vNwapSRTAe+5uhee3R9ve5u\nnUg/xOuHUy/B3Si+Jf+VLqx9vHDYhxdm+ARIJGtLbBkW1yzaBVcnV8wT+6Qdq0sW\nbAKrJfZd9b4qmnjkJQJSGnxKQBNe2SqAAZCf8fm/2xmsi5135C1x/3uq6eKEZqAV\np6Jjyasb8lfAfsfowgUkWsqJSaGhIEGA9cz9mpE0INuiQiS60bNYDKjMQ7zqeHBu\nwkt10xiK2fFb2L2GELWyLCieym36C+Kq+QOr6IlvZgPXbH68Z2WOgWR/CpNv9k57\npNKmjvbuv9mx5UXdgnQOco2PxWaV2SttvWuFoZU/1QL2F+pzj/B/eNxBJcOLo86/\nGPEdCvsVD/ctej/uEFnYsDl351cZ7acIRuP8uvgaLuEJ12RABNZrd6+fjSDfmw/w\nILFmyVFoKWGg5CAtPrWIRqMiJ+LRoBohd3N2c1JzXtH+VHPzCB04aHe0OCECAwEA\nAQKCAgArEoaoEnqzf2IB1sEXy/i6fFvUOJg/Iu+iwAqBLapuwInVfLnBvIPgMiQc\nv+J7WdTbLghkOTRsiYdVMoWQBkLL77+sJf7eViX8rk0YK8vX+ArAGvmK0rr/Vjdx\nGlnq29UmS00aAmb/sfJr3UKV7c//ktMXbrWjIF4eiF/+1CpphkvTCk03a5eqKVmj\nhr4uTDM8BPX38iR3Aaz7oNQ2XFBlc7FmWrx7OIDSC7ppjA4O/jeDjI7gfLls8u1g\nXa2kQzPjG91wrHqc7oo4zdOj3mlN/B6RV/0AMdiUkyp1mdNdDsJe8NobzBr5RZUn\nmzLNcWZyhvYHB3wtfjAIMD8loE7rUr445ir3XOfgun5nIMLVnNIzTKI6mO+V/5h8\nS04RReNKTG5RFX74WO5v+GJ+lbs7xJaPBVrhDVub57Ozi+jofXtQ0GHilXtGZzMS\nvdt5tOMY6S8UcNwCMvBxK69ThsN28s5G/bNxrGP1GP3QPxSZeaqzW8ZeslnnmzPb\n0u0f6FkZQP06iPHsska2Wy8XLAjmqQyzLvtTnu3D1SADHUcEI78LJ/WcLK/HdYQe\nfVrE+gvIsxdSGOd+uVEYni5au30XnZMZVE4AXhTwbwdZmzL2e1Mw452Jjt/rS/0/\npznGMtppSsh7N/XHs/AymRLirY+uQmPYEf87dW1ivtJE85nfAQKCAQEA6rMrTpTi\n3v/EFJfeDdbAWzpmO56nJphJcQNZ0bFNdxj1oGmxYElvDBMFL8aI2z4cL2Fyyc9S\nb028YZPEJWRP/mxYo0cxZ7H9jhJWyjxW0z7unCUBL+WitDkhc/jI1Bh7Ud4RWCa/\nQPrkRHtIjfLcMCrm7QLQg11gkn1PqeVcbHK84V3z8BO0ltglGYC8/v2kjMbniotO\nCjY8peYg+8SMhgHX1Mk4oO4HcboK0CmukFqhHX+LY+TO1303kGQIia1k/G0MjBJ/\neeSzDWSO42Czt0IKnKWo16iky8Xr2S0Xz6IxbVrxuAL7XsUrVM9/j7O3FRkugk0e\nzx/2x61BDJdg0QKCAQEAxS71ASWzVkMLxzjECxXZTKpZmPvw5/Z40EtjQusAIgdr\n/5kLbKRjL0ovWibG+qtrK7MLhQea7cvB1WNfD+Y/rVB+VkRBw41XOt4gWCfLObIt\nGI0wvlGXGCBMDz05+M1R/23joYjp+BoNBixVoOhGvuEaOeI8+gqBelaqZAQp7w7F\nvEpuJvpK8WzNd3+tZnKZPZncPrdwePsQDzRM0oAEqTbb0D2EmPnYFhfA4MKbEBPs\nHViM87bf5DIAJ3qrJjHXKSjIbyzxQHSfxj5UKAdoiCGJUmm2leT+qysO6ms3ggc0\nel1E6QHEh7j/1z9yVTRmuY4m1n/KANEILsEDe9q2UQKCAQAxS4KMFb91ARlpDeDI\n3VM3lhOE8DTBaXj7cK272laf7jEhCTIFPEdDrPcI6tUx32DCHuCiPJZe5F/tysCG\n7gPTN2SCnuBknEDaR0XNYlEGO5CYYTlXmw7KdbluB1H/Ikk8j7zq2/CNsGSjcZVy\noxDWWRx5qX6sKL+w5PsHfzIjYRIE79vdj/X9PNbF/YE0uYeHPfvB4LJ6eJvSaHyD\nBOxS9S4k9kKbooMTwvSkdizBCxgN/w0C5TsAjb9O54PXjwDH+AuLnBMEQiHNbVKJ\ntXTpx8g80Jqe+T/rwN1hlxQKO1HQWyqr8IxlglowjQiI4UFSACEBozsWW+tUUzJ3\nd5ARAoIBAQCeblE6/8CtUad4Bbs2sPJsr/7Xda6lohqGOdxiWxE7Rj1XG+/a9eYf\ni/qp87gylmLAtNZPp8GqyOlP+8zYqIaHScKIq8UvSzRIP0s7qZWXIPss29zLPiEp\nqGGUaPxYVRhKJFAebTSYPM40JJEUfSzCl3kMAyQ9Pw2zb0junY3X30WvORpyRO7M\nNkCMgFChnPhVT3dwCNHc0tSfcsU66NNV5pcNJTCR/UTK04EM1i/i5i7zkT+HXmtc\nHXSUQ/KZ+LfJAVSyRyj8QfhSP6g8lV8+6bs9NWUX4OtiOnF8lnL+Da3zl1cT5HC1\nIEan+vlxTm4vLvEzrW9v4oQxlLGo5R1RAoIBAFuZocJdq+xi3cpE6kvoE7Jj32oR\nYzrUxvGhnoHJVdhw8Hbk/PXNG5L7SKyBzjDLMWt6FmRMjtMdvj7CnIBlrydeQr+S\nAikX3VtQ/C7v6HeFov3vG8TSBBlK/tYSRd9+NwzFtW10FbGdo500G4ri9x+Ib1cE\nb3qWzAzaocIjsB2M5FwjZNyOARCgZebq+IwCTkI1PiGL2ljh+cVWoniYRWZqfXVT\n/lmoioCBNHt7z0w1L2C3meK4+PnTvBzVmoekSHoDQxuw13RMShrC6awyntO9ljNm\nxFG3y99GFO1HehKUPnhdEwpQjwm5nPXggL375Ecejb/dGqSalxyTMrWLAy0=\n-----END RSA PRIVATE KEY-----\n",
            "private_key_pem_pkcs8": "-----BEGIN PRIVATE KEY-----\nMIIJQgIBADANBgkqhkiG9w0BAQEFAASCCSwwggkoAgEAAoICAQC0xu0jxmcFyePa\nstitu8ZU6JPSfu8PYYsiibOWwAnovFl7R4RLc7CH+egDWCxiPa3yHK7u9aIFxSRC\nl5AqbRHS9PXI1+6glZayBCCyx7fLeF0fhaiUzQbOCHjqJIstIUO6TEpBeLJGeqH5\neELPhyvgw/2cUXci1p/UCb86jCCvf44MIk0uQxqjE4XG666zS+HnP11Q4DfClqpL\naV1i2dzH4hPe83BqlJFMB77m6F57dH297m6dSD/E64dTL8HdKL4l/5UurH28cNiH\nF2b4BEgka0tsGRbXLNoFVydXzBP7pB2rSxZsAqsl9l31viqaeOQlAlIafEpAE17Z\nKoABkJ/x+b/bGayLnXfkLXH/e6rp4oRmoBWnomPJqxvyV8B+x+jCBSRayolJoaEg\nQYD1zP2akTQg26JCJLrRs1gMqMxDvOp4cG7CS3XTGIrZ8VvYvYYQtbIsKJ7KbfoL\n4qr5A6voiW9mA9dsfrxnZY6BZH8Kk2/2Tnuk0qaO9u6/2bHlRd2CdA5yjY/FZpXZ\nK229a4WhlT/VAvYX6nOP8H943EElw4ujzr8Y8R0K+xUP9y16P+4QWdiwOXfnVxnt\npwhG4/y6+Bou4QnXZEAE1mt3r5+NIN+bD/AgsWbJUWgpYaDkIC0+tYhGoyIn4tGg\nGiF3c3ZzUnNe0f5Uc/MIHThod7Q4IQIDAQABAoICACsShqgSerN/YgHWwRfL+Lp8\nW9Q4mD8i76LACoEtqm7AidV8ucG8g+AyJBy/4ntZ1NsuCGQ5NGyJh1UyhZAGQsvv\nv6wl/t5WJfyuTRgry9f4CsAa+YrSuv9WN3EaWerb1SZLTRoCZv+x8mvdQpXtz/+S\n0xdutaMgXh6IX/7UKmmGS9MKTTdrl6opWaOGvi5MMzwE9ffyJHcBrPug1DZcUGVz\nsWZavHs4gNILummMDg7+N4OMjuB8uWzy7WBdraRDM+Mb3XCsepzuijjN06PeaU38\nHpFX/QAx2JSTKnWZ010Owl7w2hvMGvlFlSebMs1xZnKG9gcHfC1+MAgwPyWgTutS\nvjjmKvdc5+C6fmcgwtWc0jNMojqY75X/mHxLThFF40pMblEVfvhY7m/4Yn6VuzvE\nlo8FWuENW5vns7OL6Oh9e1DQYeKVe0ZnMxK923m04xjpLxRw3AIy8HErr1OGw3by\nzkb9s3GsY/UY/dA/FJl5qrNbxl6yWeebM9vS7R/oWRlA/TqI8eyyRrZbLxcsCOap\nDLMu+1Oe7cPVIAMdRwQjvwsn9Zwsr8d1hB59WsT6C8izF1IY5365URieLlq7fRed\nkxlUTgBeFPBvB1mbMvZ7UzDjnYmO3+tL/T+nOcYy2mlKyHs39cez8DKZEuKtj65C\nY9gR/zt1bWK+0kTzmd8BAoIBAQDqsytOlOLe/8QUl94N1sBbOmY7nqcmmElxA1nR\nsU13GPWgabFgSW8MEwUvxojbPhwvYXLJz1JvTbxhk8QlZE/+bFijRzFnsf2OElbK\nPFbTPu6cJQEv5aK0OSFz+MjUGHtR3hFYJr9A+uREe0iN8twwKubtAtCDXWCSfU+p\n5VxscrzhXfPwE7SW2CUZgLz+/aSMxueKi04KNjyl5iD7xIyGAdfUyTig7gdxugrQ\nKa6QWqEdf4tj5M7XfTeQZAiJrWT8bQyMEn955LMNZI7jYLO3QgqcpajXqKTLxevZ\nLRfPojFtWvG4AvtexStUz3+Ps7cVGS6CTR7PH/bHrUEMl2DRAoIBAQDFLvUBJbNW\nQwvHOMQLFdlMqlmY+/Dn9njQS2NC6wAiB2v/mQtspGMvSi9aJsb6q2srswuFB5rt\ny8HVY18P5j+tUH5WREHDjVc63iBYJ8s5si0YjTC+UZcYIEwPPTn4zVH/beOhiOn4\nGg0GLFWg6Ea+4Ro54jz6CoF6VqpkBCnvDsW8Sm4m+krxbM13f61mcpk9mdw+t3B4\n+xAPNEzSgASpNtvQPYSY+dgWF8DgwpsQE+wdWIzztt/kMgAneqsmMdcpKMhvLPFA\ndJ/GPlQoB2iIIYlSabaV5P6rKw7qazeCBzR6XUTpAcSHuP/XP3JVNGa5jibWf8oA\n0QguwQN72rZRAoIBADFLgowVv3UBGWkN4MjdUzeWE4TwNMFpePtwrbvaVp/uMSEJ\nMgU8R0Os9wjq1THfYMIe4KI8ll7kX+3KwIbuA9M3ZIKe4GScQNpHRc1iUQY7kJhh\nOVebDsp1uW4HUf8iSTyPvOrb8I2wZKNxlXKjENZZHHmpfqwov7Dk+wd/MiNhEgTv\n292P9f081sX9gTS5h4c9+8Hgsnp4m9JofIME7FL1LiT2QpuigxPC9KR2LMELGA3/\nDQLlOwCNv07ng9ePAMf4C4ucEwRCIc1tUom1dOnHyDzQmp75P+vA3WGXFAo7UdBb\nKqvwjGWCWjCNCIjhQVIAIQGjOxZb61RTMnd3kBECggEBAJ5uUTr/wK1Rp3gFuzaw\n8myv/td1rqWiGoY53GJbETtGPVcb79r15h+L+qnzuDKWYsC01k+nwarI6U/7zNio\nhodJwoirxS9LNEg/SzuplZcg+yzb3Ms+ISmoYZRo/FhVGEokUB5tNJg8zjQkkRR9\nLMKXeQwDJD0/DbNvSO6djdffRa85GnJE7sw2QIyAUKGc+FVPd3AI0dzS1J9yxTro\n01Xmlw0lMJH9RMrTgQzWL+LmLvORP4dea1wddJRD8pn4t8kBVLJHKPxB+FI/qDyV\nXz7puz01ZRfg62I6cXyWcv4NrfOXVxPkcLUgRqf6+XFObi8u8TOtb2/ihDGUsajl\nHVECggEAW5mhwl2r7GLdykTqS+gTsmPfahFjOtTG8aGegclV2HDwduT89c0bkvtI\nrIHOMMsxa3oWZEyO0x2+PsKcgGWvJ15Cv5ICKRfdW1D8Lu/od4Wi/e8bxNIEGUr+\n1hJF3343DMW1bXQVsZ2jnTQbiuL3H4hvVwRvepbMDNqhwiOwHYzkXCNk3I4BEKBl\n5ur4jAJOQjU+IYvaWOH5xVaieJhFZmp9dVP+WaiKgIE0e3vPTDUvYLeZ4rj4+dO8\nHNWah6RIegNDG7DXdExKGsLprDKe072WM2bEUbfL30YU7Ud6EpQ+eF0TClCPCbmc\n9eCAvfvkRx6Nv90apJqXHJMytYsDLQ==\n-----END PRIVATE KEY-----\n",
            "public_key_fingerprint_md5": "21:2c:0e:58:eb:24:0a:73:9b:05:1b:1c:e7:ba:c7:68",
            "public_key_fingerprint_sha256": "SHA256:MNyHS7BEI3zfmSL6A97ux+bgMDkZ126Ye/YVBwkrjvA",
            "public_key_openssh": "ssh-rsa AAAAB3NzaC1yc2EAAAADAQABAAACAQC0xu0jxmcFyePastitu8ZU6JPSfu8PYYsiibOWwAnovFl7R4RLc7CH+egDWCxiPa3yHK7u9aIFxSRCl5AqbRHS9PXI1+6glZayBCCyx7fLeF0fhaiUzQbOCHjqJIstIUO6TEpBeLJGeqH5eELPhyvgw/2cUXci1p/UCb86jCCvf44MIk0uQxqjE4XG666zS+HnP11Q4DfClqpLaV1i2dzH4hPe83BqlJFMB77m6F57dH297m6dSD/E64dTL8HdKL4l/5UurH28cNiHF2b4BEgka0tsGRbXLNoFVydXzBP7pB2rSxZsAqsl9l31viqaeOQlAlIafEpAE17ZKoABkJ/x+b/bGayLnXfkLXH/e6rp4oRmoBWnomPJqxvyV8B+x+jCBSRayolJoaEgQYD1zP2akTQg26JCJLrRs1gMqMxDvOp4cG7CS3XTGIrZ8VvYvYYQtbIsKJ7KbfoL4qr5A6voiW9mA9dsfrxnZY6BZH8Kk2/2Tnuk0qaO9u6/2bHlRd2CdA5yjY/FZpXZK229a4WhlT/VAvYX6nOP8H943EElw4ujzr8Y8R0K+xUP9y16P+4QWdiwOXfnVxntpwhG4/y6+Bou4QnXZEAE1mt3r5+NIN+bD/AgsWbJUWgpYaDkIC0+tYhGoyIn4tGgGiF3c3ZzUnNe0f5Uc/MIHThod7Q4IQ==\n",
            "public_key_pem": "-----BEGIN PUBLIC KEY-----\nMIICIjANBgkqhkiG9w0BAQEFAAOCAg8AMIICCgKCAgEAtMbtI8ZnBcnj2rLYrbvG\nVOiT0n7vD2GLIomzlsAJ6LxZe0eES3Owh/noA1gsYj2t8hyu7vWiBcUkQpeQKm0R\n0vT1yNfuoJWWsgQgsse3y3hdH4WolM0Gzgh46iSLLSFDukxKQXiyRnqh+XhCz4cr\n4MP9nFF3Itaf1Am/Oowgr3+ODCJNLkMaoxOFxuuus0vh5z9dUOA3wpaqS2ldYtnc\nx+IT3vNwapSRTAe+5uhee3R9ve5unUg/xOuHUy/B3Si+Jf+VLqx9vHDYhxdm+ARI\nJGtLbBkW1yzaBVcnV8wT+6Qdq0sWbAKrJfZd9b4qmnjkJQJSGnxKQBNe2SqAAZCf\n8fm/2xmsi5135C1x/3uq6eKEZqAVp6Jjyasb8lfAfsfowgUkWsqJSaGhIEGA9cz9\nmpE0INuiQiS60bNYDKjMQ7zqeHBuwkt10xiK2fFb2L2GELWyLCieym36C+Kq+QOr\n6IlvZgPXbH68Z2WOgWR/CpNv9k57pNKmjvbuv9mx5UXdgnQOco2PxWaV2SttvWuF\noZU/1QL2F+pzj/B/eNxBJcOLo86/GPEdCvsVD/ctej/uEFnYsDl351cZ7acIRuP8\nuvgaLuEJ12RABNZrd6+fjSDfmw/wILFmyVFoKWGg5CAtPrWIRqMiJ+LRoBohd3N2\nc1JzXtH+VHPzCB04aHe0OCECAwEAAQ==\n-----END PUBLIC KEY-----\n",
            "rsa_bits": 4096
          },
          "sensitive_attributes": [
            [
              {
                "type": "get_attr",
                "value": "private_key_pem_pkcs8"
              }
            ],
            [
              {
                "type": "get_attr",
                "value": "private_key_openssh"
              }
            ],
            [
              {
                "type": "get_attr",
                "value": "private_key_pem"
              }
            ]
          ]
        }
      ]
    },
    {
      "module": "module.aws_virtual_machine_demo[0].module.security_group",
      "mode": "managed",
      "type": "aws_security_group",
      "name": "security_group",
      "provider": "provider[\"registry.terraform.io/hashicorp/aws\"]",
      "instances": [
        {
          "schema_version": 1,
          "attributes": {
            "arn": "arn:aws:ec2:us-east-1:008748484958:security-group/sg-00bc17ccfa28131a4",
            "description": "Allow all traffic",
            "egress": [
              {
                "cidr_blocks": [
                  "0.0.0.0/0"
                ],
                "description": "",
                "from_port": 0,
                "ipv6_cidr_blocks": [],
                "prefix_list_ids": [],
                "protocol": "-1",
                "security_groups": [],
                "self": false,
                "to_port": 0
              }
            ],
            "id": "sg-00bc17ccfa28131a4",
            "ingress": [
              {
                "cidr_blocks": [
                  "0.0.0.0/0"
                ],
                "description": "",
                "from_port": 0,
                "ipv6_cidr_blocks": [],
                "prefix_list_ids": [],
                "protocol": "-1",
                "security_groups": [],
                "self": false,
                "to_port": 0
              }
            ],
            "name": "AllowAll",
            "name_prefix": "",
            "owner_id": "008748484958",
            "revoke_rules_on_delete": false,
            "tags": {
              "Name": "AllowAll",
              "author": "khangtictoc",
              "createdBy": "Terraform",
              "environment": "dev",
              "project": "lab_extra_03"
            },
            "tags_all": {
              "Name": "AllowAll",
              "author": "khangtictoc",
              "createdBy": "Terraform",
              "environment": "dev",
              "project": "lab_extra_03"
            },
            "timeouts": null,
            "vpc_id": "vpc-09b5dc9050aa0cc8a"
          },
          "sensitive_attributes": [],
          "private": "eyJlMmJmYjczMC1lY2FhLTExZTYtOGY4OC0zNDM2M2JjN2M0YzAiOnsiY3JlYXRlIjo2MDAwMDAwMDAwMDAsImRlbGV0ZSI6OTAwMDAwMDAwMDAwfSwic2NoZW1hX3ZlcnNpb24iOiIxIn0=",
          "dependencies": [
            "azurerm_resource_group.vpn_resource_group",
            "module.vpn_s2s_aws_azure.module.aws_network.aws_internet_gateway.internet_gateway",
            "module.vpn_s2s_aws_azure.module.aws_network.aws_subnet.vpn_subnet",
            "module.vpn_s2s_aws_azure.module.aws_network.aws_vpc.vpn_vpc",
            "module.vpn_s2s_aws_azure.module.aws_network.aws_vpn_gateway.virtual_private_gateway",
            "module.vpn_s2s_aws_azure.module.azure_network.azurerm_public_ip.vpn_public_ip",
            "module.vpn_s2s_aws_azure.module.azure_network.azurerm_subnet.vpn_subnet",
            "module.vpn_s2s_aws_azure.module.azure_network.azurerm_virtual_network.vpn_virtual_network",
            "module.vpn_s2s_aws_azure.module.azure_network.azurerm_virtual_network_gateway.virtual_network_gateway",
            "module.vpn_s2s_aws_azure.module.vpn_SiteToSite_connection.aws_customer_gateway.customer_gateway",
            "module.vpn_s2s_aws_azure.module.vpn_SiteToSite_connection.aws_route.internet_gateway_route",
            "module.vpn_s2s_aws_azure.module.vpn_SiteToSite_connection.aws_route.vpn_gateway_route",
            "module.vpn_s2s_aws_azure.module.vpn_SiteToSite_connection.aws_vpn_connection.vpn_connection",
            "module.vpn_s2s_aws_azure.module.vpn_SiteToSite_connection.aws_vpn_connection_route.vpn_static_routes",
            "module.vpn_s2s_aws_azure.module.vpn_SiteToSite_connection.azurerm_local_network_gateway.local_network_gateway",
            "module.vpn_s2s_aws_azure.module.vpn_SiteToSite_connection.azurerm_virtual_network_gateway_connection.vpn_connection"
          ]
        }
      ]
    },
    {
      "module": "module.aws_virtual_machine_demo[0].module.security_group",
      "mode": "managed",
      "type": "aws_security_group_rule",
      "name": "security_group_rule",
      "provider": "provider[\"registry.terraform.io/hashicorp/aws\"]",
      "instances": [
        {
          "index_key": 0,
          "schema_version": 2,
          "attributes": {
            "cidr_blocks": [
              "0.0.0.0/0"
            ],
            "description": "",
            "from_port": 0,
            "id": "sgrule-1292104667",
            "ipv6_cidr_blocks": null,
            "prefix_list_ids": null,
            "protocol": "-1",
            "security_group_id": "sg-00bc17ccfa28131a4",
            "security_group_rule_id": "sgr-06c33e2de214de466",
            "self": false,
            "source_security_group_id": null,
            "timeouts": null,
            "to_port": 0,
            "type": "ingress"
          },
          "sensitive_attributes": [],
          "private": "eyJlMmJmYjczMC1lY2FhLTExZTYtOGY4OC0zNDM2M2JjN2M0YzAiOnsiY3JlYXRlIjozMDAwMDAwMDAwMDB9LCJzY2hlbWFfdmVyc2lvbiI6IjIifQ==",
          "dependencies": [
            "azurerm_resource_group.vpn_resource_group",
            "module.aws_virtual_machine_demo.module.security_group.aws_security_group.security_group",
            "module.vpn_s2s_aws_azure.module.aws_network.aws_internet_gateway.internet_gateway",
            "module.vpn_s2s_aws_azure.module.aws_network.aws_subnet.vpn_subnet",
            "module.vpn_s2s_aws_azure.module.aws_network.aws_vpc.vpn_vpc",
            "module.vpn_s2s_aws_azure.module.aws_network.aws_vpn_gateway.virtual_private_gateway",
            "module.vpn_s2s_aws_azure.module.azure_network.azurerm_public_ip.vpn_public_ip",
            "module.vpn_s2s_aws_azure.module.azure_network.azurerm_subnet.vpn_subnet",
            "module.vpn_s2s_aws_azure.module.azure_network.azurerm_virtual_network.vpn_virtual_network",
            "module.vpn_s2s_aws_azure.module.azure_network.azurerm_virtual_network_gateway.virtual_network_gateway",
            "module.vpn_s2s_aws_azure.module.vpn_SiteToSite_connection.aws_customer_gateway.customer_gateway",
            "module.vpn_s2s_aws_azure.module.vpn_SiteToSite_connection.aws_route.internet_gateway_route",
            "module.vpn_s2s_aws_azure.module.vpn_SiteToSite_connection.aws_route.vpn_gateway_route",
            "module.vpn_s2s_aws_azure.module.vpn_SiteToSite_connection.aws_vpn_connection.vpn_connection",
            "module.vpn_s2s_aws_azure.module.vpn_SiteToSite_connection.aws_vpn_connection_route.vpn_static_routes",
            "module.vpn_s2s_aws_azure.module.vpn_SiteToSite_connection.azurerm_local_network_gateway.local_network_gateway",
            "module.vpn_s2s_aws_azure.module.vpn_SiteToSite_connection.azurerm_virtual_network_gateway_connection.vpn_connection"
          ]
        },
        {
          "index_key": 1,
          "schema_version": 2,
          "attributes": {
            "cidr_blocks": [
              "0.0.0.0/0"
            ],
            "description": "",
            "from_port": 0,
            "id": "sgrule-3141867062",
            "ipv6_cidr_blocks": null,
            "prefix_list_ids": null,
            "protocol": "-1",
            "security_group_id": "sg-00bc17ccfa28131a4",
            "security_group_rule_id": "sgr-06c33e2de214de466",
            "self": false,
            "source_security_group_id": null,
            "timeouts": null,
            "to_port": 0,
            "type": "egress"
          },
          "sensitive_attributes": [],
          "private": "eyJlMmJmYjczMC1lY2FhLTExZTYtOGY4OC0zNDM2M2JjN2M0YzAiOnsiY3JlYXRlIjozMDAwMDAwMDAwMDB9LCJzY2hlbWFfdmVyc2lvbiI6IjIifQ==",
          "dependencies": [
            "azurerm_resource_group.vpn_resource_group",
            "module.aws_virtual_machine_demo.module.security_group.aws_security_group.security_group",
            "module.vpn_s2s_aws_azure.module.aws_network.aws_internet_gateway.internet_gateway",
            "module.vpn_s2s_aws_azure.module.aws_network.aws_subnet.vpn_subnet",
            "module.vpn_s2s_aws_azure.module.aws_network.aws_vpc.vpn_vpc",
            "module.vpn_s2s_aws_azure.module.aws_network.aws_vpn_gateway.virtual_private_gateway",
            "module.vpn_s2s_aws_azure.module.azure_network.azurerm_public_ip.vpn_public_ip",
            "module.vpn_s2s_aws_azure.module.azure_network.azurerm_subnet.vpn_subnet",
            "module.vpn_s2s_aws_azure.module.azure_network.azurerm_virtual_network.vpn_virtual_network",
            "module.vpn_s2s_aws_azure.module.azure_network.azurerm_virtual_network_gateway.virtual_network_gateway",
            "module.vpn_s2s_aws_azure.module.vpn_SiteToSite_connection.aws_customer_gateway.customer_gateway",
            "module.vpn_s2s_aws_azure.module.vpn_SiteToSite_connection.aws_route.internet_gateway_route",
            "module.vpn_s2s_aws_azure.module.vpn_SiteToSite_connection.aws_route.vpn_gateway_route",
            "module.vpn_s2s_aws_azure.module.vpn_SiteToSite_connection.aws_vpn_connection.vpn_connection",
            "module.vpn_s2s_aws_azure.module.vpn_SiteToSite_connection.aws_vpn_connection_route.vpn_static_routes",
            "module.vpn_s2s_aws_azure.module.vpn_SiteToSite_connection.azurerm_local_network_gateway.local_network_gateway",
            "module.vpn_s2s_aws_azure.module.vpn_SiteToSite_connection.azurerm_virtual_network_gateway_connection.vpn_connection"
          ]
        }
      ]
    },
    {
      "module": "module.azure_virtual_machine_demo[0].module.network_interface",
      "mode": "managed",
      "type": "azurerm_network_interface",
      "name": "network_interface",
      "provider": "provider[\"registry.terraform.io/hashicorp/azurerm\"]",
      "instances": [
        {
          "schema_version": 0,
          "attributes": {
            "applied_dns_servers": [],
            "auxiliary_mode": "",
            "auxiliary_sku": "",
            "dns_servers": [],
            "edge_zone": "",
            "enable_accelerated_networking": false,
            "enable_ip_forwarding": false,
            "id": "/subscriptions/ac90b42a-8ba9-48f5-9479-94dfd054e40d/resourceGroups/VPNSite2SiteDemo/providers/Microsoft.Network/networkInterfaces/myNIC01",
            "internal_dns_name_label": "",
            "internal_domain_name_suffix": "cqbl02s2qlwerc1l1ylw3errwb.hx.internal.cloudapp.net",
            "ip_configuration": [
              {
                "gateway_load_balancer_frontend_ip_configuration_id": "",
                "name": "internal",
                "primary": true,
                "private_ip_address": "172.16.1.4",
                "private_ip_address_allocation": "Dynamic",
                "private_ip_address_version": "IPv4",
                "public_ip_address_id": "/subscriptions/ac90b42a-8ba9-48f5-9479-94dfd054e40d/resourceGroups/VPNSite2SiteDemo/providers/Microsoft.Network/publicIPAddresses/myPublicIP01",
                "subnet_id": "/subscriptions/ac90b42a-8ba9-48f5-9479-94dfd054e40d/resourceGroups/VPNSite2SiteDemo/providers/Microsoft.Network/virtualNetworks/VpnVnet/subnets/AppSubnet"
              }
            ],
            "location": "eastasia",
            "mac_address": "00-22-48-EC-06-69",
            "name": "myNIC01",
            "private_ip_address": "172.16.1.4",
            "private_ip_addresses": [
              "172.16.1.4"
            ],
            "resource_group_name": "VPNSite2SiteDemo",
            "tags": {},
            "timeouts": null,
            "virtual_machine_id": "/subscriptions/ac90b42a-8ba9-48f5-9479-94dfd054e40d/resourceGroups/VPNSite2SiteDemo/providers/Microsoft.Compute/virtualMachines/source01"
          },
          "sensitive_attributes": [],
          "private": "eyJlMmJmYjczMC1lY2FhLTExZTYtOGY4OC0zNDM2M2JjN2M0YzAiOnsiY3JlYXRlIjoxODAwMDAwMDAwMDAwLCJkZWxldGUiOjE4MDAwMDAwMDAwMDAsInJlYWQiOjMwMDAwMDAwMDAwMCwidXBkYXRlIjoxODAwMDAwMDAwMDAwfX0=",
          "dependencies": [
            "azurerm_resource_group.vpn_resource_group",
            "module.azure_virtual_machine_demo.module.network_interface.azurerm_public_ip.public_ip",
            "module.vpn_s2s_aws_azure.module.aws_network.aws_internet_gateway.internet_gateway",
            "module.vpn_s2s_aws_azure.module.aws_network.aws_subnet.vpn_subnet",
            "module.vpn_s2s_aws_azure.module.aws_network.aws_vpc.vpn_vpc",
            "module.vpn_s2s_aws_azure.module.aws_network.aws_vpn_gateway.virtual_private_gateway",
            "module.vpn_s2s_aws_azure.module.azure_network.azurerm_public_ip.vpn_public_ip",
            "module.vpn_s2s_aws_azure.module.azure_network.azurerm_subnet.vpn_subnet",
            "module.vpn_s2s_aws_azure.module.azure_network.azurerm_virtual_network.vpn_virtual_network",
            "module.vpn_s2s_aws_azure.module.azure_network.azurerm_virtual_network_gateway.virtual_network_gateway",
            "module.vpn_s2s_aws_azure.module.vpn_SiteToSite_connection.aws_customer_gateway.customer_gateway",
            "module.vpn_s2s_aws_azure.module.vpn_SiteToSite_connection.aws_route.internet_gateway_route",
            "module.vpn_s2s_aws_azure.module.vpn_SiteToSite_connection.aws_route.vpn_gateway_route",
            "module.vpn_s2s_aws_azure.module.vpn_SiteToSite_connection.aws_vpn_connection.vpn_connection",
            "module.vpn_s2s_aws_azure.module.vpn_SiteToSite_connection.aws_vpn_connection_route.vpn_static_routes",
            "module.vpn_s2s_aws_azure.module.vpn_SiteToSite_connection.azurerm_local_network_gateway.local_network_gateway",
            "module.vpn_s2s_aws_azure.module.vpn_SiteToSite_connection.azurerm_virtual_network_gateway_connection.vpn_connection"
          ]
        }
      ]
    },
    {
      "module": "module.azure_virtual_machine_demo[0].module.network_interface",
      "mode": "managed",
      "type": "azurerm_network_interface_security_group_association",
      "name": "nsg_interface_attachment",
      "provider": "provider[\"registry.terraform.io/hashicorp/azurerm\"]",
      "instances": [
        {
          "schema_version": 0,
          "attributes": {
            "id": "/subscriptions/ac90b42a-8ba9-48f5-9479-94dfd054e40d/resourceGroups/VPNSite2SiteDemo/providers/Microsoft.Network/networkInterfaces/myNIC01|/subscriptions/ac90b42a-8ba9-48f5-9479-94dfd054e40d/resourceGroups/VPNSite2SiteDemo/providers/Microsoft.Network/networkSecurityGroups/myNSG01",
            "network_interface_id": "/subscriptions/ac90b42a-8ba9-48f5-9479-94dfd054e40d/resourceGroups/VPNSite2SiteDemo/providers/Microsoft.Network/networkInterfaces/myNIC01",
            "network_security_group_id": "/subscriptions/ac90b42a-8ba9-48f5-9479-94dfd054e40d/resourceGroups/VPNSite2SiteDemo/providers/Microsoft.Network/networkSecurityGroups/myNSG01",
            "timeouts": null
          },
          "sensitive_attributes": [],
          "private": "eyJlMmJmYjczMC1lY2FhLTExZTYtOGY4OC0zNDM2M2JjN2M0YzAiOnsiY3JlYXRlIjoxODAwMDAwMDAwMDAwLCJkZWxldGUiOjE4MDAwMDAwMDAwMDAsInJlYWQiOjMwMDAwMDAwMDAwMH19",
          "dependencies": [
            "azurerm_resource_group.vpn_resource_group",
            "module.azure_virtual_machine_demo.module.network_interface.azurerm_network_interface.network_interface",
            "module.azure_virtual_machine_demo.module.network_interface.azurerm_public_ip.public_ip",
            "module.azure_virtual_machine_demo.module.network_security_group.azurerm_network_security_group.network_security_group",
            "module.vpn_s2s_aws_azure.module.aws_network.aws_internet_gateway.internet_gateway",
            "module.vpn_s2s_aws_azure.module.aws_network.aws_subnet.vpn_subnet",
            "module.vpn_s2s_aws_azure.module.aws_network.aws_vpc.vpn_vpc",
            "module.vpn_s2s_aws_azure.module.aws_network.aws_vpn_gateway.virtual_private_gateway",
            "module.vpn_s2s_aws_azure.module.azure_network.azurerm_public_ip.vpn_public_ip",
            "module.vpn_s2s_aws_azure.module.azure_network.azurerm_subnet.vpn_subnet",
            "module.vpn_s2s_aws_azure.module.azure_network.azurerm_virtual_network.vpn_virtual_network",
            "module.vpn_s2s_aws_azure.module.azure_network.azurerm_virtual_network_gateway.virtual_network_gateway",
            "module.vpn_s2s_aws_azure.module.vpn_SiteToSite_connection.aws_customer_gateway.customer_gateway",
            "module.vpn_s2s_aws_azure.module.vpn_SiteToSite_connection.aws_route.internet_gateway_route",
            "module.vpn_s2s_aws_azure.module.vpn_SiteToSite_connection.aws_route.vpn_gateway_route",
            "module.vpn_s2s_aws_azure.module.vpn_SiteToSite_connection.aws_vpn_connection.vpn_connection",
            "module.vpn_s2s_aws_azure.module.vpn_SiteToSite_connection.aws_vpn_connection_route.vpn_static_routes",
            "module.vpn_s2s_aws_azure.module.vpn_SiteToSite_connection.azurerm_local_network_gateway.local_network_gateway",
            "module.vpn_s2s_aws_azure.module.vpn_SiteToSite_connection.azurerm_virtual_network_gateway_connection.vpn_connection"
          ]
        }
      ]
    },
    {
      "module": "module.azure_virtual_machine_demo[0].module.network_interface",
      "mode": "managed",
      "type": "azurerm_public_ip",
      "name": "public_ip",
      "provider": "provider[\"registry.terraform.io/hashicorp/azurerm\"]",
      "instances": [
        {
          "index_key": 0,
          "schema_version": 0,
          "attributes": {
            "allocation_method": "Dynamic",
            "ddos_protection_mode": "VirtualNetworkInherited",
            "ddos_protection_plan_id": null,
            "domain_name_label": null,
            "edge_zone": "",
            "fqdn": null,
            "id": "/subscriptions/ac90b42a-8ba9-48f5-9479-94dfd054e40d/resourceGroups/VPNSite2SiteDemo/providers/Microsoft.Network/publicIPAddresses/myPublicIP01",
            "idle_timeout_in_minutes": 4,
            "ip_address": "20.255.154.27",
            "ip_tags": {},
            "ip_version": "IPv4",
            "location": "eastasia",
            "name": "myPublicIP01",
            "public_ip_prefix_id": null,
            "resource_group_name": "VPNSite2SiteDemo",
            "reverse_fqdn": null,
            "sku": "Basic",
            "sku_tier": "Regional",
            "tags": {},
            "timeouts": null,
            "zones": []
          },
          "sensitive_attributes": [],
          "private": "eyJlMmJmYjczMC1lY2FhLTExZTYtOGY4OC0zNDM2M2JjN2M0YzAiOnsiY3JlYXRlIjoxODAwMDAwMDAwMDAwLCJkZWxldGUiOjE4MDAwMDAwMDAwMDAsInJlYWQiOjMwMDAwMDAwMDAwMCwidXBkYXRlIjoxODAwMDAwMDAwMDAwfX0=",
          "dependencies": [
            "azurerm_resource_group.vpn_resource_group"
          ]
        }
      ]
    },
    {
      "module": "module.azure_virtual_machine_demo[0].module.network_security_group",
      "mode": "managed",
      "type": "azurerm_network_security_group",
      "name": "network_security_group",
      "provider": "provider[\"registry.terraform.io/hashicorp/azurerm\"]",
      "instances": [
        {
          "schema_version": 0,
          "attributes": {
            "id": "/subscriptions/ac90b42a-8ba9-48f5-9479-94dfd054e40d/resourceGroups/VPNSite2SiteDemo/providers/Microsoft.Network/networkSecurityGroups/myNSG01",
            "location": "eastasia",
            "name": "myNSG01",
            "resource_group_name": "VPNSite2SiteDemo",
            "security_rule": [
              {
                "access": "Allow",
                "description": "",
                "destination_address_prefix": "*",
                "destination_address_prefixes": [],
                "destination_application_security_group_ids": [],
                "destination_port_range": "*",
                "destination_port_ranges": [],
                "direction": "Inbound",
                "name": "AllowAllInbound",
                "priority": 100,
                "protocol": "Tcp",
                "source_address_prefix": "*",
                "source_address_prefixes": [],
                "source_application_security_group_ids": [],
                "source_port_range": "*",
                "source_port_ranges": []
              },
              {
                "access": "Allow",
                "description": "",
                "destination_address_prefix": "*",
                "destination_address_prefixes": [],
                "destination_application_security_group_ids": [],
                "destination_port_range": "*",
                "destination_port_ranges": [],
                "direction": "Outbound",
                "name": "AllowAllOutbound",
                "priority": 100,
                "protocol": "Tcp",
                "source_address_prefix": "*",
                "source_address_prefixes": [],
                "source_application_security_group_ids": [],
                "source_port_range": "*",
                "source_port_ranges": []
              }
            ],
            "tags": {},
            "timeouts": null
          },
          "sensitive_attributes": [],
          "private": "eyJlMmJmYjczMC1lY2FhLTExZTYtOGY4OC0zNDM2M2JjN2M0YzAiOnsiY3JlYXRlIjoxODAwMDAwMDAwMDAwLCJkZWxldGUiOjE4MDAwMDAwMDAwMDAsInJlYWQiOjMwMDAwMDAwMDAwMCwidXBkYXRlIjoxODAwMDAwMDAwMDAwfX0=",
          "dependencies": [
            "azurerm_resource_group.vpn_resource_group"
          ]
        }
      ]
    },
    {
      "module": "module.azure_virtual_machine_demo[0].module.network_security_group",
      "mode": "managed",
      "type": "azurerm_network_security_rule",
      "name": "security_rule",
      "provider": "provider[\"registry.terraform.io/hashicorp/azurerm\"]",
      "instances": [
        {
          "index_key": 0,
          "schema_version": 0,
          "attributes": {
            "access": "Allow",
            "description": "",
            "destination_address_prefix": "*",
            "destination_address_prefixes": [],
            "destination_application_security_group_ids": [],
            "destination_port_range": "*",
            "destination_port_ranges": [],
            "direction": "Inbound",
            "id": "/subscriptions/ac90b42a-8ba9-48f5-9479-94dfd054e40d/resourceGroups/VPNSite2SiteDemo/providers/Microsoft.Network/networkSecurityGroups/myNSG01/securityRules/AllowAllInbound",
            "name": "AllowAllInbound",
            "network_security_group_name": "myNSG01",
            "priority": 100,
            "protocol": "Tcp",
            "resource_group_name": "VPNSite2SiteDemo",
            "source_address_prefix": "*",
            "source_address_prefixes": [],
            "source_application_security_group_ids": [],
            "source_port_range": "*",
            "source_port_ranges": [],
            "timeouts": null
          },
          "sensitive_attributes": [],
          "private": "eyJlMmJmYjczMC1lY2FhLTExZTYtOGY4OC0zNDM2M2JjN2M0YzAiOnsiY3JlYXRlIjoxODAwMDAwMDAwMDAwLCJkZWxldGUiOjE4MDAwMDAwMDAwMDAsInJlYWQiOjMwMDAwMDAwMDAwMCwidXBkYXRlIjoxODAwMDAwMDAwMDAwfX0=",
          "dependencies": [
            "azurerm_resource_group.vpn_resource_group",
            "module.azure_virtual_machine_demo.module.network_security_group.azurerm_network_security_group.network_security_group"
          ]
        },
        {
          "index_key": 1,
          "schema_version": 0,
          "attributes": {
            "access": "Allow",
            "description": "",
            "destination_address_prefix": "*",
            "destination_address_prefixes": [],
            "destination_application_security_group_ids": [],
            "destination_port_range": "*",
            "destination_port_ranges": [],
            "direction": "Outbound",
            "id": "/subscriptions/ac90b42a-8ba9-48f5-9479-94dfd054e40d/resourceGroups/VPNSite2SiteDemo/providers/Microsoft.Network/networkSecurityGroups/myNSG01/securityRules/AllowAllOutbound",
            "name": "AllowAllOutbound",
            "network_security_group_name": "myNSG01",
            "priority": 100,
            "protocol": "Tcp",
            "resource_group_name": "VPNSite2SiteDemo",
            "source_address_prefix": "*",
            "source_address_prefixes": [],
            "source_application_security_group_ids": [],
            "source_port_range": "*",
            "source_port_ranges": [],
            "timeouts": null
          },
          "sensitive_attributes": [],
          "private": "eyJlMmJmYjczMC1lY2FhLTExZTYtOGY4OC0zNDM2M2JjN2M0YzAiOnsiY3JlYXRlIjoxODAwMDAwMDAwMDAwLCJkZWxldGUiOjE4MDAwMDAwMDAwMDAsInJlYWQiOjMwMDAwMDAwMDAwMCwidXBkYXRlIjoxODAwMDAwMDAwMDAwfX0=",
          "dependencies": [
            "azurerm_resource_group.vpn_resource_group",
            "module.azure_virtual_machine_demo.module.network_security_group.azurerm_network_security_group.network_security_group"
          ]
        }
      ]
    },
    {
      "module": "module.azure_virtual_machine_demo[0].module.virtual_machine",
      "mode": "managed",
      "type": "azurerm_linux_virtual_machine",
      "name": "virtual_machine",
      "provider": "provider[\"registry.terraform.io/hashicorp/azurerm\"]",
      "instances": [
        {
          "schema_version": 0,
          "attributes": {
            "additional_capabilities": [],
            "admin_password": null,
            "admin_ssh_key": [
              {
                "public_key": "ssh-rsa AAAAB3NzaC1yc2EAAAADAQABAAACAQC1r9cy6iMk6ZOfVHpXRFX/97Vc49AEdJYzcp2NV03aSig18cVfG+oJCLp1NEQccpZeoRsn1cYl6yCkfSio8AgrnRxofmMMJ8fG7J/P4rwuXAoRCi8Q1/z+cRf1gN6oUSkBSWmbu4FzJ5nCoucj75ndNvqE4NwJyXWw8QGrRFjHRBR6Z8BNuNny5u81SI7afEFvVZOx+pnyW70hKJKyT8YNQ8FYTcj6iq0XJ3C5FIrr79jNy/MX1E0e55TTxaDXTRe5kJdAGhcfDps5JFmLmU5pNMmQbZcXbpqFiW6KzCArUvwBVh4W0INgBdiOZQva1P96yTSTu/3CsQEdjNOzU3V5uNDMDGb4xIlnJYlGUz3TzBn+dbvtme/QF2s4KMLwqHOsX40VWnZo3xkt/W1QX3k8e0PO5Z7z+Rx8zm6ipbvKtufb1RVfcfm0QP0mT6e2NmUScmvTn8RrLMoOtZdT89gnVPNBcbxdeOQz/eIoNGGVWmkeDN1wocMLT8UqvSiRxbI2Dye14kAIPREeTjxyPsdhh/ocojK+DdAdHJW8vBW69vLIxID74sB6Xo0WgZvg3D6UVWSw/6WIPGKyJzy9KW0FD57yS5sVJQl1FOlw/w2cXZMZr05ImAWddxotJY5E5vdGfn5m1Qw76Erso3vyrs7hEDgkaYBW+6sp+dt4QVXiEw== admin@DESKTOP-4ED8NGH\r\n",
                "username": "azureadmin"
              }
            ],
            "admin_username": "azureadmin",
            "allow_extension_operations": true,
            "availability_set_id": "",
            "boot_diagnostics": [],
            "bypass_platform_safety_checks_on_user_schedule_enabled": false,
            "capacity_reservation_group_id": "",
            "computer_name": "myLinuxAgent01",
            "custom_data": null,
            "dedicated_host_group_id": "",
            "dedicated_host_id": "",
            "disable_password_authentication": true,
            "edge_zone": "",
            "encryption_at_host_enabled": false,
            "eviction_policy": "Delete",
            "extensions_time_budget": "PT1H30M",
            "gallery_application": [],
            "id": "/subscriptions/ac90b42a-8ba9-48f5-9479-94dfd054e40d/resourceGroups/VPNSite2SiteDemo/providers/Microsoft.Compute/virtualMachines/source01",
            "identity": [],
            "license_type": "",
            "location": "eastasia",
            "max_bid_price": -1,
            "name": "source01",
            "network_interface_ids": [
              "/subscriptions/ac90b42a-8ba9-48f5-9479-94dfd054e40d/resourceGroups/VPNSite2SiteDemo/providers/Microsoft.Network/networkInterfaces/myNIC01"
            ],
            "os_disk": [
              {
                "caching": "ReadWrite",
                "diff_disk_settings": [],
                "disk_encryption_set_id": "",
                "disk_size_gb": 30,
                "name": "myOsDisk01",
                "secure_vm_disk_encryption_set_id": "",
                "security_encryption_type": "",
                "storage_account_type": "Standard_LRS",
                "write_accelerator_enabled": false
              }
            ],
            "patch_assessment_mode": "ImageDefault",
            "patch_mode": "ImageDefault",
            "plan": [],
            "platform_fault_domain": -1,
            "priority": "Spot",
            "private_ip_address": "172.16.1.4",
            "private_ip_addresses": [
              "172.16.1.4"
            ],
            "provision_vm_agent": true,
            "proximity_placement_group_id": "",
            "public_ip_address": "20.255.154.27",
            "public_ip_addresses": [
              "20.255.154.27"
            ],
            "reboot_setting": "",
            "resource_group_name": "VPNSite2SiteDemo",
            "secret": [],
            "secure_boot_enabled": false,
            "size": "Standard_F1s",
            "source_image_id": "",
            "source_image_reference": [
              {
                "offer": "0001-com-ubuntu-server-focal",
                "publisher": "Canonical",
                "sku": "20_04-lts",
                "version": "latest"
              }
            ],
            "tags": {},
            "termination_notification": [],
            "timeouts": null,
            "user_data": "",
            "virtual_machine_id": "fb88bddd-e460-4fb8-a24f-8010afb3e7c3",
            "virtual_machine_scale_set_id": "",
            "vtpm_enabled": false,
            "zone": ""
          },
          "sensitive_attributes": [
            [
              {
                "type": "get_attr",
                "value": "admin_password"
              }
            ],
            [
              {
                "type": "get_attr",
                "value": "custom_data"
              }
            ]
          ],
          "private": "eyJlMmJmYjczMC1lY2FhLTExZTYtOGY4OC0zNDM2M2JjN2M0YzAiOnsiY3JlYXRlIjoyNzAwMDAwMDAwMDAwLCJkZWxldGUiOjI3MDAwMDAwMDAwMDAsInJlYWQiOjMwMDAwMDAwMDAwMCwidXBkYXRlIjoyNzAwMDAwMDAwMDAwfX0=",
          "dependencies": [
            "azurerm_resource_group.vpn_resource_group",
            "module.azure_virtual_machine_demo.module.network_interface.azurerm_network_interface.network_interface",
            "module.azure_virtual_machine_demo.module.network_interface.azurerm_public_ip.public_ip",
            "module.vpn_s2s_aws_azure.module.aws_network.aws_internet_gateway.internet_gateway",
            "module.vpn_s2s_aws_azure.module.aws_network.aws_subnet.vpn_subnet",
            "module.vpn_s2s_aws_azure.module.aws_network.aws_vpc.vpn_vpc",
            "module.vpn_s2s_aws_azure.module.aws_network.aws_vpn_gateway.virtual_private_gateway",
            "module.vpn_s2s_aws_azure.module.azure_network.azurerm_public_ip.vpn_public_ip",
            "module.vpn_s2s_aws_azure.module.azure_network.azurerm_subnet.vpn_subnet",
            "module.vpn_s2s_aws_azure.module.azure_network.azurerm_virtual_network.vpn_virtual_network",
            "module.vpn_s2s_aws_azure.module.azure_network.azurerm_virtual_network_gateway.virtual_network_gateway",
            "module.vpn_s2s_aws_azure.module.vpn_SiteToSite_connection.aws_customer_gateway.customer_gateway",
            "module.vpn_s2s_aws_azure.module.vpn_SiteToSite_connection.aws_route.internet_gateway_route",
            "module.vpn_s2s_aws_azure.module.vpn_SiteToSite_connection.aws_route.vpn_gateway_route",
            "module.vpn_s2s_aws_azure.module.vpn_SiteToSite_connection.aws_vpn_connection.vpn_connection",
            "module.vpn_s2s_aws_azure.module.vpn_SiteToSite_connection.aws_vpn_connection_route.vpn_static_routes",
            "module.vpn_s2s_aws_azure.module.vpn_SiteToSite_connection.azurerm_local_network_gateway.local_network_gateway",
            "module.vpn_s2s_aws_azure.module.vpn_SiteToSite_connection.azurerm_virtual_network_gateway_connection.vpn_connection"
          ]
        }
      ]
    },
    {
      "module": "module.azure_virtual_machine_demo[1].module.network_interface",
      "mode": "managed",
      "type": "azurerm_network_interface",
      "name": "network_interface",
      "provider": "provider[\"registry.terraform.io/hashicorp/azurerm\"]",
      "instances": [
        {
          "schema_version": 0,
          "attributes": {
            "applied_dns_servers": [],
            "auxiliary_mode": "",
            "auxiliary_sku": "",
            "dns_servers": [],
            "edge_zone": "",
            "enable_accelerated_networking": false,
            "enable_ip_forwarding": false,
            "id": "/subscriptions/ac90b42a-8ba9-48f5-9479-94dfd054e40d/resourceGroups/VPNSite2SiteDemo/providers/Microsoft.Network/networkInterfaces/myNIC02",
            "internal_dns_name_label": "",
            "internal_domain_name_suffix": "ga5sg3zazo1uhoovkzfv3n0r0e.hx.internal.cloudapp.net",
            "ip_configuration": [
              {
                "gateway_load_balancer_frontend_ip_configuration_id": "",
                "name": "internal",
                "primary": true,
                "private_ip_address": "10.10.1.4",
                "private_ip_address_allocation": "Dynamic",
                "private_ip_address_version": "IPv4",
                "public_ip_address_id": "/subscriptions/ac90b42a-8ba9-48f5-9479-94dfd054e40d/resourceGroups/VPNSite2SiteDemo/providers/Microsoft.Network/publicIPAddresses/myPublicIP02",
                "subnet_id": "/subscriptions/ac90b42a-8ba9-48f5-9479-94dfd054e40d/resourceGroups/VPNSite2SiteDemo2/providers/Microsoft.Network/virtualNetworks/VpnVnet2/subnets/AppSubnet"
              }
            ],
            "location": "eastasia",
            "mac_address": "00-22-48-ED-E8-7E",
            "name": "myNIC02",
            "private_ip_address": "10.10.1.4",
            "private_ip_addresses": [
              "10.10.1.4"
            ],
            "resource_group_name": "VPNSite2SiteDemo",
            "tags": {},
            "timeouts": null,
            "virtual_machine_id": "/subscriptions/ac90b42a-8ba9-48f5-9479-94dfd054e40d/resourceGroups/VPNSite2SiteDemo/providers/Microsoft.Compute/virtualMachines/source02"
          },
          "sensitive_attributes": [],
          "private": "eyJlMmJmYjczMC1lY2FhLTExZTYtOGY4OC0zNDM2M2JjN2M0YzAiOnsiY3JlYXRlIjoxODAwMDAwMDAwMDAwLCJkZWxldGUiOjE4MDAwMDAwMDAwMDAsInJlYWQiOjMwMDAwMDAwMDAwMCwidXBkYXRlIjoxODAwMDAwMDAwMDAwfX0=",
          "dependencies": [
            "azurerm_resource_group.vpn_resource_group",
            "module.azure_virtual_machine_demo.module.network_interface.azurerm_public_ip.public_ip",
            "module.vpn_s2s_aws_azure.module.aws_network.aws_internet_gateway.internet_gateway",
            "module.vpn_s2s_aws_azure.module.aws_network.aws_subnet.vpn_subnet",
            "module.vpn_s2s_aws_azure.module.aws_network.aws_vpc.vpn_vpc",
            "module.vpn_s2s_aws_azure.module.aws_network.aws_vpn_gateway.virtual_private_gateway",
            "module.vpn_s2s_aws_azure.module.azure_network.azurerm_public_ip.vpn_public_ip",
            "module.vpn_s2s_aws_azure.module.azure_network.azurerm_subnet.vpn_subnet",
            "module.vpn_s2s_aws_azure.module.azure_network.azurerm_virtual_network.vpn_virtual_network",
            "module.vpn_s2s_aws_azure.module.azure_network.azurerm_virtual_network_gateway.virtual_network_gateway",
            "module.vpn_s2s_aws_azure.module.vpn_SiteToSite_connection.aws_customer_gateway.customer_gateway",
            "module.vpn_s2s_aws_azure.module.vpn_SiteToSite_connection.aws_route.internet_gateway_route",
            "module.vpn_s2s_aws_azure.module.vpn_SiteToSite_connection.aws_route.vpn_gateway_route",
            "module.vpn_s2s_aws_azure.module.vpn_SiteToSite_connection.aws_vpn_connection.vpn_connection",
            "module.vpn_s2s_aws_azure.module.vpn_SiteToSite_connection.aws_vpn_connection_route.vpn_static_routes",
            "module.vpn_s2s_aws_azure.module.vpn_SiteToSite_connection.azurerm_local_network_gateway.local_network_gateway",
            "module.vpn_s2s_aws_azure.module.vpn_SiteToSite_connection.azurerm_virtual_network_gateway_connection.vpn_connection"
          ]
        }
      ]
    },
    {
      "module": "module.azure_virtual_machine_demo[1].module.network_interface",
      "mode": "managed",
      "type": "azurerm_network_interface_security_group_association",
      "name": "nsg_interface_attachment",
      "provider": "provider[\"registry.terraform.io/hashicorp/azurerm\"]",
      "instances": [
        {
          "schema_version": 0,
          "attributes": {
            "id": "/subscriptions/ac90b42a-8ba9-48f5-9479-94dfd054e40d/resourceGroups/VPNSite2SiteDemo/providers/Microsoft.Network/networkInterfaces/myNIC02|/subscriptions/ac90b42a-8ba9-48f5-9479-94dfd054e40d/resourceGroups/VPNSite2SiteDemo/providers/Microsoft.Network/networkSecurityGroups/myNSG02",
            "network_interface_id": "/subscriptions/ac90b42a-8ba9-48f5-9479-94dfd054e40d/resourceGroups/VPNSite2SiteDemo/providers/Microsoft.Network/networkInterfaces/myNIC02",
            "network_security_group_id": "/subscriptions/ac90b42a-8ba9-48f5-9479-94dfd054e40d/resourceGroups/VPNSite2SiteDemo/providers/Microsoft.Network/networkSecurityGroups/myNSG02",
            "timeouts": null
          },
          "sensitive_attributes": [],
          "private": "eyJlMmJmYjczMC1lY2FhLTExZTYtOGY4OC0zNDM2M2JjN2M0YzAiOnsiY3JlYXRlIjoxODAwMDAwMDAwMDAwLCJkZWxldGUiOjE4MDAwMDAwMDAwMDAsInJlYWQiOjMwMDAwMDAwMDAwMH19",
          "dependencies": [
            "azurerm_resource_group.vpn_resource_group",
            "module.azure_virtual_machine_demo.module.network_interface.azurerm_network_interface.network_interface",
            "module.azure_virtual_machine_demo.module.network_interface.azurerm_public_ip.public_ip",
            "module.azure_virtual_machine_demo.module.network_security_group.azurerm_network_security_group.network_security_group",
            "module.vpn_s2s_aws_azure.module.aws_network.aws_internet_gateway.internet_gateway",
            "module.vpn_s2s_aws_azure.module.aws_network.aws_subnet.vpn_subnet",
            "module.vpn_s2s_aws_azure.module.aws_network.aws_vpc.vpn_vpc",
            "module.vpn_s2s_aws_azure.module.aws_network.aws_vpn_gateway.virtual_private_gateway",
            "module.vpn_s2s_aws_azure.module.azure_network.azurerm_public_ip.vpn_public_ip",
            "module.vpn_s2s_aws_azure.module.azure_network.azurerm_subnet.vpn_subnet",
            "module.vpn_s2s_aws_azure.module.azure_network.azurerm_virtual_network.vpn_virtual_network",
            "module.vpn_s2s_aws_azure.module.azure_network.azurerm_virtual_network_gateway.virtual_network_gateway",
            "module.vpn_s2s_aws_azure.module.vpn_SiteToSite_connection.aws_customer_gateway.customer_gateway",
            "module.vpn_s2s_aws_azure.module.vpn_SiteToSite_connection.aws_route.internet_gateway_route",
            "module.vpn_s2s_aws_azure.module.vpn_SiteToSite_connection.aws_route.vpn_gateway_route",
            "module.vpn_s2s_aws_azure.module.vpn_SiteToSite_connection.aws_vpn_connection.vpn_connection",
            "module.vpn_s2s_aws_azure.module.vpn_SiteToSite_connection.aws_vpn_connection_route.vpn_static_routes",
            "module.vpn_s2s_aws_azure.module.vpn_SiteToSite_connection.azurerm_local_network_gateway.local_network_gateway",
            "module.vpn_s2s_aws_azure.module.vpn_SiteToSite_connection.azurerm_virtual_network_gateway_connection.vpn_connection"
          ]
        }
      ]
    },
    {
      "module": "module.azure_virtual_machine_demo[1].module.network_interface",
      "mode": "managed",
      "type": "azurerm_public_ip",
      "name": "public_ip",
      "provider": "provider[\"registry.terraform.io/hashicorp/azurerm\"]",
      "instances": [
        {
          "index_key": 0,
          "schema_version": 0,
          "attributes": {
            "allocation_method": "Dynamic",
            "ddos_protection_mode": "VirtualNetworkInherited",
            "ddos_protection_plan_id": null,
            "domain_name_label": null,
            "edge_zone": "",
            "fqdn": null,
            "id": "/subscriptions/ac90b42a-8ba9-48f5-9479-94dfd054e40d/resourceGroups/VPNSite2SiteDemo/providers/Microsoft.Network/publicIPAddresses/myPublicIP02",
            "idle_timeout_in_minutes": 4,
            "ip_address": "20.255.152.134",
            "ip_tags": {},
            "ip_version": "IPv4",
            "location": "eastasia",
            "name": "myPublicIP02",
            "public_ip_prefix_id": null,
            "resource_group_name": "VPNSite2SiteDemo",
            "reverse_fqdn": null,
            "sku": "Basic",
            "sku_tier": "Regional",
            "tags": {},
            "timeouts": null,
            "zones": []
          },
          "sensitive_attributes": [],
          "private": "eyJlMmJmYjczMC1lY2FhLTExZTYtOGY4OC0zNDM2M2JjN2M0YzAiOnsiY3JlYXRlIjoxODAwMDAwMDAwMDAwLCJkZWxldGUiOjE4MDAwMDAwMDAwMDAsInJlYWQiOjMwMDAwMDAwMDAwMCwidXBkYXRlIjoxODAwMDAwMDAwMDAwfX0=",
          "dependencies": [
            "azurerm_resource_group.vpn_resource_group"
          ]
        }
      ]
    },
    {
      "module": "module.azure_virtual_machine_demo[1].module.network_security_group",
      "mode": "managed",
      "type": "azurerm_network_security_group",
      "name": "network_security_group",
      "provider": "provider[\"registry.terraform.io/hashicorp/azurerm\"]",
      "instances": [
        {
          "schema_version": 0,
          "attributes": {
            "id": "/subscriptions/ac90b42a-8ba9-48f5-9479-94dfd054e40d/resourceGroups/VPNSite2SiteDemo/providers/Microsoft.Network/networkSecurityGroups/myNSG02",
            "location": "eastasia",
            "name": "myNSG02",
            "resource_group_name": "VPNSite2SiteDemo",
            "security_rule": [
              {
                "access": "Allow",
                "description": "",
                "destination_address_prefix": "*",
                "destination_address_prefixes": [],
                "destination_application_security_group_ids": [],
                "destination_port_range": "*",
                "destination_port_ranges": [],
                "direction": "Inbound",
                "name": "AllowAllInbound",
                "priority": 100,
                "protocol": "Tcp",
                "source_address_prefix": "*",
                "source_address_prefixes": [],
                "source_application_security_group_ids": [],
                "source_port_range": "*",
                "source_port_ranges": []
              },
              {
                "access": "Allow",
                "description": "",
                "destination_address_prefix": "*",
                "destination_address_prefixes": [],
                "destination_application_security_group_ids": [],
                "destination_port_range": "*",
                "destination_port_ranges": [],
                "direction": "Outbound",
                "name": "AllowAllOutbound",
                "priority": 100,
                "protocol": "Tcp",
                "source_address_prefix": "*",
                "source_address_prefixes": [],
                "source_application_security_group_ids": [],
                "source_port_range": "*",
                "source_port_ranges": []
              }
            ],
            "tags": {},
            "timeouts": null
          },
          "sensitive_attributes": [],
          "private": "eyJlMmJmYjczMC1lY2FhLTExZTYtOGY4OC0zNDM2M2JjN2M0YzAiOnsiY3JlYXRlIjoxODAwMDAwMDAwMDAwLCJkZWxldGUiOjE4MDAwMDAwMDAwMDAsInJlYWQiOjMwMDAwMDAwMDAwMCwidXBkYXRlIjoxODAwMDAwMDAwMDAwfX0=",
          "dependencies": [
            "azurerm_resource_group.vpn_resource_group"
          ]
        }
      ]
    },
    {
      "module": "module.azure_virtual_machine_demo[1].module.network_security_group",
      "mode": "managed",
      "type": "azurerm_network_security_rule",
      "name": "security_rule",
      "provider": "provider[\"registry.terraform.io/hashicorp/azurerm\"]",
      "instances": [
        {
          "index_key": 0,
          "schema_version": 0,
          "attributes": {
            "access": "Allow",
            "description": "",
            "destination_address_prefix": "*",
            "destination_address_prefixes": [],
            "destination_application_security_group_ids": [],
            "destination_port_range": "*",
            "destination_port_ranges": [],
            "direction": "Inbound",
            "id": "/subscriptions/ac90b42a-8ba9-48f5-9479-94dfd054e40d/resourceGroups/VPNSite2SiteDemo/providers/Microsoft.Network/networkSecurityGroups/myNSG02/securityRules/AllowAllInbound",
            "name": "AllowAllInbound",
            "network_security_group_name": "myNSG02",
            "priority": 100,
            "protocol": "Tcp",
            "resource_group_name": "VPNSite2SiteDemo",
            "source_address_prefix": "*",
            "source_address_prefixes": [],
            "source_application_security_group_ids": [],
            "source_port_range": "*",
            "source_port_ranges": [],
            "timeouts": null
          },
          "sensitive_attributes": [],
          "private": "eyJlMmJmYjczMC1lY2FhLTExZTYtOGY4OC0zNDM2M2JjN2M0YzAiOnsiY3JlYXRlIjoxODAwMDAwMDAwMDAwLCJkZWxldGUiOjE4MDAwMDAwMDAwMDAsInJlYWQiOjMwMDAwMDAwMDAwMCwidXBkYXRlIjoxODAwMDAwMDAwMDAwfX0=",
          "dependencies": [
            "azurerm_resource_group.vpn_resource_group",
            "module.azure_virtual_machine_demo.module.network_security_group.azurerm_network_security_group.network_security_group"
          ]
        },
        {
          "index_key": 1,
          "schema_version": 0,
          "attributes": {
            "access": "Allow",
            "description": "",
            "destination_address_prefix": "*",
            "destination_address_prefixes": [],
            "destination_application_security_group_ids": [],
            "destination_port_range": "*",
            "destination_port_ranges": [],
            "direction": "Outbound",
            "id": "/subscriptions/ac90b42a-8ba9-48f5-9479-94dfd054e40d/resourceGroups/VPNSite2SiteDemo/providers/Microsoft.Network/networkSecurityGroups/myNSG02/securityRules/AllowAllOutbound",
            "name": "AllowAllOutbound",
            "network_security_group_name": "myNSG02",
            "priority": 100,
            "protocol": "Tcp",
            "resource_group_name": "VPNSite2SiteDemo",
            "source_address_prefix": "*",
            "source_address_prefixes": [],
            "source_application_security_group_ids": [],
            "source_port_range": "*",
            "source_port_ranges": [],
            "timeouts": null
          },
          "sensitive_attributes": [],
          "private": "eyJlMmJmYjczMC1lY2FhLTExZTYtOGY4OC0zNDM2M2JjN2M0YzAiOnsiY3JlYXRlIjoxODAwMDAwMDAwMDAwLCJkZWxldGUiOjE4MDAwMDAwMDAwMDAsInJlYWQiOjMwMDAwMDAwMDAwMCwidXBkYXRlIjoxODAwMDAwMDAwMDAwfX0=",
          "dependencies": [
            "azurerm_resource_group.vpn_resource_group",
            "module.azure_virtual_machine_demo.module.network_security_group.azurerm_network_security_group.network_security_group"
          ]
        }
      ]
    },
    {
      "module": "module.azure_virtual_machine_demo[1].module.virtual_machine",
      "mode": "managed",
      "type": "azurerm_linux_virtual_machine",
      "name": "virtual_machine",
      "provider": "provider[\"registry.terraform.io/hashicorp/azurerm\"]",
      "instances": [
        {
          "schema_version": 0,
          "attributes": {
            "additional_capabilities": [],
            "admin_password": null,
            "admin_ssh_key": [
              {
                "public_key": "ssh-rsa AAAAB3NzaC1yc2EAAAADAQABAAACAQC1r9cy6iMk6ZOfVHpXRFX/97Vc49AEdJYzcp2NV03aSig18cVfG+oJCLp1NEQccpZeoRsn1cYl6yCkfSio8AgrnRxofmMMJ8fG7J/P4rwuXAoRCi8Q1/z+cRf1gN6oUSkBSWmbu4FzJ5nCoucj75ndNvqE4NwJyXWw8QGrRFjHRBR6Z8BNuNny5u81SI7afEFvVZOx+pnyW70hKJKyT8YNQ8FYTcj6iq0XJ3C5FIrr79jNy/MX1E0e55TTxaDXTRe5kJdAGhcfDps5JFmLmU5pNMmQbZcXbpqFiW6KzCArUvwBVh4W0INgBdiOZQva1P96yTSTu/3CsQEdjNOzU3V5uNDMDGb4xIlnJYlGUz3TzBn+dbvtme/QF2s4KMLwqHOsX40VWnZo3xkt/W1QX3k8e0PO5Z7z+Rx8zm6ipbvKtufb1RVfcfm0QP0mT6e2NmUScmvTn8RrLMoOtZdT89gnVPNBcbxdeOQz/eIoNGGVWmkeDN1wocMLT8UqvSiRxbI2Dye14kAIPREeTjxyPsdhh/ocojK+DdAdHJW8vBW69vLIxID74sB6Xo0WgZvg3D6UVWSw/6WIPGKyJzy9KW0FD57yS5sVJQl1FOlw/w2cXZMZr05ImAWddxotJY5E5vdGfn5m1Qw76Erso3vyrs7hEDgkaYBW+6sp+dt4QVXiEw== admin@DESKTOP-4ED8NGH\r\n",
                "username": "azureadmin"
              }
            ],
            "admin_username": "azureadmin",
            "allow_extension_operations": true,
            "availability_set_id": "",
            "boot_diagnostics": [],
            "bypass_platform_safety_checks_on_user_schedule_enabled": false,
            "capacity_reservation_group_id": "",
            "computer_name": "myLinuxAgent02",
            "custom_data": null,
            "dedicated_host_group_id": "",
            "dedicated_host_id": "",
            "disable_password_authentication": true,
            "edge_zone": "",
            "encryption_at_host_enabled": false,
            "eviction_policy": "Delete",
            "extensions_time_budget": "PT1H30M",
            "gallery_application": [],
            "id": "/subscriptions/ac90b42a-8ba9-48f5-9479-94dfd054e40d/resourceGroups/VPNSite2SiteDemo/providers/Microsoft.Compute/virtualMachines/source02",
            "identity": [],
            "license_type": "",
            "location": "eastasia",
            "max_bid_price": -1,
            "name": "source02",
            "network_interface_ids": [
              "/subscriptions/ac90b42a-8ba9-48f5-9479-94dfd054e40d/resourceGroups/VPNSite2SiteDemo/providers/Microsoft.Network/networkInterfaces/myNIC02"
            ],
            "os_disk": [
              {
                "caching": "ReadWrite",
                "diff_disk_settings": [],
                "disk_encryption_set_id": "",
                "disk_size_gb": 30,
                "name": "myOsDisk02",
                "secure_vm_disk_encryption_set_id": "",
                "security_encryption_type": "",
                "storage_account_type": "Standard_LRS",
                "write_accelerator_enabled": false
              }
            ],
            "patch_assessment_mode": "ImageDefault",
            "patch_mode": "ImageDefault",
            "plan": [],
            "platform_fault_domain": -1,
            "priority": "Spot",
            "private_ip_address": "10.10.1.4",
            "private_ip_addresses": [
              "10.10.1.4"
            ],
            "provision_vm_agent": true,
            "proximity_placement_group_id": "",
            "public_ip_address": "20.255.152.134",
            "public_ip_addresses": [
              "20.255.152.134"
            ],
            "reboot_setting": "",
            "resource_group_name": "VPNSite2SiteDemo",
            "secret": [],
            "secure_boot_enabled": false,
            "size": "Standard_F1s",
            "source_image_id": "",
            "source_image_reference": [
              {
                "offer": "0001-com-ubuntu-server-focal",
                "publisher": "Canonical",
                "sku": "20_04-lts",
                "version": "latest"
              }
            ],
            "tags": {},
            "termination_notification": [],
            "timeouts": null,
            "user_data": "",
            "virtual_machine_id": "ec23981d-3db3-47de-9db0-f41da18ba99d",
            "virtual_machine_scale_set_id": "",
            "vtpm_enabled": false,
            "zone": ""
          },
          "sensitive_attributes": [
            [
              {
                "type": "get_attr",
                "value": "admin_password"
              }
            ],
            [
              {
                "type": "get_attr",
                "value": "custom_data"
              }
            ]
          ],
          "private": "eyJlMmJmYjczMC1lY2FhLTExZTYtOGY4OC0zNDM2M2JjN2M0YzAiOnsiY3JlYXRlIjoyNzAwMDAwMDAwMDAwLCJkZWxldGUiOjI3MDAwMDAwMDAwMDAsInJlYWQiOjMwMDAwMDAwMDAwMCwidXBkYXRlIjoyNzAwMDAwMDAwMDAwfX0=",
          "dependencies": [
            "azurerm_resource_group.vpn_resource_group",
            "module.azure_virtual_machine_demo.module.network_interface.azurerm_network_interface.network_interface",
            "module.azure_virtual_machine_demo.module.network_interface.azurerm_public_ip.public_ip",
            "module.vpn_s2s_aws_azure.module.aws_network.aws_internet_gateway.internet_gateway",
            "module.vpn_s2s_aws_azure.module.aws_network.aws_subnet.vpn_subnet",
            "module.vpn_s2s_aws_azure.module.aws_network.aws_vpc.vpn_vpc",
            "module.vpn_s2s_aws_azure.module.aws_network.aws_vpn_gateway.virtual_private_gateway",
            "module.vpn_s2s_aws_azure.module.azure_network.azurerm_public_ip.vpn_public_ip",
            "module.vpn_s2s_aws_azure.module.azure_network.azurerm_subnet.vpn_subnet",
            "module.vpn_s2s_aws_azure.module.azure_network.azurerm_virtual_network.vpn_virtual_network",
            "module.vpn_s2s_aws_azure.module.azure_network.azurerm_virtual_network_gateway.virtual_network_gateway",
            "module.vpn_s2s_aws_azure.module.vpn_SiteToSite_connection.aws_customer_gateway.customer_gateway",
            "module.vpn_s2s_aws_azure.module.vpn_SiteToSite_connection.aws_route.internet_gateway_route",
            "module.vpn_s2s_aws_azure.module.vpn_SiteToSite_connection.aws_route.vpn_gateway_route",
            "module.vpn_s2s_aws_azure.module.vpn_SiteToSite_connection.aws_vpn_connection.vpn_connection",
            "module.vpn_s2s_aws_azure.module.vpn_SiteToSite_connection.aws_vpn_connection_route.vpn_static_routes",
            "module.vpn_s2s_aws_azure.module.vpn_SiteToSite_connection.azurerm_local_network_gateway.local_network_gateway",
            "module.vpn_s2s_aws_azure.module.vpn_SiteToSite_connection.azurerm_virtual_network_gateway_connection.vpn_connection"
          ]
        }
      ]
    },
    {
      "module": "module.vpn_s2s_aws_azure.module.aws_network",
      "mode": "managed",
      "type": "aws_internet_gateway",
      "name": "internet_gateway",
      "provider": "provider[\"registry.terraform.io/hashicorp/aws\"]",
      "instances": [
        {
          "schema_version": 0,
          "attributes": {
            "arn": "arn:aws:ec2:us-east-1:008748484958:internet-gateway/igw-02909ad3c551139d5",
            "id": "igw-02909ad3c551139d5",
            "owner_id": "008748484958",
            "tags": {
              "Name": "internet-gateway-vpn-test",
              "author": "khangtictoc",
              "createdBy": "Terraform",
              "environment": "dev",
              "project": "lab_extra_03"
            },
            "tags_all": {
              "Name": "internet-gateway-vpn-test",
              "author": "khangtictoc",
              "createdBy": "Terraform",
              "environment": "dev",
              "project": "lab_extra_03"
            },
            "timeouts": null,
            "vpc_id": "vpc-09b5dc9050aa0cc8a"
          },
          "sensitive_attributes": [],
          "private": "eyJlMmJmYjczMC1lY2FhLTExZTYtOGY4OC0zNDM2M2JjN2M0YzAiOnsiY3JlYXRlIjoxMjAwMDAwMDAwMDAwLCJkZWxldGUiOjEyMDAwMDAwMDAwMDAsInVwZGF0ZSI6MTIwMDAwMDAwMDAwMH19",
          "dependencies": [
            "azurerm_resource_group.vpn_resource_group",
            "module.vpn_s2s_aws_azure.module.aws_network.aws_vpc.vpn_vpc"
          ]
        }
      ]
    },
    {
      "module": "module.vpn_s2s_aws_azure.module.aws_network",
      "mode": "managed",
      "type": "aws_subnet",
      "name": "vpn_subnet",
      "provider": "provider[\"registry.terraform.io/hashicorp/aws\"]",
      "instances": [
        {
          "index_key": 0,
          "schema_version": 1,
          "attributes": {
            "arn": "arn:aws:ec2:us-east-1:008748484958:subnet/subnet-06c266d22128944be",
            "assign_ipv6_address_on_creation": false,
            "availability_zone": "us-east-1f",
            "availability_zone_id": "use1-az5",
            "cidr_block": "192.168.1.0/24",
            "customer_owned_ipv4_pool": "",
            "enable_dns64": false,
            "enable_lni_at_device_index": 0,
            "enable_resource_name_dns_a_record_on_launch": false,
            "enable_resource_name_dns_aaaa_record_on_launch": false,
            "id": "subnet-06c266d22128944be",
            "ipv6_cidr_block": "",
            "ipv6_cidr_block_association_id": "",
            "ipv6_native": false,
            "map_customer_owned_ip_on_launch": false,
            "map_public_ip_on_launch": false,
            "outpost_arn": "",
            "owner_id": "008748484958",
            "private_dns_hostname_type_on_launch": "ip-name",
            "tags": {
              "Name": "vpn-subnet",
              "author": "khangtictoc",
              "createdBy": "Terraform",
              "environment": "dev",
              "project": "lab_extra_03"
            },
            "tags_all": {
              "Name": "vpn-subnet",
              "author": "khangtictoc",
              "createdBy": "Terraform",
              "environment": "dev",
              "project": "lab_extra_03"
            },
            "timeouts": null,
            "vpc_id": "vpc-09b5dc9050aa0cc8a"
          },
          "sensitive_attributes": [],
          "private": "eyJlMmJmYjczMC1lY2FhLTExZTYtOGY4OC0zNDM2M2JjN2M0YzAiOnsiY3JlYXRlIjo2MDAwMDAwMDAwMDAsImRlbGV0ZSI6MTIwMDAwMDAwMDAwMH0sInNjaGVtYV92ZXJzaW9uIjoiMSJ9",
          "dependencies": [
            "azurerm_resource_group.vpn_resource_group",
            "module.vpn_s2s_aws_azure.module.aws_network.aws_vpc.vpn_vpc"
          ]
        }
      ]
    },
    {
      "module": "module.vpn_s2s_aws_azure.module.aws_network",
      "mode": "managed",
      "type": "aws_vpc",
      "name": "vpn_vpc",
      "provider": "provider[\"registry.terraform.io/hashicorp/aws\"]",
      "instances": [
        {
          "schema_version": 1,
          "attributes": {
            "arn": "arn:aws:ec2:us-east-1:008748484958:vpc/vpc-09b5dc9050aa0cc8a",
            "assign_generated_ipv6_cidr_block": false,
            "cidr_block": "192.168.0.0/16",
            "default_network_acl_id": "acl-08faef5bf7628770d",
            "default_route_table_id": "rtb-039827a9320c75f33",
            "default_security_group_id": "sg-0847333de889370fe",
            "dhcp_options_id": "dopt-074dfdadd578e5461",
            "enable_dns_hostnames": false,
            "enable_dns_support": true,
            "enable_network_address_usage_metrics": false,
            "id": "vpc-09b5dc9050aa0cc8a",
            "instance_tenancy": "default",
            "ipv4_ipam_pool_id": null,
            "ipv4_netmask_length": null,
            "ipv6_association_id": "",
            "ipv6_cidr_block": "",
            "ipv6_cidr_block_network_border_group": "",
            "ipv6_ipam_pool_id": "",
            "ipv6_netmask_length": 0,
            "main_route_table_id": "rtb-039827a9320c75f33",
            "owner_id": "008748484958",
            "tags": {
              "Name": "vpn-vpc",
              "author": "khangtictoc",
              "createdBy": "Terraform",
              "environment": "dev",
              "project": "lab_extra_03"
            },
            "tags_all": {
              "Name": "vpn-vpc",
              "author": "khangtictoc",
              "createdBy": "Terraform",
              "environment": "dev",
              "project": "lab_extra_03"
            }
          },
          "sensitive_attributes": [],
          "private": "eyJzY2hlbWFfdmVyc2lvbiI6IjEifQ==",
          "dependencies": [
            "azurerm_resource_group.vpn_resource_group"
          ]
        }
      ]
    },
    {
      "module": "module.vpn_s2s_aws_azure.module.aws_network",
      "mode": "managed",
      "type": "aws_vpn_gateway",
      "name": "virtual_private_gateway",
      "provider": "provider[\"registry.terraform.io/hashicorp/aws\"]",
      "instances": [
        {
          "schema_version": 0,
          "attributes": {
            "amazon_side_asn": "64512",
            "arn": "arn:aws:ec2:us-east-1:008748484958:vpn-gateway/vgw-0f22ec57e26d09add",
            "availability_zone": null,
            "id": "vgw-0f22ec57e26d09add",
            "tags": {
              "Name": "vpn-gateway",
              "author": "khangtictoc",
              "createdBy": "Terraform",
              "environment": "dev",
              "project": "lab_extra_03"
            },
            "tags_all": {
              "Name": "vpn-gateway",
              "author": "khangtictoc",
              "createdBy": "Terraform",
              "environment": "dev",
              "project": "lab_extra_03"
            },
            "vpc_id": "vpc-09b5dc9050aa0cc8a"
          },
          "sensitive_attributes": [],
          "private": "bnVsbA==",
          "dependencies": [
            "azurerm_resource_group.vpn_resource_group",
            "module.vpn_s2s_aws_azure.module.aws_network.aws_vpc.vpn_vpc"
          ]
        }
      ]
    },
    {
      "module": "module.vpn_s2s_aws_azure.module.azure_network[0]",
      "mode": "managed",
      "type": "azurerm_public_ip",
      "name": "vpn_public_ip",
      "provider": "provider[\"registry.terraform.io/hashicorp/azurerm\"]",
      "instances": [
        {
          "schema_version": 0,
          "attributes": {
            "allocation_method": "Static",
            "ddos_protection_mode": "VirtualNetworkInherited",
            "ddos_protection_plan_id": null,
            "domain_name_label": null,
            "edge_zone": "",
            "fqdn": null,
            "id": "/subscriptions/ac90b42a-8ba9-48f5-9479-94dfd054e40d/resourceGroups/VPNSite2SiteDemo/providers/Microsoft.Network/publicIPAddresses/VNet-Gateway",
            "idle_timeout_in_minutes": 4,
            "ip_address": "40.83.122.179",
            "ip_tags": {},
            "ip_version": "IPv4",
            "location": "eastasia",
            "name": "VNet-Gateway",
            "public_ip_prefix_id": null,
            "resource_group_name": "VPNSite2SiteDemo",
            "reverse_fqdn": null,
            "sku": "Standard",
            "sku_tier": "Regional",
            "tags": {
              "author": "khangtictoc",
              "createdBy": "Terraform",
              "environment": "dev",
              "project": "lab_extra_03"
            },
            "timeouts": null,
            "zones": []
          },
          "sensitive_attributes": [],
          "private": "eyJlMmJmYjczMC1lY2FhLTExZTYtOGY4OC0zNDM2M2JjN2M0YzAiOnsiY3JlYXRlIjoxODAwMDAwMDAwMDAwLCJkZWxldGUiOjE4MDAwMDAwMDAwMDAsInJlYWQiOjMwMDAwMDAwMDAwMCwidXBkYXRlIjoxODAwMDAwMDAwMDAwfX0=",
          "dependencies": [
            "azurerm_resource_group.vpn_resource_group"
          ]
        }
      ]
    },
    {
      "module": "module.vpn_s2s_aws_azure.module.azure_network[0]",
      "mode": "managed",
      "type": "azurerm_subnet",
      "name": "vpn_subnet",
      "provider": "provider[\"registry.terraform.io/hashicorp/azurerm\"]",
      "instances": [
        {
          "index_key": 0,
          "schema_version": 0,
          "attributes": {
            "address_prefixes": [
              "172.16.0.0/27"
            ],
            "delegation": [],
            "enforce_private_link_endpoint_network_policies": false,
            "enforce_private_link_service_network_policies": false,
            "id": "/subscriptions/ac90b42a-8ba9-48f5-9479-94dfd054e40d/resourceGroups/VPNSite2SiteDemo/providers/Microsoft.Network/virtualNetworks/VpnVnet/subnets/GatewaySubnet",
            "name": "GatewaySubnet",
            "private_endpoint_network_policies_enabled": true,
            "private_link_service_network_policies_enabled": true,
            "resource_group_name": "VPNSite2SiteDemo",
            "service_endpoint_policy_ids": [],
            "service_endpoints": [],
            "timeouts": null,
            "virtual_network_name": "VpnVnet"
          },
          "sensitive_attributes": [],
          "private": "eyJlMmJmYjczMC1lY2FhLTExZTYtOGY4OC0zNDM2M2JjN2M0YzAiOnsiY3JlYXRlIjoxODAwMDAwMDAwMDAwLCJkZWxldGUiOjE4MDAwMDAwMDAwMDAsInJlYWQiOjMwMDAwMDAwMDAwMCwidXBkYXRlIjoxODAwMDAwMDAwMDAwfX0=",
          "dependencies": [
            "azurerm_resource_group.vpn_resource_group",
            "module.vpn_s2s_aws_azure.module.azure_network.azurerm_virtual_network.vpn_virtual_network"
          ]
        },
        {
          "index_key": 1,
          "schema_version": 0,
          "attributes": {
            "address_prefixes": [
              "172.16.1.0/24"
            ],
            "delegation": [],
            "enforce_private_link_endpoint_network_policies": false,
            "enforce_private_link_service_network_policies": false,
            "id": "/subscriptions/ac90b42a-8ba9-48f5-9479-94dfd054e40d/resourceGroups/VPNSite2SiteDemo/providers/Microsoft.Network/virtualNetworks/VpnVnet/subnets/AppSubnet",
            "name": "AppSubnet",
            "private_endpoint_network_policies_enabled": true,
            "private_link_service_network_policies_enabled": true,
            "resource_group_name": "VPNSite2SiteDemo",
            "service_endpoint_policy_ids": [],
            "service_endpoints": [],
            "timeouts": null,
            "virtual_network_name": "VpnVnet"
          },
          "sensitive_attributes": [],
          "private": "eyJlMmJmYjczMC1lY2FhLTExZTYtOGY4OC0zNDM2M2JjN2M0YzAiOnsiY3JlYXRlIjoxODAwMDAwMDAwMDAwLCJkZWxldGUiOjE4MDAwMDAwMDAwMDAsInJlYWQiOjMwMDAwMDAwMDAwMCwidXBkYXRlIjoxODAwMDAwMDAwMDAwfX0=",
          "dependencies": [
            "azurerm_resource_group.vpn_resource_group",
            "module.vpn_s2s_aws_azure.module.azure_network.azurerm_virtual_network.vpn_virtual_network"
          ]
        },
        {
          "index_key": 2,
          "schema_version": 0,
          "attributes": {
            "address_prefixes": [
              "172.16.2.0/24"
            ],
            "delegation": [],
            "enforce_private_link_endpoint_network_policies": false,
            "enforce_private_link_service_network_policies": false,
            "id": "/subscriptions/ac90b42a-8ba9-48f5-9479-94dfd054e40d/resourceGroups/VPNSite2SiteDemo/providers/Microsoft.Network/virtualNetworks/VpnVnet/subnets/AppGatewaySubnet",
            "name": "AppGatewaySubnet",
            "private_endpoint_network_policies_enabled": true,
            "private_link_service_network_policies_enabled": true,
            "resource_group_name": "VPNSite2SiteDemo",
            "service_endpoint_policy_ids": [],
            "service_endpoints": [],
            "timeouts": null,
            "virtual_network_name": "VpnVnet"
          },
          "sensitive_attributes": [],
          "private": "eyJlMmJmYjczMC1lY2FhLTExZTYtOGY4OC0zNDM2M2JjN2M0YzAiOnsiY3JlYXRlIjoxODAwMDAwMDAwMDAwLCJkZWxldGUiOjE4MDAwMDAwMDAwMDAsInJlYWQiOjMwMDAwMDAwMDAwMCwidXBkYXRlIjoxODAwMDAwMDAwMDAwfX0=",
          "dependencies": [
            "azurerm_resource_group.vpn_resource_group",
            "module.vpn_s2s_aws_azure.module.azure_network.azurerm_virtual_network.vpn_virtual_network"
          ]
        }
      ]
    },
    {
      "module": "module.vpn_s2s_aws_azure.module.azure_network[0]",
      "mode": "managed",
      "type": "azurerm_virtual_network",
      "name": "vpn_virtual_network",
      "provider": "provider[\"registry.terraform.io/hashicorp/azurerm\"]",
      "instances": [
        {
          "schema_version": 0,
          "attributes": {
            "address_space": [
              "172.16.0.0/16"
            ],
            "bgp_community": "",
            "ddos_protection_plan": [],
            "dns_servers": [],
            "edge_zone": "",
            "encryption": [],
            "flow_timeout_in_minutes": 0,
            "guid": "72bd0214-825c-48ec-8b6b-de176e9231b1",
            "id": "/subscriptions/ac90b42a-8ba9-48f5-9479-94dfd054e40d/resourceGroups/VPNSite2SiteDemo/providers/Microsoft.Network/virtualNetworks/VpnVnet",
            "location": "eastasia",
            "name": "VpnVnet",
            "resource_group_name": "VPNSite2SiteDemo",
            "subnet": [
              {
                "address_prefix": "172.16.0.0/27",
                "id": "/subscriptions/ac90b42a-8ba9-48f5-9479-94dfd054e40d/resourceGroups/VPNSite2SiteDemo/providers/Microsoft.Network/virtualNetworks/VpnVnet/subnets/GatewaySubnet",
                "name": "GatewaySubnet",
                "security_group": ""
              },
              {
                "address_prefix": "172.16.1.0/24",
                "id": "/subscriptions/ac90b42a-8ba9-48f5-9479-94dfd054e40d/resourceGroups/VPNSite2SiteDemo/providers/Microsoft.Network/virtualNetworks/VpnVnet/subnets/AppSubnet",
                "name": "AppSubnet",
                "security_group": ""
              },
              {
                "address_prefix": "172.16.2.0/24",
                "id": "/subscriptions/ac90b42a-8ba9-48f5-9479-94dfd054e40d/resourceGroups/VPNSite2SiteDemo/providers/Microsoft.Network/virtualNetworks/VpnVnet/subnets/AppGatewaySubnet",
                "name": "AppGatewaySubnet",
                "security_group": ""
              }
            ],
            "tags": {
              "author": "khangtictoc",
              "createdBy": "Terraform",
              "environment": "dev",
              "project": "lab_extra_03"
            },
            "timeouts": null
          },
          "sensitive_attributes": [],
          "private": "eyJlMmJmYjczMC1lY2FhLTExZTYtOGY4OC0zNDM2M2JjN2M0YzAiOnsiY3JlYXRlIjoxODAwMDAwMDAwMDAwLCJkZWxldGUiOjE4MDAwMDAwMDAwMDAsInJlYWQiOjMwMDAwMDAwMDAwMCwidXBkYXRlIjoxODAwMDAwMDAwMDAwfX0=",
          "dependencies": [
            "azurerm_resource_group.vpn_resource_group"
          ]
        }
      ]
    },
    {
      "module": "module.vpn_s2s_aws_azure.module.azure_network[0]",
      "mode": "managed",
      "type": "azurerm_virtual_network_gateway",
      "name": "virtual_network_gateway",
      "provider": "provider[\"registry.terraform.io/hashicorp/azurerm\"]",
      "instances": [
        {
          "schema_version": 0,
          "attributes": {
            "active_active": false,
            "bgp_route_translation_for_nat_enabled": false,
            "bgp_settings": [
              {
                "asn": 65515,
                "peer_weight": 0,
                "peering_addresses": [
                  {
                    "apipa_addresses": [],
                    "default_addresses": [
                      "172.16.0.30"
                    ],
                    "ip_configuration_name": "Vnet-Gateway-IP-Config",
                    "tunnel_ip_addresses": [
                      "40.83.122.179"
                    ]
                  }
                ]
              }
            ],
            "custom_route": [],
            "default_local_network_gateway_id": null,
            "dns_forwarding_enabled": false,
            "edge_zone": "",
            "enable_bgp": false,
            "generation": "Generation1",
            "id": "/subscriptions/ac90b42a-8ba9-48f5-9479-94dfd054e40d/resourceGroups/VPNSite2SiteDemo/providers/Microsoft.Network/virtualNetworkGateways/Vnet-Gateway-Demo",
            "ip_configuration": [
              {
                "name": "Vnet-Gateway-IP-Config",
                "private_ip_address_allocation": "Dynamic",
                "public_ip_address_id": "/subscriptions/ac90b42a-8ba9-48f5-9479-94dfd054e40d/resourceGroups/VPNSite2SiteDemo/providers/Microsoft.Network/publicIPAddresses/VNet-Gateway",
                "subnet_id": "/subscriptions/ac90b42a-8ba9-48f5-9479-94dfd054e40d/resourceGroups/VPNSite2SiteDemo/providers/Microsoft.Network/virtualNetworks/VpnVnet/subnets/GatewaySubnet"
              }
            ],
            "ip_sec_replay_protection_enabled": true,
            "location": "eastasia",
            "name": "Vnet-Gateway-Demo",
            "policy_group": [],
            "private_ip_address_enabled": false,
            "remote_vnet_traffic_enabled": false,
            "resource_group_name": "VPNSite2SiteDemo",
            "sku": "VpnGw1",
            "tags": {
              "author": "khangtictoc",
              "createdBy": "Terraform",
              "environment": "dev",
              "project": "lab_extra_03"
            },
            "timeouts": null,
            "type": "Vpn",
            "virtual_wan_traffic_enabled": false,
            "vpn_client_configuration": [],
            "vpn_type": "RouteBased"
          },
          "sensitive_attributes": [],
          "private": "eyJlMmJmYjczMC1lY2FhLTExZTYtOGY4OC0zNDM2M2JjN2M0YzAiOnsiY3JlYXRlIjo1NDAwMDAwMDAwMDAwLCJkZWxldGUiOjM2MDAwMDAwMDAwMDAsInJlYWQiOjMwMDAwMDAwMDAwMCwidXBkYXRlIjozNjAwMDAwMDAwMDAwfX0=",
          "dependencies": [
            "azurerm_resource_group.vpn_resource_group",
            "module.vpn_s2s_aws_azure.module.azure_network.azurerm_public_ip.vpn_public_ip",
            "module.vpn_s2s_aws_azure.module.azure_network.azurerm_subnet.vpn_subnet",
            "module.vpn_s2s_aws_azure.module.azure_network.azurerm_virtual_network.vpn_virtual_network"
          ]
        }
      ]
    },
    {
      "module": "module.vpn_s2s_aws_azure.module.azure_network[1]",
      "mode": "managed",
      "type": "azurerm_public_ip",
      "name": "vpn_public_ip",
      "provider": "provider[\"registry.terraform.io/hashicorp/azurerm\"]",
      "instances": [
        {
          "schema_version": 0,
          "attributes": {
            "allocation_method": "Static",
            "ddos_protection_mode": "VirtualNetworkInherited",
            "ddos_protection_plan_id": null,
            "domain_name_label": null,
            "edge_zone": "",
            "fqdn": null,
            "id": "/subscriptions/ac90b42a-8ba9-48f5-9479-94dfd054e40d/resourceGroups/VPNSite2SiteDemo2/providers/Microsoft.Network/publicIPAddresses/VNet-Gateway2",
            "idle_timeout_in_minutes": 4,
            "ip_address": "168.63.143.66",
            "ip_tags": {},
            "ip_version": "IPv4",
            "location": "eastasia",
            "name": "VNet-Gateway2",
            "public_ip_prefix_id": null,
            "resource_group_name": "VPNSite2SiteDemo2",
            "reverse_fqdn": null,
            "sku": "Standard",
            "sku_tier": "Regional",
            "tags": {
              "author": "khangtictoc",
              "createdBy": "Terraform",
              "environment": "dev",
              "project": "lab_extra_03"
            },
            "timeouts": null,
            "zones": []
          },
          "sensitive_attributes": [],
          "private": "eyJlMmJmYjczMC1lY2FhLTExZTYtOGY4OC0zNDM2M2JjN2M0YzAiOnsiY3JlYXRlIjoxODAwMDAwMDAwMDAwLCJkZWxldGUiOjE4MDAwMDAwMDAwMDAsInJlYWQiOjMwMDAwMDAwMDAwMCwidXBkYXRlIjoxODAwMDAwMDAwMDAwfX0=",
          "dependencies": [
            "azurerm_resource_group.vpn_resource_group"
          ]
        }
      ]
    },
    {
      "module": "module.vpn_s2s_aws_azure.module.azure_network[1]",
      "mode": "managed",
      "type": "azurerm_subnet",
      "name": "vpn_subnet",
      "provider": "provider[\"registry.terraform.io/hashicorp/azurerm\"]",
      "instances": [
        {
          "index_key": 0,
          "schema_version": 0,
          "attributes": {
            "address_prefixes": [
              "10.10.0.0/27"
            ],
            "delegation": [],
            "enforce_private_link_endpoint_network_policies": false,
            "enforce_private_link_service_network_policies": false,
            "id": "/subscriptions/ac90b42a-8ba9-48f5-9479-94dfd054e40d/resourceGroups/VPNSite2SiteDemo2/providers/Microsoft.Network/virtualNetworks/VpnVnet2/subnets/GatewaySubnet",
            "name": "GatewaySubnet",
            "private_endpoint_network_policies_enabled": true,
            "private_link_service_network_policies_enabled": true,
            "resource_group_name": "VPNSite2SiteDemo2",
            "service_endpoint_policy_ids": [],
            "service_endpoints": [],
            "timeouts": null,
            "virtual_network_name": "VpnVnet2"
          },
          "sensitive_attributes": [],
          "private": "eyJlMmJmYjczMC1lY2FhLTExZTYtOGY4OC0zNDM2M2JjN2M0YzAiOnsiY3JlYXRlIjoxODAwMDAwMDAwMDAwLCJkZWxldGUiOjE4MDAwMDAwMDAwMDAsInJlYWQiOjMwMDAwMDAwMDAwMCwidXBkYXRlIjoxODAwMDAwMDAwMDAwfX0=",
          "dependencies": [
            "azurerm_resource_group.vpn_resource_group",
            "module.vpn_s2s_aws_azure.module.azure_network.azurerm_virtual_network.vpn_virtual_network"
          ]
        },
        {
          "index_key": 1,
          "schema_version": 0,
          "attributes": {
            "address_prefixes": [
              "10.10.1.0/24"
            ],
            "delegation": [],
            "enforce_private_link_endpoint_network_policies": false,
            "enforce_private_link_service_network_policies": false,
            "id": "/subscriptions/ac90b42a-8ba9-48f5-9479-94dfd054e40d/resourceGroups/VPNSite2SiteDemo2/providers/Microsoft.Network/virtualNetworks/VpnVnet2/subnets/AppSubnet",
            "name": "AppSubnet",
            "private_endpoint_network_policies_enabled": true,
            "private_link_service_network_policies_enabled": true,
            "resource_group_name": "VPNSite2SiteDemo2",
            "service_endpoint_policy_ids": [],
            "service_endpoints": [],
            "timeouts": null,
            "virtual_network_name": "VpnVnet2"
          },
          "sensitive_attributes": [],
          "private": "eyJlMmJmYjczMC1lY2FhLTExZTYtOGY4OC0zNDM2M2JjN2M0YzAiOnsiY3JlYXRlIjoxODAwMDAwMDAwMDAwLCJkZWxldGUiOjE4MDAwMDAwMDAwMDAsInJlYWQiOjMwMDAwMDAwMDAwMCwidXBkYXRlIjoxODAwMDAwMDAwMDAwfX0=",
          "dependencies": [
            "azurerm_resource_group.vpn_resource_group",
            "module.vpn_s2s_aws_azure.module.azure_network.azurerm_virtual_network.vpn_virtual_network"
          ]
        },
        {
          "index_key": 2,
          "schema_version": 0,
          "attributes": {
            "address_prefixes": [
              "10.10.2.0/24"
            ],
            "delegation": [],
            "enforce_private_link_endpoint_network_policies": false,
            "enforce_private_link_service_network_policies": false,
            "id": "/subscriptions/ac90b42a-8ba9-48f5-9479-94dfd054e40d/resourceGroups/VPNSite2SiteDemo2/providers/Microsoft.Network/virtualNetworks/VpnVnet2/subnets/AppGatewaySubnet",
            "name": "AppGatewaySubnet",
            "private_endpoint_network_policies_enabled": true,
            "private_link_service_network_policies_enabled": true,
            "resource_group_name": "VPNSite2SiteDemo2",
            "service_endpoint_policy_ids": [],
            "service_endpoints": [],
            "timeouts": null,
            "virtual_network_name": "VpnVnet2"
          },
          "sensitive_attributes": [],
          "private": "eyJlMmJmYjczMC1lY2FhLTExZTYtOGY4OC0zNDM2M2JjN2M0YzAiOnsiY3JlYXRlIjoxODAwMDAwMDAwMDAwLCJkZWxldGUiOjE4MDAwMDAwMDAwMDAsInJlYWQiOjMwMDAwMDAwMDAwMCwidXBkYXRlIjoxODAwMDAwMDAwMDAwfX0=",
          "dependencies": [
            "azurerm_resource_group.vpn_resource_group",
            "module.vpn_s2s_aws_azure.module.azure_network.azurerm_virtual_network.vpn_virtual_network"
          ]
        }
      ]
    },
    {
      "module": "module.vpn_s2s_aws_azure.module.azure_network[1]",
      "mode": "managed",
      "type": "azurerm_virtual_network",
      "name": "vpn_virtual_network",
      "provider": "provider[\"registry.terraform.io/hashicorp/azurerm\"]",
      "instances": [
        {
          "schema_version": 0,
          "attributes": {
            "address_space": [
              "10.10.0.0/16"
            ],
            "bgp_community": "",
            "ddos_protection_plan": [],
            "dns_servers": [],
            "edge_zone": "",
            "encryption": [],
            "flow_timeout_in_minutes": 0,
            "guid": "77233f30-cb20-43b7-b9d5-564b5eb751d4",
            "id": "/subscriptions/ac90b42a-8ba9-48f5-9479-94dfd054e40d/resourceGroups/VPNSite2SiteDemo2/providers/Microsoft.Network/virtualNetworks/VpnVnet2",
            "location": "eastasia",
            "name": "VpnVnet2",
            "resource_group_name": "VPNSite2SiteDemo2",
            "subnet": [
              {
                "address_prefix": "10.10.0.0/27",
                "id": "/subscriptions/ac90b42a-8ba9-48f5-9479-94dfd054e40d/resourceGroups/VPNSite2SiteDemo2/providers/Microsoft.Network/virtualNetworks/VpnVnet2/subnets/GatewaySubnet",
                "name": "GatewaySubnet",
                "security_group": ""
              },
              {
                "address_prefix": "10.10.1.0/24",
                "id": "/subscriptions/ac90b42a-8ba9-48f5-9479-94dfd054e40d/resourceGroups/VPNSite2SiteDemo2/providers/Microsoft.Network/virtualNetworks/VpnVnet2/subnets/AppSubnet",
                "name": "AppSubnet",
                "security_group": ""
              },
              {
                "address_prefix": "10.10.2.0/24",
                "id": "/subscriptions/ac90b42a-8ba9-48f5-9479-94dfd054e40d/resourceGroups/VPNSite2SiteDemo2/providers/Microsoft.Network/virtualNetworks/VpnVnet2/subnets/AppGatewaySubnet",
                "name": "AppGatewaySubnet",
                "security_group": ""
              }
            ],
            "tags": {
              "author": "khangtictoc",
              "createdBy": "Terraform",
              "environment": "dev",
              "project": "lab_extra_03"
            },
            "timeouts": null
          },
          "sensitive_attributes": [],
          "private": "eyJlMmJmYjczMC1lY2FhLTExZTYtOGY4OC0zNDM2M2JjN2M0YzAiOnsiY3JlYXRlIjoxODAwMDAwMDAwMDAwLCJkZWxldGUiOjE4MDAwMDAwMDAwMDAsInJlYWQiOjMwMDAwMDAwMDAwMCwidXBkYXRlIjoxODAwMDAwMDAwMDAwfX0=",
          "dependencies": [
            "azurerm_resource_group.vpn_resource_group"
          ]
        }
      ]
    },
    {
      "module": "module.vpn_s2s_aws_azure.module.azure_network[1]",
      "mode": "managed",
      "type": "azurerm_virtual_network_gateway",
      "name": "virtual_network_gateway",
      "provider": "provider[\"registry.terraform.io/hashicorp/azurerm\"]",
      "instances": [
        {
          "schema_version": 0,
          "attributes": {
            "active_active": false,
            "bgp_route_translation_for_nat_enabled": false,
            "bgp_settings": [
              {
                "asn": 65515,
                "peer_weight": 0,
                "peering_addresses": [
                  {
                    "apipa_addresses": [],
                    "default_addresses": [
                      "10.10.0.30"
                    ],
                    "ip_configuration_name": "Vnet-Gateway-IP-Config2",
                    "tunnel_ip_addresses": [
                      "168.63.143.66"
                    ]
                  }
                ]
              }
            ],
            "custom_route": [],
            "default_local_network_gateway_id": null,
            "dns_forwarding_enabled": false,
            "edge_zone": "",
            "enable_bgp": false,
            "generation": "Generation1",
            "id": "/subscriptions/ac90b42a-8ba9-48f5-9479-94dfd054e40d/resourceGroups/VPNSite2SiteDemo2/providers/Microsoft.Network/virtualNetworkGateways/Vnet-Gateway-Demo2",
            "ip_configuration": [
              {
                "name": "Vnet-Gateway-IP-Config2",
                "private_ip_address_allocation": "Dynamic",
                "public_ip_address_id": "/subscriptions/ac90b42a-8ba9-48f5-9479-94dfd054e40d/resourceGroups/VPNSite2SiteDemo2/providers/Microsoft.Network/publicIPAddresses/VNet-Gateway2",
                "subnet_id": "/subscriptions/ac90b42a-8ba9-48f5-9479-94dfd054e40d/resourceGroups/VPNSite2SiteDemo2/providers/Microsoft.Network/virtualNetworks/VpnVnet2/subnets/GatewaySubnet"
              }
            ],
            "ip_sec_replay_protection_enabled": true,
            "location": "eastasia",
            "name": "Vnet-Gateway-Demo2",
            "policy_group": [],
            "private_ip_address_enabled": false,
            "remote_vnet_traffic_enabled": false,
            "resource_group_name": "VPNSite2SiteDemo2",
            "sku": "VpnGw1",
            "tags": {
              "author": "khangtictoc",
              "createdBy": "Terraform",
              "environment": "dev",
              "project": "lab_extra_03"
            },
            "timeouts": null,
            "type": "Vpn",
            "virtual_wan_traffic_enabled": false,
            "vpn_client_configuration": [],
            "vpn_type": "RouteBased"
          },
          "sensitive_attributes": [],
          "private": "eyJlMmJmYjczMC1lY2FhLTExZTYtOGY4OC0zNDM2M2JjN2M0YzAiOnsiY3JlYXRlIjo1NDAwMDAwMDAwMDAwLCJkZWxldGUiOjM2MDAwMDAwMDAwMDAsInJlYWQiOjMwMDAwMDAwMDAwMCwidXBkYXRlIjozNjAwMDAwMDAwMDAwfX0=",
          "dependencies": [
            "azurerm_resource_group.vpn_resource_group",
            "module.vpn_s2s_aws_azure.module.azure_network.azurerm_public_ip.vpn_public_ip",
            "module.vpn_s2s_aws_azure.module.azure_network.azurerm_subnet.vpn_subnet",
            "module.vpn_s2s_aws_azure.module.azure_network.azurerm_virtual_network.vpn_virtual_network"
          ]
        }
      ]
    },
    {
      "module": "module.vpn_s2s_aws_azure.module.vpn_SiteToSite_connection[0]",
      "mode": "managed",
      "type": "aws_customer_gateway",
      "name": "customer_gateway",
      "provider": "provider[\"registry.terraform.io/hashicorp/aws\"]",
      "instances": [
        {
          "schema_version": 0,
          "attributes": {
            "arn": "arn:aws:ec2:us-east-1:008748484958:customer-gateway/cgw-079d2155ba3ed71bf",
            "bgp_asn": "65000",
            "certificate_arn": "",
            "device_name": "",
            "id": "cgw-079d2155ba3ed71bf",
            "ip_address": "40.83.122.179",
            "tags": {
              "Name": "my-customer-gateway",
              "author": "khangtictoc",
              "createdBy": "Terraform",
              "environment": "dev",
              "project": "lab_extra_03"
            },
            "tags_all": {
              "Name": "my-customer-gateway",
              "author": "khangtictoc",
              "createdBy": "Terraform",
              "environment": "dev",
              "project": "lab_extra_03"
            },
            "type": "ipsec.1"
          },
          "sensitive_attributes": [],
          "private": "bnVsbA==",
          "dependencies": [
            "azurerm_resource_group.vpn_resource_group",
            "module.vpn_s2s_aws_azure.module.azure_network.azurerm_public_ip.vpn_public_ip",
            "module.vpn_s2s_aws_azure.module.azure_network.azurerm_subnet.vpn_subnet",
            "module.vpn_s2s_aws_azure.module.azure_network.azurerm_virtual_network.vpn_virtual_network",
            "module.vpn_s2s_aws_azure.module.azure_network.azurerm_virtual_network_gateway.virtual_network_gateway"
          ]
        }
      ]
    },
    {
      "module": "module.vpn_s2s_aws_azure.module.vpn_SiteToSite_connection[0]",
      "mode": "managed",
      "type": "aws_route",
      "name": "internet_gateway_route",
      "provider": "provider[\"registry.terraform.io/hashicorp/aws\"]",
      "instances": [
        {
          "schema_version": 0,
          "attributes": {
            "carrier_gateway_id": "",
            "core_network_arn": "",
            "destination_cidr_block": "0.0.0.0/0",
            "destination_ipv6_cidr_block": "",
            "destination_prefix_list_id": "",
            "egress_only_gateway_id": "",
            "gateway_id": "igw-02909ad3c551139d5",
            "id": "r-rtb-039827a9320c75f331080289494",
            "instance_id": "",
            "instance_owner_id": "",
            "local_gateway_id": "",
            "nat_gateway_id": "",
            "network_interface_id": "",
            "origin": "CreateRoute",
            "route_table_id": "rtb-039827a9320c75f33",
            "state": "active",
            "timeouts": null,
            "transit_gateway_id": "",
            "vpc_endpoint_id": "",
            "vpc_peering_connection_id": ""
          },
          "sensitive_attributes": [],
          "private": "eyJlMmJmYjczMC1lY2FhLTExZTYtOGY4OC0zNDM2M2JjN2M0YzAiOnsiY3JlYXRlIjozMDAwMDAwMDAwMDAsImRlbGV0ZSI6MzAwMDAwMDAwMDAwLCJ1cGRhdGUiOjEyMDAwMDAwMDAwMH19",
          "dependencies": [
            "azurerm_resource_group.vpn_resource_group",
            "module.vpn_s2s_aws_azure.module.aws_network.aws_internet_gateway.internet_gateway",
            "module.vpn_s2s_aws_azure.module.aws_network.aws_subnet.vpn_subnet",
            "module.vpn_s2s_aws_azure.module.aws_network.aws_vpc.vpn_vpc",
            "module.vpn_s2s_aws_azure.module.aws_network.aws_vpn_gateway.virtual_private_gateway"
          ]
        }
      ]
    },
    {
      "module": "module.vpn_s2s_aws_azure.module.vpn_SiteToSite_connection[0]",
      "mode": "managed",
      "type": "aws_route",
      "name": "vpn_gateway_route",
      "provider": "provider[\"registry.terraform.io/hashicorp/aws\"]",
      "instances": [
        {
          "schema_version": 0,
          "attributes": {
            "carrier_gateway_id": "",
            "core_network_arn": "",
            "destination_cidr_block": "172.16.0.0/16",
            "destination_ipv6_cidr_block": "",
            "destination_prefix_list_id": "",
            "egress_only_gateway_id": "",
            "gateway_id": "vgw-0f22ec57e26d09add",
            "id": "r-rtb-039827a9320c75f333246677288",
            "instance_id": "",
            "instance_owner_id": "",
            "local_gateway_id": "",
            "nat_gateway_id": "",
            "network_interface_id": "",
            "origin": "CreateRoute",
            "route_table_id": "rtb-039827a9320c75f33",
            "state": "active",
            "timeouts": null,
            "transit_gateway_id": "",
            "vpc_endpoint_id": "",
            "vpc_peering_connection_id": ""
          },
          "sensitive_attributes": [],
          "private": "eyJlMmJmYjczMC1lY2FhLTExZTYtOGY4OC0zNDM2M2JjN2M0YzAiOnsiY3JlYXRlIjozMDAwMDAwMDAwMDAsImRlbGV0ZSI6MzAwMDAwMDAwMDAwLCJ1cGRhdGUiOjEyMDAwMDAwMDAwMH19",
          "dependencies": [
            "azurerm_resource_group.vpn_resource_group",
            "module.vpn_s2s_aws_azure.module.aws_network.aws_internet_gateway.internet_gateway",
            "module.vpn_s2s_aws_azure.module.aws_network.aws_subnet.vpn_subnet",
            "module.vpn_s2s_aws_azure.module.aws_network.aws_vpc.vpn_vpc",
            "module.vpn_s2s_aws_azure.module.aws_network.aws_vpn_gateway.virtual_private_gateway",
            "module.vpn_s2s_aws_azure.module.azure_network.azurerm_public_ip.vpn_public_ip",
            "module.vpn_s2s_aws_azure.module.azure_network.azurerm_subnet.vpn_subnet",
            "module.vpn_s2s_aws_azure.module.azure_network.azurerm_virtual_network.vpn_virtual_network",
            "module.vpn_s2s_aws_azure.module.azure_network.azurerm_virtual_network_gateway.virtual_network_gateway"
          ]
        }
      ]
    },
    {
      "module": "module.vpn_s2s_aws_azure.module.vpn_SiteToSite_connection[0]",
      "mode": "managed",
      "type": "aws_vpn_connection",
      "name": "vpn_connection",
      "provider": "provider[\"registry.terraform.io/hashicorp/aws\"]",
      "instances": [
        {
          "schema_version": 0,
          "attributes": {
            "arn": "arn:aws:ec2:us-east-1:008748484958:vpn-connection/vpn-0bc0cc2872a0674dd",
            "core_network_arn": "",
            "core_network_attachment_arn": "",
            "customer_gateway_configuration": "\u003c?xml version=\"1.0\" encoding=\"UTF-8\"?\u003e\n\u003cvpn_connection id=\"vpn-0bc0cc2872a0674dd\"\u003e\n  \u003ccustomer_gateway_id\u003ecgw-079d2155ba3ed71bf\u003c/customer_gateway_id\u003e\n  \u003cvpn_gateway_id\u003evgw-0f22ec57e26d09add\u003c/vpn_gateway_id\u003e\n  \u003cvpn_connection_type\u003eipsec.1\u003c/vpn_connection_type\u003e\n  \u003cvpn_connection_attributes\u003eNoBGPVPNConnection\u003c/vpn_connection_attributes\u003e\n  \u003cipsec_tunnel\u003e\n    \u003ccustomer_gateway\u003e\n      \u003ctunnel_outside_address\u003e\n        \u003cip_address\u003e40.83.122.179\u003c/ip_address\u003e\n      \u003c/tunnel_outside_address\u003e\n      \u003ctunnel_inside_address\u003e\n        \u003cip_address\u003e169.254.128.58\u003c/ip_address\u003e\n        \u003cnetwork_mask\u003e255.255.255.252\u003c/network_mask\u003e\n        \u003cnetwork_cidr\u003e30\u003c/network_cidr\u003e\n      \u003c/tunnel_inside_address\u003e\n    \u003c/customer_gateway\u003e\n    \u003cvpn_gateway\u003e\n      \u003ctunnel_outside_address\u003e\n        \u003cip_address\u003e34.226.85.168\u003c/ip_address\u003e\n      \u003c/tunnel_outside_address\u003e\n      \u003ctunnel_inside_address\u003e\n        \u003cip_address\u003e169.254.128.57\u003c/ip_address\u003e\n        \u003cnetwork_mask\u003e255.255.255.252\u003c/network_mask\u003e\n        \u003cnetwork_cidr\u003e30\u003c/network_cidr\u003e\n      \u003c/tunnel_inside_address\u003e\n    \u003c/vpn_gateway\u003e\n    \u003cike\u003e\n      \u003cauthentication_protocol\u003esha1\u003c/authentication_protocol\u003e\n      \u003cencryption_protocol\u003eaes-128-cbc\u003c/encryption_protocol\u003e\n      \u003clifetime\u003e28800\u003c/lifetime\u003e\n      \u003cperfect_forward_secrecy\u003egroup2\u003c/perfect_forward_secrecy\u003e\n      \u003cmode\u003emain\u003c/mode\u003e\n      \u003cpre_shared_key\u003e94qjtrwZnO7aNl10j_z7fHr0w5cWO5Wx\u003c/pre_shared_key\u003e\n    \u003c/ike\u003e\n    \u003cipsec\u003e\n      \u003cprotocol\u003eesp\u003c/protocol\u003e\n      \u003cauthentication_protocol\u003ehmac-sha1-96\u003c/authentication_protocol\u003e\n      \u003cencryption_protocol\u003eaes-128-cbc\u003c/encryption_protocol\u003e\n      \u003clifetime\u003e3600\u003c/lifetime\u003e\n      \u003cperfect_forward_secrecy\u003egroup2\u003c/perfect_forward_secrecy\u003e\n      \u003cmode\u003etunnel\u003c/mode\u003e\n      \u003cclear_df_bit\u003etrue\u003c/clear_df_bit\u003e\n      \u003cfragmentation_before_encryption\u003etrue\u003c/fragmentation_before_encryption\u003e\n      \u003ctcp_mss_adjustment\u003e1379\u003c/tcp_mss_adjustment\u003e\n      \u003cdead_peer_detection\u003e\n        \u003cinterval\u003e10\u003c/interval\u003e\n        \u003cretries\u003e3\u003c/retries\u003e\n      \u003c/dead_peer_detection\u003e\n    \u003c/ipsec\u003e\n  \u003c/ipsec_tunnel\u003e\n  \u003cipsec_tunnel\u003e\n    \u003ccustomer_gateway\u003e\n      \u003ctunnel_outside_address\u003e\n        \u003cip_address\u003e40.83.122.179\u003c/ip_address\u003e\n      \u003c/tunnel_outside_address\u003e\n      \u003ctunnel_inside_address\u003e\n        \u003cip_address\u003e169.254.152.170\u003c/ip_address\u003e\n        \u003cnetwork_mask\u003e255.255.255.252\u003c/network_mask\u003e\n        \u003cnetwork_cidr\u003e30\u003c/network_cidr\u003e\n      \u003c/tunnel_inside_address\u003e\n    \u003c/customer_gateway\u003e\n    \u003cvpn_gateway\u003e\n      \u003ctunnel_outside_address\u003e\n        \u003cip_address\u003e100.28.195.246\u003c/ip_address\u003e\n      \u003c/tunnel_outside_address\u003e\n      \u003ctunnel_inside_address\u003e\n        \u003cip_address\u003e169.254.152.169\u003c/ip_address\u003e\n        \u003cnetwork_mask\u003e255.255.255.252\u003c/network_mask\u003e\n        \u003cnetwork_cidr\u003e30\u003c/network_cidr\u003e\n      \u003c/tunnel_inside_address\u003e\n    \u003c/vpn_gateway\u003e\n    \u003cike\u003e\n      \u003cauthentication_protocol\u003esha1\u003c/authentication_protocol\u003e\n      \u003cencryption_protocol\u003eaes-128-cbc\u003c/encryption_protocol\u003e\n      \u003clifetime\u003e28800\u003c/lifetime\u003e\n      \u003cperfect_forward_secrecy\u003egroup2\u003c/perfect_forward_secrecy\u003e\n      \u003cmode\u003emain\u003c/mode\u003e\n      \u003cpre_shared_key\u003e41dgcJKghUjEdEUf3AnY4d8ovCoakHSl\u003c/pre_shared_key\u003e\n    \u003c/ike\u003e\n    \u003cipsec\u003e\n      \u003cprotocol\u003eesp\u003c/protocol\u003e\n      \u003cauthentication_protocol\u003ehmac-sha1-96\u003c/authentication_protocol\u003e\n      \u003cencryption_protocol\u003eaes-128-cbc\u003c/encryption_protocol\u003e\n      \u003clifetime\u003e3600\u003c/lifetime\u003e\n      \u003cperfect_forward_secrecy\u003egroup2\u003c/perfect_forward_secrecy\u003e\n      \u003cmode\u003etunnel\u003c/mode\u003e\n      \u003cclear_df_bit\u003etrue\u003c/clear_df_bit\u003e\n      \u003cfragmentation_before_encryption\u003etrue\u003c/fragmentation_before_encryption\u003e\n      \u003ctcp_mss_adjustment\u003e1379\u003c/tcp_mss_adjustment\u003e\n      \u003cdead_peer_detection\u003e\n        \u003cinterval\u003e10\u003c/interval\u003e\n        \u003cretries\u003e3\u003c/retries\u003e\n      \u003c/dead_peer_detection\u003e\n    \u003c/ipsec\u003e\n  \u003c/ipsec_tunnel\u003e\n\u003c/vpn_connection\u003e\n",
            "customer_gateway_id": "cgw-079d2155ba3ed71bf",
            "enable_acceleration": false,
            "id": "vpn-0bc0cc2872a0674dd",
            "local_ipv4_network_cidr": "0.0.0.0/0",
            "local_ipv6_network_cidr": "",
            "outside_ip_address_type": "PublicIpv4",
            "remote_ipv4_network_cidr": "0.0.0.0/0",
            "remote_ipv6_network_cidr": "",
            "routes": [
              {
                "destination_cidr_block": "172.16.0.0/16",
                "source": "",
                "state": "available"
              }
            ],
            "static_routes_only": true,
            "tags": {
              "Name": "my-vpn-connection",
              "author": "khangtictoc",
              "createdBy": "Terraform",
              "environment": "dev",
              "project": "lab_extra_03"
            },
            "tags_all": {
              "Name": "my-vpn-connection",
              "author": "khangtictoc",
              "createdBy": "Terraform",
              "environment": "dev",
              "project": "lab_extra_03"
            },
            "transit_gateway_attachment_id": "",
            "transit_gateway_id": "",
            "transport_transit_gateway_attachment_id": "",
            "tunnel1_address": "34.226.85.168",
            "tunnel1_bgp_asn": "",
            "tunnel1_bgp_holdtime": 0,
            "tunnel1_cgw_inside_address": "169.254.128.58",
            "tunnel1_dpd_timeout_action": "",
            "tunnel1_dpd_timeout_seconds": 0,
            "tunnel1_enable_tunnel_lifecycle_control": false,
            "tunnel1_ike_versions": [],
            "tunnel1_inside_cidr": "169.254.128.56/30",
            "tunnel1_inside_ipv6_cidr": "",
            "tunnel1_log_options": [
              {
                "cloudwatch_log_options": [
                  {
                    "log_enabled": false,
                    "log_group_arn": "",
                    "log_output_format": ""
                  }
                ]
              }
            ],
            "tunnel1_phase1_dh_group_numbers": [],
            "tunnel1_phase1_encryption_algorithms": [],
            "tunnel1_phase1_integrity_algorithms": [],
            "tunnel1_phase1_lifetime_seconds": 0,
            "tunnel1_phase2_dh_group_numbers": [],
            "tunnel1_phase2_encryption_algorithms": [],
            "tunnel1_phase2_integrity_algorithms": [],
            "tunnel1_phase2_lifetime_seconds": 0,
            "tunnel1_preshared_key": "94qjtrwZnO7aNl10j_z7fHr0w5cWO5Wx",
            "tunnel1_rekey_fuzz_percentage": 0,
            "tunnel1_rekey_margin_time_seconds": 0,
            "tunnel1_replay_window_size": 0,
            "tunnel1_startup_action": "",
            "tunnel1_vgw_inside_address": "169.254.128.57",
            "tunnel2_address": "100.28.195.246",
            "tunnel2_bgp_asn": "",
            "tunnel2_bgp_holdtime": 0,
            "tunnel2_cgw_inside_address": "169.254.152.170",
            "tunnel2_dpd_timeout_action": "",
            "tunnel2_dpd_timeout_seconds": 0,
            "tunnel2_enable_tunnel_lifecycle_control": false,
            "tunnel2_ike_versions": [],
            "tunnel2_inside_cidr": "169.254.152.168/30",
            "tunnel2_inside_ipv6_cidr": "",
            "tunnel2_log_options": [
              {
                "cloudwatch_log_options": [
                  {
                    "log_enabled": false,
                    "log_group_arn": "",
                    "log_output_format": ""
                  }
                ]
              }
            ],
            "tunnel2_phase1_dh_group_numbers": [],
            "tunnel2_phase1_encryption_algorithms": [],
            "tunnel2_phase1_integrity_algorithms": [],
            "tunnel2_phase1_lifetime_seconds": 0,
            "tunnel2_phase2_dh_group_numbers": [],
            "tunnel2_phase2_encryption_algorithms": [],
            "tunnel2_phase2_integrity_algorithms": [],
            "tunnel2_phase2_lifetime_seconds": 0,
            "tunnel2_preshared_key": "41dgcJKghUjEdEUf3AnY4d8ovCoakHSl",
            "tunnel2_rekey_fuzz_percentage": 0,
            "tunnel2_rekey_margin_time_seconds": 0,
            "tunnel2_replay_window_size": 0,
            "tunnel2_startup_action": "",
            "tunnel2_vgw_inside_address": "169.254.152.169",
            "tunnel_inside_ip_version": "ipv4",
            "type": "ipsec.1",
            "vgw_telemetry": [
              {
                "accepted_route_count": 1,
                "certificate_arn": "",
                "last_status_change": "2024-07-05T02:25:36Z",
                "outside_ip_address": "100.28.195.246",
                "status": "DOWN",
                "status_message": ""
              },
              {
                "accepted_route_count": 1,
                "certificate_arn": "",
                "last_status_change": "2024-07-05T14:04:56Z",
                "outside_ip_address": "34.226.85.168",
                "status": "UP",
                "status_message": ""
              }
            ],
            "vpn_gateway_id": "vgw-0f22ec57e26d09add"
          },
          "sensitive_attributes": [
            [
              {
                "type": "get_attr",
                "value": "tunnel2_preshared_key"
              }
            ],
            [
              {
                "type": "get_attr",
                "value": "customer_gateway_configuration"
              }
            ],
            [
              {
                "type": "get_attr",
                "value": "tunnel1_preshared_key"
              }
            ]
          ],
          "private": "bnVsbA==",
          "dependencies": [
            "azurerm_resource_group.vpn_resource_group",
            "module.vpn_s2s_aws_azure.module.aws_network.aws_internet_gateway.internet_gateway",
            "module.vpn_s2s_aws_azure.module.aws_network.aws_subnet.vpn_subnet",
            "module.vpn_s2s_aws_azure.module.aws_network.aws_vpc.vpn_vpc",
            "module.vpn_s2s_aws_azure.module.aws_network.aws_vpn_gateway.virtual_private_gateway",
            "module.vpn_s2s_aws_azure.module.azure_network.azurerm_public_ip.vpn_public_ip",
            "module.vpn_s2s_aws_azure.module.azure_network.azurerm_subnet.vpn_subnet",
            "module.vpn_s2s_aws_azure.module.azure_network.azurerm_virtual_network.vpn_virtual_network",
            "module.vpn_s2s_aws_azure.module.azure_network.azurerm_virtual_network_gateway.virtual_network_gateway",
            "module.vpn_s2s_aws_azure.module.vpn_SiteToSite_connection.aws_customer_gateway.customer_gateway"
          ]
        }
      ]
    },
    {
      "module": "module.vpn_s2s_aws_azure.module.vpn_SiteToSite_connection[0]",
      "mode": "managed",
      "type": "aws_vpn_connection_route",
      "name": "vpn_static_routes",
      "provider": "provider[\"registry.terraform.io/hashicorp/aws\"]",
      "instances": [
        {
          "schema_version": 0,
          "attributes": {
            "destination_cidr_block": "172.16.0.0/16",
            "id": "172.16.0.0/16:vpn-0bc0cc2872a0674dd",
            "vpn_connection_id": "vpn-0bc0cc2872a0674dd"
          },
          "sensitive_attributes": [],
          "private": "bnVsbA==",
          "dependencies": [
            "azurerm_resource_group.vpn_resource_group",
            "module.vpn_s2s_aws_azure.module.aws_network.aws_internet_gateway.internet_gateway",
            "module.vpn_s2s_aws_azure.module.aws_network.aws_subnet.vpn_subnet",
            "module.vpn_s2s_aws_azure.module.aws_network.aws_vpc.vpn_vpc",
            "module.vpn_s2s_aws_azure.module.aws_network.aws_vpn_gateway.virtual_private_gateway",
            "module.vpn_s2s_aws_azure.module.azure_network.azurerm_public_ip.vpn_public_ip",
            "module.vpn_s2s_aws_azure.module.azure_network.azurerm_subnet.vpn_subnet",
            "module.vpn_s2s_aws_azure.module.azure_network.azurerm_virtual_network.vpn_virtual_network",
            "module.vpn_s2s_aws_azure.module.azure_network.azurerm_virtual_network_gateway.virtual_network_gateway",
            "module.vpn_s2s_aws_azure.module.vpn_SiteToSite_connection.aws_customer_gateway.customer_gateway",
            "module.vpn_s2s_aws_azure.module.vpn_SiteToSite_connection.aws_vpn_connection.vpn_connection"
          ]
        }
      ]
    },
    {
      "module": "module.vpn_s2s_aws_azure.module.vpn_SiteToSite_connection[0]",
      "mode": "managed",
      "type": "azurerm_local_network_gateway",
      "name": "local_network_gateway",
      "provider": "provider[\"registry.terraform.io/hashicorp/azurerm\"]",
      "instances": [
        {
          "schema_version": 0,
          "attributes": {
            "address_space": [
              "192.168.0.0/16"
            ],
            "bgp_settings": [],
            "gateway_address": "34.226.85.168",
            "gateway_fqdn": "",
            "id": "/subscriptions/ac90b42a-8ba9-48f5-9479-94dfd054e40d/resourceGroups/VPNSite2SiteDemo/providers/Microsoft.Network/localNetworkGateways/my-vpn-connection",
            "location": "eastasia",
            "name": "my-vpn-connection",
            "resource_group_name": "VPNSite2SiteDemo",
            "tags": {},
            "timeouts": null
          },
          "sensitive_attributes": [],
          "private": "eyJlMmJmYjczMC1lY2FhLTExZTYtOGY4OC0zNDM2M2JjN2M0YzAiOnsiY3JlYXRlIjoxODAwMDAwMDAwMDAwLCJkZWxldGUiOjE4MDAwMDAwMDAwMDAsInJlYWQiOjMwMDAwMDAwMDAwMCwidXBkYXRlIjoxODAwMDAwMDAwMDAwfX0=",
          "dependencies": [
            "azurerm_resource_group.vpn_resource_group",
            "module.vpn_s2s_aws_azure.module.aws_network.aws_internet_gateway.internet_gateway",
            "module.vpn_s2s_aws_azure.module.aws_network.aws_subnet.vpn_subnet",
            "module.vpn_s2s_aws_azure.module.aws_network.aws_vpc.vpn_vpc",
            "module.vpn_s2s_aws_azure.module.aws_network.aws_vpn_gateway.virtual_private_gateway",
            "module.vpn_s2s_aws_azure.module.azure_network.azurerm_public_ip.vpn_public_ip",
            "module.vpn_s2s_aws_azure.module.azure_network.azurerm_subnet.vpn_subnet",
            "module.vpn_s2s_aws_azure.module.azure_network.azurerm_virtual_network.vpn_virtual_network",
            "module.vpn_s2s_aws_azure.module.azure_network.azurerm_virtual_network_gateway.virtual_network_gateway",
            "module.vpn_s2s_aws_azure.module.vpn_SiteToSite_connection.aws_customer_gateway.customer_gateway",
            "module.vpn_s2s_aws_azure.module.vpn_SiteToSite_connection.aws_vpn_connection.vpn_connection"
          ]
        }
      ]
    },
    {
      "module": "module.vpn_s2s_aws_azure.module.vpn_SiteToSite_connection[0]",
      "mode": "managed",
      "type": "azurerm_virtual_network_gateway_connection",
      "name": "vpn_connection",
      "provider": "provider[\"registry.terraform.io/hashicorp/azurerm\"]",
      "instances": [
        {
          "schema_version": 0,
          "attributes": {
            "authorization_key": "",
            "connection_mode": "Default",
            "connection_protocol": "IKEv2",
            "custom_bgp_addresses": [],
            "dpd_timeout_seconds": 0,
            "egress_nat_rule_ids": [],
            "enable_bgp": false,
            "express_route_circuit_id": null,
            "express_route_gateway_bypass": false,
            "id": "/subscriptions/ac90b42a-8ba9-48f5-9479-94dfd054e40d/resourceGroups/VPNSite2SiteDemo/providers/Microsoft.Network/connections/myVnetGWConn",
            "ingress_nat_rule_ids": [],
            "ipsec_policy": [],
            "local_azure_ip_address_enabled": false,
            "local_network_gateway_id": "/subscriptions/ac90b42a-8ba9-48f5-9479-94dfd054e40d/resourceGroups/VPNSite2SiteDemo/providers/Microsoft.Network/localNetworkGateways/my-vpn-connection",
            "location": "eastasia",
            "name": "myVnetGWConn",
            "peer_virtual_network_gateway_id": null,
            "resource_group_name": "VPNSite2SiteDemo",
            "routing_weight": 0,
            "shared_key": "94qjtrwZnO7aNl10j_z7fHr0w5cWO5Wx",
            "tags": {},
            "timeouts": null,
            "traffic_selector_policy": [],
            "type": "IPsec",
            "use_policy_based_traffic_selectors": false,
            "virtual_network_gateway_id": "/subscriptions/ac90b42a-8ba9-48f5-9479-94dfd054e40d/resourceGroups/VPNSite2SiteDemo/providers/Microsoft.Network/virtualNetworkGateways/Vnet-Gateway-Demo"
          },
          "sensitive_attributes": [
            [
              {
                "type": "get_attr",
                "value": "shared_key"
              }
            ],
            [
              {
                "type": "get_attr",
                "value": "authorization_key"
              }
            ]
          ],
          "private": "eyJlMmJmYjczMC1lY2FhLTExZTYtOGY4OC0zNDM2M2JjN2M0YzAiOnsiY3JlYXRlIjoxODAwMDAwMDAwMDAwLCJkZWxldGUiOjE4MDAwMDAwMDAwMDAsInJlYWQiOjMwMDAwMDAwMDAwMCwidXBkYXRlIjoxODAwMDAwMDAwMDAwfX0=",
          "dependencies": [
            "azurerm_resource_group.vpn_resource_group",
            "module.vpn_s2s_aws_azure.module.aws_network.aws_internet_gateway.internet_gateway",
            "module.vpn_s2s_aws_azure.module.aws_network.aws_subnet.vpn_subnet",
            "module.vpn_s2s_aws_azure.module.aws_network.aws_vpc.vpn_vpc",
            "module.vpn_s2s_aws_azure.module.aws_network.aws_vpn_gateway.virtual_private_gateway",
            "module.vpn_s2s_aws_azure.module.azure_network.azurerm_public_ip.vpn_public_ip",
            "module.vpn_s2s_aws_azure.module.azure_network.azurerm_subnet.vpn_subnet",
            "module.vpn_s2s_aws_azure.module.azure_network.azurerm_virtual_network.vpn_virtual_network",
            "module.vpn_s2s_aws_azure.module.azure_network.azurerm_virtual_network_gateway.virtual_network_gateway",
            "module.vpn_s2s_aws_azure.module.vpn_SiteToSite_connection.aws_customer_gateway.customer_gateway",
            "module.vpn_s2s_aws_azure.module.vpn_SiteToSite_connection.aws_vpn_connection.vpn_connection",
            "module.vpn_s2s_aws_azure.module.vpn_SiteToSite_connection.azurerm_local_network_gateway.local_network_gateway"
          ]
        }
      ]
    },
    {
      "module": "module.vpn_s2s_aws_azure.module.vpn_SiteToSite_connection[1]",
      "mode": "managed",
      "type": "aws_customer_gateway",
      "name": "customer_gateway",
      "provider": "provider[\"registry.terraform.io/hashicorp/aws\"]",
      "instances": [
        {
          "schema_version": 0,
          "attributes": {
            "arn": "arn:aws:ec2:us-east-1:008748484958:customer-gateway/cgw-0884a310a292388df",
            "bgp_asn": "65000",
            "certificate_arn": "",
            "device_name": "",
            "id": "cgw-0884a310a292388df",
            "ip_address": "168.63.143.66",
            "tags": {
              "Name": "my-customer-gateway2",
              "author": "khangtictoc",
              "createdBy": "Terraform",
              "environment": "dev",
              "project": "lab_extra_03"
            },
            "tags_all": {
              "Name": "my-customer-gateway2",
              "author": "khangtictoc",
              "createdBy": "Terraform",
              "environment": "dev",
              "project": "lab_extra_03"
            },
            "type": "ipsec.1"
          },
          "sensitive_attributes": [],
          "private": "bnVsbA==",
          "dependencies": [
            "azurerm_resource_group.vpn_resource_group",
            "module.vpn_s2s_aws_azure.module.azure_network.azurerm_public_ip.vpn_public_ip",
            "module.vpn_s2s_aws_azure.module.azure_network.azurerm_subnet.vpn_subnet",
            "module.vpn_s2s_aws_azure.module.azure_network.azurerm_virtual_network.vpn_virtual_network",
            "module.vpn_s2s_aws_azure.module.azure_network.azurerm_virtual_network_gateway.virtual_network_gateway"
          ]
        }
      ]
    },
    {
      "module": "module.vpn_s2s_aws_azure.module.vpn_SiteToSite_connection[1]",
      "mode": "managed",
      "type": "aws_route",
      "name": "internet_gateway_route",
      "provider": "provider[\"registry.terraform.io/hashicorp/aws\"]",
      "instances": [
        {
          "schema_version": 0,
          "attributes": {
            "carrier_gateway_id": "",
            "core_network_arn": "",
            "destination_cidr_block": "0.0.0.0/0",
            "destination_ipv6_cidr_block": "",
            "destination_prefix_list_id": "",
            "egress_only_gateway_id": "",
            "gateway_id": "igw-02909ad3c551139d5",
            "id": "r-rtb-039827a9320c75f331080289494",
            "instance_id": "",
            "instance_owner_id": "",
            "local_gateway_id": "",
            "nat_gateway_id": "",
            "network_interface_id": "",
            "origin": "CreateRoute",
            "route_table_id": "rtb-039827a9320c75f33",
            "state": "active",
            "timeouts": null,
            "transit_gateway_id": "",
            "vpc_endpoint_id": "",
            "vpc_peering_connection_id": ""
          },
          "sensitive_attributes": [],
          "private": "eyJlMmJmYjczMC1lY2FhLTExZTYtOGY4OC0zNDM2M2JjN2M0YzAiOnsiY3JlYXRlIjozMDAwMDAwMDAwMDAsImRlbGV0ZSI6MzAwMDAwMDAwMDAwLCJ1cGRhdGUiOjEyMDAwMDAwMDAwMH19",
          "dependencies": [
            "azurerm_resource_group.vpn_resource_group",
            "module.vpn_s2s_aws_azure.module.aws_network.aws_internet_gateway.internet_gateway",
            "module.vpn_s2s_aws_azure.module.aws_network.aws_subnet.vpn_subnet",
            "module.vpn_s2s_aws_azure.module.aws_network.aws_vpc.vpn_vpc",
            "module.vpn_s2s_aws_azure.module.aws_network.aws_vpn_gateway.virtual_private_gateway"
          ]
        }
      ]
    },
    {
      "module": "module.vpn_s2s_aws_azure.module.vpn_SiteToSite_connection[1]",
      "mode": "managed",
      "type": "aws_route",
      "name": "vpn_gateway_route",
      "provider": "provider[\"registry.terraform.io/hashicorp/aws\"]",
      "instances": [
        {
          "schema_version": 0,
          "attributes": {
            "carrier_gateway_id": "",
            "core_network_arn": "",
            "destination_cidr_block": "10.10.0.0/16",
            "destination_ipv6_cidr_block": "",
            "destination_prefix_list_id": "",
            "egress_only_gateway_id": "",
            "gateway_id": "vgw-0f22ec57e26d09add",
            "id": "r-rtb-039827a9320c75f33519371977",
            "instance_id": "",
            "instance_owner_id": "",
            "local_gateway_id": "",
            "nat_gateway_id": "",
            "network_interface_id": "",
            "origin": "CreateRoute",
            "route_table_id": "rtb-039827a9320c75f33",
            "state": "active",
            "timeouts": null,
            "transit_gateway_id": "",
            "vpc_endpoint_id": "",
            "vpc_peering_connection_id": ""
          },
          "sensitive_attributes": [],
          "private": "eyJlMmJmYjczMC1lY2FhLTExZTYtOGY4OC0zNDM2M2JjN2M0YzAiOnsiY3JlYXRlIjozMDAwMDAwMDAwMDAsImRlbGV0ZSI6MzAwMDAwMDAwMDAwLCJ1cGRhdGUiOjEyMDAwMDAwMDAwMH19",
          "dependencies": [
            "azurerm_resource_group.vpn_resource_group",
            "module.vpn_s2s_aws_azure.module.aws_network.aws_internet_gateway.internet_gateway",
            "module.vpn_s2s_aws_azure.module.aws_network.aws_subnet.vpn_subnet",
            "module.vpn_s2s_aws_azure.module.aws_network.aws_vpc.vpn_vpc",
            "module.vpn_s2s_aws_azure.module.aws_network.aws_vpn_gateway.virtual_private_gateway",
            "module.vpn_s2s_aws_azure.module.azure_network.azurerm_public_ip.vpn_public_ip",
            "module.vpn_s2s_aws_azure.module.azure_network.azurerm_subnet.vpn_subnet",
            "module.vpn_s2s_aws_azure.module.azure_network.azurerm_virtual_network.vpn_virtual_network",
            "module.vpn_s2s_aws_azure.module.azure_network.azurerm_virtual_network_gateway.virtual_network_gateway"
          ]
        }
      ]
    },
    {
      "module": "module.vpn_s2s_aws_azure.module.vpn_SiteToSite_connection[1]",
      "mode": "managed",
      "type": "aws_vpn_connection",
      "name": "vpn_connection",
      "provider": "provider[\"registry.terraform.io/hashicorp/aws\"]",
      "instances": [
        {
          "schema_version": 0,
          "attributes": {
            "arn": "arn:aws:ec2:us-east-1:008748484958:vpn-connection/vpn-05d723a601b5877e4",
            "core_network_arn": "",
            "core_network_attachment_arn": "",
            "customer_gateway_configuration": "\u003c?xml version=\"1.0\" encoding=\"UTF-8\"?\u003e\n\u003cvpn_connection id=\"vpn-05d723a601b5877e4\"\u003e\n  \u003ccustomer_gateway_id\u003ecgw-0884a310a292388df\u003c/customer_gateway_id\u003e\n  \u003cvpn_gateway_id\u003evgw-0f22ec57e26d09add\u003c/vpn_gateway_id\u003e\n  \u003cvpn_connection_type\u003eipsec.1\u003c/vpn_connection_type\u003e\n  \u003cvpn_connection_attributes\u003eNoBGPVPNConnection\u003c/vpn_connection_attributes\u003e\n  \u003cipsec_tunnel\u003e\n    \u003ccustomer_gateway\u003e\n      \u003ctunnel_outside_address\u003e\n        \u003cip_address\u003e168.63.143.66\u003c/ip_address\u003e\n      \u003c/tunnel_outside_address\u003e\n      \u003ctunnel_inside_address\u003e\n        \u003cip_address\u003e169.254.239.50\u003c/ip_address\u003e\n        \u003cnetwork_mask\u003e255.255.255.252\u003c/network_mask\u003e\n        \u003cnetwork_cidr\u003e30\u003c/network_cidr\u003e\n      \u003c/tunnel_inside_address\u003e\n    \u003c/customer_gateway\u003e\n    \u003cvpn_gateway\u003e\n      \u003ctunnel_outside_address\u003e\n        \u003cip_address\u003e44.199.40.201\u003c/ip_address\u003e\n      \u003c/tunnel_outside_address\u003e\n      \u003ctunnel_inside_address\u003e\n        \u003cip_address\u003e169.254.239.49\u003c/ip_address\u003e\n        \u003cnetwork_mask\u003e255.255.255.252\u003c/network_mask\u003e\n        \u003cnetwork_cidr\u003e30\u003c/network_cidr\u003e\n      \u003c/tunnel_inside_address\u003e\n    \u003c/vpn_gateway\u003e\n    \u003cike\u003e\n      \u003cauthentication_protocol\u003esha1\u003c/authentication_protocol\u003e\n      \u003cencryption_protocol\u003eaes-128-cbc\u003c/encryption_protocol\u003e\n      \u003clifetime\u003e28800\u003c/lifetime\u003e\n      \u003cperfect_forward_secrecy\u003egroup2\u003c/perfect_forward_secrecy\u003e\n      \u003cmode\u003emain\u003c/mode\u003e\n      \u003cpre_shared_key\u003eRgKOr10ECbPt_evB.MJWOYPk0v30wIk4\u003c/pre_shared_key\u003e\n    \u003c/ike\u003e\n    \u003cipsec\u003e\n      \u003cprotocol\u003eesp\u003c/protocol\u003e\n      \u003cauthentication_protocol\u003ehmac-sha1-96\u003c/authentication_protocol\u003e\n      \u003cencryption_protocol\u003eaes-128-cbc\u003c/encryption_protocol\u003e\n      \u003clifetime\u003e3600\u003c/lifetime\u003e\n      \u003cperfect_forward_secrecy\u003egroup2\u003c/perfect_forward_secrecy\u003e\n      \u003cmode\u003etunnel\u003c/mode\u003e\n      \u003cclear_df_bit\u003etrue\u003c/clear_df_bit\u003e\n      \u003cfragmentation_before_encryption\u003etrue\u003c/fragmentation_before_encryption\u003e\n      \u003ctcp_mss_adjustment\u003e1379\u003c/tcp_mss_adjustment\u003e\n      \u003cdead_peer_detection\u003e\n        \u003cinterval\u003e10\u003c/interval\u003e\n        \u003cretries\u003e3\u003c/retries\u003e\n      \u003c/dead_peer_detection\u003e\n    \u003c/ipsec\u003e\n  \u003c/ipsec_tunnel\u003e\n  \u003cipsec_tunnel\u003e\n    \u003ccustomer_gateway\u003e\n      \u003ctunnel_outside_address\u003e\n        \u003cip_address\u003e168.63.143.66\u003c/ip_address\u003e\n      \u003c/tunnel_outside_address\u003e\n      \u003ctunnel_inside_address\u003e\n        \u003cip_address\u003e169.254.104.134\u003c/ip_address\u003e\n        \u003cnetwork_mask\u003e255.255.255.252\u003c/network_mask\u003e\n        \u003cnetwork_cidr\u003e30\u003c/network_cidr\u003e\n      \u003c/tunnel_inside_address\u003e\n    \u003c/customer_gateway\u003e\n    \u003cvpn_gateway\u003e\n      \u003ctunnel_outside_address\u003e\n        \u003cip_address\u003e44.209.225.123\u003c/ip_address\u003e\n      \u003c/tunnel_outside_address\u003e\n      \u003ctunnel_inside_address\u003e\n        \u003cip_address\u003e169.254.104.133\u003c/ip_address\u003e\n        \u003cnetwork_mask\u003e255.255.255.252\u003c/network_mask\u003e\n        \u003cnetwork_cidr\u003e30\u003c/network_cidr\u003e\n      \u003c/tunnel_inside_address\u003e\n    \u003c/vpn_gateway\u003e\n    \u003cike\u003e\n      \u003cauthentication_protocol\u003esha1\u003c/authentication_protocol\u003e\n      \u003cencryption_protocol\u003eaes-128-cbc\u003c/encryption_protocol\u003e\n      \u003clifetime\u003e28800\u003c/lifetime\u003e\n      \u003cperfect_forward_secrecy\u003egroup2\u003c/perfect_forward_secrecy\u003e\n      \u003cmode\u003emain\u003c/mode\u003e\n      \u003cpre_shared_key\u003eVy1flHm0G1TpDuyuUCXYLsUp0WCMW36U\u003c/pre_shared_key\u003e\n    \u003c/ike\u003e\n    \u003cipsec\u003e\n      \u003cprotocol\u003eesp\u003c/protocol\u003e\n      \u003cauthentication_protocol\u003ehmac-sha1-96\u003c/authentication_protocol\u003e\n      \u003cencryption_protocol\u003eaes-128-cbc\u003c/encryption_protocol\u003e\n      \u003clifetime\u003e3600\u003c/lifetime\u003e\n      \u003cperfect_forward_secrecy\u003egroup2\u003c/perfect_forward_secrecy\u003e\n      \u003cmode\u003etunnel\u003c/mode\u003e\n      \u003cclear_df_bit\u003etrue\u003c/clear_df_bit\u003e\n      \u003cfragmentation_before_encryption\u003etrue\u003c/fragmentation_before_encryption\u003e\n      \u003ctcp_mss_adjustment\u003e1379\u003c/tcp_mss_adjustment\u003e\n      \u003cdead_peer_detection\u003e\n        \u003cinterval\u003e10\u003c/interval\u003e\n        \u003cretries\u003e3\u003c/retries\u003e\n      \u003c/dead_peer_detection\u003e\n    \u003c/ipsec\u003e\n  \u003c/ipsec_tunnel\u003e\n\u003c/vpn_connection\u003e\n",
            "customer_gateway_id": "cgw-0884a310a292388df",
            "enable_acceleration": false,
            "id": "vpn-05d723a601b5877e4",
            "local_ipv4_network_cidr": "0.0.0.0/0",
            "local_ipv6_network_cidr": "",
            "outside_ip_address_type": "PublicIpv4",
            "remote_ipv4_network_cidr": "0.0.0.0/0",
            "remote_ipv6_network_cidr": "",
            "routes": [
              {
                "destination_cidr_block": "10.10.0.0/16",
                "source": "",
                "state": "available"
              }
            ],
            "static_routes_only": true,
            "tags": {
              "Name": "my-vpn-connection2",
              "author": "khangtictoc",
              "createdBy": "Terraform",
              "environment": "dev",
              "project": "lab_extra_03"
            },
            "tags_all": {
              "Name": "my-vpn-connection2",
              "author": "khangtictoc",
              "createdBy": "Terraform",
              "environment": "dev",
              "project": "lab_extra_03"
            },
            "transit_gateway_attachment_id": "",
            "transit_gateway_id": "",
            "transport_transit_gateway_attachment_id": "",
            "tunnel1_address": "44.199.40.201",
            "tunnel1_bgp_asn": "",
            "tunnel1_bgp_holdtime": 0,
            "tunnel1_cgw_inside_address": "169.254.239.50",
            "tunnel1_dpd_timeout_action": "",
            "tunnel1_dpd_timeout_seconds": 0,
            "tunnel1_enable_tunnel_lifecycle_control": false,
            "tunnel1_ike_versions": [],
            "tunnel1_inside_cidr": "169.254.239.48/30",
            "tunnel1_inside_ipv6_cidr": "",
            "tunnel1_log_options": [
              {
                "cloudwatch_log_options": [
                  {
                    "log_enabled": false,
                    "log_group_arn": "",
                    "log_output_format": ""
                  }
                ]
              }
            ],
            "tunnel1_phase1_dh_group_numbers": [],
            "tunnel1_phase1_encryption_algorithms": [],
            "tunnel1_phase1_integrity_algorithms": [],
            "tunnel1_phase1_lifetime_seconds": 0,
            "tunnel1_phase2_dh_group_numbers": [],
            "tunnel1_phase2_encryption_algorithms": [],
            "tunnel1_phase2_integrity_algorithms": [],
            "tunnel1_phase2_lifetime_seconds": 0,
            "tunnel1_preshared_key": "RgKOr10ECbPt_evB.MJWOYPk0v30wIk4",
            "tunnel1_rekey_fuzz_percentage": 0,
            "tunnel1_rekey_margin_time_seconds": 0,
            "tunnel1_replay_window_size": 0,
            "tunnel1_startup_action": "",
            "tunnel1_vgw_inside_address": "169.254.239.49",
            "tunnel2_address": "44.209.225.123",
            "tunnel2_bgp_asn": "",
            "tunnel2_bgp_holdtime": 0,
            "tunnel2_cgw_inside_address": "169.254.104.134",
            "tunnel2_dpd_timeout_action": "",
            "tunnel2_dpd_timeout_seconds": 0,
            "tunnel2_enable_tunnel_lifecycle_control": false,
            "tunnel2_ike_versions": [],
            "tunnel2_inside_cidr": "169.254.104.132/30",
            "tunnel2_inside_ipv6_cidr": "",
            "tunnel2_log_options": [
              {
                "cloudwatch_log_options": [
                  {
                    "log_enabled": false,
                    "log_group_arn": "",
                    "log_output_format": ""
                  }
                ]
              }
            ],
            "tunnel2_phase1_dh_group_numbers": [],
            "tunnel2_phase1_encryption_algorithms": [],
            "tunnel2_phase1_integrity_algorithms": [],
            "tunnel2_phase1_lifetime_seconds": 0,
            "tunnel2_phase2_dh_group_numbers": [],
            "tunnel2_phase2_encryption_algorithms": [],
            "tunnel2_phase2_integrity_algorithms": [],
            "tunnel2_phase2_lifetime_seconds": 0,
            "tunnel2_preshared_key": "Vy1flHm0G1TpDuyuUCXYLsUp0WCMW36U",
            "tunnel2_rekey_fuzz_percentage": 0,
            "tunnel2_rekey_margin_time_seconds": 0,
            "tunnel2_replay_window_size": 0,
            "tunnel2_startup_action": "",
            "tunnel2_vgw_inside_address": "169.254.104.133",
            "tunnel_inside_ip_version": "ipv4",
            "type": "ipsec.1",
            "vgw_telemetry": [
              {
                "accepted_route_count": 1,
                "certificate_arn": "",
                "last_status_change": "2024-07-05T02:26:06Z",
                "outside_ip_address": "44.209.225.123",
                "status": "DOWN",
                "status_message": ""
              },
              {
                "accepted_route_count": 1,
                "certificate_arn": "",
                "last_status_change": "2024-07-05T02:31:00Z",
                "outside_ip_address": "44.199.40.201",
                "status": "UP",
                "status_message": ""
              }
            ],
            "vpn_gateway_id": "vgw-0f22ec57e26d09add"
          },
          "sensitive_attributes": [
            [
              {
                "type": "get_attr",
                "value": "tunnel2_preshared_key"
              }
            ],
            [
              {
                "type": "get_attr",
                "value": "tunnel1_preshared_key"
              }
            ],
            [
              {
                "type": "get_attr",
                "value": "customer_gateway_configuration"
              }
            ]
          ],
          "private": "bnVsbA==",
          "dependencies": [
            "azurerm_resource_group.vpn_resource_group",
            "module.vpn_s2s_aws_azure.module.aws_network.aws_internet_gateway.internet_gateway",
            "module.vpn_s2s_aws_azure.module.aws_network.aws_subnet.vpn_subnet",
            "module.vpn_s2s_aws_azure.module.aws_network.aws_vpc.vpn_vpc",
            "module.vpn_s2s_aws_azure.module.aws_network.aws_vpn_gateway.virtual_private_gateway",
            "module.vpn_s2s_aws_azure.module.azure_network.azurerm_public_ip.vpn_public_ip",
            "module.vpn_s2s_aws_azure.module.azure_network.azurerm_subnet.vpn_subnet",
            "module.vpn_s2s_aws_azure.module.azure_network.azurerm_virtual_network.vpn_virtual_network",
            "module.vpn_s2s_aws_azure.module.azure_network.azurerm_virtual_network_gateway.virtual_network_gateway",
            "module.vpn_s2s_aws_azure.module.vpn_SiteToSite_connection.aws_customer_gateway.customer_gateway"
          ]
        }
      ]
    },
    {
      "module": "module.vpn_s2s_aws_azure.module.vpn_SiteToSite_connection[1]",
      "mode": "managed",
      "type": "aws_vpn_connection_route",
      "name": "vpn_static_routes",
      "provider": "provider[\"registry.terraform.io/hashicorp/aws\"]",
      "instances": [
        {
          "schema_version": 0,
          "attributes": {
            "destination_cidr_block": "10.10.0.0/16",
            "id": "10.10.0.0/16:vpn-05d723a601b5877e4",
            "vpn_connection_id": "vpn-05d723a601b5877e4"
          },
          "sensitive_attributes": [],
          "private": "bnVsbA==",
          "dependencies": [
            "azurerm_resource_group.vpn_resource_group",
            "module.vpn_s2s_aws_azure.module.aws_network.aws_internet_gateway.internet_gateway",
            "module.vpn_s2s_aws_azure.module.aws_network.aws_subnet.vpn_subnet",
            "module.vpn_s2s_aws_azure.module.aws_network.aws_vpc.vpn_vpc",
            "module.vpn_s2s_aws_azure.module.aws_network.aws_vpn_gateway.virtual_private_gateway",
            "module.vpn_s2s_aws_azure.module.azure_network.azurerm_public_ip.vpn_public_ip",
            "module.vpn_s2s_aws_azure.module.azure_network.azurerm_subnet.vpn_subnet",
            "module.vpn_s2s_aws_azure.module.azure_network.azurerm_virtual_network.vpn_virtual_network",
            "module.vpn_s2s_aws_azure.module.azure_network.azurerm_virtual_network_gateway.virtual_network_gateway",
            "module.vpn_s2s_aws_azure.module.vpn_SiteToSite_connection.aws_customer_gateway.customer_gateway",
            "module.vpn_s2s_aws_azure.module.vpn_SiteToSite_connection.aws_vpn_connection.vpn_connection"
          ]
        }
      ]
    },
    {
      "module": "module.vpn_s2s_aws_azure.module.vpn_SiteToSite_connection[1]",
      "mode": "managed",
      "type": "azurerm_local_network_gateway",
      "name": "local_network_gateway",
      "provider": "provider[\"registry.terraform.io/hashicorp/azurerm\"]",
      "instances": [
        {
          "schema_version": 0,
          "attributes": {
            "address_space": [
              "192.168.0.0/16"
            ],
            "bgp_settings": [],
            "gateway_address": "44.199.40.201",
            "gateway_fqdn": "",
            "id": "/subscriptions/ac90b42a-8ba9-48f5-9479-94dfd054e40d/resourceGroups/VPNSite2SiteDemo2/providers/Microsoft.Network/localNetworkGateways/my-vpn-connection2",
            "location": "eastasia",
            "name": "my-vpn-connection2",
            "resource_group_name": "VPNSite2SiteDemo2",
            "tags": {},
            "timeouts": null
          },
          "sensitive_attributes": [],
          "private": "eyJlMmJmYjczMC1lY2FhLTExZTYtOGY4OC0zNDM2M2JjN2M0YzAiOnsiY3JlYXRlIjoxODAwMDAwMDAwMDAwLCJkZWxldGUiOjE4MDAwMDAwMDAwMDAsInJlYWQiOjMwMDAwMDAwMDAwMCwidXBkYXRlIjoxODAwMDAwMDAwMDAwfX0=",
          "dependencies": [
            "azurerm_resource_group.vpn_resource_group",
            "module.vpn_s2s_aws_azure.module.aws_network.aws_internet_gateway.internet_gateway",
            "module.vpn_s2s_aws_azure.module.aws_network.aws_subnet.vpn_subnet",
            "module.vpn_s2s_aws_azure.module.aws_network.aws_vpc.vpn_vpc",
            "module.vpn_s2s_aws_azure.module.aws_network.aws_vpn_gateway.virtual_private_gateway",
            "module.vpn_s2s_aws_azure.module.azure_network.azurerm_public_ip.vpn_public_ip",
            "module.vpn_s2s_aws_azure.module.azure_network.azurerm_subnet.vpn_subnet",
            "module.vpn_s2s_aws_azure.module.azure_network.azurerm_virtual_network.vpn_virtual_network",
            "module.vpn_s2s_aws_azure.module.azure_network.azurerm_virtual_network_gateway.virtual_network_gateway",
            "module.vpn_s2s_aws_azure.module.vpn_SiteToSite_connection.aws_customer_gateway.customer_gateway",
            "module.vpn_s2s_aws_azure.module.vpn_SiteToSite_connection.aws_vpn_connection.vpn_connection"
          ]
        }
      ]
    },
    {
      "module": "module.vpn_s2s_aws_azure.module.vpn_SiteToSite_connection[1]",
      "mode": "managed",
      "type": "azurerm_virtual_network_gateway_connection",
      "name": "vpn_connection",
      "provider": "provider[\"registry.terraform.io/hashicorp/azurerm\"]",
      "instances": [
        {
          "schema_version": 0,
          "attributes": {
            "authorization_key": "",
            "connection_mode": "Default",
            "connection_protocol": "IKEv2",
            "custom_bgp_addresses": [],
            "dpd_timeout_seconds": 0,
            "egress_nat_rule_ids": [],
            "enable_bgp": false,
            "express_route_circuit_id": null,
            "express_route_gateway_bypass": false,
            "id": "/subscriptions/ac90b42a-8ba9-48f5-9479-94dfd054e40d/resourceGroups/VPNSite2SiteDemo2/providers/Microsoft.Network/connections/myVnetGWConn2",
            "ingress_nat_rule_ids": [],
            "ipsec_policy": [],
            "local_azure_ip_address_enabled": false,
            "local_network_gateway_id": "/subscriptions/ac90b42a-8ba9-48f5-9479-94dfd054e40d/resourceGroups/VPNSite2SiteDemo2/providers/Microsoft.Network/localNetworkGateways/my-vpn-connection2",
            "location": "eastasia",
            "name": "myVnetGWConn2",
            "peer_virtual_network_gateway_id": null,
            "resource_group_name": "VPNSite2SiteDemo2",
            "routing_weight": 0,
            "shared_key": "RgKOr10ECbPt_evB.MJWOYPk0v30wIk4",
            "tags": {},
            "timeouts": null,
            "traffic_selector_policy": [],
            "type": "IPsec",
            "use_policy_based_traffic_selectors": false,
            "virtual_network_gateway_id": "/subscriptions/ac90b42a-8ba9-48f5-9479-94dfd054e40d/resourceGroups/VPNSite2SiteDemo2/providers/Microsoft.Network/virtualNetworkGateways/Vnet-Gateway-Demo2"
          },
          "sensitive_attributes": [
            [
              {
                "type": "get_attr",
                "value": "authorization_key"
              }
            ],
            [
              {
                "type": "get_attr",
                "value": "shared_key"
              }
            ]
          ],
          "private": "eyJlMmJmYjczMC1lY2FhLTExZTYtOGY4OC0zNDM2M2JjN2M0YzAiOnsiY3JlYXRlIjoxODAwMDAwMDAwMDAwLCJkZWxldGUiOjE4MDAwMDAwMDAwMDAsInJlYWQiOjMwMDAwMDAwMDAwMCwidXBkYXRlIjoxODAwMDAwMDAwMDAwfX0=",
          "dependencies": [
            "azurerm_resource_group.vpn_resource_group",
            "module.vpn_s2s_aws_azure.module.aws_network.aws_internet_gateway.internet_gateway",
            "module.vpn_s2s_aws_azure.module.aws_network.aws_subnet.vpn_subnet",
            "module.vpn_s2s_aws_azure.module.aws_network.aws_vpc.vpn_vpc",
            "module.vpn_s2s_aws_azure.module.aws_network.aws_vpn_gateway.virtual_private_gateway",
            "module.vpn_s2s_aws_azure.module.azure_network.azurerm_public_ip.vpn_public_ip",
            "module.vpn_s2s_aws_azure.module.azure_network.azurerm_subnet.vpn_subnet",
            "module.vpn_s2s_aws_azure.module.azure_network.azurerm_virtual_network.vpn_virtual_network",
            "module.vpn_s2s_aws_azure.module.azure_network.azurerm_virtual_network_gateway.virtual_network_gateway",
            "module.vpn_s2s_aws_azure.module.vpn_SiteToSite_connection.aws_customer_gateway.customer_gateway",
            "module.vpn_s2s_aws_azure.module.vpn_SiteToSite_connection.aws_vpn_connection.vpn_connection",
            "module.vpn_s2s_aws_azure.module.vpn_SiteToSite_connection.azurerm_local_network_gateway.local_network_gateway"
          ]
        }
      ]
    }
  ],
  "check_results": null
}
