{
  "version": 4,
  "terraform_version": "1.8.4",
  "serial": 3828,
  "lineage": "567fe067-cb4a-cef9-b3dd-c464a1f790dc",
  "outputs": {
    "aws_instance_public_ip_list": {
      "value": [
        "3.235.174.188"
      ],
      "type": [
        "tuple",
        [
          "string"
        ]
      ]
    },
    "aws_vpn_connection_info": {
      "value": [
        {
          "arn": "arn:aws:ec2:us-east-1:008748484958:vpn-connection/vpn-09d84fc51748f8cc4",
          "core_network_arn": "",
          "core_network_attachment_arn": "",
          "customer_gateway_configuration": "\u003c?xml version=\"1.0\" encoding=\"UTF-8\"?\u003e\n\u003cvpn_connection id=\"vpn-09d84fc51748f8cc4\"\u003e\n  \u003ccustomer_gateway_id\u003ecgw-06b84fb8183458a21\u003c/customer_gateway_id\u003e\n  \u003cvpn_gateway_id\u003evgw-05077106b055f9c6c\u003c/vpn_gateway_id\u003e\n  \u003cvpn_connection_type\u003eipsec.1\u003c/vpn_connection_type\u003e\n  \u003cvpn_connection_attributes\u003eNoBGPVPNConnection\u003c/vpn_connection_attributes\u003e\n  \u003cipsec_tunnel\u003e\n    \u003ccustomer_gateway\u003e\n      \u003ctunnel_outside_address\u003e\n        \u003cip_address\u003e40.83.124.205\u003c/ip_address\u003e\n      \u003c/tunnel_outside_address\u003e\n      \u003ctunnel_inside_address\u003e\n        \u003cip_address\u003e169.254.128.134\u003c/ip_address\u003e\n        \u003cnetwork_mask\u003e255.255.255.252\u003c/network_mask\u003e\n        \u003cnetwork_cidr\u003e30\u003c/network_cidr\u003e\n      \u003c/tunnel_inside_address\u003e\n    \u003c/customer_gateway\u003e\n    \u003cvpn_gateway\u003e\n      \u003ctunnel_outside_address\u003e\n        \u003cip_address\u003e44.209.110.107\u003c/ip_address\u003e\n      \u003c/tunnel_outside_address\u003e\n      \u003ctunnel_inside_address\u003e\n        \u003cip_address\u003e169.254.128.133\u003c/ip_address\u003e\n        \u003cnetwork_mask\u003e255.255.255.252\u003c/network_mask\u003e\n        \u003cnetwork_cidr\u003e30\u003c/network_cidr\u003e\n      \u003c/tunnel_inside_address\u003e\n    \u003c/vpn_gateway\u003e\n    \u003cike\u003e\n      \u003cauthentication_protocol\u003esha1\u003c/authentication_protocol\u003e\n      \u003cencryption_protocol\u003eaes-128-cbc\u003c/encryption_protocol\u003e\n      \u003clifetime\u003e28800\u003c/lifetime\u003e\n      \u003cperfect_forward_secrecy\u003egroup2\u003c/perfect_forward_secrecy\u003e\n      \u003cmode\u003emain\u003c/mode\u003e\n      \u003cpre_shared_key\u003eV2LycZuBiSwYX4mXzuIOT542e2NSsq_e\u003c/pre_shared_key\u003e\n    \u003c/ike\u003e\n    \u003cipsec\u003e\n      \u003cprotocol\u003eesp\u003c/protocol\u003e\n      \u003cauthentication_protocol\u003ehmac-sha1-96\u003c/authentication_protocol\u003e\n      \u003cencryption_protocol\u003eaes-128-cbc\u003c/encryption_protocol\u003e\n      \u003clifetime\u003e3600\u003c/lifetime\u003e\n      \u003cperfect_forward_secrecy\u003egroup2\u003c/perfect_forward_secrecy\u003e\n      \u003cmode\u003etunnel\u003c/mode\u003e\n      \u003cclear_df_bit\u003etrue\u003c/clear_df_bit\u003e\n      \u003cfragmentation_before_encryption\u003etrue\u003c/fragmentation_before_encryption\u003e\n      \u003ctcp_mss_adjustment\u003e1379\u003c/tcp_mss_adjustment\u003e\n      \u003cdead_peer_detection\u003e\n        \u003cinterval\u003e10\u003c/interval\u003e\n        \u003cretries\u003e3\u003c/retries\u003e\n      \u003c/dead_peer_detection\u003e\n    \u003c/ipsec\u003e\n  \u003c/ipsec_tunnel\u003e\n  \u003cipsec_tunnel\u003e\n    \u003ccustomer_gateway\u003e\n      \u003ctunnel_outside_address\u003e\n        \u003cip_address\u003e40.83.124.205\u003c/ip_address\u003e\n      \u003c/tunnel_outside_address\u003e\n      \u003ctunnel_inside_address\u003e\n        \u003cip_address\u003e169.254.123.214\u003c/ip_address\u003e\n        \u003cnetwork_mask\u003e255.255.255.252\u003c/network_mask\u003e\n        \u003cnetwork_cidr\u003e30\u003c/network_cidr\u003e\n      \u003c/tunnel_inside_address\u003e\n    \u003c/customer_gateway\u003e\n    \u003cvpn_gateway\u003e\n      \u003ctunnel_outside_address\u003e\n        \u003cip_address\u003e52.20.27.239\u003c/ip_address\u003e\n      \u003c/tunnel_outside_address\u003e\n      \u003ctunnel_inside_address\u003e\n        \u003cip_address\u003e169.254.123.213\u003c/ip_address\u003e\n        \u003cnetwork_mask\u003e255.255.255.252\u003c/network_mask\u003e\n        \u003cnetwork_cidr\u003e30\u003c/network_cidr\u003e\n      \u003c/tunnel_inside_address\u003e\n    \u003c/vpn_gateway\u003e\n    \u003cike\u003e\n      \u003cauthentication_protocol\u003esha1\u003c/authentication_protocol\u003e\n      \u003cencryption_protocol\u003eaes-128-cbc\u003c/encryption_protocol\u003e\n      \u003clifetime\u003e28800\u003c/lifetime\u003e\n      \u003cperfect_forward_secrecy\u003egroup2\u003c/perfect_forward_secrecy\u003e\n      \u003cmode\u003emain\u003c/mode\u003e\n      \u003cpre_shared_key\u003edJGGonG3xUJp2WtJR6SYp3XOcKahsoO2\u003c/pre_shared_key\u003e\n    \u003c/ike\u003e\n    \u003cipsec\u003e\n      \u003cprotocol\u003eesp\u003c/protocol\u003e\n      \u003cauthentication_protocol\u003ehmac-sha1-96\u003c/authentication_protocol\u003e\n      \u003cencryption_protocol\u003eaes-128-cbc\u003c/encryption_protocol\u003e\n      \u003clifetime\u003e3600\u003c/lifetime\u003e\n      \u003cperfect_forward_secrecy\u003egroup2\u003c/perfect_forward_secrecy\u003e\n      \u003cmode\u003etunnel\u003c/mode\u003e\n      \u003cclear_df_bit\u003etrue\u003c/clear_df_bit\u003e\n      \u003cfragmentation_before_encryption\u003etrue\u003c/fragmentation_before_encryption\u003e\n      \u003ctcp_mss_adjustment\u003e1379\u003c/tcp_mss_adjustment\u003e\n      \u003cdead_peer_detection\u003e\n        \u003cinterval\u003e10\u003c/interval\u003e\n        \u003cretries\u003e3\u003c/retries\u003e\n      \u003c/dead_peer_detection\u003e\n    \u003c/ipsec\u003e\n  \u003c/ipsec_tunnel\u003e\n\u003c/vpn_connection\u003e\n",
          "customer_gateway_id": "cgw-06b84fb8183458a21",
          "enable_acceleration": false,
          "id": "vpn-09d84fc51748f8cc4",
          "local_ipv4_network_cidr": "0.0.0.0/0",
          "local_ipv6_network_cidr": "",
          "outside_ip_address_type": "PublicIpv4",
          "remote_ipv4_network_cidr": "0.0.0.0/0",
          "remote_ipv6_network_cidr": "",
          "routes": [
            {
              "destination_cidr_block": "172.16.0.0/16",
              "source": "",
              "state": "available"
            }
          ],
          "static_routes_only": true,
          "tags": {
            "Name": "my-vpn-connection",
            "author": "khangtictoc",
            "createdBy": "Terraform",
            "environment": "dev",
            "project": "lab_extra_03"
          },
          "tags_all": {
            "Name": "my-vpn-connection",
            "author": "khangtictoc",
            "createdBy": "Terraform",
            "environment": "dev",
            "project": "lab_extra_03"
          },
          "transit_gateway_attachment_id": "",
          "transit_gateway_id": "",
          "transport_transit_gateway_attachment_id": "",
          "tunnel1_address": "44.209.110.107",
          "tunnel1_bgp_asn": "",
          "tunnel1_bgp_holdtime": 0,
          "tunnel1_cgw_inside_address": "169.254.128.134",
          "tunnel1_dpd_timeout_action": "",
          "tunnel1_dpd_timeout_seconds": 0,
          "tunnel1_enable_tunnel_lifecycle_control": false,
          "tunnel1_ike_versions": [],
          "tunnel1_inside_cidr": "169.254.128.132/30",
          "tunnel1_inside_ipv6_cidr": "",
          "tunnel1_log_options": [
            {
              "cloudwatch_log_options": [
                {
                  "log_enabled": false,
                  "log_group_arn": "",
                  "log_output_format": ""
                }
              ]
            }
          ],
          "tunnel1_phase1_dh_group_numbers": [],
          "tunnel1_phase1_encryption_algorithms": [],
          "tunnel1_phase1_integrity_algorithms": [],
          "tunnel1_phase1_lifetime_seconds": 0,
          "tunnel1_phase2_dh_group_numbers": [],
          "tunnel1_phase2_encryption_algorithms": [],
          "tunnel1_phase2_integrity_algorithms": [],
          "tunnel1_phase2_lifetime_seconds": 0,
          "tunnel1_preshared_key": "V2LycZuBiSwYX4mXzuIOT542e2NSsq_e",
          "tunnel1_rekey_fuzz_percentage": 0,
          "tunnel1_rekey_margin_time_seconds": 0,
          "tunnel1_replay_window_size": 0,
          "tunnel1_startup_action": "",
          "tunnel1_vgw_inside_address": "169.254.128.133",
          "tunnel2_address": "52.20.27.239",
          "tunnel2_bgp_asn": "",
          "tunnel2_bgp_holdtime": 0,
          "tunnel2_cgw_inside_address": "169.254.123.214",
          "tunnel2_dpd_timeout_action": "",
          "tunnel2_dpd_timeout_seconds": 0,
          "tunnel2_enable_tunnel_lifecycle_control": false,
          "tunnel2_ike_versions": [],
          "tunnel2_inside_cidr": "169.254.123.212/30",
          "tunnel2_inside_ipv6_cidr": "",
          "tunnel2_log_options": [
            {
              "cloudwatch_log_options": [
                {
                  "log_enabled": false,
                  "log_group_arn": "",
                  "log_output_format": ""
                }
              ]
            }
          ],
          "tunnel2_phase1_dh_group_numbers": [],
          "tunnel2_phase1_encryption_algorithms": [],
          "tunnel2_phase1_integrity_algorithms": [],
          "tunnel2_phase1_lifetime_seconds": 0,
          "tunnel2_phase2_dh_group_numbers": [],
          "tunnel2_phase2_encryption_algorithms": [],
          "tunnel2_phase2_integrity_algorithms": [],
          "tunnel2_phase2_lifetime_seconds": 0,
          "tunnel2_preshared_key": "dJGGonG3xUJp2WtJR6SYp3XOcKahsoO2",
          "tunnel2_rekey_fuzz_percentage": 0,
          "tunnel2_rekey_margin_time_seconds": 0,
          "tunnel2_replay_window_size": 0,
          "tunnel2_startup_action": "",
          "tunnel2_vgw_inside_address": "169.254.123.213",
          "tunnel_inside_ip_version": "ipv4",
          "type": "ipsec.1",
          "vgw_telemetry": [
            {
              "accepted_route_count": 1,
              "certificate_arn": "",
              "last_status_change": "2024-07-11T07:08:49Z",
              "outside_ip_address": "52.20.27.239",
              "status": "DOWN",
              "status_message": ""
            },
            {
              "accepted_route_count": 1,
              "certificate_arn": "",
              "last_status_change": "2024-07-11T07:12:20Z",
              "outside_ip_address": "44.209.110.107",
              "status": "UP",
              "status_message": ""
            }
          ],
          "vpn_gateway_id": "vgw-05077106b055f9c6c"
        },
        {
          "arn": "arn:aws:ec2:us-east-1:008748484958:vpn-connection/vpn-04f98391a4f844ced",
          "core_network_arn": "",
          "core_network_attachment_arn": "",
          "customer_gateway_configuration": "\u003c?xml version=\"1.0\" encoding=\"UTF-8\"?\u003e\n\u003cvpn_connection id=\"vpn-04f98391a4f844ced\"\u003e\n  \u003ccustomer_gateway_id\u003ecgw-02d634567c4b86bd8\u003c/customer_gateway_id\u003e\n  \u003cvpn_gateway_id\u003evgw-05077106b055f9c6c\u003c/vpn_gateway_id\u003e\n  \u003cvpn_connection_type\u003eipsec.1\u003c/vpn_connection_type\u003e\n  \u003cvpn_connection_attributes\u003eNoBGPVPNConnection\u003c/vpn_connection_attributes\u003e\n  \u003cipsec_tunnel\u003e\n    \u003ccustomer_gateway\u003e\n      \u003ctunnel_outside_address\u003e\n        \u003cip_address\u003e40.83.125.242\u003c/ip_address\u003e\n      \u003c/tunnel_outside_address\u003e\n      \u003ctunnel_inside_address\u003e\n        \u003cip_address\u003e169.254.157.38\u003c/ip_address\u003e\n        \u003cnetwork_mask\u003e255.255.255.252\u003c/network_mask\u003e\n        \u003cnetwork_cidr\u003e30\u003c/network_cidr\u003e\n      \u003c/tunnel_inside_address\u003e\n    \u003c/customer_gateway\u003e\n    \u003cvpn_gateway\u003e\n      \u003ctunnel_outside_address\u003e\n        \u003cip_address\u003e3.83.19.238\u003c/ip_address\u003e\n      \u003c/tunnel_outside_address\u003e\n      \u003ctunnel_inside_address\u003e\n        \u003cip_address\u003e169.254.157.37\u003c/ip_address\u003e\n        \u003cnetwork_mask\u003e255.255.255.252\u003c/network_mask\u003e\n        \u003cnetwork_cidr\u003e30\u003c/network_cidr\u003e\n      \u003c/tunnel_inside_address\u003e\n    \u003c/vpn_gateway\u003e\n    \u003cike\u003e\n      \u003cauthentication_protocol\u003esha1\u003c/authentication_protocol\u003e\n      \u003cencryption_protocol\u003eaes-128-cbc\u003c/encryption_protocol\u003e\n      \u003clifetime\u003e28800\u003c/lifetime\u003e\n      \u003cperfect_forward_secrecy\u003egroup2\u003c/perfect_forward_secrecy\u003e\n      \u003cmode\u003emain\u003c/mode\u003e\n      \u003cpre_shared_key\u003eNmLsGkLuk9durqm8RLZtRtSmoOb6wBTC\u003c/pre_shared_key\u003e\n    \u003c/ike\u003e\n    \u003cipsec\u003e\n      \u003cprotocol\u003eesp\u003c/protocol\u003e\n      \u003cauthentication_protocol\u003ehmac-sha1-96\u003c/authentication_protocol\u003e\n      \u003cencryption_protocol\u003eaes-128-cbc\u003c/encryption_protocol\u003e\n      \u003clifetime\u003e3600\u003c/lifetime\u003e\n      \u003cperfect_forward_secrecy\u003egroup2\u003c/perfect_forward_secrecy\u003e\n      \u003cmode\u003etunnel\u003c/mode\u003e\n      \u003cclear_df_bit\u003etrue\u003c/clear_df_bit\u003e\n      \u003cfragmentation_before_encryption\u003etrue\u003c/fragmentation_before_encryption\u003e\n      \u003ctcp_mss_adjustment\u003e1379\u003c/tcp_mss_adjustment\u003e\n      \u003cdead_peer_detection\u003e\n        \u003cinterval\u003e10\u003c/interval\u003e\n        \u003cretries\u003e3\u003c/retries\u003e\n      \u003c/dead_peer_detection\u003e\n    \u003c/ipsec\u003e\n  \u003c/ipsec_tunnel\u003e\n  \u003cipsec_tunnel\u003e\n    \u003ccustomer_gateway\u003e\n      \u003ctunnel_outside_address\u003e\n        \u003cip_address\u003e40.83.125.242\u003c/ip_address\u003e\n      \u003c/tunnel_outside_address\u003e\n      \u003ctunnel_inside_address\u003e\n        \u003cip_address\u003e169.254.75.158\u003c/ip_address\u003e\n        \u003cnetwork_mask\u003e255.255.255.252\u003c/network_mask\u003e\n        \u003cnetwork_cidr\u003e30\u003c/network_cidr\u003e\n      \u003c/tunnel_inside_address\u003e\n    \u003c/customer_gateway\u003e\n    \u003cvpn_gateway\u003e\n      \u003ctunnel_outside_address\u003e\n        \u003cip_address\u003e100.28.121.114\u003c/ip_address\u003e\n      \u003c/tunnel_outside_address\u003e\n      \u003ctunnel_inside_address\u003e\n        \u003cip_address\u003e169.254.75.157\u003c/ip_address\u003e\n        \u003cnetwork_mask\u003e255.255.255.252\u003c/network_mask\u003e\n        \u003cnetwork_cidr\u003e30\u003c/network_cidr\u003e\n      \u003c/tunnel_inside_address\u003e\n    \u003c/vpn_gateway\u003e\n    \u003cike\u003e\n      \u003cauthentication_protocol\u003esha1\u003c/authentication_protocol\u003e\n      \u003cencryption_protocol\u003eaes-128-cbc\u003c/encryption_protocol\u003e\n      \u003clifetime\u003e28800\u003c/lifetime\u003e\n      \u003cperfect_forward_secrecy\u003egroup2\u003c/perfect_forward_secrecy\u003e\n      \u003cmode\u003emain\u003c/mode\u003e\n      \u003cpre_shared_key\u003ed8GSoVGKTiMo6r3HtzX2Xgja0VcghTat\u003c/pre_shared_key\u003e\n    \u003c/ike\u003e\n    \u003cipsec\u003e\n      \u003cprotocol\u003eesp\u003c/protocol\u003e\n      \u003cauthentication_protocol\u003ehmac-sha1-96\u003c/authentication_protocol\u003e\n      \u003cencryption_protocol\u003eaes-128-cbc\u003c/encryption_protocol\u003e\n      \u003clifetime\u003e3600\u003c/lifetime\u003e\n      \u003cperfect_forward_secrecy\u003egroup2\u003c/perfect_forward_secrecy\u003e\n      \u003cmode\u003etunnel\u003c/mode\u003e\n      \u003cclear_df_bit\u003etrue\u003c/clear_df_bit\u003e\n      \u003cfragmentation_before_encryption\u003etrue\u003c/fragmentation_before_encryption\u003e\n      \u003ctcp_mss_adjustment\u003e1379\u003c/tcp_mss_adjustment\u003e\n      \u003cdead_peer_detection\u003e\n        \u003cinterval\u003e10\u003c/interval\u003e\n        \u003cretries\u003e3\u003c/retries\u003e\n      \u003c/dead_peer_detection\u003e\n    \u003c/ipsec\u003e\n  \u003c/ipsec_tunnel\u003e\n\u003c/vpn_connection\u003e\n",
          "customer_gateway_id": "cgw-02d634567c4b86bd8",
          "enable_acceleration": false,
          "id": "vpn-04f98391a4f844ced",
          "local_ipv4_network_cidr": "0.0.0.0/0",
          "local_ipv6_network_cidr": "",
          "outside_ip_address_type": "PublicIpv4",
          "remote_ipv4_network_cidr": "0.0.0.0/0",
          "remote_ipv6_network_cidr": "",
          "routes": [
            {
              "destination_cidr_block": "10.10.0.0/16",
              "source": "",
              "state": "available"
            }
          ],
          "static_routes_only": true,
          "tags": {
            "Name": "my-vpn-connection2",
            "author": "khangtictoc",
            "createdBy": "Terraform",
            "environment": "dev",
            "project": "lab_extra_03"
          },
          "tags_all": {
            "Name": "my-vpn-connection2",
            "author": "khangtictoc",
            "createdBy": "Terraform",
            "environment": "dev",
            "project": "lab_extra_03"
          },
          "transit_gateway_attachment_id": "",
          "transit_gateway_id": "",
          "transport_transit_gateway_attachment_id": "",
          "tunnel1_address": "3.83.19.238",
          "tunnel1_bgp_asn": "",
          "tunnel1_bgp_holdtime": 0,
          "tunnel1_cgw_inside_address": "169.254.157.38",
          "tunnel1_dpd_timeout_action": "",
          "tunnel1_dpd_timeout_seconds": 0,
          "tunnel1_enable_tunnel_lifecycle_control": false,
          "tunnel1_ike_versions": [],
          "tunnel1_inside_cidr": "169.254.157.36/30",
          "tunnel1_inside_ipv6_cidr": "",
          "tunnel1_log_options": [
            {
              "cloudwatch_log_options": [
                {
                  "log_enabled": false,
                  "log_group_arn": "",
                  "log_output_format": ""
                }
              ]
            }
          ],
          "tunnel1_phase1_dh_group_numbers": [],
          "tunnel1_phase1_encryption_algorithms": [],
          "tunnel1_phase1_integrity_algorithms": [],
          "tunnel1_phase1_lifetime_seconds": 0,
          "tunnel1_phase2_dh_group_numbers": [],
          "tunnel1_phase2_encryption_algorithms": [],
          "tunnel1_phase2_integrity_algorithms": [],
          "tunnel1_phase2_lifetime_seconds": 0,
          "tunnel1_preshared_key": "NmLsGkLuk9durqm8RLZtRtSmoOb6wBTC",
          "tunnel1_rekey_fuzz_percentage": 0,
          "tunnel1_rekey_margin_time_seconds": 0,
          "tunnel1_replay_window_size": 0,
          "tunnel1_startup_action": "",
          "tunnel1_vgw_inside_address": "169.254.157.37",
          "tunnel2_address": "100.28.121.114",
          "tunnel2_bgp_asn": "",
          "tunnel2_bgp_holdtime": 0,
          "tunnel2_cgw_inside_address": "169.254.75.158",
          "tunnel2_dpd_timeout_action": "",
          "tunnel2_dpd_timeout_seconds": 0,
          "tunnel2_enable_tunnel_lifecycle_control": false,
          "tunnel2_ike_versions": [],
          "tunnel2_inside_cidr": "169.254.75.156/30",
          "tunnel2_inside_ipv6_cidr": "",
          "tunnel2_log_options": [
            {
              "cloudwatch_log_options": [
                {
                  "log_enabled": false,
                  "log_group_arn": "",
                  "log_output_format": ""
                }
              ]
            }
          ],
          "tunnel2_phase1_dh_group_numbers": [],
          "tunnel2_phase1_encryption_algorithms": [],
          "tunnel2_phase1_integrity_algorithms": [],
          "tunnel2_phase1_lifetime_seconds": 0,
          "tunnel2_phase2_dh_group_numbers": [],
          "tunnel2_phase2_encryption_algorithms": [],
          "tunnel2_phase2_integrity_algorithms": [],
          "tunnel2_phase2_lifetime_seconds": 0,
          "tunnel2_preshared_key": "d8GSoVGKTiMo6r3HtzX2Xgja0VcghTat",
          "tunnel2_rekey_fuzz_percentage": 0,
          "tunnel2_rekey_margin_time_seconds": 0,
          "tunnel2_replay_window_size": 0,
          "tunnel2_startup_action": "",
          "tunnel2_vgw_inside_address": "169.254.75.157",
          "tunnel_inside_ip_version": "ipv4",
          "type": "ipsec.1",
          "vgw_telemetry": [
            {
              "accepted_route_count": 1,
              "certificate_arn": "",
              "last_status_change": "2024-07-11T07:08:49Z",
              "outside_ip_address": "100.28.121.114",
              "status": "DOWN",
              "status_message": ""
            },
            {
              "accepted_route_count": 1,
              "certificate_arn": "",
              "last_status_change": "2024-07-11T07:11:08Z",
              "outside_ip_address": "3.83.19.238",
              "status": "UP",
              "status_message": ""
            }
          ],
          "vpn_gateway_id": "vgw-05077106b055f9c6c"
        }
      ],
      "type": [
        "tuple",
        [
          [
            "object",
            {
              "arn": "string",
              "core_network_arn": "string",
              "core_network_attachment_arn": "string",
              "customer_gateway_configuration": "string",
              "customer_gateway_id": "string",
              "enable_acceleration": "bool",
              "id": "string",
              "local_ipv4_network_cidr": "string",
              "local_ipv6_network_cidr": "string",
              "outside_ip_address_type": "string",
              "remote_ipv4_network_cidr": "string",
              "remote_ipv6_network_cidr": "string",
              "routes": [
                "set",
                [
                  "object",
                  {
                    "destination_cidr_block": "string",
                    "source": "string",
                    "state": "string"
                  }
                ]
              ],
              "static_routes_only": "bool",
              "tags": [
                "map",
                "string"
              ],
              "tags_all": [
                "map",
                "string"
              ],
              "transit_gateway_attachment_id": "string",
              "transit_gateway_id": "string",
              "transport_transit_gateway_attachment_id": "string",
              "tunnel1_address": "string",
              "tunnel1_bgp_asn": "string",
              "tunnel1_bgp_holdtime": "number",
              "tunnel1_cgw_inside_address": "string",
              "tunnel1_dpd_timeout_action": "string",
              "tunnel1_dpd_timeout_seconds": "number",
              "tunnel1_enable_tunnel_lifecycle_control": "bool",
              "tunnel1_ike_versions": [
                "set",
                "string"
              ],
              "tunnel1_inside_cidr": "string",
              "tunnel1_inside_ipv6_cidr": "string",
              "tunnel1_log_options": [
                "list",
                [
                  "object",
                  {
                    "cloudwatch_log_options": [
                      "list",
                      [
                        "object",
                        {
                          "log_enabled": "bool",
                          "log_group_arn": "string",
                          "log_output_format": "string"
                        }
                      ]
                    ]
                  }
                ]
              ],
              "tunnel1_phase1_dh_group_numbers": [
                "set",
                "number"
              ],
              "tunnel1_phase1_encryption_algorithms": [
                "set",
                "string"
              ],
              "tunnel1_phase1_integrity_algorithms": [
                "set",
                "string"
              ],
              "tunnel1_phase1_lifetime_seconds": "number",
              "tunnel1_phase2_dh_group_numbers": [
                "set",
                "number"
              ],
              "tunnel1_phase2_encryption_algorithms": [
                "set",
                "string"
              ],
              "tunnel1_phase2_integrity_algorithms": [
                "set",
                "string"
              ],
              "tunnel1_phase2_lifetime_seconds": "number",
              "tunnel1_preshared_key": "string",
              "tunnel1_rekey_fuzz_percentage": "number",
              "tunnel1_rekey_margin_time_seconds": "number",
              "tunnel1_replay_window_size": "number",
              "tunnel1_startup_action": "string",
              "tunnel1_vgw_inside_address": "string",
              "tunnel2_address": "string",
              "tunnel2_bgp_asn": "string",
              "tunnel2_bgp_holdtime": "number",
              "tunnel2_cgw_inside_address": "string",
              "tunnel2_dpd_timeout_action": "string",
              "tunnel2_dpd_timeout_seconds": "number",
              "tunnel2_enable_tunnel_lifecycle_control": "bool",
              "tunnel2_ike_versions": [
                "set",
                "string"
              ],
              "tunnel2_inside_cidr": "string",
              "tunnel2_inside_ipv6_cidr": "string",
              "tunnel2_log_options": [
                "list",
                [
                  "object",
                  {
                    "cloudwatch_log_options": [
                      "list",
                      [
                        "object",
                        {
                          "log_enabled": "bool",
                          "log_group_arn": "string",
                          "log_output_format": "string"
                        }
                      ]
                    ]
                  }
                ]
              ],
              "tunnel2_phase1_dh_group_numbers": [
                "set",
                "number"
              ],
              "tunnel2_phase1_encryption_algorithms": [
                "set",
                "string"
              ],
              "tunnel2_phase1_integrity_algorithms": [
                "set",
                "string"
              ],
              "tunnel2_phase1_lifetime_seconds": "number",
              "tunnel2_phase2_dh_group_numbers": [
                "set",
                "number"
              ],
              "tunnel2_phase2_encryption_algorithms": [
                "set",
                "string"
              ],
              "tunnel2_phase2_integrity_algorithms": [
                "set",
                "string"
              ],
              "tunnel2_phase2_lifetime_seconds": "number",
              "tunnel2_preshared_key": "string",
              "tunnel2_rekey_fuzz_percentage": "number",
              "tunnel2_rekey_margin_time_seconds": "number",
              "tunnel2_replay_window_size": "number",
              "tunnel2_startup_action": "string",
              "tunnel2_vgw_inside_address": "string",
              "tunnel_inside_ip_version": "string",
              "type": "string",
              "vgw_telemetry": [
                "set",
                [
                  "object",
                  {
                    "accepted_route_count": "number",
                    "certificate_arn": "string",
                    "last_status_change": "string",
                    "outside_ip_address": "string",
                    "status": "string",
                    "status_message": "string"
                  }
                ]
              ],
              "vpn_gateway_id": "string"
            }
          ],
          [
            "object",
            {
              "arn": "string",
              "core_network_arn": "string",
              "core_network_attachment_arn": "string",
              "customer_gateway_configuration": "string",
              "customer_gateway_id": "string",
              "enable_acceleration": "bool",
              "id": "string",
              "local_ipv4_network_cidr": "string",
              "local_ipv6_network_cidr": "string",
              "outside_ip_address_type": "string",
              "remote_ipv4_network_cidr": "string",
              "remote_ipv6_network_cidr": "string",
              "routes": [
                "set",
                [
                  "object",
                  {
                    "destination_cidr_block": "string",
                    "source": "string",
                    "state": "string"
                  }
                ]
              ],
              "static_routes_only": "bool",
              "tags": [
                "map",
                "string"
              ],
              "tags_all": [
                "map",
                "string"
              ],
              "transit_gateway_attachment_id": "string",
              "transit_gateway_id": "string",
              "transport_transit_gateway_attachment_id": "string",
              "tunnel1_address": "string",
              "tunnel1_bgp_asn": "string",
              "tunnel1_bgp_holdtime": "number",
              "tunnel1_cgw_inside_address": "string",
              "tunnel1_dpd_timeout_action": "string",
              "tunnel1_dpd_timeout_seconds": "number",
              "tunnel1_enable_tunnel_lifecycle_control": "bool",
              "tunnel1_ike_versions": [
                "set",
                "string"
              ],
              "tunnel1_inside_cidr": "string",
              "tunnel1_inside_ipv6_cidr": "string",
              "tunnel1_log_options": [
                "list",
                [
                  "object",
                  {
                    "cloudwatch_log_options": [
                      "list",
                      [
                        "object",
                        {
                          "log_enabled": "bool",
                          "log_group_arn": "string",
                          "log_output_format": "string"
                        }
                      ]
                    ]
                  }
                ]
              ],
              "tunnel1_phase1_dh_group_numbers": [
                "set",
                "number"
              ],
              "tunnel1_phase1_encryption_algorithms": [
                "set",
                "string"
              ],
              "tunnel1_phase1_integrity_algorithms": [
                "set",
                "string"
              ],
              "tunnel1_phase1_lifetime_seconds": "number",
              "tunnel1_phase2_dh_group_numbers": [
                "set",
                "number"
              ],
              "tunnel1_phase2_encryption_algorithms": [
                "set",
                "string"
              ],
              "tunnel1_phase2_integrity_algorithms": [
                "set",
                "string"
              ],
              "tunnel1_phase2_lifetime_seconds": "number",
              "tunnel1_preshared_key": "string",
              "tunnel1_rekey_fuzz_percentage": "number",
              "tunnel1_rekey_margin_time_seconds": "number",
              "tunnel1_replay_window_size": "number",
              "tunnel1_startup_action": "string",
              "tunnel1_vgw_inside_address": "string",
              "tunnel2_address": "string",
              "tunnel2_bgp_asn": "string",
              "tunnel2_bgp_holdtime": "number",
              "tunnel2_cgw_inside_address": "string",
              "tunnel2_dpd_timeout_action": "string",
              "tunnel2_dpd_timeout_seconds": "number",
              "tunnel2_enable_tunnel_lifecycle_control": "bool",
              "tunnel2_ike_versions": [
                "set",
                "string"
              ],
              "tunnel2_inside_cidr": "string",
              "tunnel2_inside_ipv6_cidr": "string",
              "tunnel2_log_options": [
                "list",
                [
                  "object",
                  {
                    "cloudwatch_log_options": [
                      "list",
                      [
                        "object",
                        {
                          "log_enabled": "bool",
                          "log_group_arn": "string",
                          "log_output_format": "string"
                        }
                      ]
                    ]
                  }
                ]
              ],
              "tunnel2_phase1_dh_group_numbers": [
                "set",
                "number"
              ],
              "tunnel2_phase1_encryption_algorithms": [
                "set",
                "string"
              ],
              "tunnel2_phase1_integrity_algorithms": [
                "set",
                "string"
              ],
              "tunnel2_phase1_lifetime_seconds": "number",
              "tunnel2_phase2_dh_group_numbers": [
                "set",
                "number"
              ],
              "tunnel2_phase2_encryption_algorithms": [
                "set",
                "string"
              ],
              "tunnel2_phase2_integrity_algorithms": [
                "set",
                "string"
              ],
              "tunnel2_phase2_lifetime_seconds": "number",
              "tunnel2_preshared_key": "string",
              "tunnel2_rekey_fuzz_percentage": "number",
              "tunnel2_rekey_margin_time_seconds": "number",
              "tunnel2_replay_window_size": "number",
              "tunnel2_startup_action": "string",
              "tunnel2_vgw_inside_address": "string",
              "tunnel_inside_ip_version": "string",
              "type": "string",
              "vgw_telemetry": [
                "set",
                [
                  "object",
                  {
                    "accepted_route_count": "number",
                    "certificate_arn": "string",
                    "last_status_change": "string",
                    "outside_ip_address": "string",
                    "status": "string",
                    "status_message": "string"
                  }
                ]
              ],
              "vpn_gateway_id": "string"
            }
          ]
        ]
      ],
      "sensitive": true
    },
    "aws_vpn_connection_tunnel_status": {
      "value": [
        [
          {
            "accepted_route_count": 1,
            "certificate_arn": "",
            "last_status_change": "2024-07-11T07:08:49Z",
            "outside_ip_address": "52.20.27.239",
            "status": "DOWN",
            "status_message": ""
          },
          {
            "accepted_route_count": 1,
            "certificate_arn": "",
            "last_status_change": "2024-07-11T07:12:20Z",
            "outside_ip_address": "44.209.110.107",
            "status": "UP",
            "status_message": ""
          }
        ],
        [
          {
            "accepted_route_count": 1,
            "certificate_arn": "",
            "last_status_change": "2024-07-11T07:08:49Z",
            "outside_ip_address": "100.28.121.114",
            "status": "DOWN",
            "status_message": ""
          },
          {
            "accepted_route_count": 1,
            "certificate_arn": "",
            "last_status_change": "2024-07-11T07:11:08Z",
            "outside_ip_address": "3.83.19.238",
            "status": "UP",
            "status_message": ""
          }
        ]
      ],
      "type": [
        "tuple",
        [
          [
            "set",
            [
              "object",
              {
                "accepted_route_count": "number",
                "certificate_arn": "string",
                "last_status_change": "string",
                "outside_ip_address": "string",
                "status": "string",
                "status_message": "string"
              }
            ]
          ],
          [
            "set",
            [
              "object",
              {
                "accepted_route_count": "number",
                "certificate_arn": "string",
                "last_status_change": "string",
                "outside_ip_address": "string",
                "status": "string",
                "status_message": "string"
              }
            ]
          ]
        ]
      ],
      "sensitive": true
    },
    "azure_vm_private_ip_list": {
      "value": [
        "172.16.1.4",
        "10.10.1.4"
      ],
      "type": [
        "tuple",
        [
          "string",
          "string"
        ]
      ]
    },
    "azure_vnet_gateway_info": {
      "value": [
        {
          "id": "/subscriptions/ac90b42a-8ba9-48f5-9479-94dfd054e40d/resourceGroups/VPNSite2SiteDemo/providers/Microsoft.Network/virtualNetworkGateways/Vnet-Gateway-Demo",
          "public_ip_address": "40.83.124.205",
          "subnet_id": "/subscriptions/ac90b42a-8ba9-48f5-9479-94dfd054e40d/resourceGroups/VPNSite2SiteDemo/providers/Microsoft.Network/virtualNetworks/VpnVnet/subnets/GatewaySubnet"
        },
        {
          "id": "/subscriptions/ac90b42a-8ba9-48f5-9479-94dfd054e40d/resourceGroups/VPNSite2SiteDemo2/providers/Microsoft.Network/virtualNetworkGateways/Vnet-Gateway-Demo2",
          "public_ip_address": "40.83.125.242",
          "subnet_id": "/subscriptions/ac90b42a-8ba9-48f5-9479-94dfd054e40d/resourceGroups/VPNSite2SiteDemo2/providers/Microsoft.Network/virtualNetworks/VpnVnet2/subnets/GatewaySubnet"
        }
      ],
      "type": [
        "tuple",
        [
          [
            "object",
            {
              "id": "string",
              "public_ip_address": "string",
              "subnet_id": "string"
            }
          ],
          [
            "object",
            {
              "id": "string",
              "public_ip_address": "string",
              "subnet_id": "string"
            }
          ]
        ]
      ],
      "sensitive": true
    },
    "azure_vnet_info": {
      "value": [
        {
          "address_space": [
            "172.16.0.0/16"
          ],
          "id": "/subscriptions/ac90b42a-8ba9-48f5-9479-94dfd054e40d/resourceGroups/VPNSite2SiteDemo/providers/Microsoft.Network/virtualNetworks/VpnVnet",
          "subnets": [
            {
              "address_prefix": "172.16.0.0/27",
              "id": "/subscriptions/ac90b42a-8ba9-48f5-9479-94dfd054e40d/resourceGroups/VPNSite2SiteDemo/providers/Microsoft.Network/virtualNetworks/VpnVnet/subnets/GatewaySubnet",
              "name": "GatewaySubnet",
              "security_group": ""
            },
            {
              "address_prefix": "172.16.1.0/24",
              "id": "/subscriptions/ac90b42a-8ba9-48f5-9479-94dfd054e40d/resourceGroups/VPNSite2SiteDemo/providers/Microsoft.Network/virtualNetworks/VpnVnet/subnets/AppSubnet",
              "name": "AppSubnet",
              "security_group": ""
            },
            {
              "address_prefix": "172.16.2.0/24",
              "id": "/subscriptions/ac90b42a-8ba9-48f5-9479-94dfd054e40d/resourceGroups/VPNSite2SiteDemo/providers/Microsoft.Network/virtualNetworks/VpnVnet/subnets/AppGatewaySubnet",
              "name": "AppGatewaySubnet",
              "security_group": ""
            }
          ]
        },
        {
          "address_space": [
            "10.10.0.0/16"
          ],
          "id": "/subscriptions/ac90b42a-8ba9-48f5-9479-94dfd054e40d/resourceGroups/VPNSite2SiteDemo2/providers/Microsoft.Network/virtualNetworks/VpnVnet2",
          "subnets": [
            {
              "address_prefix": "10.10.0.0/27",
              "id": "/subscriptions/ac90b42a-8ba9-48f5-9479-94dfd054e40d/resourceGroups/VPNSite2SiteDemo2/providers/Microsoft.Network/virtualNetworks/VpnVnet2/subnets/GatewaySubnet",
              "name": "GatewaySubnet",
              "security_group": ""
            },
            {
              "address_prefix": "10.10.1.0/24",
              "id": "/subscriptions/ac90b42a-8ba9-48f5-9479-94dfd054e40d/resourceGroups/VPNSite2SiteDemo2/providers/Microsoft.Network/virtualNetworks/VpnVnet2/subnets/AppSubnet",
              "name": "AppSubnet",
              "security_group": ""
            },
            {
              "address_prefix": "10.10.2.0/24",
              "id": "/subscriptions/ac90b42a-8ba9-48f5-9479-94dfd054e40d/resourceGroups/VPNSite2SiteDemo2/providers/Microsoft.Network/virtualNetworks/VpnVnet2/subnets/AppGatewaySubnet",
              "name": "AppGatewaySubnet",
              "security_group": ""
            }
          ]
        }
      ],
      "type": [
        "tuple",
        [
          [
            "object",
            {
              "address_space": [
                "list",
                "string"
              ],
              "id": "string",
              "subnets": [
                "set",
                [
                  "object",
                  {
                    "address_prefix": "string",
                    "id": "string",
                    "name": "string",
                    "security_group": "string"
                  }
                ]
              ]
            }
          ],
          [
            "object",
            {
              "address_space": [
                "list",
                "string"
              ],
              "id": "string",
              "subnets": [
                "set",
                [
                  "object",
                  {
                    "address_prefix": "string",
                    "id": "string",
                    "name": "string",
                    "security_group": "string"
                  }
                ]
              ]
            }
          ]
        ]
      ],
      "sensitive": true
    },
    "azure_vpn_connection_info": {
      "value": [
        {
          "authorization_key": "",
          "connection_mode": "Default",
          "connection_protocol": "IKEv2",
          "custom_bgp_addresses": [],
          "dpd_timeout_seconds": 0,
          "egress_nat_rule_ids": [],
          "enable_bgp": false,
          "express_route_circuit_id": null,
          "express_route_gateway_bypass": false,
          "id": "/subscriptions/ac90b42a-8ba9-48f5-9479-94dfd054e40d/resourceGroups/VPNSite2SiteDemo/providers/Microsoft.Network/connections/myVnetGWConn",
          "ingress_nat_rule_ids": [],
          "ipsec_policy": [],
          "local_azure_ip_address_enabled": false,
          "local_network_gateway_id": "/subscriptions/ac90b42a-8ba9-48f5-9479-94dfd054e40d/resourceGroups/VPNSite2SiteDemo/providers/Microsoft.Network/localNetworkGateways/my-vpn-connection",
          "location": "eastasia",
          "name": "myVnetGWConn",
          "peer_virtual_network_gateway_id": null,
          "resource_group_name": "VPNSite2SiteDemo",
          "routing_weight": 0,
          "shared_key": "V2LycZuBiSwYX4mXzuIOT542e2NSsq_e",
          "tags": {},
          "timeouts": null,
          "traffic_selector_policy": [],
          "type": "IPsec",
          "use_policy_based_traffic_selectors": false,
          "virtual_network_gateway_id": "/subscriptions/ac90b42a-8ba9-48f5-9479-94dfd054e40d/resourceGroups/VPNSite2SiteDemo/providers/Microsoft.Network/virtualNetworkGateways/Vnet-Gateway-Demo"
        },
        {
          "authorization_key": "",
          "connection_mode": "Default",
          "connection_protocol": "IKEv2",
          "custom_bgp_addresses": [],
          "dpd_timeout_seconds": 0,
          "egress_nat_rule_ids": [],
          "enable_bgp": false,
          "express_route_circuit_id": null,
          "express_route_gateway_bypass": false,
          "id": "/subscriptions/ac90b42a-8ba9-48f5-9479-94dfd054e40d/resourceGroups/VPNSite2SiteDemo2/providers/Microsoft.Network/connections/myVnetGWConn2",
          "ingress_nat_rule_ids": [],
          "ipsec_policy": [],
          "local_azure_ip_address_enabled": false,
          "local_network_gateway_id": "/subscriptions/ac90b42a-8ba9-48f5-9479-94dfd054e40d/resourceGroups/VPNSite2SiteDemo2/providers/Microsoft.Network/localNetworkGateways/my-vpn-connection2",
          "location": "eastasia",
          "name": "myVnetGWConn2",
          "peer_virtual_network_gateway_id": null,
          "resource_group_name": "VPNSite2SiteDemo2",
          "routing_weight": 0,
          "shared_key": "NmLsGkLuk9durqm8RLZtRtSmoOb6wBTC",
          "tags": {},
          "timeouts": null,
          "traffic_selector_policy": [],
          "type": "IPsec",
          "use_policy_based_traffic_selectors": false,
          "virtual_network_gateway_id": "/subscriptions/ac90b42a-8ba9-48f5-9479-94dfd054e40d/resourceGroups/VPNSite2SiteDemo2/providers/Microsoft.Network/virtualNetworkGateways/Vnet-Gateway-Demo2"
        }
      ],
      "type": [
        "tuple",
        [
          [
            "object",
            {
              "authorization_key": "string",
              "connection_mode": "string",
              "connection_protocol": "string",
              "custom_bgp_addresses": [
                "list",
                [
                  "object",
                  {
                    "primary": "string",
                    "secondary": "string"
                  }
                ]
              ],
              "dpd_timeout_seconds": "number",
              "egress_nat_rule_ids": [
                "set",
                "string"
              ],
              "enable_bgp": "bool",
              "express_route_circuit_id": "string",
              "express_route_gateway_bypass": "bool",
              "id": "string",
              "ingress_nat_rule_ids": [
                "set",
                "string"
              ],
              "ipsec_policy": [
                "list",
                [
                  "object",
                  {
                    "dh_group": "string",
                    "ike_encryption": "string",
                    "ike_integrity": "string",
                    "ipsec_encryption": "string",
                    "ipsec_integrity": "string",
                    "pfs_group": "string",
                    "sa_datasize": "number",
                    "sa_lifetime": "number"
                  }
                ]
              ],
              "local_azure_ip_address_enabled": "bool",
              "local_network_gateway_id": "string",
              "location": "string",
              "name": "string",
              "peer_virtual_network_gateway_id": "string",
              "resource_group_name": "string",
              "routing_weight": "number",
              "shared_key": "string",
              "tags": [
                "map",
                "string"
              ],
              "timeouts": [
                "object",
                {
                  "create": "string",
                  "delete": "string",
                  "read": "string",
                  "update": "string"
                }
              ],
              "traffic_selector_policy": [
                "list",
                [
                  "object",
                  {
                    "local_address_cidrs": [
                      "list",
                      "string"
                    ],
                    "remote_address_cidrs": [
                      "list",
                      "string"
                    ]
                  }
                ]
              ],
              "type": "string",
              "use_policy_based_traffic_selectors": "bool",
              "virtual_network_gateway_id": "string"
            }
          ],
          [
            "object",
            {
              "authorization_key": "string",
              "connection_mode": "string",
              "connection_protocol": "string",
              "custom_bgp_addresses": [
                "list",
                [
                  "object",
                  {
                    "primary": "string",
                    "secondary": "string"
                  }
                ]
              ],
              "dpd_timeout_seconds": "number",
              "egress_nat_rule_ids": [
                "set",
                "string"
              ],
              "enable_bgp": "bool",
              "express_route_circuit_id": "string",
              "express_route_gateway_bypass": "bool",
              "id": "string",
              "ingress_nat_rule_ids": [
                "set",
                "string"
              ],
              "ipsec_policy": [
                "list",
                [
                  "object",
                  {
                    "dh_group": "string",
                    "ike_encryption": "string",
                    "ike_integrity": "string",
                    "ipsec_encryption": "string",
                    "ipsec_integrity": "string",
                    "pfs_group": "string",
                    "sa_datasize": "number",
                    "sa_lifetime": "number"
                  }
                ]
              ],
              "local_azure_ip_address_enabled": "bool",
              "local_network_gateway_id": "string",
              "location": "string",
              "name": "string",
              "peer_virtual_network_gateway_id": "string",
              "resource_group_name": "string",
              "routing_weight": "number",
              "shared_key": "string",
              "tags": [
                "map",
                "string"
              ],
              "timeouts": [
                "object",
                {
                  "create": "string",
                  "delete": "string",
                  "read": "string",
                  "update": "string"
                }
              ],
              "traffic_selector_policy": [
                "list",
                [
                  "object",
                  {
                    "local_address_cidrs": [
                      "list",
                      "string"
                    ],
                    "remote_address_cidrs": [
                      "list",
                      "string"
                    ]
                  }
                ]
              ],
              "type": "string",
              "use_policy_based_traffic_selectors": "bool",
              "virtual_network_gateway_id": "string"
            }
          ]
        ]
      ],
      "sensitive": true
    }
  },
  "resources": [
    {
      "mode": "managed",
      "type": "azurerm_resource_group",
      "name": "vpn_resource_group",
      "provider": "provider[\"registry.terraform.io/hashicorp/azurerm\"]",
      "instances": [
        {
          "index_key": 0,
          "schema_version": 0,
          "attributes": {
            "id": "/subscriptions/ac90b42a-8ba9-48f5-9479-94dfd054e40d/resourceGroups/VPNSite2SiteDemo",
            "location": "eastasia",
            "managed_by": "",
            "name": "VPNSite2SiteDemo",
            "tags": {
              "author": "khangtictoc",
              "createdBy": "Terraform",
              "environment": "dev",
              "project": "lab_extra_03"
            },
            "timeouts": null
          },
          "sensitive_attributes": [],
          "private": "eyJlMmJmYjczMC1lY2FhLTExZTYtOGY4OC0zNDM2M2JjN2M0YzAiOnsiY3JlYXRlIjo1NDAwMDAwMDAwMDAwLCJkZWxldGUiOjU0MDAwMDAwMDAwMDAsInJlYWQiOjMwMDAwMDAwMDAwMCwidXBkYXRlIjo1NDAwMDAwMDAwMDAwfX0="
        },
        {
          "index_key": 1,
          "schema_version": 0,
          "attributes": {
            "id": "/subscriptions/ac90b42a-8ba9-48f5-9479-94dfd054e40d/resourceGroups/VPNSite2SiteDemo2",
            "location": "eastasia",
            "managed_by": "",
            "name": "VPNSite2SiteDemo2",
            "tags": {
              "author": "khangtictoc",
              "createdBy": "Terraform",
              "environment": "dev",
              "project": "lab_extra_03"
            },
            "timeouts": null
          },
          "sensitive_attributes": [],
          "private": "eyJlMmJmYjczMC1lY2FhLTExZTYtOGY4OC0zNDM2M2JjN2M0YzAiOnsiY3JlYXRlIjo1NDAwMDAwMDAwMDAwLCJkZWxldGUiOjU0MDAwMDAwMDAwMDAsInJlYWQiOjMwMDAwMDAwMDAwMCwidXBkYXRlIjo1NDAwMDAwMDAwMDAwfX0="
        }
      ]
    },
    {
      "module": "module.aws_virtual_machine_demo[0]",
      "mode": "managed",
      "type": "local_file",
      "name": "aws_private_ssh_key",
      "provider": "provider[\"registry.terraform.io/hashicorp/local\"]",
      "instances": [
        {
          "schema_version": 0,
          "attributes": {
            "content": "-----BEGIN RSA PRIVATE KEY-----\nMIIJKQIBAAKCAgEAryZh49KDtSfMa5j6SPUvghuqkOKo5QG3w3B1CSeogEUV3QCA\nndHyeX+59N4dUNcgRLggvRPIQABtdwqmJ6ogb5VPQrcim07pzueNeuV5uKf/GLG+\neFaI2nhanCxI+9eaYWcF9Gt8d1tLzNjG9RHh6AOoo/3EB0d4qfZTp02uvC/XujPg\ns5iTyyloB7CiquY+X9xvK5rgMYEQg4ebA8R9pdIBv7wJbiCzAR8q4vtb8aNNDxgY\nOiggK9WKUldZhDQ/ojVWe0JjJ4qgqEeQZiwGEpPjkhw+WDXqV0bC0+JP0UPtzifa\nF++towHCOSHXPNSGmUHxbb0Lbf3QJaChzoLmAjt7A8XUTYRmCRlbym3LN9GGSaq9\n1odGVxOe2vovCaPNvyLuss6FBrIc/98N2gMqOVJm+PzAL3hKIcAXh/7Gfuynu3xL\nsdS6No0krCu4AoyzkxtDr9JRe9G4Z8PyHoNHWQYg2mRIHHa9M8o08hxWa5pJ6Ilh\np5WdItSBvHr6rroI7BFleTc5Smp+z/N8o00jEJITHaD8JvaDazskuxJ40Vpt05oV\nPvhv2N6/btPynARSEvloZ++QnwE0GZCs+oHGduDS3BAdwXyUVlaPg/pfvkisLVc8\n1xgeEIVnRx6LiYkChGo+Zf4pY2o9jmTKMP70+xvWJ4FhXXHNCYtXpb57iCUCAwEA\nAQKCAgBlr/ILU/A1n7qWCYXeD8OaVTes0HtgIaQv6r14KDcy6WktGxqRBhAxrA8p\ndD8u7QcF/qS7QZ30Uos7HsqioqocPmJ7CFomMyWZg2Pnow0NQTPggWlk8lCYDmIE\n480nseAmhqq1YiYsIawbbQvtwokWq/Ef7Lf/xeXvP10H+Bjnlxs3NuFRQ9cij5Kf\nTFTUxcIW46MDfPKGqzkMNBGymUSdnhR33dLXxlJG53J9v5N88eNOTR3bveoXqO2a\nqq4FDFSZd0ATZdKtZVWq/Yl/WDXaWVQ5Qv6LNhosu59nZrASfc617vs3BGcaCW5a\nvyP4ZCcVGWzy2lula0OKZP0sKWEhmsQ7nM6pe9f+CiNNKcO3gjPT17y++OXF8FK2\nud5Fp0U3Qd2BRFMjDujuMrjngJPMS9LBmVXkPZiyUfUtgM7b6iW3WoF0a/fgNupA\n4063LvvrVBHhNcfpGSTmuZAujVVBeq7IyxpODyVyD3ZBz8al4cWlYpFRdWHzN9Gg\nrZJNObLHnEZbWcEXwfNJAZHgZFvM8C8ZBTDNGd/D96UvPBsxoHqMGjiShAGmHMzQ\nT+cKlREUOkmCCNXnfWdMpEPK3n+14qCfbPPTjFoTHdIe7Am0tcCHUc2+PM9p9oEv\nWqjhzvdAmQRioRRYL7ZDDPS+FtrPq9Y7ahcrA+ZOARITTXqNwQKCAQEA0VdexrTc\nVuXmAQouFf9NRbjIzP+XE2E+kooi+FZt9TKd2ef8Gb0qnN2tzX5E6Ai7r9RfpH8p\nEi2DwH5RzzxXmJjYiBw+AEpXddww1ZEds5/yxsmIwCB0WPtP96VRT0dZR/7QCkuA\nF/C/ieP9Z3lJKp8MTbTgEpmayG9Iev1B6zOemex0G3UjOHfYkQgwgqOci9yDZBVq\n5if7U1ghYOC3BEKP4oWvLtnIo5ZS2JhfI5BG+6yzJWaY3UK5VpZThV5mx9ZkIYpS\nL30SZFwF8EfS0kcB+XyuaGpWyRhn5UKBZQ8VueWW/aGAjXc6grWdTEDpmK9VmyDY\nd/3gJUjhU5GjMQKCAQEA1jAdsWCD1N+5lUB3H07DhDzvWjJie2Dazmj7ZIIKP8Rd\nB+R3aKKkxTq2CANOLl8RWr/GmsB8eZOowJslcjTla1AsXQZiXFSbkYfgOnRpnewD\n9fOl4QxVpw4rEjTO43Avij5bKFUNLa380fcnOKpdtxqBpMVX/Nn19cTth4yWnCuK\nyyayVnrd0VfaR45z+Ty1MzswkfJP1H9hS70GhRWeXZiBfyJDrmc9xWJwcvvPu6Bl\ncB7dH2yEKeKgoAfenoSMH1IarrJvToGfAXxmhf7AW9ggWZeZ7KQyzYEZQxECiyrU\nC/+Dxy4ajsrRI9KbYmPTI0oUnteSoi+oYHdOlxrvNQKCAQB9ABuysTpElUBy7H46\nWljswfr9Fb1DMDTp0ZwyB4HfANtqy3AoemEgi+oFI1nH57cStdBqbBe9J/pdDdCR\n2yk/ED1zgNGw4LM6yEFMtTs0D9UqyBplBrwSifXlHQzhNuxj5g6Zpx2UrgfhMYcV\nq0F6NsBlAhUuZhQbjP+NmP4skIUqyhtGbfqa9E0XxPkaeNG4XfMC5xsO1V7oFF7R\n9zyxSYGbNFI3uolozREpDkr49GS+URAjzBCJRhdfUaILqCPdPfJKaMrMWnWKAbz2\nDh0fvJC8Ravq41xw9abMKZsUGh7SAvrW9gHJ9yCz/fgwGS6jIkcOu10mwSx/dvY9\nLWBxAoIBAQCnhkzDHoUeK7pgpWJGh3le5bYj6wKiE3gwN2ZhD2DqzTAiayyGF6ge\nZzRXAhbVKCBPxW2WPnVdNgOoWfCo6fyCudtpCwRFyRtAcXEM515wWVgjt+UHJ3ma\nxvcjL1CeDXHxg6IS4qsDDnGO2+u+Y2oXO9Eoyf1u1B+Pke5itbBbB6dwC50zDLiP\n81HT4/SLfVMQdfwgOtD7mIHGFluSHf2WoSCwCmG7eB6VUtA27wNkcijE0C8NU/fv\nNsWBRYZ2n59lI/egqglq8vEl3WHm7gEQFPQAfxWyRB9EIvRaQ2Sk6uOdWsV8NXAq\nPTHk/eXwx7ktgdStBFk5J2NfyBEdGMD9AoIBAQDFNg0D8PmYUr+PbCbLYC+iyTgx\nFxY2nAlyYSdkgQVx15gI/eJN3Q4mjM1oHDj4IlCCQj/aZiFbSDmrI6ljROrb7Gpd\nqmBfziReZHro0sNrxhp0Lo1t1sMncymh5E0aTV91M1FPs1mRGrTQwNXTI9PWQv0U\nlkdZ2Dp4J9pZimvn9uD7LhkZu+WlnXrLFJTF5mrwZrW8ZYegNUYBAFVlbbYUGWUE\nv25dt0rlCzPPV0wYgQxW4J8w/FYbCfncS9NM+DkmaI1bvBApQD8p1ldmommLv55X\n3xILTkITUayipYrxpIr8lMEPLF1u2cgYXKrhzkzabl9l13LvTDGaBy24Xtu9\n-----END RSA PRIVATE KEY-----\n",
            "content_base64": null,
            "content_base64sha256": "9RYeiG6vsF2HClRZLiVi7xNgR+hghaDW6N/15QYZqXk=",
            "content_base64sha512": "H/dQa9Zzd0DMQQlMAqT6wEe+cdp7QrIM1fdDz5A0vq4cADJQDmis5UCxmDGZsdKDF14JhfGZi+0yFNU6vuyI/g==",
            "content_md5": "96c78a34c857f789abc834e1bd98c7d1",
            "content_sha1": "2c399c91d019dc5b0035ce283dde5a9cb9d9bec1",
            "content_sha256": "f5161e886eafb05d870a54592e2562ef136047e86085a0d6e8dff5e50619a979",
            "content_sha512": "1ff7506bd6737740cc41094c02a4fac047be71da7b42b20cd5f743cf9034beae1c0032500e68ace540b1983199b1d283175e0985f1998bed3214d53abeec88fe",
            "directory_permission": "0777",
            "file_permission": "0777",
            "filename": "credentials/aws/private_key",
            "id": "2c399c91d019dc5b0035ce283dde5a9cb9d9bec1",
            "sensitive_content": null,
            "source": null
          },
          "sensitive_attributes": [
            [
              {
                "type": "get_attr",
                "value": "sensitive_content"
              }
            ],
            [
              {
                "type": "get_attr",
                "value": "content"
              }
            ]
          ],
          "dependencies": [
            "module.aws_virtual_machine_demo.module.keypair.tls_private_key.pk"
          ]
        }
      ]
    },
    {
      "module": "module.aws_virtual_machine_demo[0]",
      "mode": "managed",
      "type": "null_resource",
      "name": "add_host_key",
      "provider": "provider[\"registry.terraform.io/hashicorp/null\"]",
      "instances": [
        {
          "schema_version": 0,
          "attributes": {
            "id": "2370793129139563210",
            "triggers": {
              "always_run": "2c399c91d019dc5b0035ce283dde5a9cb9d9bec1"
            }
          },
          "sensitive_attributes": [],
          "dependencies": [
            "module.aws_virtual_machine_demo.local_file.aws_private_ssh_key",
            "module.aws_virtual_machine_demo.module.keypair.tls_private_key.pk"
          ]
        }
      ]
    },
    {
      "module": "module.aws_virtual_machine_demo[0].module.ec2_instance",
      "mode": "managed",
      "type": "aws_instance",
      "name": "instance",
      "provider": "provider[\"registry.terraform.io/hashicorp/aws\"]",
      "instances": [
        {
          "schema_version": 1,
          "attributes": {
            "ami": "ami-06aa3f7caf3a30282",
            "arn": "arn:aws:ec2:us-east-1:008748484958:instance/i-05337feb5330fd162",
            "associate_public_ip_address": true,
            "availability_zone": "us-east-1f",
            "capacity_reservation_specification": [
              {
                "capacity_reservation_preference": "open",
                "capacity_reservation_target": []
              }
            ],
            "cpu_core_count": 2,
            "cpu_options": [
              {
                "amd_sev_snp": "",
                "core_count": 2,
                "threads_per_core": 1
              }
            ],
            "cpu_threads_per_core": 1,
            "credit_specification": [
              {
                "cpu_credits": "standard"
              }
            ],
            "disable_api_stop": false,
            "disable_api_termination": false,
            "ebs_block_device": [
              {
                "delete_on_termination": true,
                "device_name": "/dev/sda1",
                "encrypted": false,
                "iops": 100,
                "kms_key_id": "",
                "snapshot_id": "",
                "tags": {},
                "throughput": 0,
                "volume_id": "vol-0ac85d2daf87fb9ee",
                "volume_size": 30,
                "volume_type": "gp2"
              }
            ],
            "ebs_optimized": false,
            "enclave_options": [
              {
                "enabled": false
              }
            ],
            "ephemeral_block_device": [],
            "get_password_data": false,
            "hibernation": false,
            "host_id": "",
            "host_resource_group_arn": null,
            "iam_instance_profile": "",
            "id": "i-05337feb5330fd162",
            "instance_initiated_shutdown_behavior": "terminate",
            "instance_lifecycle": "spot",
            "instance_market_options": [
              {
                "market_type": "spot",
                "spot_options": [
                  {
                    "instance_interruption_behavior": "terminate",
                    "max_price": "0.046400",
                    "spot_instance_type": "one-time",
                    "valid_until": ""
                  }
                ]
              }
            ],
            "instance_state": "running",
            "instance_type": "t2.medium",
            "ipv6_address_count": 0,
            "ipv6_addresses": [],
            "key_name": "mykey",
            "launch_template": [],
            "maintenance_options": [
              {
                "auto_recovery": "default"
              }
            ],
            "metadata_options": [
              {
                "http_endpoint": "enabled",
                "http_protocol_ipv6": "disabled",
                "http_put_response_hop_limit": 1,
                "http_tokens": "optional",
                "instance_metadata_tags": "disabled"
              }
            ],
            "monitoring": false,
            "network_interface": [],
            "outpost_arn": "",
            "password_data": "",
            "placement_group": "",
            "placement_partition_number": 0,
            "primary_network_interface_id": "eni-06dc081c9dc3ba10a",
            "private_dns": "ip-192-168-1-254.ec2.internal",
            "private_dns_name_options": [
              {
                "enable_resource_name_dns_a_record": false,
                "enable_resource_name_dns_aaaa_record": false,
                "hostname_type": "ip-name"
              }
            ],
            "private_ip": "192.168.1.254",
            "public_dns": "",
            "public_ip": "3.235.174.188",
            "root_block_device": [
              {
                "delete_on_termination": true,
                "device_name": "/dev/sda1",
                "encrypted": false,
                "iops": 100,
                "kms_key_id": "",
                "tags": {},
                "throughput": 0,
                "volume_id": "vol-0ac85d2daf87fb9ee",
                "volume_size": 30,
                "volume_type": "gp2"
              }
            ],
            "secondary_private_ips": [],
            "security_groups": [],
            "source_dest_check": true,
            "spot_instance_request_id": "sir-fvteyvfh",
            "subnet_id": "subnet-01f628fd82fc14883",
            "tags": {
              "Name": "target01",
              "author": "khangtictoc",
              "createdBy": "Terraform",
              "environment": "dev",
              "project": "lab_extra_03"
            },
            "tags_all": {
              "Name": "target01",
              "author": "khangtictoc",
              "createdBy": "Terraform",
              "environment": "dev",
              "project": "lab_extra_03"
            },
            "tenancy": "default",
            "timeouts": null,
            "user_data": null,
            "user_data_base64": null,
            "user_data_replace_on_change": false,
            "volume_tags": null,
            "vpc_security_group_ids": [
              "sg-0c9bf577d5089cc02"
            ]
          },
          "sensitive_attributes": [],
          "private": "eyJlMmJmYjczMC1lY2FhLTExZTYtOGY4OC0zNDM2M2JjN2M0YzAiOnsiY3JlYXRlIjo2MDAwMDAwMDAwMDAsImRlbGV0ZSI6MTIwMDAwMDAwMDAwMCwidXBkYXRlIjo2MDAwMDAwMDAwMDB9LCJzY2hlbWFfdmVyc2lvbiI6IjEifQ==",
          "dependencies": [
            "azurerm_resource_group.vpn_resource_group",
            "module.aws_virtual_machine_demo.module.keypair.aws_key_pair.my_keypair",
            "module.aws_virtual_machine_demo.module.keypair.tls_private_key.pk",
            "module.aws_virtual_machine_demo.module.security_group.aws_security_group.security_group",
            "module.vpn_s2s_aws_azure.module.aws_network.aws_internet_gateway.internet_gateway",
            "module.vpn_s2s_aws_azure.module.aws_network.aws_subnet.vpn_subnet",
            "module.vpn_s2s_aws_azure.module.aws_network.aws_vpc.vpn_vpc",
            "module.vpn_s2s_aws_azure.module.aws_network.aws_vpn_gateway.virtual_private_gateway",
            "module.vpn_s2s_aws_azure.module.azure_network.azurerm_public_ip.vpn_public_ip",
            "module.vpn_s2s_aws_azure.module.azure_network.azurerm_subnet.vpn_subnet",
            "module.vpn_s2s_aws_azure.module.azure_network.azurerm_virtual_network.vpn_virtual_network",
            "module.vpn_s2s_aws_azure.module.azure_network.azurerm_virtual_network_gateway.virtual_network_gateway",
            "module.vpn_s2s_aws_azure.module.vpn_SiteToSite_connection.aws_customer_gateway.customer_gateway",
            "module.vpn_s2s_aws_azure.module.vpn_SiteToSite_connection.aws_route.internet_gateway_route",
            "module.vpn_s2s_aws_azure.module.vpn_SiteToSite_connection.aws_route.vpn_gateway_route",
            "module.vpn_s2s_aws_azure.module.vpn_SiteToSite_connection.aws_vpn_connection.vpn_connection",
            "module.vpn_s2s_aws_azure.module.vpn_SiteToSite_connection.aws_vpn_connection_route.vpn_static_routes",
            "module.vpn_s2s_aws_azure.module.vpn_SiteToSite_connection.azurerm_local_network_gateway.local_network_gateway",
            "module.vpn_s2s_aws_azure.module.vpn_SiteToSite_connection.azurerm_virtual_network_gateway_connection.vpn_connection"
          ]
        }
      ]
    },
    {
      "module": "module.aws_virtual_machine_demo[0].module.keypair",
      "mode": "managed",
      "type": "aws_key_pair",
      "name": "my_keypair",
      "provider": "provider[\"registry.terraform.io/hashicorp/aws\"]",
      "instances": [
        {
          "schema_version": 1,
          "attributes": {
            "arn": "arn:aws:ec2:us-east-1:008748484958:key-pair/mykey",
            "fingerprint": "02:c1:42:cb:27:96:70:82:14:19:66:f2:b9:89:e3:e1",
            "id": "mykey",
            "key_name": "mykey",
            "key_name_prefix": "",
            "key_pair_id": "key-0e5e6a082f3242c1b",
            "key_type": "rsa",
            "public_key": "ssh-rsa AAAAB3NzaC1yc2EAAAADAQABAAACAQCvJmHj0oO1J8xrmPpI9S+CG6qQ4qjlAbfDcHUJJ6iARRXdAICd0fJ5f7n03h1Q1yBEuCC9E8hAAG13CqYnqiBvlU9CtyKbTunO54165Xm4p/8Ysb54VojaeFqcLEj715phZwX0a3x3W0vM2Mb1EeHoA6ij/cQHR3ip9lOnTa68L9e6M+CzmJPLKWgHsKKq5j5f3G8rmuAxgRCDh5sDxH2l0gG/vAluILMBHyri+1vxo00PGBg6KCAr1YpSV1mEND+iNVZ7QmMniqCoR5BmLAYSk+OSHD5YNepXRsLT4k/RQ+3OJ9oX762jAcI5Idc81IaZQfFtvQtt/dAloKHOguYCO3sDxdRNhGYJGVvKbcs30YZJqr3Wh0ZXE57a+i8Jo82/Iu6yzoUGshz/3w3aAyo5Umb4/MAveEohwBeH/sZ+7Ke7fEux1Lo2jSSsK7gCjLOTG0Ov0lF70bhnw/Ieg0dZBiDaZEgcdr0zyjTyHFZrmknoiWGnlZ0i1IG8evquugjsEWV5NzlKan7P83yjTSMQkhMdoPwm9oNrOyS7EnjRWm3TmhU++G/Y3r9u0/KcBFIS+Whn75CfATQZkKz6gcZ24NLcEB3BfJRWVo+D+l++SKwtVzzXGB4QhWdHHouJiQKEaj5l/iljaj2OZMow/vT7G9YngWFdcc0Ji1elvnuIJQ==",
            "tags": {},
            "tags_all": {}
          },
          "sensitive_attributes": [],
          "private": "eyJzY2hlbWFfdmVyc2lvbiI6IjEifQ==",
          "dependencies": [
            "module.aws_virtual_machine_demo.module.keypair.tls_private_key.pk"
          ]
        }
      ]
    },
    {
      "module": "module.aws_virtual_machine_demo[0].module.keypair",
      "mode": "managed",
      "type": "tls_private_key",
      "name": "pk",
      "provider": "provider[\"registry.terraform.io/hashicorp/tls\"]",
      "instances": [
        {
          "schema_version": 1,
          "attributes": {
            "algorithm": "RSA",
            "ecdsa_curve": "P224",
            "id": "92402574e217cda22b37497549452e9709e24326",
            "private_key_openssh": "-----BEGIN OPENSSH PRIVATE KEY-----\nb3BlbnNzaC1rZXktdjEAAAAABG5vbmUAAAAEbm9uZQAAAAAAAAABAAACFwAAAAdz\nc2gtcnNhAAAAAwEAAQAAAgEAryZh49KDtSfMa5j6SPUvghuqkOKo5QG3w3B1CSeo\ngEUV3QCAndHyeX+59N4dUNcgRLggvRPIQABtdwqmJ6ogb5VPQrcim07pzueNeuV5\nuKf/GLG+eFaI2nhanCxI+9eaYWcF9Gt8d1tLzNjG9RHh6AOoo/3EB0d4qfZTp02u\nvC/XujPgs5iTyyloB7CiquY+X9xvK5rgMYEQg4ebA8R9pdIBv7wJbiCzAR8q4vtb\n8aNNDxgYOiggK9WKUldZhDQ/ojVWe0JjJ4qgqEeQZiwGEpPjkhw+WDXqV0bC0+JP\n0UPtzifaF++towHCOSHXPNSGmUHxbb0Lbf3QJaChzoLmAjt7A8XUTYRmCRlbym3L\nN9GGSaq91odGVxOe2vovCaPNvyLuss6FBrIc/98N2gMqOVJm+PzAL3hKIcAXh/7G\nfuynu3xLsdS6No0krCu4AoyzkxtDr9JRe9G4Z8PyHoNHWQYg2mRIHHa9M8o08hxW\na5pJ6Ilhp5WdItSBvHr6rroI7BFleTc5Smp+z/N8o00jEJITHaD8JvaDazskuxJ4\n0Vpt05oVPvhv2N6/btPynARSEvloZ++QnwE0GZCs+oHGduDS3BAdwXyUVlaPg/pf\nvkisLVc81xgeEIVnRx6LiYkChGo+Zf4pY2o9jmTKMP70+xvWJ4FhXXHNCYtXpb57\niCUAAAc4ufTTGbn00xkAAAAHc3NoLXJzYQAAAgEAryZh49KDtSfMa5j6SPUvghuq\nkOKo5QG3w3B1CSeogEUV3QCAndHyeX+59N4dUNcgRLggvRPIQABtdwqmJ6ogb5VP\nQrcim07pzueNeuV5uKf/GLG+eFaI2nhanCxI+9eaYWcF9Gt8d1tLzNjG9RHh6AOo\no/3EB0d4qfZTp02uvC/XujPgs5iTyyloB7CiquY+X9xvK5rgMYEQg4ebA8R9pdIB\nv7wJbiCzAR8q4vtb8aNNDxgYOiggK9WKUldZhDQ/ojVWe0JjJ4qgqEeQZiwGEpPj\nkhw+WDXqV0bC0+JP0UPtzifaF++towHCOSHXPNSGmUHxbb0Lbf3QJaChzoLmAjt7\nA8XUTYRmCRlbym3LN9GGSaq91odGVxOe2vovCaPNvyLuss6FBrIc/98N2gMqOVJm\n+PzAL3hKIcAXh/7Gfuynu3xLsdS6No0krCu4AoyzkxtDr9JRe9G4Z8PyHoNHWQYg\n2mRIHHa9M8o08hxWa5pJ6Ilhp5WdItSBvHr6rroI7BFleTc5Smp+z/N8o00jEJIT\nHaD8JvaDazskuxJ40Vpt05oVPvhv2N6/btPynARSEvloZ++QnwE0GZCs+oHGduDS\n3BAdwXyUVlaPg/pfvkisLVc81xgeEIVnRx6LiYkChGo+Zf4pY2o9jmTKMP70+xvW\nJ4FhXXHNCYtXpb57iCUAAAADAQABAAACAGWv8gtT8DWfupYJhd4Pw5pVN6zQe2Ah\npC/qvXgoNzLpaS0bGpEGEDGsDyl0Py7tBwX+pLtBnfRSizseyqKiqhw+YnsIWiYz\nJZmDY+ejDQ1BM+CBaWTyUJgOYgTjzSex4CaGqrViJiwhrBttC+3CiRar8R/st//F\n5e8/XQf4GOeXGzc24VFD1yKPkp9MVNTFwhbjowN88oarOQw0EbKZRJ2eFHfd0tfG\nUkbncn2/k3zx405NHdu96heo7ZqqrgUMVJl3QBNl0q1lVar9iX9YNdpZVDlC/os2\nGiy7n2dmsBJ9zrXu+zcEZxoJblq/I/hkJxUZbPLaW6VrQ4pk/SwpYSGaxDuczql7\n1/4KI00pw7eCM9PXvL745cXwUra53kWnRTdB3YFEUyMO6O4yuOeAk8xL0sGZVeQ9\nmLJR9S2AztvqJbdagXRr9+A26kDjTrcu++tUEeE1x+kZJOa5kC6NVUF6rsjLGk4P\nJXIPdkHPxqXhxaVikVF1YfM30aCtkk05ssecRltZwRfB80kBkeBkW8zwLxkFMM0Z\n38P3pS88GzGgeowaOJKEAaYczNBP5wqVERQ6SYII1ed9Z0ykQ8ref7XioJ9s89OM\nWhMd0h7sCbS1wIdRzb48z2n2gS9aqOHO90CZBGKhFFgvtkMM9L4W2s+r1jtqFysD\n5k4BEhNNeo3BAAABAQDFNg0D8PmYUr+PbCbLYC+iyTgxFxY2nAlyYSdkgQVx15gI\n/eJN3Q4mjM1oHDj4IlCCQj/aZiFbSDmrI6ljROrb7GpdqmBfziReZHro0sNrxhp0\nLo1t1sMncymh5E0aTV91M1FPs1mRGrTQwNXTI9PWQv0UlkdZ2Dp4J9pZimvn9uD7\nLhkZu+WlnXrLFJTF5mrwZrW8ZYegNUYBAFVlbbYUGWUEv25dt0rlCzPPV0wYgQxW\n4J8w/FYbCfncS9NM+DkmaI1bvBApQD8p1ldmommLv55X3xILTkITUayipYrxpIr8\nlMEPLF1u2cgYXKrhzkzabl9l13LvTDGaBy24Xtu9AAABAQDRV17GtNxW5eYBCi4V\n/01FuMjM/5cTYT6SiiL4Vm31Mp3Z5/wZvSqc3a3NfkToCLuv1F+kfykSLYPAflHP\nPFeYmNiIHD4ASld13DDVkR2zn/LGyYjAIHRY+0/3pVFPR1lH/tAKS4AX8L+J4/1n\neUkqnwxNtOASmZrIb0h6/UHrM56Z7HQbdSM4d9iRCDCCo5yL3INkFWrmJ/tTWCFg\n4LcEQo/iha8u2cijllLYmF8jkEb7rLMlZpjdQrlWllOFXmbH1mQhilIvfRJkXAXw\nR9LSRwH5fK5oalbJGGflQoFlDxW55Zb9oYCNdzqCtZ1MQOmYr1WbINh3/eAlSOFT\nkaMxAAABAQDWMB2xYIPU37mVQHcfTsOEPO9aMmJ7YNrOaPtkggo/xF0H5HdooqTF\nOrYIA04uXxFav8aawHx5k6jAmyVyNOVrUCxdBmJcVJuRh+A6dGmd7AP186XhDFWn\nDisSNM7jcC+KPlsoVQ0trfzR9yc4ql23GoGkxVf82fX1xO2HjJacK4rLJrJWet3R\nV9pHjnP5PLUzOzCR8k/Uf2FLvQaFFZ5dmIF/IkOuZz3FYnBy+8+7oGVwHt0fbIQp\n4qCgB96ehIwfUhqusm9OgZ8BfGaF/sBb2CBZl5nspDLNgRlDEQKLKtQL/4PHLhqO\nytEj0ptiY9MjShSe15KiL6hgd06XGu81AAAAAAEC\n-----END OPENSSH PRIVATE KEY-----\n",
            "private_key_pem": "-----BEGIN RSA PRIVATE KEY-----\nMIIJKQIBAAKCAgEAryZh49KDtSfMa5j6SPUvghuqkOKo5QG3w3B1CSeogEUV3QCA\nndHyeX+59N4dUNcgRLggvRPIQABtdwqmJ6ogb5VPQrcim07pzueNeuV5uKf/GLG+\neFaI2nhanCxI+9eaYWcF9Gt8d1tLzNjG9RHh6AOoo/3EB0d4qfZTp02uvC/XujPg\ns5iTyyloB7CiquY+X9xvK5rgMYEQg4ebA8R9pdIBv7wJbiCzAR8q4vtb8aNNDxgY\nOiggK9WKUldZhDQ/ojVWe0JjJ4qgqEeQZiwGEpPjkhw+WDXqV0bC0+JP0UPtzifa\nF++towHCOSHXPNSGmUHxbb0Lbf3QJaChzoLmAjt7A8XUTYRmCRlbym3LN9GGSaq9\n1odGVxOe2vovCaPNvyLuss6FBrIc/98N2gMqOVJm+PzAL3hKIcAXh/7Gfuynu3xL\nsdS6No0krCu4AoyzkxtDr9JRe9G4Z8PyHoNHWQYg2mRIHHa9M8o08hxWa5pJ6Ilh\np5WdItSBvHr6rroI7BFleTc5Smp+z/N8o00jEJITHaD8JvaDazskuxJ40Vpt05oV\nPvhv2N6/btPynARSEvloZ++QnwE0GZCs+oHGduDS3BAdwXyUVlaPg/pfvkisLVc8\n1xgeEIVnRx6LiYkChGo+Zf4pY2o9jmTKMP70+xvWJ4FhXXHNCYtXpb57iCUCAwEA\nAQKCAgBlr/ILU/A1n7qWCYXeD8OaVTes0HtgIaQv6r14KDcy6WktGxqRBhAxrA8p\ndD8u7QcF/qS7QZ30Uos7HsqioqocPmJ7CFomMyWZg2Pnow0NQTPggWlk8lCYDmIE\n480nseAmhqq1YiYsIawbbQvtwokWq/Ef7Lf/xeXvP10H+Bjnlxs3NuFRQ9cij5Kf\nTFTUxcIW46MDfPKGqzkMNBGymUSdnhR33dLXxlJG53J9v5N88eNOTR3bveoXqO2a\nqq4FDFSZd0ATZdKtZVWq/Yl/WDXaWVQ5Qv6LNhosu59nZrASfc617vs3BGcaCW5a\nvyP4ZCcVGWzy2lula0OKZP0sKWEhmsQ7nM6pe9f+CiNNKcO3gjPT17y++OXF8FK2\nud5Fp0U3Qd2BRFMjDujuMrjngJPMS9LBmVXkPZiyUfUtgM7b6iW3WoF0a/fgNupA\n4063LvvrVBHhNcfpGSTmuZAujVVBeq7IyxpODyVyD3ZBz8al4cWlYpFRdWHzN9Gg\nrZJNObLHnEZbWcEXwfNJAZHgZFvM8C8ZBTDNGd/D96UvPBsxoHqMGjiShAGmHMzQ\nT+cKlREUOkmCCNXnfWdMpEPK3n+14qCfbPPTjFoTHdIe7Am0tcCHUc2+PM9p9oEv\nWqjhzvdAmQRioRRYL7ZDDPS+FtrPq9Y7ahcrA+ZOARITTXqNwQKCAQEA0VdexrTc\nVuXmAQouFf9NRbjIzP+XE2E+kooi+FZt9TKd2ef8Gb0qnN2tzX5E6Ai7r9RfpH8p\nEi2DwH5RzzxXmJjYiBw+AEpXddww1ZEds5/yxsmIwCB0WPtP96VRT0dZR/7QCkuA\nF/C/ieP9Z3lJKp8MTbTgEpmayG9Iev1B6zOemex0G3UjOHfYkQgwgqOci9yDZBVq\n5if7U1ghYOC3BEKP4oWvLtnIo5ZS2JhfI5BG+6yzJWaY3UK5VpZThV5mx9ZkIYpS\nL30SZFwF8EfS0kcB+XyuaGpWyRhn5UKBZQ8VueWW/aGAjXc6grWdTEDpmK9VmyDY\nd/3gJUjhU5GjMQKCAQEA1jAdsWCD1N+5lUB3H07DhDzvWjJie2Dazmj7ZIIKP8Rd\nB+R3aKKkxTq2CANOLl8RWr/GmsB8eZOowJslcjTla1AsXQZiXFSbkYfgOnRpnewD\n9fOl4QxVpw4rEjTO43Avij5bKFUNLa380fcnOKpdtxqBpMVX/Nn19cTth4yWnCuK\nyyayVnrd0VfaR45z+Ty1MzswkfJP1H9hS70GhRWeXZiBfyJDrmc9xWJwcvvPu6Bl\ncB7dH2yEKeKgoAfenoSMH1IarrJvToGfAXxmhf7AW9ggWZeZ7KQyzYEZQxECiyrU\nC/+Dxy4ajsrRI9KbYmPTI0oUnteSoi+oYHdOlxrvNQKCAQB9ABuysTpElUBy7H46\nWljswfr9Fb1DMDTp0ZwyB4HfANtqy3AoemEgi+oFI1nH57cStdBqbBe9J/pdDdCR\n2yk/ED1zgNGw4LM6yEFMtTs0D9UqyBplBrwSifXlHQzhNuxj5g6Zpx2UrgfhMYcV\nq0F6NsBlAhUuZhQbjP+NmP4skIUqyhtGbfqa9E0XxPkaeNG4XfMC5xsO1V7oFF7R\n9zyxSYGbNFI3uolozREpDkr49GS+URAjzBCJRhdfUaILqCPdPfJKaMrMWnWKAbz2\nDh0fvJC8Ravq41xw9abMKZsUGh7SAvrW9gHJ9yCz/fgwGS6jIkcOu10mwSx/dvY9\nLWBxAoIBAQCnhkzDHoUeK7pgpWJGh3le5bYj6wKiE3gwN2ZhD2DqzTAiayyGF6ge\nZzRXAhbVKCBPxW2WPnVdNgOoWfCo6fyCudtpCwRFyRtAcXEM515wWVgjt+UHJ3ma\nxvcjL1CeDXHxg6IS4qsDDnGO2+u+Y2oXO9Eoyf1u1B+Pke5itbBbB6dwC50zDLiP\n81HT4/SLfVMQdfwgOtD7mIHGFluSHf2WoSCwCmG7eB6VUtA27wNkcijE0C8NU/fv\nNsWBRYZ2n59lI/egqglq8vEl3WHm7gEQFPQAfxWyRB9EIvRaQ2Sk6uOdWsV8NXAq\nPTHk/eXwx7ktgdStBFk5J2NfyBEdGMD9AoIBAQDFNg0D8PmYUr+PbCbLYC+iyTgx\nFxY2nAlyYSdkgQVx15gI/eJN3Q4mjM1oHDj4IlCCQj/aZiFbSDmrI6ljROrb7Gpd\nqmBfziReZHro0sNrxhp0Lo1t1sMncymh5E0aTV91M1FPs1mRGrTQwNXTI9PWQv0U\nlkdZ2Dp4J9pZimvn9uD7LhkZu+WlnXrLFJTF5mrwZrW8ZYegNUYBAFVlbbYUGWUE\nv25dt0rlCzPPV0wYgQxW4J8w/FYbCfncS9NM+DkmaI1bvBApQD8p1ldmommLv55X\n3xILTkITUayipYrxpIr8lMEPLF1u2cgYXKrhzkzabl9l13LvTDGaBy24Xtu9\n-----END RSA PRIVATE KEY-----\n",
            "private_key_pem_pkcs8": "-----BEGIN PRIVATE KEY-----\nMIIJQwIBADANBgkqhkiG9w0BAQEFAASCCS0wggkpAgEAAoICAQCvJmHj0oO1J8xr\nmPpI9S+CG6qQ4qjlAbfDcHUJJ6iARRXdAICd0fJ5f7n03h1Q1yBEuCC9E8hAAG13\nCqYnqiBvlU9CtyKbTunO54165Xm4p/8Ysb54VojaeFqcLEj715phZwX0a3x3W0vM\n2Mb1EeHoA6ij/cQHR3ip9lOnTa68L9e6M+CzmJPLKWgHsKKq5j5f3G8rmuAxgRCD\nh5sDxH2l0gG/vAluILMBHyri+1vxo00PGBg6KCAr1YpSV1mEND+iNVZ7QmMniqCo\nR5BmLAYSk+OSHD5YNepXRsLT4k/RQ+3OJ9oX762jAcI5Idc81IaZQfFtvQtt/dAl\noKHOguYCO3sDxdRNhGYJGVvKbcs30YZJqr3Wh0ZXE57a+i8Jo82/Iu6yzoUGshz/\n3w3aAyo5Umb4/MAveEohwBeH/sZ+7Ke7fEux1Lo2jSSsK7gCjLOTG0Ov0lF70bhn\nw/Ieg0dZBiDaZEgcdr0zyjTyHFZrmknoiWGnlZ0i1IG8evquugjsEWV5NzlKan7P\n83yjTSMQkhMdoPwm9oNrOyS7EnjRWm3TmhU++G/Y3r9u0/KcBFIS+Whn75CfATQZ\nkKz6gcZ24NLcEB3BfJRWVo+D+l++SKwtVzzXGB4QhWdHHouJiQKEaj5l/iljaj2O\nZMow/vT7G9YngWFdcc0Ji1elvnuIJQIDAQABAoICAGWv8gtT8DWfupYJhd4Pw5pV\nN6zQe2AhpC/qvXgoNzLpaS0bGpEGEDGsDyl0Py7tBwX+pLtBnfRSizseyqKiqhw+\nYnsIWiYzJZmDY+ejDQ1BM+CBaWTyUJgOYgTjzSex4CaGqrViJiwhrBttC+3CiRar\n8R/st//F5e8/XQf4GOeXGzc24VFD1yKPkp9MVNTFwhbjowN88oarOQw0EbKZRJ2e\nFHfd0tfGUkbncn2/k3zx405NHdu96heo7ZqqrgUMVJl3QBNl0q1lVar9iX9YNdpZ\nVDlC/os2Giy7n2dmsBJ9zrXu+zcEZxoJblq/I/hkJxUZbPLaW6VrQ4pk/SwpYSGa\nxDuczql71/4KI00pw7eCM9PXvL745cXwUra53kWnRTdB3YFEUyMO6O4yuOeAk8xL\n0sGZVeQ9mLJR9S2AztvqJbdagXRr9+A26kDjTrcu++tUEeE1x+kZJOa5kC6NVUF6\nrsjLGk4PJXIPdkHPxqXhxaVikVF1YfM30aCtkk05ssecRltZwRfB80kBkeBkW8zw\nLxkFMM0Z38P3pS88GzGgeowaOJKEAaYczNBP5wqVERQ6SYII1ed9Z0ykQ8ref7Xi\noJ9s89OMWhMd0h7sCbS1wIdRzb48z2n2gS9aqOHO90CZBGKhFFgvtkMM9L4W2s+r\n1jtqFysD5k4BEhNNeo3BAoIBAQDRV17GtNxW5eYBCi4V/01FuMjM/5cTYT6SiiL4\nVm31Mp3Z5/wZvSqc3a3NfkToCLuv1F+kfykSLYPAflHPPFeYmNiIHD4ASld13DDV\nkR2zn/LGyYjAIHRY+0/3pVFPR1lH/tAKS4AX8L+J4/1neUkqnwxNtOASmZrIb0h6\n/UHrM56Z7HQbdSM4d9iRCDCCo5yL3INkFWrmJ/tTWCFg4LcEQo/iha8u2cijllLY\nmF8jkEb7rLMlZpjdQrlWllOFXmbH1mQhilIvfRJkXAXwR9LSRwH5fK5oalbJGGfl\nQoFlDxW55Zb9oYCNdzqCtZ1MQOmYr1WbINh3/eAlSOFTkaMxAoIBAQDWMB2xYIPU\n37mVQHcfTsOEPO9aMmJ7YNrOaPtkggo/xF0H5HdooqTFOrYIA04uXxFav8aawHx5\nk6jAmyVyNOVrUCxdBmJcVJuRh+A6dGmd7AP186XhDFWnDisSNM7jcC+KPlsoVQ0t\nrfzR9yc4ql23GoGkxVf82fX1xO2HjJacK4rLJrJWet3RV9pHjnP5PLUzOzCR8k/U\nf2FLvQaFFZ5dmIF/IkOuZz3FYnBy+8+7oGVwHt0fbIQp4qCgB96ehIwfUhqusm9O\ngZ8BfGaF/sBb2CBZl5nspDLNgRlDEQKLKtQL/4PHLhqOytEj0ptiY9MjShSe15Ki\nL6hgd06XGu81AoIBAH0AG7KxOkSVQHLsfjpaWOzB+v0VvUMwNOnRnDIHgd8A22rL\ncCh6YSCL6gUjWcfntxK10GpsF70n+l0N0JHbKT8QPXOA0bDgszrIQUy1OzQP1SrI\nGmUGvBKJ9eUdDOE27GPmDpmnHZSuB+ExhxWrQXo2wGUCFS5mFBuM/42Y/iyQhSrK\nG0Zt+pr0TRfE+Rp40bhd8wLnGw7VXugUXtH3PLFJgZs0Uje6iWjNESkOSvj0ZL5R\nECPMEIlGF19RoguoI9098kpoysxadYoBvPYOHR+8kLxFq+rjXHD1pswpmxQaHtIC\n+tb2Acn3ILP9+DAZLqMiRw67XSbBLH929j0tYHECggEBAKeGTMMehR4rumClYkaH\neV7ltiPrAqITeDA3ZmEPYOrNMCJrLIYXqB5nNFcCFtUoIE/FbZY+dV02A6hZ8Kjp\n/IK522kLBEXJG0BxcQznXnBZWCO35QcneZrG9yMvUJ4NcfGDohLiqwMOcY7b675j\nahc70SjJ/W7UH4+R7mK1sFsHp3ALnTMMuI/zUdPj9It9UxB1/CA60PuYgcYWW5Id\n/ZahILAKYbt4HpVS0DbvA2RyKMTQLw1T9+82xYFFhnafn2Uj96CqCWry8SXdYebu\nARAU9AB/FbJEH0Qi9FpDZKTq451axXw1cCo9MeT95fDHuS2B1K0EWTknY1/IER0Y\nwP0CggEBAMU2DQPw+ZhSv49sJstgL6LJODEXFjacCXJhJ2SBBXHXmAj94k3dDiaM\nzWgcOPgiUIJCP9pmIVtIOasjqWNE6tvsal2qYF/OJF5keujSw2vGGnQujW3Wwydz\nKaHkTRpNX3UzUU+zWZEatNDA1dMj09ZC/RSWR1nYOngn2lmKa+f24PsuGRm75aWd\nessUlMXmavBmtbxlh6A1RgEAVWVtthQZZQS/bl23SuULM89XTBiBDFbgnzD8VhsJ\n+dxL00z4OSZojVu8EClAPynWV2aiaYu/nlffEgtOQhNRrKKlivGkivyUwQ8sXW7Z\nyBhcquHOTNpuX2XXcu9MMZoHLbhe270=\n-----END PRIVATE KEY-----\n",
            "public_key_fingerprint_md5": "47:8b:cb:9c:9f:4f:a6:28:81:29:da:2c:21:ad:e6:3a",
            "public_key_fingerprint_sha256": "SHA256:CTvgh/4lWs0PryTcq6D6EJdCfF8h0wyRVqXy0WAtFLI",
            "public_key_openssh": "ssh-rsa AAAAB3NzaC1yc2EAAAADAQABAAACAQCvJmHj0oO1J8xrmPpI9S+CG6qQ4qjlAbfDcHUJJ6iARRXdAICd0fJ5f7n03h1Q1yBEuCC9E8hAAG13CqYnqiBvlU9CtyKbTunO54165Xm4p/8Ysb54VojaeFqcLEj715phZwX0a3x3W0vM2Mb1EeHoA6ij/cQHR3ip9lOnTa68L9e6M+CzmJPLKWgHsKKq5j5f3G8rmuAxgRCDh5sDxH2l0gG/vAluILMBHyri+1vxo00PGBg6KCAr1YpSV1mEND+iNVZ7QmMniqCoR5BmLAYSk+OSHD5YNepXRsLT4k/RQ+3OJ9oX762jAcI5Idc81IaZQfFtvQtt/dAloKHOguYCO3sDxdRNhGYJGVvKbcs30YZJqr3Wh0ZXE57a+i8Jo82/Iu6yzoUGshz/3w3aAyo5Umb4/MAveEohwBeH/sZ+7Ke7fEux1Lo2jSSsK7gCjLOTG0Ov0lF70bhnw/Ieg0dZBiDaZEgcdr0zyjTyHFZrmknoiWGnlZ0i1IG8evquugjsEWV5NzlKan7P83yjTSMQkhMdoPwm9oNrOyS7EnjRWm3TmhU++G/Y3r9u0/KcBFIS+Whn75CfATQZkKz6gcZ24NLcEB3BfJRWVo+D+l++SKwtVzzXGB4QhWdHHouJiQKEaj5l/iljaj2OZMow/vT7G9YngWFdcc0Ji1elvnuIJQ==\n",
            "public_key_pem": "-----BEGIN PUBLIC KEY-----\nMIICIjANBgkqhkiG9w0BAQEFAAOCAg8AMIICCgKCAgEAryZh49KDtSfMa5j6SPUv\nghuqkOKo5QG3w3B1CSeogEUV3QCAndHyeX+59N4dUNcgRLggvRPIQABtdwqmJ6og\nb5VPQrcim07pzueNeuV5uKf/GLG+eFaI2nhanCxI+9eaYWcF9Gt8d1tLzNjG9RHh\n6AOoo/3EB0d4qfZTp02uvC/XujPgs5iTyyloB7CiquY+X9xvK5rgMYEQg4ebA8R9\npdIBv7wJbiCzAR8q4vtb8aNNDxgYOiggK9WKUldZhDQ/ojVWe0JjJ4qgqEeQZiwG\nEpPjkhw+WDXqV0bC0+JP0UPtzifaF++towHCOSHXPNSGmUHxbb0Lbf3QJaChzoLm\nAjt7A8XUTYRmCRlbym3LN9GGSaq91odGVxOe2vovCaPNvyLuss6FBrIc/98N2gMq\nOVJm+PzAL3hKIcAXh/7Gfuynu3xLsdS6No0krCu4AoyzkxtDr9JRe9G4Z8PyHoNH\nWQYg2mRIHHa9M8o08hxWa5pJ6Ilhp5WdItSBvHr6rroI7BFleTc5Smp+z/N8o00j\nEJITHaD8JvaDazskuxJ40Vpt05oVPvhv2N6/btPynARSEvloZ++QnwE0GZCs+oHG\nduDS3BAdwXyUVlaPg/pfvkisLVc81xgeEIVnRx6LiYkChGo+Zf4pY2o9jmTKMP70\n+xvWJ4FhXXHNCYtXpb57iCUCAwEAAQ==\n-----END PUBLIC KEY-----\n",
            "rsa_bits": 4096
          },
          "sensitive_attributes": [
            [
              {
                "type": "get_attr",
                "value": "private_key_pem"
              }
            ],
            [
              {
                "type": "get_attr",
                "value": "private_key_pem_pkcs8"
              }
            ],
            [
              {
                "type": "get_attr",
                "value": "private_key_openssh"
              }
            ]
          ]
        }
      ]
    },
    {
      "module": "module.aws_virtual_machine_demo[0].module.security_group",
      "mode": "managed",
      "type": "aws_security_group",
      "name": "security_group",
      "provider": "provider[\"registry.terraform.io/hashicorp/aws\"]",
      "instances": [
        {
          "schema_version": 1,
          "attributes": {
            "arn": "arn:aws:ec2:us-east-1:008748484958:security-group/sg-0c9bf577d5089cc02",
            "description": "Allow all traffic",
            "egress": [
              {
                "cidr_blocks": [
                  "0.0.0.0/0"
                ],
                "description": "",
                "from_port": 0,
                "ipv6_cidr_blocks": [],
                "prefix_list_ids": [],
                "protocol": "-1",
                "security_groups": [],
                "self": false,
                "to_port": 0
              }
            ],
            "id": "sg-0c9bf577d5089cc02",
            "ingress": [
              {
                "cidr_blocks": [
                  "0.0.0.0/0"
                ],
                "description": "",
                "from_port": 0,
                "ipv6_cidr_blocks": [],
                "prefix_list_ids": [],
                "protocol": "-1",
                "security_groups": [],
                "self": false,
                "to_port": 0
              }
            ],
            "name": "AllowAll",
            "name_prefix": "",
            "owner_id": "008748484958",
            "revoke_rules_on_delete": false,
            "tags": {
              "Name": "AllowAll",
              "author": "khangtictoc",
              "createdBy": "Terraform",
              "environment": "dev",
              "project": "lab_extra_03"
            },
            "tags_all": {
              "Name": "AllowAll",
              "author": "khangtictoc",
              "createdBy": "Terraform",
              "environment": "dev",
              "project": "lab_extra_03"
            },
            "timeouts": null,
            "vpc_id": "vpc-07e9e42316bb0468e"
          },
          "sensitive_attributes": [],
          "private": "eyJlMmJmYjczMC1lY2FhLTExZTYtOGY4OC0zNDM2M2JjN2M0YzAiOnsiY3JlYXRlIjo2MDAwMDAwMDAwMDAsImRlbGV0ZSI6OTAwMDAwMDAwMDAwfSwic2NoZW1hX3ZlcnNpb24iOiIxIn0=",
          "dependencies": [
            "azurerm_resource_group.vpn_resource_group",
            "module.vpn_s2s_aws_azure.module.aws_network.aws_internet_gateway.internet_gateway",
            "module.vpn_s2s_aws_azure.module.aws_network.aws_subnet.vpn_subnet",
            "module.vpn_s2s_aws_azure.module.aws_network.aws_vpc.vpn_vpc",
            "module.vpn_s2s_aws_azure.module.aws_network.aws_vpn_gateway.virtual_private_gateway",
            "module.vpn_s2s_aws_azure.module.azure_network.azurerm_public_ip.vpn_public_ip",
            "module.vpn_s2s_aws_azure.module.azure_network.azurerm_subnet.vpn_subnet",
            "module.vpn_s2s_aws_azure.module.azure_network.azurerm_virtual_network.vpn_virtual_network",
            "module.vpn_s2s_aws_azure.module.azure_network.azurerm_virtual_network_gateway.virtual_network_gateway",
            "module.vpn_s2s_aws_azure.module.vpn_SiteToSite_connection.aws_customer_gateway.customer_gateway",
            "module.vpn_s2s_aws_azure.module.vpn_SiteToSite_connection.aws_route.internet_gateway_route",
            "module.vpn_s2s_aws_azure.module.vpn_SiteToSite_connection.aws_route.vpn_gateway_route",
            "module.vpn_s2s_aws_azure.module.vpn_SiteToSite_connection.aws_vpn_connection.vpn_connection",
            "module.vpn_s2s_aws_azure.module.vpn_SiteToSite_connection.aws_vpn_connection_route.vpn_static_routes",
            "module.vpn_s2s_aws_azure.module.vpn_SiteToSite_connection.azurerm_local_network_gateway.local_network_gateway",
            "module.vpn_s2s_aws_azure.module.vpn_SiteToSite_connection.azurerm_virtual_network_gateway_connection.vpn_connection"
          ]
        }
      ]
    },
    {
      "module": "module.aws_virtual_machine_demo[0].module.security_group",
      "mode": "managed",
      "type": "aws_security_group_rule",
      "name": "security_group_rule",
      "provider": "provider[\"registry.terraform.io/hashicorp/aws\"]",
      "instances": [
        {
          "index_key": 0,
          "schema_version": 2,
          "attributes": {
            "cidr_blocks": [
              "0.0.0.0/0"
            ],
            "description": "",
            "from_port": 0,
            "id": "sgrule-2939977672",
            "ipv6_cidr_blocks": null,
            "prefix_list_ids": null,
            "protocol": "-1",
            "security_group_id": "sg-0c9bf577d5089cc02",
            "security_group_rule_id": "sgr-0859a6448c71e9c18",
            "self": false,
            "source_security_group_id": null,
            "timeouts": null,
            "to_port": 0,
            "type": "ingress"
          },
          "sensitive_attributes": [],
          "private": "eyJlMmJmYjczMC1lY2FhLTExZTYtOGY4OC0zNDM2M2JjN2M0YzAiOnsiY3JlYXRlIjozMDAwMDAwMDAwMDB9LCJzY2hlbWFfdmVyc2lvbiI6IjIifQ==",
          "dependencies": [
            "azurerm_resource_group.vpn_resource_group",
            "module.aws_virtual_machine_demo.module.security_group.aws_security_group.security_group",
            "module.vpn_s2s_aws_azure.module.aws_network.aws_internet_gateway.internet_gateway",
            "module.vpn_s2s_aws_azure.module.aws_network.aws_subnet.vpn_subnet",
            "module.vpn_s2s_aws_azure.module.aws_network.aws_vpc.vpn_vpc",
            "module.vpn_s2s_aws_azure.module.aws_network.aws_vpn_gateway.virtual_private_gateway",
            "module.vpn_s2s_aws_azure.module.azure_network.azurerm_public_ip.vpn_public_ip",
            "module.vpn_s2s_aws_azure.module.azure_network.azurerm_subnet.vpn_subnet",
            "module.vpn_s2s_aws_azure.module.azure_network.azurerm_virtual_network.vpn_virtual_network",
            "module.vpn_s2s_aws_azure.module.azure_network.azurerm_virtual_network_gateway.virtual_network_gateway",
            "module.vpn_s2s_aws_azure.module.vpn_SiteToSite_connection.aws_customer_gateway.customer_gateway",
            "module.vpn_s2s_aws_azure.module.vpn_SiteToSite_connection.aws_route.internet_gateway_route",
            "module.vpn_s2s_aws_azure.module.vpn_SiteToSite_connection.aws_route.vpn_gateway_route",
            "module.vpn_s2s_aws_azure.module.vpn_SiteToSite_connection.aws_vpn_connection.vpn_connection",
            "module.vpn_s2s_aws_azure.module.vpn_SiteToSite_connection.aws_vpn_connection_route.vpn_static_routes",
            "module.vpn_s2s_aws_azure.module.vpn_SiteToSite_connection.azurerm_local_network_gateway.local_network_gateway",
            "module.vpn_s2s_aws_azure.module.vpn_SiteToSite_connection.azurerm_virtual_network_gateway_connection.vpn_connection"
          ]
        },
        {
          "index_key": 1,
          "schema_version": 2,
          "attributes": {
            "cidr_blocks": [
              "0.0.0.0/0"
            ],
            "description": "",
            "from_port": 0,
            "id": "sgrule-1018368511",
            "ipv6_cidr_blocks": null,
            "prefix_list_ids": null,
            "protocol": "-1",
            "security_group_id": "sg-0c9bf577d5089cc02",
            "security_group_rule_id": "sgr-0859a6448c71e9c18",
            "self": false,
            "source_security_group_id": null,
            "timeouts": null,
            "to_port": 0,
            "type": "egress"
          },
          "sensitive_attributes": [],
          "private": "eyJlMmJmYjczMC1lY2FhLTExZTYtOGY4OC0zNDM2M2JjN2M0YzAiOnsiY3JlYXRlIjozMDAwMDAwMDAwMDB9LCJzY2hlbWFfdmVyc2lvbiI6IjIifQ==",
          "dependencies": [
            "azurerm_resource_group.vpn_resource_group",
            "module.aws_virtual_machine_demo.module.security_group.aws_security_group.security_group",
            "module.vpn_s2s_aws_azure.module.aws_network.aws_internet_gateway.internet_gateway",
            "module.vpn_s2s_aws_azure.module.aws_network.aws_subnet.vpn_subnet",
            "module.vpn_s2s_aws_azure.module.aws_network.aws_vpc.vpn_vpc",
            "module.vpn_s2s_aws_azure.module.aws_network.aws_vpn_gateway.virtual_private_gateway",
            "module.vpn_s2s_aws_azure.module.azure_network.azurerm_public_ip.vpn_public_ip",
            "module.vpn_s2s_aws_azure.module.azure_network.azurerm_subnet.vpn_subnet",
            "module.vpn_s2s_aws_azure.module.azure_network.azurerm_virtual_network.vpn_virtual_network",
            "module.vpn_s2s_aws_azure.module.azure_network.azurerm_virtual_network_gateway.virtual_network_gateway",
            "module.vpn_s2s_aws_azure.module.vpn_SiteToSite_connection.aws_customer_gateway.customer_gateway",
            "module.vpn_s2s_aws_azure.module.vpn_SiteToSite_connection.aws_route.internet_gateway_route",
            "module.vpn_s2s_aws_azure.module.vpn_SiteToSite_connection.aws_route.vpn_gateway_route",
            "module.vpn_s2s_aws_azure.module.vpn_SiteToSite_connection.aws_vpn_connection.vpn_connection",
            "module.vpn_s2s_aws_azure.module.vpn_SiteToSite_connection.aws_vpn_connection_route.vpn_static_routes",
            "module.vpn_s2s_aws_azure.module.vpn_SiteToSite_connection.azurerm_local_network_gateway.local_network_gateway",
            "module.vpn_s2s_aws_azure.module.vpn_SiteToSite_connection.azurerm_virtual_network_gateway_connection.vpn_connection"
          ]
        }
      ]
    },
    {
      "module": "module.azure_virtual_machine_demo[0].module.network_interface",
      "mode": "managed",
      "type": "azurerm_network_interface",
      "name": "network_interface",
      "provider": "provider[\"registry.terraform.io/hashicorp/azurerm\"]",
      "instances": [
        {
          "schema_version": 0,
          "attributes": {
            "applied_dns_servers": [],
            "auxiliary_mode": "",
            "auxiliary_sku": "",
            "dns_servers": [],
            "edge_zone": "",
            "enable_accelerated_networking": false,
            "enable_ip_forwarding": false,
            "id": "/subscriptions/ac90b42a-8ba9-48f5-9479-94dfd054e40d/resourceGroups/VPNSite2SiteDemo/providers/Microsoft.Network/networkInterfaces/myNIC01",
            "internal_dns_name_label": "",
            "internal_domain_name_suffix": "h4wqcdeuebxeldotcfcjbeqnfd.hx.internal.cloudapp.net",
            "ip_configuration": [
              {
                "gateway_load_balancer_frontend_ip_configuration_id": "",
                "name": "internal",
                "primary": true,
                "private_ip_address": "172.16.1.4",
                "private_ip_address_allocation": "Dynamic",
                "private_ip_address_version": "IPv4",
                "public_ip_address_id": "/subscriptions/ac90b42a-8ba9-48f5-9479-94dfd054e40d/resourceGroups/VPNSite2SiteDemo/providers/Microsoft.Network/publicIPAddresses/myPublicIP01",
                "subnet_id": "/subscriptions/ac90b42a-8ba9-48f5-9479-94dfd054e40d/resourceGroups/VPNSite2SiteDemo/providers/Microsoft.Network/virtualNetworks/VpnVnet/subnets/AppSubnet"
              }
            ],
            "location": "eastasia",
            "mac_address": "00-0D-3A-80-C5-C5",
            "name": "myNIC01",
            "private_ip_address": "172.16.1.4",
            "private_ip_addresses": [
              "172.16.1.4"
            ],
            "resource_group_name": "VPNSite2SiteDemo",
            "tags": {},
            "timeouts": null,
            "virtual_machine_id": "/subscriptions/ac90b42a-8ba9-48f5-9479-94dfd054e40d/resourceGroups/VPNSite2SiteDemo/providers/Microsoft.Compute/virtualMachines/source01"
          },
          "sensitive_attributes": [],
          "private": "eyJlMmJmYjczMC1lY2FhLTExZTYtOGY4OC0zNDM2M2JjN2M0YzAiOnsiY3JlYXRlIjoxODAwMDAwMDAwMDAwLCJkZWxldGUiOjE4MDAwMDAwMDAwMDAsInJlYWQiOjMwMDAwMDAwMDAwMCwidXBkYXRlIjoxODAwMDAwMDAwMDAwfX0=",
          "dependencies": [
            "azurerm_resource_group.vpn_resource_group",
            "module.azure_virtual_machine_demo.module.network_interface.azurerm_public_ip.public_ip",
            "module.vpn_s2s_aws_azure.module.aws_network.aws_internet_gateway.internet_gateway",
            "module.vpn_s2s_aws_azure.module.aws_network.aws_subnet.vpn_subnet",
            "module.vpn_s2s_aws_azure.module.aws_network.aws_vpc.vpn_vpc",
            "module.vpn_s2s_aws_azure.module.aws_network.aws_vpn_gateway.virtual_private_gateway",
            "module.vpn_s2s_aws_azure.module.azure_network.azurerm_public_ip.vpn_public_ip",
            "module.vpn_s2s_aws_azure.module.azure_network.azurerm_subnet.vpn_subnet",
            "module.vpn_s2s_aws_azure.module.azure_network.azurerm_virtual_network.vpn_virtual_network",
            "module.vpn_s2s_aws_azure.module.azure_network.azurerm_virtual_network_gateway.virtual_network_gateway",
            "module.vpn_s2s_aws_azure.module.vpn_SiteToSite_connection.aws_customer_gateway.customer_gateway",
            "module.vpn_s2s_aws_azure.module.vpn_SiteToSite_connection.aws_route.internet_gateway_route",
            "module.vpn_s2s_aws_azure.module.vpn_SiteToSite_connection.aws_route.vpn_gateway_route",
            "module.vpn_s2s_aws_azure.module.vpn_SiteToSite_connection.aws_vpn_connection.vpn_connection",
            "module.vpn_s2s_aws_azure.module.vpn_SiteToSite_connection.aws_vpn_connection_route.vpn_static_routes",
            "module.vpn_s2s_aws_azure.module.vpn_SiteToSite_connection.azurerm_local_network_gateway.local_network_gateway",
            "module.vpn_s2s_aws_azure.module.vpn_SiteToSite_connection.azurerm_virtual_network_gateway_connection.vpn_connection"
          ]
        }
      ]
    },
    {
      "module": "module.azure_virtual_machine_demo[0].module.network_interface",
      "mode": "managed",
      "type": "azurerm_network_interface_security_group_association",
      "name": "nsg_interface_attachment",
      "provider": "provider[\"registry.terraform.io/hashicorp/azurerm\"]",
      "instances": [
        {
          "schema_version": 0,
          "attributes": {
            "id": "/subscriptions/ac90b42a-8ba9-48f5-9479-94dfd054e40d/resourceGroups/VPNSite2SiteDemo/providers/Microsoft.Network/networkInterfaces/myNIC01|/subscriptions/ac90b42a-8ba9-48f5-9479-94dfd054e40d/resourceGroups/VPNSite2SiteDemo/providers/Microsoft.Network/networkSecurityGroups/myNSG01",
            "network_interface_id": "/subscriptions/ac90b42a-8ba9-48f5-9479-94dfd054e40d/resourceGroups/VPNSite2SiteDemo/providers/Microsoft.Network/networkInterfaces/myNIC01",
            "network_security_group_id": "/subscriptions/ac90b42a-8ba9-48f5-9479-94dfd054e40d/resourceGroups/VPNSite2SiteDemo/providers/Microsoft.Network/networkSecurityGroups/myNSG01",
            "timeouts": null
          },
          "sensitive_attributes": [],
          "private": "eyJlMmJmYjczMC1lY2FhLTExZTYtOGY4OC0zNDM2M2JjN2M0YzAiOnsiY3JlYXRlIjoxODAwMDAwMDAwMDAwLCJkZWxldGUiOjE4MDAwMDAwMDAwMDAsInJlYWQiOjMwMDAwMDAwMDAwMH19",
          "dependencies": [
            "azurerm_resource_group.vpn_resource_group",
            "module.azure_virtual_machine_demo.module.network_interface.azurerm_network_interface.network_interface",
            "module.azure_virtual_machine_demo.module.network_interface.azurerm_public_ip.public_ip",
            "module.azure_virtual_machine_demo.module.network_security_group.azurerm_network_security_group.network_security_group",
            "module.vpn_s2s_aws_azure.module.aws_network.aws_internet_gateway.internet_gateway",
            "module.vpn_s2s_aws_azure.module.aws_network.aws_subnet.vpn_subnet",
            "module.vpn_s2s_aws_azure.module.aws_network.aws_vpc.vpn_vpc",
            "module.vpn_s2s_aws_azure.module.aws_network.aws_vpn_gateway.virtual_private_gateway",
            "module.vpn_s2s_aws_azure.module.azure_network.azurerm_public_ip.vpn_public_ip",
            "module.vpn_s2s_aws_azure.module.azure_network.azurerm_subnet.vpn_subnet",
            "module.vpn_s2s_aws_azure.module.azure_network.azurerm_virtual_network.vpn_virtual_network",
            "module.vpn_s2s_aws_azure.module.azure_network.azurerm_virtual_network_gateway.virtual_network_gateway",
            "module.vpn_s2s_aws_azure.module.vpn_SiteToSite_connection.aws_customer_gateway.customer_gateway",
            "module.vpn_s2s_aws_azure.module.vpn_SiteToSite_connection.aws_route.internet_gateway_route",
            "module.vpn_s2s_aws_azure.module.vpn_SiteToSite_connection.aws_route.vpn_gateway_route",
            "module.vpn_s2s_aws_azure.module.vpn_SiteToSite_connection.aws_vpn_connection.vpn_connection",
            "module.vpn_s2s_aws_azure.module.vpn_SiteToSite_connection.aws_vpn_connection_route.vpn_static_routes",
            "module.vpn_s2s_aws_azure.module.vpn_SiteToSite_connection.azurerm_local_network_gateway.local_network_gateway",
            "module.vpn_s2s_aws_azure.module.vpn_SiteToSite_connection.azurerm_virtual_network_gateway_connection.vpn_connection"
          ]
        }
      ]
    },
    {
      "module": "module.azure_virtual_machine_demo[0].module.network_interface",
      "mode": "managed",
      "type": "azurerm_public_ip",
      "name": "public_ip",
      "provider": "provider[\"registry.terraform.io/hashicorp/azurerm\"]",
      "instances": [
        {
          "index_key": 0,
          "schema_version": 0,
          "attributes": {
            "allocation_method": "Dynamic",
            "ddos_protection_mode": "VirtualNetworkInherited",
            "ddos_protection_plan_id": null,
            "domain_name_label": null,
            "edge_zone": "",
            "fqdn": null,
            "id": "/subscriptions/ac90b42a-8ba9-48f5-9479-94dfd054e40d/resourceGroups/VPNSite2SiteDemo/providers/Microsoft.Network/publicIPAddresses/myPublicIP01",
            "idle_timeout_in_minutes": 4,
            "ip_address": "20.2.192.119",
            "ip_tags": {},
            "ip_version": "IPv4",
            "location": "eastasia",
            "name": "myPublicIP01",
            "public_ip_prefix_id": null,
            "resource_group_name": "VPNSite2SiteDemo",
            "reverse_fqdn": null,
            "sku": "Basic",
            "sku_tier": "Regional",
            "tags": {},
            "timeouts": null,
            "zones": []
          },
          "sensitive_attributes": [],
          "private": "eyJlMmJmYjczMC1lY2FhLTExZTYtOGY4OC0zNDM2M2JjN2M0YzAiOnsiY3JlYXRlIjoxODAwMDAwMDAwMDAwLCJkZWxldGUiOjE4MDAwMDAwMDAwMDAsInJlYWQiOjMwMDAwMDAwMDAwMCwidXBkYXRlIjoxODAwMDAwMDAwMDAwfX0=",
          "dependencies": [
            "azurerm_resource_group.vpn_resource_group"
          ]
        }
      ]
    },
    {
      "module": "module.azure_virtual_machine_demo[0].module.network_security_group",
      "mode": "managed",
      "type": "azurerm_network_security_group",
      "name": "network_security_group",
      "provider": "provider[\"registry.terraform.io/hashicorp/azurerm\"]",
      "instances": [
        {
          "schema_version": 0,
          "attributes": {
            "id": "/subscriptions/ac90b42a-8ba9-48f5-9479-94dfd054e40d/resourceGroups/VPNSite2SiteDemo/providers/Microsoft.Network/networkSecurityGroups/myNSG01",
            "location": "eastasia",
            "name": "myNSG01",
            "resource_group_name": "VPNSite2SiteDemo",
            "security_rule": [
              {
                "access": "Allow",
                "description": "",
                "destination_address_prefix": "*",
                "destination_address_prefixes": [],
                "destination_application_security_group_ids": [],
                "destination_port_range": "*",
                "destination_port_ranges": [],
                "direction": "Inbound",
                "name": "AllowAllInbound",
                "priority": 100,
                "protocol": "Tcp",
                "source_address_prefix": "*",
                "source_address_prefixes": [],
                "source_application_security_group_ids": [],
                "source_port_range": "*",
                "source_port_ranges": []
              },
              {
                "access": "Allow",
                "description": "",
                "destination_address_prefix": "*",
                "destination_address_prefixes": [],
                "destination_application_security_group_ids": [],
                "destination_port_range": "*",
                "destination_port_ranges": [],
                "direction": "Outbound",
                "name": "AllowAllOutbound",
                "priority": 100,
                "protocol": "Tcp",
                "source_address_prefix": "*",
                "source_address_prefixes": [],
                "source_application_security_group_ids": [],
                "source_port_range": "*",
                "source_port_ranges": []
              }
            ],
            "tags": {},
            "timeouts": null
          },
          "sensitive_attributes": [],
          "private": "eyJlMmJmYjczMC1lY2FhLTExZTYtOGY4OC0zNDM2M2JjN2M0YzAiOnsiY3JlYXRlIjoxODAwMDAwMDAwMDAwLCJkZWxldGUiOjE4MDAwMDAwMDAwMDAsInJlYWQiOjMwMDAwMDAwMDAwMCwidXBkYXRlIjoxODAwMDAwMDAwMDAwfX0=",
          "dependencies": [
            "azurerm_resource_group.vpn_resource_group"
          ]
        }
      ]
    },
    {
      "module": "module.azure_virtual_machine_demo[0].module.network_security_group",
      "mode": "managed",
      "type": "azurerm_network_security_rule",
      "name": "security_rule",
      "provider": "provider[\"registry.terraform.io/hashicorp/azurerm\"]",
      "instances": [
        {
          "index_key": 0,
          "schema_version": 0,
          "attributes": {
            "access": "Allow",
            "description": "",
            "destination_address_prefix": "*",
            "destination_address_prefixes": [],
            "destination_application_security_group_ids": [],
            "destination_port_range": "*",
            "destination_port_ranges": [],
            "direction": "Inbound",
            "id": "/subscriptions/ac90b42a-8ba9-48f5-9479-94dfd054e40d/resourceGroups/VPNSite2SiteDemo/providers/Microsoft.Network/networkSecurityGroups/myNSG01/securityRules/AllowAllInbound",
            "name": "AllowAllInbound",
            "network_security_group_name": "myNSG01",
            "priority": 100,
            "protocol": "Tcp",
            "resource_group_name": "VPNSite2SiteDemo",
            "source_address_prefix": "*",
            "source_address_prefixes": [],
            "source_application_security_group_ids": [],
            "source_port_range": "*",
            "source_port_ranges": [],
            "timeouts": null
          },
          "sensitive_attributes": [],
          "private": "eyJlMmJmYjczMC1lY2FhLTExZTYtOGY4OC0zNDM2M2JjN2M0YzAiOnsiY3JlYXRlIjoxODAwMDAwMDAwMDAwLCJkZWxldGUiOjE4MDAwMDAwMDAwMDAsInJlYWQiOjMwMDAwMDAwMDAwMCwidXBkYXRlIjoxODAwMDAwMDAwMDAwfX0=",
          "dependencies": [
            "azurerm_resource_group.vpn_resource_group",
            "module.azure_virtual_machine_demo.module.network_security_group.azurerm_network_security_group.network_security_group"
          ]
        },
        {
          "index_key": 1,
          "schema_version": 0,
          "attributes": {
            "access": "Allow",
            "description": "",
            "destination_address_prefix": "*",
            "destination_address_prefixes": [],
            "destination_application_security_group_ids": [],
            "destination_port_range": "*",
            "destination_port_ranges": [],
            "direction": "Outbound",
            "id": "/subscriptions/ac90b42a-8ba9-48f5-9479-94dfd054e40d/resourceGroups/VPNSite2SiteDemo/providers/Microsoft.Network/networkSecurityGroups/myNSG01/securityRules/AllowAllOutbound",
            "name": "AllowAllOutbound",
            "network_security_group_name": "myNSG01",
            "priority": 100,
            "protocol": "Tcp",
            "resource_group_name": "VPNSite2SiteDemo",
            "source_address_prefix": "*",
            "source_address_prefixes": [],
            "source_application_security_group_ids": [],
            "source_port_range": "*",
            "source_port_ranges": [],
            "timeouts": null
          },
          "sensitive_attributes": [],
          "private": "eyJlMmJmYjczMC1lY2FhLTExZTYtOGY4OC0zNDM2M2JjN2M0YzAiOnsiY3JlYXRlIjoxODAwMDAwMDAwMDAwLCJkZWxldGUiOjE4MDAwMDAwMDAwMDAsInJlYWQiOjMwMDAwMDAwMDAwMCwidXBkYXRlIjoxODAwMDAwMDAwMDAwfX0=",
          "dependencies": [
            "azurerm_resource_group.vpn_resource_group",
            "module.azure_virtual_machine_demo.module.network_security_group.azurerm_network_security_group.network_security_group"
          ]
        }
      ]
    },
    {
      "module": "module.azure_virtual_machine_demo[0].module.virtual_machine",
      "mode": "managed",
      "type": "azurerm_linux_virtual_machine",
      "name": "virtual_machine",
      "provider": "provider[\"registry.terraform.io/hashicorp/azurerm\"]",
      "instances": [
        {
          "schema_version": 0,
          "attributes": {
            "additional_capabilities": [],
            "admin_password": null,
            "admin_ssh_key": [
              {
                "public_key": "ssh-rsa AAAAB3NzaC1yc2EAAAADAQABAAACAQC1r9cy6iMk6ZOfVHpXRFX/97Vc49AEdJYzcp2NV03aSig18cVfG+oJCLp1NEQccpZeoRsn1cYl6yCkfSio8AgrnRxofmMMJ8fG7J/P4rwuXAoRCi8Q1/z+cRf1gN6oUSkBSWmbu4FzJ5nCoucj75ndNvqE4NwJyXWw8QGrRFjHRBR6Z8BNuNny5u81SI7afEFvVZOx+pnyW70hKJKyT8YNQ8FYTcj6iq0XJ3C5FIrr79jNy/MX1E0e55TTxaDXTRe5kJdAGhcfDps5JFmLmU5pNMmQbZcXbpqFiW6KzCArUvwBVh4W0INgBdiOZQva1P96yTSTu/3CsQEdjNOzU3V5uNDMDGb4xIlnJYlGUz3TzBn+dbvtme/QF2s4KMLwqHOsX40VWnZo3xkt/W1QX3k8e0PO5Z7z+Rx8zm6ipbvKtufb1RVfcfm0QP0mT6e2NmUScmvTn8RrLMoOtZdT89gnVPNBcbxdeOQz/eIoNGGVWmkeDN1wocMLT8UqvSiRxbI2Dye14kAIPREeTjxyPsdhh/ocojK+DdAdHJW8vBW69vLIxID74sB6Xo0WgZvg3D6UVWSw/6WIPGKyJzy9KW0FD57yS5sVJQl1FOlw/w2cXZMZr05ImAWddxotJY5E5vdGfn5m1Qw76Erso3vyrs7hEDgkaYBW+6sp+dt4QVXiEw== admin@DESKTOP-4ED8NGH\r\n",
                "username": "azureadmin"
              }
            ],
            "admin_username": "azureadmin",
            "allow_extension_operations": true,
            "availability_set_id": "",
            "boot_diagnostics": [],
            "bypass_platform_safety_checks_on_user_schedule_enabled": false,
            "capacity_reservation_group_id": "",
            "computer_name": "myLinuxAgent01",
            "custom_data": null,
            "dedicated_host_group_id": "",
            "dedicated_host_id": "",
            "disable_password_authentication": true,
            "edge_zone": "",
            "encryption_at_host_enabled": false,
            "eviction_policy": "Delete",
            "extensions_time_budget": "PT1H30M",
            "gallery_application": [],
            "id": "/subscriptions/ac90b42a-8ba9-48f5-9479-94dfd054e40d/resourceGroups/VPNSite2SiteDemo/providers/Microsoft.Compute/virtualMachines/source01",
            "identity": [],
            "license_type": "",
            "location": "eastasia",
            "max_bid_price": -1,
            "name": "source01",
            "network_interface_ids": [
              "/subscriptions/ac90b42a-8ba9-48f5-9479-94dfd054e40d/resourceGroups/VPNSite2SiteDemo/providers/Microsoft.Network/networkInterfaces/myNIC01"
            ],
            "os_disk": [
              {
                "caching": "ReadWrite",
                "diff_disk_settings": [],
                "disk_encryption_set_id": "",
                "disk_size_gb": 30,
                "name": "myOsDisk01",
                "secure_vm_disk_encryption_set_id": "",
                "security_encryption_type": "",
                "storage_account_type": "Standard_LRS",
                "write_accelerator_enabled": false
              }
            ],
            "patch_assessment_mode": "ImageDefault",
            "patch_mode": "ImageDefault",
            "plan": [],
            "platform_fault_domain": -1,
            "priority": "Spot",
            "private_ip_address": "172.16.1.4",
            "private_ip_addresses": [
              "172.16.1.4"
            ],
            "provision_vm_agent": true,
            "proximity_placement_group_id": "",
            "public_ip_address": "20.2.192.119",
            "public_ip_addresses": [
              "20.2.192.119"
            ],
            "reboot_setting": "",
            "resource_group_name": "VPNSite2SiteDemo",
            "secret": [],
            "secure_boot_enabled": false,
            "size": "Standard_F1s",
            "source_image_id": "",
            "source_image_reference": [
              {
                "offer": "0001-com-ubuntu-server-focal",
                "publisher": "Canonical",
                "sku": "20_04-lts",
                "version": "latest"
              }
            ],
            "tags": {},
            "termination_notification": [],
            "timeouts": null,
            "user_data": "",
            "virtual_machine_id": "1459c626-6c46-422d-997f-b49e3ad4eed5",
            "virtual_machine_scale_set_id": "",
            "vtpm_enabled": false,
            "zone": ""
          },
          "sensitive_attributes": [
            [
              {
                "type": "get_attr",
                "value": "admin_password"
              }
            ],
            [
              {
                "type": "get_attr",
                "value": "custom_data"
              }
            ]
          ],
          "private": "eyJlMmJmYjczMC1lY2FhLTExZTYtOGY4OC0zNDM2M2JjN2M0YzAiOnsiY3JlYXRlIjoyNzAwMDAwMDAwMDAwLCJkZWxldGUiOjI3MDAwMDAwMDAwMDAsInJlYWQiOjMwMDAwMDAwMDAwMCwidXBkYXRlIjoyNzAwMDAwMDAwMDAwfX0=",
          "dependencies": [
            "azurerm_resource_group.vpn_resource_group",
            "module.azure_virtual_machine_demo.module.network_interface.azurerm_network_interface.network_interface",
            "module.azure_virtual_machine_demo.module.network_interface.azurerm_public_ip.public_ip",
            "module.vpn_s2s_aws_azure.module.aws_network.aws_internet_gateway.internet_gateway",
            "module.vpn_s2s_aws_azure.module.aws_network.aws_subnet.vpn_subnet",
            "module.vpn_s2s_aws_azure.module.aws_network.aws_vpc.vpn_vpc",
            "module.vpn_s2s_aws_azure.module.aws_network.aws_vpn_gateway.virtual_private_gateway",
            "module.vpn_s2s_aws_azure.module.azure_network.azurerm_public_ip.vpn_public_ip",
            "module.vpn_s2s_aws_azure.module.azure_network.azurerm_subnet.vpn_subnet",
            "module.vpn_s2s_aws_azure.module.azure_network.azurerm_virtual_network.vpn_virtual_network",
            "module.vpn_s2s_aws_azure.module.azure_network.azurerm_virtual_network_gateway.virtual_network_gateway",
            "module.vpn_s2s_aws_azure.module.vpn_SiteToSite_connection.aws_customer_gateway.customer_gateway",
            "module.vpn_s2s_aws_azure.module.vpn_SiteToSite_connection.aws_route.internet_gateway_route",
            "module.vpn_s2s_aws_azure.module.vpn_SiteToSite_connection.aws_route.vpn_gateway_route",
            "module.vpn_s2s_aws_azure.module.vpn_SiteToSite_connection.aws_vpn_connection.vpn_connection",
            "module.vpn_s2s_aws_azure.module.vpn_SiteToSite_connection.aws_vpn_connection_route.vpn_static_routes",
            "module.vpn_s2s_aws_azure.module.vpn_SiteToSite_connection.azurerm_local_network_gateway.local_network_gateway",
            "module.vpn_s2s_aws_azure.module.vpn_SiteToSite_connection.azurerm_virtual_network_gateway_connection.vpn_connection"
          ]
        }
      ]
    },
    {
      "module": "module.azure_virtual_machine_demo[1].module.network_interface",
      "mode": "managed",
      "type": "azurerm_network_interface",
      "name": "network_interface",
      "provider": "provider[\"registry.terraform.io/hashicorp/azurerm\"]",
      "instances": [
        {
          "schema_version": 0,
          "attributes": {
            "applied_dns_servers": [],
            "auxiliary_mode": "",
            "auxiliary_sku": "",
            "dns_servers": [],
            "edge_zone": "",
            "enable_accelerated_networking": false,
            "enable_ip_forwarding": false,
            "id": "/subscriptions/ac90b42a-8ba9-48f5-9479-94dfd054e40d/resourceGroups/VPNSite2SiteDemo/providers/Microsoft.Network/networkInterfaces/myNIC02",
            "internal_dns_name_label": "",
            "internal_domain_name_suffix": "w3ojzia5fjteveoagh0d5n0oba.hx.internal.cloudapp.net",
            "ip_configuration": [
              {
                "gateway_load_balancer_frontend_ip_configuration_id": "",
                "name": "internal",
                "primary": true,
                "private_ip_address": "10.10.1.4",
                "private_ip_address_allocation": "Dynamic",
                "private_ip_address_version": "IPv4",
                "public_ip_address_id": "/subscriptions/ac90b42a-8ba9-48f5-9479-94dfd054e40d/resourceGroups/VPNSite2SiteDemo/providers/Microsoft.Network/publicIPAddresses/myPublicIP02",
                "subnet_id": "/subscriptions/ac90b42a-8ba9-48f5-9479-94dfd054e40d/resourceGroups/VPNSite2SiteDemo2/providers/Microsoft.Network/virtualNetworks/VpnVnet2/subnets/AppSubnet"
              }
            ],
            "location": "eastasia",
            "mac_address": "00-22-48-EE-4E-F8",
            "name": "myNIC02",
            "private_ip_address": "10.10.1.4",
            "private_ip_addresses": [
              "10.10.1.4"
            ],
            "resource_group_name": "VPNSite2SiteDemo",
            "tags": {},
            "timeouts": null,
            "virtual_machine_id": "/subscriptions/ac90b42a-8ba9-48f5-9479-94dfd054e40d/resourceGroups/VPNSite2SiteDemo/providers/Microsoft.Compute/virtualMachines/source02"
          },
          "sensitive_attributes": [],
          "private": "eyJlMmJmYjczMC1lY2FhLTExZTYtOGY4OC0zNDM2M2JjN2M0YzAiOnsiY3JlYXRlIjoxODAwMDAwMDAwMDAwLCJkZWxldGUiOjE4MDAwMDAwMDAwMDAsInJlYWQiOjMwMDAwMDAwMDAwMCwidXBkYXRlIjoxODAwMDAwMDAwMDAwfX0=",
          "dependencies": [
            "azurerm_resource_group.vpn_resource_group",
            "module.azure_virtual_machine_demo.module.network_interface.azurerm_public_ip.public_ip",
            "module.vpn_s2s_aws_azure.module.aws_network.aws_internet_gateway.internet_gateway",
            "module.vpn_s2s_aws_azure.module.aws_network.aws_subnet.vpn_subnet",
            "module.vpn_s2s_aws_azure.module.aws_network.aws_vpc.vpn_vpc",
            "module.vpn_s2s_aws_azure.module.aws_network.aws_vpn_gateway.virtual_private_gateway",
            "module.vpn_s2s_aws_azure.module.azure_network.azurerm_public_ip.vpn_public_ip",
            "module.vpn_s2s_aws_azure.module.azure_network.azurerm_subnet.vpn_subnet",
            "module.vpn_s2s_aws_azure.module.azure_network.azurerm_virtual_network.vpn_virtual_network",
            "module.vpn_s2s_aws_azure.module.azure_network.azurerm_virtual_network_gateway.virtual_network_gateway",
            "module.vpn_s2s_aws_azure.module.vpn_SiteToSite_connection.aws_customer_gateway.customer_gateway",
            "module.vpn_s2s_aws_azure.module.vpn_SiteToSite_connection.aws_route.internet_gateway_route",
            "module.vpn_s2s_aws_azure.module.vpn_SiteToSite_connection.aws_route.vpn_gateway_route",
            "module.vpn_s2s_aws_azure.module.vpn_SiteToSite_connection.aws_vpn_connection.vpn_connection",
            "module.vpn_s2s_aws_azure.module.vpn_SiteToSite_connection.aws_vpn_connection_route.vpn_static_routes",
            "module.vpn_s2s_aws_azure.module.vpn_SiteToSite_connection.azurerm_local_network_gateway.local_network_gateway",
            "module.vpn_s2s_aws_azure.module.vpn_SiteToSite_connection.azurerm_virtual_network_gateway_connection.vpn_connection"
          ]
        }
      ]
    },
    {
      "module": "module.azure_virtual_machine_demo[1].module.network_interface",
      "mode": "managed",
      "type": "azurerm_network_interface_security_group_association",
      "name": "nsg_interface_attachment",
      "provider": "provider[\"registry.terraform.io/hashicorp/azurerm\"]",
      "instances": [
        {
          "schema_version": 0,
          "attributes": {
            "id": "/subscriptions/ac90b42a-8ba9-48f5-9479-94dfd054e40d/resourceGroups/VPNSite2SiteDemo/providers/Microsoft.Network/networkInterfaces/myNIC02|/subscriptions/ac90b42a-8ba9-48f5-9479-94dfd054e40d/resourceGroups/VPNSite2SiteDemo/providers/Microsoft.Network/networkSecurityGroups/myNSG02",
            "network_interface_id": "/subscriptions/ac90b42a-8ba9-48f5-9479-94dfd054e40d/resourceGroups/VPNSite2SiteDemo/providers/Microsoft.Network/networkInterfaces/myNIC02",
            "network_security_group_id": "/subscriptions/ac90b42a-8ba9-48f5-9479-94dfd054e40d/resourceGroups/VPNSite2SiteDemo/providers/Microsoft.Network/networkSecurityGroups/myNSG02",
            "timeouts": null
          },
          "sensitive_attributes": [],
          "private": "eyJlMmJmYjczMC1lY2FhLTExZTYtOGY4OC0zNDM2M2JjN2M0YzAiOnsiY3JlYXRlIjoxODAwMDAwMDAwMDAwLCJkZWxldGUiOjE4MDAwMDAwMDAwMDAsInJlYWQiOjMwMDAwMDAwMDAwMH19",
          "dependencies": [
            "azurerm_resource_group.vpn_resource_group",
            "module.azure_virtual_machine_demo.module.network_interface.azurerm_network_interface.network_interface",
            "module.azure_virtual_machine_demo.module.network_interface.azurerm_public_ip.public_ip",
            "module.azure_virtual_machine_demo.module.network_security_group.azurerm_network_security_group.network_security_group",
            "module.vpn_s2s_aws_azure.module.aws_network.aws_internet_gateway.internet_gateway",
            "module.vpn_s2s_aws_azure.module.aws_network.aws_subnet.vpn_subnet",
            "module.vpn_s2s_aws_azure.module.aws_network.aws_vpc.vpn_vpc",
            "module.vpn_s2s_aws_azure.module.aws_network.aws_vpn_gateway.virtual_private_gateway",
            "module.vpn_s2s_aws_azure.module.azure_network.azurerm_public_ip.vpn_public_ip",
            "module.vpn_s2s_aws_azure.module.azure_network.azurerm_subnet.vpn_subnet",
            "module.vpn_s2s_aws_azure.module.azure_network.azurerm_virtual_network.vpn_virtual_network",
            "module.vpn_s2s_aws_azure.module.azure_network.azurerm_virtual_network_gateway.virtual_network_gateway",
            "module.vpn_s2s_aws_azure.module.vpn_SiteToSite_connection.aws_customer_gateway.customer_gateway",
            "module.vpn_s2s_aws_azure.module.vpn_SiteToSite_connection.aws_route.internet_gateway_route",
            "module.vpn_s2s_aws_azure.module.vpn_SiteToSite_connection.aws_route.vpn_gateway_route",
            "module.vpn_s2s_aws_azure.module.vpn_SiteToSite_connection.aws_vpn_connection.vpn_connection",
            "module.vpn_s2s_aws_azure.module.vpn_SiteToSite_connection.aws_vpn_connection_route.vpn_static_routes",
            "module.vpn_s2s_aws_azure.module.vpn_SiteToSite_connection.azurerm_local_network_gateway.local_network_gateway",
            "module.vpn_s2s_aws_azure.module.vpn_SiteToSite_connection.azurerm_virtual_network_gateway_connection.vpn_connection"
          ]
        }
      ]
    },
    {
      "module": "module.azure_virtual_machine_demo[1].module.network_interface",
      "mode": "managed",
      "type": "azurerm_public_ip",
      "name": "public_ip",
      "provider": "provider[\"registry.terraform.io/hashicorp/azurerm\"]",
      "instances": [
        {
          "index_key": 0,
          "schema_version": 0,
          "attributes": {
            "allocation_method": "Dynamic",
            "ddos_protection_mode": "VirtualNetworkInherited",
            "ddos_protection_plan_id": null,
            "domain_name_label": null,
            "edge_zone": "",
            "fqdn": null,
            "id": "/subscriptions/ac90b42a-8ba9-48f5-9479-94dfd054e40d/resourceGroups/VPNSite2SiteDemo/providers/Microsoft.Network/publicIPAddresses/myPublicIP02",
            "idle_timeout_in_minutes": 4,
            "ip_address": "20.2.36.205",
            "ip_tags": {},
            "ip_version": "IPv4",
            "location": "eastasia",
            "name": "myPublicIP02",
            "public_ip_prefix_id": null,
            "resource_group_name": "VPNSite2SiteDemo",
            "reverse_fqdn": null,
            "sku": "Basic",
            "sku_tier": "Regional",
            "tags": {},
            "timeouts": null,
            "zones": []
          },
          "sensitive_attributes": [],
          "private": "eyJlMmJmYjczMC1lY2FhLTExZTYtOGY4OC0zNDM2M2JjN2M0YzAiOnsiY3JlYXRlIjoxODAwMDAwMDAwMDAwLCJkZWxldGUiOjE4MDAwMDAwMDAwMDAsInJlYWQiOjMwMDAwMDAwMDAwMCwidXBkYXRlIjoxODAwMDAwMDAwMDAwfX0=",
          "dependencies": [
            "azurerm_resource_group.vpn_resource_group"
          ]
        }
      ]
    },
    {
      "module": "module.azure_virtual_machine_demo[1].module.network_security_group",
      "mode": "managed",
      "type": "azurerm_network_security_group",
      "name": "network_security_group",
      "provider": "provider[\"registry.terraform.io/hashicorp/azurerm\"]",
      "instances": [
        {
          "schema_version": 0,
          "attributes": {
            "id": "/subscriptions/ac90b42a-8ba9-48f5-9479-94dfd054e40d/resourceGroups/VPNSite2SiteDemo/providers/Microsoft.Network/networkSecurityGroups/myNSG02",
            "location": "eastasia",
            "name": "myNSG02",
            "resource_group_name": "VPNSite2SiteDemo",
            "security_rule": [
              {
                "access": "Allow",
                "description": "",
                "destination_address_prefix": "*",
                "destination_address_prefixes": [],
                "destination_application_security_group_ids": [],
                "destination_port_range": "*",
                "destination_port_ranges": [],
                "direction": "Inbound",
                "name": "AllowAllInbound",
                "priority": 100,
                "protocol": "Tcp",
                "source_address_prefix": "*",
                "source_address_prefixes": [],
                "source_application_security_group_ids": [],
                "source_port_range": "*",
                "source_port_ranges": []
              },
              {
                "access": "Allow",
                "description": "",
                "destination_address_prefix": "*",
                "destination_address_prefixes": [],
                "destination_application_security_group_ids": [],
                "destination_port_range": "*",
                "destination_port_ranges": [],
                "direction": "Outbound",
                "name": "AllowAllOutbound",
                "priority": 100,
                "protocol": "Tcp",
                "source_address_prefix": "*",
                "source_address_prefixes": [],
                "source_application_security_group_ids": [],
                "source_port_range": "*",
                "source_port_ranges": []
              }
            ],
            "tags": {},
            "timeouts": null
          },
          "sensitive_attributes": [],
          "private": "eyJlMmJmYjczMC1lY2FhLTExZTYtOGY4OC0zNDM2M2JjN2M0YzAiOnsiY3JlYXRlIjoxODAwMDAwMDAwMDAwLCJkZWxldGUiOjE4MDAwMDAwMDAwMDAsInJlYWQiOjMwMDAwMDAwMDAwMCwidXBkYXRlIjoxODAwMDAwMDAwMDAwfX0=",
          "dependencies": [
            "azurerm_resource_group.vpn_resource_group"
          ]
        }
      ]
    },
    {
      "module": "module.azure_virtual_machine_demo[1].module.network_security_group",
      "mode": "managed",
      "type": "azurerm_network_security_rule",
      "name": "security_rule",
      "provider": "provider[\"registry.terraform.io/hashicorp/azurerm\"]",
      "instances": [
        {
          "index_key": 0,
          "schema_version": 0,
          "attributes": {
            "access": "Allow",
            "description": "",
            "destination_address_prefix": "*",
            "destination_address_prefixes": [],
            "destination_application_security_group_ids": [],
            "destination_port_range": "*",
            "destination_port_ranges": [],
            "direction": "Inbound",
            "id": "/subscriptions/ac90b42a-8ba9-48f5-9479-94dfd054e40d/resourceGroups/VPNSite2SiteDemo/providers/Microsoft.Network/networkSecurityGroups/myNSG02/securityRules/AllowAllInbound",
            "name": "AllowAllInbound",
            "network_security_group_name": "myNSG02",
            "priority": 100,
            "protocol": "Tcp",
            "resource_group_name": "VPNSite2SiteDemo",
            "source_address_prefix": "*",
            "source_address_prefixes": [],
            "source_application_security_group_ids": [],
            "source_port_range": "*",
            "source_port_ranges": [],
            "timeouts": null
          },
          "sensitive_attributes": [],
          "private": "eyJlMmJmYjczMC1lY2FhLTExZTYtOGY4OC0zNDM2M2JjN2M0YzAiOnsiY3JlYXRlIjoxODAwMDAwMDAwMDAwLCJkZWxldGUiOjE4MDAwMDAwMDAwMDAsInJlYWQiOjMwMDAwMDAwMDAwMCwidXBkYXRlIjoxODAwMDAwMDAwMDAwfX0=",
          "dependencies": [
            "azurerm_resource_group.vpn_resource_group",
            "module.azure_virtual_machine_demo.module.network_security_group.azurerm_network_security_group.network_security_group"
          ]
        },
        {
          "index_key": 1,
          "schema_version": 0,
          "attributes": {
            "access": "Allow",
            "description": "",
            "destination_address_prefix": "*",
            "destination_address_prefixes": [],
            "destination_application_security_group_ids": [],
            "destination_port_range": "*",
            "destination_port_ranges": [],
            "direction": "Outbound",
            "id": "/subscriptions/ac90b42a-8ba9-48f5-9479-94dfd054e40d/resourceGroups/VPNSite2SiteDemo/providers/Microsoft.Network/networkSecurityGroups/myNSG02/securityRules/AllowAllOutbound",
            "name": "AllowAllOutbound",
            "network_security_group_name": "myNSG02",
            "priority": 100,
            "protocol": "Tcp",
            "resource_group_name": "VPNSite2SiteDemo",
            "source_address_prefix": "*",
            "source_address_prefixes": [],
            "source_application_security_group_ids": [],
            "source_port_range": "*",
            "source_port_ranges": [],
            "timeouts": null
          },
          "sensitive_attributes": [],
          "private": "eyJlMmJmYjczMC1lY2FhLTExZTYtOGY4OC0zNDM2M2JjN2M0YzAiOnsiY3JlYXRlIjoxODAwMDAwMDAwMDAwLCJkZWxldGUiOjE4MDAwMDAwMDAwMDAsInJlYWQiOjMwMDAwMDAwMDAwMCwidXBkYXRlIjoxODAwMDAwMDAwMDAwfX0=",
          "dependencies": [
            "azurerm_resource_group.vpn_resource_group",
            "module.azure_virtual_machine_demo.module.network_security_group.azurerm_network_security_group.network_security_group"
          ]
        }
      ]
    },
    {
      "module": "module.azure_virtual_machine_demo[1].module.virtual_machine",
      "mode": "managed",
      "type": "azurerm_linux_virtual_machine",
      "name": "virtual_machine",
      "provider": "provider[\"registry.terraform.io/hashicorp/azurerm\"]",
      "instances": [
        {
          "schema_version": 0,
          "attributes": {
            "additional_capabilities": [],
            "admin_password": null,
            "admin_ssh_key": [
              {
                "public_key": "ssh-rsa AAAAB3NzaC1yc2EAAAADAQABAAACAQC1r9cy6iMk6ZOfVHpXRFX/97Vc49AEdJYzcp2NV03aSig18cVfG+oJCLp1NEQccpZeoRsn1cYl6yCkfSio8AgrnRxofmMMJ8fG7J/P4rwuXAoRCi8Q1/z+cRf1gN6oUSkBSWmbu4FzJ5nCoucj75ndNvqE4NwJyXWw8QGrRFjHRBR6Z8BNuNny5u81SI7afEFvVZOx+pnyW70hKJKyT8YNQ8FYTcj6iq0XJ3C5FIrr79jNy/MX1E0e55TTxaDXTRe5kJdAGhcfDps5JFmLmU5pNMmQbZcXbpqFiW6KzCArUvwBVh4W0INgBdiOZQva1P96yTSTu/3CsQEdjNOzU3V5uNDMDGb4xIlnJYlGUz3TzBn+dbvtme/QF2s4KMLwqHOsX40VWnZo3xkt/W1QX3k8e0PO5Z7z+Rx8zm6ipbvKtufb1RVfcfm0QP0mT6e2NmUScmvTn8RrLMoOtZdT89gnVPNBcbxdeOQz/eIoNGGVWmkeDN1wocMLT8UqvSiRxbI2Dye14kAIPREeTjxyPsdhh/ocojK+DdAdHJW8vBW69vLIxID74sB6Xo0WgZvg3D6UVWSw/6WIPGKyJzy9KW0FD57yS5sVJQl1FOlw/w2cXZMZr05ImAWddxotJY5E5vdGfn5m1Qw76Erso3vyrs7hEDgkaYBW+6sp+dt4QVXiEw== admin@DESKTOP-4ED8NGH\r\n",
                "username": "azureadmin"
              }
            ],
            "admin_username": "azureadmin",
            "allow_extension_operations": true,
            "availability_set_id": "",
            "boot_diagnostics": [],
            "bypass_platform_safety_checks_on_user_schedule_enabled": false,
            "capacity_reservation_group_id": "",
            "computer_name": "myLinuxAgent02",
            "custom_data": null,
            "dedicated_host_group_id": "",
            "dedicated_host_id": "",
            "disable_password_authentication": true,
            "edge_zone": "",
            "encryption_at_host_enabled": false,
            "eviction_policy": "Delete",
            "extensions_time_budget": "PT1H30M",
            "gallery_application": [],
            "id": "/subscriptions/ac90b42a-8ba9-48f5-9479-94dfd054e40d/resourceGroups/VPNSite2SiteDemo/providers/Microsoft.Compute/virtualMachines/source02",
            "identity": [],
            "license_type": "",
            "location": "eastasia",
            "max_bid_price": -1,
            "name": "source02",
            "network_interface_ids": [
              "/subscriptions/ac90b42a-8ba9-48f5-9479-94dfd054e40d/resourceGroups/VPNSite2SiteDemo/providers/Microsoft.Network/networkInterfaces/myNIC02"
            ],
            "os_disk": [
              {
                "caching": "ReadWrite",
                "diff_disk_settings": [],
                "disk_encryption_set_id": "",
                "disk_size_gb": 30,
                "name": "myOsDisk02",
                "secure_vm_disk_encryption_set_id": "",
                "security_encryption_type": "",
                "storage_account_type": "Standard_LRS",
                "write_accelerator_enabled": false
              }
            ],
            "patch_assessment_mode": "ImageDefault",
            "patch_mode": "ImageDefault",
            "plan": [],
            "platform_fault_domain": -1,
            "priority": "Spot",
            "private_ip_address": "10.10.1.4",
            "private_ip_addresses": [
              "10.10.1.4"
            ],
            "provision_vm_agent": true,
            "proximity_placement_group_id": "",
            "public_ip_address": "20.2.36.205",
            "public_ip_addresses": [
              "20.2.36.205"
            ],
            "reboot_setting": "",
            "resource_group_name": "VPNSite2SiteDemo",
            "secret": [],
            "secure_boot_enabled": false,
            "size": "Standard_F1s",
            "source_image_id": "",
            "source_image_reference": [
              {
                "offer": "0001-com-ubuntu-server-focal",
                "publisher": "Canonical",
                "sku": "20_04-lts",
                "version": "latest"
              }
            ],
            "tags": {},
            "termination_notification": [],
            "timeouts": null,
            "user_data": "",
            "virtual_machine_id": "4aae2eb5-788b-45d9-a567-6806f62c9687",
            "virtual_machine_scale_set_id": "",
            "vtpm_enabled": false,
            "zone": ""
          },
          "sensitive_attributes": [
            [
              {
                "type": "get_attr",
                "value": "custom_data"
              }
            ],
            [
              {
                "type": "get_attr",
                "value": "admin_password"
              }
            ]
          ],
          "private": "eyJlMmJmYjczMC1lY2FhLTExZTYtOGY4OC0zNDM2M2JjN2M0YzAiOnsiY3JlYXRlIjoyNzAwMDAwMDAwMDAwLCJkZWxldGUiOjI3MDAwMDAwMDAwMDAsInJlYWQiOjMwMDAwMDAwMDAwMCwidXBkYXRlIjoyNzAwMDAwMDAwMDAwfX0=",
          "dependencies": [
            "azurerm_resource_group.vpn_resource_group",
            "module.azure_virtual_machine_demo.module.network_interface.azurerm_network_interface.network_interface",
            "module.azure_virtual_machine_demo.module.network_interface.azurerm_public_ip.public_ip",
            "module.vpn_s2s_aws_azure.module.aws_network.aws_internet_gateway.internet_gateway",
            "module.vpn_s2s_aws_azure.module.aws_network.aws_subnet.vpn_subnet",
            "module.vpn_s2s_aws_azure.module.aws_network.aws_vpc.vpn_vpc",
            "module.vpn_s2s_aws_azure.module.aws_network.aws_vpn_gateway.virtual_private_gateway",
            "module.vpn_s2s_aws_azure.module.azure_network.azurerm_public_ip.vpn_public_ip",
            "module.vpn_s2s_aws_azure.module.azure_network.azurerm_subnet.vpn_subnet",
            "module.vpn_s2s_aws_azure.module.azure_network.azurerm_virtual_network.vpn_virtual_network",
            "module.vpn_s2s_aws_azure.module.azure_network.azurerm_virtual_network_gateway.virtual_network_gateway",
            "module.vpn_s2s_aws_azure.module.vpn_SiteToSite_connection.aws_customer_gateway.customer_gateway",
            "module.vpn_s2s_aws_azure.module.vpn_SiteToSite_connection.aws_route.internet_gateway_route",
            "module.vpn_s2s_aws_azure.module.vpn_SiteToSite_connection.aws_route.vpn_gateway_route",
            "module.vpn_s2s_aws_azure.module.vpn_SiteToSite_connection.aws_vpn_connection.vpn_connection",
            "module.vpn_s2s_aws_azure.module.vpn_SiteToSite_connection.aws_vpn_connection_route.vpn_static_routes",
            "module.vpn_s2s_aws_azure.module.vpn_SiteToSite_connection.azurerm_local_network_gateway.local_network_gateway",
            "module.vpn_s2s_aws_azure.module.vpn_SiteToSite_connection.azurerm_virtual_network_gateway_connection.vpn_connection"
          ]
        }
      ]
    },
    {
      "module": "module.vpn_s2s_aws_azure.module.aws_network",
      "mode": "managed",
      "type": "aws_internet_gateway",
      "name": "internet_gateway",
      "provider": "provider[\"registry.terraform.io/hashicorp/aws\"]",
      "instances": [
        {
          "schema_version": 0,
          "attributes": {
            "arn": "arn:aws:ec2:us-east-1:008748484958:internet-gateway/igw-04385d6b76aa3d9e3",
            "id": "igw-04385d6b76aa3d9e3",
            "owner_id": "008748484958",
            "tags": {
              "Name": "internet-gateway-vpn-test",
              "author": "khangtictoc",
              "createdBy": "Terraform",
              "environment": "dev",
              "project": "lab_extra_03"
            },
            "tags_all": {
              "Name": "internet-gateway-vpn-test",
              "author": "khangtictoc",
              "createdBy": "Terraform",
              "environment": "dev",
              "project": "lab_extra_03"
            },
            "timeouts": null,
            "vpc_id": "vpc-07e9e42316bb0468e"
          },
          "sensitive_attributes": [],
          "private": "eyJlMmJmYjczMC1lY2FhLTExZTYtOGY4OC0zNDM2M2JjN2M0YzAiOnsiY3JlYXRlIjoxMjAwMDAwMDAwMDAwLCJkZWxldGUiOjEyMDAwMDAwMDAwMDAsInVwZGF0ZSI6MTIwMDAwMDAwMDAwMH19",
          "dependencies": [
            "azurerm_resource_group.vpn_resource_group",
            "module.vpn_s2s_aws_azure.module.aws_network.aws_vpc.vpn_vpc"
          ]
        }
      ]
    },
    {
      "module": "module.vpn_s2s_aws_azure.module.aws_network",
      "mode": "managed",
      "type": "aws_subnet",
      "name": "vpn_subnet",
      "provider": "provider[\"registry.terraform.io/hashicorp/aws\"]",
      "instances": [
        {
          "index_key": 0,
          "schema_version": 1,
          "attributes": {
            "arn": "arn:aws:ec2:us-east-1:008748484958:subnet/subnet-01f628fd82fc14883",
            "assign_ipv6_address_on_creation": false,
            "availability_zone": "us-east-1f",
            "availability_zone_id": "use1-az5",
            "cidr_block": "192.168.1.0/24",
            "customer_owned_ipv4_pool": "",
            "enable_dns64": false,
            "enable_lni_at_device_index": 0,
            "enable_resource_name_dns_a_record_on_launch": false,
            "enable_resource_name_dns_aaaa_record_on_launch": false,
            "id": "subnet-01f628fd82fc14883",
            "ipv6_cidr_block": "",
            "ipv6_cidr_block_association_id": "",
            "ipv6_native": false,
            "map_customer_owned_ip_on_launch": false,
            "map_public_ip_on_launch": false,
            "outpost_arn": "",
            "owner_id": "008748484958",
            "private_dns_hostname_type_on_launch": "ip-name",
            "tags": {
              "Name": "vpn-subnet",
              "author": "khangtictoc",
              "createdBy": "Terraform",
              "environment": "dev",
              "project": "lab_extra_03"
            },
            "tags_all": {
              "Name": "vpn-subnet",
              "author": "khangtictoc",
              "createdBy": "Terraform",
              "environment": "dev",
              "project": "lab_extra_03"
            },
            "timeouts": null,
            "vpc_id": "vpc-07e9e42316bb0468e"
          },
          "sensitive_attributes": [],
          "private": "eyJlMmJmYjczMC1lY2FhLTExZTYtOGY4OC0zNDM2M2JjN2M0YzAiOnsiY3JlYXRlIjo2MDAwMDAwMDAwMDAsImRlbGV0ZSI6MTIwMDAwMDAwMDAwMH0sInNjaGVtYV92ZXJzaW9uIjoiMSJ9",
          "dependencies": [
            "azurerm_resource_group.vpn_resource_group",
            "module.vpn_s2s_aws_azure.module.aws_network.aws_vpc.vpn_vpc"
          ]
        }
      ]
    },
    {
      "module": "module.vpn_s2s_aws_azure.module.aws_network",
      "mode": "managed",
      "type": "aws_vpc",
      "name": "vpn_vpc",
      "provider": "provider[\"registry.terraform.io/hashicorp/aws\"]",
      "instances": [
        {
          "schema_version": 1,
          "attributes": {
            "arn": "arn:aws:ec2:us-east-1:008748484958:vpc/vpc-07e9e42316bb0468e",
            "assign_generated_ipv6_cidr_block": false,
            "cidr_block": "192.168.0.0/16",
            "default_network_acl_id": "acl-0bb07dd3fa6c3e1ff",
            "default_route_table_id": "rtb-0073d7e156d8392cb",
            "default_security_group_id": "sg-0f9b354d0fd839a2f",
            "dhcp_options_id": "dopt-074dfdadd578e5461",
            "enable_dns_hostnames": false,
            "enable_dns_support": true,
            "enable_network_address_usage_metrics": false,
            "id": "vpc-07e9e42316bb0468e",
            "instance_tenancy": "default",
            "ipv4_ipam_pool_id": null,
            "ipv4_netmask_length": null,
            "ipv6_association_id": "",
            "ipv6_cidr_block": "",
            "ipv6_cidr_block_network_border_group": "",
            "ipv6_ipam_pool_id": "",
            "ipv6_netmask_length": 0,
            "main_route_table_id": "rtb-0073d7e156d8392cb",
            "owner_id": "008748484958",
            "tags": {
              "Name": "vpn-vpc",
              "author": "khangtictoc",
              "createdBy": "Terraform",
              "environment": "dev",
              "project": "lab_extra_03"
            },
            "tags_all": {
              "Name": "vpn-vpc",
              "author": "khangtictoc",
              "createdBy": "Terraform",
              "environment": "dev",
              "project": "lab_extra_03"
            }
          },
          "sensitive_attributes": [],
          "private": "eyJzY2hlbWFfdmVyc2lvbiI6IjEifQ==",
          "dependencies": [
            "azurerm_resource_group.vpn_resource_group"
          ]
        }
      ]
    },
    {
      "module": "module.vpn_s2s_aws_azure.module.aws_network",
      "mode": "managed",
      "type": "aws_vpn_gateway",
      "name": "virtual_private_gateway",
      "provider": "provider[\"registry.terraform.io/hashicorp/aws\"]",
      "instances": [
        {
          "schema_version": 0,
          "attributes": {
            "amazon_side_asn": "64512",
            "arn": "arn:aws:ec2:us-east-1:008748484958:vpn-gateway/vgw-05077106b055f9c6c",
            "availability_zone": null,
            "id": "vgw-05077106b055f9c6c",
            "tags": {
              "Name": "vpn-gateway",
              "author": "khangtictoc",
              "createdBy": "Terraform",
              "environment": "dev",
              "project": "lab_extra_03"
            },
            "tags_all": {
              "Name": "vpn-gateway",
              "author": "khangtictoc",
              "createdBy": "Terraform",
              "environment": "dev",
              "project": "lab_extra_03"
            },
            "vpc_id": "vpc-07e9e42316bb0468e"
          },
          "sensitive_attributes": [],
          "private": "bnVsbA==",
          "dependencies": [
            "azurerm_resource_group.vpn_resource_group",
            "module.vpn_s2s_aws_azure.module.aws_network.aws_vpc.vpn_vpc"
          ]
        }
      ]
    },
    {
      "module": "module.vpn_s2s_aws_azure.module.azure_network[0]",
      "mode": "managed",
      "type": "azurerm_public_ip",
      "name": "vpn_public_ip",
      "provider": "provider[\"registry.terraform.io/hashicorp/azurerm\"]",
      "instances": [
        {
          "schema_version": 0,
          "attributes": {
            "allocation_method": "Static",
            "ddos_protection_mode": "VirtualNetworkInherited",
            "ddos_protection_plan_id": null,
            "domain_name_label": null,
            "edge_zone": "",
            "fqdn": null,
            "id": "/subscriptions/ac90b42a-8ba9-48f5-9479-94dfd054e40d/resourceGroups/VPNSite2SiteDemo/providers/Microsoft.Network/publicIPAddresses/VNet-Gateway",
            "idle_timeout_in_minutes": 4,
            "ip_address": "40.83.124.205",
            "ip_tags": {},
            "ip_version": "IPv4",
            "location": "eastasia",
            "name": "VNet-Gateway",
            "public_ip_prefix_id": null,
            "resource_group_name": "VPNSite2SiteDemo",
            "reverse_fqdn": null,
            "sku": "Standard",
            "sku_tier": "Regional",
            "tags": {
              "author": "khangtictoc",
              "createdBy": "Terraform",
              "environment": "dev",
              "project": "lab_extra_03"
            },
            "timeouts": null,
            "zones": []
          },
          "sensitive_attributes": [],
          "private": "eyJlMmJmYjczMC1lY2FhLTExZTYtOGY4OC0zNDM2M2JjN2M0YzAiOnsiY3JlYXRlIjoxODAwMDAwMDAwMDAwLCJkZWxldGUiOjE4MDAwMDAwMDAwMDAsInJlYWQiOjMwMDAwMDAwMDAwMCwidXBkYXRlIjoxODAwMDAwMDAwMDAwfX0=",
          "dependencies": [
            "azurerm_resource_group.vpn_resource_group"
          ]
        }
      ]
    },
    {
      "module": "module.vpn_s2s_aws_azure.module.azure_network[0]",
      "mode": "managed",
      "type": "azurerm_subnet",
      "name": "vpn_subnet",
      "provider": "provider[\"registry.terraform.io/hashicorp/azurerm\"]",
      "instances": [
        {
          "index_key": 0,
          "schema_version": 0,
          "attributes": {
            "address_prefixes": [
              "172.16.0.0/27"
            ],
            "delegation": [],
            "enforce_private_link_endpoint_network_policies": false,
            "enforce_private_link_service_network_policies": false,
            "id": "/subscriptions/ac90b42a-8ba9-48f5-9479-94dfd054e40d/resourceGroups/VPNSite2SiteDemo/providers/Microsoft.Network/virtualNetworks/VpnVnet/subnets/GatewaySubnet",
            "name": "GatewaySubnet",
            "private_endpoint_network_policies_enabled": true,
            "private_link_service_network_policies_enabled": true,
            "resource_group_name": "VPNSite2SiteDemo",
            "service_endpoint_policy_ids": [],
            "service_endpoints": [],
            "timeouts": null,
            "virtual_network_name": "VpnVnet"
          },
          "sensitive_attributes": [],
          "private": "eyJlMmJmYjczMC1lY2FhLTExZTYtOGY4OC0zNDM2M2JjN2M0YzAiOnsiY3JlYXRlIjoxODAwMDAwMDAwMDAwLCJkZWxldGUiOjE4MDAwMDAwMDAwMDAsInJlYWQiOjMwMDAwMDAwMDAwMCwidXBkYXRlIjoxODAwMDAwMDAwMDAwfX0=",
          "dependencies": [
            "azurerm_resource_group.vpn_resource_group",
            "module.vpn_s2s_aws_azure.module.azure_network.azurerm_virtual_network.vpn_virtual_network"
          ]
        },
        {
          "index_key": 1,
          "schema_version": 0,
          "attributes": {
            "address_prefixes": [
              "172.16.1.0/24"
            ],
            "delegation": [],
            "enforce_private_link_endpoint_network_policies": false,
            "enforce_private_link_service_network_policies": false,
            "id": "/subscriptions/ac90b42a-8ba9-48f5-9479-94dfd054e40d/resourceGroups/VPNSite2SiteDemo/providers/Microsoft.Network/virtualNetworks/VpnVnet/subnets/AppSubnet",
            "name": "AppSubnet",
            "private_endpoint_network_policies_enabled": true,
            "private_link_service_network_policies_enabled": true,
            "resource_group_name": "VPNSite2SiteDemo",
            "service_endpoint_policy_ids": [],
            "service_endpoints": [],
            "timeouts": null,
            "virtual_network_name": "VpnVnet"
          },
          "sensitive_attributes": [],
          "private": "eyJlMmJmYjczMC1lY2FhLTExZTYtOGY4OC0zNDM2M2JjN2M0YzAiOnsiY3JlYXRlIjoxODAwMDAwMDAwMDAwLCJkZWxldGUiOjE4MDAwMDAwMDAwMDAsInJlYWQiOjMwMDAwMDAwMDAwMCwidXBkYXRlIjoxODAwMDAwMDAwMDAwfX0=",
          "dependencies": [
            "azurerm_resource_group.vpn_resource_group",
            "module.vpn_s2s_aws_azure.module.azure_network.azurerm_virtual_network.vpn_virtual_network"
          ]
        },
        {
          "index_key": 2,
          "schema_version": 0,
          "attributes": {
            "address_prefixes": [
              "172.16.2.0/24"
            ],
            "delegation": [],
            "enforce_private_link_endpoint_network_policies": false,
            "enforce_private_link_service_network_policies": false,
            "id": "/subscriptions/ac90b42a-8ba9-48f5-9479-94dfd054e40d/resourceGroups/VPNSite2SiteDemo/providers/Microsoft.Network/virtualNetworks/VpnVnet/subnets/AppGatewaySubnet",
            "name": "AppGatewaySubnet",
            "private_endpoint_network_policies_enabled": true,
            "private_link_service_network_policies_enabled": true,
            "resource_group_name": "VPNSite2SiteDemo",
            "service_endpoint_policy_ids": [],
            "service_endpoints": [],
            "timeouts": null,
            "virtual_network_name": "VpnVnet"
          },
          "sensitive_attributes": [],
          "private": "eyJlMmJmYjczMC1lY2FhLTExZTYtOGY4OC0zNDM2M2JjN2M0YzAiOnsiY3JlYXRlIjoxODAwMDAwMDAwMDAwLCJkZWxldGUiOjE4MDAwMDAwMDAwMDAsInJlYWQiOjMwMDAwMDAwMDAwMCwidXBkYXRlIjoxODAwMDAwMDAwMDAwfX0=",
          "dependencies": [
            "azurerm_resource_group.vpn_resource_group",
            "module.vpn_s2s_aws_azure.module.azure_network.azurerm_virtual_network.vpn_virtual_network"
          ]
        }
      ]
    },
    {
      "module": "module.vpn_s2s_aws_azure.module.azure_network[0]",
      "mode": "managed",
      "type": "azurerm_virtual_network",
      "name": "vpn_virtual_network",
      "provider": "provider[\"registry.terraform.io/hashicorp/azurerm\"]",
      "instances": [
        {
          "schema_version": 0,
          "attributes": {
            "address_space": [
              "172.16.0.0/16"
            ],
            "bgp_community": "",
            "ddos_protection_plan": [],
            "dns_servers": [],
            "edge_zone": "",
            "encryption": [],
            "flow_timeout_in_minutes": 0,
            "guid": "0c01ad3f-2094-456e-8dd3-114490920d2b",
            "id": "/subscriptions/ac90b42a-8ba9-48f5-9479-94dfd054e40d/resourceGroups/VPNSite2SiteDemo/providers/Microsoft.Network/virtualNetworks/VpnVnet",
            "location": "eastasia",
            "name": "VpnVnet",
            "resource_group_name": "VPNSite2SiteDemo",
            "subnet": [
              {
                "address_prefix": "172.16.0.0/27",
                "id": "/subscriptions/ac90b42a-8ba9-48f5-9479-94dfd054e40d/resourceGroups/VPNSite2SiteDemo/providers/Microsoft.Network/virtualNetworks/VpnVnet/subnets/GatewaySubnet",
                "name": "GatewaySubnet",
                "security_group": ""
              },
              {
                "address_prefix": "172.16.1.0/24",
                "id": "/subscriptions/ac90b42a-8ba9-48f5-9479-94dfd054e40d/resourceGroups/VPNSite2SiteDemo/providers/Microsoft.Network/virtualNetworks/VpnVnet/subnets/AppSubnet",
                "name": "AppSubnet",
                "security_group": ""
              },
              {
                "address_prefix": "172.16.2.0/24",
                "id": "/subscriptions/ac90b42a-8ba9-48f5-9479-94dfd054e40d/resourceGroups/VPNSite2SiteDemo/providers/Microsoft.Network/virtualNetworks/VpnVnet/subnets/AppGatewaySubnet",
                "name": "AppGatewaySubnet",
                "security_group": ""
              }
            ],
            "tags": {
              "author": "khangtictoc",
              "createdBy": "Terraform",
              "environment": "dev",
              "project": "lab_extra_03"
            },
            "timeouts": null
          },
          "sensitive_attributes": [],
          "private": "eyJlMmJmYjczMC1lY2FhLTExZTYtOGY4OC0zNDM2M2JjN2M0YzAiOnsiY3JlYXRlIjoxODAwMDAwMDAwMDAwLCJkZWxldGUiOjE4MDAwMDAwMDAwMDAsInJlYWQiOjMwMDAwMDAwMDAwMCwidXBkYXRlIjoxODAwMDAwMDAwMDAwfX0=",
          "dependencies": [
            "azurerm_resource_group.vpn_resource_group"
          ]
        }
      ]
    },
    {
      "module": "module.vpn_s2s_aws_azure.module.azure_network[0]",
      "mode": "managed",
      "type": "azurerm_virtual_network_gateway",
      "name": "virtual_network_gateway",
      "provider": "provider[\"registry.terraform.io/hashicorp/azurerm\"]",
      "instances": [
        {
          "schema_version": 0,
          "attributes": {
            "active_active": false,
            "bgp_route_translation_for_nat_enabled": false,
            "bgp_settings": [
              {
                "asn": 65515,
                "peer_weight": 0,
                "peering_addresses": [
                  {
                    "apipa_addresses": [],
                    "default_addresses": [
                      "172.16.0.30"
                    ],
                    "ip_configuration_name": "Vnet-Gateway-IP-Config",
                    "tunnel_ip_addresses": [
                      "40.83.124.205"
                    ]
                  }
                ]
              }
            ],
            "custom_route": [],
            "default_local_network_gateway_id": null,
            "dns_forwarding_enabled": false,
            "edge_zone": "",
            "enable_bgp": false,
            "generation": "Generation1",
            "id": "/subscriptions/ac90b42a-8ba9-48f5-9479-94dfd054e40d/resourceGroups/VPNSite2SiteDemo/providers/Microsoft.Network/virtualNetworkGateways/Vnet-Gateway-Demo",
            "ip_configuration": [
              {
                "name": "Vnet-Gateway-IP-Config",
                "private_ip_address_allocation": "Dynamic",
                "public_ip_address_id": "/subscriptions/ac90b42a-8ba9-48f5-9479-94dfd054e40d/resourceGroups/VPNSite2SiteDemo/providers/Microsoft.Network/publicIPAddresses/VNet-Gateway",
                "subnet_id": "/subscriptions/ac90b42a-8ba9-48f5-9479-94dfd054e40d/resourceGroups/VPNSite2SiteDemo/providers/Microsoft.Network/virtualNetworks/VpnVnet/subnets/GatewaySubnet"
              }
            ],
            "ip_sec_replay_protection_enabled": true,
            "location": "eastasia",
            "name": "Vnet-Gateway-Demo",
            "policy_group": [],
            "private_ip_address_enabled": false,
            "remote_vnet_traffic_enabled": false,
            "resource_group_name": "VPNSite2SiteDemo",
            "sku": "VpnGw1",
            "tags": {
              "author": "khangtictoc",
              "createdBy": "Terraform",
              "environment": "dev",
              "project": "lab_extra_03"
            },
            "timeouts": null,
            "type": "Vpn",
            "virtual_wan_traffic_enabled": false,
            "vpn_client_configuration": [],
            "vpn_type": "RouteBased"
          },
          "sensitive_attributes": [],
          "private": "eyJlMmJmYjczMC1lY2FhLTExZTYtOGY4OC0zNDM2M2JjN2M0YzAiOnsiY3JlYXRlIjo1NDAwMDAwMDAwMDAwLCJkZWxldGUiOjM2MDAwMDAwMDAwMDAsInJlYWQiOjMwMDAwMDAwMDAwMCwidXBkYXRlIjozNjAwMDAwMDAwMDAwfX0=",
          "dependencies": [
            "azurerm_resource_group.vpn_resource_group",
            "module.vpn_s2s_aws_azure.module.azure_network.azurerm_public_ip.vpn_public_ip",
            "module.vpn_s2s_aws_azure.module.azure_network.azurerm_subnet.vpn_subnet",
            "module.vpn_s2s_aws_azure.module.azure_network.azurerm_virtual_network.vpn_virtual_network"
          ]
        }
      ]
    },
    {
      "module": "module.vpn_s2s_aws_azure.module.azure_network[1]",
      "mode": "managed",
      "type": "azurerm_public_ip",
      "name": "vpn_public_ip",
      "provider": "provider[\"registry.terraform.io/hashicorp/azurerm\"]",
      "instances": [
        {
          "schema_version": 0,
          "attributes": {
            "allocation_method": "Static",
            "ddos_protection_mode": "VirtualNetworkInherited",
            "ddos_protection_plan_id": null,
            "domain_name_label": null,
            "edge_zone": "",
            "fqdn": null,
            "id": "/subscriptions/ac90b42a-8ba9-48f5-9479-94dfd054e40d/resourceGroups/VPNSite2SiteDemo2/providers/Microsoft.Network/publicIPAddresses/VNet-Gateway2",
            "idle_timeout_in_minutes": 4,
            "ip_address": "40.83.125.242",
            "ip_tags": {},
            "ip_version": "IPv4",
            "location": "eastasia",
            "name": "VNet-Gateway2",
            "public_ip_prefix_id": null,
            "resource_group_name": "VPNSite2SiteDemo2",
            "reverse_fqdn": null,
            "sku": "Standard",
            "sku_tier": "Regional",
            "tags": {
              "author": "khangtictoc",
              "createdBy": "Terraform",
              "environment": "dev",
              "project": "lab_extra_03"
            },
            "timeouts": null,
            "zones": []
          },
          "sensitive_attributes": [],
          "private": "eyJlMmJmYjczMC1lY2FhLTExZTYtOGY4OC0zNDM2M2JjN2M0YzAiOnsiY3JlYXRlIjoxODAwMDAwMDAwMDAwLCJkZWxldGUiOjE4MDAwMDAwMDAwMDAsInJlYWQiOjMwMDAwMDAwMDAwMCwidXBkYXRlIjoxODAwMDAwMDAwMDAwfX0=",
          "dependencies": [
            "azurerm_resource_group.vpn_resource_group"
          ]
        }
      ]
    },
    {
      "module": "module.vpn_s2s_aws_azure.module.azure_network[1]",
      "mode": "managed",
      "type": "azurerm_subnet",
      "name": "vpn_subnet",
      "provider": "provider[\"registry.terraform.io/hashicorp/azurerm\"]",
      "instances": [
        {
          "index_key": 0,
          "schema_version": 0,
          "attributes": {
            "address_prefixes": [
              "10.10.0.0/27"
            ],
            "delegation": [],
            "enforce_private_link_endpoint_network_policies": false,
            "enforce_private_link_service_network_policies": false,
            "id": "/subscriptions/ac90b42a-8ba9-48f5-9479-94dfd054e40d/resourceGroups/VPNSite2SiteDemo2/providers/Microsoft.Network/virtualNetworks/VpnVnet2/subnets/GatewaySubnet",
            "name": "GatewaySubnet",
            "private_endpoint_network_policies_enabled": true,
            "private_link_service_network_policies_enabled": true,
            "resource_group_name": "VPNSite2SiteDemo2",
            "service_endpoint_policy_ids": [],
            "service_endpoints": [],
            "timeouts": null,
            "virtual_network_name": "VpnVnet2"
          },
          "sensitive_attributes": [],
          "private": "eyJlMmJmYjczMC1lY2FhLTExZTYtOGY4OC0zNDM2M2JjN2M0YzAiOnsiY3JlYXRlIjoxODAwMDAwMDAwMDAwLCJkZWxldGUiOjE4MDAwMDAwMDAwMDAsInJlYWQiOjMwMDAwMDAwMDAwMCwidXBkYXRlIjoxODAwMDAwMDAwMDAwfX0=",
          "dependencies": [
            "azurerm_resource_group.vpn_resource_group",
            "module.vpn_s2s_aws_azure.module.azure_network.azurerm_virtual_network.vpn_virtual_network"
          ]
        },
        {
          "index_key": 1,
          "schema_version": 0,
          "attributes": {
            "address_prefixes": [
              "10.10.1.0/24"
            ],
            "delegation": [],
            "enforce_private_link_endpoint_network_policies": false,
            "enforce_private_link_service_network_policies": false,
            "id": "/subscriptions/ac90b42a-8ba9-48f5-9479-94dfd054e40d/resourceGroups/VPNSite2SiteDemo2/providers/Microsoft.Network/virtualNetworks/VpnVnet2/subnets/AppSubnet",
            "name": "AppSubnet",
            "private_endpoint_network_policies_enabled": true,
            "private_link_service_network_policies_enabled": true,
            "resource_group_name": "VPNSite2SiteDemo2",
            "service_endpoint_policy_ids": [],
            "service_endpoints": [],
            "timeouts": null,
            "virtual_network_name": "VpnVnet2"
          },
          "sensitive_attributes": [],
          "private": "eyJlMmJmYjczMC1lY2FhLTExZTYtOGY4OC0zNDM2M2JjN2M0YzAiOnsiY3JlYXRlIjoxODAwMDAwMDAwMDAwLCJkZWxldGUiOjE4MDAwMDAwMDAwMDAsInJlYWQiOjMwMDAwMDAwMDAwMCwidXBkYXRlIjoxODAwMDAwMDAwMDAwfX0=",
          "dependencies": [
            "azurerm_resource_group.vpn_resource_group",
            "module.vpn_s2s_aws_azure.module.azure_network.azurerm_virtual_network.vpn_virtual_network"
          ]
        },
        {
          "index_key": 2,
          "schema_version": 0,
          "attributes": {
            "address_prefixes": [
              "10.10.2.0/24"
            ],
            "delegation": [],
            "enforce_private_link_endpoint_network_policies": false,
            "enforce_private_link_service_network_policies": false,
            "id": "/subscriptions/ac90b42a-8ba9-48f5-9479-94dfd054e40d/resourceGroups/VPNSite2SiteDemo2/providers/Microsoft.Network/virtualNetworks/VpnVnet2/subnets/AppGatewaySubnet",
            "name": "AppGatewaySubnet",
            "private_endpoint_network_policies_enabled": true,
            "private_link_service_network_policies_enabled": true,
            "resource_group_name": "VPNSite2SiteDemo2",
            "service_endpoint_policy_ids": [],
            "service_endpoints": [],
            "timeouts": null,
            "virtual_network_name": "VpnVnet2"
          },
          "sensitive_attributes": [],
          "private": "eyJlMmJmYjczMC1lY2FhLTExZTYtOGY4OC0zNDM2M2JjN2M0YzAiOnsiY3JlYXRlIjoxODAwMDAwMDAwMDAwLCJkZWxldGUiOjE4MDAwMDAwMDAwMDAsInJlYWQiOjMwMDAwMDAwMDAwMCwidXBkYXRlIjoxODAwMDAwMDAwMDAwfX0=",
          "dependencies": [
            "azurerm_resource_group.vpn_resource_group",
            "module.vpn_s2s_aws_azure.module.azure_network.azurerm_virtual_network.vpn_virtual_network"
          ]
        }
      ]
    },
    {
      "module": "module.vpn_s2s_aws_azure.module.azure_network[1]",
      "mode": "managed",
      "type": "azurerm_virtual_network",
      "name": "vpn_virtual_network",
      "provider": "provider[\"registry.terraform.io/hashicorp/azurerm\"]",
      "instances": [
        {
          "schema_version": 0,
          "attributes": {
            "address_space": [
              "10.10.0.0/16"
            ],
            "bgp_community": "",
            "ddos_protection_plan": [],
            "dns_servers": [],
            "edge_zone": "",
            "encryption": [],
            "flow_timeout_in_minutes": 0,
            "guid": "a09c5cb7-2a1f-4a66-91c0-31f43fb74e08",
            "id": "/subscriptions/ac90b42a-8ba9-48f5-9479-94dfd054e40d/resourceGroups/VPNSite2SiteDemo2/providers/Microsoft.Network/virtualNetworks/VpnVnet2",
            "location": "eastasia",
            "name": "VpnVnet2",
            "resource_group_name": "VPNSite2SiteDemo2",
            "subnet": [
              {
                "address_prefix": "10.10.0.0/27",
                "id": "/subscriptions/ac90b42a-8ba9-48f5-9479-94dfd054e40d/resourceGroups/VPNSite2SiteDemo2/providers/Microsoft.Network/virtualNetworks/VpnVnet2/subnets/GatewaySubnet",
                "name": "GatewaySubnet",
                "security_group": ""
              },
              {
                "address_prefix": "10.10.1.0/24",
                "id": "/subscriptions/ac90b42a-8ba9-48f5-9479-94dfd054e40d/resourceGroups/VPNSite2SiteDemo2/providers/Microsoft.Network/virtualNetworks/VpnVnet2/subnets/AppSubnet",
                "name": "AppSubnet",
                "security_group": ""
              },
              {
                "address_prefix": "10.10.2.0/24",
                "id": "/subscriptions/ac90b42a-8ba9-48f5-9479-94dfd054e40d/resourceGroups/VPNSite2SiteDemo2/providers/Microsoft.Network/virtualNetworks/VpnVnet2/subnets/AppGatewaySubnet",
                "name": "AppGatewaySubnet",
                "security_group": ""
              }
            ],
            "tags": {
              "author": "khangtictoc",
              "createdBy": "Terraform",
              "environment": "dev",
              "project": "lab_extra_03"
            },
            "timeouts": null
          },
          "sensitive_attributes": [],
          "private": "eyJlMmJmYjczMC1lY2FhLTExZTYtOGY4OC0zNDM2M2JjN2M0YzAiOnsiY3JlYXRlIjoxODAwMDAwMDAwMDAwLCJkZWxldGUiOjE4MDAwMDAwMDAwMDAsInJlYWQiOjMwMDAwMDAwMDAwMCwidXBkYXRlIjoxODAwMDAwMDAwMDAwfX0=",
          "dependencies": [
            "azurerm_resource_group.vpn_resource_group"
          ]
        }
      ]
    },
    {
      "module": "module.vpn_s2s_aws_azure.module.azure_network[1]",
      "mode": "managed",
      "type": "azurerm_virtual_network_gateway",
      "name": "virtual_network_gateway",
      "provider": "provider[\"registry.terraform.io/hashicorp/azurerm\"]",
      "instances": [
        {
          "schema_version": 0,
          "attributes": {
            "active_active": false,
            "bgp_route_translation_for_nat_enabled": false,
            "bgp_settings": [
              {
                "asn": 65515,
                "peer_weight": 0,
                "peering_addresses": [
                  {
                    "apipa_addresses": [],
                    "default_addresses": [
                      "10.10.0.30"
                    ],
                    "ip_configuration_name": "Vnet-Gateway-IP-Config2",
                    "tunnel_ip_addresses": [
                      "40.83.125.242"
                    ]
                  }
                ]
              }
            ],
            "custom_route": [],
            "default_local_network_gateway_id": null,
            "dns_forwarding_enabled": false,
            "edge_zone": "",
            "enable_bgp": false,
            "generation": "Generation1",
            "id": "/subscriptions/ac90b42a-8ba9-48f5-9479-94dfd054e40d/resourceGroups/VPNSite2SiteDemo2/providers/Microsoft.Network/virtualNetworkGateways/Vnet-Gateway-Demo2",
            "ip_configuration": [
              {
                "name": "Vnet-Gateway-IP-Config2",
                "private_ip_address_allocation": "Dynamic",
                "public_ip_address_id": "/subscriptions/ac90b42a-8ba9-48f5-9479-94dfd054e40d/resourceGroups/VPNSite2SiteDemo2/providers/Microsoft.Network/publicIPAddresses/VNet-Gateway2",
                "subnet_id": "/subscriptions/ac90b42a-8ba9-48f5-9479-94dfd054e40d/resourceGroups/VPNSite2SiteDemo2/providers/Microsoft.Network/virtualNetworks/VpnVnet2/subnets/GatewaySubnet"
              }
            ],
            "ip_sec_replay_protection_enabled": true,
            "location": "eastasia",
            "name": "Vnet-Gateway-Demo2",
            "policy_group": [],
            "private_ip_address_enabled": false,
            "remote_vnet_traffic_enabled": false,
            "resource_group_name": "VPNSite2SiteDemo2",
            "sku": "VpnGw1",
            "tags": {
              "author": "khangtictoc",
              "createdBy": "Terraform",
              "environment": "dev",
              "project": "lab_extra_03"
            },
            "timeouts": null,
            "type": "Vpn",
            "virtual_wan_traffic_enabled": false,
            "vpn_client_configuration": [],
            "vpn_type": "RouteBased"
          },
          "sensitive_attributes": [],
          "private": "eyJlMmJmYjczMC1lY2FhLTExZTYtOGY4OC0zNDM2M2JjN2M0YzAiOnsiY3JlYXRlIjo1NDAwMDAwMDAwMDAwLCJkZWxldGUiOjM2MDAwMDAwMDAwMDAsInJlYWQiOjMwMDAwMDAwMDAwMCwidXBkYXRlIjozNjAwMDAwMDAwMDAwfX0=",
          "dependencies": [
            "azurerm_resource_group.vpn_resource_group",
            "module.vpn_s2s_aws_azure.module.azure_network.azurerm_public_ip.vpn_public_ip",
            "module.vpn_s2s_aws_azure.module.azure_network.azurerm_subnet.vpn_subnet",
            "module.vpn_s2s_aws_azure.module.azure_network.azurerm_virtual_network.vpn_virtual_network"
          ]
        }
      ]
    },
    {
      "module": "module.vpn_s2s_aws_azure.module.vpn_SiteToSite_connection[0]",
      "mode": "managed",
      "type": "aws_customer_gateway",
      "name": "customer_gateway",
      "provider": "provider[\"registry.terraform.io/hashicorp/aws\"]",
      "instances": [
        {
          "schema_version": 0,
          "attributes": {
            "arn": "arn:aws:ec2:us-east-1:008748484958:customer-gateway/cgw-06b84fb8183458a21",
            "bgp_asn": "65000",
            "certificate_arn": "",
            "device_name": "",
            "id": "cgw-06b84fb8183458a21",
            "ip_address": "40.83.124.205",
            "tags": {
              "Name": "my-customer-gateway",
              "author": "khangtictoc",
              "createdBy": "Terraform",
              "environment": "dev",
              "project": "lab_extra_03"
            },
            "tags_all": {
              "Name": "my-customer-gateway",
              "author": "khangtictoc",
              "createdBy": "Terraform",
              "environment": "dev",
              "project": "lab_extra_03"
            },
            "type": "ipsec.1"
          },
          "sensitive_attributes": [],
          "private": "bnVsbA==",
          "dependencies": [
            "azurerm_resource_group.vpn_resource_group",
            "module.vpn_s2s_aws_azure.module.azure_network.azurerm_public_ip.vpn_public_ip",
            "module.vpn_s2s_aws_azure.module.azure_network.azurerm_subnet.vpn_subnet",
            "module.vpn_s2s_aws_azure.module.azure_network.azurerm_virtual_network.vpn_virtual_network",
            "module.vpn_s2s_aws_azure.module.azure_network.azurerm_virtual_network_gateway.virtual_network_gateway"
          ]
        }
      ]
    },
    {
      "module": "module.vpn_s2s_aws_azure.module.vpn_SiteToSite_connection[0]",
      "mode": "managed",
      "type": "aws_route",
      "name": "internet_gateway_route",
      "provider": "provider[\"registry.terraform.io/hashicorp/aws\"]",
      "instances": [
        {
          "schema_version": 0,
          "attributes": {
            "carrier_gateway_id": "",
            "core_network_arn": "",
            "destination_cidr_block": "0.0.0.0/0",
            "destination_ipv6_cidr_block": "",
            "destination_prefix_list_id": "",
            "egress_only_gateway_id": "",
            "gateway_id": "igw-04385d6b76aa3d9e3",
            "id": "r-rtb-0073d7e156d8392cb1080289494",
            "instance_id": "",
            "instance_owner_id": "",
            "local_gateway_id": "",
            "nat_gateway_id": "",
            "network_interface_id": "",
            "origin": "CreateRoute",
            "route_table_id": "rtb-0073d7e156d8392cb",
            "state": "active",
            "timeouts": null,
            "transit_gateway_id": "",
            "vpc_endpoint_id": "",
            "vpc_peering_connection_id": ""
          },
          "sensitive_attributes": [],
          "private": "eyJlMmJmYjczMC1lY2FhLTExZTYtOGY4OC0zNDM2M2JjN2M0YzAiOnsiY3JlYXRlIjozMDAwMDAwMDAwMDAsImRlbGV0ZSI6MzAwMDAwMDAwMDAwLCJ1cGRhdGUiOjEyMDAwMDAwMDAwMH19",
          "dependencies": [
            "azurerm_resource_group.vpn_resource_group",
            "module.vpn_s2s_aws_azure.module.aws_network.aws_internet_gateway.internet_gateway",
            "module.vpn_s2s_aws_azure.module.aws_network.aws_subnet.vpn_subnet",
            "module.vpn_s2s_aws_azure.module.aws_network.aws_vpc.vpn_vpc",
            "module.vpn_s2s_aws_azure.module.aws_network.aws_vpn_gateway.virtual_private_gateway"
          ]
        }
      ]
    },
    {
      "module": "module.vpn_s2s_aws_azure.module.vpn_SiteToSite_connection[0]",
      "mode": "managed",
      "type": "aws_route",
      "name": "vpn_gateway_route",
      "provider": "provider[\"registry.terraform.io/hashicorp/aws\"]",
      "instances": [
        {
          "schema_version": 0,
          "attributes": {
            "carrier_gateway_id": "",
            "core_network_arn": "",
            "destination_cidr_block": "172.16.0.0/16",
            "destination_ipv6_cidr_block": "",
            "destination_prefix_list_id": "",
            "egress_only_gateway_id": "",
            "gateway_id": "vgw-05077106b055f9c6c",
            "id": "r-rtb-0073d7e156d8392cb3246677288",
            "instance_id": "",
            "instance_owner_id": "",
            "local_gateway_id": "",
            "nat_gateway_id": "",
            "network_interface_id": "",
            "origin": "CreateRoute",
            "route_table_id": "rtb-0073d7e156d8392cb",
            "state": "active",
            "timeouts": null,
            "transit_gateway_id": "",
            "vpc_endpoint_id": "",
            "vpc_peering_connection_id": ""
          },
          "sensitive_attributes": [],
          "private": "eyJlMmJmYjczMC1lY2FhLTExZTYtOGY4OC0zNDM2M2JjN2M0YzAiOnsiY3JlYXRlIjozMDAwMDAwMDAwMDAsImRlbGV0ZSI6MzAwMDAwMDAwMDAwLCJ1cGRhdGUiOjEyMDAwMDAwMDAwMH19",
          "dependencies": [
            "azurerm_resource_group.vpn_resource_group",
            "module.vpn_s2s_aws_azure.module.aws_network.aws_internet_gateway.internet_gateway",
            "module.vpn_s2s_aws_azure.module.aws_network.aws_subnet.vpn_subnet",
            "module.vpn_s2s_aws_azure.module.aws_network.aws_vpc.vpn_vpc",
            "module.vpn_s2s_aws_azure.module.aws_network.aws_vpn_gateway.virtual_private_gateway",
            "module.vpn_s2s_aws_azure.module.azure_network.azurerm_public_ip.vpn_public_ip",
            "module.vpn_s2s_aws_azure.module.azure_network.azurerm_subnet.vpn_subnet",
            "module.vpn_s2s_aws_azure.module.azure_network.azurerm_virtual_network.vpn_virtual_network",
            "module.vpn_s2s_aws_azure.module.azure_network.azurerm_virtual_network_gateway.virtual_network_gateway"
          ]
        }
      ]
    },
    {
      "module": "module.vpn_s2s_aws_azure.module.vpn_SiteToSite_connection[0]",
      "mode": "managed",
      "type": "aws_vpn_connection",
      "name": "vpn_connection",
      "provider": "provider[\"registry.terraform.io/hashicorp/aws\"]",
      "instances": [
        {
          "schema_version": 0,
          "attributes": {
            "arn": "arn:aws:ec2:us-east-1:008748484958:vpn-connection/vpn-09d84fc51748f8cc4",
            "core_network_arn": "",
            "core_network_attachment_arn": "",
            "customer_gateway_configuration": "\u003c?xml version=\"1.0\" encoding=\"UTF-8\"?\u003e\n\u003cvpn_connection id=\"vpn-09d84fc51748f8cc4\"\u003e\n  \u003ccustomer_gateway_id\u003ecgw-06b84fb8183458a21\u003c/customer_gateway_id\u003e\n  \u003cvpn_gateway_id\u003evgw-05077106b055f9c6c\u003c/vpn_gateway_id\u003e\n  \u003cvpn_connection_type\u003eipsec.1\u003c/vpn_connection_type\u003e\n  \u003cvpn_connection_attributes\u003eNoBGPVPNConnection\u003c/vpn_connection_attributes\u003e\n  \u003cipsec_tunnel\u003e\n    \u003ccustomer_gateway\u003e\n      \u003ctunnel_outside_address\u003e\n        \u003cip_address\u003e40.83.124.205\u003c/ip_address\u003e\n      \u003c/tunnel_outside_address\u003e\n      \u003ctunnel_inside_address\u003e\n        \u003cip_address\u003e169.254.128.134\u003c/ip_address\u003e\n        \u003cnetwork_mask\u003e255.255.255.252\u003c/network_mask\u003e\n        \u003cnetwork_cidr\u003e30\u003c/network_cidr\u003e\n      \u003c/tunnel_inside_address\u003e\n    \u003c/customer_gateway\u003e\n    \u003cvpn_gateway\u003e\n      \u003ctunnel_outside_address\u003e\n        \u003cip_address\u003e44.209.110.107\u003c/ip_address\u003e\n      \u003c/tunnel_outside_address\u003e\n      \u003ctunnel_inside_address\u003e\n        \u003cip_address\u003e169.254.128.133\u003c/ip_address\u003e\n        \u003cnetwork_mask\u003e255.255.255.252\u003c/network_mask\u003e\n        \u003cnetwork_cidr\u003e30\u003c/network_cidr\u003e\n      \u003c/tunnel_inside_address\u003e\n    \u003c/vpn_gateway\u003e\n    \u003cike\u003e\n      \u003cauthentication_protocol\u003esha1\u003c/authentication_protocol\u003e\n      \u003cencryption_protocol\u003eaes-128-cbc\u003c/encryption_protocol\u003e\n      \u003clifetime\u003e28800\u003c/lifetime\u003e\n      \u003cperfect_forward_secrecy\u003egroup2\u003c/perfect_forward_secrecy\u003e\n      \u003cmode\u003emain\u003c/mode\u003e\n      \u003cpre_shared_key\u003eV2LycZuBiSwYX4mXzuIOT542e2NSsq_e\u003c/pre_shared_key\u003e\n    \u003c/ike\u003e\n    \u003cipsec\u003e\n      \u003cprotocol\u003eesp\u003c/protocol\u003e\n      \u003cauthentication_protocol\u003ehmac-sha1-96\u003c/authentication_protocol\u003e\n      \u003cencryption_protocol\u003eaes-128-cbc\u003c/encryption_protocol\u003e\n      \u003clifetime\u003e3600\u003c/lifetime\u003e\n      \u003cperfect_forward_secrecy\u003egroup2\u003c/perfect_forward_secrecy\u003e\n      \u003cmode\u003etunnel\u003c/mode\u003e\n      \u003cclear_df_bit\u003etrue\u003c/clear_df_bit\u003e\n      \u003cfragmentation_before_encryption\u003etrue\u003c/fragmentation_before_encryption\u003e\n      \u003ctcp_mss_adjustment\u003e1379\u003c/tcp_mss_adjustment\u003e\n      \u003cdead_peer_detection\u003e\n        \u003cinterval\u003e10\u003c/interval\u003e\n        \u003cretries\u003e3\u003c/retries\u003e\n      \u003c/dead_peer_detection\u003e\n    \u003c/ipsec\u003e\n  \u003c/ipsec_tunnel\u003e\n  \u003cipsec_tunnel\u003e\n    \u003ccustomer_gateway\u003e\n      \u003ctunnel_outside_address\u003e\n        \u003cip_address\u003e40.83.124.205\u003c/ip_address\u003e\n      \u003c/tunnel_outside_address\u003e\n      \u003ctunnel_inside_address\u003e\n        \u003cip_address\u003e169.254.123.214\u003c/ip_address\u003e\n        \u003cnetwork_mask\u003e255.255.255.252\u003c/network_mask\u003e\n        \u003cnetwork_cidr\u003e30\u003c/network_cidr\u003e\n      \u003c/tunnel_inside_address\u003e\n    \u003c/customer_gateway\u003e\n    \u003cvpn_gateway\u003e\n      \u003ctunnel_outside_address\u003e\n        \u003cip_address\u003e52.20.27.239\u003c/ip_address\u003e\n      \u003c/tunnel_outside_address\u003e\n      \u003ctunnel_inside_address\u003e\n        \u003cip_address\u003e169.254.123.213\u003c/ip_address\u003e\n        \u003cnetwork_mask\u003e255.255.255.252\u003c/network_mask\u003e\n        \u003cnetwork_cidr\u003e30\u003c/network_cidr\u003e\n      \u003c/tunnel_inside_address\u003e\n    \u003c/vpn_gateway\u003e\n    \u003cike\u003e\n      \u003cauthentication_protocol\u003esha1\u003c/authentication_protocol\u003e\n      \u003cencryption_protocol\u003eaes-128-cbc\u003c/encryption_protocol\u003e\n      \u003clifetime\u003e28800\u003c/lifetime\u003e\n      \u003cperfect_forward_secrecy\u003egroup2\u003c/perfect_forward_secrecy\u003e\n      \u003cmode\u003emain\u003c/mode\u003e\n      \u003cpre_shared_key\u003edJGGonG3xUJp2WtJR6SYp3XOcKahsoO2\u003c/pre_shared_key\u003e\n    \u003c/ike\u003e\n    \u003cipsec\u003e\n      \u003cprotocol\u003eesp\u003c/protocol\u003e\n      \u003cauthentication_protocol\u003ehmac-sha1-96\u003c/authentication_protocol\u003e\n      \u003cencryption_protocol\u003eaes-128-cbc\u003c/encryption_protocol\u003e\n      \u003clifetime\u003e3600\u003c/lifetime\u003e\n      \u003cperfect_forward_secrecy\u003egroup2\u003c/perfect_forward_secrecy\u003e\n      \u003cmode\u003etunnel\u003c/mode\u003e\n      \u003cclear_df_bit\u003etrue\u003c/clear_df_bit\u003e\n      \u003cfragmentation_before_encryption\u003etrue\u003c/fragmentation_before_encryption\u003e\n      \u003ctcp_mss_adjustment\u003e1379\u003c/tcp_mss_adjustment\u003e\n      \u003cdead_peer_detection\u003e\n        \u003cinterval\u003e10\u003c/interval\u003e\n        \u003cretries\u003e3\u003c/retries\u003e\n      \u003c/dead_peer_detection\u003e\n    \u003c/ipsec\u003e\n  \u003c/ipsec_tunnel\u003e\n\u003c/vpn_connection\u003e\n",
            "customer_gateway_id": "cgw-06b84fb8183458a21",
            "enable_acceleration": false,
            "id": "vpn-09d84fc51748f8cc4",
            "local_ipv4_network_cidr": "0.0.0.0/0",
            "local_ipv6_network_cidr": "",
            "outside_ip_address_type": "PublicIpv4",
            "remote_ipv4_network_cidr": "0.0.0.0/0",
            "remote_ipv6_network_cidr": "",
            "routes": [
              {
                "destination_cidr_block": "172.16.0.0/16",
                "source": "",
                "state": "available"
              }
            ],
            "static_routes_only": true,
            "tags": {
              "Name": "my-vpn-connection",
              "author": "khangtictoc",
              "createdBy": "Terraform",
              "environment": "dev",
              "project": "lab_extra_03"
            },
            "tags_all": {
              "Name": "my-vpn-connection",
              "author": "khangtictoc",
              "createdBy": "Terraform",
              "environment": "dev",
              "project": "lab_extra_03"
            },
            "transit_gateway_attachment_id": "",
            "transit_gateway_id": "",
            "transport_transit_gateway_attachment_id": "",
            "tunnel1_address": "44.209.110.107",
            "tunnel1_bgp_asn": "",
            "tunnel1_bgp_holdtime": 0,
            "tunnel1_cgw_inside_address": "169.254.128.134",
            "tunnel1_dpd_timeout_action": "",
            "tunnel1_dpd_timeout_seconds": 0,
            "tunnel1_enable_tunnel_lifecycle_control": false,
            "tunnel1_ike_versions": [],
            "tunnel1_inside_cidr": "169.254.128.132/30",
            "tunnel1_inside_ipv6_cidr": "",
            "tunnel1_log_options": [
              {
                "cloudwatch_log_options": [
                  {
                    "log_enabled": false,
                    "log_group_arn": "",
                    "log_output_format": ""
                  }
                ]
              }
            ],
            "tunnel1_phase1_dh_group_numbers": [],
            "tunnel1_phase1_encryption_algorithms": [],
            "tunnel1_phase1_integrity_algorithms": [],
            "tunnel1_phase1_lifetime_seconds": 0,
            "tunnel1_phase2_dh_group_numbers": [],
            "tunnel1_phase2_encryption_algorithms": [],
            "tunnel1_phase2_integrity_algorithms": [],
            "tunnel1_phase2_lifetime_seconds": 0,
            "tunnel1_preshared_key": "V2LycZuBiSwYX4mXzuIOT542e2NSsq_e",
            "tunnel1_rekey_fuzz_percentage": 0,
            "tunnel1_rekey_margin_time_seconds": 0,
            "tunnel1_replay_window_size": 0,
            "tunnel1_startup_action": "",
            "tunnel1_vgw_inside_address": "169.254.128.133",
            "tunnel2_address": "52.20.27.239",
            "tunnel2_bgp_asn": "",
            "tunnel2_bgp_holdtime": 0,
            "tunnel2_cgw_inside_address": "169.254.123.214",
            "tunnel2_dpd_timeout_action": "",
            "tunnel2_dpd_timeout_seconds": 0,
            "tunnel2_enable_tunnel_lifecycle_control": false,
            "tunnel2_ike_versions": [],
            "tunnel2_inside_cidr": "169.254.123.212/30",
            "tunnel2_inside_ipv6_cidr": "",
            "tunnel2_log_options": [
              {
                "cloudwatch_log_options": [
                  {
                    "log_enabled": false,
                    "log_group_arn": "",
                    "log_output_format": ""
                  }
                ]
              }
            ],
            "tunnel2_phase1_dh_group_numbers": [],
            "tunnel2_phase1_encryption_algorithms": [],
            "tunnel2_phase1_integrity_algorithms": [],
            "tunnel2_phase1_lifetime_seconds": 0,
            "tunnel2_phase2_dh_group_numbers": [],
            "tunnel2_phase2_encryption_algorithms": [],
            "tunnel2_phase2_integrity_algorithms": [],
            "tunnel2_phase2_lifetime_seconds": 0,
            "tunnel2_preshared_key": "dJGGonG3xUJp2WtJR6SYp3XOcKahsoO2",
            "tunnel2_rekey_fuzz_percentage": 0,
            "tunnel2_rekey_margin_time_seconds": 0,
            "tunnel2_replay_window_size": 0,
            "tunnel2_startup_action": "",
            "tunnel2_vgw_inside_address": "169.254.123.213",
            "tunnel_inside_ip_version": "ipv4",
            "type": "ipsec.1",
            "vgw_telemetry": [
              {
                "accepted_route_count": 1,
                "certificate_arn": "",
                "last_status_change": "2024-07-11T07:08:49Z",
                "outside_ip_address": "52.20.27.239",
                "status": "DOWN",
                "status_message": ""
              },
              {
                "accepted_route_count": 1,
                "certificate_arn": "",
                "last_status_change": "2024-07-11T07:12:20Z",
                "outside_ip_address": "44.209.110.107",
                "status": "UP",
                "status_message": ""
              }
            ],
            "vpn_gateway_id": "vgw-05077106b055f9c6c"
          },
          "sensitive_attributes": [
            [
              {
                "type": "get_attr",
                "value": "tunnel2_preshared_key"
              }
            ],
            [
              {
                "type": "get_attr",
                "value": "customer_gateway_configuration"
              }
            ],
            [
              {
                "type": "get_attr",
                "value": "tunnel1_preshared_key"
              }
            ]
          ],
          "private": "bnVsbA==",
          "dependencies": [
            "azurerm_resource_group.vpn_resource_group",
            "module.vpn_s2s_aws_azure.module.aws_network.aws_internet_gateway.internet_gateway",
            "module.vpn_s2s_aws_azure.module.aws_network.aws_subnet.vpn_subnet",
            "module.vpn_s2s_aws_azure.module.aws_network.aws_vpc.vpn_vpc",
            "module.vpn_s2s_aws_azure.module.aws_network.aws_vpn_gateway.virtual_private_gateway",
            "module.vpn_s2s_aws_azure.module.azure_network.azurerm_public_ip.vpn_public_ip",
            "module.vpn_s2s_aws_azure.module.azure_network.azurerm_subnet.vpn_subnet",
            "module.vpn_s2s_aws_azure.module.azure_network.azurerm_virtual_network.vpn_virtual_network",
            "module.vpn_s2s_aws_azure.module.azure_network.azurerm_virtual_network_gateway.virtual_network_gateway",
            "module.vpn_s2s_aws_azure.module.vpn_SiteToSite_connection.aws_customer_gateway.customer_gateway"
          ]
        }
      ]
    },
    {
      "module": "module.vpn_s2s_aws_azure.module.vpn_SiteToSite_connection[0]",
      "mode": "managed",
      "type": "aws_vpn_connection_route",
      "name": "vpn_static_routes",
      "provider": "provider[\"registry.terraform.io/hashicorp/aws\"]",
      "instances": [
        {
          "schema_version": 0,
          "attributes": {
            "destination_cidr_block": "172.16.0.0/16",
            "id": "172.16.0.0/16:vpn-09d84fc51748f8cc4",
            "vpn_connection_id": "vpn-09d84fc51748f8cc4"
          },
          "sensitive_attributes": [],
          "private": "bnVsbA==",
          "dependencies": [
            "azurerm_resource_group.vpn_resource_group",
            "module.vpn_s2s_aws_azure.module.aws_network.aws_internet_gateway.internet_gateway",
            "module.vpn_s2s_aws_azure.module.aws_network.aws_subnet.vpn_subnet",
            "module.vpn_s2s_aws_azure.module.aws_network.aws_vpc.vpn_vpc",
            "module.vpn_s2s_aws_azure.module.aws_network.aws_vpn_gateway.virtual_private_gateway",
            "module.vpn_s2s_aws_azure.module.azure_network.azurerm_public_ip.vpn_public_ip",
            "module.vpn_s2s_aws_azure.module.azure_network.azurerm_subnet.vpn_subnet",
            "module.vpn_s2s_aws_azure.module.azure_network.azurerm_virtual_network.vpn_virtual_network",
            "module.vpn_s2s_aws_azure.module.azure_network.azurerm_virtual_network_gateway.virtual_network_gateway",
            "module.vpn_s2s_aws_azure.module.vpn_SiteToSite_connection.aws_customer_gateway.customer_gateway",
            "module.vpn_s2s_aws_azure.module.vpn_SiteToSite_connection.aws_vpn_connection.vpn_connection"
          ]
        }
      ]
    },
    {
      "module": "module.vpn_s2s_aws_azure.module.vpn_SiteToSite_connection[0]",
      "mode": "managed",
      "type": "azurerm_local_network_gateway",
      "name": "local_network_gateway",
      "provider": "provider[\"registry.terraform.io/hashicorp/azurerm\"]",
      "instances": [
        {
          "schema_version": 0,
          "attributes": {
            "address_space": [
              "192.168.0.0/16"
            ],
            "bgp_settings": [],
            "gateway_address": "44.209.110.107",
            "gateway_fqdn": "",
            "id": "/subscriptions/ac90b42a-8ba9-48f5-9479-94dfd054e40d/resourceGroups/VPNSite2SiteDemo/providers/Microsoft.Network/localNetworkGateways/my-vpn-connection",
            "location": "eastasia",
            "name": "my-vpn-connection",
            "resource_group_name": "VPNSite2SiteDemo",
            "tags": {},
            "timeouts": null
          },
          "sensitive_attributes": [],
          "private": "eyJlMmJmYjczMC1lY2FhLTExZTYtOGY4OC0zNDM2M2JjN2M0YzAiOnsiY3JlYXRlIjoxODAwMDAwMDAwMDAwLCJkZWxldGUiOjE4MDAwMDAwMDAwMDAsInJlYWQiOjMwMDAwMDAwMDAwMCwidXBkYXRlIjoxODAwMDAwMDAwMDAwfX0=",
          "dependencies": [
            "azurerm_resource_group.vpn_resource_group",
            "module.vpn_s2s_aws_azure.module.aws_network.aws_internet_gateway.internet_gateway",
            "module.vpn_s2s_aws_azure.module.aws_network.aws_subnet.vpn_subnet",
            "module.vpn_s2s_aws_azure.module.aws_network.aws_vpc.vpn_vpc",
            "module.vpn_s2s_aws_azure.module.aws_network.aws_vpn_gateway.virtual_private_gateway",
            "module.vpn_s2s_aws_azure.module.azure_network.azurerm_public_ip.vpn_public_ip",
            "module.vpn_s2s_aws_azure.module.azure_network.azurerm_subnet.vpn_subnet",
            "module.vpn_s2s_aws_azure.module.azure_network.azurerm_virtual_network.vpn_virtual_network",
            "module.vpn_s2s_aws_azure.module.azure_network.azurerm_virtual_network_gateway.virtual_network_gateway",
            "module.vpn_s2s_aws_azure.module.vpn_SiteToSite_connection.aws_customer_gateway.customer_gateway",
            "module.vpn_s2s_aws_azure.module.vpn_SiteToSite_connection.aws_vpn_connection.vpn_connection"
          ]
        }
      ]
    },
    {
      "module": "module.vpn_s2s_aws_azure.module.vpn_SiteToSite_connection[0]",
      "mode": "managed",
      "type": "azurerm_virtual_network_gateway_connection",
      "name": "vpn_connection",
      "provider": "provider[\"registry.terraform.io/hashicorp/azurerm\"]",
      "instances": [
        {
          "schema_version": 0,
          "attributes": {
            "authorization_key": "",
            "connection_mode": "Default",
            "connection_protocol": "IKEv2",
            "custom_bgp_addresses": [],
            "dpd_timeout_seconds": 0,
            "egress_nat_rule_ids": [],
            "enable_bgp": false,
            "express_route_circuit_id": null,
            "express_route_gateway_bypass": false,
            "id": "/subscriptions/ac90b42a-8ba9-48f5-9479-94dfd054e40d/resourceGroups/VPNSite2SiteDemo/providers/Microsoft.Network/connections/myVnetGWConn",
            "ingress_nat_rule_ids": [],
            "ipsec_policy": [],
            "local_azure_ip_address_enabled": false,
            "local_network_gateway_id": "/subscriptions/ac90b42a-8ba9-48f5-9479-94dfd054e40d/resourceGroups/VPNSite2SiteDemo/providers/Microsoft.Network/localNetworkGateways/my-vpn-connection",
            "location": "eastasia",
            "name": "myVnetGWConn",
            "peer_virtual_network_gateway_id": null,
            "resource_group_name": "VPNSite2SiteDemo",
            "routing_weight": 0,
            "shared_key": "V2LycZuBiSwYX4mXzuIOT542e2NSsq_e",
            "tags": {},
            "timeouts": null,
            "traffic_selector_policy": [],
            "type": "IPsec",
            "use_policy_based_traffic_selectors": false,
            "virtual_network_gateway_id": "/subscriptions/ac90b42a-8ba9-48f5-9479-94dfd054e40d/resourceGroups/VPNSite2SiteDemo/providers/Microsoft.Network/virtualNetworkGateways/Vnet-Gateway-Demo"
          },
          "sensitive_attributes": [
            [
              {
                "type": "get_attr",
                "value": "shared_key"
              }
            ],
            [
              {
                "type": "get_attr",
                "value": "authorization_key"
              }
            ]
          ],
          "private": "eyJlMmJmYjczMC1lY2FhLTExZTYtOGY4OC0zNDM2M2JjN2M0YzAiOnsiY3JlYXRlIjoxODAwMDAwMDAwMDAwLCJkZWxldGUiOjE4MDAwMDAwMDAwMDAsInJlYWQiOjMwMDAwMDAwMDAwMCwidXBkYXRlIjoxODAwMDAwMDAwMDAwfX0=",
          "dependencies": [
            "azurerm_resource_group.vpn_resource_group",
            "module.vpn_s2s_aws_azure.module.aws_network.aws_internet_gateway.internet_gateway",
            "module.vpn_s2s_aws_azure.module.aws_network.aws_subnet.vpn_subnet",
            "module.vpn_s2s_aws_azure.module.aws_network.aws_vpc.vpn_vpc",
            "module.vpn_s2s_aws_azure.module.aws_network.aws_vpn_gateway.virtual_private_gateway",
            "module.vpn_s2s_aws_azure.module.azure_network.azurerm_public_ip.vpn_public_ip",
            "module.vpn_s2s_aws_azure.module.azure_network.azurerm_subnet.vpn_subnet",
            "module.vpn_s2s_aws_azure.module.azure_network.azurerm_virtual_network.vpn_virtual_network",
            "module.vpn_s2s_aws_azure.module.azure_network.azurerm_virtual_network_gateway.virtual_network_gateway",
            "module.vpn_s2s_aws_azure.module.vpn_SiteToSite_connection.aws_customer_gateway.customer_gateway",
            "module.vpn_s2s_aws_azure.module.vpn_SiteToSite_connection.aws_vpn_connection.vpn_connection",
            "module.vpn_s2s_aws_azure.module.vpn_SiteToSite_connection.azurerm_local_network_gateway.local_network_gateway"
          ]
        }
      ]
    },
    {
      "module": "module.vpn_s2s_aws_azure.module.vpn_SiteToSite_connection[1]",
      "mode": "managed",
      "type": "aws_customer_gateway",
      "name": "customer_gateway",
      "provider": "provider[\"registry.terraform.io/hashicorp/aws\"]",
      "instances": [
        {
          "schema_version": 0,
          "attributes": {
            "arn": "arn:aws:ec2:us-east-1:008748484958:customer-gateway/cgw-02d634567c4b86bd8",
            "bgp_asn": "65000",
            "certificate_arn": "",
            "device_name": "",
            "id": "cgw-02d634567c4b86bd8",
            "ip_address": "40.83.125.242",
            "tags": {
              "Name": "my-customer-gateway2",
              "author": "khangtictoc",
              "createdBy": "Terraform",
              "environment": "dev",
              "project": "lab_extra_03"
            },
            "tags_all": {
              "Name": "my-customer-gateway2",
              "author": "khangtictoc",
              "createdBy": "Terraform",
              "environment": "dev",
              "project": "lab_extra_03"
            },
            "type": "ipsec.1"
          },
          "sensitive_attributes": [],
          "private": "bnVsbA==",
          "dependencies": [
            "azurerm_resource_group.vpn_resource_group",
            "module.vpn_s2s_aws_azure.module.azure_network.azurerm_public_ip.vpn_public_ip",
            "module.vpn_s2s_aws_azure.module.azure_network.azurerm_subnet.vpn_subnet",
            "module.vpn_s2s_aws_azure.module.azure_network.azurerm_virtual_network.vpn_virtual_network",
            "module.vpn_s2s_aws_azure.module.azure_network.azurerm_virtual_network_gateway.virtual_network_gateway"
          ]
        }
      ]
    },
    {
      "module": "module.vpn_s2s_aws_azure.module.vpn_SiteToSite_connection[1]",
      "mode": "managed",
      "type": "aws_route",
      "name": "internet_gateway_route",
      "provider": "provider[\"registry.terraform.io/hashicorp/aws\"]",
      "instances": [
        {
          "schema_version": 0,
          "attributes": {
            "carrier_gateway_id": "",
            "core_network_arn": "",
            "destination_cidr_block": "0.0.0.0/0",
            "destination_ipv6_cidr_block": "",
            "destination_prefix_list_id": "",
            "egress_only_gateway_id": "",
            "gateway_id": "igw-04385d6b76aa3d9e3",
            "id": "r-rtb-0073d7e156d8392cb1080289494",
            "instance_id": "",
            "instance_owner_id": "",
            "local_gateway_id": "",
            "nat_gateway_id": "",
            "network_interface_id": "",
            "origin": "CreateRoute",
            "route_table_id": "rtb-0073d7e156d8392cb",
            "state": "active",
            "timeouts": null,
            "transit_gateway_id": "",
            "vpc_endpoint_id": "",
            "vpc_peering_connection_id": ""
          },
          "sensitive_attributes": [],
          "private": "eyJlMmJmYjczMC1lY2FhLTExZTYtOGY4OC0zNDM2M2JjN2M0YzAiOnsiY3JlYXRlIjozMDAwMDAwMDAwMDAsImRlbGV0ZSI6MzAwMDAwMDAwMDAwLCJ1cGRhdGUiOjEyMDAwMDAwMDAwMH19",
          "dependencies": [
            "azurerm_resource_group.vpn_resource_group",
            "module.vpn_s2s_aws_azure.module.aws_network.aws_internet_gateway.internet_gateway",
            "module.vpn_s2s_aws_azure.module.aws_network.aws_subnet.vpn_subnet",
            "module.vpn_s2s_aws_azure.module.aws_network.aws_vpc.vpn_vpc",
            "module.vpn_s2s_aws_azure.module.aws_network.aws_vpn_gateway.virtual_private_gateway"
          ]
        }
      ]
    },
    {
      "module": "module.vpn_s2s_aws_azure.module.vpn_SiteToSite_connection[1]",
      "mode": "managed",
      "type": "aws_route",
      "name": "vpn_gateway_route",
      "provider": "provider[\"registry.terraform.io/hashicorp/aws\"]",
      "instances": [
        {
          "schema_version": 0,
          "attributes": {
            "carrier_gateway_id": "",
            "core_network_arn": "",
            "destination_cidr_block": "10.10.0.0/16",
            "destination_ipv6_cidr_block": "",
            "destination_prefix_list_id": "",
            "egress_only_gateway_id": "",
            "gateway_id": "vgw-05077106b055f9c6c",
            "id": "r-rtb-0073d7e156d8392cb519371977",
            "instance_id": "",
            "instance_owner_id": "",
            "local_gateway_id": "",
            "nat_gateway_id": "",
            "network_interface_id": "",
            "origin": "CreateRoute",
            "route_table_id": "rtb-0073d7e156d8392cb",
            "state": "active",
            "timeouts": null,
            "transit_gateway_id": "",
            "vpc_endpoint_id": "",
            "vpc_peering_connection_id": ""
          },
          "sensitive_attributes": [],
          "private": "eyJlMmJmYjczMC1lY2FhLTExZTYtOGY4OC0zNDM2M2JjN2M0YzAiOnsiY3JlYXRlIjozMDAwMDAwMDAwMDAsImRlbGV0ZSI6MzAwMDAwMDAwMDAwLCJ1cGRhdGUiOjEyMDAwMDAwMDAwMH19",
          "dependencies": [
            "azurerm_resource_group.vpn_resource_group",
            "module.vpn_s2s_aws_azure.module.aws_network.aws_internet_gateway.internet_gateway",
            "module.vpn_s2s_aws_azure.module.aws_network.aws_subnet.vpn_subnet",
            "module.vpn_s2s_aws_azure.module.aws_network.aws_vpc.vpn_vpc",
            "module.vpn_s2s_aws_azure.module.aws_network.aws_vpn_gateway.virtual_private_gateway",
            "module.vpn_s2s_aws_azure.module.azure_network.azurerm_public_ip.vpn_public_ip",
            "module.vpn_s2s_aws_azure.module.azure_network.azurerm_subnet.vpn_subnet",
            "module.vpn_s2s_aws_azure.module.azure_network.azurerm_virtual_network.vpn_virtual_network",
            "module.vpn_s2s_aws_azure.module.azure_network.azurerm_virtual_network_gateway.virtual_network_gateway"
          ]
        }
      ]
    },
    {
      "module": "module.vpn_s2s_aws_azure.module.vpn_SiteToSite_connection[1]",
      "mode": "managed",
      "type": "aws_vpn_connection",
      "name": "vpn_connection",
      "provider": "provider[\"registry.terraform.io/hashicorp/aws\"]",
      "instances": [
        {
          "schema_version": 0,
          "attributes": {
            "arn": "arn:aws:ec2:us-east-1:008748484958:vpn-connection/vpn-04f98391a4f844ced",
            "core_network_arn": "",
            "core_network_attachment_arn": "",
            "customer_gateway_configuration": "\u003c?xml version=\"1.0\" encoding=\"UTF-8\"?\u003e\n\u003cvpn_connection id=\"vpn-04f98391a4f844ced\"\u003e\n  \u003ccustomer_gateway_id\u003ecgw-02d634567c4b86bd8\u003c/customer_gateway_id\u003e\n  \u003cvpn_gateway_id\u003evgw-05077106b055f9c6c\u003c/vpn_gateway_id\u003e\n  \u003cvpn_connection_type\u003eipsec.1\u003c/vpn_connection_type\u003e\n  \u003cvpn_connection_attributes\u003eNoBGPVPNConnection\u003c/vpn_connection_attributes\u003e\n  \u003cipsec_tunnel\u003e\n    \u003ccustomer_gateway\u003e\n      \u003ctunnel_outside_address\u003e\n        \u003cip_address\u003e40.83.125.242\u003c/ip_address\u003e\n      \u003c/tunnel_outside_address\u003e\n      \u003ctunnel_inside_address\u003e\n        \u003cip_address\u003e169.254.157.38\u003c/ip_address\u003e\n        \u003cnetwork_mask\u003e255.255.255.252\u003c/network_mask\u003e\n        \u003cnetwork_cidr\u003e30\u003c/network_cidr\u003e\n      \u003c/tunnel_inside_address\u003e\n    \u003c/customer_gateway\u003e\n    \u003cvpn_gateway\u003e\n      \u003ctunnel_outside_address\u003e\n        \u003cip_address\u003e3.83.19.238\u003c/ip_address\u003e\n      \u003c/tunnel_outside_address\u003e\n      \u003ctunnel_inside_address\u003e\n        \u003cip_address\u003e169.254.157.37\u003c/ip_address\u003e\n        \u003cnetwork_mask\u003e255.255.255.252\u003c/network_mask\u003e\n        \u003cnetwork_cidr\u003e30\u003c/network_cidr\u003e\n      \u003c/tunnel_inside_address\u003e\n    \u003c/vpn_gateway\u003e\n    \u003cike\u003e\n      \u003cauthentication_protocol\u003esha1\u003c/authentication_protocol\u003e\n      \u003cencryption_protocol\u003eaes-128-cbc\u003c/encryption_protocol\u003e\n      \u003clifetime\u003e28800\u003c/lifetime\u003e\n      \u003cperfect_forward_secrecy\u003egroup2\u003c/perfect_forward_secrecy\u003e\n      \u003cmode\u003emain\u003c/mode\u003e\n      \u003cpre_shared_key\u003eNmLsGkLuk9durqm8RLZtRtSmoOb6wBTC\u003c/pre_shared_key\u003e\n    \u003c/ike\u003e\n    \u003cipsec\u003e\n      \u003cprotocol\u003eesp\u003c/protocol\u003e\n      \u003cauthentication_protocol\u003ehmac-sha1-96\u003c/authentication_protocol\u003e\n      \u003cencryption_protocol\u003eaes-128-cbc\u003c/encryption_protocol\u003e\n      \u003clifetime\u003e3600\u003c/lifetime\u003e\n      \u003cperfect_forward_secrecy\u003egroup2\u003c/perfect_forward_secrecy\u003e\n      \u003cmode\u003etunnel\u003c/mode\u003e\n      \u003cclear_df_bit\u003etrue\u003c/clear_df_bit\u003e\n      \u003cfragmentation_before_encryption\u003etrue\u003c/fragmentation_before_encryption\u003e\n      \u003ctcp_mss_adjustment\u003e1379\u003c/tcp_mss_adjustment\u003e\n      \u003cdead_peer_detection\u003e\n        \u003cinterval\u003e10\u003c/interval\u003e\n        \u003cretries\u003e3\u003c/retries\u003e\n      \u003c/dead_peer_detection\u003e\n    \u003c/ipsec\u003e\n  \u003c/ipsec_tunnel\u003e\n  \u003cipsec_tunnel\u003e\n    \u003ccustomer_gateway\u003e\n      \u003ctunnel_outside_address\u003e\n        \u003cip_address\u003e40.83.125.242\u003c/ip_address\u003e\n      \u003c/tunnel_outside_address\u003e\n      \u003ctunnel_inside_address\u003e\n        \u003cip_address\u003e169.254.75.158\u003c/ip_address\u003e\n        \u003cnetwork_mask\u003e255.255.255.252\u003c/network_mask\u003e\n        \u003cnetwork_cidr\u003e30\u003c/network_cidr\u003e\n      \u003c/tunnel_inside_address\u003e\n    \u003c/customer_gateway\u003e\n    \u003cvpn_gateway\u003e\n      \u003ctunnel_outside_address\u003e\n        \u003cip_address\u003e100.28.121.114\u003c/ip_address\u003e\n      \u003c/tunnel_outside_address\u003e\n      \u003ctunnel_inside_address\u003e\n        \u003cip_address\u003e169.254.75.157\u003c/ip_address\u003e\n        \u003cnetwork_mask\u003e255.255.255.252\u003c/network_mask\u003e\n        \u003cnetwork_cidr\u003e30\u003c/network_cidr\u003e\n      \u003c/tunnel_inside_address\u003e\n    \u003c/vpn_gateway\u003e\n    \u003cike\u003e\n      \u003cauthentication_protocol\u003esha1\u003c/authentication_protocol\u003e\n      \u003cencryption_protocol\u003eaes-128-cbc\u003c/encryption_protocol\u003e\n      \u003clifetime\u003e28800\u003c/lifetime\u003e\n      \u003cperfect_forward_secrecy\u003egroup2\u003c/perfect_forward_secrecy\u003e\n      \u003cmode\u003emain\u003c/mode\u003e\n      \u003cpre_shared_key\u003ed8GSoVGKTiMo6r3HtzX2Xgja0VcghTat\u003c/pre_shared_key\u003e\n    \u003c/ike\u003e\n    \u003cipsec\u003e\n      \u003cprotocol\u003eesp\u003c/protocol\u003e\n      \u003cauthentication_protocol\u003ehmac-sha1-96\u003c/authentication_protocol\u003e\n      \u003cencryption_protocol\u003eaes-128-cbc\u003c/encryption_protocol\u003e\n      \u003clifetime\u003e3600\u003c/lifetime\u003e\n      \u003cperfect_forward_secrecy\u003egroup2\u003c/perfect_forward_secrecy\u003e\n      \u003cmode\u003etunnel\u003c/mode\u003e\n      \u003cclear_df_bit\u003etrue\u003c/clear_df_bit\u003e\n      \u003cfragmentation_before_encryption\u003etrue\u003c/fragmentation_before_encryption\u003e\n      \u003ctcp_mss_adjustment\u003e1379\u003c/tcp_mss_adjustment\u003e\n      \u003cdead_peer_detection\u003e\n        \u003cinterval\u003e10\u003c/interval\u003e\n        \u003cretries\u003e3\u003c/retries\u003e\n      \u003c/dead_peer_detection\u003e\n    \u003c/ipsec\u003e\n  \u003c/ipsec_tunnel\u003e\n\u003c/vpn_connection\u003e\n",
            "customer_gateway_id": "cgw-02d634567c4b86bd8",
            "enable_acceleration": false,
            "id": "vpn-04f98391a4f844ced",
            "local_ipv4_network_cidr": "0.0.0.0/0",
            "local_ipv6_network_cidr": "",
            "outside_ip_address_type": "PublicIpv4",
            "remote_ipv4_network_cidr": "0.0.0.0/0",
            "remote_ipv6_network_cidr": "",
            "routes": [
              {
                "destination_cidr_block": "10.10.0.0/16",
                "source": "",
                "state": "available"
              }
            ],
            "static_routes_only": true,
            "tags": {
              "Name": "my-vpn-connection2",
              "author": "khangtictoc",
              "createdBy": "Terraform",
              "environment": "dev",
              "project": "lab_extra_03"
            },
            "tags_all": {
              "Name": "my-vpn-connection2",
              "author": "khangtictoc",
              "createdBy": "Terraform",
              "environment": "dev",
              "project": "lab_extra_03"
            },
            "transit_gateway_attachment_id": "",
            "transit_gateway_id": "",
            "transport_transit_gateway_attachment_id": "",
            "tunnel1_address": "3.83.19.238",
            "tunnel1_bgp_asn": "",
            "tunnel1_bgp_holdtime": 0,
            "tunnel1_cgw_inside_address": "169.254.157.38",
            "tunnel1_dpd_timeout_action": "",
            "tunnel1_dpd_timeout_seconds": 0,
            "tunnel1_enable_tunnel_lifecycle_control": false,
            "tunnel1_ike_versions": [],
            "tunnel1_inside_cidr": "169.254.157.36/30",
            "tunnel1_inside_ipv6_cidr": "",
            "tunnel1_log_options": [
              {
                "cloudwatch_log_options": [
                  {
                    "log_enabled": false,
                    "log_group_arn": "",
                    "log_output_format": ""
                  }
                ]
              }
            ],
            "tunnel1_phase1_dh_group_numbers": [],
            "tunnel1_phase1_encryption_algorithms": [],
            "tunnel1_phase1_integrity_algorithms": [],
            "tunnel1_phase1_lifetime_seconds": 0,
            "tunnel1_phase2_dh_group_numbers": [],
            "tunnel1_phase2_encryption_algorithms": [],
            "tunnel1_phase2_integrity_algorithms": [],
            "tunnel1_phase2_lifetime_seconds": 0,
            "tunnel1_preshared_key": "NmLsGkLuk9durqm8RLZtRtSmoOb6wBTC",
            "tunnel1_rekey_fuzz_percentage": 0,
            "tunnel1_rekey_margin_time_seconds": 0,
            "tunnel1_replay_window_size": 0,
            "tunnel1_startup_action": "",
            "tunnel1_vgw_inside_address": "169.254.157.37",
            "tunnel2_address": "100.28.121.114",
            "tunnel2_bgp_asn": "",
            "tunnel2_bgp_holdtime": 0,
            "tunnel2_cgw_inside_address": "169.254.75.158",
            "tunnel2_dpd_timeout_action": "",
            "tunnel2_dpd_timeout_seconds": 0,
            "tunnel2_enable_tunnel_lifecycle_control": false,
            "tunnel2_ike_versions": [],
            "tunnel2_inside_cidr": "169.254.75.156/30",
            "tunnel2_inside_ipv6_cidr": "",
            "tunnel2_log_options": [
              {
                "cloudwatch_log_options": [
                  {
                    "log_enabled": false,
                    "log_group_arn": "",
                    "log_output_format": ""
                  }
                ]
              }
            ],
            "tunnel2_phase1_dh_group_numbers": [],
            "tunnel2_phase1_encryption_algorithms": [],
            "tunnel2_phase1_integrity_algorithms": [],
            "tunnel2_phase1_lifetime_seconds": 0,
            "tunnel2_phase2_dh_group_numbers": [],
            "tunnel2_phase2_encryption_algorithms": [],
            "tunnel2_phase2_integrity_algorithms": [],
            "tunnel2_phase2_lifetime_seconds": 0,
            "tunnel2_preshared_key": "d8GSoVGKTiMo6r3HtzX2Xgja0VcghTat",
            "tunnel2_rekey_fuzz_percentage": 0,
            "tunnel2_rekey_margin_time_seconds": 0,
            "tunnel2_replay_window_size": 0,
            "tunnel2_startup_action": "",
            "tunnel2_vgw_inside_address": "169.254.75.157",
            "tunnel_inside_ip_version": "ipv4",
            "type": "ipsec.1",
            "vgw_telemetry": [
              {
                "accepted_route_count": 1,
                "certificate_arn": "",
                "last_status_change": "2024-07-11T07:08:49Z",
                "outside_ip_address": "100.28.121.114",
                "status": "DOWN",
                "status_message": ""
              },
              {
                "accepted_route_count": 1,
                "certificate_arn": "",
                "last_status_change": "2024-07-11T07:11:08Z",
                "outside_ip_address": "3.83.19.238",
                "status": "UP",
                "status_message": ""
              }
            ],
            "vpn_gateway_id": "vgw-05077106b055f9c6c"
          },
          "sensitive_attributes": [
            [
              {
                "type": "get_attr",
                "value": "customer_gateway_configuration"
              }
            ],
            [
              {
                "type": "get_attr",
                "value": "tunnel2_preshared_key"
              }
            ],
            [
              {
                "type": "get_attr",
                "value": "tunnel1_preshared_key"
              }
            ]
          ],
          "private": "bnVsbA==",
          "dependencies": [
            "azurerm_resource_group.vpn_resource_group",
            "module.vpn_s2s_aws_azure.module.aws_network.aws_internet_gateway.internet_gateway",
            "module.vpn_s2s_aws_azure.module.aws_network.aws_subnet.vpn_subnet",
            "module.vpn_s2s_aws_azure.module.aws_network.aws_vpc.vpn_vpc",
            "module.vpn_s2s_aws_azure.module.aws_network.aws_vpn_gateway.virtual_private_gateway",
            "module.vpn_s2s_aws_azure.module.azure_network.azurerm_public_ip.vpn_public_ip",
            "module.vpn_s2s_aws_azure.module.azure_network.azurerm_subnet.vpn_subnet",
            "module.vpn_s2s_aws_azure.module.azure_network.azurerm_virtual_network.vpn_virtual_network",
            "module.vpn_s2s_aws_azure.module.azure_network.azurerm_virtual_network_gateway.virtual_network_gateway",
            "module.vpn_s2s_aws_azure.module.vpn_SiteToSite_connection.aws_customer_gateway.customer_gateway"
          ]
        }
      ]
    },
    {
      "module": "module.vpn_s2s_aws_azure.module.vpn_SiteToSite_connection[1]",
      "mode": "managed",
      "type": "aws_vpn_connection_route",
      "name": "vpn_static_routes",
      "provider": "provider[\"registry.terraform.io/hashicorp/aws\"]",
      "instances": [
        {
          "schema_version": 0,
          "attributes": {
            "destination_cidr_block": "10.10.0.0/16",
            "id": "10.10.0.0/16:vpn-04f98391a4f844ced",
            "vpn_connection_id": "vpn-04f98391a4f844ced"
          },
          "sensitive_attributes": [],
          "private": "bnVsbA==",
          "dependencies": [
            "azurerm_resource_group.vpn_resource_group",
            "module.vpn_s2s_aws_azure.module.aws_network.aws_internet_gateway.internet_gateway",
            "module.vpn_s2s_aws_azure.module.aws_network.aws_subnet.vpn_subnet",
            "module.vpn_s2s_aws_azure.module.aws_network.aws_vpc.vpn_vpc",
            "module.vpn_s2s_aws_azure.module.aws_network.aws_vpn_gateway.virtual_private_gateway",
            "module.vpn_s2s_aws_azure.module.azure_network.azurerm_public_ip.vpn_public_ip",
            "module.vpn_s2s_aws_azure.module.azure_network.azurerm_subnet.vpn_subnet",
            "module.vpn_s2s_aws_azure.module.azure_network.azurerm_virtual_network.vpn_virtual_network",
            "module.vpn_s2s_aws_azure.module.azure_network.azurerm_virtual_network_gateway.virtual_network_gateway",
            "module.vpn_s2s_aws_azure.module.vpn_SiteToSite_connection.aws_customer_gateway.customer_gateway",
            "module.vpn_s2s_aws_azure.module.vpn_SiteToSite_connection.aws_vpn_connection.vpn_connection"
          ]
        }
      ]
    },
    {
      "module": "module.vpn_s2s_aws_azure.module.vpn_SiteToSite_connection[1]",
      "mode": "managed",
      "type": "azurerm_local_network_gateway",
      "name": "local_network_gateway",
      "provider": "provider[\"registry.terraform.io/hashicorp/azurerm\"]",
      "instances": [
        {
          "schema_version": 0,
          "attributes": {
            "address_space": [
              "192.168.0.0/16"
            ],
            "bgp_settings": [],
            "gateway_address": "3.83.19.238",
            "gateway_fqdn": "",
            "id": "/subscriptions/ac90b42a-8ba9-48f5-9479-94dfd054e40d/resourceGroups/VPNSite2SiteDemo2/providers/Microsoft.Network/localNetworkGateways/my-vpn-connection2",
            "location": "eastasia",
            "name": "my-vpn-connection2",
            "resource_group_name": "VPNSite2SiteDemo2",
            "tags": {},
            "timeouts": null
          },
          "sensitive_attributes": [],
          "private": "eyJlMmJmYjczMC1lY2FhLTExZTYtOGY4OC0zNDM2M2JjN2M0YzAiOnsiY3JlYXRlIjoxODAwMDAwMDAwMDAwLCJkZWxldGUiOjE4MDAwMDAwMDAwMDAsInJlYWQiOjMwMDAwMDAwMDAwMCwidXBkYXRlIjoxODAwMDAwMDAwMDAwfX0=",
          "dependencies": [
            "azurerm_resource_group.vpn_resource_group",
            "module.vpn_s2s_aws_azure.module.aws_network.aws_internet_gateway.internet_gateway",
            "module.vpn_s2s_aws_azure.module.aws_network.aws_subnet.vpn_subnet",
            "module.vpn_s2s_aws_azure.module.aws_network.aws_vpc.vpn_vpc",
            "module.vpn_s2s_aws_azure.module.aws_network.aws_vpn_gateway.virtual_private_gateway",
            "module.vpn_s2s_aws_azure.module.azure_network.azurerm_public_ip.vpn_public_ip",
            "module.vpn_s2s_aws_azure.module.azure_network.azurerm_subnet.vpn_subnet",
            "module.vpn_s2s_aws_azure.module.azure_network.azurerm_virtual_network.vpn_virtual_network",
            "module.vpn_s2s_aws_azure.module.azure_network.azurerm_virtual_network_gateway.virtual_network_gateway",
            "module.vpn_s2s_aws_azure.module.vpn_SiteToSite_connection.aws_customer_gateway.customer_gateway",
            "module.vpn_s2s_aws_azure.module.vpn_SiteToSite_connection.aws_vpn_connection.vpn_connection"
          ]
        }
      ]
    },
    {
      "module": "module.vpn_s2s_aws_azure.module.vpn_SiteToSite_connection[1]",
      "mode": "managed",
      "type": "azurerm_virtual_network_gateway_connection",
      "name": "vpn_connection",
      "provider": "provider[\"registry.terraform.io/hashicorp/azurerm\"]",
      "instances": [
        {
          "schema_version": 0,
          "attributes": {
            "authorization_key": "",
            "connection_mode": "Default",
            "connection_protocol": "IKEv2",
            "custom_bgp_addresses": [],
            "dpd_timeout_seconds": 0,
            "egress_nat_rule_ids": [],
            "enable_bgp": false,
            "express_route_circuit_id": null,
            "express_route_gateway_bypass": false,
            "id": "/subscriptions/ac90b42a-8ba9-48f5-9479-94dfd054e40d/resourceGroups/VPNSite2SiteDemo2/providers/Microsoft.Network/connections/myVnetGWConn2",
            "ingress_nat_rule_ids": [],
            "ipsec_policy": [],
            "local_azure_ip_address_enabled": false,
            "local_network_gateway_id": "/subscriptions/ac90b42a-8ba9-48f5-9479-94dfd054e40d/resourceGroups/VPNSite2SiteDemo2/providers/Microsoft.Network/localNetworkGateways/my-vpn-connection2",
            "location": "eastasia",
            "name": "myVnetGWConn2",
            "peer_virtual_network_gateway_id": null,
            "resource_group_name": "VPNSite2SiteDemo2",
            "routing_weight": 0,
            "shared_key": "NmLsGkLuk9durqm8RLZtRtSmoOb6wBTC",
            "tags": {},
            "timeouts": null,
            "traffic_selector_policy": [],
            "type": "IPsec",
            "use_policy_based_traffic_selectors": false,
            "virtual_network_gateway_id": "/subscriptions/ac90b42a-8ba9-48f5-9479-94dfd054e40d/resourceGroups/VPNSite2SiteDemo2/providers/Microsoft.Network/virtualNetworkGateways/Vnet-Gateway-Demo2"
          },
          "sensitive_attributes": [
            [
              {
                "type": "get_attr",
                "value": "shared_key"
              }
            ],
            [
              {
                "type": "get_attr",
                "value": "authorization_key"
              }
            ]
          ],
          "private": "eyJlMmJmYjczMC1lY2FhLTExZTYtOGY4OC0zNDM2M2JjN2M0YzAiOnsiY3JlYXRlIjoxODAwMDAwMDAwMDAwLCJkZWxldGUiOjE4MDAwMDAwMDAwMDAsInJlYWQiOjMwMDAwMDAwMDAwMCwidXBkYXRlIjoxODAwMDAwMDAwMDAwfX0=",
          "dependencies": [
            "azurerm_resource_group.vpn_resource_group",
            "module.vpn_s2s_aws_azure.module.aws_network.aws_internet_gateway.internet_gateway",
            "module.vpn_s2s_aws_azure.module.aws_network.aws_subnet.vpn_subnet",
            "module.vpn_s2s_aws_azure.module.aws_network.aws_vpc.vpn_vpc",
            "module.vpn_s2s_aws_azure.module.aws_network.aws_vpn_gateway.virtual_private_gateway",
            "module.vpn_s2s_aws_azure.module.azure_network.azurerm_public_ip.vpn_public_ip",
            "module.vpn_s2s_aws_azure.module.azure_network.azurerm_subnet.vpn_subnet",
            "module.vpn_s2s_aws_azure.module.azure_network.azurerm_virtual_network.vpn_virtual_network",
            "module.vpn_s2s_aws_azure.module.azure_network.azurerm_virtual_network_gateway.virtual_network_gateway",
            "module.vpn_s2s_aws_azure.module.vpn_SiteToSite_connection.aws_customer_gateway.customer_gateway",
            "module.vpn_s2s_aws_azure.module.vpn_SiteToSite_connection.aws_vpn_connection.vpn_connection",
            "module.vpn_s2s_aws_azure.module.vpn_SiteToSite_connection.azurerm_local_network_gateway.local_network_gateway"
          ]
        }
      ]
    }
  ],
  "check_results": null
}
